{
  "version": 4,
  "terraform_version": "1.10.5",
  "serial": 364,
  "lineage": "9cd485a7-cc04-baf8-e178-2661fe0dfabe",
  "outputs": {
    "global_compliance_summary": {
      "value": {
        "compliance_features": "Enterprise-grade security with automatic lifecycle management",
        "global_coverage": "12 regions: US (5), Europe (5), North America (1), Africa (1)",
        "public_access_prevention": "enforced across all 12 regions",
        "shared_resources": "Global ml-models and reference-data (countries, currencies, exchange-rates)",
        "tenant_isolation": "Complete isolation with tenant-specific folders and bad-records handling",
        "uniform_bucket_access": "enabled for consistent security",
        "versioning": "enabled with lifecycle management"
      },
      "type": [
        "object",
        {
          "compliance_features": "string",
          "global_coverage": "string",
          "public_access_prevention": "string",
          "shared_resources": "string",
          "tenant_isolation": "string",
          "uniform_bucket_access": "string",
          "versioning": "string"
        }
      ]
    },
    "global_deployment_summary": {
      "value": {
        "active_regions": [
          "us-central1",
          "us-east1",
          "us-east4",
          "us-west1",
          "us-west2",
          "northamerica-northeast1",
          "europe-west1",
          "europe-west2",
          "europe-west3",
          "europe-west4",
          "europe-west9",
          "africa-south1"
        ],
        "active_regions_count": 12,
        "estimated_monthly_cost": "$180-480 (12 regions with versioning and lifecycle management)",
        "global_coverage": "Full global deployment across 12 regions",
        "security_features": "Public access prevention + Versioning enabled",
        "storage_class": "NEARLINE",
        "total_regions_configured": 12,
        "versioning_enabled": true
      },
      "type": [
        "object",
        {
          "active_regions": [
            "tuple",
            [
              "string",
              "string",
              "string",
              "string",
              "string",
              "string",
              "string",
              "string",
              "string",
              "string",
              "string",
              "string"
            ]
          ],
          "active_regions_count": "number",
          "estimated_monthly_cost": "string",
          "global_coverage": "string",
          "security_features": "string",
          "storage_class": "string",
          "total_regions_configured": "number",
          "versioning_enabled": "bool"
        }
      ]
    },
    "global_structure_info": {
      "value": "Each regional bucket contains: shared/ (ml-models, reference-data with countries/currencies/exchange-rates), tenants/ (business-domains + tenant-XXX folders with data/raw/processed/bad-records)",
      "type": "string"
    },
    "global_usage_examples": {
      "value": {
        "africa_south_bucket": "gs://terraops-africa-south1-tenant-data/tenants/tenant-001/data/raw/",
        "business_domains": "gs://terraops-us-central1-tenant-data/tenants/business-domains/ecommerce-schema.json",
        "europe_west_bucket": "gs://terraops-europe-west1-tenant-data/tenants/tenant-001/data/raw/",
        "shared_countries": "gs://terraops-us-central1-tenant-data/shared/reference-data/countries/iso-countries.json",
        "shared_currencies": "gs://terraops-us-central1-tenant-data/shared/reference-data/currencies/currency-codes.json",
        "shared_exchange_rates": "gs://terraops-us-central1-tenant-data/shared/reference-data/exchange-rates/daily-rates.json",
        "shared_ml_models": "gs://terraops-us-central1-tenant-data/shared/ml-models/sentiment-analysis-v2.pkl",
        "tenant_001_bad_records": "gs://terraops-us-central1-tenant-data/tenants/tenant-001/data/bad-records/failed-processing.csv",
        "tenant_001_processed": "gs://terraops-us-central1-tenant-data/tenants/tenant-001/data/processed/ml-features-2024.parquet",
        "tenant_001_raw": "gs://terraops-us-central1-tenant-data/tenants/tenant-001/data/raw/sales-data-2024.csv",
        "us_central_bucket": "gs://terraops-us-central1-tenant-data/tenants/tenant-001/data/raw/"
      },
      "type": [
        "map",
        "string"
      ]
    },
    "regional_bucket_names": {
      "value": {
        "africa-south1": "terraops-africa-south1-tenant-data",
        "europe-west1": "terraops-europe-west1-tenant-data",
        "europe-west2": "terraops-europe-west2-tenant-data",
        "europe-west3": "terraops-europe-west3-tenant-data",
        "europe-west4": "terraops-europe-west4-tenant-data",
        "europe-west9": "terraops-europe-west9-tenant-data",
        "northamerica-northeast1": "terraops-northamerica-northeast1-tenant-data",
        "us-central1": "terraops-us-central1-tenant-data",
        "us-east1": "terraops-us-east1-tenant-data",
        "us-east4": "terraops-us-east4-tenant-data",
        "us-west1": "terraops-us-west1-tenant-data",
        "us-west2": "terraops-us-west2-tenant-data"
      },
      "type": [
        "object",
        {
          "africa-south1": "string",
          "europe-west1": "string",
          "europe-west2": "string",
          "europe-west3": "string",
          "europe-west4": "string",
          "europe-west9": "string",
          "northamerica-northeast1": "string",
          "us-central1": "string",
          "us-east1": "string",
          "us-east4": "string",
          "us-west1": "string",
          "us-west2": "string"
        }
      ]
    },
    "regional_bucket_urls": {
      "value": {
        "africa-south1": "gs://terraops-africa-south1-tenant-data",
        "europe-west1": "gs://terraops-europe-west1-tenant-data",
        "europe-west2": "gs://terraops-europe-west2-tenant-data",
        "europe-west3": "gs://terraops-europe-west3-tenant-data",
        "europe-west4": "gs://terraops-europe-west4-tenant-data",
        "europe-west9": "gs://terraops-europe-west9-tenant-data",
        "northamerica-northeast1": "gs://terraops-northamerica-northeast1-tenant-data",
        "us-central1": "gs://terraops-us-central1-tenant-data",
        "us-east1": "gs://terraops-us-east1-tenant-data",
        "us-east4": "gs://terraops-us-east4-tenant-data",
        "us-west1": "gs://terraops-us-west1-tenant-data",
        "us-west2": "gs://terraops-us-west2-tenant-data"
      },
      "type": [
        "object",
        {
          "africa-south1": "string",
          "europe-west1": "string",
          "europe-west2": "string",
          "europe-west3": "string",
          "europe-west4": "string",
          "europe-west9": "string",
          "northamerica-northeast1": "string",
          "us-central1": "string",
          "us-east1": "string",
          "us-east4": "string",
          "us-west1": "string",
          "us-west2": "string"
        }
      ]
    },
    "router_function_info": {
      "value": {
        "function_name": "processing-router",
        "purpose": "Routes messages to appropriate processing engines",
        "region": "northamerica-northeast1",
        "source_topic": "send_to_router",
        "subscription": "router-subscription"
      },
      "type": [
        "object",
        {
          "function_name": "string",
          "purpose": "string",
          "region": "string",
          "source_topic": "string",
          "subscription": "string"
        }
      ]
    }
  },
  "resources": [
    {
      "mode": "managed",
      "type": "google_cloud_run_service",
      "name": "pandas_processor",
      "provider": "provider[\"registry.terraform.io/hashicorp/google\"]",
      "instances": [
        {
          "index_key": "africa-south1",
          "schema_version": 2,
          "attributes": {
            "autogenerate_revision_name": false,
            "id": "locations/africa-south1/namespaces/data-pipeline-project-450922/services/pandas-processor",
            "location": "africa-south1",
            "metadata": [
              {
                "annotations": {},
                "effective_annotations": {
                  "run.googleapis.com/ingress": "all",
                  "run.googleapis.com/ingress-status": "all",
                  "run.googleapis.com/operation-id": "ca619ace-c184-49f4-bb08-07fac14bbe67",
                  "run.googleapis.com/urls": "[\"https://pandas-processor-253940201126.africa-south1.run.app\",\"https://pandas-processor-y6zdg4ocla-bq.a.run.app\"]",
                  "serving.knative.dev/creator": "253940201126-compute@developer.gserviceaccount.com",
                  "serving.knative.dev/lastModifier": "253940201126-compute@developer.gserviceaccount.com"
                },
                "effective_labels": {
                  "cloud.googleapis.com/location": "africa-south1",
                  "run.googleapis.com/satisfiesPzs": "true"
                },
                "generation": 1,
                "labels": {},
                "namespace": "data-pipeline-project-450922",
                "resource_version": "AAY9dKwDEX8",
                "self_link": "/apis/serving.knative.dev/v1/namespaces/253940201126/services/pandas-processor",
                "terraform_labels": {},
                "uid": "c864a667-e99c-41bc-9fee-2e1a2434aa31"
              }
            ],
            "name": "pandas-processor",
            "project": "data-pipeline-project-450922",
            "status": [
              {
                "conditions": [
                  {
                    "message": "",
                    "reason": "",
                    "status": "True",
                    "type": "Ready"
                  },
                  {
                    "message": "",
                    "reason": "",
                    "status": "True",
                    "type": "ConfigurationsReady"
                  },
                  {
                    "message": "",
                    "reason": "",
                    "status": "True",
                    "type": "RoutesReady"
                  }
                ],
                "latest_created_revision_name": "pandas-processor-00001-tgl",
                "latest_ready_revision_name": "pandas-processor-00001-tgl",
                "observed_generation": 1,
                "traffic": [
                  {
                    "latest_revision": true,
                    "percent": 100,
                    "revision_name": "pandas-processor-00001-tgl",
                    "tag": "",
                    "url": ""
                  }
                ],
                "url": "https://pandas-processor-y6zdg4ocla-bq.a.run.app"
              }
            ],
            "template": [
              {
                "metadata": [
                  {
                    "annotations": {
                      "autoscaling.knative.dev/maxScale": "3",
                      "autoscaling.knative.dev/minScale": "0",
                      "run.googleapis.com/cpu-throttling": "false"
                    },
                    "generation": 0,
                    "labels": {
                      "run.googleapis.com/startupProbeType": "Default"
                    },
                    "name": "",
                    "namespace": "",
                    "resource_version": "",
                    "self_link": "",
                    "uid": ""
                  }
                ],
                "spec": [
                  {
                    "container_concurrency": 1,
                    "containers": [
                      {
                        "args": null,
                        "command": null,
                        "env": [
                          {
                            "name": "PROCESSING_ENGINE",
                            "value": "pandas",
                            "value_from": []
                          },
                          {
                            "name": "PROJECT_ID",
                            "value": "data-pipeline-project-450922",
                            "value_from": []
                          },
                          {
                            "name": "REGION",
                            "value": "africa-south1",
                            "value_from": []
                          }
                        ],
                        "env_from": [],
                        "image": "gcr.io/data-pipeline-project-450922/pandas-processor:latest",
                        "liveness_probe": [],
                        "name": "",
                        "ports": [
                          {
                            "container_port": 8080,
                            "name": "http1",
                            "protocol": ""
                          }
                        ],
                        "resources": [
                          {
                            "limits": {
                              "cpu": "2",
                              "memory": "4Gi"
                            },
                            "requests": null
                          }
                        ],
                        "startup_probe": [
                          {
                            "failure_threshold": 1,
                            "grpc": [],
                            "http_get": [],
                            "initial_delay_seconds": 0,
                            "period_seconds": 240,
                            "tcp_socket": [
                              {
                                "port": 8080
                              }
                            ],
                            "timeout_seconds": 240
                          }
                        ],
                        "volume_mounts": [],
                        "working_dir": ""
                      }
                    ],
                    "node_selector": null,
                    "service_account_name": "253940201126-compute@developer.gserviceaccount.com",
                    "serving_state": "",
                    "timeout_seconds": 3600,
                    "volumes": []
                  }
                ]
              }
            ],
            "timeouts": null,
            "traffic": [
              {
                "latest_revision": true,
                "percent": 100,
                "revision_name": "",
                "tag": "",
                "url": ""
              }
            ]
          },
          "sensitive_attributes": [],
          "private": "eyJlMmJmYjczMC1lY2FhLTExZTYtOGY4OC0zNDM2M2JjN2M0YzAiOnsiY3JlYXRlIjoxMjAwMDAwMDAwMDAwLCJkZWxldGUiOjEyMDAwMDAwMDAwMDAsInVwZGF0ZSI6MTIwMDAwMDAwMDAwMH0sInNjaGVtYV92ZXJzaW9uIjoiMiJ9",
          "dependencies": [
            "google_project_service.cloudrun_api"
          ]
        },
        {
          "index_key": "europe-west1",
          "schema_version": 2,
          "attributes": {
            "autogenerate_revision_name": false,
            "id": "locations/europe-west1/namespaces/data-pipeline-project-450922/services/pandas-processor",
            "location": "europe-west1",
            "metadata": [
              {
                "annotations": {},
                "effective_annotations": {
                  "run.googleapis.com/ingress": "all",
                  "run.googleapis.com/ingress-status": "all",
                  "run.googleapis.com/operation-id": "84dce6e0-ff97-4560-b4b1-ad8dc1d615de",
                  "run.googleapis.com/urls": "[\"https://pandas-processor-253940201126.europe-west1.run.app\",\"https://pandas-processor-y6zdg4ocla-ew.a.run.app\"]",
                  "serving.knative.dev/creator": "253940201126-compute@developer.gserviceaccount.com",
                  "serving.knative.dev/lastModifier": "253940201126-compute@developer.gserviceaccount.com"
                },
                "effective_labels": {
                  "cloud.googleapis.com/location": "europe-west1"
                },
                "generation": 1,
                "labels": {},
                "namespace": "data-pipeline-project-450922",
                "resource_version": "AAY9dKxFVs8",
                "self_link": "/apis/serving.knative.dev/v1/namespaces/253940201126/services/pandas-processor",
                "terraform_labels": {},
                "uid": "6c9902cc-1fad-4258-b537-cbbb16bc67bd"
              }
            ],
            "name": "pandas-processor",
            "project": "data-pipeline-project-450922",
            "status": [
              {
                "conditions": [
                  {
                    "message": "",
                    "reason": "",
                    "status": "True",
                    "type": "Ready"
                  },
                  {
                    "message": "",
                    "reason": "",
                    "status": "True",
                    "type": "ConfigurationsReady"
                  },
                  {
                    "message": "",
                    "reason": "",
                    "status": "True",
                    "type": "RoutesReady"
                  }
                ],
                "latest_created_revision_name": "pandas-processor-00001-hnk",
                "latest_ready_revision_name": "pandas-processor-00001-hnk",
                "observed_generation": 1,
                "traffic": [
                  {
                    "latest_revision": true,
                    "percent": 100,
                    "revision_name": "pandas-processor-00001-hnk",
                    "tag": "",
                    "url": ""
                  }
                ],
                "url": "https://pandas-processor-y6zdg4ocla-ew.a.run.app"
              }
            ],
            "template": [
              {
                "metadata": [
                  {
                    "annotations": {
                      "autoscaling.knative.dev/maxScale": "3",
                      "autoscaling.knative.dev/minScale": "0",
                      "run.googleapis.com/cpu-throttling": "false"
                    },
                    "generation": 0,
                    "labels": {
                      "run.googleapis.com/startupProbeType": "Default"
                    },
                    "name": "",
                    "namespace": "",
                    "resource_version": "",
                    "self_link": "",
                    "uid": ""
                  }
                ],
                "spec": [
                  {
                    "container_concurrency": 1,
                    "containers": [
                      {
                        "args": null,
                        "command": null,
                        "env": [
                          {
                            "name": "PROCESSING_ENGINE",
                            "value": "pandas",
                            "value_from": []
                          },
                          {
                            "name": "PROJECT_ID",
                            "value": "data-pipeline-project-450922",
                            "value_from": []
                          },
                          {
                            "name": "REGION",
                            "value": "europe-west1",
                            "value_from": []
                          }
                        ],
                        "env_from": [],
                        "image": "gcr.io/data-pipeline-project-450922/pandas-processor:latest",
                        "liveness_probe": [],
                        "name": "",
                        "ports": [
                          {
                            "container_port": 8080,
                            "name": "http1",
                            "protocol": ""
                          }
                        ],
                        "resources": [
                          {
                            "limits": {
                              "cpu": "2",
                              "memory": "4Gi"
                            },
                            "requests": null
                          }
                        ],
                        "startup_probe": [
                          {
                            "failure_threshold": 1,
                            "grpc": [],
                            "http_get": [],
                            "initial_delay_seconds": 0,
                            "period_seconds": 240,
                            "tcp_socket": [
                              {
                                "port": 8080
                              }
                            ],
                            "timeout_seconds": 240
                          }
                        ],
                        "volume_mounts": [],
                        "working_dir": ""
                      }
                    ],
                    "node_selector": null,
                    "service_account_name": "253940201126-compute@developer.gserviceaccount.com",
                    "serving_state": "",
                    "timeout_seconds": 3600,
                    "volumes": []
                  }
                ]
              }
            ],
            "timeouts": null,
            "traffic": [
              {
                "latest_revision": true,
                "percent": 100,
                "revision_name": "",
                "tag": "",
                "url": ""
              }
            ]
          },
          "sensitive_attributes": [],
          "private": "eyJlMmJmYjczMC1lY2FhLTExZTYtOGY4OC0zNDM2M2JjN2M0YzAiOnsiY3JlYXRlIjoxMjAwMDAwMDAwMDAwLCJkZWxldGUiOjEyMDAwMDAwMDAwMDAsInVwZGF0ZSI6MTIwMDAwMDAwMDAwMH0sInNjaGVtYV92ZXJzaW9uIjoiMiJ9",
          "dependencies": [
            "google_project_service.cloudrun_api"
          ]
        },
        {
          "index_key": "europe-west2",
          "schema_version": 2,
          "attributes": {
            "autogenerate_revision_name": false,
            "id": "locations/europe-west2/namespaces/data-pipeline-project-450922/services/pandas-processor",
            "location": "europe-west2",
            "metadata": [
              {
                "annotations": {},
                "effective_annotations": {
                  "run.googleapis.com/ingress": "all",
                  "run.googleapis.com/ingress-status": "all",
                  "run.googleapis.com/operation-id": "065e7201-eea5-421f-8c43-9a586267b938",
                  "run.googleapis.com/urls": "[\"https://pandas-processor-253940201126.europe-west2.run.app\",\"https://pandas-processor-y6zdg4ocla-nw.a.run.app\"]",
                  "serving.knative.dev/creator": "253940201126-compute@developer.gserviceaccount.com",
                  "serving.knative.dev/lastModifier": "253940201126-compute@developer.gserviceaccount.com"
                },
                "effective_labels": {
                  "cloud.googleapis.com/location": "europe-west2",
                  "run.googleapis.com/satisfiesPzs": "true"
                },
                "generation": 1,
                "labels": {},
                "namespace": "data-pipeline-project-450922",
                "resource_version": "AAY9dKw++sE",
                "self_link": "/apis/serving.knative.dev/v1/namespaces/253940201126/services/pandas-processor",
                "terraform_labels": {},
                "uid": "3ddc2a24-277e-4303-98bd-80dd72089bbc"
              }
            ],
            "name": "pandas-processor",
            "project": "data-pipeline-project-450922",
            "status": [
              {
                "conditions": [
                  {
                    "message": "",
                    "reason": "",
                    "status": "True",
                    "type": "Ready"
                  },
                  {
                    "message": "",
                    "reason": "",
                    "status": "True",
                    "type": "ConfigurationsReady"
                  },
                  {
                    "message": "",
                    "reason": "",
                    "status": "True",
                    "type": "RoutesReady"
                  }
                ],
                "latest_created_revision_name": "pandas-processor-00001-g6h",
                "latest_ready_revision_name": "pandas-processor-00001-g6h",
                "observed_generation": 1,
                "traffic": [
                  {
                    "latest_revision": true,
                    "percent": 100,
                    "revision_name": "pandas-processor-00001-g6h",
                    "tag": "",
                    "url": ""
                  }
                ],
                "url": "https://pandas-processor-y6zdg4ocla-nw.a.run.app"
              }
            ],
            "template": [
              {
                "metadata": [
                  {
                    "annotations": {
                      "autoscaling.knative.dev/maxScale": "3",
                      "autoscaling.knative.dev/minScale": "0",
                      "run.googleapis.com/cpu-throttling": "false"
                    },
                    "generation": 0,
                    "labels": {
                      "run.googleapis.com/startupProbeType": "Default"
                    },
                    "name": "",
                    "namespace": "",
                    "resource_version": "",
                    "self_link": "",
                    "uid": ""
                  }
                ],
                "spec": [
                  {
                    "container_concurrency": 1,
                    "containers": [
                      {
                        "args": null,
                        "command": null,
                        "env": [
                          {
                            "name": "PROCESSING_ENGINE",
                            "value": "pandas",
                            "value_from": []
                          },
                          {
                            "name": "PROJECT_ID",
                            "value": "data-pipeline-project-450922",
                            "value_from": []
                          },
                          {
                            "name": "REGION",
                            "value": "europe-west2",
                            "value_from": []
                          }
                        ],
                        "env_from": [],
                        "image": "gcr.io/data-pipeline-project-450922/pandas-processor:latest",
                        "liveness_probe": [],
                        "name": "",
                        "ports": [
                          {
                            "container_port": 8080,
                            "name": "http1",
                            "protocol": ""
                          }
                        ],
                        "resources": [
                          {
                            "limits": {
                              "cpu": "2",
                              "memory": "4Gi"
                            },
                            "requests": null
                          }
                        ],
                        "startup_probe": [
                          {
                            "failure_threshold": 1,
                            "grpc": [],
                            "http_get": [],
                            "initial_delay_seconds": 0,
                            "period_seconds": 240,
                            "tcp_socket": [
                              {
                                "port": 8080
                              }
                            ],
                            "timeout_seconds": 240
                          }
                        ],
                        "volume_mounts": [],
                        "working_dir": ""
                      }
                    ],
                    "node_selector": null,
                    "service_account_name": "253940201126-compute@developer.gserviceaccount.com",
                    "serving_state": "",
                    "timeout_seconds": 3600,
                    "volumes": []
                  }
                ]
              }
            ],
            "timeouts": null,
            "traffic": [
              {
                "latest_revision": true,
                "percent": 100,
                "revision_name": "",
                "tag": "",
                "url": ""
              }
            ]
          },
          "sensitive_attributes": [],
          "private": "eyJlMmJmYjczMC1lY2FhLTExZTYtOGY4OC0zNDM2M2JjN2M0YzAiOnsiY3JlYXRlIjoxMjAwMDAwMDAwMDAwLCJkZWxldGUiOjEyMDAwMDAwMDAwMDAsInVwZGF0ZSI6MTIwMDAwMDAwMDAwMH0sInNjaGVtYV92ZXJzaW9uIjoiMiJ9",
          "dependencies": [
            "google_project_service.cloudrun_api"
          ]
        },
        {
          "index_key": "europe-west3",
          "schema_version": 2,
          "attributes": {
            "autogenerate_revision_name": false,
            "id": "locations/europe-west3/namespaces/data-pipeline-project-450922/services/pandas-processor",
            "location": "europe-west3",
            "metadata": [
              {
                "annotations": {},
                "effective_annotations": {
                  "run.googleapis.com/ingress": "all",
                  "run.googleapis.com/ingress-status": "all",
                  "run.googleapis.com/operation-id": "e0fc3951-37f2-455a-93fa-0e66b5ecacf3",
                  "run.googleapis.com/urls": "[\"https://pandas-processor-253940201126.europe-west3.run.app\",\"https://pandas-processor-y6zdg4ocla-ey.a.run.app\"]",
                  "serving.knative.dev/creator": "253940201126-compute@developer.gserviceaccount.com",
                  "serving.knative.dev/lastModifier": "253940201126-compute@developer.gserviceaccount.com"
                },
                "effective_labels": {
                  "cloud.googleapis.com/location": "europe-west3",
                  "run.googleapis.com/satisfiesPzs": "true"
                },
                "generation": 1,
                "labels": {},
                "namespace": "data-pipeline-project-450922",
                "resource_version": "AAY9dKwSJVc",
                "self_link": "/apis/serving.knative.dev/v1/namespaces/253940201126/services/pandas-processor",
                "terraform_labels": {},
                "uid": "19f7350e-fa68-4941-a8e0-28a144ceec07"
              }
            ],
            "name": "pandas-processor",
            "project": "data-pipeline-project-450922",
            "status": [
              {
                "conditions": [
                  {
                    "message": "",
                    "reason": "",
                    "status": "True",
                    "type": "Ready"
                  },
                  {
                    "message": "",
                    "reason": "",
                    "status": "True",
                    "type": "ConfigurationsReady"
                  },
                  {
                    "message": "",
                    "reason": "",
                    "status": "True",
                    "type": "RoutesReady"
                  }
                ],
                "latest_created_revision_name": "pandas-processor-00001-lhc",
                "latest_ready_revision_name": "pandas-processor-00001-lhc",
                "observed_generation": 1,
                "traffic": [
                  {
                    "latest_revision": true,
                    "percent": 100,
                    "revision_name": "pandas-processor-00001-lhc",
                    "tag": "",
                    "url": ""
                  }
                ],
                "url": "https://pandas-processor-y6zdg4ocla-ey.a.run.app"
              }
            ],
            "template": [
              {
                "metadata": [
                  {
                    "annotations": {
                      "autoscaling.knative.dev/maxScale": "3",
                      "autoscaling.knative.dev/minScale": "0",
                      "run.googleapis.com/cpu-throttling": "false"
                    },
                    "generation": 0,
                    "labels": {
                      "run.googleapis.com/startupProbeType": "Default"
                    },
                    "name": "",
                    "namespace": "",
                    "resource_version": "",
                    "self_link": "",
                    "uid": ""
                  }
                ],
                "spec": [
                  {
                    "container_concurrency": 1,
                    "containers": [
                      {
                        "args": null,
                        "command": null,
                        "env": [
                          {
                            "name": "PROCESSING_ENGINE",
                            "value": "pandas",
                            "value_from": []
                          },
                          {
                            "name": "PROJECT_ID",
                            "value": "data-pipeline-project-450922",
                            "value_from": []
                          },
                          {
                            "name": "REGION",
                            "value": "europe-west3",
                            "value_from": []
                          }
                        ],
                        "env_from": [],
                        "image": "gcr.io/data-pipeline-project-450922/pandas-processor:latest",
                        "liveness_probe": [],
                        "name": "",
                        "ports": [
                          {
                            "container_port": 8080,
                            "name": "http1",
                            "protocol": ""
                          }
                        ],
                        "resources": [
                          {
                            "limits": {
                              "cpu": "2",
                              "memory": "4Gi"
                            },
                            "requests": null
                          }
                        ],
                        "startup_probe": [
                          {
                            "failure_threshold": 1,
                            "grpc": [],
                            "http_get": [],
                            "initial_delay_seconds": 0,
                            "period_seconds": 240,
                            "tcp_socket": [
                              {
                                "port": 8080
                              }
                            ],
                            "timeout_seconds": 240
                          }
                        ],
                        "volume_mounts": [],
                        "working_dir": ""
                      }
                    ],
                    "node_selector": null,
                    "service_account_name": "253940201126-compute@developer.gserviceaccount.com",
                    "serving_state": "",
                    "timeout_seconds": 3600,
                    "volumes": []
                  }
                ]
              }
            ],
            "timeouts": null,
            "traffic": [
              {
                "latest_revision": true,
                "percent": 100,
                "revision_name": "",
                "tag": "",
                "url": ""
              }
            ]
          },
          "sensitive_attributes": [],
          "private": "eyJlMmJmYjczMC1lY2FhLTExZTYtOGY4OC0zNDM2M2JjN2M0YzAiOnsiY3JlYXRlIjoxMjAwMDAwMDAwMDAwLCJkZWxldGUiOjEyMDAwMDAwMDAwMDAsInVwZGF0ZSI6MTIwMDAwMDAwMDAwMH0sInNjaGVtYV92ZXJzaW9uIjoiMiJ9",
          "dependencies": [
            "google_project_service.cloudrun_api"
          ]
        },
        {
          "index_key": "europe-west4",
          "schema_version": 2,
          "attributes": {
            "autogenerate_revision_name": false,
            "id": "locations/europe-west4/namespaces/data-pipeline-project-450922/services/pandas-processor",
            "location": "europe-west4",
            "metadata": [
              {
                "annotations": {},
                "effective_annotations": {
                  "run.googleapis.com/ingress": "all",
                  "run.googleapis.com/ingress-status": "all",
                  "run.googleapis.com/operation-id": "9c69a304-03cf-4f89-a483-deee4cd3f9f6",
                  "run.googleapis.com/urls": "[\"https://pandas-processor-253940201126.europe-west4.run.app\",\"https://pandas-processor-y6zdg4ocla-ez.a.run.app\"]",
                  "serving.knative.dev/creator": "253940201126-compute@developer.gserviceaccount.com",
                  "serving.knative.dev/lastModifier": "253940201126-compute@developer.gserviceaccount.com"
                },
                "effective_labels": {
                  "cloud.googleapis.com/location": "europe-west4"
                },
                "generation": 1,
                "labels": {},
                "namespace": "data-pipeline-project-450922",
                "resource_version": "AAY9dKxBTYA",
                "self_link": "/apis/serving.knative.dev/v1/namespaces/253940201126/services/pandas-processor",
                "terraform_labels": {},
                "uid": "82e8ba41-8f4d-4030-ae06-db0356e4afa1"
              }
            ],
            "name": "pandas-processor",
            "project": "data-pipeline-project-450922",
            "status": [
              {
                "conditions": [
                  {
                    "message": "",
                    "reason": "",
                    "status": "True",
                    "type": "Ready"
                  },
                  {
                    "message": "",
                    "reason": "",
                    "status": "True",
                    "type": "ConfigurationsReady"
                  },
                  {
                    "message": "",
                    "reason": "",
                    "status": "True",
                    "type": "RoutesReady"
                  }
                ],
                "latest_created_revision_name": "pandas-processor-00001-mfh",
                "latest_ready_revision_name": "pandas-processor-00001-mfh",
                "observed_generation": 1,
                "traffic": [
                  {
                    "latest_revision": true,
                    "percent": 100,
                    "revision_name": "pandas-processor-00001-mfh",
                    "tag": "",
                    "url": ""
                  }
                ],
                "url": "https://pandas-processor-y6zdg4ocla-ez.a.run.app"
              }
            ],
            "template": [
              {
                "metadata": [
                  {
                    "annotations": {
                      "autoscaling.knative.dev/maxScale": "3",
                      "autoscaling.knative.dev/minScale": "0",
                      "run.googleapis.com/cpu-throttling": "false"
                    },
                    "generation": 0,
                    "labels": {
                      "run.googleapis.com/startupProbeType": "Default"
                    },
                    "name": "",
                    "namespace": "",
                    "resource_version": "",
                    "self_link": "",
                    "uid": ""
                  }
                ],
                "spec": [
                  {
                    "container_concurrency": 1,
                    "containers": [
                      {
                        "args": null,
                        "command": null,
                        "env": [
                          {
                            "name": "PROCESSING_ENGINE",
                            "value": "pandas",
                            "value_from": []
                          },
                          {
                            "name": "PROJECT_ID",
                            "value": "data-pipeline-project-450922",
                            "value_from": []
                          },
                          {
                            "name": "REGION",
                            "value": "europe-west4",
                            "value_from": []
                          }
                        ],
                        "env_from": [],
                        "image": "gcr.io/data-pipeline-project-450922/pandas-processor:latest",
                        "liveness_probe": [],
                        "name": "",
                        "ports": [
                          {
                            "container_port": 8080,
                            "name": "http1",
                            "protocol": ""
                          }
                        ],
                        "resources": [
                          {
                            "limits": {
                              "cpu": "2",
                              "memory": "4Gi"
                            },
                            "requests": null
                          }
                        ],
                        "startup_probe": [
                          {
                            "failure_threshold": 1,
                            "grpc": [],
                            "http_get": [],
                            "initial_delay_seconds": 0,
                            "period_seconds": 240,
                            "tcp_socket": [
                              {
                                "port": 8080
                              }
                            ],
                            "timeout_seconds": 240
                          }
                        ],
                        "volume_mounts": [],
                        "working_dir": ""
                      }
                    ],
                    "node_selector": null,
                    "service_account_name": "253940201126-compute@developer.gserviceaccount.com",
                    "serving_state": "",
                    "timeout_seconds": 3600,
                    "volumes": []
                  }
                ]
              }
            ],
            "timeouts": null,
            "traffic": [
              {
                "latest_revision": true,
                "percent": 100,
                "revision_name": "",
                "tag": "",
                "url": ""
              }
            ]
          },
          "sensitive_attributes": [],
          "private": "eyJlMmJmYjczMC1lY2FhLTExZTYtOGY4OC0zNDM2M2JjN2M0YzAiOnsiY3JlYXRlIjoxMjAwMDAwMDAwMDAwLCJkZWxldGUiOjEyMDAwMDAwMDAwMDAsInVwZGF0ZSI6MTIwMDAwMDAwMDAwMH0sInNjaGVtYV92ZXJzaW9uIjoiMiJ9",
          "dependencies": [
            "google_project_service.cloudrun_api"
          ]
        },
        {
          "index_key": "europe-west9",
          "schema_version": 2,
          "attributes": {
            "autogenerate_revision_name": false,
            "id": "locations/europe-west9/namespaces/data-pipeline-project-450922/services/pandas-processor",
            "location": "europe-west9",
            "metadata": [
              {
                "annotations": {},
                "effective_annotations": {
                  "run.googleapis.com/ingress": "all",
                  "run.googleapis.com/ingress-status": "all",
                  "run.googleapis.com/operation-id": "f5834f0d-3774-4734-a235-ea3cc71ccff2",
                  "run.googleapis.com/urls": "[\"https://pandas-processor-253940201126.europe-west9.run.app\",\"https://pandas-processor-y6zdg4ocla-od.a.run.app\"]",
                  "serving.knative.dev/creator": "253940201126-compute@developer.gserviceaccount.com",
                  "serving.knative.dev/lastModifier": "253940201126-compute@developer.gserviceaccount.com"
                },
                "effective_labels": {
                  "cloud.googleapis.com/location": "europe-west9",
                  "run.googleapis.com/satisfiesPzs": "true"
                },
                "generation": 1,
                "labels": {},
                "namespace": "data-pipeline-project-450922",
                "resource_version": "AAY9dKzXUw0",
                "self_link": "/apis/serving.knative.dev/v1/namespaces/253940201126/services/pandas-processor",
                "terraform_labels": {},
                "uid": "6ca3a8b6-b288-459e-9934-562df660cbeb"
              }
            ],
            "name": "pandas-processor",
            "project": "data-pipeline-project-450922",
            "status": [
              {
                "conditions": [
                  {
                    "message": "",
                    "reason": "",
                    "status": "True",
                    "type": "Ready"
                  },
                  {
                    "message": "",
                    "reason": "",
                    "status": "True",
                    "type": "ConfigurationsReady"
                  },
                  {
                    "message": "",
                    "reason": "",
                    "status": "True",
                    "type": "RoutesReady"
                  }
                ],
                "latest_created_revision_name": "pandas-processor-00001-qb6",
                "latest_ready_revision_name": "pandas-processor-00001-qb6",
                "observed_generation": 1,
                "traffic": [
                  {
                    "latest_revision": true,
                    "percent": 100,
                    "revision_name": "pandas-processor-00001-qb6",
                    "tag": "",
                    "url": ""
                  }
                ],
                "url": "https://pandas-processor-y6zdg4ocla-od.a.run.app"
              }
            ],
            "template": [
              {
                "metadata": [
                  {
                    "annotations": {
                      "autoscaling.knative.dev/maxScale": "3",
                      "autoscaling.knative.dev/minScale": "0",
                      "run.googleapis.com/cpu-throttling": "false"
                    },
                    "generation": 0,
                    "labels": {
                      "run.googleapis.com/startupProbeType": "Default"
                    },
                    "name": "",
                    "namespace": "",
                    "resource_version": "",
                    "self_link": "",
                    "uid": ""
                  }
                ],
                "spec": [
                  {
                    "container_concurrency": 1,
                    "containers": [
                      {
                        "args": null,
                        "command": null,
                        "env": [
                          {
                            "name": "PROCESSING_ENGINE",
                            "value": "pandas",
                            "value_from": []
                          },
                          {
                            "name": "PROJECT_ID",
                            "value": "data-pipeline-project-450922",
                            "value_from": []
                          },
                          {
                            "name": "REGION",
                            "value": "europe-west9",
                            "value_from": []
                          }
                        ],
                        "env_from": [],
                        "image": "gcr.io/data-pipeline-project-450922/pandas-processor:latest",
                        "liveness_probe": [],
                        "name": "",
                        "ports": [
                          {
                            "container_port": 8080,
                            "name": "http1",
                            "protocol": ""
                          }
                        ],
                        "resources": [
                          {
                            "limits": {
                              "cpu": "2",
                              "memory": "4Gi"
                            },
                            "requests": null
                          }
                        ],
                        "startup_probe": [
                          {
                            "failure_threshold": 1,
                            "grpc": [],
                            "http_get": [],
                            "initial_delay_seconds": 0,
                            "period_seconds": 240,
                            "tcp_socket": [
                              {
                                "port": 8080
                              }
                            ],
                            "timeout_seconds": 240
                          }
                        ],
                        "volume_mounts": [],
                        "working_dir": ""
                      }
                    ],
                    "node_selector": null,
                    "service_account_name": "253940201126-compute@developer.gserviceaccount.com",
                    "serving_state": "",
                    "timeout_seconds": 3600,
                    "volumes": []
                  }
                ]
              }
            ],
            "timeouts": null,
            "traffic": [
              {
                "latest_revision": true,
                "percent": 100,
                "revision_name": "",
                "tag": "",
                "url": ""
              }
            ]
          },
          "sensitive_attributes": [],
          "private": "eyJlMmJmYjczMC1lY2FhLTExZTYtOGY4OC0zNDM2M2JjN2M0YzAiOnsiY3JlYXRlIjoxMjAwMDAwMDAwMDAwLCJkZWxldGUiOjEyMDAwMDAwMDAwMDAsInVwZGF0ZSI6MTIwMDAwMDAwMDAwMH0sInNjaGVtYV92ZXJzaW9uIjoiMiJ9",
          "dependencies": [
            "google_project_service.cloudrun_api"
          ]
        },
        {
          "index_key": "northamerica-northeast1",
          "schema_version": 2,
          "attributes": {
            "autogenerate_revision_name": false,
            "id": "locations/northamerica-northeast1/namespaces/data-pipeline-project-450922/services/pandas-processor",
            "location": "northamerica-northeast1",
            "metadata": [
              {
                "annotations": {},
                "effective_annotations": {
                  "run.googleapis.com/ingress": "all",
                  "run.googleapis.com/ingress-status": "all",
                  "run.googleapis.com/operation-id": "df2692b5-d1c5-4e20-be23-b28c76a16ba0",
                  "run.googleapis.com/urls": "[\"https://pandas-processor-253940201126.northamerica-northeast1.run.app\",\"https://pandas-processor-y6zdg4ocla-nn.a.run.app\"]",
                  "serving.knative.dev/creator": "253940201126-compute@developer.gserviceaccount.com",
                  "serving.knative.dev/lastModifier": "253940201126-compute@developer.gserviceaccount.com"
                },
                "effective_labels": {
                  "cloud.googleapis.com/location": "northamerica-northeast1"
                },
                "generation": 1,
                "labels": {},
                "namespace": "data-pipeline-project-450922",
                "resource_version": "AAY9dKwIvVU",
                "self_link": "/apis/serving.knative.dev/v1/namespaces/253940201126/services/pandas-processor",
                "terraform_labels": {},
                "uid": "e1a876a7-c594-4fd9-bf5e-8d9f3ccb3e41"
              }
            ],
            "name": "pandas-processor",
            "project": "data-pipeline-project-450922",
            "status": [
              {
                "conditions": [
                  {
                    "message": "",
                    "reason": "",
                    "status": "True",
                    "type": "Ready"
                  },
                  {
                    "message": "",
                    "reason": "",
                    "status": "True",
                    "type": "ConfigurationsReady"
                  },
                  {
                    "message": "",
                    "reason": "",
                    "status": "True",
                    "type": "RoutesReady"
                  }
                ],
                "latest_created_revision_name": "pandas-processor-00001-bkl",
                "latest_ready_revision_name": "pandas-processor-00001-bkl",
                "observed_generation": 1,
                "traffic": [
                  {
                    "latest_revision": true,
                    "percent": 100,
                    "revision_name": "pandas-processor-00001-bkl",
                    "tag": "",
                    "url": ""
                  }
                ],
                "url": "https://pandas-processor-y6zdg4ocla-nn.a.run.app"
              }
            ],
            "template": [
              {
                "metadata": [
                  {
                    "annotations": {
                      "autoscaling.knative.dev/maxScale": "3",
                      "autoscaling.knative.dev/minScale": "0",
                      "run.googleapis.com/cpu-throttling": "false"
                    },
                    "generation": 0,
                    "labels": {
                      "run.googleapis.com/startupProbeType": "Default"
                    },
                    "name": "",
                    "namespace": "",
                    "resource_version": "",
                    "self_link": "",
                    "uid": ""
                  }
                ],
                "spec": [
                  {
                    "container_concurrency": 1,
                    "containers": [
                      {
                        "args": null,
                        "command": null,
                        "env": [
                          {
                            "name": "PROCESSING_ENGINE",
                            "value": "pandas",
                            "value_from": []
                          },
                          {
                            "name": "PROJECT_ID",
                            "value": "data-pipeline-project-450922",
                            "value_from": []
                          },
                          {
                            "name": "REGION",
                            "value": "northamerica-northeast1",
                            "value_from": []
                          }
                        ],
                        "env_from": [],
                        "image": "gcr.io/data-pipeline-project-450922/pandas-processor:latest",
                        "liveness_probe": [],
                        "name": "",
                        "ports": [
                          {
                            "container_port": 8080,
                            "name": "http1",
                            "protocol": ""
                          }
                        ],
                        "resources": [
                          {
                            "limits": {
                              "cpu": "2",
                              "memory": "4Gi"
                            },
                            "requests": null
                          }
                        ],
                        "startup_probe": [
                          {
                            "failure_threshold": 1,
                            "grpc": [],
                            "http_get": [],
                            "initial_delay_seconds": 0,
                            "period_seconds": 240,
                            "tcp_socket": [
                              {
                                "port": 8080
                              }
                            ],
                            "timeout_seconds": 240
                          }
                        ],
                        "volume_mounts": [],
                        "working_dir": ""
                      }
                    ],
                    "node_selector": null,
                    "service_account_name": "253940201126-compute@developer.gserviceaccount.com",
                    "serving_state": "",
                    "timeout_seconds": 3600,
                    "volumes": []
                  }
                ]
              }
            ],
            "timeouts": null,
            "traffic": [
              {
                "latest_revision": true,
                "percent": 100,
                "revision_name": "",
                "tag": "",
                "url": ""
              }
            ]
          },
          "sensitive_attributes": [],
          "private": "eyJlMmJmYjczMC1lY2FhLTExZTYtOGY4OC0zNDM2M2JjN2M0YzAiOnsiY3JlYXRlIjoxMjAwMDAwMDAwMDAwLCJkZWxldGUiOjEyMDAwMDAwMDAwMDAsInVwZGF0ZSI6MTIwMDAwMDAwMDAwMH0sInNjaGVtYV92ZXJzaW9uIjoiMiJ9",
          "dependencies": [
            "google_project_service.cloudrun_api"
          ]
        },
        {
          "index_key": "us-east1",
          "schema_version": 2,
          "attributes": {
            "autogenerate_revision_name": false,
            "id": "locations/us-east1/namespaces/data-pipeline-project-450922/services/pandas-processor",
            "location": "us-east1",
            "metadata": [
              {
                "annotations": {},
                "effective_annotations": {
                  "run.googleapis.com/ingress": "all",
                  "run.googleapis.com/ingress-status": "all",
                  "run.googleapis.com/operation-id": "7fe08b39-0f5e-448a-9d44-5e6d0f6e3218",
                  "run.googleapis.com/urls": "[\"https://pandas-processor-253940201126.us-east1.run.app\",\"https://pandas-processor-y6zdg4ocla-ue.a.run.app\"]",
                  "serving.knative.dev/creator": "253940201126-compute@developer.gserviceaccount.com",
                  "serving.knative.dev/lastModifier": "253940201126-compute@developer.gserviceaccount.com"
                },
                "effective_labels": {
                  "cloud.googleapis.com/location": "us-east1"
                },
                "generation": 1,
                "labels": {},
                "namespace": "data-pipeline-project-450922",
                "resource_version": "AAY9dKvFB5Q",
                "self_link": "/apis/serving.knative.dev/v1/namespaces/253940201126/services/pandas-processor",
                "terraform_labels": {},
                "uid": "e23f1043-64ea-4ea4-860d-f12379422c2c"
              }
            ],
            "name": "pandas-processor",
            "project": "data-pipeline-project-450922",
            "status": [
              {
                "conditions": [
                  {
                    "message": "",
                    "reason": "",
                    "status": "True",
                    "type": "Ready"
                  },
                  {
                    "message": "",
                    "reason": "",
                    "status": "True",
                    "type": "ConfigurationsReady"
                  },
                  {
                    "message": "",
                    "reason": "",
                    "status": "True",
                    "type": "RoutesReady"
                  }
                ],
                "latest_created_revision_name": "pandas-processor-00001-xl8",
                "latest_ready_revision_name": "pandas-processor-00001-xl8",
                "observed_generation": 1,
                "traffic": [
                  {
                    "latest_revision": true,
                    "percent": 100,
                    "revision_name": "pandas-processor-00001-xl8",
                    "tag": "",
                    "url": ""
                  }
                ],
                "url": "https://pandas-processor-y6zdg4ocla-ue.a.run.app"
              }
            ],
            "template": [
              {
                "metadata": [
                  {
                    "annotations": {
                      "autoscaling.knative.dev/maxScale": "3",
                      "autoscaling.knative.dev/minScale": "0",
                      "run.googleapis.com/cpu-throttling": "false"
                    },
                    "generation": 0,
                    "labels": {
                      "run.googleapis.com/startupProbeType": "Default"
                    },
                    "name": "",
                    "namespace": "",
                    "resource_version": "",
                    "self_link": "",
                    "uid": ""
                  }
                ],
                "spec": [
                  {
                    "container_concurrency": 1,
                    "containers": [
                      {
                        "args": null,
                        "command": null,
                        "env": [
                          {
                            "name": "PROCESSING_ENGINE",
                            "value": "pandas",
                            "value_from": []
                          },
                          {
                            "name": "PROJECT_ID",
                            "value": "data-pipeline-project-450922",
                            "value_from": []
                          },
                          {
                            "name": "REGION",
                            "value": "us-east1",
                            "value_from": []
                          }
                        ],
                        "env_from": [],
                        "image": "gcr.io/data-pipeline-project-450922/pandas-processor:latest",
                        "liveness_probe": [],
                        "name": "",
                        "ports": [
                          {
                            "container_port": 8080,
                            "name": "http1",
                            "protocol": ""
                          }
                        ],
                        "resources": [
                          {
                            "limits": {
                              "cpu": "2",
                              "memory": "4Gi"
                            },
                            "requests": null
                          }
                        ],
                        "startup_probe": [
                          {
                            "failure_threshold": 1,
                            "grpc": [],
                            "http_get": [],
                            "initial_delay_seconds": 0,
                            "period_seconds": 240,
                            "tcp_socket": [
                              {
                                "port": 8080
                              }
                            ],
                            "timeout_seconds": 240
                          }
                        ],
                        "volume_mounts": [],
                        "working_dir": ""
                      }
                    ],
                    "node_selector": null,
                    "service_account_name": "253940201126-compute@developer.gserviceaccount.com",
                    "serving_state": "",
                    "timeout_seconds": 3600,
                    "volumes": []
                  }
                ]
              }
            ],
            "timeouts": null,
            "traffic": [
              {
                "latest_revision": true,
                "percent": 100,
                "revision_name": "",
                "tag": "",
                "url": ""
              }
            ]
          },
          "sensitive_attributes": [],
          "private": "eyJlMmJmYjczMC1lY2FhLTExZTYtOGY4OC0zNDM2M2JjN2M0YzAiOnsiY3JlYXRlIjoxMjAwMDAwMDAwMDAwLCJkZWxldGUiOjEyMDAwMDAwMDAwMDAsInVwZGF0ZSI6MTIwMDAwMDAwMDAwMH0sInNjaGVtYV92ZXJzaW9uIjoiMiJ9",
          "dependencies": [
            "google_project_service.cloudrun_api"
          ]
        },
        {
          "index_key": "us-east4",
          "schema_version": 2,
          "attributes": {
            "autogenerate_revision_name": false,
            "id": "locations/us-east4/namespaces/data-pipeline-project-450922/services/pandas-processor",
            "location": "us-east4",
            "metadata": [
              {
                "annotations": {},
                "effective_annotations": {
                  "run.googleapis.com/ingress": "all",
                  "run.googleapis.com/ingress-status": "all",
                  "run.googleapis.com/operation-id": "d73d1f97-d8ce-4032-aaef-af95ff67e23f",
                  "run.googleapis.com/urls": "[\"https://pandas-processor-253940201126.us-east4.run.app\",\"https://pandas-processor-y6zdg4ocla-uk.a.run.app\"]",
                  "serving.knative.dev/creator": "253940201126-compute@developer.gserviceaccount.com",
                  "serving.knative.dev/lastModifier": "253940201126-compute@developer.gserviceaccount.com"
                },
                "effective_labels": {
                  "cloud.googleapis.com/location": "us-east4",
                  "run.googleapis.com/satisfiesPzs": "true"
                },
                "generation": 1,
                "labels": {},
                "namespace": "data-pipeline-project-450922",
                "resource_version": "AAY9dK15TQs",
                "self_link": "/apis/serving.knative.dev/v1/namespaces/253940201126/services/pandas-processor",
                "terraform_labels": {},
                "uid": "c1b8881f-f546-4def-9f2c-8c02ea8eac94"
              }
            ],
            "name": "pandas-processor",
            "project": "data-pipeline-project-450922",
            "status": [
              {
                "conditions": [
                  {
                    "message": "",
                    "reason": "",
                    "status": "True",
                    "type": "Ready"
                  },
                  {
                    "message": "",
                    "reason": "",
                    "status": "True",
                    "type": "ConfigurationsReady"
                  },
                  {
                    "message": "",
                    "reason": "",
                    "status": "True",
                    "type": "RoutesReady"
                  }
                ],
                "latest_created_revision_name": "pandas-processor-00001-tfq",
                "latest_ready_revision_name": "pandas-processor-00001-tfq",
                "observed_generation": 1,
                "traffic": [
                  {
                    "latest_revision": true,
                    "percent": 100,
                    "revision_name": "pandas-processor-00001-tfq",
                    "tag": "",
                    "url": ""
                  }
                ],
                "url": "https://pandas-processor-y6zdg4ocla-uk.a.run.app"
              }
            ],
            "template": [
              {
                "metadata": [
                  {
                    "annotations": {
                      "autoscaling.knative.dev/maxScale": "3",
                      "autoscaling.knative.dev/minScale": "0",
                      "run.googleapis.com/cpu-throttling": "false"
                    },
                    "generation": 0,
                    "labels": {
                      "run.googleapis.com/startupProbeType": "Default"
                    },
                    "name": "",
                    "namespace": "",
                    "resource_version": "",
                    "self_link": "",
                    "uid": ""
                  }
                ],
                "spec": [
                  {
                    "container_concurrency": 1,
                    "containers": [
                      {
                        "args": null,
                        "command": null,
                        "env": [
                          {
                            "name": "PROCESSING_ENGINE",
                            "value": "pandas",
                            "value_from": []
                          },
                          {
                            "name": "PROJECT_ID",
                            "value": "data-pipeline-project-450922",
                            "value_from": []
                          },
                          {
                            "name": "REGION",
                            "value": "us-east4",
                            "value_from": []
                          }
                        ],
                        "env_from": [],
                        "image": "gcr.io/data-pipeline-project-450922/pandas-processor:latest",
                        "liveness_probe": [],
                        "name": "",
                        "ports": [
                          {
                            "container_port": 8080,
                            "name": "http1",
                            "protocol": ""
                          }
                        ],
                        "resources": [
                          {
                            "limits": {
                              "cpu": "2",
                              "memory": "4Gi"
                            },
                            "requests": null
                          }
                        ],
                        "startup_probe": [
                          {
                            "failure_threshold": 1,
                            "grpc": [],
                            "http_get": [],
                            "initial_delay_seconds": 0,
                            "period_seconds": 240,
                            "tcp_socket": [
                              {
                                "port": 8080
                              }
                            ],
                            "timeout_seconds": 240
                          }
                        ],
                        "volume_mounts": [],
                        "working_dir": ""
                      }
                    ],
                    "node_selector": null,
                    "service_account_name": "253940201126-compute@developer.gserviceaccount.com",
                    "serving_state": "",
                    "timeout_seconds": 3600,
                    "volumes": []
                  }
                ]
              }
            ],
            "timeouts": null,
            "traffic": [
              {
                "latest_revision": true,
                "percent": 100,
                "revision_name": "",
                "tag": "",
                "url": ""
              }
            ]
          },
          "sensitive_attributes": [],
          "private": "eyJlMmJmYjczMC1lY2FhLTExZTYtOGY4OC0zNDM2M2JjN2M0YzAiOnsiY3JlYXRlIjoxMjAwMDAwMDAwMDAwLCJkZWxldGUiOjEyMDAwMDAwMDAwMDAsInVwZGF0ZSI6MTIwMDAwMDAwMDAwMH0sInNjaGVtYV92ZXJzaW9uIjoiMiJ9",
          "dependencies": [
            "google_project_service.cloudrun_api"
          ]
        },
        {
          "index_key": "us-west1",
          "schema_version": 2,
          "attributes": {
            "autogenerate_revision_name": false,
            "id": "locations/us-west1/namespaces/data-pipeline-project-450922/services/pandas-processor",
            "location": "us-west1",
            "metadata": [
              {
                "annotations": {},
                "effective_annotations": {
                  "run.googleapis.com/ingress": "all",
                  "run.googleapis.com/ingress-status": "all",
                  "run.googleapis.com/operation-id": "c0f4c9e1-160e-4691-ad08-92985216c736",
                  "run.googleapis.com/urls": "[\"https://pandas-processor-253940201126.us-west1.run.app\",\"https://pandas-processor-y6zdg4ocla-uw.a.run.app\"]",
                  "serving.knative.dev/creator": "253940201126-compute@developer.gserviceaccount.com",
                  "serving.knative.dev/lastModifier": "253940201126-compute@developer.gserviceaccount.com"
                },
                "effective_labels": {
                  "cloud.googleapis.com/location": "us-west1"
                },
                "generation": 1,
                "labels": {},
                "namespace": "data-pipeline-project-450922",
                "resource_version": "AAY9dKupHI4",
                "self_link": "/apis/serving.knative.dev/v1/namespaces/253940201126/services/pandas-processor",
                "terraform_labels": {},
                "uid": "61bd7e54-bd4e-4b58-b811-80a6ae3deeed"
              }
            ],
            "name": "pandas-processor",
            "project": "data-pipeline-project-450922",
            "status": [
              {
                "conditions": [
                  {
                    "message": "",
                    "reason": "",
                    "status": "True",
                    "type": "Ready"
                  },
                  {
                    "message": "",
                    "reason": "",
                    "status": "True",
                    "type": "ConfigurationsReady"
                  },
                  {
                    "message": "",
                    "reason": "",
                    "status": "True",
                    "type": "RoutesReady"
                  }
                ],
                "latest_created_revision_name": "pandas-processor-00001-rwt",
                "latest_ready_revision_name": "pandas-processor-00001-rwt",
                "observed_generation": 1,
                "traffic": [
                  {
                    "latest_revision": true,
                    "percent": 100,
                    "revision_name": "pandas-processor-00001-rwt",
                    "tag": "",
                    "url": ""
                  }
                ],
                "url": "https://pandas-processor-y6zdg4ocla-uw.a.run.app"
              }
            ],
            "template": [
              {
                "metadata": [
                  {
                    "annotations": {
                      "autoscaling.knative.dev/maxScale": "3",
                      "autoscaling.knative.dev/minScale": "0",
                      "run.googleapis.com/cpu-throttling": "false"
                    },
                    "generation": 0,
                    "labels": {
                      "run.googleapis.com/startupProbeType": "Default"
                    },
                    "name": "",
                    "namespace": "",
                    "resource_version": "",
                    "self_link": "",
                    "uid": ""
                  }
                ],
                "spec": [
                  {
                    "container_concurrency": 1,
                    "containers": [
                      {
                        "args": null,
                        "command": null,
                        "env": [
                          {
                            "name": "PROCESSING_ENGINE",
                            "value": "pandas",
                            "value_from": []
                          },
                          {
                            "name": "PROJECT_ID",
                            "value": "data-pipeline-project-450922",
                            "value_from": []
                          },
                          {
                            "name": "REGION",
                            "value": "us-west1",
                            "value_from": []
                          }
                        ],
                        "env_from": [],
                        "image": "gcr.io/data-pipeline-project-450922/pandas-processor:latest",
                        "liveness_probe": [],
                        "name": "",
                        "ports": [
                          {
                            "container_port": 8080,
                            "name": "http1",
                            "protocol": ""
                          }
                        ],
                        "resources": [
                          {
                            "limits": {
                              "cpu": "2",
                              "memory": "4Gi"
                            },
                            "requests": null
                          }
                        ],
                        "startup_probe": [
                          {
                            "failure_threshold": 1,
                            "grpc": [],
                            "http_get": [],
                            "initial_delay_seconds": 0,
                            "period_seconds": 240,
                            "tcp_socket": [
                              {
                                "port": 8080
                              }
                            ],
                            "timeout_seconds": 240
                          }
                        ],
                        "volume_mounts": [],
                        "working_dir": ""
                      }
                    ],
                    "node_selector": null,
                    "service_account_name": "253940201126-compute@developer.gserviceaccount.com",
                    "serving_state": "",
                    "timeout_seconds": 3600,
                    "volumes": []
                  }
                ]
              }
            ],
            "timeouts": null,
            "traffic": [
              {
                "latest_revision": true,
                "percent": 100,
                "revision_name": "",
                "tag": "",
                "url": ""
              }
            ]
          },
          "sensitive_attributes": [],
          "private": "eyJlMmJmYjczMC1lY2FhLTExZTYtOGY4OC0zNDM2M2JjN2M0YzAiOnsiY3JlYXRlIjoxMjAwMDAwMDAwMDAwLCJkZWxldGUiOjEyMDAwMDAwMDAwMDAsInVwZGF0ZSI6MTIwMDAwMDAwMDAwMH0sInNjaGVtYV92ZXJzaW9uIjoiMiJ9",
          "dependencies": [
            "google_project_service.cloudrun_api"
          ]
        },
        {
          "index_key": "us-west2",
          "schema_version": 2,
          "attributes": {
            "autogenerate_revision_name": false,
            "id": "locations/us-west2/namespaces/data-pipeline-project-450922/services/pandas-processor",
            "location": "us-west2",
            "metadata": [
              {
                "annotations": {},
                "effective_annotations": {
                  "run.googleapis.com/ingress": "all",
                  "run.googleapis.com/ingress-status": "all",
                  "run.googleapis.com/operation-id": "f4661fb2-fa44-4372-b110-ea220c02697d",
                  "run.googleapis.com/urls": "[\"https://pandas-processor-253940201126.us-west2.run.app\",\"https://pandas-processor-y6zdg4ocla-wl.a.run.app\"]",
                  "serving.knative.dev/creator": "253940201126-compute@developer.gserviceaccount.com",
                  "serving.knative.dev/lastModifier": "253940201126-compute@developer.gserviceaccount.com"
                },
                "effective_labels": {
                  "cloud.googleapis.com/location": "us-west2"
                },
                "generation": 1,
                "labels": {},
                "namespace": "data-pipeline-project-450922",
                "resource_version": "AAY9dKuqreQ",
                "self_link": "/apis/serving.knative.dev/v1/namespaces/253940201126/services/pandas-processor",
                "terraform_labels": {},
                "uid": "df44003c-2399-4c49-99b8-89d50f7d43c9"
              }
            ],
            "name": "pandas-processor",
            "project": "data-pipeline-project-450922",
            "status": [
              {
                "conditions": [
                  {
                    "message": "",
                    "reason": "",
                    "status": "True",
                    "type": "Ready"
                  },
                  {
                    "message": "",
                    "reason": "",
                    "status": "True",
                    "type": "ConfigurationsReady"
                  },
                  {
                    "message": "",
                    "reason": "",
                    "status": "True",
                    "type": "RoutesReady"
                  }
                ],
                "latest_created_revision_name": "pandas-processor-00001-v9v",
                "latest_ready_revision_name": "pandas-processor-00001-v9v",
                "observed_generation": 1,
                "traffic": [
                  {
                    "latest_revision": true,
                    "percent": 100,
                    "revision_name": "pandas-processor-00001-v9v",
                    "tag": "",
                    "url": ""
                  }
                ],
                "url": "https://pandas-processor-y6zdg4ocla-wl.a.run.app"
              }
            ],
            "template": [
              {
                "metadata": [
                  {
                    "annotations": {
                      "autoscaling.knative.dev/maxScale": "3",
                      "autoscaling.knative.dev/minScale": "0",
                      "run.googleapis.com/cpu-throttling": "false"
                    },
                    "generation": 0,
                    "labels": {
                      "run.googleapis.com/startupProbeType": "Default"
                    },
                    "name": "",
                    "namespace": "",
                    "resource_version": "",
                    "self_link": "",
                    "uid": ""
                  }
                ],
                "spec": [
                  {
                    "container_concurrency": 1,
                    "containers": [
                      {
                        "args": null,
                        "command": null,
                        "env": [
                          {
                            "name": "PROCESSING_ENGINE",
                            "value": "pandas",
                            "value_from": []
                          },
                          {
                            "name": "PROJECT_ID",
                            "value": "data-pipeline-project-450922",
                            "value_from": []
                          },
                          {
                            "name": "REGION",
                            "value": "us-west2",
                            "value_from": []
                          }
                        ],
                        "env_from": [],
                        "image": "gcr.io/data-pipeline-project-450922/pandas-processor:latest",
                        "liveness_probe": [],
                        "name": "",
                        "ports": [
                          {
                            "container_port": 8080,
                            "name": "http1",
                            "protocol": ""
                          }
                        ],
                        "resources": [
                          {
                            "limits": {
                              "cpu": "2",
                              "memory": "4Gi"
                            },
                            "requests": null
                          }
                        ],
                        "startup_probe": [
                          {
                            "failure_threshold": 1,
                            "grpc": [],
                            "http_get": [],
                            "initial_delay_seconds": 0,
                            "period_seconds": 240,
                            "tcp_socket": [
                              {
                                "port": 8080
                              }
                            ],
                            "timeout_seconds": 240
                          }
                        ],
                        "volume_mounts": [],
                        "working_dir": ""
                      }
                    ],
                    "node_selector": null,
                    "service_account_name": "253940201126-compute@developer.gserviceaccount.com",
                    "serving_state": "",
                    "timeout_seconds": 3600,
                    "volumes": []
                  }
                ]
              }
            ],
            "timeouts": null,
            "traffic": [
              {
                "latest_revision": true,
                "percent": 100,
                "revision_name": "",
                "tag": "",
                "url": ""
              }
            ]
          },
          "sensitive_attributes": [],
          "private": "eyJlMmJmYjczMC1lY2FhLTExZTYtOGY4OC0zNDM2M2JjN2M0YzAiOnsiY3JlYXRlIjoxMjAwMDAwMDAwMDAwLCJkZWxldGUiOjEyMDAwMDAwMDAwMDAsInVwZGF0ZSI6MTIwMDAwMDAwMDAwMH0sInNjaGVtYV92ZXJzaW9uIjoiMiJ9",
          "dependencies": [
            "google_project_service.cloudrun_api"
          ]
        }
      ]
    },
    {
      "mode": "managed",
      "type": "google_project_service",
      "name": "cloudrun_api",
      "provider": "provider[\"registry.terraform.io/hashicorp/google\"]",
      "instances": [
        {
          "schema_version": 0,
          "attributes": {
            "disable_dependent_services": null,
            "disable_on_destroy": true,
            "id": "data-pipeline-project-450922/run.googleapis.com",
            "project": "data-pipeline-project-450922",
            "service": "run.googleapis.com",
            "timeouts": null
          },
          "sensitive_attributes": [],
          "private": "eyJlMmJmYjczMC1lY2FhLTExZTYtOGY4OC0zNDM2M2JjN2M0YzAiOnsiY3JlYXRlIjoxMjAwMDAwMDAwMDAwLCJkZWxldGUiOjEyMDAwMDAwMDAwMDAsInJlYWQiOjYwMDAwMDAwMDAwMCwidXBkYXRlIjoxMjAwMDAwMDAwMDAwfX0="
        }
      ]
    },
    {
      "mode": "managed",
      "type": "google_storage_bucket",
      "name": "tenant_buckets",
      "provider": "provider[\"registry.terraform.io/hashicorp/google\"]",
      "instances": [
        {
          "index_key": "africa-south1",
          "schema_version": 3,
          "attributes": {
            "autoclass": [],
            "cors": [],
            "custom_placement_config": [],
            "default_event_based_hold": false,
            "effective_labels": {
              "contains": "tenant_and_shared_data",
              "cost_tier": "security_compliant",
              "created_by": "terraform",
              "environment": "prod",
              "goog-terraform-provisioned": "true",
              "region": "africa_south1",
              "type": "multi_purpose"
            },
            "enable_object_retention": false,
            "encryption": [],
            "force_destroy": false,
            "hierarchical_namespace": [
              {
                "enabled": false
              }
            ],
            "id": "terraops-africa-south1-tenant-data",
            "ip_filter": [],
            "labels": {
              "contains": "tenant_and_shared_data",
              "cost_tier": "security_compliant",
              "created_by": "terraform",
              "environment": "prod",
              "region": "africa_south1",
              "type": "multi_purpose"
            },
            "lifecycle_rule": [
              {
                "action": [
                  {
                    "storage_class": "COLDLINE",
                    "type": "SetStorageClass"
                  }
                ],
                "condition": [
                  {
                    "age": 90,
                    "created_before": "",
                    "custom_time_before": "",
                    "days_since_custom_time": 0,
                    "days_since_noncurrent_time": 0,
                    "matches_prefix": [],
                    "matches_storage_class": [],
                    "matches_suffix": [],
                    "noncurrent_time_before": "",
                    "num_newer_versions": 0,
                    "send_age_if_zero": false,
                    "send_days_since_custom_time_if_zero": false,
                    "send_days_since_noncurrent_time_if_zero": false,
                    "send_num_newer_versions_if_zero": false,
                    "with_state": "ANY"
                  }
                ]
              },
              {
                "action": [
                  {
                    "storage_class": "ARCHIVE",
                    "type": "SetStorageClass"
                  }
                ],
                "condition": [
                  {
                    "age": 365,
                    "created_before": "",
                    "custom_time_before": "",
                    "days_since_custom_time": 0,
                    "days_since_noncurrent_time": 0,
                    "matches_prefix": [],
                    "matches_storage_class": [],
                    "matches_suffix": [],
                    "noncurrent_time_before": "",
                    "num_newer_versions": 0,
                    "send_age_if_zero": false,
                    "send_days_since_custom_time_if_zero": false,
                    "send_days_since_noncurrent_time_if_zero": false,
                    "send_num_newer_versions_if_zero": false,
                    "with_state": "ANY"
                  }
                ]
              },
              {
                "action": [
                  {
                    "storage_class": "COLDLINE",
                    "type": "SetStorageClass"
                  }
                ],
                "condition": [
                  {
                    "age": 7,
                    "created_before": "",
                    "custom_time_before": "",
                    "days_since_custom_time": 0,
                    "days_since_noncurrent_time": 0,
                    "matches_prefix": [
                      "tenants/",
                      "shared/"
                    ],
                    "matches_storage_class": [],
                    "matches_suffix": [
                      "/bad-records/"
                    ],
                    "noncurrent_time_before": "",
                    "num_newer_versions": 0,
                    "send_age_if_zero": false,
                    "send_days_since_custom_time_if_zero": false,
                    "send_days_since_noncurrent_time_if_zero": false,
                    "send_num_newer_versions_if_zero": false,
                    "with_state": "ANY"
                  }
                ]
              },
              {
                "action": [
                  {
                    "storage_class": "ARCHIVE",
                    "type": "SetStorageClass"
                  }
                ],
                "condition": [
                  {
                    "age": 30,
                    "created_before": "",
                    "custom_time_before": "",
                    "days_since_custom_time": 0,
                    "days_since_noncurrent_time": 0,
                    "matches_prefix": [
                      "tenants/",
                      "shared/"
                    ],
                    "matches_storage_class": [],
                    "matches_suffix": [
                      "/bad-records/"
                    ],
                    "noncurrent_time_before": "",
                    "num_newer_versions": 0,
                    "send_age_if_zero": false,
                    "send_days_since_custom_time_if_zero": false,
                    "send_days_since_noncurrent_time_if_zero": false,
                    "send_num_newer_versions_if_zero": false,
                    "with_state": "ANY"
                  }
                ]
              },
              {
                "action": [
                  {
                    "storage_class": "COLDLINE",
                    "type": "SetStorageClass"
                  }
                ],
                "condition": [
                  {
                    "age": 60,
                    "created_before": "",
                    "custom_time_before": "",
                    "days_since_custom_time": 0,
                    "days_since_noncurrent_time": 0,
                    "matches_prefix": [
                      "shared/"
                    ],
                    "matches_storage_class": [],
                    "matches_suffix": [],
                    "noncurrent_time_before": "",
                    "num_newer_versions": 0,
                    "send_age_if_zero": false,
                    "send_days_since_custom_time_if_zero": false,
                    "send_days_since_noncurrent_time_if_zero": false,
                    "send_num_newer_versions_if_zero": false,
                    "with_state": "ANY"
                  }
                ]
              },
              {
                "action": [
                  {
                    "storage_class": "ARCHIVE",
                    "type": "SetStorageClass"
                  }
                ],
                "condition": [
                  {
                    "age": 180,
                    "created_before": "",
                    "custom_time_before": "",
                    "days_since_custom_time": 0,
                    "days_since_noncurrent_time": 0,
                    "matches_prefix": [
                      "shared/"
                    ],
                    "matches_storage_class": [],
                    "matches_suffix": [],
                    "noncurrent_time_before": "",
                    "num_newer_versions": 0,
                    "send_age_if_zero": false,
                    "send_days_since_custom_time_if_zero": false,
                    "send_days_since_noncurrent_time_if_zero": false,
                    "send_num_newer_versions_if_zero": false,
                    "with_state": "ANY"
                  }
                ]
              }
            ],
            "location": "AFRICA-SOUTH1",
            "logging": [
              {
                "log_bucket": "terraops-global-access-logs",
                "log_object_prefix": "access-logs/terraops-africa-south1-tenant-data/"
              }
            ],
            "name": "terraops-africa-south1-tenant-data",
            "project": "data-pipeline-project-450922",
            "project_number": 253940201126,
            "public_access_prevention": "enforced",
            "requester_pays": false,
            "retention_policy": [],
            "rpo": null,
            "self_link": "https://www.googleapis.com/storage/v1/b/terraops-africa-south1-tenant-data",
            "soft_delete_policy": [
              {
                "effective_time": "2025-08-28T22:45:51.556Z",
                "retention_duration_seconds": 604800
              }
            ],
            "storage_class": "NEARLINE",
            "terraform_labels": {
              "contains": "tenant_and_shared_data",
              "cost_tier": "security_compliant",
              "created_by": "terraform",
              "environment": "prod",
              "goog-terraform-provisioned": "true",
              "region": "africa_south1",
              "type": "multi_purpose"
            },
            "time_created": "2025-08-28T22:45:51.556Z",
            "timeouts": null,
            "uniform_bucket_level_access": true,
            "updated": "2025-08-28T22:45:51.556Z",
            "url": "gs://terraops-africa-south1-tenant-data",
            "versioning": [
              {
                "enabled": true
              }
            ],
            "website": []
          },
          "sensitive_attributes": [],
          "private": "eyJlMmJmYjczMC1lY2FhLTExZTYtOGY4OC0zNDM2M2JjN2M0YzAiOnsiY3JlYXRlIjo2MDAwMDAwMDAwMDAsInJlYWQiOjI0MDAwMDAwMDAwMCwidXBkYXRlIjoyNDAwMDAwMDAwMDB9LCJzY2hlbWFfdmVyc2lvbiI6IjMifQ=="
        },
        {
          "index_key": "europe-west1",
          "schema_version": 3,
          "attributes": {
            "autoclass": [],
            "cors": [],
            "custom_placement_config": [],
            "default_event_based_hold": false,
            "effective_labels": {
              "contains": "tenant_and_shared_data",
              "cost_tier": "security_compliant",
              "created_by": "terraform",
              "environment": "prod",
              "goog-terraform-provisioned": "true",
              "region": "europe_west1",
              "type": "multi_purpose"
            },
            "enable_object_retention": false,
            "encryption": [],
            "force_destroy": false,
            "hierarchical_namespace": [
              {
                "enabled": false
              }
            ],
            "id": "terraops-europe-west1-tenant-data",
            "ip_filter": [],
            "labels": {
              "contains": "tenant_and_shared_data",
              "cost_tier": "security_compliant",
              "created_by": "terraform",
              "environment": "prod",
              "region": "europe_west1",
              "type": "multi_purpose"
            },
            "lifecycle_rule": [
              {
                "action": [
                  {
                    "storage_class": "COLDLINE",
                    "type": "SetStorageClass"
                  }
                ],
                "condition": [
                  {
                    "age": 90,
                    "created_before": "",
                    "custom_time_before": "",
                    "days_since_custom_time": 0,
                    "days_since_noncurrent_time": 0,
                    "matches_prefix": [],
                    "matches_storage_class": [],
                    "matches_suffix": [],
                    "noncurrent_time_before": "",
                    "num_newer_versions": 0,
                    "send_age_if_zero": false,
                    "send_days_since_custom_time_if_zero": false,
                    "send_days_since_noncurrent_time_if_zero": false,
                    "send_num_newer_versions_if_zero": false,
                    "with_state": "ANY"
                  }
                ]
              },
              {
                "action": [
                  {
                    "storage_class": "ARCHIVE",
                    "type": "SetStorageClass"
                  }
                ],
                "condition": [
                  {
                    "age": 365,
                    "created_before": "",
                    "custom_time_before": "",
                    "days_since_custom_time": 0,
                    "days_since_noncurrent_time": 0,
                    "matches_prefix": [],
                    "matches_storage_class": [],
                    "matches_suffix": [],
                    "noncurrent_time_before": "",
                    "num_newer_versions": 0,
                    "send_age_if_zero": false,
                    "send_days_since_custom_time_if_zero": false,
                    "send_days_since_noncurrent_time_if_zero": false,
                    "send_num_newer_versions_if_zero": false,
                    "with_state": "ANY"
                  }
                ]
              },
              {
                "action": [
                  {
                    "storage_class": "COLDLINE",
                    "type": "SetStorageClass"
                  }
                ],
                "condition": [
                  {
                    "age": 7,
                    "created_before": "",
                    "custom_time_before": "",
                    "days_since_custom_time": 0,
                    "days_since_noncurrent_time": 0,
                    "matches_prefix": [
                      "tenants/",
                      "shared/"
                    ],
                    "matches_storage_class": [],
                    "matches_suffix": [
                      "/bad-records/"
                    ],
                    "noncurrent_time_before": "",
                    "num_newer_versions": 0,
                    "send_age_if_zero": false,
                    "send_days_since_custom_time_if_zero": false,
                    "send_days_since_noncurrent_time_if_zero": false,
                    "send_num_newer_versions_if_zero": false,
                    "with_state": "ANY"
                  }
                ]
              },
              {
                "action": [
                  {
                    "storage_class": "ARCHIVE",
                    "type": "SetStorageClass"
                  }
                ],
                "condition": [
                  {
                    "age": 30,
                    "created_before": "",
                    "custom_time_before": "",
                    "days_since_custom_time": 0,
                    "days_since_noncurrent_time": 0,
                    "matches_prefix": [
                      "tenants/",
                      "shared/"
                    ],
                    "matches_storage_class": [],
                    "matches_suffix": [
                      "/bad-records/"
                    ],
                    "noncurrent_time_before": "",
                    "num_newer_versions": 0,
                    "send_age_if_zero": false,
                    "send_days_since_custom_time_if_zero": false,
                    "send_days_since_noncurrent_time_if_zero": false,
                    "send_num_newer_versions_if_zero": false,
                    "with_state": "ANY"
                  }
                ]
              },
              {
                "action": [
                  {
                    "storage_class": "COLDLINE",
                    "type": "SetStorageClass"
                  }
                ],
                "condition": [
                  {
                    "age": 60,
                    "created_before": "",
                    "custom_time_before": "",
                    "days_since_custom_time": 0,
                    "days_since_noncurrent_time": 0,
                    "matches_prefix": [
                      "shared/"
                    ],
                    "matches_storage_class": [],
                    "matches_suffix": [],
                    "noncurrent_time_before": "",
                    "num_newer_versions": 0,
                    "send_age_if_zero": false,
                    "send_days_since_custom_time_if_zero": false,
                    "send_days_since_noncurrent_time_if_zero": false,
                    "send_num_newer_versions_if_zero": false,
                    "with_state": "ANY"
                  }
                ]
              },
              {
                "action": [
                  {
                    "storage_class": "ARCHIVE",
                    "type": "SetStorageClass"
                  }
                ],
                "condition": [
                  {
                    "age": 180,
                    "created_before": "",
                    "custom_time_before": "",
                    "days_since_custom_time": 0,
                    "days_since_noncurrent_time": 0,
                    "matches_prefix": [
                      "shared/"
                    ],
                    "matches_storage_class": [],
                    "matches_suffix": [],
                    "noncurrent_time_before": "",
                    "num_newer_versions": 0,
                    "send_age_if_zero": false,
                    "send_days_since_custom_time_if_zero": false,
                    "send_days_since_noncurrent_time_if_zero": false,
                    "send_num_newer_versions_if_zero": false,
                    "with_state": "ANY"
                  }
                ]
              }
            ],
            "location": "EUROPE-WEST1",
            "logging": [
              {
                "log_bucket": "terraops-global-access-logs",
                "log_object_prefix": "access-logs/terraops-europe-west1-tenant-data/"
              }
            ],
            "name": "terraops-europe-west1-tenant-data",
            "project": "data-pipeline-project-450922",
            "project_number": 253940201126,
            "public_access_prevention": "enforced",
            "requester_pays": false,
            "retention_policy": [],
            "rpo": null,
            "self_link": "https://www.googleapis.com/storage/v1/b/terraops-europe-west1-tenant-data",
            "soft_delete_policy": [
              {
                "effective_time": "2025-08-28T22:45:50.473Z",
                "retention_duration_seconds": 604800
              }
            ],
            "storage_class": "NEARLINE",
            "terraform_labels": {
              "contains": "tenant_and_shared_data",
              "cost_tier": "security_compliant",
              "created_by": "terraform",
              "environment": "prod",
              "goog-terraform-provisioned": "true",
              "region": "europe_west1",
              "type": "multi_purpose"
            },
            "time_created": "2025-08-28T22:45:50.473Z",
            "timeouts": null,
            "uniform_bucket_level_access": true,
            "updated": "2025-08-28T22:45:50.473Z",
            "url": "gs://terraops-europe-west1-tenant-data",
            "versioning": [
              {
                "enabled": true
              }
            ],
            "website": []
          },
          "sensitive_attributes": [],
          "private": "eyJlMmJmYjczMC1lY2FhLTExZTYtOGY4OC0zNDM2M2JjN2M0YzAiOnsiY3JlYXRlIjo2MDAwMDAwMDAwMDAsInJlYWQiOjI0MDAwMDAwMDAwMCwidXBkYXRlIjoyNDAwMDAwMDAwMDB9LCJzY2hlbWFfdmVyc2lvbiI6IjMifQ=="
        },
        {
          "index_key": "europe-west2",
          "schema_version": 3,
          "attributes": {
            "autoclass": [],
            "cors": [],
            "custom_placement_config": [],
            "default_event_based_hold": false,
            "effective_labels": {
              "contains": "tenant_and_shared_data",
              "cost_tier": "security_compliant",
              "created_by": "terraform",
              "environment": "prod",
              "goog-terraform-provisioned": "true",
              "region": "europe_west2",
              "type": "multi_purpose"
            },
            "enable_object_retention": false,
            "encryption": [],
            "force_destroy": false,
            "hierarchical_namespace": [
              {
                "enabled": false
              }
            ],
            "id": "terraops-europe-west2-tenant-data",
            "ip_filter": [],
            "labels": {
              "contains": "tenant_and_shared_data",
              "cost_tier": "security_compliant",
              "created_by": "terraform",
              "environment": "prod",
              "region": "europe_west2",
              "type": "multi_purpose"
            },
            "lifecycle_rule": [
              {
                "action": [
                  {
                    "storage_class": "COLDLINE",
                    "type": "SetStorageClass"
                  }
                ],
                "condition": [
                  {
                    "age": 90,
                    "created_before": "",
                    "custom_time_before": "",
                    "days_since_custom_time": 0,
                    "days_since_noncurrent_time": 0,
                    "matches_prefix": [],
                    "matches_storage_class": [],
                    "matches_suffix": [],
                    "noncurrent_time_before": "",
                    "num_newer_versions": 0,
                    "send_age_if_zero": false,
                    "send_days_since_custom_time_if_zero": false,
                    "send_days_since_noncurrent_time_if_zero": false,
                    "send_num_newer_versions_if_zero": false,
                    "with_state": "ANY"
                  }
                ]
              },
              {
                "action": [
                  {
                    "storage_class": "ARCHIVE",
                    "type": "SetStorageClass"
                  }
                ],
                "condition": [
                  {
                    "age": 365,
                    "created_before": "",
                    "custom_time_before": "",
                    "days_since_custom_time": 0,
                    "days_since_noncurrent_time": 0,
                    "matches_prefix": [],
                    "matches_storage_class": [],
                    "matches_suffix": [],
                    "noncurrent_time_before": "",
                    "num_newer_versions": 0,
                    "send_age_if_zero": false,
                    "send_days_since_custom_time_if_zero": false,
                    "send_days_since_noncurrent_time_if_zero": false,
                    "send_num_newer_versions_if_zero": false,
                    "with_state": "ANY"
                  }
                ]
              },
              {
                "action": [
                  {
                    "storage_class": "COLDLINE",
                    "type": "SetStorageClass"
                  }
                ],
                "condition": [
                  {
                    "age": 7,
                    "created_before": "",
                    "custom_time_before": "",
                    "days_since_custom_time": 0,
                    "days_since_noncurrent_time": 0,
                    "matches_prefix": [
                      "tenants/",
                      "shared/"
                    ],
                    "matches_storage_class": [],
                    "matches_suffix": [
                      "/bad-records/"
                    ],
                    "noncurrent_time_before": "",
                    "num_newer_versions": 0,
                    "send_age_if_zero": false,
                    "send_days_since_custom_time_if_zero": false,
                    "send_days_since_noncurrent_time_if_zero": false,
                    "send_num_newer_versions_if_zero": false,
                    "with_state": "ANY"
                  }
                ]
              },
              {
                "action": [
                  {
                    "storage_class": "ARCHIVE",
                    "type": "SetStorageClass"
                  }
                ],
                "condition": [
                  {
                    "age": 30,
                    "created_before": "",
                    "custom_time_before": "",
                    "days_since_custom_time": 0,
                    "days_since_noncurrent_time": 0,
                    "matches_prefix": [
                      "tenants/",
                      "shared/"
                    ],
                    "matches_storage_class": [],
                    "matches_suffix": [
                      "/bad-records/"
                    ],
                    "noncurrent_time_before": "",
                    "num_newer_versions": 0,
                    "send_age_if_zero": false,
                    "send_days_since_custom_time_if_zero": false,
                    "send_days_since_noncurrent_time_if_zero": false,
                    "send_num_newer_versions_if_zero": false,
                    "with_state": "ANY"
                  }
                ]
              },
              {
                "action": [
                  {
                    "storage_class": "COLDLINE",
                    "type": "SetStorageClass"
                  }
                ],
                "condition": [
                  {
                    "age": 60,
                    "created_before": "",
                    "custom_time_before": "",
                    "days_since_custom_time": 0,
                    "days_since_noncurrent_time": 0,
                    "matches_prefix": [
                      "shared/"
                    ],
                    "matches_storage_class": [],
                    "matches_suffix": [],
                    "noncurrent_time_before": "",
                    "num_newer_versions": 0,
                    "send_age_if_zero": false,
                    "send_days_since_custom_time_if_zero": false,
                    "send_days_since_noncurrent_time_if_zero": false,
                    "send_num_newer_versions_if_zero": false,
                    "with_state": "ANY"
                  }
                ]
              },
              {
                "action": [
                  {
                    "storage_class": "ARCHIVE",
                    "type": "SetStorageClass"
                  }
                ],
                "condition": [
                  {
                    "age": 180,
                    "created_before": "",
                    "custom_time_before": "",
                    "days_since_custom_time": 0,
                    "days_since_noncurrent_time": 0,
                    "matches_prefix": [
                      "shared/"
                    ],
                    "matches_storage_class": [],
                    "matches_suffix": [],
                    "noncurrent_time_before": "",
                    "num_newer_versions": 0,
                    "send_age_if_zero": false,
                    "send_days_since_custom_time_if_zero": false,
                    "send_days_since_noncurrent_time_if_zero": false,
                    "send_num_newer_versions_if_zero": false,
                    "with_state": "ANY"
                  }
                ]
              }
            ],
            "location": "EUROPE-WEST2",
            "logging": [
              {
                "log_bucket": "terraops-global-access-logs",
                "log_object_prefix": "access-logs/terraops-europe-west2-tenant-data/"
              }
            ],
            "name": "terraops-europe-west2-tenant-data",
            "project": "data-pipeline-project-450922",
            "project_number": 253940201126,
            "public_access_prevention": "enforced",
            "requester_pays": false,
            "retention_policy": [],
            "rpo": null,
            "self_link": "https://www.googleapis.com/storage/v1/b/terraops-europe-west2-tenant-data",
            "soft_delete_policy": [
              {
                "effective_time": "2025-08-28T22:45:50.530Z",
                "retention_duration_seconds": 604800
              }
            ],
            "storage_class": "NEARLINE",
            "terraform_labels": {
              "contains": "tenant_and_shared_data",
              "cost_tier": "security_compliant",
              "created_by": "terraform",
              "environment": "prod",
              "goog-terraform-provisioned": "true",
              "region": "europe_west2",
              "type": "multi_purpose"
            },
            "time_created": "2025-08-28T22:45:50.530Z",
            "timeouts": null,
            "uniform_bucket_level_access": true,
            "updated": "2025-08-28T22:45:50.530Z",
            "url": "gs://terraops-europe-west2-tenant-data",
            "versioning": [
              {
                "enabled": true
              }
            ],
            "website": []
          },
          "sensitive_attributes": [],
          "private": "eyJlMmJmYjczMC1lY2FhLTExZTYtOGY4OC0zNDM2M2JjN2M0YzAiOnsiY3JlYXRlIjo2MDAwMDAwMDAwMDAsInJlYWQiOjI0MDAwMDAwMDAwMCwidXBkYXRlIjoyNDAwMDAwMDAwMDB9LCJzY2hlbWFfdmVyc2lvbiI6IjMifQ=="
        },
        {
          "index_key": "europe-west3",
          "schema_version": 3,
          "attributes": {
            "autoclass": [],
            "cors": [],
            "custom_placement_config": [],
            "default_event_based_hold": false,
            "effective_labels": {
              "contains": "tenant_and_shared_data",
              "cost_tier": "security_compliant",
              "created_by": "terraform",
              "environment": "prod",
              "goog-terraform-provisioned": "true",
              "region": "europe_west3",
              "type": "multi_purpose"
            },
            "enable_object_retention": false,
            "encryption": [],
            "force_destroy": false,
            "hierarchical_namespace": [
              {
                "enabled": false
              }
            ],
            "id": "terraops-europe-west3-tenant-data",
            "ip_filter": [],
            "labels": {
              "contains": "tenant_and_shared_data",
              "cost_tier": "security_compliant",
              "created_by": "terraform",
              "environment": "prod",
              "region": "europe_west3",
              "type": "multi_purpose"
            },
            "lifecycle_rule": [
              {
                "action": [
                  {
                    "storage_class": "COLDLINE",
                    "type": "SetStorageClass"
                  }
                ],
                "condition": [
                  {
                    "age": 90,
                    "created_before": "",
                    "custom_time_before": "",
                    "days_since_custom_time": 0,
                    "days_since_noncurrent_time": 0,
                    "matches_prefix": [],
                    "matches_storage_class": [],
                    "matches_suffix": [],
                    "noncurrent_time_before": "",
                    "num_newer_versions": 0,
                    "send_age_if_zero": false,
                    "send_days_since_custom_time_if_zero": false,
                    "send_days_since_noncurrent_time_if_zero": false,
                    "send_num_newer_versions_if_zero": false,
                    "with_state": "ANY"
                  }
                ]
              },
              {
                "action": [
                  {
                    "storage_class": "ARCHIVE",
                    "type": "SetStorageClass"
                  }
                ],
                "condition": [
                  {
                    "age": 365,
                    "created_before": "",
                    "custom_time_before": "",
                    "days_since_custom_time": 0,
                    "days_since_noncurrent_time": 0,
                    "matches_prefix": [],
                    "matches_storage_class": [],
                    "matches_suffix": [],
                    "noncurrent_time_before": "",
                    "num_newer_versions": 0,
                    "send_age_if_zero": false,
                    "send_days_since_custom_time_if_zero": false,
                    "send_days_since_noncurrent_time_if_zero": false,
                    "send_num_newer_versions_if_zero": false,
                    "with_state": "ANY"
                  }
                ]
              },
              {
                "action": [
                  {
                    "storage_class": "COLDLINE",
                    "type": "SetStorageClass"
                  }
                ],
                "condition": [
                  {
                    "age": 7,
                    "created_before": "",
                    "custom_time_before": "",
                    "days_since_custom_time": 0,
                    "days_since_noncurrent_time": 0,
                    "matches_prefix": [
                      "tenants/",
                      "shared/"
                    ],
                    "matches_storage_class": [],
                    "matches_suffix": [
                      "/bad-records/"
                    ],
                    "noncurrent_time_before": "",
                    "num_newer_versions": 0,
                    "send_age_if_zero": false,
                    "send_days_since_custom_time_if_zero": false,
                    "send_days_since_noncurrent_time_if_zero": false,
                    "send_num_newer_versions_if_zero": false,
                    "with_state": "ANY"
                  }
                ]
              },
              {
                "action": [
                  {
                    "storage_class": "ARCHIVE",
                    "type": "SetStorageClass"
                  }
                ],
                "condition": [
                  {
                    "age": 30,
                    "created_before": "",
                    "custom_time_before": "",
                    "days_since_custom_time": 0,
                    "days_since_noncurrent_time": 0,
                    "matches_prefix": [
                      "tenants/",
                      "shared/"
                    ],
                    "matches_storage_class": [],
                    "matches_suffix": [
                      "/bad-records/"
                    ],
                    "noncurrent_time_before": "",
                    "num_newer_versions": 0,
                    "send_age_if_zero": false,
                    "send_days_since_custom_time_if_zero": false,
                    "send_days_since_noncurrent_time_if_zero": false,
                    "send_num_newer_versions_if_zero": false,
                    "with_state": "ANY"
                  }
                ]
              },
              {
                "action": [
                  {
                    "storage_class": "COLDLINE",
                    "type": "SetStorageClass"
                  }
                ],
                "condition": [
                  {
                    "age": 60,
                    "created_before": "",
                    "custom_time_before": "",
                    "days_since_custom_time": 0,
                    "days_since_noncurrent_time": 0,
                    "matches_prefix": [
                      "shared/"
                    ],
                    "matches_storage_class": [],
                    "matches_suffix": [],
                    "noncurrent_time_before": "",
                    "num_newer_versions": 0,
                    "send_age_if_zero": false,
                    "send_days_since_custom_time_if_zero": false,
                    "send_days_since_noncurrent_time_if_zero": false,
                    "send_num_newer_versions_if_zero": false,
                    "with_state": "ANY"
                  }
                ]
              },
              {
                "action": [
                  {
                    "storage_class": "ARCHIVE",
                    "type": "SetStorageClass"
                  }
                ],
                "condition": [
                  {
                    "age": 180,
                    "created_before": "",
                    "custom_time_before": "",
                    "days_since_custom_time": 0,
                    "days_since_noncurrent_time": 0,
                    "matches_prefix": [
                      "shared/"
                    ],
                    "matches_storage_class": [],
                    "matches_suffix": [],
                    "noncurrent_time_before": "",
                    "num_newer_versions": 0,
                    "send_age_if_zero": false,
                    "send_days_since_custom_time_if_zero": false,
                    "send_days_since_noncurrent_time_if_zero": false,
                    "send_num_newer_versions_if_zero": false,
                    "with_state": "ANY"
                  }
                ]
              }
            ],
            "location": "EUROPE-WEST3",
            "logging": [
              {
                "log_bucket": "terraops-global-access-logs",
                "log_object_prefix": "access-logs/terraops-europe-west3-tenant-data/"
              }
            ],
            "name": "terraops-europe-west3-tenant-data",
            "project": "data-pipeline-project-450922",
            "project_number": 253940201126,
            "public_access_prevention": "enforced",
            "requester_pays": false,
            "retention_policy": [],
            "rpo": null,
            "self_link": "https://www.googleapis.com/storage/v1/b/terraops-europe-west3-tenant-data",
            "soft_delete_policy": [
              {
                "effective_time": "2025-08-28T22:45:50.897Z",
                "retention_duration_seconds": 604800
              }
            ],
            "storage_class": "NEARLINE",
            "terraform_labels": {
              "contains": "tenant_and_shared_data",
              "cost_tier": "security_compliant",
              "created_by": "terraform",
              "environment": "prod",
              "goog-terraform-provisioned": "true",
              "region": "europe_west3",
              "type": "multi_purpose"
            },
            "time_created": "2025-08-28T22:45:50.897Z",
            "timeouts": null,
            "uniform_bucket_level_access": true,
            "updated": "2025-08-28T22:45:50.897Z",
            "url": "gs://terraops-europe-west3-tenant-data",
            "versioning": [
              {
                "enabled": true
              }
            ],
            "website": []
          },
          "sensitive_attributes": [],
          "private": "eyJlMmJmYjczMC1lY2FhLTExZTYtOGY4OC0zNDM2M2JjN2M0YzAiOnsiY3JlYXRlIjo2MDAwMDAwMDAwMDAsInJlYWQiOjI0MDAwMDAwMDAwMCwidXBkYXRlIjoyNDAwMDAwMDAwMDB9LCJzY2hlbWFfdmVyc2lvbiI6IjMifQ=="
        },
        {
          "index_key": "europe-west4",
          "schema_version": 3,
          "attributes": {
            "autoclass": [],
            "cors": [],
            "custom_placement_config": [],
            "default_event_based_hold": false,
            "effective_labels": {
              "contains": "tenant_and_shared_data",
              "cost_tier": "security_compliant",
              "created_by": "terraform",
              "environment": "prod",
              "goog-terraform-provisioned": "true",
              "region": "europe_west4",
              "type": "multi_purpose"
            },
            "enable_object_retention": false,
            "encryption": [],
            "force_destroy": false,
            "hierarchical_namespace": [
              {
                "enabled": false
              }
            ],
            "id": "terraops-europe-west4-tenant-data",
            "ip_filter": [],
            "labels": {
              "contains": "tenant_and_shared_data",
              "cost_tier": "security_compliant",
              "created_by": "terraform",
              "environment": "prod",
              "region": "europe_west4",
              "type": "multi_purpose"
            },
            "lifecycle_rule": [
              {
                "action": [
                  {
                    "storage_class": "COLDLINE",
                    "type": "SetStorageClass"
                  }
                ],
                "condition": [
                  {
                    "age": 90,
                    "created_before": "",
                    "custom_time_before": "",
                    "days_since_custom_time": 0,
                    "days_since_noncurrent_time": 0,
                    "matches_prefix": [],
                    "matches_storage_class": [],
                    "matches_suffix": [],
                    "noncurrent_time_before": "",
                    "num_newer_versions": 0,
                    "send_age_if_zero": false,
                    "send_days_since_custom_time_if_zero": false,
                    "send_days_since_noncurrent_time_if_zero": false,
                    "send_num_newer_versions_if_zero": false,
                    "with_state": "ANY"
                  }
                ]
              },
              {
                "action": [
                  {
                    "storage_class": "ARCHIVE",
                    "type": "SetStorageClass"
                  }
                ],
                "condition": [
                  {
                    "age": 365,
                    "created_before": "",
                    "custom_time_before": "",
                    "days_since_custom_time": 0,
                    "days_since_noncurrent_time": 0,
                    "matches_prefix": [],
                    "matches_storage_class": [],
                    "matches_suffix": [],
                    "noncurrent_time_before": "",
                    "num_newer_versions": 0,
                    "send_age_if_zero": false,
                    "send_days_since_custom_time_if_zero": false,
                    "send_days_since_noncurrent_time_if_zero": false,
                    "send_num_newer_versions_if_zero": false,
                    "with_state": "ANY"
                  }
                ]
              },
              {
                "action": [
                  {
                    "storage_class": "COLDLINE",
                    "type": "SetStorageClass"
                  }
                ],
                "condition": [
                  {
                    "age": 7,
                    "created_before": "",
                    "custom_time_before": "",
                    "days_since_custom_time": 0,
                    "days_since_noncurrent_time": 0,
                    "matches_prefix": [
                      "tenants/",
                      "shared/"
                    ],
                    "matches_storage_class": [],
                    "matches_suffix": [
                      "/bad-records/"
                    ],
                    "noncurrent_time_before": "",
                    "num_newer_versions": 0,
                    "send_age_if_zero": false,
                    "send_days_since_custom_time_if_zero": false,
                    "send_days_since_noncurrent_time_if_zero": false,
                    "send_num_newer_versions_if_zero": false,
                    "with_state": "ANY"
                  }
                ]
              },
              {
                "action": [
                  {
                    "storage_class": "ARCHIVE",
                    "type": "SetStorageClass"
                  }
                ],
                "condition": [
                  {
                    "age": 30,
                    "created_before": "",
                    "custom_time_before": "",
                    "days_since_custom_time": 0,
                    "days_since_noncurrent_time": 0,
                    "matches_prefix": [
                      "tenants/",
                      "shared/"
                    ],
                    "matches_storage_class": [],
                    "matches_suffix": [
                      "/bad-records/"
                    ],
                    "noncurrent_time_before": "",
                    "num_newer_versions": 0,
                    "send_age_if_zero": false,
                    "send_days_since_custom_time_if_zero": false,
                    "send_days_since_noncurrent_time_if_zero": false,
                    "send_num_newer_versions_if_zero": false,
                    "with_state": "ANY"
                  }
                ]
              },
              {
                "action": [
                  {
                    "storage_class": "COLDLINE",
                    "type": "SetStorageClass"
                  }
                ],
                "condition": [
                  {
                    "age": 60,
                    "created_before": "",
                    "custom_time_before": "",
                    "days_since_custom_time": 0,
                    "days_since_noncurrent_time": 0,
                    "matches_prefix": [
                      "shared/"
                    ],
                    "matches_storage_class": [],
                    "matches_suffix": [],
                    "noncurrent_time_before": "",
                    "num_newer_versions": 0,
                    "send_age_if_zero": false,
                    "send_days_since_custom_time_if_zero": false,
                    "send_days_since_noncurrent_time_if_zero": false,
                    "send_num_newer_versions_if_zero": false,
                    "with_state": "ANY"
                  }
                ]
              },
              {
                "action": [
                  {
                    "storage_class": "ARCHIVE",
                    "type": "SetStorageClass"
                  }
                ],
                "condition": [
                  {
                    "age": 180,
                    "created_before": "",
                    "custom_time_before": "",
                    "days_since_custom_time": 0,
                    "days_since_noncurrent_time": 0,
                    "matches_prefix": [
                      "shared/"
                    ],
                    "matches_storage_class": [],
                    "matches_suffix": [],
                    "noncurrent_time_before": "",
                    "num_newer_versions": 0,
                    "send_age_if_zero": false,
                    "send_days_since_custom_time_if_zero": false,
                    "send_days_since_noncurrent_time_if_zero": false,
                    "send_num_newer_versions_if_zero": false,
                    "with_state": "ANY"
                  }
                ]
              }
            ],
            "location": "EUROPE-WEST4",
            "logging": [
              {
                "log_bucket": "terraops-global-access-logs",
                "log_object_prefix": "access-logs/terraops-europe-west4-tenant-data/"
              }
            ],
            "name": "terraops-europe-west4-tenant-data",
            "project": "data-pipeline-project-450922",
            "project_number": 253940201126,
            "public_access_prevention": "enforced",
            "requester_pays": false,
            "retention_policy": [],
            "rpo": null,
            "self_link": "https://www.googleapis.com/storage/v1/b/terraops-europe-west4-tenant-data",
            "soft_delete_policy": [
              {
                "effective_time": "2025-08-28T22:45:50.249Z",
                "retention_duration_seconds": 604800
              }
            ],
            "storage_class": "NEARLINE",
            "terraform_labels": {
              "contains": "tenant_and_shared_data",
              "cost_tier": "security_compliant",
              "created_by": "terraform",
              "environment": "prod",
              "goog-terraform-provisioned": "true",
              "region": "europe_west4",
              "type": "multi_purpose"
            },
            "time_created": "2025-08-28T22:45:50.249Z",
            "timeouts": null,
            "uniform_bucket_level_access": true,
            "updated": "2025-08-28T22:45:50.249Z",
            "url": "gs://terraops-europe-west4-tenant-data",
            "versioning": [
              {
                "enabled": true
              }
            ],
            "website": []
          },
          "sensitive_attributes": [],
          "private": "eyJlMmJmYjczMC1lY2FhLTExZTYtOGY4OC0zNDM2M2JjN2M0YzAiOnsiY3JlYXRlIjo2MDAwMDAwMDAwMDAsInJlYWQiOjI0MDAwMDAwMDAwMCwidXBkYXRlIjoyNDAwMDAwMDAwMDB9LCJzY2hlbWFfdmVyc2lvbiI6IjMifQ=="
        },
        {
          "index_key": "europe-west9",
          "schema_version": 3,
          "attributes": {
            "autoclass": [],
            "cors": [],
            "custom_placement_config": [],
            "default_event_based_hold": false,
            "effective_labels": {
              "contains": "tenant_and_shared_data",
              "cost_tier": "security_compliant",
              "created_by": "terraform",
              "environment": "prod",
              "goog-terraform-provisioned": "true",
              "region": "europe_west9",
              "type": "multi_purpose"
            },
            "enable_object_retention": false,
            "encryption": [],
            "force_destroy": false,
            "hierarchical_namespace": [
              {
                "enabled": false
              }
            ],
            "id": "terraops-europe-west9-tenant-data",
            "ip_filter": [],
            "labels": {
              "contains": "tenant_and_shared_data",
              "cost_tier": "security_compliant",
              "created_by": "terraform",
              "environment": "prod",
              "region": "europe_west9",
              "type": "multi_purpose"
            },
            "lifecycle_rule": [
              {
                "action": [
                  {
                    "storage_class": "COLDLINE",
                    "type": "SetStorageClass"
                  }
                ],
                "condition": [
                  {
                    "age": 90,
                    "created_before": "",
                    "custom_time_before": "",
                    "days_since_custom_time": 0,
                    "days_since_noncurrent_time": 0,
                    "matches_prefix": [],
                    "matches_storage_class": [],
                    "matches_suffix": [],
                    "noncurrent_time_before": "",
                    "num_newer_versions": 0,
                    "send_age_if_zero": false,
                    "send_days_since_custom_time_if_zero": false,
                    "send_days_since_noncurrent_time_if_zero": false,
                    "send_num_newer_versions_if_zero": false,
                    "with_state": "ANY"
                  }
                ]
              },
              {
                "action": [
                  {
                    "storage_class": "ARCHIVE",
                    "type": "SetStorageClass"
                  }
                ],
                "condition": [
                  {
                    "age": 365,
                    "created_before": "",
                    "custom_time_before": "",
                    "days_since_custom_time": 0,
                    "days_since_noncurrent_time": 0,
                    "matches_prefix": [],
                    "matches_storage_class": [],
                    "matches_suffix": [],
                    "noncurrent_time_before": "",
                    "num_newer_versions": 0,
                    "send_age_if_zero": false,
                    "send_days_since_custom_time_if_zero": false,
                    "send_days_since_noncurrent_time_if_zero": false,
                    "send_num_newer_versions_if_zero": false,
                    "with_state": "ANY"
                  }
                ]
              },
              {
                "action": [
                  {
                    "storage_class": "COLDLINE",
                    "type": "SetStorageClass"
                  }
                ],
                "condition": [
                  {
                    "age": 7,
                    "created_before": "",
                    "custom_time_before": "",
                    "days_since_custom_time": 0,
                    "days_since_noncurrent_time": 0,
                    "matches_prefix": [
                      "tenants/",
                      "shared/"
                    ],
                    "matches_storage_class": [],
                    "matches_suffix": [
                      "/bad-records/"
                    ],
                    "noncurrent_time_before": "",
                    "num_newer_versions": 0,
                    "send_age_if_zero": false,
                    "send_days_since_custom_time_if_zero": false,
                    "send_days_since_noncurrent_time_if_zero": false,
                    "send_num_newer_versions_if_zero": false,
                    "with_state": "ANY"
                  }
                ]
              },
              {
                "action": [
                  {
                    "storage_class": "ARCHIVE",
                    "type": "SetStorageClass"
                  }
                ],
                "condition": [
                  {
                    "age": 30,
                    "created_before": "",
                    "custom_time_before": "",
                    "days_since_custom_time": 0,
                    "days_since_noncurrent_time": 0,
                    "matches_prefix": [
                      "tenants/",
                      "shared/"
                    ],
                    "matches_storage_class": [],
                    "matches_suffix": [
                      "/bad-records/"
                    ],
                    "noncurrent_time_before": "",
                    "num_newer_versions": 0,
                    "send_age_if_zero": false,
                    "send_days_since_custom_time_if_zero": false,
                    "send_days_since_noncurrent_time_if_zero": false,
                    "send_num_newer_versions_if_zero": false,
                    "with_state": "ANY"
                  }
                ]
              },
              {
                "action": [
                  {
                    "storage_class": "COLDLINE",
                    "type": "SetStorageClass"
                  }
                ],
                "condition": [
                  {
                    "age": 60,
                    "created_before": "",
                    "custom_time_before": "",
                    "days_since_custom_time": 0,
                    "days_since_noncurrent_time": 0,
                    "matches_prefix": [
                      "shared/"
                    ],
                    "matches_storage_class": [],
                    "matches_suffix": [],
                    "noncurrent_time_before": "",
                    "num_newer_versions": 0,
                    "send_age_if_zero": false,
                    "send_days_since_custom_time_if_zero": false,
                    "send_days_since_noncurrent_time_if_zero": false,
                    "send_num_newer_versions_if_zero": false,
                    "with_state": "ANY"
                  }
                ]
              },
              {
                "action": [
                  {
                    "storage_class": "ARCHIVE",
                    "type": "SetStorageClass"
                  }
                ],
                "condition": [
                  {
                    "age": 180,
                    "created_before": "",
                    "custom_time_before": "",
                    "days_since_custom_time": 0,
                    "days_since_noncurrent_time": 0,
                    "matches_prefix": [
                      "shared/"
                    ],
                    "matches_storage_class": [],
                    "matches_suffix": [],
                    "noncurrent_time_before": "",
                    "num_newer_versions": 0,
                    "send_age_if_zero": false,
                    "send_days_since_custom_time_if_zero": false,
                    "send_days_since_noncurrent_time_if_zero": false,
                    "send_num_newer_versions_if_zero": false,
                    "with_state": "ANY"
                  }
                ]
              }
            ],
            "location": "EUROPE-WEST9",
            "logging": [
              {
                "log_bucket": "terraops-global-access-logs",
                "log_object_prefix": "access-logs/terraops-europe-west9-tenant-data/"
              }
            ],
            "name": "terraops-europe-west9-tenant-data",
            "project": "data-pipeline-project-450922",
            "project_number": 253940201126,
            "public_access_prevention": "enforced",
            "requester_pays": false,
            "retention_policy": [],
            "rpo": null,
            "self_link": "https://www.googleapis.com/storage/v1/b/terraops-europe-west9-tenant-data",
            "soft_delete_policy": [
              {
                "effective_time": "2025-08-28T22:45:52.213Z",
                "retention_duration_seconds": 604800
              }
            ],
            "storage_class": "NEARLINE",
            "terraform_labels": {
              "contains": "tenant_and_shared_data",
              "cost_tier": "security_compliant",
              "created_by": "terraform",
              "environment": "prod",
              "goog-terraform-provisioned": "true",
              "region": "europe_west9",
              "type": "multi_purpose"
            },
            "time_created": "2025-08-28T22:45:52.213Z",
            "timeouts": null,
            "uniform_bucket_level_access": true,
            "updated": "2025-08-28T22:45:52.213Z",
            "url": "gs://terraops-europe-west9-tenant-data",
            "versioning": [
              {
                "enabled": true
              }
            ],
            "website": []
          },
          "sensitive_attributes": [],
          "private": "eyJlMmJmYjczMC1lY2FhLTExZTYtOGY4OC0zNDM2M2JjN2M0YzAiOnsiY3JlYXRlIjo2MDAwMDAwMDAwMDAsInJlYWQiOjI0MDAwMDAwMDAwMCwidXBkYXRlIjoyNDAwMDAwMDAwMDB9LCJzY2hlbWFfdmVyc2lvbiI6IjMifQ=="
        },
        {
          "index_key": "northamerica-northeast1",
          "schema_version": 3,
          "attributes": {
            "autoclass": [],
            "cors": [],
            "custom_placement_config": [],
            "default_event_based_hold": false,
            "effective_labels": {
              "contains": "tenant_and_shared_data",
              "cost_tier": "security_compliant",
              "created_by": "terraform",
              "environment": "prod",
              "goog-terraform-provisioned": "true",
              "region": "northamerica_northeast1",
              "type": "multi_purpose"
            },
            "enable_object_retention": false,
            "encryption": [],
            "force_destroy": false,
            "hierarchical_namespace": [
              {
                "enabled": false
              }
            ],
            "id": "terraops-northamerica-northeast1-tenant-data",
            "ip_filter": [],
            "labels": {
              "contains": "tenant_and_shared_data",
              "cost_tier": "security_compliant",
              "created_by": "terraform",
              "environment": "prod",
              "region": "northamerica_northeast1",
              "type": "multi_purpose"
            },
            "lifecycle_rule": [
              {
                "action": [
                  {
                    "storage_class": "COLDLINE",
                    "type": "SetStorageClass"
                  }
                ],
                "condition": [
                  {
                    "age": 90,
                    "created_before": "",
                    "custom_time_before": "",
                    "days_since_custom_time": 0,
                    "days_since_noncurrent_time": 0,
                    "matches_prefix": [],
                    "matches_storage_class": [],
                    "matches_suffix": [],
                    "noncurrent_time_before": "",
                    "num_newer_versions": 0,
                    "send_age_if_zero": false,
                    "send_days_since_custom_time_if_zero": false,
                    "send_days_since_noncurrent_time_if_zero": false,
                    "send_num_newer_versions_if_zero": false,
                    "with_state": "ANY"
                  }
                ]
              },
              {
                "action": [
                  {
                    "storage_class": "ARCHIVE",
                    "type": "SetStorageClass"
                  }
                ],
                "condition": [
                  {
                    "age": 365,
                    "created_before": "",
                    "custom_time_before": "",
                    "days_since_custom_time": 0,
                    "days_since_noncurrent_time": 0,
                    "matches_prefix": [],
                    "matches_storage_class": [],
                    "matches_suffix": [],
                    "noncurrent_time_before": "",
                    "num_newer_versions": 0,
                    "send_age_if_zero": false,
                    "send_days_since_custom_time_if_zero": false,
                    "send_days_since_noncurrent_time_if_zero": false,
                    "send_num_newer_versions_if_zero": false,
                    "with_state": "ANY"
                  }
                ]
              },
              {
                "action": [
                  {
                    "storage_class": "COLDLINE",
                    "type": "SetStorageClass"
                  }
                ],
                "condition": [
                  {
                    "age": 7,
                    "created_before": "",
                    "custom_time_before": "",
                    "days_since_custom_time": 0,
                    "days_since_noncurrent_time": 0,
                    "matches_prefix": [
                      "tenants/",
                      "shared/"
                    ],
                    "matches_storage_class": [],
                    "matches_suffix": [
                      "/bad-records/"
                    ],
                    "noncurrent_time_before": "",
                    "num_newer_versions": 0,
                    "send_age_if_zero": false,
                    "send_days_since_custom_time_if_zero": false,
                    "send_days_since_noncurrent_time_if_zero": false,
                    "send_num_newer_versions_if_zero": false,
                    "with_state": "ANY"
                  }
                ]
              },
              {
                "action": [
                  {
                    "storage_class": "ARCHIVE",
                    "type": "SetStorageClass"
                  }
                ],
                "condition": [
                  {
                    "age": 30,
                    "created_before": "",
                    "custom_time_before": "",
                    "days_since_custom_time": 0,
                    "days_since_noncurrent_time": 0,
                    "matches_prefix": [
                      "tenants/",
                      "shared/"
                    ],
                    "matches_storage_class": [],
                    "matches_suffix": [
                      "/bad-records/"
                    ],
                    "noncurrent_time_before": "",
                    "num_newer_versions": 0,
                    "send_age_if_zero": false,
                    "send_days_since_custom_time_if_zero": false,
                    "send_days_since_noncurrent_time_if_zero": false,
                    "send_num_newer_versions_if_zero": false,
                    "with_state": "ANY"
                  }
                ]
              },
              {
                "action": [
                  {
                    "storage_class": "COLDLINE",
                    "type": "SetStorageClass"
                  }
                ],
                "condition": [
                  {
                    "age": 60,
                    "created_before": "",
                    "custom_time_before": "",
                    "days_since_custom_time": 0,
                    "days_since_noncurrent_time": 0,
                    "matches_prefix": [
                      "shared/"
                    ],
                    "matches_storage_class": [],
                    "matches_suffix": [],
                    "noncurrent_time_before": "",
                    "num_newer_versions": 0,
                    "send_age_if_zero": false,
                    "send_days_since_custom_time_if_zero": false,
                    "send_days_since_noncurrent_time_if_zero": false,
                    "send_num_newer_versions_if_zero": false,
                    "with_state": "ANY"
                  }
                ]
              },
              {
                "action": [
                  {
                    "storage_class": "ARCHIVE",
                    "type": "SetStorageClass"
                  }
                ],
                "condition": [
                  {
                    "age": 180,
                    "created_before": "",
                    "custom_time_before": "",
                    "days_since_custom_time": 0,
                    "days_since_noncurrent_time": 0,
                    "matches_prefix": [
                      "shared/"
                    ],
                    "matches_storage_class": [],
                    "matches_suffix": [],
                    "noncurrent_time_before": "",
                    "num_newer_versions": 0,
                    "send_age_if_zero": false,
                    "send_days_since_custom_time_if_zero": false,
                    "send_days_since_noncurrent_time_if_zero": false,
                    "send_num_newer_versions_if_zero": false,
                    "with_state": "ANY"
                  }
                ]
              }
            ],
            "location": "NORTHAMERICA-NORTHEAST1",
            "logging": [
              {
                "log_bucket": "terraops-global-access-logs",
                "log_object_prefix": "access-logs/terraops-northamerica-northeast1-tenant-data/"
              }
            ],
            "name": "terraops-northamerica-northeast1-tenant-data",
            "project": "data-pipeline-project-450922",
            "project_number": 253940201126,
            "public_access_prevention": "enforced",
            "requester_pays": false,
            "retention_policy": [],
            "rpo": null,
            "self_link": "https://www.googleapis.com/storage/v1/b/terraops-northamerica-northeast1-tenant-data",
            "soft_delete_policy": [
              {
                "effective_time": "2025-08-28T22:45:51.247Z",
                "retention_duration_seconds": 604800
              }
            ],
            "storage_class": "NEARLINE",
            "terraform_labels": {
              "contains": "tenant_and_shared_data",
              "cost_tier": "security_compliant",
              "created_by": "terraform",
              "environment": "prod",
              "goog-terraform-provisioned": "true",
              "region": "northamerica_northeast1",
              "type": "multi_purpose"
            },
            "time_created": "2025-08-28T22:45:51.247Z",
            "timeouts": null,
            "uniform_bucket_level_access": true,
            "updated": "2025-08-28T22:45:51.247Z",
            "url": "gs://terraops-northamerica-northeast1-tenant-data",
            "versioning": [
              {
                "enabled": true
              }
            ],
            "website": []
          },
          "sensitive_attributes": [],
          "private": "eyJlMmJmYjczMC1lY2FhLTExZTYtOGY4OC0zNDM2M2JjN2M0YzAiOnsiY3JlYXRlIjo2MDAwMDAwMDAwMDAsInJlYWQiOjI0MDAwMDAwMDAwMCwidXBkYXRlIjoyNDAwMDAwMDAwMDB9LCJzY2hlbWFfdmVyc2lvbiI6IjMifQ=="
        },
        {
          "index_key": "us-central1",
          "schema_version": 3,
          "attributes": {
            "autoclass": [],
            "cors": [],
            "custom_placement_config": [],
            "default_event_based_hold": false,
            "effective_labels": {
              "contains": "tenant_and_shared_data",
              "cost_tier": "security_compliant",
              "created_by": "terraform",
              "environment": "prod",
              "goog-terraform-provisioned": "true",
              "region": "us_central1",
              "type": "multi_purpose"
            },
            "enable_object_retention": false,
            "encryption": [],
            "force_destroy": false,
            "hierarchical_namespace": [
              {
                "enabled": false
              }
            ],
            "id": "terraops-us-central1-tenant-data",
            "ip_filter": [],
            "labels": {
              "contains": "tenant_and_shared_data",
              "cost_tier": "security_compliant",
              "created_by": "terraform",
              "environment": "prod",
              "region": "us_central1",
              "type": "multi_purpose"
            },
            "lifecycle_rule": [
              {
                "action": [
                  {
                    "storage_class": "COLDLINE",
                    "type": "SetStorageClass"
                  }
                ],
                "condition": [
                  {
                    "age": 90,
                    "created_before": "",
                    "custom_time_before": "",
                    "days_since_custom_time": 0,
                    "days_since_noncurrent_time": 0,
                    "matches_prefix": [],
                    "matches_storage_class": [],
                    "matches_suffix": [],
                    "noncurrent_time_before": "",
                    "num_newer_versions": 0,
                    "send_age_if_zero": false,
                    "send_days_since_custom_time_if_zero": false,
                    "send_days_since_noncurrent_time_if_zero": false,
                    "send_num_newer_versions_if_zero": false,
                    "with_state": "ANY"
                  }
                ]
              },
              {
                "action": [
                  {
                    "storage_class": "ARCHIVE",
                    "type": "SetStorageClass"
                  }
                ],
                "condition": [
                  {
                    "age": 365,
                    "created_before": "",
                    "custom_time_before": "",
                    "days_since_custom_time": 0,
                    "days_since_noncurrent_time": 0,
                    "matches_prefix": [],
                    "matches_storage_class": [],
                    "matches_suffix": [],
                    "noncurrent_time_before": "",
                    "num_newer_versions": 0,
                    "send_age_if_zero": false,
                    "send_days_since_custom_time_if_zero": false,
                    "send_days_since_noncurrent_time_if_zero": false,
                    "send_num_newer_versions_if_zero": false,
                    "with_state": "ANY"
                  }
                ]
              },
              {
                "action": [
                  {
                    "storage_class": "COLDLINE",
                    "type": "SetStorageClass"
                  }
                ],
                "condition": [
                  {
                    "age": 7,
                    "created_before": "",
                    "custom_time_before": "",
                    "days_since_custom_time": 0,
                    "days_since_noncurrent_time": 0,
                    "matches_prefix": [
                      "tenants/",
                      "shared/"
                    ],
                    "matches_storage_class": [],
                    "matches_suffix": [
                      "/bad-records/"
                    ],
                    "noncurrent_time_before": "",
                    "num_newer_versions": 0,
                    "send_age_if_zero": false,
                    "send_days_since_custom_time_if_zero": false,
                    "send_days_since_noncurrent_time_if_zero": false,
                    "send_num_newer_versions_if_zero": false,
                    "with_state": "ANY"
                  }
                ]
              },
              {
                "action": [
                  {
                    "storage_class": "ARCHIVE",
                    "type": "SetStorageClass"
                  }
                ],
                "condition": [
                  {
                    "age": 30,
                    "created_before": "",
                    "custom_time_before": "",
                    "days_since_custom_time": 0,
                    "days_since_noncurrent_time": 0,
                    "matches_prefix": [
                      "tenants/",
                      "shared/"
                    ],
                    "matches_storage_class": [],
                    "matches_suffix": [
                      "/bad-records/"
                    ],
                    "noncurrent_time_before": "",
                    "num_newer_versions": 0,
                    "send_age_if_zero": false,
                    "send_days_since_custom_time_if_zero": false,
                    "send_days_since_noncurrent_time_if_zero": false,
                    "send_num_newer_versions_if_zero": false,
                    "with_state": "ANY"
                  }
                ]
              },
              {
                "action": [
                  {
                    "storage_class": "COLDLINE",
                    "type": "SetStorageClass"
                  }
                ],
                "condition": [
                  {
                    "age": 60,
                    "created_before": "",
                    "custom_time_before": "",
                    "days_since_custom_time": 0,
                    "days_since_noncurrent_time": 0,
                    "matches_prefix": [
                      "shared/"
                    ],
                    "matches_storage_class": [],
                    "matches_suffix": [],
                    "noncurrent_time_before": "",
                    "num_newer_versions": 0,
                    "send_age_if_zero": false,
                    "send_days_since_custom_time_if_zero": false,
                    "send_days_since_noncurrent_time_if_zero": false,
                    "send_num_newer_versions_if_zero": false,
                    "with_state": "ANY"
                  }
                ]
              },
              {
                "action": [
                  {
                    "storage_class": "ARCHIVE",
                    "type": "SetStorageClass"
                  }
                ],
                "condition": [
                  {
                    "age": 180,
                    "created_before": "",
                    "custom_time_before": "",
                    "days_since_custom_time": 0,
                    "days_since_noncurrent_time": 0,
                    "matches_prefix": [
                      "shared/"
                    ],
                    "matches_storage_class": [],
                    "matches_suffix": [],
                    "noncurrent_time_before": "",
                    "num_newer_versions": 0,
                    "send_age_if_zero": false,
                    "send_days_since_custom_time_if_zero": false,
                    "send_days_since_noncurrent_time_if_zero": false,
                    "send_num_newer_versions_if_zero": false,
                    "with_state": "ANY"
                  }
                ]
              }
            ],
            "location": "US-CENTRAL1",
            "logging": [
              {
                "log_bucket": "terraops-global-access-logs",
                "log_object_prefix": "access-logs/terraops-us-central1-tenant-data/"
              }
            ],
            "name": "terraops-us-central1-tenant-data",
            "project": "data-pipeline-project-450922",
            "project_number": 253940201126,
            "public_access_prevention": "enforced",
            "requester_pays": false,
            "retention_policy": [],
            "rpo": null,
            "self_link": "https://www.googleapis.com/storage/v1/b/terraops-us-central1-tenant-data",
            "soft_delete_policy": [
              {
                "effective_time": "2025-08-28T22:45:51.331Z",
                "retention_duration_seconds": 604800
              }
            ],
            "storage_class": "NEARLINE",
            "terraform_labels": {
              "contains": "tenant_and_shared_data",
              "cost_tier": "security_compliant",
              "created_by": "terraform",
              "environment": "prod",
              "goog-terraform-provisioned": "true",
              "region": "us_central1",
              "type": "multi_purpose"
            },
            "time_created": "2025-08-28T22:45:51.331Z",
            "timeouts": null,
            "uniform_bucket_level_access": true,
            "updated": "2025-08-28T22:45:51.331Z",
            "url": "gs://terraops-us-central1-tenant-data",
            "versioning": [
              {
                "enabled": true
              }
            ],
            "website": []
          },
          "sensitive_attributes": [],
          "private": "eyJlMmJmYjczMC1lY2FhLTExZTYtOGY4OC0zNDM2M2JjN2M0YzAiOnsiY3JlYXRlIjo2MDAwMDAwMDAwMDAsInJlYWQiOjI0MDAwMDAwMDAwMCwidXBkYXRlIjoyNDAwMDAwMDAwMDB9LCJzY2hlbWFfdmVyc2lvbiI6IjMifQ=="
        },
        {
          "index_key": "us-east1",
          "schema_version": 3,
          "attributes": {
            "autoclass": [],
            "cors": [],
            "custom_placement_config": [],
            "default_event_based_hold": false,
            "effective_labels": {
              "contains": "tenant_and_shared_data",
              "cost_tier": "security_compliant",
              "created_by": "terraform",
              "environment": "prod",
              "goog-terraform-provisioned": "true",
              "region": "us_east1",
              "type": "multi_purpose"
            },
            "enable_object_retention": false,
            "encryption": [],
            "force_destroy": false,
            "hierarchical_namespace": [
              {
                "enabled": false
              }
            ],
            "id": "terraops-us-east1-tenant-data",
            "ip_filter": [],
            "labels": {
              "contains": "tenant_and_shared_data",
              "cost_tier": "security_compliant",
              "created_by": "terraform",
              "environment": "prod",
              "region": "us_east1",
              "type": "multi_purpose"
            },
            "lifecycle_rule": [
              {
                "action": [
                  {
                    "storage_class": "COLDLINE",
                    "type": "SetStorageClass"
                  }
                ],
                "condition": [
                  {
                    "age": 90,
                    "created_before": "",
                    "custom_time_before": "",
                    "days_since_custom_time": 0,
                    "days_since_noncurrent_time": 0,
                    "matches_prefix": [],
                    "matches_storage_class": [],
                    "matches_suffix": [],
                    "noncurrent_time_before": "",
                    "num_newer_versions": 0,
                    "send_age_if_zero": false,
                    "send_days_since_custom_time_if_zero": false,
                    "send_days_since_noncurrent_time_if_zero": false,
                    "send_num_newer_versions_if_zero": false,
                    "with_state": "ANY"
                  }
                ]
              },
              {
                "action": [
                  {
                    "storage_class": "ARCHIVE",
                    "type": "SetStorageClass"
                  }
                ],
                "condition": [
                  {
                    "age": 365,
                    "created_before": "",
                    "custom_time_before": "",
                    "days_since_custom_time": 0,
                    "days_since_noncurrent_time": 0,
                    "matches_prefix": [],
                    "matches_storage_class": [],
                    "matches_suffix": [],
                    "noncurrent_time_before": "",
                    "num_newer_versions": 0,
                    "send_age_if_zero": false,
                    "send_days_since_custom_time_if_zero": false,
                    "send_days_since_noncurrent_time_if_zero": false,
                    "send_num_newer_versions_if_zero": false,
                    "with_state": "ANY"
                  }
                ]
              },
              {
                "action": [
                  {
                    "storage_class": "COLDLINE",
                    "type": "SetStorageClass"
                  }
                ],
                "condition": [
                  {
                    "age": 7,
                    "created_before": "",
                    "custom_time_before": "",
                    "days_since_custom_time": 0,
                    "days_since_noncurrent_time": 0,
                    "matches_prefix": [
                      "tenants/",
                      "shared/"
                    ],
                    "matches_storage_class": [],
                    "matches_suffix": [
                      "/bad-records/"
                    ],
                    "noncurrent_time_before": "",
                    "num_newer_versions": 0,
                    "send_age_if_zero": false,
                    "send_days_since_custom_time_if_zero": false,
                    "send_days_since_noncurrent_time_if_zero": false,
                    "send_num_newer_versions_if_zero": false,
                    "with_state": "ANY"
                  }
                ]
              },
              {
                "action": [
                  {
                    "storage_class": "ARCHIVE",
                    "type": "SetStorageClass"
                  }
                ],
                "condition": [
                  {
                    "age": 30,
                    "created_before": "",
                    "custom_time_before": "",
                    "days_since_custom_time": 0,
                    "days_since_noncurrent_time": 0,
                    "matches_prefix": [
                      "tenants/",
                      "shared/"
                    ],
                    "matches_storage_class": [],
                    "matches_suffix": [
                      "/bad-records/"
                    ],
                    "noncurrent_time_before": "",
                    "num_newer_versions": 0,
                    "send_age_if_zero": false,
                    "send_days_since_custom_time_if_zero": false,
                    "send_days_since_noncurrent_time_if_zero": false,
                    "send_num_newer_versions_if_zero": false,
                    "with_state": "ANY"
                  }
                ]
              },
              {
                "action": [
                  {
                    "storage_class": "COLDLINE",
                    "type": "SetStorageClass"
                  }
                ],
                "condition": [
                  {
                    "age": 60,
                    "created_before": "",
                    "custom_time_before": "",
                    "days_since_custom_time": 0,
                    "days_since_noncurrent_time": 0,
                    "matches_prefix": [
                      "shared/"
                    ],
                    "matches_storage_class": [],
                    "matches_suffix": [],
                    "noncurrent_time_before": "",
                    "num_newer_versions": 0,
                    "send_age_if_zero": false,
                    "send_days_since_custom_time_if_zero": false,
                    "send_days_since_noncurrent_time_if_zero": false,
                    "send_num_newer_versions_if_zero": false,
                    "with_state": "ANY"
                  }
                ]
              },
              {
                "action": [
                  {
                    "storage_class": "ARCHIVE",
                    "type": "SetStorageClass"
                  }
                ],
                "condition": [
                  {
                    "age": 180,
                    "created_before": "",
                    "custom_time_before": "",
                    "days_since_custom_time": 0,
                    "days_since_noncurrent_time": 0,
                    "matches_prefix": [
                      "shared/"
                    ],
                    "matches_storage_class": [],
                    "matches_suffix": [],
                    "noncurrent_time_before": "",
                    "num_newer_versions": 0,
                    "send_age_if_zero": false,
                    "send_days_since_custom_time_if_zero": false,
                    "send_days_since_noncurrent_time_if_zero": false,
                    "send_num_newer_versions_if_zero": false,
                    "with_state": "ANY"
                  }
                ]
              }
            ],
            "location": "US-EAST1",
            "logging": [
              {
                "log_bucket": "terraops-global-access-logs",
                "log_object_prefix": "access-logs/terraops-us-east1-tenant-data/"
              }
            ],
            "name": "terraops-us-east1-tenant-data",
            "project": "data-pipeline-project-450922",
            "project_number": 253940201126,
            "public_access_prevention": "enforced",
            "requester_pays": false,
            "retention_policy": [],
            "rpo": null,
            "self_link": "https://www.googleapis.com/storage/v1/b/terraops-us-east1-tenant-data",
            "soft_delete_policy": [
              {
                "effective_time": "2025-08-28T22:45:49.967Z",
                "retention_duration_seconds": 604800
              }
            ],
            "storage_class": "NEARLINE",
            "terraform_labels": {
              "contains": "tenant_and_shared_data",
              "cost_tier": "security_compliant",
              "created_by": "terraform",
              "environment": "prod",
              "goog-terraform-provisioned": "true",
              "region": "us_east1",
              "type": "multi_purpose"
            },
            "time_created": "2025-08-28T22:45:49.967Z",
            "timeouts": null,
            "uniform_bucket_level_access": true,
            "updated": "2025-08-28T22:45:49.967Z",
            "url": "gs://terraops-us-east1-tenant-data",
            "versioning": [
              {
                "enabled": true
              }
            ],
            "website": []
          },
          "sensitive_attributes": [],
          "private": "eyJlMmJmYjczMC1lY2FhLTExZTYtOGY4OC0zNDM2M2JjN2M0YzAiOnsiY3JlYXRlIjo2MDAwMDAwMDAwMDAsInJlYWQiOjI0MDAwMDAwMDAwMCwidXBkYXRlIjoyNDAwMDAwMDAwMDB9LCJzY2hlbWFfdmVyc2lvbiI6IjMifQ=="
        },
        {
          "index_key": "us-east4",
          "schema_version": 3,
          "attributes": {
            "autoclass": [],
            "cors": [],
            "custom_placement_config": [],
            "default_event_based_hold": false,
            "effective_labels": {
              "contains": "tenant_and_shared_data",
              "cost_tier": "security_compliant",
              "created_by": "terraform",
              "environment": "prod",
              "goog-terraform-provisioned": "true",
              "region": "us_east4",
              "type": "multi_purpose"
            },
            "enable_object_retention": false,
            "encryption": [],
            "force_destroy": false,
            "hierarchical_namespace": [
              {
                "enabled": false
              }
            ],
            "id": "terraops-us-east4-tenant-data",
            "ip_filter": [],
            "labels": {
              "contains": "tenant_and_shared_data",
              "cost_tier": "security_compliant",
              "created_by": "terraform",
              "environment": "prod",
              "region": "us_east4",
              "type": "multi_purpose"
            },
            "lifecycle_rule": [
              {
                "action": [
                  {
                    "storage_class": "COLDLINE",
                    "type": "SetStorageClass"
                  }
                ],
                "condition": [
                  {
                    "age": 90,
                    "created_before": "",
                    "custom_time_before": "",
                    "days_since_custom_time": 0,
                    "days_since_noncurrent_time": 0,
                    "matches_prefix": [],
                    "matches_storage_class": [],
                    "matches_suffix": [],
                    "noncurrent_time_before": "",
                    "num_newer_versions": 0,
                    "send_age_if_zero": false,
                    "send_days_since_custom_time_if_zero": false,
                    "send_days_since_noncurrent_time_if_zero": false,
                    "send_num_newer_versions_if_zero": false,
                    "with_state": "ANY"
                  }
                ]
              },
              {
                "action": [
                  {
                    "storage_class": "ARCHIVE",
                    "type": "SetStorageClass"
                  }
                ],
                "condition": [
                  {
                    "age": 365,
                    "created_before": "",
                    "custom_time_before": "",
                    "days_since_custom_time": 0,
                    "days_since_noncurrent_time": 0,
                    "matches_prefix": [],
                    "matches_storage_class": [],
                    "matches_suffix": [],
                    "noncurrent_time_before": "",
                    "num_newer_versions": 0,
                    "send_age_if_zero": false,
                    "send_days_since_custom_time_if_zero": false,
                    "send_days_since_noncurrent_time_if_zero": false,
                    "send_num_newer_versions_if_zero": false,
                    "with_state": "ANY"
                  }
                ]
              },
              {
                "action": [
                  {
                    "storage_class": "COLDLINE",
                    "type": "SetStorageClass"
                  }
                ],
                "condition": [
                  {
                    "age": 7,
                    "created_before": "",
                    "custom_time_before": "",
                    "days_since_custom_time": 0,
                    "days_since_noncurrent_time": 0,
                    "matches_prefix": [
                      "tenants/",
                      "shared/"
                    ],
                    "matches_storage_class": [],
                    "matches_suffix": [
                      "/bad-records/"
                    ],
                    "noncurrent_time_before": "",
                    "num_newer_versions": 0,
                    "send_age_if_zero": false,
                    "send_days_since_custom_time_if_zero": false,
                    "send_days_since_noncurrent_time_if_zero": false,
                    "send_num_newer_versions_if_zero": false,
                    "with_state": "ANY"
                  }
                ]
              },
              {
                "action": [
                  {
                    "storage_class": "ARCHIVE",
                    "type": "SetStorageClass"
                  }
                ],
                "condition": [
                  {
                    "age": 30,
                    "created_before": "",
                    "custom_time_before": "",
                    "days_since_custom_time": 0,
                    "days_since_noncurrent_time": 0,
                    "matches_prefix": [
                      "tenants/",
                      "shared/"
                    ],
                    "matches_storage_class": [],
                    "matches_suffix": [
                      "/bad-records/"
                    ],
                    "noncurrent_time_before": "",
                    "num_newer_versions": 0,
                    "send_age_if_zero": false,
                    "send_days_since_custom_time_if_zero": false,
                    "send_days_since_noncurrent_time_if_zero": false,
                    "send_num_newer_versions_if_zero": false,
                    "with_state": "ANY"
                  }
                ]
              },
              {
                "action": [
                  {
                    "storage_class": "COLDLINE",
                    "type": "SetStorageClass"
                  }
                ],
                "condition": [
                  {
                    "age": 60,
                    "created_before": "",
                    "custom_time_before": "",
                    "days_since_custom_time": 0,
                    "days_since_noncurrent_time": 0,
                    "matches_prefix": [
                      "shared/"
                    ],
                    "matches_storage_class": [],
                    "matches_suffix": [],
                    "noncurrent_time_before": "",
                    "num_newer_versions": 0,
                    "send_age_if_zero": false,
                    "send_days_since_custom_time_if_zero": false,
                    "send_days_since_noncurrent_time_if_zero": false,
                    "send_num_newer_versions_if_zero": false,
                    "with_state": "ANY"
                  }
                ]
              },
              {
                "action": [
                  {
                    "storage_class": "ARCHIVE",
                    "type": "SetStorageClass"
                  }
                ],
                "condition": [
                  {
                    "age": 180,
                    "created_before": "",
                    "custom_time_before": "",
                    "days_since_custom_time": 0,
                    "days_since_noncurrent_time": 0,
                    "matches_prefix": [
                      "shared/"
                    ],
                    "matches_storage_class": [],
                    "matches_suffix": [],
                    "noncurrent_time_before": "",
                    "num_newer_versions": 0,
                    "send_age_if_zero": false,
                    "send_days_since_custom_time_if_zero": false,
                    "send_days_since_noncurrent_time_if_zero": false,
                    "send_num_newer_versions_if_zero": false,
                    "with_state": "ANY"
                  }
                ]
              }
            ],
            "location": "US-EAST4",
            "logging": [
              {
                "log_bucket": "terraops-global-access-logs",
                "log_object_prefix": "access-logs/terraops-us-east4-tenant-data/"
              }
            ],
            "name": "terraops-us-east4-tenant-data",
            "project": "data-pipeline-project-450922",
            "project_number": 253940201126,
            "public_access_prevention": "enforced",
            "requester_pays": false,
            "retention_policy": [],
            "rpo": null,
            "self_link": "https://www.googleapis.com/storage/v1/b/terraops-us-east4-tenant-data",
            "soft_delete_policy": [
              {
                "effective_time": "2025-08-28T22:45:49.968Z",
                "retention_duration_seconds": 604800
              }
            ],
            "storage_class": "NEARLINE",
            "terraform_labels": {
              "contains": "tenant_and_shared_data",
              "cost_tier": "security_compliant",
              "created_by": "terraform",
              "environment": "prod",
              "goog-terraform-provisioned": "true",
              "region": "us_east4",
              "type": "multi_purpose"
            },
            "time_created": "2025-08-28T22:45:49.968Z",
            "timeouts": null,
            "uniform_bucket_level_access": true,
            "updated": "2025-08-28T22:45:49.968Z",
            "url": "gs://terraops-us-east4-tenant-data",
            "versioning": [
              {
                "enabled": true
              }
            ],
            "website": []
          },
          "sensitive_attributes": [],
          "private": "eyJlMmJmYjczMC1lY2FhLTExZTYtOGY4OC0zNDM2M2JjN2M0YzAiOnsiY3JlYXRlIjo2MDAwMDAwMDAwMDAsInJlYWQiOjI0MDAwMDAwMDAwMCwidXBkYXRlIjoyNDAwMDAwMDAwMDB9LCJzY2hlbWFfdmVyc2lvbiI6IjMifQ=="
        },
        {
          "index_key": "us-west1",
          "schema_version": 3,
          "attributes": {
            "autoclass": [],
            "cors": [],
            "custom_placement_config": [],
            "default_event_based_hold": false,
            "effective_labels": {
              "contains": "tenant_and_shared_data",
              "cost_tier": "security_compliant",
              "created_by": "terraform",
              "environment": "prod",
              "region": "us_west1",
              "type": "multi_purpose"
            },
            "enable_object_retention": false,
            "encryption": [],
            "force_destroy": false,
            "hierarchical_namespace": [
              {
                "enabled": false
              }
            ],
            "id": "terraops-us-west1-tenant-data",
            "ip_filter": [],
            "labels": {
              "contains": "tenant_and_shared_data",
              "cost_tier": "security_compliant",
              "created_by": "terraform",
              "environment": "prod",
              "region": "us_west1",
              "type": "multi_purpose"
            },
            "lifecycle_rule": [
              {
                "action": [
                  {
                    "storage_class": "COLDLINE",
                    "type": "SetStorageClass"
                  }
                ],
                "condition": [
                  {
                    "age": 90,
                    "created_before": "",
                    "custom_time_before": "",
                    "days_since_custom_time": 0,
                    "days_since_noncurrent_time": 0,
                    "matches_prefix": [],
                    "matches_storage_class": [],
                    "matches_suffix": [],
                    "noncurrent_time_before": "",
                    "num_newer_versions": 0,
                    "send_age_if_zero": false,
                    "send_days_since_custom_time_if_zero": false,
                    "send_days_since_noncurrent_time_if_zero": false,
                    "send_num_newer_versions_if_zero": false,
                    "with_state": "ANY"
                  }
                ]
              },
              {
                "action": [
                  {
                    "storage_class": "ARCHIVE",
                    "type": "SetStorageClass"
                  }
                ],
                "condition": [
                  {
                    "age": 365,
                    "created_before": "",
                    "custom_time_before": "",
                    "days_since_custom_time": 0,
                    "days_since_noncurrent_time": 0,
                    "matches_prefix": [],
                    "matches_storage_class": [],
                    "matches_suffix": [],
                    "noncurrent_time_before": "",
                    "num_newer_versions": 0,
                    "send_age_if_zero": false,
                    "send_days_since_custom_time_if_zero": false,
                    "send_days_since_noncurrent_time_if_zero": false,
                    "send_num_newer_versions_if_zero": false,
                    "with_state": "ANY"
                  }
                ]
              },
              {
                "action": [
                  {
                    "storage_class": "COLDLINE",
                    "type": "SetStorageClass"
                  }
                ],
                "condition": [
                  {
                    "age": 7,
                    "created_before": "",
                    "custom_time_before": "",
                    "days_since_custom_time": 0,
                    "days_since_noncurrent_time": 0,
                    "matches_prefix": [
                      "tenants/",
                      "shared/"
                    ],
                    "matches_storage_class": [],
                    "matches_suffix": [
                      "/bad-records/"
                    ],
                    "noncurrent_time_before": "",
                    "num_newer_versions": 0,
                    "send_age_if_zero": false,
                    "send_days_since_custom_time_if_zero": false,
                    "send_days_since_noncurrent_time_if_zero": false,
                    "send_num_newer_versions_if_zero": false,
                    "with_state": ""
                  }
                ]
              },
              {
                "action": [
                  {
                    "storage_class": "ARCHIVE",
                    "type": "SetStorageClass"
                  }
                ],
                "condition": [
                  {
                    "age": 30,
                    "created_before": "",
                    "custom_time_before": "",
                    "days_since_custom_time": 0,
                    "days_since_noncurrent_time": 0,
                    "matches_prefix": [
                      "tenants/",
                      "shared/"
                    ],
                    "matches_storage_class": [],
                    "matches_suffix": [
                      "/bad-records/"
                    ],
                    "noncurrent_time_before": "",
                    "num_newer_versions": 0,
                    "send_age_if_zero": false,
                    "send_days_since_custom_time_if_zero": false,
                    "send_days_since_noncurrent_time_if_zero": false,
                    "send_num_newer_versions_if_zero": false,
                    "with_state": ""
                  }
                ]
              },
              {
                "action": [
                  {
                    "storage_class": "COLDLINE",
                    "type": "SetStorageClass"
                  }
                ],
                "condition": [
                  {
                    "age": 60,
                    "created_before": "",
                    "custom_time_before": "",
                    "days_since_custom_time": 0,
                    "days_since_noncurrent_time": 0,
                    "matches_prefix": [
                      "shared/"
                    ],
                    "matches_storage_class": [],
                    "matches_suffix": [],
                    "noncurrent_time_before": "",
                    "num_newer_versions": 0,
                    "send_age_if_zero": false,
                    "send_days_since_custom_time_if_zero": false,
                    "send_days_since_noncurrent_time_if_zero": false,
                    "send_num_newer_versions_if_zero": false,
                    "with_state": "ANY"
                  }
                ]
              },
              {
                "action": [
                  {
                    "storage_class": "ARCHIVE",
                    "type": "SetStorageClass"
                  }
                ],
                "condition": [
                  {
                    "age": 180,
                    "created_before": "",
                    "custom_time_before": "",
                    "days_since_custom_time": 0,
                    "days_since_noncurrent_time": 0,
                    "matches_prefix": [
                      "shared/"
                    ],
                    "matches_storage_class": [],
                    "matches_suffix": [],
                    "noncurrent_time_before": "",
                    "num_newer_versions": 0,
                    "send_age_if_zero": false,
                    "send_days_since_custom_time_if_zero": false,
                    "send_days_since_noncurrent_time_if_zero": false,
                    "send_num_newer_versions_if_zero": false,
                    "with_state": "ANY"
                  }
                ]
              }
            ],
            "location": "US-WEST1",
            "logging": [
              {
                "log_bucket": "terraops-global-access-logs",
                "log_object_prefix": "access-logs/terraops-us-west1-tenant-data/"
              }
            ],
            "name": "terraops-us-west1-tenant-data",
            "project": "data-pipeline-project-450922",
            "project_number": 253940201126,
            "public_access_prevention": "enforced",
            "requester_pays": false,
            "retention_policy": [],
            "rpo": null,
            "self_link": "https://www.googleapis.com/storage/v1/b/terraops-us-west1-tenant-data",
            "soft_delete_policy": [
              {
                "effective_time": "2025-07-21T16:18:08.412Z",
                "retention_duration_seconds": 604800
              }
            ],
            "storage_class": "NEARLINE",
            "terraform_labels": {
              "contains": "tenant_and_shared_data",
              "cost_tier": "security_compliant",
              "created_by": "terraform",
              "environment": "prod",
              "region": "us_west1",
              "type": "multi_purpose"
            },
            "time_created": "2025-07-21T16:18:08.412Z",
            "timeouts": null,
            "uniform_bucket_level_access": true,
            "updated": "2025-07-23T00:35:08.757Z",
            "url": "gs://terraops-us-west1-tenant-data",
            "versioning": [
              {
                "enabled": true
              }
            ],
            "website": []
          },
          "sensitive_attributes": [],
          "private": "eyJlMmJmYjczMC1lY2FhLTExZTYtOGY4OC0zNDM2M2JjN2M0YzAiOnsiY3JlYXRlIjo2MDAwMDAwMDAwMDAsInJlYWQiOjI0MDAwMDAwMDAwMCwidXBkYXRlIjoyNDAwMDAwMDAwMDB9LCJzY2hlbWFfdmVyc2lvbiI6IjMifQ=="
        },
        {
          "index_key": "us-west2",
          "schema_version": 3,
          "attributes": {
            "autoclass": [],
            "cors": [],
            "custom_placement_config": [],
            "default_event_based_hold": false,
            "effective_labels": {
              "contains": "tenant_and_shared_data",
              "cost_tier": "security_compliant",
              "created_by": "terraform",
              "environment": "prod",
              "goog-terraform-provisioned": "true",
              "region": "us_west2",
              "type": "multi_purpose"
            },
            "enable_object_retention": false,
            "encryption": [],
            "force_destroy": false,
            "hierarchical_namespace": [
              {
                "enabled": false
              }
            ],
            "id": "terraops-us-west2-tenant-data",
            "ip_filter": [],
            "labels": {
              "contains": "tenant_and_shared_data",
              "cost_tier": "security_compliant",
              "created_by": "terraform",
              "environment": "prod",
              "region": "us_west2",
              "type": "multi_purpose"
            },
            "lifecycle_rule": [
              {
                "action": [
                  {
                    "storage_class": "COLDLINE",
                    "type": "SetStorageClass"
                  }
                ],
                "condition": [
                  {
                    "age": 90,
                    "created_before": "",
                    "custom_time_before": "",
                    "days_since_custom_time": 0,
                    "days_since_noncurrent_time": 0,
                    "matches_prefix": [],
                    "matches_storage_class": [],
                    "matches_suffix": [],
                    "noncurrent_time_before": "",
                    "num_newer_versions": 0,
                    "send_age_if_zero": false,
                    "send_days_since_custom_time_if_zero": false,
                    "send_days_since_noncurrent_time_if_zero": false,
                    "send_num_newer_versions_if_zero": false,
                    "with_state": "ANY"
                  }
                ]
              },
              {
                "action": [
                  {
                    "storage_class": "ARCHIVE",
                    "type": "SetStorageClass"
                  }
                ],
                "condition": [
                  {
                    "age": 365,
                    "created_before": "",
                    "custom_time_before": "",
                    "days_since_custom_time": 0,
                    "days_since_noncurrent_time": 0,
                    "matches_prefix": [],
                    "matches_storage_class": [],
                    "matches_suffix": [],
                    "noncurrent_time_before": "",
                    "num_newer_versions": 0,
                    "send_age_if_zero": false,
                    "send_days_since_custom_time_if_zero": false,
                    "send_days_since_noncurrent_time_if_zero": false,
                    "send_num_newer_versions_if_zero": false,
                    "with_state": "ANY"
                  }
                ]
              },
              {
                "action": [
                  {
                    "storage_class": "COLDLINE",
                    "type": "SetStorageClass"
                  }
                ],
                "condition": [
                  {
                    "age": 7,
                    "created_before": "",
                    "custom_time_before": "",
                    "days_since_custom_time": 0,
                    "days_since_noncurrent_time": 0,
                    "matches_prefix": [
                      "tenants/",
                      "shared/"
                    ],
                    "matches_storage_class": [],
                    "matches_suffix": [
                      "/bad-records/"
                    ],
                    "noncurrent_time_before": "",
                    "num_newer_versions": 0,
                    "send_age_if_zero": false,
                    "send_days_since_custom_time_if_zero": false,
                    "send_days_since_noncurrent_time_if_zero": false,
                    "send_num_newer_versions_if_zero": false,
                    "with_state": "ANY"
                  }
                ]
              },
              {
                "action": [
                  {
                    "storage_class": "ARCHIVE",
                    "type": "SetStorageClass"
                  }
                ],
                "condition": [
                  {
                    "age": 30,
                    "created_before": "",
                    "custom_time_before": "",
                    "days_since_custom_time": 0,
                    "days_since_noncurrent_time": 0,
                    "matches_prefix": [
                      "tenants/",
                      "shared/"
                    ],
                    "matches_storage_class": [],
                    "matches_suffix": [
                      "/bad-records/"
                    ],
                    "noncurrent_time_before": "",
                    "num_newer_versions": 0,
                    "send_age_if_zero": false,
                    "send_days_since_custom_time_if_zero": false,
                    "send_days_since_noncurrent_time_if_zero": false,
                    "send_num_newer_versions_if_zero": false,
                    "with_state": "ANY"
                  }
                ]
              },
              {
                "action": [
                  {
                    "storage_class": "COLDLINE",
                    "type": "SetStorageClass"
                  }
                ],
                "condition": [
                  {
                    "age": 60,
                    "created_before": "",
                    "custom_time_before": "",
                    "days_since_custom_time": 0,
                    "days_since_noncurrent_time": 0,
                    "matches_prefix": [
                      "shared/"
                    ],
                    "matches_storage_class": [],
                    "matches_suffix": [],
                    "noncurrent_time_before": "",
                    "num_newer_versions": 0,
                    "send_age_if_zero": false,
                    "send_days_since_custom_time_if_zero": false,
                    "send_days_since_noncurrent_time_if_zero": false,
                    "send_num_newer_versions_if_zero": false,
                    "with_state": "ANY"
                  }
                ]
              },
              {
                "action": [
                  {
                    "storage_class": "ARCHIVE",
                    "type": "SetStorageClass"
                  }
                ],
                "condition": [
                  {
                    "age": 180,
                    "created_before": "",
                    "custom_time_before": "",
                    "days_since_custom_time": 0,
                    "days_since_noncurrent_time": 0,
                    "matches_prefix": [
                      "shared/"
                    ],
                    "matches_storage_class": [],
                    "matches_suffix": [],
                    "noncurrent_time_before": "",
                    "num_newer_versions": 0,
                    "send_age_if_zero": false,
                    "send_days_since_custom_time_if_zero": false,
                    "send_days_since_noncurrent_time_if_zero": false,
                    "send_num_newer_versions_if_zero": false,
                    "with_state": "ANY"
                  }
                ]
              }
            ],
            "location": "US-WEST2",
            "logging": [
              {
                "log_bucket": "terraops-global-access-logs",
                "log_object_prefix": "access-logs/terraops-us-west2-tenant-data/"
              }
            ],
            "name": "terraops-us-west2-tenant-data",
            "project": "data-pipeline-project-450922",
            "project_number": 253940201126,
            "public_access_prevention": "enforced",
            "requester_pays": false,
            "retention_policy": [],
            "rpo": null,
            "self_link": "https://www.googleapis.com/storage/v1/b/terraops-us-west2-tenant-data",
            "soft_delete_policy": [
              {
                "effective_time": "2025-08-28T22:45:50.091Z",
                "retention_duration_seconds": 604800
              }
            ],
            "storage_class": "NEARLINE",
            "terraform_labels": {
              "contains": "tenant_and_shared_data",
              "cost_tier": "security_compliant",
              "created_by": "terraform",
              "environment": "prod",
              "goog-terraform-provisioned": "true",
              "region": "us_west2",
              "type": "multi_purpose"
            },
            "time_created": "2025-08-28T22:45:50.091Z",
            "timeouts": null,
            "uniform_bucket_level_access": true,
            "updated": "2025-08-28T22:45:50.091Z",
            "url": "gs://terraops-us-west2-tenant-data",
            "versioning": [
              {
                "enabled": true
              }
            ],
            "website": []
          },
          "sensitive_attributes": [],
          "private": "eyJlMmJmYjczMC1lY2FhLTExZTYtOGY4OC0zNDM2M2JjN2M0YzAiOnsiY3JlYXRlIjo2MDAwMDAwMDAwMDAsInJlYWQiOjI0MDAwMDAwMDAwMCwidXBkYXRlIjoyNDAwMDAwMDAwMDB9LCJzY2hlbWFfdmVyc2lvbiI6IjMifQ=="
        }
      ]
    },
    {
      "mode": "managed",
      "type": "google_storage_bucket_object",
      "name": "tenant_folder_structure",
      "provider": "provider[\"registry.terraform.io/hashicorp/google\"]",
      "instances": [
        {
          "index_key": "africa-south1-shared-",
          "schema_version": 0,
          "attributes": {
            "bucket": "terraops-africa-south1-tenant-data",
            "cache_control": "",
            "content": "# Global multi-tenant folder structure maintained across all regions for scalable data processing",
            "content_disposition": "",
            "content_encoding": "",
            "content_language": "",
            "content_type": "text/plain; charset=utf-8",
            "crc32c": "mfVRCg==",
            "customer_encryption": [],
            "detect_md5hash": "ZJ7TKDq2HXPnW2iZ7cAH/A==",
            "event_based_hold": false,
            "force_empty_content_type": null,
            "generation": 1756421187710255,
            "id": "terraops-africa-south1-tenant-data-shared/.gitkeep",
            "kms_key_name": "",
            "md5hash": "ZJ7TKDq2HXPnW2iZ7cAH/A==",
            "md5hexhash": "649ed3283ab61d73e75b6899edc007fc",
            "media_link": "https://storage.googleapis.com/download/storage/v1/b/terraops-africa-south1-tenant-data/o/shared%2F.gitkeep?generation=1756421187710255\u0026alt=media",
            "metadata": null,
            "name": "shared/.gitkeep",
            "output_name": "shared/.gitkeep",
            "retention": [],
            "self_link": "https://www.googleapis.com/storage/v1/b/terraops-africa-south1-tenant-data/o/shared%2F.gitkeep",
            "source": null,
            "source_md5hash": "",
            "storage_class": "NEARLINE",
            "temporary_hold": false,
            "timeouts": null
          },
          "sensitive_attributes": [
            [
              {
                "type": "get_attr",
                "value": "content"
              }
            ]
          ],
          "private": "eyJlMmJmYjczMC1lY2FhLTExZTYtOGY4OC0zNDM2M2JjN2M0YzAiOnsiY3JlYXRlIjoyNDAwMDAwMDAwMDAsImRlbGV0ZSI6MjQwMDAwMDAwMDAwLCJ1cGRhdGUiOjI0MDAwMDAwMDAwMH19",
          "dependencies": [
            "google_storage_bucket.tenant_buckets"
          ]
        },
        {
          "index_key": "africa-south1-shared-ml-models-",
          "schema_version": 0,
          "attributes": {
            "bucket": "terraops-africa-south1-tenant-data",
            "cache_control": "",
            "content": "# Global multi-tenant folder structure maintained across all regions for scalable data processing",
            "content_disposition": "",
            "content_encoding": "",
            "content_language": "",
            "content_type": "text/plain; charset=utf-8",
            "crc32c": "mfVRCg==",
            "customer_encryption": [],
            "detect_md5hash": "ZJ7TKDq2HXPnW2iZ7cAH/A==",
            "event_based_hold": false,
            "force_empty_content_type": null,
            "generation": 1756421189160712,
            "id": "terraops-africa-south1-tenant-data-shared/ml-models/.gitkeep",
            "kms_key_name": "",
            "md5hash": "ZJ7TKDq2HXPnW2iZ7cAH/A==",
            "md5hexhash": "649ed3283ab61d73e75b6899edc007fc",
            "media_link": "https://storage.googleapis.com/download/storage/v1/b/terraops-africa-south1-tenant-data/o/shared%2Fml-models%2F.gitkeep?generation=1756421189160712\u0026alt=media",
            "metadata": null,
            "name": "shared/ml-models/.gitkeep",
            "output_name": "shared/ml-models/.gitkeep",
            "retention": [],
            "self_link": "https://www.googleapis.com/storage/v1/b/terraops-africa-south1-tenant-data/o/shared%2Fml-models%2F.gitkeep",
            "source": null,
            "source_md5hash": "",
            "storage_class": "NEARLINE",
            "temporary_hold": false,
            "timeouts": null
          },
          "sensitive_attributes": [
            [
              {
                "type": "get_attr",
                "value": "content"
              }
            ]
          ],
          "private": "eyJlMmJmYjczMC1lY2FhLTExZTYtOGY4OC0zNDM2M2JjN2M0YzAiOnsiY3JlYXRlIjoyNDAwMDAwMDAwMDAsImRlbGV0ZSI6MjQwMDAwMDAwMDAwLCJ1cGRhdGUiOjI0MDAwMDAwMDAwMH19",
          "dependencies": [
            "google_storage_bucket.tenant_buckets"
          ]
        },
        {
          "index_key": "africa-south1-shared-reference-data-",
          "schema_version": 0,
          "attributes": {
            "bucket": "terraops-africa-south1-tenant-data",
            "cache_control": "",
            "content": "# Global multi-tenant folder structure maintained across all regions for scalable data processing",
            "content_disposition": "",
            "content_encoding": "",
            "content_language": "",
            "content_type": "text/plain; charset=utf-8",
            "crc32c": "mfVRCg==",
            "customer_encryption": [],
            "detect_md5hash": "ZJ7TKDq2HXPnW2iZ7cAH/A==",
            "event_based_hold": false,
            "force_empty_content_type": null,
            "generation": 1756421192423308,
            "id": "terraops-africa-south1-tenant-data-shared/reference-data/.gitkeep",
            "kms_key_name": "",
            "md5hash": "ZJ7TKDq2HXPnW2iZ7cAH/A==",
            "md5hexhash": "649ed3283ab61d73e75b6899edc007fc",
            "media_link": "https://storage.googleapis.com/download/storage/v1/b/terraops-africa-south1-tenant-data/o/shared%2Freference-data%2F.gitkeep?generation=1756421192423308\u0026alt=media",
            "metadata": null,
            "name": "shared/reference-data/.gitkeep",
            "output_name": "shared/reference-data/.gitkeep",
            "retention": [],
            "self_link": "https://www.googleapis.com/storage/v1/b/terraops-africa-south1-tenant-data/o/shared%2Freference-data%2F.gitkeep",
            "source": null,
            "source_md5hash": "",
            "storage_class": "NEARLINE",
            "temporary_hold": false,
            "timeouts": null
          },
          "sensitive_attributes": [
            [
              {
                "type": "get_attr",
                "value": "content"
              }
            ]
          ],
          "private": "eyJlMmJmYjczMC1lY2FhLTExZTYtOGY4OC0zNDM2M2JjN2M0YzAiOnsiY3JlYXRlIjoyNDAwMDAwMDAwMDAsImRlbGV0ZSI6MjQwMDAwMDAwMDAwLCJ1cGRhdGUiOjI0MDAwMDAwMDAwMH19",
          "dependencies": [
            "google_storage_bucket.tenant_buckets"
          ]
        },
        {
          "index_key": "africa-south1-shared-reference-data-countries-",
          "schema_version": 0,
          "attributes": {
            "bucket": "terraops-africa-south1-tenant-data",
            "cache_control": "",
            "content": "# Global multi-tenant folder structure maintained across all regions for scalable data processing",
            "content_disposition": "",
            "content_encoding": "",
            "content_language": "",
            "content_type": "text/plain; charset=utf-8",
            "crc32c": "mfVRCg==",
            "customer_encryption": [],
            "detect_md5hash": "ZJ7TKDq2HXPnW2iZ7cAH/A==",
            "event_based_hold": false,
            "force_empty_content_type": null,
            "generation": 1756421197159866,
            "id": "terraops-africa-south1-tenant-data-shared/reference-data/countries/.gitkeep",
            "kms_key_name": "",
            "md5hash": "ZJ7TKDq2HXPnW2iZ7cAH/A==",
            "md5hexhash": "649ed3283ab61d73e75b6899edc007fc",
            "media_link": "https://storage.googleapis.com/download/storage/v1/b/terraops-africa-south1-tenant-data/o/shared%2Freference-data%2Fcountries%2F.gitkeep?generation=1756421197159866\u0026alt=media",
            "metadata": null,
            "name": "shared/reference-data/countries/.gitkeep",
            "output_name": "shared/reference-data/countries/.gitkeep",
            "retention": [],
            "self_link": "https://www.googleapis.com/storage/v1/b/terraops-africa-south1-tenant-data/o/shared%2Freference-data%2Fcountries%2F.gitkeep",
            "source": null,
            "source_md5hash": "",
            "storage_class": "NEARLINE",
            "temporary_hold": false,
            "timeouts": null
          },
          "sensitive_attributes": [
            [
              {
                "type": "get_attr",
                "value": "content"
              }
            ]
          ],
          "private": "eyJlMmJmYjczMC1lY2FhLTExZTYtOGY4OC0zNDM2M2JjN2M0YzAiOnsiY3JlYXRlIjoyNDAwMDAwMDAwMDAsImRlbGV0ZSI6MjQwMDAwMDAwMDAwLCJ1cGRhdGUiOjI0MDAwMDAwMDAwMH19",
          "dependencies": [
            "google_storage_bucket.tenant_buckets"
          ]
        },
        {
          "index_key": "africa-south1-shared-reference-data-currencies-",
          "schema_version": 0,
          "attributes": {
            "bucket": "terraops-africa-south1-tenant-data",
            "cache_control": "",
            "content": "# Global multi-tenant folder structure maintained across all regions for scalable data processing",
            "content_disposition": "",
            "content_encoding": "",
            "content_language": "",
            "content_type": "text/plain; charset=utf-8",
            "crc32c": "mfVRCg==",
            "customer_encryption": [],
            "detect_md5hash": "ZJ7TKDq2HXPnW2iZ7cAH/A==",
            "event_based_hold": false,
            "force_empty_content_type": null,
            "generation": 1756421176225020,
            "id": "terraops-africa-south1-tenant-data-shared/reference-data/currencies/.gitkeep",
            "kms_key_name": "",
            "md5hash": "ZJ7TKDq2HXPnW2iZ7cAH/A==",
            "md5hexhash": "649ed3283ab61d73e75b6899edc007fc",
            "media_link": "https://storage.googleapis.com/download/storage/v1/b/terraops-africa-south1-tenant-data/o/shared%2Freference-data%2Fcurrencies%2F.gitkeep?generation=1756421176225020\u0026alt=media",
            "metadata": null,
            "name": "shared/reference-data/currencies/.gitkeep",
            "output_name": "shared/reference-data/currencies/.gitkeep",
            "retention": [],
            "self_link": "https://www.googleapis.com/storage/v1/b/terraops-africa-south1-tenant-data/o/shared%2Freference-data%2Fcurrencies%2F.gitkeep",
            "source": null,
            "source_md5hash": "",
            "storage_class": "NEARLINE",
            "temporary_hold": false,
            "timeouts": null
          },
          "sensitive_attributes": [
            [
              {
                "type": "get_attr",
                "value": "content"
              }
            ]
          ],
          "private": "eyJlMmJmYjczMC1lY2FhLTExZTYtOGY4OC0zNDM2M2JjN2M0YzAiOnsiY3JlYXRlIjoyNDAwMDAwMDAwMDAsImRlbGV0ZSI6MjQwMDAwMDAwMDAwLCJ1cGRhdGUiOjI0MDAwMDAwMDAwMH19",
          "dependencies": [
            "google_storage_bucket.tenant_buckets"
          ]
        },
        {
          "index_key": "africa-south1-shared-reference-data-exchange-rates-",
          "schema_version": 0,
          "attributes": {
            "bucket": "terraops-africa-south1-tenant-data",
            "cache_control": "",
            "content": "# Global multi-tenant folder structure maintained across all regions for scalable data processing",
            "content_disposition": "",
            "content_encoding": "",
            "content_language": "",
            "content_type": "text/plain; charset=utf-8",
            "crc32c": "mfVRCg==",
            "customer_encryption": [],
            "detect_md5hash": "ZJ7TKDq2HXPnW2iZ7cAH/A==",
            "event_based_hold": false,
            "force_empty_content_type": null,
            "generation": 1756421174490580,
            "id": "terraops-africa-south1-tenant-data-shared/reference-data/exchange-rates/.gitkeep",
            "kms_key_name": "",
            "md5hash": "ZJ7TKDq2HXPnW2iZ7cAH/A==",
            "md5hexhash": "649ed3283ab61d73e75b6899edc007fc",
            "media_link": "https://storage.googleapis.com/download/storage/v1/b/terraops-africa-south1-tenant-data/o/shared%2Freference-data%2Fexchange-rates%2F.gitkeep?generation=1756421174490580\u0026alt=media",
            "metadata": null,
            "name": "shared/reference-data/exchange-rates/.gitkeep",
            "output_name": "shared/reference-data/exchange-rates/.gitkeep",
            "retention": [],
            "self_link": "https://www.googleapis.com/storage/v1/b/terraops-africa-south1-tenant-data/o/shared%2Freference-data%2Fexchange-rates%2F.gitkeep",
            "source": null,
            "source_md5hash": "",
            "storage_class": "NEARLINE",
            "temporary_hold": false,
            "timeouts": null
          },
          "sensitive_attributes": [
            [
              {
                "type": "get_attr",
                "value": "content"
              }
            ]
          ],
          "private": "eyJlMmJmYjczMC1lY2FhLTExZTYtOGY4OC0zNDM2M2JjN2M0YzAiOnsiY3JlYXRlIjoyNDAwMDAwMDAwMDAsImRlbGV0ZSI6MjQwMDAwMDAwMDAwLCJ1cGRhdGUiOjI0MDAwMDAwMDAwMH19",
          "dependencies": [
            "google_storage_bucket.tenant_buckets"
          ]
        },
        {
          "index_key": "africa-south1-tenants-",
          "schema_version": 0,
          "attributes": {
            "bucket": "terraops-africa-south1-tenant-data",
            "cache_control": "",
            "content": "# Global multi-tenant folder structure maintained across all regions for scalable data processing",
            "content_disposition": "",
            "content_encoding": "",
            "content_language": "",
            "content_type": "text/plain; charset=utf-8",
            "crc32c": "mfVRCg==",
            "customer_encryption": [],
            "detect_md5hash": "ZJ7TKDq2HXPnW2iZ7cAH/A==",
            "event_based_hold": false,
            "force_empty_content_type": null,
            "generation": 1756421188978878,
            "id": "terraops-africa-south1-tenant-data-tenants/.gitkeep",
            "kms_key_name": "",
            "md5hash": "ZJ7TKDq2HXPnW2iZ7cAH/A==",
            "md5hexhash": "649ed3283ab61d73e75b6899edc007fc",
            "media_link": "https://storage.googleapis.com/download/storage/v1/b/terraops-africa-south1-tenant-data/o/tenants%2F.gitkeep?generation=1756421188978878\u0026alt=media",
            "metadata": null,
            "name": "tenants/.gitkeep",
            "output_name": "tenants/.gitkeep",
            "retention": [],
            "self_link": "https://www.googleapis.com/storage/v1/b/terraops-africa-south1-tenant-data/o/tenants%2F.gitkeep",
            "source": null,
            "source_md5hash": "",
            "storage_class": "NEARLINE",
            "temporary_hold": false,
            "timeouts": null
          },
          "sensitive_attributes": [
            [
              {
                "type": "get_attr",
                "value": "content"
              }
            ]
          ],
          "private": "eyJlMmJmYjczMC1lY2FhLTExZTYtOGY4OC0zNDM2M2JjN2M0YzAiOnsiY3JlYXRlIjoyNDAwMDAwMDAwMDAsImRlbGV0ZSI6MjQwMDAwMDAwMDAwLCJ1cGRhdGUiOjI0MDAwMDAwMDAwMH19",
          "dependencies": [
            "google_storage_bucket.tenant_buckets"
          ]
        },
        {
          "index_key": "africa-south1-tenants-business-domains-",
          "schema_version": 0,
          "attributes": {
            "bucket": "terraops-africa-south1-tenant-data",
            "cache_control": "",
            "content": "# Global multi-tenant folder structure maintained across all regions for scalable data processing",
            "content_disposition": "",
            "content_encoding": "",
            "content_language": "",
            "content_type": "text/plain; charset=utf-8",
            "crc32c": "mfVRCg==",
            "customer_encryption": [],
            "detect_md5hash": "ZJ7TKDq2HXPnW2iZ7cAH/A==",
            "event_based_hold": false,
            "force_empty_content_type": null,
            "generation": 1756421189827194,
            "id": "terraops-africa-south1-tenant-data-tenants/business-domains/.gitkeep",
            "kms_key_name": "",
            "md5hash": "ZJ7TKDq2HXPnW2iZ7cAH/A==",
            "md5hexhash": "649ed3283ab61d73e75b6899edc007fc",
            "media_link": "https://storage.googleapis.com/download/storage/v1/b/terraops-africa-south1-tenant-data/o/tenants%2Fbusiness-domains%2F.gitkeep?generation=1756421189827194\u0026alt=media",
            "metadata": null,
            "name": "tenants/business-domains/.gitkeep",
            "output_name": "tenants/business-domains/.gitkeep",
            "retention": [],
            "self_link": "https://www.googleapis.com/storage/v1/b/terraops-africa-south1-tenant-data/o/tenants%2Fbusiness-domains%2F.gitkeep",
            "source": null,
            "source_md5hash": "",
            "storage_class": "NEARLINE",
            "temporary_hold": false,
            "timeouts": null
          },
          "sensitive_attributes": [
            [
              {
                "type": "get_attr",
                "value": "content"
              }
            ]
          ],
          "private": "eyJlMmJmYjczMC1lY2FhLTExZTYtOGY4OC0zNDM2M2JjN2M0YzAiOnsiY3JlYXRlIjoyNDAwMDAwMDAwMDAsImRlbGV0ZSI6MjQwMDAwMDAwMDAwLCJ1cGRhdGUiOjI0MDAwMDAwMDAwMH19",
          "dependencies": [
            "google_storage_bucket.tenant_buckets"
          ]
        },
        {
          "index_key": "africa-south1-tenants-tenant-001-",
          "schema_version": 0,
          "attributes": {
            "bucket": "terraops-africa-south1-tenant-data",
            "cache_control": "",
            "content": "# Global multi-tenant folder structure maintained across all regions for scalable data processing",
            "content_disposition": "",
            "content_encoding": "",
            "content_language": "",
            "content_type": "text/plain; charset=utf-8",
            "crc32c": "mfVRCg==",
            "customer_encryption": [],
            "detect_md5hash": "ZJ7TKDq2HXPnW2iZ7cAH/A==",
            "event_based_hold": false,
            "force_empty_content_type": null,
            "generation": 1756421186694213,
            "id": "terraops-africa-south1-tenant-data-tenants/tenant-001/.gitkeep",
            "kms_key_name": "",
            "md5hash": "ZJ7TKDq2HXPnW2iZ7cAH/A==",
            "md5hexhash": "649ed3283ab61d73e75b6899edc007fc",
            "media_link": "https://storage.googleapis.com/download/storage/v1/b/terraops-africa-south1-tenant-data/o/tenants%2Ftenant-001%2F.gitkeep?generation=1756421186694213\u0026alt=media",
            "metadata": null,
            "name": "tenants/tenant-001/.gitkeep",
            "output_name": "tenants/tenant-001/.gitkeep",
            "retention": [],
            "self_link": "https://www.googleapis.com/storage/v1/b/terraops-africa-south1-tenant-data/o/tenants%2Ftenant-001%2F.gitkeep",
            "source": null,
            "source_md5hash": "",
            "storage_class": "NEARLINE",
            "temporary_hold": false,
            "timeouts": null
          },
          "sensitive_attributes": [
            [
              {
                "type": "get_attr",
                "value": "content"
              }
            ]
          ],
          "private": "eyJlMmJmYjczMC1lY2FhLTExZTYtOGY4OC0zNDM2M2JjN2M0YzAiOnsiY3JlYXRlIjoyNDAwMDAwMDAwMDAsImRlbGV0ZSI6MjQwMDAwMDAwMDAwLCJ1cGRhdGUiOjI0MDAwMDAwMDAwMH19",
          "dependencies": [
            "google_storage_bucket.tenant_buckets"
          ]
        },
        {
          "index_key": "africa-south1-tenants-tenant-001-data-",
          "schema_version": 0,
          "attributes": {
            "bucket": "terraops-africa-south1-tenant-data",
            "cache_control": "",
            "content": "# Global multi-tenant folder structure maintained across all regions for scalable data processing",
            "content_disposition": "",
            "content_encoding": "",
            "content_language": "",
            "content_type": "text/plain; charset=utf-8",
            "crc32c": "mfVRCg==",
            "customer_encryption": [],
            "detect_md5hash": "ZJ7TKDq2HXPnW2iZ7cAH/A==",
            "event_based_hold": false,
            "force_empty_content_type": null,
            "generation": 1756421195488114,
            "id": "terraops-africa-south1-tenant-data-tenants/tenant-001/data/.gitkeep",
            "kms_key_name": "",
            "md5hash": "ZJ7TKDq2HXPnW2iZ7cAH/A==",
            "md5hexhash": "649ed3283ab61d73e75b6899edc007fc",
            "media_link": "https://storage.googleapis.com/download/storage/v1/b/terraops-africa-south1-tenant-data/o/tenants%2Ftenant-001%2Fdata%2F.gitkeep?generation=1756421195488114\u0026alt=media",
            "metadata": null,
            "name": "tenants/tenant-001/data/.gitkeep",
            "output_name": "tenants/tenant-001/data/.gitkeep",
            "retention": [],
            "self_link": "https://www.googleapis.com/storage/v1/b/terraops-africa-south1-tenant-data/o/tenants%2Ftenant-001%2Fdata%2F.gitkeep",
            "source": null,
            "source_md5hash": "",
            "storage_class": "NEARLINE",
            "temporary_hold": false,
            "timeouts": null
          },
          "sensitive_attributes": [
            [
              {
                "type": "get_attr",
                "value": "content"
              }
            ]
          ],
          "private": "eyJlMmJmYjczMC1lY2FhLTExZTYtOGY4OC0zNDM2M2JjN2M0YzAiOnsiY3JlYXRlIjoyNDAwMDAwMDAwMDAsImRlbGV0ZSI6MjQwMDAwMDAwMDAwLCJ1cGRhdGUiOjI0MDAwMDAwMDAwMH19",
          "dependencies": [
            "google_storage_bucket.tenant_buckets"
          ]
        },
        {
          "index_key": "africa-south1-tenants-tenant-001-data-bad-records-",
          "schema_version": 0,
          "attributes": {
            "bucket": "terraops-africa-south1-tenant-data",
            "cache_control": "",
            "content": "# Global multi-tenant folder structure maintained across all regions for scalable data processing",
            "content_disposition": "",
            "content_encoding": "",
            "content_language": "",
            "content_type": "text/plain; charset=utf-8",
            "crc32c": "mfVRCg==",
            "customer_encryption": [],
            "detect_md5hash": "ZJ7TKDq2HXPnW2iZ7cAH/A==",
            "event_based_hold": false,
            "force_empty_content_type": null,
            "generation": 1756421194455857,
            "id": "terraops-africa-south1-tenant-data-tenants/tenant-001/data/bad-records/.gitkeep",
            "kms_key_name": "",
            "md5hash": "ZJ7TKDq2HXPnW2iZ7cAH/A==",
            "md5hexhash": "649ed3283ab61d73e75b6899edc007fc",
            "media_link": "https://storage.googleapis.com/download/storage/v1/b/terraops-africa-south1-tenant-data/o/tenants%2Ftenant-001%2Fdata%2Fbad-records%2F.gitkeep?generation=1756421194455857\u0026alt=media",
            "metadata": null,
            "name": "tenants/tenant-001/data/bad-records/.gitkeep",
            "output_name": "tenants/tenant-001/data/bad-records/.gitkeep",
            "retention": [],
            "self_link": "https://www.googleapis.com/storage/v1/b/terraops-africa-south1-tenant-data/o/tenants%2Ftenant-001%2Fdata%2Fbad-records%2F.gitkeep",
            "source": null,
            "source_md5hash": "",
            "storage_class": "NEARLINE",
            "temporary_hold": false,
            "timeouts": null
          },
          "sensitive_attributes": [
            [
              {
                "type": "get_attr",
                "value": "content"
              }
            ]
          ],
          "private": "eyJlMmJmYjczMC1lY2FhLTExZTYtOGY4OC0zNDM2M2JjN2M0YzAiOnsiY3JlYXRlIjoyNDAwMDAwMDAwMDAsImRlbGV0ZSI6MjQwMDAwMDAwMDAwLCJ1cGRhdGUiOjI0MDAwMDAwMDAwMH19",
          "dependencies": [
            "google_storage_bucket.tenant_buckets"
          ]
        },
        {
          "index_key": "africa-south1-tenants-tenant-001-data-processed-",
          "schema_version": 0,
          "attributes": {
            "bucket": "terraops-africa-south1-tenant-data",
            "cache_control": "",
            "content": "# Global multi-tenant folder structure maintained across all regions for scalable data processing",
            "content_disposition": "",
            "content_encoding": "",
            "content_language": "",
            "content_type": "text/plain; charset=utf-8",
            "crc32c": "mfVRCg==",
            "customer_encryption": [],
            "detect_md5hash": "ZJ7TKDq2HXPnW2iZ7cAH/A==",
            "event_based_hold": false,
            "force_empty_content_type": null,
            "generation": 1756421192721466,
            "id": "terraops-africa-south1-tenant-data-tenants/tenant-001/data/processed/.gitkeep",
            "kms_key_name": "",
            "md5hash": "ZJ7TKDq2HXPnW2iZ7cAH/A==",
            "md5hexhash": "649ed3283ab61d73e75b6899edc007fc",
            "media_link": "https://storage.googleapis.com/download/storage/v1/b/terraops-africa-south1-tenant-data/o/tenants%2Ftenant-001%2Fdata%2Fprocessed%2F.gitkeep?generation=1756421192721466\u0026alt=media",
            "metadata": null,
            "name": "tenants/tenant-001/data/processed/.gitkeep",
            "output_name": "tenants/tenant-001/data/processed/.gitkeep",
            "retention": [],
            "self_link": "https://www.googleapis.com/storage/v1/b/terraops-africa-south1-tenant-data/o/tenants%2Ftenant-001%2Fdata%2Fprocessed%2F.gitkeep",
            "source": null,
            "source_md5hash": "",
            "storage_class": "NEARLINE",
            "temporary_hold": false,
            "timeouts": null
          },
          "sensitive_attributes": [
            [
              {
                "type": "get_attr",
                "value": "content"
              }
            ]
          ],
          "private": "eyJlMmJmYjczMC1lY2FhLTExZTYtOGY4OC0zNDM2M2JjN2M0YzAiOnsiY3JlYXRlIjoyNDAwMDAwMDAwMDAsImRlbGV0ZSI6MjQwMDAwMDAwMDAwLCJ1cGRhdGUiOjI0MDAwMDAwMDAwMH19",
          "dependencies": [
            "google_storage_bucket.tenant_buckets"
          ]
        },
        {
          "index_key": "africa-south1-tenants-tenant-001-data-raw-",
          "schema_version": 0,
          "attributes": {
            "bucket": "terraops-africa-south1-tenant-data",
            "cache_control": "",
            "content": "# Global multi-tenant folder structure maintained across all regions for scalable data processing",
            "content_disposition": "",
            "content_encoding": "",
            "content_language": "",
            "content_type": "text/plain; charset=utf-8",
            "crc32c": "mfVRCg==",
            "customer_encryption": [],
            "detect_md5hash": "ZJ7TKDq2HXPnW2iZ7cAH/A==",
            "event_based_hold": false,
            "force_empty_content_type": null,
            "generation": 1756421191307166,
            "id": "terraops-africa-south1-tenant-data-tenants/tenant-001/data/raw/.gitkeep",
            "kms_key_name": "",
            "md5hash": "ZJ7TKDq2HXPnW2iZ7cAH/A==",
            "md5hexhash": "649ed3283ab61d73e75b6899edc007fc",
            "media_link": "https://storage.googleapis.com/download/storage/v1/b/terraops-africa-south1-tenant-data/o/tenants%2Ftenant-001%2Fdata%2Fraw%2F.gitkeep?generation=1756421191307166\u0026alt=media",
            "metadata": null,
            "name": "tenants/tenant-001/data/raw/.gitkeep",
            "output_name": "tenants/tenant-001/data/raw/.gitkeep",
            "retention": [],
            "self_link": "https://www.googleapis.com/storage/v1/b/terraops-africa-south1-tenant-data/o/tenants%2Ftenant-001%2Fdata%2Fraw%2F.gitkeep",
            "source": null,
            "source_md5hash": "",
            "storage_class": "NEARLINE",
            "temporary_hold": false,
            "timeouts": null
          },
          "sensitive_attributes": [
            [
              {
                "type": "get_attr",
                "value": "content"
              }
            ]
          ],
          "private": "eyJlMmJmYjczMC1lY2FhLTExZTYtOGY4OC0zNDM2M2JjN2M0YzAiOnsiY3JlYXRlIjoyNDAwMDAwMDAwMDAsImRlbGV0ZSI6MjQwMDAwMDAwMDAwLCJ1cGRhdGUiOjI0MDAwMDAwMDAwMH19",
          "dependencies": [
            "google_storage_bucket.tenant_buckets"
          ]
        },
        {
          "index_key": "africa-south1-tenants-tenant-002-",
          "schema_version": 0,
          "attributes": {
            "bucket": "terraops-africa-south1-tenant-data",
            "cache_control": "",
            "content": "# Global multi-tenant folder structure maintained across all regions for scalable data processing",
            "content_disposition": "",
            "content_encoding": "",
            "content_language": "",
            "content_type": "text/plain; charset=utf-8",
            "crc32c": "mfVRCg==",
            "customer_encryption": [],
            "detect_md5hash": "ZJ7TKDq2HXPnW2iZ7cAH/A==",
            "event_based_hold": false,
            "force_empty_content_type": null,
            "generation": 1756421195502709,
            "id": "terraops-africa-south1-tenant-data-tenants/tenant-002/.gitkeep",
            "kms_key_name": "",
            "md5hash": "ZJ7TKDq2HXPnW2iZ7cAH/A==",
            "md5hexhash": "649ed3283ab61d73e75b6899edc007fc",
            "media_link": "https://storage.googleapis.com/download/storage/v1/b/terraops-africa-south1-tenant-data/o/tenants%2Ftenant-002%2F.gitkeep?generation=1756421195502709\u0026alt=media",
            "metadata": null,
            "name": "tenants/tenant-002/.gitkeep",
            "output_name": "tenants/tenant-002/.gitkeep",
            "retention": [],
            "self_link": "https://www.googleapis.com/storage/v1/b/terraops-africa-south1-tenant-data/o/tenants%2Ftenant-002%2F.gitkeep",
            "source": null,
            "source_md5hash": "",
            "storage_class": "NEARLINE",
            "temporary_hold": false,
            "timeouts": null
          },
          "sensitive_attributes": [
            [
              {
                "type": "get_attr",
                "value": "content"
              }
            ]
          ],
          "private": "eyJlMmJmYjczMC1lY2FhLTExZTYtOGY4OC0zNDM2M2JjN2M0YzAiOnsiY3JlYXRlIjoyNDAwMDAwMDAwMDAsImRlbGV0ZSI6MjQwMDAwMDAwMDAwLCJ1cGRhdGUiOjI0MDAwMDAwMDAwMH19",
          "dependencies": [
            "google_storage_bucket.tenant_buckets"
          ]
        },
        {
          "index_key": "africa-south1-tenants-tenant-002-data-",
          "schema_version": 0,
          "attributes": {
            "bucket": "terraops-africa-south1-tenant-data",
            "cache_control": "",
            "content": "# Global multi-tenant folder structure maintained across all regions for scalable data processing",
            "content_disposition": "",
            "content_encoding": "",
            "content_language": "",
            "content_type": "text/plain; charset=utf-8",
            "crc32c": "mfVRCg==",
            "customer_encryption": [],
            "detect_md5hash": "ZJ7TKDq2HXPnW2iZ7cAH/A==",
            "event_based_hold": false,
            "force_empty_content_type": null,
            "generation": 1756421196518741,
            "id": "terraops-africa-south1-tenant-data-tenants/tenant-002/data/.gitkeep",
            "kms_key_name": "",
            "md5hash": "ZJ7TKDq2HXPnW2iZ7cAH/A==",
            "md5hexhash": "649ed3283ab61d73e75b6899edc007fc",
            "media_link": "https://storage.googleapis.com/download/storage/v1/b/terraops-africa-south1-tenant-data/o/tenants%2Ftenant-002%2Fdata%2F.gitkeep?generation=1756421196518741\u0026alt=media",
            "metadata": null,
            "name": "tenants/tenant-002/data/.gitkeep",
            "output_name": "tenants/tenant-002/data/.gitkeep",
            "retention": [],
            "self_link": "https://www.googleapis.com/storage/v1/b/terraops-africa-south1-tenant-data/o/tenants%2Ftenant-002%2Fdata%2F.gitkeep",
            "source": null,
            "source_md5hash": "",
            "storage_class": "NEARLINE",
            "temporary_hold": false,
            "timeouts": null
          },
          "sensitive_attributes": [
            [
              {
                "type": "get_attr",
                "value": "content"
              }
            ]
          ],
          "private": "eyJlMmJmYjczMC1lY2FhLTExZTYtOGY4OC0zNDM2M2JjN2M0YzAiOnsiY3JlYXRlIjoyNDAwMDAwMDAwMDAsImRlbGV0ZSI6MjQwMDAwMDAwMDAwLCJ1cGRhdGUiOjI0MDAwMDAwMDAwMH19",
          "dependencies": [
            "google_storage_bucket.tenant_buckets"
          ]
        },
        {
          "index_key": "africa-south1-tenants-tenant-002-data-bad-records-",
          "schema_version": 0,
          "attributes": {
            "bucket": "terraops-africa-south1-tenant-data",
            "cache_control": "",
            "content": "# Global multi-tenant folder structure maintained across all regions for scalable data processing",
            "content_disposition": "",
            "content_encoding": "",
            "content_language": "",
            "content_type": "text/plain; charset=utf-8",
            "crc32c": "mfVRCg==",
            "customer_encryption": [],
            "detect_md5hash": "ZJ7TKDq2HXPnW2iZ7cAH/A==",
            "event_based_hold": false,
            "force_empty_content_type": null,
            "generation": 1756421172447030,
            "id": "terraops-africa-south1-tenant-data-tenants/tenant-002/data/bad-records/.gitkeep",
            "kms_key_name": "",
            "md5hash": "ZJ7TKDq2HXPnW2iZ7cAH/A==",
            "md5hexhash": "649ed3283ab61d73e75b6899edc007fc",
            "media_link": "https://storage.googleapis.com/download/storage/v1/b/terraops-africa-south1-tenant-data/o/tenants%2Ftenant-002%2Fdata%2Fbad-records%2F.gitkeep?generation=1756421172447030\u0026alt=media",
            "metadata": null,
            "name": "tenants/tenant-002/data/bad-records/.gitkeep",
            "output_name": "tenants/tenant-002/data/bad-records/.gitkeep",
            "retention": [],
            "self_link": "https://www.googleapis.com/storage/v1/b/terraops-africa-south1-tenant-data/o/tenants%2Ftenant-002%2Fdata%2Fbad-records%2F.gitkeep",
            "source": null,
            "source_md5hash": "",
            "storage_class": "NEARLINE",
            "temporary_hold": false,
            "timeouts": null
          },
          "sensitive_attributes": [
            [
              {
                "type": "get_attr",
                "value": "content"
              }
            ]
          ],
          "private": "eyJlMmJmYjczMC1lY2FhLTExZTYtOGY4OC0zNDM2M2JjN2M0YzAiOnsiY3JlYXRlIjoyNDAwMDAwMDAwMDAsImRlbGV0ZSI6MjQwMDAwMDAwMDAwLCJ1cGRhdGUiOjI0MDAwMDAwMDAwMH19",
          "dependencies": [
            "google_storage_bucket.tenant_buckets"
          ]
        },
        {
          "index_key": "africa-south1-tenants-tenant-002-data-processed-",
          "schema_version": 0,
          "attributes": {
            "bucket": "terraops-africa-south1-tenant-data",
            "cache_control": "",
            "content": "# Global multi-tenant folder structure maintained across all regions for scalable data processing",
            "content_disposition": "",
            "content_encoding": "",
            "content_language": "",
            "content_type": "text/plain; charset=utf-8",
            "crc32c": "mfVRCg==",
            "customer_encryption": [],
            "detect_md5hash": "ZJ7TKDq2HXPnW2iZ7cAH/A==",
            "event_based_hold": false,
            "force_empty_content_type": null,
            "generation": 1756421185332542,
            "id": "terraops-africa-south1-tenant-data-tenants/tenant-002/data/processed/.gitkeep",
            "kms_key_name": "",
            "md5hash": "ZJ7TKDq2HXPnW2iZ7cAH/A==",
            "md5hexhash": "649ed3283ab61d73e75b6899edc007fc",
            "media_link": "https://storage.googleapis.com/download/storage/v1/b/terraops-africa-south1-tenant-data/o/tenants%2Ftenant-002%2Fdata%2Fprocessed%2F.gitkeep?generation=1756421185332542\u0026alt=media",
            "metadata": null,
            "name": "tenants/tenant-002/data/processed/.gitkeep",
            "output_name": "tenants/tenant-002/data/processed/.gitkeep",
            "retention": [],
            "self_link": "https://www.googleapis.com/storage/v1/b/terraops-africa-south1-tenant-data/o/tenants%2Ftenant-002%2Fdata%2Fprocessed%2F.gitkeep",
            "source": null,
            "source_md5hash": "",
            "storage_class": "NEARLINE",
            "temporary_hold": false,
            "timeouts": null
          },
          "sensitive_attributes": [
            [
              {
                "type": "get_attr",
                "value": "content"
              }
            ]
          ],
          "private": "eyJlMmJmYjczMC1lY2FhLTExZTYtOGY4OC0zNDM2M2JjN2M0YzAiOnsiY3JlYXRlIjoyNDAwMDAwMDAwMDAsImRlbGV0ZSI6MjQwMDAwMDAwMDAwLCJ1cGRhdGUiOjI0MDAwMDAwMDAwMH19",
          "dependencies": [
            "google_storage_bucket.tenant_buckets"
          ]
        },
        {
          "index_key": "africa-south1-tenants-tenant-002-data-raw-",
          "schema_version": 0,
          "attributes": {
            "bucket": "terraops-africa-south1-tenant-data",
            "cache_control": "",
            "content": "# Global multi-tenant folder structure maintained across all regions for scalable data processing",
            "content_disposition": "",
            "content_encoding": "",
            "content_language": "",
            "content_type": "text/plain; charset=utf-8",
            "crc32c": "mfVRCg==",
            "customer_encryption": [],
            "detect_md5hash": "ZJ7TKDq2HXPnW2iZ7cAH/A==",
            "event_based_hold": false,
            "force_empty_content_type": null,
            "generation": 1756421189619309,
            "id": "terraops-africa-south1-tenant-data-tenants/tenant-002/data/raw/.gitkeep",
            "kms_key_name": "",
            "md5hash": "ZJ7TKDq2HXPnW2iZ7cAH/A==",
            "md5hexhash": "649ed3283ab61d73e75b6899edc007fc",
            "media_link": "https://storage.googleapis.com/download/storage/v1/b/terraops-africa-south1-tenant-data/o/tenants%2Ftenant-002%2Fdata%2Fraw%2F.gitkeep?generation=1756421189619309\u0026alt=media",
            "metadata": null,
            "name": "tenants/tenant-002/data/raw/.gitkeep",
            "output_name": "tenants/tenant-002/data/raw/.gitkeep",
            "retention": [],
            "self_link": "https://www.googleapis.com/storage/v1/b/terraops-africa-south1-tenant-data/o/tenants%2Ftenant-002%2Fdata%2Fraw%2F.gitkeep",
            "source": null,
            "source_md5hash": "",
            "storage_class": "NEARLINE",
            "temporary_hold": false,
            "timeouts": null
          },
          "sensitive_attributes": [
            [
              {
                "type": "get_attr",
                "value": "content"
              }
            ]
          ],
          "private": "eyJlMmJmYjczMC1lY2FhLTExZTYtOGY4OC0zNDM2M2JjN2M0YzAiOnsiY3JlYXRlIjoyNDAwMDAwMDAwMDAsImRlbGV0ZSI6MjQwMDAwMDAwMDAwLCJ1cGRhdGUiOjI0MDAwMDAwMDAwMH19",
          "dependencies": [
            "google_storage_bucket.tenant_buckets"
          ]
        },
        {
          "index_key": "africa-south1-tenants-tenant-003-",
          "schema_version": 0,
          "attributes": {
            "bucket": "terraops-africa-south1-tenant-data",
            "cache_control": "",
            "content": "# Global multi-tenant folder structure maintained across all regions for scalable data processing",
            "content_disposition": "",
            "content_encoding": "",
            "content_language": "",
            "content_type": "text/plain; charset=utf-8",
            "crc32c": "mfVRCg==",
            "customer_encryption": [],
            "detect_md5hash": "ZJ7TKDq2HXPnW2iZ7cAH/A==",
            "event_based_hold": false,
            "force_empty_content_type": null,
            "generation": 1756421188950301,
            "id": "terraops-africa-south1-tenant-data-tenants/tenant-003/.gitkeep",
            "kms_key_name": "",
            "md5hash": "ZJ7TKDq2HXPnW2iZ7cAH/A==",
            "md5hexhash": "649ed3283ab61d73e75b6899edc007fc",
            "media_link": "https://storage.googleapis.com/download/storage/v1/b/terraops-africa-south1-tenant-data/o/tenants%2Ftenant-003%2F.gitkeep?generation=1756421188950301\u0026alt=media",
            "metadata": null,
            "name": "tenants/tenant-003/.gitkeep",
            "output_name": "tenants/tenant-003/.gitkeep",
            "retention": [],
            "self_link": "https://www.googleapis.com/storage/v1/b/terraops-africa-south1-tenant-data/o/tenants%2Ftenant-003%2F.gitkeep",
            "source": null,
            "source_md5hash": "",
            "storage_class": "NEARLINE",
            "temporary_hold": false,
            "timeouts": null
          },
          "sensitive_attributes": [
            [
              {
                "type": "get_attr",
                "value": "content"
              }
            ]
          ],
          "private": "eyJlMmJmYjczMC1lY2FhLTExZTYtOGY4OC0zNDM2M2JjN2M0YzAiOnsiY3JlYXRlIjoyNDAwMDAwMDAwMDAsImRlbGV0ZSI6MjQwMDAwMDAwMDAwLCJ1cGRhdGUiOjI0MDAwMDAwMDAwMH19",
          "dependencies": [
            "google_storage_bucket.tenant_buckets"
          ]
        },
        {
          "index_key": "africa-south1-tenants-tenant-003-data-",
          "schema_version": 0,
          "attributes": {
            "bucket": "terraops-africa-south1-tenant-data",
            "cache_control": "",
            "content": "# Global multi-tenant folder structure maintained across all regions for scalable data processing",
            "content_disposition": "",
            "content_encoding": "",
            "content_language": "",
            "content_type": "text/plain; charset=utf-8",
            "crc32c": "mfVRCg==",
            "customer_encryption": [],
            "detect_md5hash": "ZJ7TKDq2HXPnW2iZ7cAH/A==",
            "event_based_hold": false,
            "force_empty_content_type": null,
            "generation": 1756421196249696,
            "id": "terraops-africa-south1-tenant-data-tenants/tenant-003/data/.gitkeep",
            "kms_key_name": "",
            "md5hash": "ZJ7TKDq2HXPnW2iZ7cAH/A==",
            "md5hexhash": "649ed3283ab61d73e75b6899edc007fc",
            "media_link": "https://storage.googleapis.com/download/storage/v1/b/terraops-africa-south1-tenant-data/o/tenants%2Ftenant-003%2Fdata%2F.gitkeep?generation=1756421196249696\u0026alt=media",
            "metadata": null,
            "name": "tenants/tenant-003/data/.gitkeep",
            "output_name": "tenants/tenant-003/data/.gitkeep",
            "retention": [],
            "self_link": "https://www.googleapis.com/storage/v1/b/terraops-africa-south1-tenant-data/o/tenants%2Ftenant-003%2Fdata%2F.gitkeep",
            "source": null,
            "source_md5hash": "",
            "storage_class": "NEARLINE",
            "temporary_hold": false,
            "timeouts": null
          },
          "sensitive_attributes": [
            [
              {
                "type": "get_attr",
                "value": "content"
              }
            ]
          ],
          "private": "eyJlMmJmYjczMC1lY2FhLTExZTYtOGY4OC0zNDM2M2JjN2M0YzAiOnsiY3JlYXRlIjoyNDAwMDAwMDAwMDAsImRlbGV0ZSI6MjQwMDAwMDAwMDAwLCJ1cGRhdGUiOjI0MDAwMDAwMDAwMH19",
          "dependencies": [
            "google_storage_bucket.tenant_buckets"
          ]
        },
        {
          "index_key": "africa-south1-tenants-tenant-003-data-bad-records-",
          "schema_version": 0,
          "attributes": {
            "bucket": "terraops-africa-south1-tenant-data",
            "cache_control": "",
            "content": "# Global multi-tenant folder structure maintained across all regions for scalable data processing",
            "content_disposition": "",
            "content_encoding": "",
            "content_language": "",
            "content_type": "text/plain; charset=utf-8",
            "crc32c": "mfVRCg==",
            "customer_encryption": [],
            "detect_md5hash": "ZJ7TKDq2HXPnW2iZ7cAH/A==",
            "event_based_hold": false,
            "force_empty_content_type": null,
            "generation": 1756421192821585,
            "id": "terraops-africa-south1-tenant-data-tenants/tenant-003/data/bad-records/.gitkeep",
            "kms_key_name": "",
            "md5hash": "ZJ7TKDq2HXPnW2iZ7cAH/A==",
            "md5hexhash": "649ed3283ab61d73e75b6899edc007fc",
            "media_link": "https://storage.googleapis.com/download/storage/v1/b/terraops-africa-south1-tenant-data/o/tenants%2Ftenant-003%2Fdata%2Fbad-records%2F.gitkeep?generation=1756421192821585\u0026alt=media",
            "metadata": null,
            "name": "tenants/tenant-003/data/bad-records/.gitkeep",
            "output_name": "tenants/tenant-003/data/bad-records/.gitkeep",
            "retention": [],
            "self_link": "https://www.googleapis.com/storage/v1/b/terraops-africa-south1-tenant-data/o/tenants%2Ftenant-003%2Fdata%2Fbad-records%2F.gitkeep",
            "source": null,
            "source_md5hash": "",
            "storage_class": "NEARLINE",
            "temporary_hold": false,
            "timeouts": null
          },
          "sensitive_attributes": [
            [
              {
                "type": "get_attr",
                "value": "content"
              }
            ]
          ],
          "private": "eyJlMmJmYjczMC1lY2FhLTExZTYtOGY4OC0zNDM2M2JjN2M0YzAiOnsiY3JlYXRlIjoyNDAwMDAwMDAwMDAsImRlbGV0ZSI6MjQwMDAwMDAwMDAwLCJ1cGRhdGUiOjI0MDAwMDAwMDAwMH19",
          "dependencies": [
            "google_storage_bucket.tenant_buckets"
          ]
        },
        {
          "index_key": "africa-south1-tenants-tenant-003-data-processed-",
          "schema_version": 0,
          "attributes": {
            "bucket": "terraops-africa-south1-tenant-data",
            "cache_control": "",
            "content": "# Global multi-tenant folder structure maintained across all regions for scalable data processing",
            "content_disposition": "",
            "content_encoding": "",
            "content_language": "",
            "content_type": "text/plain; charset=utf-8",
            "crc32c": "mfVRCg==",
            "customer_encryption": [],
            "detect_md5hash": "ZJ7TKDq2HXPnW2iZ7cAH/A==",
            "event_based_hold": false,
            "force_empty_content_type": null,
            "generation": 1756421196708351,
            "id": "terraops-africa-south1-tenant-data-tenants/tenant-003/data/processed/.gitkeep",
            "kms_key_name": "",
            "md5hash": "ZJ7TKDq2HXPnW2iZ7cAH/A==",
            "md5hexhash": "649ed3283ab61d73e75b6899edc007fc",
            "media_link": "https://storage.googleapis.com/download/storage/v1/b/terraops-africa-south1-tenant-data/o/tenants%2Ftenant-003%2Fdata%2Fprocessed%2F.gitkeep?generation=1756421196708351\u0026alt=media",
            "metadata": null,
            "name": "tenants/tenant-003/data/processed/.gitkeep",
            "output_name": "tenants/tenant-003/data/processed/.gitkeep",
            "retention": [],
            "self_link": "https://www.googleapis.com/storage/v1/b/terraops-africa-south1-tenant-data/o/tenants%2Ftenant-003%2Fdata%2Fprocessed%2F.gitkeep",
            "source": null,
            "source_md5hash": "",
            "storage_class": "NEARLINE",
            "temporary_hold": false,
            "timeouts": null
          },
          "sensitive_attributes": [
            [
              {
                "type": "get_attr",
                "value": "content"
              }
            ]
          ],
          "private": "eyJlMmJmYjczMC1lY2FhLTExZTYtOGY4OC0zNDM2M2JjN2M0YzAiOnsiY3JlYXRlIjoyNDAwMDAwMDAwMDAsImRlbGV0ZSI6MjQwMDAwMDAwMDAwLCJ1cGRhdGUiOjI0MDAwMDAwMDAwMH19",
          "dependencies": [
            "google_storage_bucket.tenant_buckets"
          ]
        },
        {
          "index_key": "africa-south1-tenants-tenant-003-data-raw-",
          "schema_version": 0,
          "attributes": {
            "bucket": "terraops-africa-south1-tenant-data",
            "cache_control": "",
            "content": "# Global multi-tenant folder structure maintained across all regions for scalable data processing",
            "content_disposition": "",
            "content_encoding": "",
            "content_language": "",
            "content_type": "text/plain; charset=utf-8",
            "crc32c": "mfVRCg==",
            "customer_encryption": [],
            "detect_md5hash": "ZJ7TKDq2HXPnW2iZ7cAH/A==",
            "event_based_hold": false,
            "force_empty_content_type": null,
            "generation": 1756421188825785,
            "id": "terraops-africa-south1-tenant-data-tenants/tenant-003/data/raw/.gitkeep",
            "kms_key_name": "",
            "md5hash": "ZJ7TKDq2HXPnW2iZ7cAH/A==",
            "md5hexhash": "649ed3283ab61d73e75b6899edc007fc",
            "media_link": "https://storage.googleapis.com/download/storage/v1/b/terraops-africa-south1-tenant-data/o/tenants%2Ftenant-003%2Fdata%2Fraw%2F.gitkeep?generation=1756421188825785\u0026alt=media",
            "metadata": null,
            "name": "tenants/tenant-003/data/raw/.gitkeep",
            "output_name": "tenants/tenant-003/data/raw/.gitkeep",
            "retention": [],
            "self_link": "https://www.googleapis.com/storage/v1/b/terraops-africa-south1-tenant-data/o/tenants%2Ftenant-003%2Fdata%2Fraw%2F.gitkeep",
            "source": null,
            "source_md5hash": "",
            "storage_class": "NEARLINE",
            "temporary_hold": false,
            "timeouts": null
          },
          "sensitive_attributes": [
            [
              {
                "type": "get_attr",
                "value": "content"
              }
            ]
          ],
          "private": "eyJlMmJmYjczMC1lY2FhLTExZTYtOGY4OC0zNDM2M2JjN2M0YzAiOnsiY3JlYXRlIjoyNDAwMDAwMDAwMDAsImRlbGV0ZSI6MjQwMDAwMDAwMDAwLCJ1cGRhdGUiOjI0MDAwMDAwMDAwMH19",
          "dependencies": [
            "google_storage_bucket.tenant_buckets"
          ]
        },
        {
          "index_key": "europe-west1-shared-",
          "schema_version": 0,
          "attributes": {
            "bucket": "terraops-europe-west1-tenant-data",
            "cache_control": "",
            "content": "# Global multi-tenant folder structure maintained across all regions for scalable data processing",
            "content_disposition": "",
            "content_encoding": "",
            "content_language": "",
            "content_type": "text/plain; charset=utf-8",
            "crc32c": "mfVRCg==",
            "customer_encryption": [],
            "detect_md5hash": "ZJ7TKDq2HXPnW2iZ7cAH/A==",
            "event_based_hold": false,
            "force_empty_content_type": null,
            "generation": 1756421184083434,
            "id": "terraops-europe-west1-tenant-data-shared/.gitkeep",
            "kms_key_name": "",
            "md5hash": "ZJ7TKDq2HXPnW2iZ7cAH/A==",
            "md5hexhash": "649ed3283ab61d73e75b6899edc007fc",
            "media_link": "https://storage.googleapis.com/download/storage/v1/b/terraops-europe-west1-tenant-data/o/shared%2F.gitkeep?generation=1756421184083434\u0026alt=media",
            "metadata": null,
            "name": "shared/.gitkeep",
            "output_name": "shared/.gitkeep",
            "retention": [],
            "self_link": "https://www.googleapis.com/storage/v1/b/terraops-europe-west1-tenant-data/o/shared%2F.gitkeep",
            "source": null,
            "source_md5hash": "",
            "storage_class": "NEARLINE",
            "temporary_hold": false,
            "timeouts": null
          },
          "sensitive_attributes": [
            [
              {
                "type": "get_attr",
                "value": "content"
              }
            ]
          ],
          "private": "eyJlMmJmYjczMC1lY2FhLTExZTYtOGY4OC0zNDM2M2JjN2M0YzAiOnsiY3JlYXRlIjoyNDAwMDAwMDAwMDAsImRlbGV0ZSI6MjQwMDAwMDAwMDAwLCJ1cGRhdGUiOjI0MDAwMDAwMDAwMH19",
          "dependencies": [
            "google_storage_bucket.tenant_buckets"
          ]
        },
        {
          "index_key": "europe-west1-shared-ml-models-",
          "schema_version": 0,
          "attributes": {
            "bucket": "terraops-europe-west1-tenant-data",
            "cache_control": "",
            "content": "# Global multi-tenant folder structure maintained across all regions for scalable data processing",
            "content_disposition": "",
            "content_encoding": "",
            "content_language": "",
            "content_type": "text/plain; charset=utf-8",
            "crc32c": "mfVRCg==",
            "customer_encryption": [],
            "detect_md5hash": "ZJ7TKDq2HXPnW2iZ7cAH/A==",
            "event_based_hold": false,
            "force_empty_content_type": null,
            "generation": 1756421178333632,
            "id": "terraops-europe-west1-tenant-data-shared/ml-models/.gitkeep",
            "kms_key_name": "",
            "md5hash": "ZJ7TKDq2HXPnW2iZ7cAH/A==",
            "md5hexhash": "649ed3283ab61d73e75b6899edc007fc",
            "media_link": "https://storage.googleapis.com/download/storage/v1/b/terraops-europe-west1-tenant-data/o/shared%2Fml-models%2F.gitkeep?generation=1756421178333632\u0026alt=media",
            "metadata": null,
            "name": "shared/ml-models/.gitkeep",
            "output_name": "shared/ml-models/.gitkeep",
            "retention": [],
            "self_link": "https://www.googleapis.com/storage/v1/b/terraops-europe-west1-tenant-data/o/shared%2Fml-models%2F.gitkeep",
            "source": null,
            "source_md5hash": "",
            "storage_class": "NEARLINE",
            "temporary_hold": false,
            "timeouts": null
          },
          "sensitive_attributes": [
            [
              {
                "type": "get_attr",
                "value": "content"
              }
            ]
          ],
          "private": "eyJlMmJmYjczMC1lY2FhLTExZTYtOGY4OC0zNDM2M2JjN2M0YzAiOnsiY3JlYXRlIjoyNDAwMDAwMDAwMDAsImRlbGV0ZSI6MjQwMDAwMDAwMDAwLCJ1cGRhdGUiOjI0MDAwMDAwMDAwMH19",
          "dependencies": [
            "google_storage_bucket.tenant_buckets"
          ]
        },
        {
          "index_key": "europe-west1-shared-reference-data-",
          "schema_version": 0,
          "attributes": {
            "bucket": "terraops-europe-west1-tenant-data",
            "cache_control": "",
            "content": "# Global multi-tenant folder structure maintained across all regions for scalable data processing",
            "content_disposition": "",
            "content_encoding": "",
            "content_language": "",
            "content_type": "text/plain; charset=utf-8",
            "crc32c": "mfVRCg==",
            "customer_encryption": [],
            "detect_md5hash": "ZJ7TKDq2HXPnW2iZ7cAH/A==",
            "event_based_hold": false,
            "force_empty_content_type": null,
            "generation": 1756421182975501,
            "id": "terraops-europe-west1-tenant-data-shared/reference-data/.gitkeep",
            "kms_key_name": "",
            "md5hash": "ZJ7TKDq2HXPnW2iZ7cAH/A==",
            "md5hexhash": "649ed3283ab61d73e75b6899edc007fc",
            "media_link": "https://storage.googleapis.com/download/storage/v1/b/terraops-europe-west1-tenant-data/o/shared%2Freference-data%2F.gitkeep?generation=1756421182975501\u0026alt=media",
            "metadata": null,
            "name": "shared/reference-data/.gitkeep",
            "output_name": "shared/reference-data/.gitkeep",
            "retention": [],
            "self_link": "https://www.googleapis.com/storage/v1/b/terraops-europe-west1-tenant-data/o/shared%2Freference-data%2F.gitkeep",
            "source": null,
            "source_md5hash": "",
            "storage_class": "NEARLINE",
            "temporary_hold": false,
            "timeouts": null
          },
          "sensitive_attributes": [
            [
              {
                "type": "get_attr",
                "value": "content"
              }
            ]
          ],
          "private": "eyJlMmJmYjczMC1lY2FhLTExZTYtOGY4OC0zNDM2M2JjN2M0YzAiOnsiY3JlYXRlIjoyNDAwMDAwMDAwMDAsImRlbGV0ZSI6MjQwMDAwMDAwMDAwLCJ1cGRhdGUiOjI0MDAwMDAwMDAwMH19",
          "dependencies": [
            "google_storage_bucket.tenant_buckets"
          ]
        },
        {
          "index_key": "europe-west1-shared-reference-data-countries-",
          "schema_version": 0,
          "attributes": {
            "bucket": "terraops-europe-west1-tenant-data",
            "cache_control": "",
            "content": "# Global multi-tenant folder structure maintained across all regions for scalable data processing",
            "content_disposition": "",
            "content_encoding": "",
            "content_language": "",
            "content_type": "text/plain; charset=utf-8",
            "crc32c": "mfVRCg==",
            "customer_encryption": [],
            "detect_md5hash": "ZJ7TKDq2HXPnW2iZ7cAH/A==",
            "event_based_hold": false,
            "force_empty_content_type": null,
            "generation": 1756421190650137,
            "id": "terraops-europe-west1-tenant-data-shared/reference-data/countries/.gitkeep",
            "kms_key_name": "",
            "md5hash": "ZJ7TKDq2HXPnW2iZ7cAH/A==",
            "md5hexhash": "649ed3283ab61d73e75b6899edc007fc",
            "media_link": "https://storage.googleapis.com/download/storage/v1/b/terraops-europe-west1-tenant-data/o/shared%2Freference-data%2Fcountries%2F.gitkeep?generation=1756421190650137\u0026alt=media",
            "metadata": null,
            "name": "shared/reference-data/countries/.gitkeep",
            "output_name": "shared/reference-data/countries/.gitkeep",
            "retention": [],
            "self_link": "https://www.googleapis.com/storage/v1/b/terraops-europe-west1-tenant-data/o/shared%2Freference-data%2Fcountries%2F.gitkeep",
            "source": null,
            "source_md5hash": "",
            "storage_class": "NEARLINE",
            "temporary_hold": false,
            "timeouts": null
          },
          "sensitive_attributes": [
            [
              {
                "type": "get_attr",
                "value": "content"
              }
            ]
          ],
          "private": "eyJlMmJmYjczMC1lY2FhLTExZTYtOGY4OC0zNDM2M2JjN2M0YzAiOnsiY3JlYXRlIjoyNDAwMDAwMDAwMDAsImRlbGV0ZSI6MjQwMDAwMDAwMDAwLCJ1cGRhdGUiOjI0MDAwMDAwMDAwMH19",
          "dependencies": [
            "google_storage_bucket.tenant_buckets"
          ]
        },
        {
          "index_key": "europe-west1-shared-reference-data-currencies-",
          "schema_version": 0,
          "attributes": {
            "bucket": "terraops-europe-west1-tenant-data",
            "cache_control": "",
            "content": "# Global multi-tenant folder structure maintained across all regions for scalable data processing",
            "content_disposition": "",
            "content_encoding": "",
            "content_language": "",
            "content_type": "text/plain; charset=utf-8",
            "crc32c": "mfVRCg==",
            "customer_encryption": [],
            "detect_md5hash": "ZJ7TKDq2HXPnW2iZ7cAH/A==",
            "event_based_hold": false,
            "force_empty_content_type": null,
            "generation": 1756421185731330,
            "id": "terraops-europe-west1-tenant-data-shared/reference-data/currencies/.gitkeep",
            "kms_key_name": "",
            "md5hash": "ZJ7TKDq2HXPnW2iZ7cAH/A==",
            "md5hexhash": "649ed3283ab61d73e75b6899edc007fc",
            "media_link": "https://storage.googleapis.com/download/storage/v1/b/terraops-europe-west1-tenant-data/o/shared%2Freference-data%2Fcurrencies%2F.gitkeep?generation=1756421185731330\u0026alt=media",
            "metadata": null,
            "name": "shared/reference-data/currencies/.gitkeep",
            "output_name": "shared/reference-data/currencies/.gitkeep",
            "retention": [],
            "self_link": "https://www.googleapis.com/storage/v1/b/terraops-europe-west1-tenant-data/o/shared%2Freference-data%2Fcurrencies%2F.gitkeep",
            "source": null,
            "source_md5hash": "",
            "storage_class": "NEARLINE",
            "temporary_hold": false,
            "timeouts": null
          },
          "sensitive_attributes": [
            [
              {
                "type": "get_attr",
                "value": "content"
              }
            ]
          ],
          "private": "eyJlMmJmYjczMC1lY2FhLTExZTYtOGY4OC0zNDM2M2JjN2M0YzAiOnsiY3JlYXRlIjoyNDAwMDAwMDAwMDAsImRlbGV0ZSI6MjQwMDAwMDAwMDAwLCJ1cGRhdGUiOjI0MDAwMDAwMDAwMH19",
          "dependencies": [
            "google_storage_bucket.tenant_buckets"
          ]
        },
        {
          "index_key": "europe-west1-shared-reference-data-exchange-rates-",
          "schema_version": 0,
          "attributes": {
            "bucket": "terraops-europe-west1-tenant-data",
            "cache_control": "",
            "content": "# Global multi-tenant folder structure maintained across all regions for scalable data processing",
            "content_disposition": "",
            "content_encoding": "",
            "content_language": "",
            "content_type": "text/plain; charset=utf-8",
            "crc32c": "mfVRCg==",
            "customer_encryption": [],
            "detect_md5hash": "ZJ7TKDq2HXPnW2iZ7cAH/A==",
            "event_based_hold": false,
            "force_empty_content_type": null,
            "generation": 1756421187494822,
            "id": "terraops-europe-west1-tenant-data-shared/reference-data/exchange-rates/.gitkeep",
            "kms_key_name": "",
            "md5hash": "ZJ7TKDq2HXPnW2iZ7cAH/A==",
            "md5hexhash": "649ed3283ab61d73e75b6899edc007fc",
            "media_link": "https://storage.googleapis.com/download/storage/v1/b/terraops-europe-west1-tenant-data/o/shared%2Freference-data%2Fexchange-rates%2F.gitkeep?generation=1756421187494822\u0026alt=media",
            "metadata": null,
            "name": "shared/reference-data/exchange-rates/.gitkeep",
            "output_name": "shared/reference-data/exchange-rates/.gitkeep",
            "retention": [],
            "self_link": "https://www.googleapis.com/storage/v1/b/terraops-europe-west1-tenant-data/o/shared%2Freference-data%2Fexchange-rates%2F.gitkeep",
            "source": null,
            "source_md5hash": "",
            "storage_class": "NEARLINE",
            "temporary_hold": false,
            "timeouts": null
          },
          "sensitive_attributes": [
            [
              {
                "type": "get_attr",
                "value": "content"
              }
            ]
          ],
          "private": "eyJlMmJmYjczMC1lY2FhLTExZTYtOGY4OC0zNDM2M2JjN2M0YzAiOnsiY3JlYXRlIjoyNDAwMDAwMDAwMDAsImRlbGV0ZSI6MjQwMDAwMDAwMDAwLCJ1cGRhdGUiOjI0MDAwMDAwMDAwMH19",
          "dependencies": [
            "google_storage_bucket.tenant_buckets"
          ]
        },
        {
          "index_key": "europe-west1-tenants-",
          "schema_version": 0,
          "attributes": {
            "bucket": "terraops-europe-west1-tenant-data",
            "cache_control": "",
            "content": "# Global multi-tenant folder structure maintained across all regions for scalable data processing",
            "content_disposition": "",
            "content_encoding": "",
            "content_language": "",
            "content_type": "text/plain; charset=utf-8",
            "crc32c": "mfVRCg==",
            "customer_encryption": [],
            "detect_md5hash": "ZJ7TKDq2HXPnW2iZ7cAH/A==",
            "event_based_hold": false,
            "force_empty_content_type": null,
            "generation": 1756421195546928,
            "id": "terraops-europe-west1-tenant-data-tenants/.gitkeep",
            "kms_key_name": "",
            "md5hash": "ZJ7TKDq2HXPnW2iZ7cAH/A==",
            "md5hexhash": "649ed3283ab61d73e75b6899edc007fc",
            "media_link": "https://storage.googleapis.com/download/storage/v1/b/terraops-europe-west1-tenant-data/o/tenants%2F.gitkeep?generation=1756421195546928\u0026alt=media",
            "metadata": null,
            "name": "tenants/.gitkeep",
            "output_name": "tenants/.gitkeep",
            "retention": [],
            "self_link": "https://www.googleapis.com/storage/v1/b/terraops-europe-west1-tenant-data/o/tenants%2F.gitkeep",
            "source": null,
            "source_md5hash": "",
            "storage_class": "NEARLINE",
            "temporary_hold": false,
            "timeouts": null
          },
          "sensitive_attributes": [
            [
              {
                "type": "get_attr",
                "value": "content"
              }
            ]
          ],
          "private": "eyJlMmJmYjczMC1lY2FhLTExZTYtOGY4OC0zNDM2M2JjN2M0YzAiOnsiY3JlYXRlIjoyNDAwMDAwMDAwMDAsImRlbGV0ZSI6MjQwMDAwMDAwMDAwLCJ1cGRhdGUiOjI0MDAwMDAwMDAwMH19",
          "dependencies": [
            "google_storage_bucket.tenant_buckets"
          ]
        },
        {
          "index_key": "europe-west1-tenants-business-domains-",
          "schema_version": 0,
          "attributes": {
            "bucket": "terraops-europe-west1-tenant-data",
            "cache_control": "",
            "content": "# Global multi-tenant folder structure maintained across all regions for scalable data processing",
            "content_disposition": "",
            "content_encoding": "",
            "content_language": "",
            "content_type": "text/plain; charset=utf-8",
            "crc32c": "mfVRCg==",
            "customer_encryption": [],
            "detect_md5hash": "ZJ7TKDq2HXPnW2iZ7cAH/A==",
            "event_based_hold": false,
            "force_empty_content_type": null,
            "generation": 1756421195915002,
            "id": "terraops-europe-west1-tenant-data-tenants/business-domains/.gitkeep",
            "kms_key_name": "",
            "md5hash": "ZJ7TKDq2HXPnW2iZ7cAH/A==",
            "md5hexhash": "649ed3283ab61d73e75b6899edc007fc",
            "media_link": "https://storage.googleapis.com/download/storage/v1/b/terraops-europe-west1-tenant-data/o/tenants%2Fbusiness-domains%2F.gitkeep?generation=1756421195915002\u0026alt=media",
            "metadata": null,
            "name": "tenants/business-domains/.gitkeep",
            "output_name": "tenants/business-domains/.gitkeep",
            "retention": [],
            "self_link": "https://www.googleapis.com/storage/v1/b/terraops-europe-west1-tenant-data/o/tenants%2Fbusiness-domains%2F.gitkeep",
            "source": null,
            "source_md5hash": "",
            "storage_class": "NEARLINE",
            "temporary_hold": false,
            "timeouts": null
          },
          "sensitive_attributes": [
            [
              {
                "type": "get_attr",
                "value": "content"
              }
            ]
          ],
          "private": "eyJlMmJmYjczMC1lY2FhLTExZTYtOGY4OC0zNDM2M2JjN2M0YzAiOnsiY3JlYXRlIjoyNDAwMDAwMDAwMDAsImRlbGV0ZSI6MjQwMDAwMDAwMDAwLCJ1cGRhdGUiOjI0MDAwMDAwMDAwMH19",
          "dependencies": [
            "google_storage_bucket.tenant_buckets"
          ]
        },
        {
          "index_key": "europe-west1-tenants-tenant-001-",
          "schema_version": 0,
          "attributes": {
            "bucket": "terraops-europe-west1-tenant-data",
            "cache_control": "",
            "content": "# Global multi-tenant folder structure maintained across all regions for scalable data processing",
            "content_disposition": "",
            "content_encoding": "",
            "content_language": "",
            "content_type": "text/plain; charset=utf-8",
            "crc32c": "mfVRCg==",
            "customer_encryption": [],
            "detect_md5hash": "ZJ7TKDq2HXPnW2iZ7cAH/A==",
            "event_based_hold": false,
            "force_empty_content_type": null,
            "generation": 1756421184626024,
            "id": "terraops-europe-west1-tenant-data-tenants/tenant-001/.gitkeep",
            "kms_key_name": "",
            "md5hash": "ZJ7TKDq2HXPnW2iZ7cAH/A==",
            "md5hexhash": "649ed3283ab61d73e75b6899edc007fc",
            "media_link": "https://storage.googleapis.com/download/storage/v1/b/terraops-europe-west1-tenant-data/o/tenants%2Ftenant-001%2F.gitkeep?generation=1756421184626024\u0026alt=media",
            "metadata": null,
            "name": "tenants/tenant-001/.gitkeep",
            "output_name": "tenants/tenant-001/.gitkeep",
            "retention": [],
            "self_link": "https://www.googleapis.com/storage/v1/b/terraops-europe-west1-tenant-data/o/tenants%2Ftenant-001%2F.gitkeep",
            "source": null,
            "source_md5hash": "",
            "storage_class": "NEARLINE",
            "temporary_hold": false,
            "timeouts": null
          },
          "sensitive_attributes": [
            [
              {
                "type": "get_attr",
                "value": "content"
              }
            ]
          ],
          "private": "eyJlMmJmYjczMC1lY2FhLTExZTYtOGY4OC0zNDM2M2JjN2M0YzAiOnsiY3JlYXRlIjoyNDAwMDAwMDAwMDAsImRlbGV0ZSI6MjQwMDAwMDAwMDAwLCJ1cGRhdGUiOjI0MDAwMDAwMDAwMH19",
          "dependencies": [
            "google_storage_bucket.tenant_buckets"
          ]
        },
        {
          "index_key": "europe-west1-tenants-tenant-001-data-",
          "schema_version": 0,
          "attributes": {
            "bucket": "terraops-europe-west1-tenant-data",
            "cache_control": "",
            "content": "# Global multi-tenant folder structure maintained across all regions for scalable data processing",
            "content_disposition": "",
            "content_encoding": "",
            "content_language": "",
            "content_type": "text/plain; charset=utf-8",
            "crc32c": "mfVRCg==",
            "customer_encryption": [],
            "detect_md5hash": "ZJ7TKDq2HXPnW2iZ7cAH/A==",
            "event_based_hold": false,
            "force_empty_content_type": null,
            "generation": 1756421190101980,
            "id": "terraops-europe-west1-tenant-data-tenants/tenant-001/data/.gitkeep",
            "kms_key_name": "",
            "md5hash": "ZJ7TKDq2HXPnW2iZ7cAH/A==",
            "md5hexhash": "649ed3283ab61d73e75b6899edc007fc",
            "media_link": "https://storage.googleapis.com/download/storage/v1/b/terraops-europe-west1-tenant-data/o/tenants%2Ftenant-001%2Fdata%2F.gitkeep?generation=1756421190101980\u0026alt=media",
            "metadata": null,
            "name": "tenants/tenant-001/data/.gitkeep",
            "output_name": "tenants/tenant-001/data/.gitkeep",
            "retention": [],
            "self_link": "https://www.googleapis.com/storage/v1/b/terraops-europe-west1-tenant-data/o/tenants%2Ftenant-001%2Fdata%2F.gitkeep",
            "source": null,
            "source_md5hash": "",
            "storage_class": "NEARLINE",
            "temporary_hold": false,
            "timeouts": null
          },
          "sensitive_attributes": [
            [
              {
                "type": "get_attr",
                "value": "content"
              }
            ]
          ],
          "private": "eyJlMmJmYjczMC1lY2FhLTExZTYtOGY4OC0zNDM2M2JjN2M0YzAiOnsiY3JlYXRlIjoyNDAwMDAwMDAwMDAsImRlbGV0ZSI6MjQwMDAwMDAwMDAwLCJ1cGRhdGUiOjI0MDAwMDAwMDAwMH19",
          "dependencies": [
            "google_storage_bucket.tenant_buckets"
          ]
        },
        {
          "index_key": "europe-west1-tenants-tenant-001-data-bad-records-",
          "schema_version": 0,
          "attributes": {
            "bucket": "terraops-europe-west1-tenant-data",
            "cache_control": "",
            "content": "# Global multi-tenant folder structure maintained across all regions for scalable data processing",
            "content_disposition": "",
            "content_encoding": "",
            "content_language": "",
            "content_type": "text/plain; charset=utf-8",
            "crc32c": "mfVRCg==",
            "customer_encryption": [],
            "detect_md5hash": "ZJ7TKDq2HXPnW2iZ7cAH/A==",
            "event_based_hold": false,
            "force_empty_content_type": null,
            "generation": 1756421192271254,
            "id": "terraops-europe-west1-tenant-data-tenants/tenant-001/data/bad-records/.gitkeep",
            "kms_key_name": "",
            "md5hash": "ZJ7TKDq2HXPnW2iZ7cAH/A==",
            "md5hexhash": "649ed3283ab61d73e75b6899edc007fc",
            "media_link": "https://storage.googleapis.com/download/storage/v1/b/terraops-europe-west1-tenant-data/o/tenants%2Ftenant-001%2Fdata%2Fbad-records%2F.gitkeep?generation=1756421192271254\u0026alt=media",
            "metadata": null,
            "name": "tenants/tenant-001/data/bad-records/.gitkeep",
            "output_name": "tenants/tenant-001/data/bad-records/.gitkeep",
            "retention": [],
            "self_link": "https://www.googleapis.com/storage/v1/b/terraops-europe-west1-tenant-data/o/tenants%2Ftenant-001%2Fdata%2Fbad-records%2F.gitkeep",
            "source": null,
            "source_md5hash": "",
            "storage_class": "NEARLINE",
            "temporary_hold": false,
            "timeouts": null
          },
          "sensitive_attributes": [
            [
              {
                "type": "get_attr",
                "value": "content"
              }
            ]
          ],
          "private": "eyJlMmJmYjczMC1lY2FhLTExZTYtOGY4OC0zNDM2M2JjN2M0YzAiOnsiY3JlYXRlIjoyNDAwMDAwMDAwMDAsImRlbGV0ZSI6MjQwMDAwMDAwMDAwLCJ1cGRhdGUiOjI0MDAwMDAwMDAwMH19",
          "dependencies": [
            "google_storage_bucket.tenant_buckets"
          ]
        },
        {
          "index_key": "europe-west1-tenants-tenant-001-data-processed-",
          "schema_version": 0,
          "attributes": {
            "bucket": "terraops-europe-west1-tenant-data",
            "cache_control": "",
            "content": "# Global multi-tenant folder structure maintained across all regions for scalable data processing",
            "content_disposition": "",
            "content_encoding": "",
            "content_language": "",
            "content_type": "text/plain; charset=utf-8",
            "crc32c": "mfVRCg==",
            "customer_encryption": [],
            "detect_md5hash": "ZJ7TKDq2HXPnW2iZ7cAH/A==",
            "event_based_hold": false,
            "force_empty_content_type": null,
            "generation": 1756421177781932,
            "id": "terraops-europe-west1-tenant-data-tenants/tenant-001/data/processed/.gitkeep",
            "kms_key_name": "",
            "md5hash": "ZJ7TKDq2HXPnW2iZ7cAH/A==",
            "md5hexhash": "649ed3283ab61d73e75b6899edc007fc",
            "media_link": "https://storage.googleapis.com/download/storage/v1/b/terraops-europe-west1-tenant-data/o/tenants%2Ftenant-001%2Fdata%2Fprocessed%2F.gitkeep?generation=1756421177781932\u0026alt=media",
            "metadata": null,
            "name": "tenants/tenant-001/data/processed/.gitkeep",
            "output_name": "tenants/tenant-001/data/processed/.gitkeep",
            "retention": [],
            "self_link": "https://www.googleapis.com/storage/v1/b/terraops-europe-west1-tenant-data/o/tenants%2Ftenant-001%2Fdata%2Fprocessed%2F.gitkeep",
            "source": null,
            "source_md5hash": "",
            "storage_class": "NEARLINE",
            "temporary_hold": false,
            "timeouts": null
          },
          "sensitive_attributes": [
            [
              {
                "type": "get_attr",
                "value": "content"
              }
            ]
          ],
          "private": "eyJlMmJmYjczMC1lY2FhLTExZTYtOGY4OC0zNDM2M2JjN2M0YzAiOnsiY3JlYXRlIjoyNDAwMDAwMDAwMDAsImRlbGV0ZSI6MjQwMDAwMDAwMDAwLCJ1cGRhdGUiOjI0MDAwMDAwMDAwMH19",
          "dependencies": [
            "google_storage_bucket.tenant_buckets"
          ]
        },
        {
          "index_key": "europe-west1-tenants-tenant-001-data-raw-",
          "schema_version": 0,
          "attributes": {
            "bucket": "terraops-europe-west1-tenant-data",
            "cache_control": "",
            "content": "# Global multi-tenant folder structure maintained across all regions for scalable data processing",
            "content_disposition": "",
            "content_encoding": "",
            "content_language": "",
            "content_type": "text/plain; charset=utf-8",
            "crc32c": "mfVRCg==",
            "customer_encryption": [],
            "detect_md5hash": "ZJ7TKDq2HXPnW2iZ7cAH/A==",
            "event_based_hold": false,
            "force_empty_content_type": null,
            "generation": 1756421191435258,
            "id": "terraops-europe-west1-tenant-data-tenants/tenant-001/data/raw/.gitkeep",
            "kms_key_name": "",
            "md5hash": "ZJ7TKDq2HXPnW2iZ7cAH/A==",
            "md5hexhash": "649ed3283ab61d73e75b6899edc007fc",
            "media_link": "https://storage.googleapis.com/download/storage/v1/b/terraops-europe-west1-tenant-data/o/tenants%2Ftenant-001%2Fdata%2Fraw%2F.gitkeep?generation=1756421191435258\u0026alt=media",
            "metadata": null,
            "name": "tenants/tenant-001/data/raw/.gitkeep",
            "output_name": "tenants/tenant-001/data/raw/.gitkeep",
            "retention": [],
            "self_link": "https://www.googleapis.com/storage/v1/b/terraops-europe-west1-tenant-data/o/tenants%2Ftenant-001%2Fdata%2Fraw%2F.gitkeep",
            "source": null,
            "source_md5hash": "",
            "storage_class": "NEARLINE",
            "temporary_hold": false,
            "timeouts": null
          },
          "sensitive_attributes": [
            [
              {
                "type": "get_attr",
                "value": "content"
              }
            ]
          ],
          "private": "eyJlMmJmYjczMC1lY2FhLTExZTYtOGY4OC0zNDM2M2JjN2M0YzAiOnsiY3JlYXRlIjoyNDAwMDAwMDAwMDAsImRlbGV0ZSI6MjQwMDAwMDAwMDAwLCJ1cGRhdGUiOjI0MDAwMDAwMDAwMH19",
          "dependencies": [
            "google_storage_bucket.tenant_buckets"
          ]
        },
        {
          "index_key": "europe-west1-tenants-tenant-002-",
          "schema_version": 0,
          "attributes": {
            "bucket": "terraops-europe-west1-tenant-data",
            "cache_control": "",
            "content": "# Global multi-tenant folder structure maintained across all regions for scalable data processing",
            "content_disposition": "",
            "content_encoding": "",
            "content_language": "",
            "content_type": "text/plain; charset=utf-8",
            "crc32c": "mfVRCg==",
            "customer_encryption": [],
            "detect_md5hash": "ZJ7TKDq2HXPnW2iZ7cAH/A==",
            "event_based_hold": false,
            "force_empty_content_type": null,
            "generation": 1756421189390090,
            "id": "terraops-europe-west1-tenant-data-tenants/tenant-002/.gitkeep",
            "kms_key_name": "",
            "md5hash": "ZJ7TKDq2HXPnW2iZ7cAH/A==",
            "md5hexhash": "649ed3283ab61d73e75b6899edc007fc",
            "media_link": "https://storage.googleapis.com/download/storage/v1/b/terraops-europe-west1-tenant-data/o/tenants%2Ftenant-002%2F.gitkeep?generation=1756421189390090\u0026alt=media",
            "metadata": null,
            "name": "tenants/tenant-002/.gitkeep",
            "output_name": "tenants/tenant-002/.gitkeep",
            "retention": [],
            "self_link": "https://www.googleapis.com/storage/v1/b/terraops-europe-west1-tenant-data/o/tenants%2Ftenant-002%2F.gitkeep",
            "source": null,
            "source_md5hash": "",
            "storage_class": "NEARLINE",
            "temporary_hold": false,
            "timeouts": null
          },
          "sensitive_attributes": [
            [
              {
                "type": "get_attr",
                "value": "content"
              }
            ]
          ],
          "private": "eyJlMmJmYjczMC1lY2FhLTExZTYtOGY4OC0zNDM2M2JjN2M0YzAiOnsiY3JlYXRlIjoyNDAwMDAwMDAwMDAsImRlbGV0ZSI6MjQwMDAwMDAwMDAwLCJ1cGRhdGUiOjI0MDAwMDAwMDAwMH19",
          "dependencies": [
            "google_storage_bucket.tenant_buckets"
          ]
        },
        {
          "index_key": "europe-west1-tenants-tenant-002-data-",
          "schema_version": 0,
          "attributes": {
            "bucket": "terraops-europe-west1-tenant-data",
            "cache_control": "",
            "content": "# Global multi-tenant folder structure maintained across all regions for scalable data processing",
            "content_disposition": "",
            "content_encoding": "",
            "content_language": "",
            "content_type": "text/plain; charset=utf-8",
            "crc32c": "mfVRCg==",
            "customer_encryption": [],
            "detect_md5hash": "ZJ7TKDq2HXPnW2iZ7cAH/A==",
            "event_based_hold": false,
            "force_empty_content_type": null,
            "generation": 1756421185172610,
            "id": "terraops-europe-west1-tenant-data-tenants/tenant-002/data/.gitkeep",
            "kms_key_name": "",
            "md5hash": "ZJ7TKDq2HXPnW2iZ7cAH/A==",
            "md5hexhash": "649ed3283ab61d73e75b6899edc007fc",
            "media_link": "https://storage.googleapis.com/download/storage/v1/b/terraops-europe-west1-tenant-data/o/tenants%2Ftenant-002%2Fdata%2F.gitkeep?generation=1756421185172610\u0026alt=media",
            "metadata": null,
            "name": "tenants/tenant-002/data/.gitkeep",
            "output_name": "tenants/tenant-002/data/.gitkeep",
            "retention": [],
            "self_link": "https://www.googleapis.com/storage/v1/b/terraops-europe-west1-tenant-data/o/tenants%2Ftenant-002%2Fdata%2F.gitkeep",
            "source": null,
            "source_md5hash": "",
            "storage_class": "NEARLINE",
            "temporary_hold": false,
            "timeouts": null
          },
          "sensitive_attributes": [
            [
              {
                "type": "get_attr",
                "value": "content"
              }
            ]
          ],
          "private": "eyJlMmJmYjczMC1lY2FhLTExZTYtOGY4OC0zNDM2M2JjN2M0YzAiOnsiY3JlYXRlIjoyNDAwMDAwMDAwMDAsImRlbGV0ZSI6MjQwMDAwMDAwMDAwLCJ1cGRhdGUiOjI0MDAwMDAwMDAwMH19",
          "dependencies": [
            "google_storage_bucket.tenant_buckets"
          ]
        },
        {
          "index_key": "europe-west1-tenants-tenant-002-data-bad-records-",
          "schema_version": 0,
          "attributes": {
            "bucket": "terraops-europe-west1-tenant-data",
            "cache_control": "",
            "content": "# Global multi-tenant folder structure maintained across all regions for scalable data processing",
            "content_disposition": "",
            "content_encoding": "",
            "content_language": "",
            "content_type": "text/plain; charset=utf-8",
            "crc32c": "mfVRCg==",
            "customer_encryption": [],
            "detect_md5hash": "ZJ7TKDq2HXPnW2iZ7cAH/A==",
            "event_based_hold": false,
            "force_empty_content_type": null,
            "generation": 1756421183532944,
            "id": "terraops-europe-west1-tenant-data-tenants/tenant-002/data/bad-records/.gitkeep",
            "kms_key_name": "",
            "md5hash": "ZJ7TKDq2HXPnW2iZ7cAH/A==",
            "md5hexhash": "649ed3283ab61d73e75b6899edc007fc",
            "media_link": "https://storage.googleapis.com/download/storage/v1/b/terraops-europe-west1-tenant-data/o/tenants%2Ftenant-002%2Fdata%2Fbad-records%2F.gitkeep?generation=1756421183532944\u0026alt=media",
            "metadata": null,
            "name": "tenants/tenant-002/data/bad-records/.gitkeep",
            "output_name": "tenants/tenant-002/data/bad-records/.gitkeep",
            "retention": [],
            "self_link": "https://www.googleapis.com/storage/v1/b/terraops-europe-west1-tenant-data/o/tenants%2Ftenant-002%2Fdata%2Fbad-records%2F.gitkeep",
            "source": null,
            "source_md5hash": "",
            "storage_class": "NEARLINE",
            "temporary_hold": false,
            "timeouts": null
          },
          "sensitive_attributes": [
            [
              {
                "type": "get_attr",
                "value": "content"
              }
            ]
          ],
          "private": "eyJlMmJmYjczMC1lY2FhLTExZTYtOGY4OC0zNDM2M2JjN2M0YzAiOnsiY3JlYXRlIjoyNDAwMDAwMDAwMDAsImRlbGV0ZSI6MjQwMDAwMDAwMDAwLCJ1cGRhdGUiOjI0MDAwMDAwMDAwMH19",
          "dependencies": [
            "google_storage_bucket.tenant_buckets"
          ]
        },
        {
          "index_key": "europe-west1-tenants-tenant-002-data-processed-",
          "schema_version": 0,
          "attributes": {
            "bucket": "terraops-europe-west1-tenant-data",
            "cache_control": "",
            "content": "# Global multi-tenant folder structure maintained across all regions for scalable data processing",
            "content_disposition": "",
            "content_encoding": "",
            "content_language": "",
            "content_type": "text/plain; charset=utf-8",
            "crc32c": "mfVRCg==",
            "customer_encryption": [],
            "detect_md5hash": "ZJ7TKDq2HXPnW2iZ7cAH/A==",
            "event_based_hold": false,
            "force_empty_content_type": null,
            "generation": 1756421188336265,
            "id": "terraops-europe-west1-tenant-data-tenants/tenant-002/data/processed/.gitkeep",
            "kms_key_name": "",
            "md5hash": "ZJ7TKDq2HXPnW2iZ7cAH/A==",
            "md5hexhash": "649ed3283ab61d73e75b6899edc007fc",
            "media_link": "https://storage.googleapis.com/download/storage/v1/b/terraops-europe-west1-tenant-data/o/tenants%2Ftenant-002%2Fdata%2Fprocessed%2F.gitkeep?generation=1756421188336265\u0026alt=media",
            "metadata": null,
            "name": "tenants/tenant-002/data/processed/.gitkeep",
            "output_name": "tenants/tenant-002/data/processed/.gitkeep",
            "retention": [],
            "self_link": "https://www.googleapis.com/storage/v1/b/terraops-europe-west1-tenant-data/o/tenants%2Ftenant-002%2Fdata%2Fprocessed%2F.gitkeep",
            "source": null,
            "source_md5hash": "",
            "storage_class": "NEARLINE",
            "temporary_hold": false,
            "timeouts": null
          },
          "sensitive_attributes": [
            [
              {
                "type": "get_attr",
                "value": "content"
              }
            ]
          ],
          "private": "eyJlMmJmYjczMC1lY2FhLTExZTYtOGY4OC0zNDM2M2JjN2M0YzAiOnsiY3JlYXRlIjoyNDAwMDAwMDAwMDAsImRlbGV0ZSI6MjQwMDAwMDAwMDAwLCJ1cGRhdGUiOjI0MDAwMDAwMDAwMH19",
          "dependencies": [
            "google_storage_bucket.tenant_buckets"
          ]
        },
        {
          "index_key": "europe-west1-tenants-tenant-002-data-raw-",
          "schema_version": 0,
          "attributes": {
            "bucket": "terraops-europe-west1-tenant-data",
            "cache_control": "",
            "content": "# Global multi-tenant folder structure maintained across all regions for scalable data processing",
            "content_disposition": "",
            "content_encoding": "",
            "content_language": "",
            "content_type": "text/plain; charset=utf-8",
            "crc32c": "mfVRCg==",
            "customer_encryption": [],
            "detect_md5hash": "ZJ7TKDq2HXPnW2iZ7cAH/A==",
            "event_based_hold": false,
            "force_empty_content_type": null,
            "generation": 1756421196089145,
            "id": "terraops-europe-west1-tenant-data-tenants/tenant-002/data/raw/.gitkeep",
            "kms_key_name": "",
            "md5hash": "ZJ7TKDq2HXPnW2iZ7cAH/A==",
            "md5hexhash": "649ed3283ab61d73e75b6899edc007fc",
            "media_link": "https://storage.googleapis.com/download/storage/v1/b/terraops-europe-west1-tenant-data/o/tenants%2Ftenant-002%2Fdata%2Fraw%2F.gitkeep?generation=1756421196089145\u0026alt=media",
            "metadata": null,
            "name": "tenants/tenant-002/data/raw/.gitkeep",
            "output_name": "tenants/tenant-002/data/raw/.gitkeep",
            "retention": [],
            "self_link": "https://www.googleapis.com/storage/v1/b/terraops-europe-west1-tenant-data/o/tenants%2Ftenant-002%2Fdata%2Fraw%2F.gitkeep",
            "source": null,
            "source_md5hash": "",
            "storage_class": "NEARLINE",
            "temporary_hold": false,
            "timeouts": null
          },
          "sensitive_attributes": [
            [
              {
                "type": "get_attr",
                "value": "content"
              }
            ]
          ],
          "private": "eyJlMmJmYjczMC1lY2FhLTExZTYtOGY4OC0zNDM2M2JjN2M0YzAiOnsiY3JlYXRlIjoyNDAwMDAwMDAwMDAsImRlbGV0ZSI6MjQwMDAwMDAwMDAwLCJ1cGRhdGUiOjI0MDAwMDAwMDAwMH19",
          "dependencies": [
            "google_storage_bucket.tenant_buckets"
          ]
        },
        {
          "index_key": "europe-west1-tenants-tenant-003-",
          "schema_version": 0,
          "attributes": {
            "bucket": "terraops-europe-west1-tenant-data",
            "cache_control": "",
            "content": "# Global multi-tenant folder structure maintained across all regions for scalable data processing",
            "content_disposition": "",
            "content_encoding": "",
            "content_language": "",
            "content_type": "text/plain; charset=utf-8",
            "crc32c": "mfVRCg==",
            "customer_encryption": [],
            "detect_md5hash": "ZJ7TKDq2HXPnW2iZ7cAH/A==",
            "event_based_hold": false,
            "force_empty_content_type": null,
            "generation": 1756421190855560,
            "id": "terraops-europe-west1-tenant-data-tenants/tenant-003/.gitkeep",
            "kms_key_name": "",
            "md5hash": "ZJ7TKDq2HXPnW2iZ7cAH/A==",
            "md5hexhash": "649ed3283ab61d73e75b6899edc007fc",
            "media_link": "https://storage.googleapis.com/download/storage/v1/b/terraops-europe-west1-tenant-data/o/tenants%2Ftenant-003%2F.gitkeep?generation=1756421190855560\u0026alt=media",
            "metadata": null,
            "name": "tenants/tenant-003/.gitkeep",
            "output_name": "tenants/tenant-003/.gitkeep",
            "retention": [],
            "self_link": "https://www.googleapis.com/storage/v1/b/terraops-europe-west1-tenant-data/o/tenants%2Ftenant-003%2F.gitkeep",
            "source": null,
            "source_md5hash": "",
            "storage_class": "NEARLINE",
            "temporary_hold": false,
            "timeouts": null
          },
          "sensitive_attributes": [
            [
              {
                "type": "get_attr",
                "value": "content"
              }
            ]
          ],
          "private": "eyJlMmJmYjczMC1lY2FhLTExZTYtOGY4OC0zNDM2M2JjN2M0YzAiOnsiY3JlYXRlIjoyNDAwMDAwMDAwMDAsImRlbGV0ZSI6MjQwMDAwMDAwMDAwLCJ1cGRhdGUiOjI0MDAwMDAwMDAwMH19",
          "dependencies": [
            "google_storage_bucket.tenant_buckets"
          ]
        },
        {
          "index_key": "europe-west1-tenants-tenant-003-data-",
          "schema_version": 0,
          "attributes": {
            "bucket": "terraops-europe-west1-tenant-data",
            "cache_control": "",
            "content": "# Global multi-tenant folder structure maintained across all regions for scalable data processing",
            "content_disposition": "",
            "content_encoding": "",
            "content_language": "",
            "content_type": "text/plain; charset=utf-8",
            "crc32c": "mfVRCg==",
            "customer_encryption": [],
            "detect_md5hash": "ZJ7TKDq2HXPnW2iZ7cAH/A==",
            "event_based_hold": false,
            "force_empty_content_type": null,
            "generation": 1756421191663269,
            "id": "terraops-europe-west1-tenant-data-tenants/tenant-003/data/.gitkeep",
            "kms_key_name": "",
            "md5hash": "ZJ7TKDq2HXPnW2iZ7cAH/A==",
            "md5hexhash": "649ed3283ab61d73e75b6899edc007fc",
            "media_link": "https://storage.googleapis.com/download/storage/v1/b/terraops-europe-west1-tenant-data/o/tenants%2Ftenant-003%2Fdata%2F.gitkeep?generation=1756421191663269\u0026alt=media",
            "metadata": null,
            "name": "tenants/tenant-003/data/.gitkeep",
            "output_name": "tenants/tenant-003/data/.gitkeep",
            "retention": [],
            "self_link": "https://www.googleapis.com/storage/v1/b/terraops-europe-west1-tenant-data/o/tenants%2Ftenant-003%2Fdata%2F.gitkeep",
            "source": null,
            "source_md5hash": "",
            "storage_class": "NEARLINE",
            "temporary_hold": false,
            "timeouts": null
          },
          "sensitive_attributes": [
            [
              {
                "type": "get_attr",
                "value": "content"
              }
            ]
          ],
          "private": "eyJlMmJmYjczMC1lY2FhLTExZTYtOGY4OC0zNDM2M2JjN2M0YzAiOnsiY3JlYXRlIjoyNDAwMDAwMDAwMDAsImRlbGV0ZSI6MjQwMDAwMDAwMDAwLCJ1cGRhdGUiOjI0MDAwMDAwMDAwMH19",
          "dependencies": [
            "google_storage_bucket.tenant_buckets"
          ]
        },
        {
          "index_key": "europe-west1-tenants-tenant-003-data-bad-records-",
          "schema_version": 0,
          "attributes": {
            "bucket": "terraops-europe-west1-tenant-data",
            "cache_control": "",
            "content": "# Global multi-tenant folder structure maintained across all regions for scalable data processing",
            "content_disposition": "",
            "content_encoding": "",
            "content_language": "",
            "content_type": "text/plain; charset=utf-8",
            "crc32c": "mfVRCg==",
            "customer_encryption": [],
            "detect_md5hash": "ZJ7TKDq2HXPnW2iZ7cAH/A==",
            "event_based_hold": false,
            "force_empty_content_type": null,
            "generation": 1756421179601412,
            "id": "terraops-europe-west1-tenant-data-tenants/tenant-003/data/bad-records/.gitkeep",
            "kms_key_name": "",
            "md5hash": "ZJ7TKDq2HXPnW2iZ7cAH/A==",
            "md5hexhash": "649ed3283ab61d73e75b6899edc007fc",
            "media_link": "https://storage.googleapis.com/download/storage/v1/b/terraops-europe-west1-tenant-data/o/tenants%2Ftenant-003%2Fdata%2Fbad-records%2F.gitkeep?generation=1756421179601412\u0026alt=media",
            "metadata": null,
            "name": "tenants/tenant-003/data/bad-records/.gitkeep",
            "output_name": "tenants/tenant-003/data/bad-records/.gitkeep",
            "retention": [],
            "self_link": "https://www.googleapis.com/storage/v1/b/terraops-europe-west1-tenant-data/o/tenants%2Ftenant-003%2Fdata%2Fbad-records%2F.gitkeep",
            "source": null,
            "source_md5hash": "",
            "storage_class": "NEARLINE",
            "temporary_hold": false,
            "timeouts": null
          },
          "sensitive_attributes": [
            [
              {
                "type": "get_attr",
                "value": "content"
              }
            ]
          ],
          "private": "eyJlMmJmYjczMC1lY2FhLTExZTYtOGY4OC0zNDM2M2JjN2M0YzAiOnsiY3JlYXRlIjoyNDAwMDAwMDAwMDAsImRlbGV0ZSI6MjQwMDAwMDAwMDAwLCJ1cGRhdGUiOjI0MDAwMDAwMDAwMH19",
          "dependencies": [
            "google_storage_bucket.tenant_buckets"
          ]
        },
        {
          "index_key": "europe-west1-tenants-tenant-003-data-processed-",
          "schema_version": 0,
          "attributes": {
            "bucket": "terraops-europe-west1-tenant-data",
            "cache_control": "",
            "content": "# Global multi-tenant folder structure maintained across all regions for scalable data processing",
            "content_disposition": "",
            "content_encoding": "",
            "content_language": "",
            "content_type": "text/plain; charset=utf-8",
            "crc32c": "mfVRCg==",
            "customer_encryption": [],
            "detect_md5hash": "ZJ7TKDq2HXPnW2iZ7cAH/A==",
            "event_based_hold": false,
            "force_empty_content_type": null,
            "generation": 1756421175100282,
            "id": "terraops-europe-west1-tenant-data-tenants/tenant-003/data/processed/.gitkeep",
            "kms_key_name": "",
            "md5hash": "ZJ7TKDq2HXPnW2iZ7cAH/A==",
            "md5hexhash": "649ed3283ab61d73e75b6899edc007fc",
            "media_link": "https://storage.googleapis.com/download/storage/v1/b/terraops-europe-west1-tenant-data/o/tenants%2Ftenant-003%2Fdata%2Fprocessed%2F.gitkeep?generation=1756421175100282\u0026alt=media",
            "metadata": null,
            "name": "tenants/tenant-003/data/processed/.gitkeep",
            "output_name": "tenants/tenant-003/data/processed/.gitkeep",
            "retention": [],
            "self_link": "https://www.googleapis.com/storage/v1/b/terraops-europe-west1-tenant-data/o/tenants%2Ftenant-003%2Fdata%2Fprocessed%2F.gitkeep",
            "source": null,
            "source_md5hash": "",
            "storage_class": "NEARLINE",
            "temporary_hold": false,
            "timeouts": null
          },
          "sensitive_attributes": [
            [
              {
                "type": "get_attr",
                "value": "content"
              }
            ]
          ],
          "private": "eyJlMmJmYjczMC1lY2FhLTExZTYtOGY4OC0zNDM2M2JjN2M0YzAiOnsiY3JlYXRlIjoyNDAwMDAwMDAwMDAsImRlbGV0ZSI6MjQwMDAwMDAwMDAwLCJ1cGRhdGUiOjI0MDAwMDAwMDAwMH19",
          "dependencies": [
            "google_storage_bucket.tenant_buckets"
          ]
        },
        {
          "index_key": "europe-west1-tenants-tenant-003-data-raw-",
          "schema_version": 0,
          "attributes": {
            "bucket": "terraops-europe-west1-tenant-data",
            "cache_control": "",
            "content": "# Global multi-tenant folder structure maintained across all regions for scalable data processing",
            "content_disposition": "",
            "content_encoding": "",
            "content_language": "",
            "content_type": "text/plain; charset=utf-8",
            "crc32c": "mfVRCg==",
            "customer_encryption": [],
            "detect_md5hash": "ZJ7TKDq2HXPnW2iZ7cAH/A==",
            "event_based_hold": false,
            "force_empty_content_type": null,
            "generation": 1756421179054316,
            "id": "terraops-europe-west1-tenant-data-tenants/tenant-003/data/raw/.gitkeep",
            "kms_key_name": "",
            "md5hash": "ZJ7TKDq2HXPnW2iZ7cAH/A==",
            "md5hexhash": "649ed3283ab61d73e75b6899edc007fc",
            "media_link": "https://storage.googleapis.com/download/storage/v1/b/terraops-europe-west1-tenant-data/o/tenants%2Ftenant-003%2Fdata%2Fraw%2F.gitkeep?generation=1756421179054316\u0026alt=media",
            "metadata": null,
            "name": "tenants/tenant-003/data/raw/.gitkeep",
            "output_name": "tenants/tenant-003/data/raw/.gitkeep",
            "retention": [],
            "self_link": "https://www.googleapis.com/storage/v1/b/terraops-europe-west1-tenant-data/o/tenants%2Ftenant-003%2Fdata%2Fraw%2F.gitkeep",
            "source": null,
            "source_md5hash": "",
            "storage_class": "NEARLINE",
            "temporary_hold": false,
            "timeouts": null
          },
          "sensitive_attributes": [
            [
              {
                "type": "get_attr",
                "value": "content"
              }
            ]
          ],
          "private": "eyJlMmJmYjczMC1lY2FhLTExZTYtOGY4OC0zNDM2M2JjN2M0YzAiOnsiY3JlYXRlIjoyNDAwMDAwMDAwMDAsImRlbGV0ZSI6MjQwMDAwMDAwMDAwLCJ1cGRhdGUiOjI0MDAwMDAwMDAwMH19",
          "dependencies": [
            "google_storage_bucket.tenant_buckets"
          ]
        },
        {
          "index_key": "europe-west2-shared-",
          "schema_version": 0,
          "attributes": {
            "bucket": "terraops-europe-west2-tenant-data",
            "cache_control": "",
            "content": "# Global multi-tenant folder structure maintained across all regions for scalable data processing",
            "content_disposition": "",
            "content_encoding": "",
            "content_language": "",
            "content_type": "text/plain; charset=utf-8",
            "crc32c": "mfVRCg==",
            "customer_encryption": [],
            "detect_md5hash": "ZJ7TKDq2HXPnW2iZ7cAH/A==",
            "event_based_hold": false,
            "force_empty_content_type": null,
            "generation": 1756421196623980,
            "id": "terraops-europe-west2-tenant-data-shared/.gitkeep",
            "kms_key_name": "",
            "md5hash": "ZJ7TKDq2HXPnW2iZ7cAH/A==",
            "md5hexhash": "649ed3283ab61d73e75b6899edc007fc",
            "media_link": "https://storage.googleapis.com/download/storage/v1/b/terraops-europe-west2-tenant-data/o/shared%2F.gitkeep?generation=1756421196623980\u0026alt=media",
            "metadata": null,
            "name": "shared/.gitkeep",
            "output_name": "shared/.gitkeep",
            "retention": [],
            "self_link": "https://www.googleapis.com/storage/v1/b/terraops-europe-west2-tenant-data/o/shared%2F.gitkeep",
            "source": null,
            "source_md5hash": "",
            "storage_class": "NEARLINE",
            "temporary_hold": false,
            "timeouts": null
          },
          "sensitive_attributes": [
            [
              {
                "type": "get_attr",
                "value": "content"
              }
            ]
          ],
          "private": "eyJlMmJmYjczMC1lY2FhLTExZTYtOGY4OC0zNDM2M2JjN2M0YzAiOnsiY3JlYXRlIjoyNDAwMDAwMDAwMDAsImRlbGV0ZSI6MjQwMDAwMDAwMDAwLCJ1cGRhdGUiOjI0MDAwMDAwMDAwMH19",
          "dependencies": [
            "google_storage_bucket.tenant_buckets"
          ]
        },
        {
          "index_key": "europe-west2-shared-ml-models-",
          "schema_version": 0,
          "attributes": {
            "bucket": "terraops-europe-west2-tenant-data",
            "cache_control": "",
            "content": "# Global multi-tenant folder structure maintained across all regions for scalable data processing",
            "content_disposition": "",
            "content_encoding": "",
            "content_language": "",
            "content_type": "text/plain; charset=utf-8",
            "crc32c": "mfVRCg==",
            "customer_encryption": [],
            "detect_md5hash": "ZJ7TKDq2HXPnW2iZ7cAH/A==",
            "event_based_hold": false,
            "force_empty_content_type": null,
            "generation": 1756421189428873,
            "id": "terraops-europe-west2-tenant-data-shared/ml-models/.gitkeep",
            "kms_key_name": "",
            "md5hash": "ZJ7TKDq2HXPnW2iZ7cAH/A==",
            "md5hexhash": "649ed3283ab61d73e75b6899edc007fc",
            "media_link": "https://storage.googleapis.com/download/storage/v1/b/terraops-europe-west2-tenant-data/o/shared%2Fml-models%2F.gitkeep?generation=1756421189428873\u0026alt=media",
            "metadata": null,
            "name": "shared/ml-models/.gitkeep",
            "output_name": "shared/ml-models/.gitkeep",
            "retention": [],
            "self_link": "https://www.googleapis.com/storage/v1/b/terraops-europe-west2-tenant-data/o/shared%2Fml-models%2F.gitkeep",
            "source": null,
            "source_md5hash": "",
            "storage_class": "NEARLINE",
            "temporary_hold": false,
            "timeouts": null
          },
          "sensitive_attributes": [
            [
              {
                "type": "get_attr",
                "value": "content"
              }
            ]
          ],
          "private": "eyJlMmJmYjczMC1lY2FhLTExZTYtOGY4OC0zNDM2M2JjN2M0YzAiOnsiY3JlYXRlIjoyNDAwMDAwMDAwMDAsImRlbGV0ZSI6MjQwMDAwMDAwMDAwLCJ1cGRhdGUiOjI0MDAwMDAwMDAwMH19",
          "dependencies": [
            "google_storage_bucket.tenant_buckets"
          ]
        },
        {
          "index_key": "europe-west2-shared-reference-data-",
          "schema_version": 0,
          "attributes": {
            "bucket": "terraops-europe-west2-tenant-data",
            "cache_control": "",
            "content": "# Global multi-tenant folder structure maintained across all regions for scalable data processing",
            "content_disposition": "",
            "content_encoding": "",
            "content_language": "",
            "content_type": "text/plain; charset=utf-8",
            "crc32c": "mfVRCg==",
            "customer_encryption": [],
            "detect_md5hash": "ZJ7TKDq2HXPnW2iZ7cAH/A==",
            "event_based_hold": false,
            "force_empty_content_type": null,
            "generation": 1756421190424301,
            "id": "terraops-europe-west2-tenant-data-shared/reference-data/.gitkeep",
            "kms_key_name": "",
            "md5hash": "ZJ7TKDq2HXPnW2iZ7cAH/A==",
            "md5hexhash": "649ed3283ab61d73e75b6899edc007fc",
            "media_link": "https://storage.googleapis.com/download/storage/v1/b/terraops-europe-west2-tenant-data/o/shared%2Freference-data%2F.gitkeep?generation=1756421190424301\u0026alt=media",
            "metadata": null,
            "name": "shared/reference-data/.gitkeep",
            "output_name": "shared/reference-data/.gitkeep",
            "retention": [],
            "self_link": "https://www.googleapis.com/storage/v1/b/terraops-europe-west2-tenant-data/o/shared%2Freference-data%2F.gitkeep",
            "source": null,
            "source_md5hash": "",
            "storage_class": "NEARLINE",
            "temporary_hold": false,
            "timeouts": null
          },
          "sensitive_attributes": [
            [
              {
                "type": "get_attr",
                "value": "content"
              }
            ]
          ],
          "private": "eyJlMmJmYjczMC1lY2FhLTExZTYtOGY4OC0zNDM2M2JjN2M0YzAiOnsiY3JlYXRlIjoyNDAwMDAwMDAwMDAsImRlbGV0ZSI6MjQwMDAwMDAwMDAwLCJ1cGRhdGUiOjI0MDAwMDAwMDAwMH19",
          "dependencies": [
            "google_storage_bucket.tenant_buckets"
          ]
        },
        {
          "index_key": "europe-west2-shared-reference-data-countries-",
          "schema_version": 0,
          "attributes": {
            "bucket": "terraops-europe-west2-tenant-data",
            "cache_control": "",
            "content": "# Global multi-tenant folder structure maintained across all regions for scalable data processing",
            "content_disposition": "",
            "content_encoding": "",
            "content_language": "",
            "content_type": "text/plain; charset=utf-8",
            "crc32c": "mfVRCg==",
            "customer_encryption": [],
            "detect_md5hash": "ZJ7TKDq2HXPnW2iZ7cAH/A==",
            "event_based_hold": false,
            "force_empty_content_type": null,
            "generation": 1756421188920912,
            "id": "terraops-europe-west2-tenant-data-shared/reference-data/countries/.gitkeep",
            "kms_key_name": "",
            "md5hash": "ZJ7TKDq2HXPnW2iZ7cAH/A==",
            "md5hexhash": "649ed3283ab61d73e75b6899edc007fc",
            "media_link": "https://storage.googleapis.com/download/storage/v1/b/terraops-europe-west2-tenant-data/o/shared%2Freference-data%2Fcountries%2F.gitkeep?generation=1756421188920912\u0026alt=media",
            "metadata": null,
            "name": "shared/reference-data/countries/.gitkeep",
            "output_name": "shared/reference-data/countries/.gitkeep",
            "retention": [],
            "self_link": "https://www.googleapis.com/storage/v1/b/terraops-europe-west2-tenant-data/o/shared%2Freference-data%2Fcountries%2F.gitkeep",
            "source": null,
            "source_md5hash": "",
            "storage_class": "NEARLINE",
            "temporary_hold": false,
            "timeouts": null
          },
          "sensitive_attributes": [
            [
              {
                "type": "get_attr",
                "value": "content"
              }
            ]
          ],
          "private": "eyJlMmJmYjczMC1lY2FhLTExZTYtOGY4OC0zNDM2M2JjN2M0YzAiOnsiY3JlYXRlIjoyNDAwMDAwMDAwMDAsImRlbGV0ZSI6MjQwMDAwMDAwMDAwLCJ1cGRhdGUiOjI0MDAwMDAwMDAwMH19",
          "dependencies": [
            "google_storage_bucket.tenant_buckets"
          ]
        },
        {
          "index_key": "europe-west2-shared-reference-data-currencies-",
          "schema_version": 0,
          "attributes": {
            "bucket": "terraops-europe-west2-tenant-data",
            "cache_control": "",
            "content": "# Global multi-tenant folder structure maintained across all regions for scalable data processing",
            "content_disposition": "",
            "content_encoding": "",
            "content_language": "",
            "content_type": "text/plain; charset=utf-8",
            "crc32c": "mfVRCg==",
            "customer_encryption": [],
            "detect_md5hash": "ZJ7TKDq2HXPnW2iZ7cAH/A==",
            "event_based_hold": false,
            "force_empty_content_type": null,
            "generation": 1756421184695732,
            "id": "terraops-europe-west2-tenant-data-shared/reference-data/currencies/.gitkeep",
            "kms_key_name": "",
            "md5hash": "ZJ7TKDq2HXPnW2iZ7cAH/A==",
            "md5hexhash": "649ed3283ab61d73e75b6899edc007fc",
            "media_link": "https://storage.googleapis.com/download/storage/v1/b/terraops-europe-west2-tenant-data/o/shared%2Freference-data%2Fcurrencies%2F.gitkeep?generation=1756421184695732\u0026alt=media",
            "metadata": null,
            "name": "shared/reference-data/currencies/.gitkeep",
            "output_name": "shared/reference-data/currencies/.gitkeep",
            "retention": [],
            "self_link": "https://www.googleapis.com/storage/v1/b/terraops-europe-west2-tenant-data/o/shared%2Freference-data%2Fcurrencies%2F.gitkeep",
            "source": null,
            "source_md5hash": "",
            "storage_class": "NEARLINE",
            "temporary_hold": false,
            "timeouts": null
          },
          "sensitive_attributes": [
            [
              {
                "type": "get_attr",
                "value": "content"
              }
            ]
          ],
          "private": "eyJlMmJmYjczMC1lY2FhLTExZTYtOGY4OC0zNDM2M2JjN2M0YzAiOnsiY3JlYXRlIjoyNDAwMDAwMDAwMDAsImRlbGV0ZSI6MjQwMDAwMDAwMDAwLCJ1cGRhdGUiOjI0MDAwMDAwMDAwMH19",
          "dependencies": [
            "google_storage_bucket.tenant_buckets"
          ]
        },
        {
          "index_key": "europe-west2-shared-reference-data-exchange-rates-",
          "schema_version": 0,
          "attributes": {
            "bucket": "terraops-europe-west2-tenant-data",
            "cache_control": "",
            "content": "# Global multi-tenant folder structure maintained across all regions for scalable data processing",
            "content_disposition": "",
            "content_encoding": "",
            "content_language": "",
            "content_type": "text/plain; charset=utf-8",
            "crc32c": "mfVRCg==",
            "customer_encryption": [],
            "detect_md5hash": "ZJ7TKDq2HXPnW2iZ7cAH/A==",
            "event_based_hold": false,
            "force_empty_content_type": null,
            "generation": 1756421191681144,
            "id": "terraops-europe-west2-tenant-data-shared/reference-data/exchange-rates/.gitkeep",
            "kms_key_name": "",
            "md5hash": "ZJ7TKDq2HXPnW2iZ7cAH/A==",
            "md5hexhash": "649ed3283ab61d73e75b6899edc007fc",
            "media_link": "https://storage.googleapis.com/download/storage/v1/b/terraops-europe-west2-tenant-data/o/shared%2Freference-data%2Fexchange-rates%2F.gitkeep?generation=1756421191681144\u0026alt=media",
            "metadata": null,
            "name": "shared/reference-data/exchange-rates/.gitkeep",
            "output_name": "shared/reference-data/exchange-rates/.gitkeep",
            "retention": [],
            "self_link": "https://www.googleapis.com/storage/v1/b/terraops-europe-west2-tenant-data/o/shared%2Freference-data%2Fexchange-rates%2F.gitkeep",
            "source": null,
            "source_md5hash": "",
            "storage_class": "NEARLINE",
            "temporary_hold": false,
            "timeouts": null
          },
          "sensitive_attributes": [
            [
              {
                "type": "get_attr",
                "value": "content"
              }
            ]
          ],
          "private": "eyJlMmJmYjczMC1lY2FhLTExZTYtOGY4OC0zNDM2M2JjN2M0YzAiOnsiY3JlYXRlIjoyNDAwMDAwMDAwMDAsImRlbGV0ZSI6MjQwMDAwMDAwMDAwLCJ1cGRhdGUiOjI0MDAwMDAwMDAwMH19",
          "dependencies": [
            "google_storage_bucket.tenant_buckets"
          ]
        },
        {
          "index_key": "europe-west2-tenants-",
          "schema_version": 0,
          "attributes": {
            "bucket": "terraops-europe-west2-tenant-data",
            "cache_control": "",
            "content": "# Global multi-tenant folder structure maintained across all regions for scalable data processing",
            "content_disposition": "",
            "content_encoding": "",
            "content_language": "",
            "content_type": "text/plain; charset=utf-8",
            "crc32c": "mfVRCg==",
            "customer_encryption": [],
            "detect_md5hash": "ZJ7TKDq2HXPnW2iZ7cAH/A==",
            "event_based_hold": false,
            "force_empty_content_type": null,
            "generation": 1756421193380983,
            "id": "terraops-europe-west2-tenant-data-tenants/.gitkeep",
            "kms_key_name": "",
            "md5hash": "ZJ7TKDq2HXPnW2iZ7cAH/A==",
            "md5hexhash": "649ed3283ab61d73e75b6899edc007fc",
            "media_link": "https://storage.googleapis.com/download/storage/v1/b/terraops-europe-west2-tenant-data/o/tenants%2F.gitkeep?generation=1756421193380983\u0026alt=media",
            "metadata": null,
            "name": "tenants/.gitkeep",
            "output_name": "tenants/.gitkeep",
            "retention": [],
            "self_link": "https://www.googleapis.com/storage/v1/b/terraops-europe-west2-tenant-data/o/tenants%2F.gitkeep",
            "source": null,
            "source_md5hash": "",
            "storage_class": "NEARLINE",
            "temporary_hold": false,
            "timeouts": null
          },
          "sensitive_attributes": [
            [
              {
                "type": "get_attr",
                "value": "content"
              }
            ]
          ],
          "private": "eyJlMmJmYjczMC1lY2FhLTExZTYtOGY4OC0zNDM2M2JjN2M0YzAiOnsiY3JlYXRlIjoyNDAwMDAwMDAwMDAsImRlbGV0ZSI6MjQwMDAwMDAwMDAwLCJ1cGRhdGUiOjI0MDAwMDAwMDAwMH19",
          "dependencies": [
            "google_storage_bucket.tenant_buckets"
          ]
        },
        {
          "index_key": "europe-west2-tenants-business-domains-",
          "schema_version": 0,
          "attributes": {
            "bucket": "terraops-europe-west2-tenant-data",
            "cache_control": "",
            "content": "# Global multi-tenant folder structure maintained across all regions for scalable data processing",
            "content_disposition": "",
            "content_encoding": "",
            "content_language": "",
            "content_type": "text/plain; charset=utf-8",
            "crc32c": "mfVRCg==",
            "customer_encryption": [],
            "detect_md5hash": "ZJ7TKDq2HXPnW2iZ7cAH/A==",
            "event_based_hold": false,
            "force_empty_content_type": null,
            "generation": 1756421186908372,
            "id": "terraops-europe-west2-tenant-data-tenants/business-domains/.gitkeep",
            "kms_key_name": "",
            "md5hash": "ZJ7TKDq2HXPnW2iZ7cAH/A==",
            "md5hexhash": "649ed3283ab61d73e75b6899edc007fc",
            "media_link": "https://storage.googleapis.com/download/storage/v1/b/terraops-europe-west2-tenant-data/o/tenants%2Fbusiness-domains%2F.gitkeep?generation=1756421186908372\u0026alt=media",
            "metadata": null,
            "name": "tenants/business-domains/.gitkeep",
            "output_name": "tenants/business-domains/.gitkeep",
            "retention": [],
            "self_link": "https://www.googleapis.com/storage/v1/b/terraops-europe-west2-tenant-data/o/tenants%2Fbusiness-domains%2F.gitkeep",
            "source": null,
            "source_md5hash": "",
            "storage_class": "NEARLINE",
            "temporary_hold": false,
            "timeouts": null
          },
          "sensitive_attributes": [
            [
              {
                "type": "get_attr",
                "value": "content"
              }
            ]
          ],
          "private": "eyJlMmJmYjczMC1lY2FhLTExZTYtOGY4OC0zNDM2M2JjN2M0YzAiOnsiY3JlYXRlIjoyNDAwMDAwMDAwMDAsImRlbGV0ZSI6MjQwMDAwMDAwMDAwLCJ1cGRhdGUiOjI0MDAwMDAwMDAwMH19",
          "dependencies": [
            "google_storage_bucket.tenant_buckets"
          ]
        },
        {
          "index_key": "europe-west2-tenants-tenant-001-",
          "schema_version": 0,
          "attributes": {
            "bucket": "terraops-europe-west2-tenant-data",
            "cache_control": "",
            "content": "# Global multi-tenant folder structure maintained across all regions for scalable data processing",
            "content_disposition": "",
            "content_encoding": "",
            "content_language": "",
            "content_type": "text/plain; charset=utf-8",
            "crc32c": "mfVRCg==",
            "customer_encryption": [],
            "detect_md5hash": "ZJ7TKDq2HXPnW2iZ7cAH/A==",
            "event_based_hold": false,
            "force_empty_content_type": null,
            "generation": 1756421183287780,
            "id": "terraops-europe-west2-tenant-data-tenants/tenant-001/.gitkeep",
            "kms_key_name": "",
            "md5hash": "ZJ7TKDq2HXPnW2iZ7cAH/A==",
            "md5hexhash": "649ed3283ab61d73e75b6899edc007fc",
            "media_link": "https://storage.googleapis.com/download/storage/v1/b/terraops-europe-west2-tenant-data/o/tenants%2Ftenant-001%2F.gitkeep?generation=1756421183287780\u0026alt=media",
            "metadata": null,
            "name": "tenants/tenant-001/.gitkeep",
            "output_name": "tenants/tenant-001/.gitkeep",
            "retention": [],
            "self_link": "https://www.googleapis.com/storage/v1/b/terraops-europe-west2-tenant-data/o/tenants%2Ftenant-001%2F.gitkeep",
            "source": null,
            "source_md5hash": "",
            "storage_class": "NEARLINE",
            "temporary_hold": false,
            "timeouts": null
          },
          "sensitive_attributes": [
            [
              {
                "type": "get_attr",
                "value": "content"
              }
            ]
          ],
          "private": "eyJlMmJmYjczMC1lY2FhLTExZTYtOGY4OC0zNDM2M2JjN2M0YzAiOnsiY3JlYXRlIjoyNDAwMDAwMDAwMDAsImRlbGV0ZSI6MjQwMDAwMDAwMDAwLCJ1cGRhdGUiOjI0MDAwMDAwMDAwMH19",
          "dependencies": [
            "google_storage_bucket.tenant_buckets"
          ]
        },
        {
          "index_key": "europe-west2-tenants-tenant-001-data-",
          "schema_version": 0,
          "attributes": {
            "bucket": "terraops-europe-west2-tenant-data",
            "cache_control": "",
            "content": "# Global multi-tenant folder structure maintained across all regions for scalable data processing",
            "content_disposition": "",
            "content_encoding": "",
            "content_language": "",
            "content_type": "text/plain; charset=utf-8",
            "crc32c": "mfVRCg==",
            "customer_encryption": [],
            "detect_md5hash": "ZJ7TKDq2HXPnW2iZ7cAH/A==",
            "event_based_hold": false,
            "force_empty_content_type": null,
            "generation": 1756421188557800,
            "id": "terraops-europe-west2-tenant-data-tenants/tenant-001/data/.gitkeep",
            "kms_key_name": "",
            "md5hash": "ZJ7TKDq2HXPnW2iZ7cAH/A==",
            "md5hexhash": "649ed3283ab61d73e75b6899edc007fc",
            "media_link": "https://storage.googleapis.com/download/storage/v1/b/terraops-europe-west2-tenant-data/o/tenants%2Ftenant-001%2Fdata%2F.gitkeep?generation=1756421188557800\u0026alt=media",
            "metadata": null,
            "name": "tenants/tenant-001/data/.gitkeep",
            "output_name": "tenants/tenant-001/data/.gitkeep",
            "retention": [],
            "self_link": "https://www.googleapis.com/storage/v1/b/terraops-europe-west2-tenant-data/o/tenants%2Ftenant-001%2Fdata%2F.gitkeep",
            "source": null,
            "source_md5hash": "",
            "storage_class": "NEARLINE",
            "temporary_hold": false,
            "timeouts": null
          },
          "sensitive_attributes": [
            [
              {
                "type": "get_attr",
                "value": "content"
              }
            ]
          ],
          "private": "eyJlMmJmYjczMC1lY2FhLTExZTYtOGY4OC0zNDM2M2JjN2M0YzAiOnsiY3JlYXRlIjoyNDAwMDAwMDAwMDAsImRlbGV0ZSI6MjQwMDAwMDAwMDAwLCJ1cGRhdGUiOjI0MDAwMDAwMDAwMH19",
          "dependencies": [
            "google_storage_bucket.tenant_buckets"
          ]
        },
        {
          "index_key": "europe-west2-tenants-tenant-001-data-bad-records-",
          "schema_version": 0,
          "attributes": {
            "bucket": "terraops-europe-west2-tenant-data",
            "cache_control": "",
            "content": "# Global multi-tenant folder structure maintained across all regions for scalable data processing",
            "content_disposition": "",
            "content_encoding": "",
            "content_language": "",
            "content_type": "text/plain; charset=utf-8",
            "crc32c": "mfVRCg==",
            "customer_encryption": [],
            "detect_md5hash": "ZJ7TKDq2HXPnW2iZ7cAH/A==",
            "event_based_hold": false,
            "force_empty_content_type": null,
            "generation": 1756421198298679,
            "id": "terraops-europe-west2-tenant-data-tenants/tenant-001/data/bad-records/.gitkeep",
            "kms_key_name": "",
            "md5hash": "ZJ7TKDq2HXPnW2iZ7cAH/A==",
            "md5hexhash": "649ed3283ab61d73e75b6899edc007fc",
            "media_link": "https://storage.googleapis.com/download/storage/v1/b/terraops-europe-west2-tenant-data/o/tenants%2Ftenant-001%2Fdata%2Fbad-records%2F.gitkeep?generation=1756421198298679\u0026alt=media",
            "metadata": null,
            "name": "tenants/tenant-001/data/bad-records/.gitkeep",
            "output_name": "tenants/tenant-001/data/bad-records/.gitkeep",
            "retention": [],
            "self_link": "https://www.googleapis.com/storage/v1/b/terraops-europe-west2-tenant-data/o/tenants%2Ftenant-001%2Fdata%2Fbad-records%2F.gitkeep",
            "source": null,
            "source_md5hash": "",
            "storage_class": "NEARLINE",
            "temporary_hold": false,
            "timeouts": null
          },
          "sensitive_attributes": [
            [
              {
                "type": "get_attr",
                "value": "content"
              }
            ]
          ],
          "private": "eyJlMmJmYjczMC1lY2FhLTExZTYtOGY4OC0zNDM2M2JjN2M0YzAiOnsiY3JlYXRlIjoyNDAwMDAwMDAwMDAsImRlbGV0ZSI6MjQwMDAwMDAwMDAwLCJ1cGRhdGUiOjI0MDAwMDAwMDAwMH19",
          "dependencies": [
            "google_storage_bucket.tenant_buckets"
          ]
        },
        {
          "index_key": "europe-west2-tenants-tenant-001-data-processed-",
          "schema_version": 0,
          "attributes": {
            "bucket": "terraops-europe-west2-tenant-data",
            "cache_control": "",
            "content": "# Global multi-tenant folder structure maintained across all regions for scalable data processing",
            "content_disposition": "",
            "content_encoding": "",
            "content_language": "",
            "content_type": "text/plain; charset=utf-8",
            "crc32c": "mfVRCg==",
            "customer_encryption": [],
            "detect_md5hash": "ZJ7TKDq2HXPnW2iZ7cAH/A==",
            "event_based_hold": false,
            "force_empty_content_type": null,
            "generation": 1756421186312646,
            "id": "terraops-europe-west2-tenant-data-tenants/tenant-001/data/processed/.gitkeep",
            "kms_key_name": "",
            "md5hash": "ZJ7TKDq2HXPnW2iZ7cAH/A==",
            "md5hexhash": "649ed3283ab61d73e75b6899edc007fc",
            "media_link": "https://storage.googleapis.com/download/storage/v1/b/terraops-europe-west2-tenant-data/o/tenants%2Ftenant-001%2Fdata%2Fprocessed%2F.gitkeep?generation=1756421186312646\u0026alt=media",
            "metadata": null,
            "name": "tenants/tenant-001/data/processed/.gitkeep",
            "output_name": "tenants/tenant-001/data/processed/.gitkeep",
            "retention": [],
            "self_link": "https://www.googleapis.com/storage/v1/b/terraops-europe-west2-tenant-data/o/tenants%2Ftenant-001%2Fdata%2Fprocessed%2F.gitkeep",
            "source": null,
            "source_md5hash": "",
            "storage_class": "NEARLINE",
            "temporary_hold": false,
            "timeouts": null
          },
          "sensitive_attributes": [
            [
              {
                "type": "get_attr",
                "value": "content"
              }
            ]
          ],
          "private": "eyJlMmJmYjczMC1lY2FhLTExZTYtOGY4OC0zNDM2M2JjN2M0YzAiOnsiY3JlYXRlIjoyNDAwMDAwMDAwMDAsImRlbGV0ZSI6MjQwMDAwMDAwMDAwLCJ1cGRhdGUiOjI0MDAwMDAwMDAwMH19",
          "dependencies": [
            "google_storage_bucket.tenant_buckets"
          ]
        },
        {
          "index_key": "europe-west2-tenants-tenant-001-data-raw-",
          "schema_version": 0,
          "attributes": {
            "bucket": "terraops-europe-west2-tenant-data",
            "cache_control": "",
            "content": "# Global multi-tenant folder structure maintained across all regions for scalable data processing",
            "content_disposition": "",
            "content_encoding": "",
            "content_language": "",
            "content_type": "text/plain; charset=utf-8",
            "crc32c": "mfVRCg==",
            "customer_encryption": [],
            "detect_md5hash": "ZJ7TKDq2HXPnW2iZ7cAH/A==",
            "event_based_hold": false,
            "force_empty_content_type": null,
            "generation": 1756421182956285,
            "id": "terraops-europe-west2-tenant-data-tenants/tenant-001/data/raw/.gitkeep",
            "kms_key_name": "",
            "md5hash": "ZJ7TKDq2HXPnW2iZ7cAH/A==",
            "md5hexhash": "649ed3283ab61d73e75b6899edc007fc",
            "media_link": "https://storage.googleapis.com/download/storage/v1/b/terraops-europe-west2-tenant-data/o/tenants%2Ftenant-001%2Fdata%2Fraw%2F.gitkeep?generation=1756421182956285\u0026alt=media",
            "metadata": null,
            "name": "tenants/tenant-001/data/raw/.gitkeep",
            "output_name": "tenants/tenant-001/data/raw/.gitkeep",
            "retention": [],
            "self_link": "https://www.googleapis.com/storage/v1/b/terraops-europe-west2-tenant-data/o/tenants%2Ftenant-001%2Fdata%2Fraw%2F.gitkeep",
            "source": null,
            "source_md5hash": "",
            "storage_class": "NEARLINE",
            "temporary_hold": false,
            "timeouts": null
          },
          "sensitive_attributes": [
            [
              {
                "type": "get_attr",
                "value": "content"
              }
            ]
          ],
          "private": "eyJlMmJmYjczMC1lY2FhLTExZTYtOGY4OC0zNDM2M2JjN2M0YzAiOnsiY3JlYXRlIjoyNDAwMDAwMDAwMDAsImRlbGV0ZSI6MjQwMDAwMDAwMDAwLCJ1cGRhdGUiOjI0MDAwMDAwMDAwMH19",
          "dependencies": [
            "google_storage_bucket.tenant_buckets"
          ]
        },
        {
          "index_key": "europe-west2-tenants-tenant-002-",
          "schema_version": 0,
          "attributes": {
            "bucket": "terraops-europe-west2-tenant-data",
            "cache_control": "",
            "content": "# Global multi-tenant folder structure maintained across all regions for scalable data processing",
            "content_disposition": "",
            "content_encoding": "",
            "content_language": "",
            "content_type": "text/plain; charset=utf-8",
            "crc32c": "mfVRCg==",
            "customer_encryption": [],
            "detect_md5hash": "ZJ7TKDq2HXPnW2iZ7cAH/A==",
            "event_based_hold": false,
            "force_empty_content_type": null,
            "generation": 1756421192659041,
            "id": "terraops-europe-west2-tenant-data-tenants/tenant-002/.gitkeep",
            "kms_key_name": "",
            "md5hash": "ZJ7TKDq2HXPnW2iZ7cAH/A==",
            "md5hexhash": "649ed3283ab61d73e75b6899edc007fc",
            "media_link": "https://storage.googleapis.com/download/storage/v1/b/terraops-europe-west2-tenant-data/o/tenants%2Ftenant-002%2F.gitkeep?generation=1756421192659041\u0026alt=media",
            "metadata": null,
            "name": "tenants/tenant-002/.gitkeep",
            "output_name": "tenants/tenant-002/.gitkeep",
            "retention": [],
            "self_link": "https://www.googleapis.com/storage/v1/b/terraops-europe-west2-tenant-data/o/tenants%2Ftenant-002%2F.gitkeep",
            "source": null,
            "source_md5hash": "",
            "storage_class": "NEARLINE",
            "temporary_hold": false,
            "timeouts": null
          },
          "sensitive_attributes": [
            [
              {
                "type": "get_attr",
                "value": "content"
              }
            ]
          ],
          "private": "eyJlMmJmYjczMC1lY2FhLTExZTYtOGY4OC0zNDM2M2JjN2M0YzAiOnsiY3JlYXRlIjoyNDAwMDAwMDAwMDAsImRlbGV0ZSI6MjQwMDAwMDAwMDAwLCJ1cGRhdGUiOjI0MDAwMDAwMDAwMH19",
          "dependencies": [
            "google_storage_bucket.tenant_buckets"
          ]
        },
        {
          "index_key": "europe-west2-tenants-tenant-002-data-",
          "schema_version": 0,
          "attributes": {
            "bucket": "terraops-europe-west2-tenant-data",
            "cache_control": "",
            "content": "# Global multi-tenant folder structure maintained across all regions for scalable data processing",
            "content_disposition": "",
            "content_encoding": "",
            "content_language": "",
            "content_type": "text/plain; charset=utf-8",
            "crc32c": "mfVRCg==",
            "customer_encryption": [],
            "detect_md5hash": "ZJ7TKDq2HXPnW2iZ7cAH/A==",
            "event_based_hold": false,
            "force_empty_content_type": null,
            "generation": 1756421189983552,
            "id": "terraops-europe-west2-tenant-data-tenants/tenant-002/data/.gitkeep",
            "kms_key_name": "",
            "md5hash": "ZJ7TKDq2HXPnW2iZ7cAH/A==",
            "md5hexhash": "649ed3283ab61d73e75b6899edc007fc",
            "media_link": "https://storage.googleapis.com/download/storage/v1/b/terraops-europe-west2-tenant-data/o/tenants%2Ftenant-002%2Fdata%2F.gitkeep?generation=1756421189983552\u0026alt=media",
            "metadata": null,
            "name": "tenants/tenant-002/data/.gitkeep",
            "output_name": "tenants/tenant-002/data/.gitkeep",
            "retention": [],
            "self_link": "https://www.googleapis.com/storage/v1/b/terraops-europe-west2-tenant-data/o/tenants%2Ftenant-002%2Fdata%2F.gitkeep",
            "source": null,
            "source_md5hash": "",
            "storage_class": "NEARLINE",
            "temporary_hold": false,
            "timeouts": null
          },
          "sensitive_attributes": [
            [
              {
                "type": "get_attr",
                "value": "content"
              }
            ]
          ],
          "private": "eyJlMmJmYjczMC1lY2FhLTExZTYtOGY4OC0zNDM2M2JjN2M0YzAiOnsiY3JlYXRlIjoyNDAwMDAwMDAwMDAsImRlbGV0ZSI6MjQwMDAwMDAwMDAwLCJ1cGRhdGUiOjI0MDAwMDAwMDAwMH19",
          "dependencies": [
            "google_storage_bucket.tenant_buckets"
          ]
        },
        {
          "index_key": "europe-west2-tenants-tenant-002-data-bad-records-",
          "schema_version": 0,
          "attributes": {
            "bucket": "terraops-europe-west2-tenant-data",
            "cache_control": "",
            "content": "# Global multi-tenant folder structure maintained across all regions for scalable data processing",
            "content_disposition": "",
            "content_encoding": "",
            "content_language": "",
            "content_type": "text/plain; charset=utf-8",
            "crc32c": "mfVRCg==",
            "customer_encryption": [],
            "detect_md5hash": "ZJ7TKDq2HXPnW2iZ7cAH/A==",
            "event_based_hold": false,
            "force_empty_content_type": null,
            "generation": 1756421197372306,
            "id": "terraops-europe-west2-tenant-data-tenants/tenant-002/data/bad-records/.gitkeep",
            "kms_key_name": "",
            "md5hash": "ZJ7TKDq2HXPnW2iZ7cAH/A==",
            "md5hexhash": "649ed3283ab61d73e75b6899edc007fc",
            "media_link": "https://storage.googleapis.com/download/storage/v1/b/terraops-europe-west2-tenant-data/o/tenants%2Ftenant-002%2Fdata%2Fbad-records%2F.gitkeep?generation=1756421197372306\u0026alt=media",
            "metadata": null,
            "name": "tenants/tenant-002/data/bad-records/.gitkeep",
            "output_name": "tenants/tenant-002/data/bad-records/.gitkeep",
            "retention": [],
            "self_link": "https://www.googleapis.com/storage/v1/b/terraops-europe-west2-tenant-data/o/tenants%2Ftenant-002%2Fdata%2Fbad-records%2F.gitkeep",
            "source": null,
            "source_md5hash": "",
            "storage_class": "NEARLINE",
            "temporary_hold": false,
            "timeouts": null
          },
          "sensitive_attributes": [
            [
              {
                "type": "get_attr",
                "value": "content"
              }
            ]
          ],
          "private": "eyJlMmJmYjczMC1lY2FhLTExZTYtOGY4OC0zNDM2M2JjN2M0YzAiOnsiY3JlYXRlIjoyNDAwMDAwMDAwMDAsImRlbGV0ZSI6MjQwMDAwMDAwMDAwLCJ1cGRhdGUiOjI0MDAwMDAwMDAwMH19",
          "dependencies": [
            "google_storage_bucket.tenant_buckets"
          ]
        },
        {
          "index_key": "europe-west2-tenants-tenant-002-data-processed-",
          "schema_version": 0,
          "attributes": {
            "bucket": "terraops-europe-west2-tenant-data",
            "cache_control": "",
            "content": "# Global multi-tenant folder structure maintained across all regions for scalable data processing",
            "content_disposition": "",
            "content_encoding": "",
            "content_language": "",
            "content_type": "text/plain; charset=utf-8",
            "crc32c": "mfVRCg==",
            "customer_encryption": [],
            "detect_md5hash": "ZJ7TKDq2HXPnW2iZ7cAH/A==",
            "event_based_hold": false,
            "force_empty_content_type": null,
            "generation": 1756421199448207,
            "id": "terraops-europe-west2-tenant-data-tenants/tenant-002/data/processed/.gitkeep",
            "kms_key_name": "",
            "md5hash": "ZJ7TKDq2HXPnW2iZ7cAH/A==",
            "md5hexhash": "649ed3283ab61d73e75b6899edc007fc",
            "media_link": "https://storage.googleapis.com/download/storage/v1/b/terraops-europe-west2-tenant-data/o/tenants%2Ftenant-002%2Fdata%2Fprocessed%2F.gitkeep?generation=1756421199448207\u0026alt=media",
            "metadata": null,
            "name": "tenants/tenant-002/data/processed/.gitkeep",
            "output_name": "tenants/tenant-002/data/processed/.gitkeep",
            "retention": [],
            "self_link": "https://www.googleapis.com/storage/v1/b/terraops-europe-west2-tenant-data/o/tenants%2Ftenant-002%2Fdata%2Fprocessed%2F.gitkeep",
            "source": null,
            "source_md5hash": "",
            "storage_class": "NEARLINE",
            "temporary_hold": false,
            "timeouts": null
          },
          "sensitive_attributes": [
            [
              {
                "type": "get_attr",
                "value": "content"
              }
            ]
          ],
          "private": "eyJlMmJmYjczMC1lY2FhLTExZTYtOGY4OC0zNDM2M2JjN2M0YzAiOnsiY3JlYXRlIjoyNDAwMDAwMDAwMDAsImRlbGV0ZSI6MjQwMDAwMDAwMDAwLCJ1cGRhdGUiOjI0MDAwMDAwMDAwMH19",
          "dependencies": [
            "google_storage_bucket.tenant_buckets"
          ]
        },
        {
          "index_key": "europe-west2-tenants-tenant-002-data-raw-",
          "schema_version": 0,
          "attributes": {
            "bucket": "terraops-europe-west2-tenant-data",
            "cache_control": "",
            "content": "# Global multi-tenant folder structure maintained across all regions for scalable data processing",
            "content_disposition": "",
            "content_encoding": "",
            "content_language": "",
            "content_type": "text/plain; charset=utf-8",
            "crc32c": "mfVRCg==",
            "customer_encryption": [],
            "detect_md5hash": "ZJ7TKDq2HXPnW2iZ7cAH/A==",
            "event_based_hold": false,
            "force_empty_content_type": null,
            "generation": 1756421198925150,
            "id": "terraops-europe-west2-tenant-data-tenants/tenant-002/data/raw/.gitkeep",
            "kms_key_name": "",
            "md5hash": "ZJ7TKDq2HXPnW2iZ7cAH/A==",
            "md5hexhash": "649ed3283ab61d73e75b6899edc007fc",
            "media_link": "https://storage.googleapis.com/download/storage/v1/b/terraops-europe-west2-tenant-data/o/tenants%2Ftenant-002%2Fdata%2Fraw%2F.gitkeep?generation=1756421198925150\u0026alt=media",
            "metadata": null,
            "name": "tenants/tenant-002/data/raw/.gitkeep",
            "output_name": "tenants/tenant-002/data/raw/.gitkeep",
            "retention": [],
            "self_link": "https://www.googleapis.com/storage/v1/b/terraops-europe-west2-tenant-data/o/tenants%2Ftenant-002%2Fdata%2Fraw%2F.gitkeep",
            "source": null,
            "source_md5hash": "",
            "storage_class": "NEARLINE",
            "temporary_hold": false,
            "timeouts": null
          },
          "sensitive_attributes": [
            [
              {
                "type": "get_attr",
                "value": "content"
              }
            ]
          ],
          "private": "eyJlMmJmYjczMC1lY2FhLTExZTYtOGY4OC0zNDM2M2JjN2M0YzAiOnsiY3JlYXRlIjoyNDAwMDAwMDAwMDAsImRlbGV0ZSI6MjQwMDAwMDAwMDAwLCJ1cGRhdGUiOjI0MDAwMDAwMDAwMH19",
          "dependencies": [
            "google_storage_bucket.tenant_buckets"
          ]
        },
        {
          "index_key": "europe-west2-tenants-tenant-003-",
          "schema_version": 0,
          "attributes": {
            "bucket": "terraops-europe-west2-tenant-data",
            "cache_control": "",
            "content": "# Global multi-tenant folder structure maintained across all regions for scalable data processing",
            "content_disposition": "",
            "content_encoding": "",
            "content_language": "",
            "content_type": "text/plain; charset=utf-8",
            "crc32c": "mfVRCg==",
            "customer_encryption": [],
            "detect_md5hash": "ZJ7TKDq2HXPnW2iZ7cAH/A==",
            "event_based_hold": false,
            "force_empty_content_type": null,
            "generation": 1756421185746871,
            "id": "terraops-europe-west2-tenant-data-tenants/tenant-003/.gitkeep",
            "kms_key_name": "",
            "md5hash": "ZJ7TKDq2HXPnW2iZ7cAH/A==",
            "md5hexhash": "649ed3283ab61d73e75b6899edc007fc",
            "media_link": "https://storage.googleapis.com/download/storage/v1/b/terraops-europe-west2-tenant-data/o/tenants%2Ftenant-003%2F.gitkeep?generation=1756421185746871\u0026alt=media",
            "metadata": null,
            "name": "tenants/tenant-003/.gitkeep",
            "output_name": "tenants/tenant-003/.gitkeep",
            "retention": [],
            "self_link": "https://www.googleapis.com/storage/v1/b/terraops-europe-west2-tenant-data/o/tenants%2Ftenant-003%2F.gitkeep",
            "source": null,
            "source_md5hash": "",
            "storage_class": "NEARLINE",
            "temporary_hold": false,
            "timeouts": null
          },
          "sensitive_attributes": [
            [
              {
                "type": "get_attr",
                "value": "content"
              }
            ]
          ],
          "private": "eyJlMmJmYjczMC1lY2FhLTExZTYtOGY4OC0zNDM2M2JjN2M0YzAiOnsiY3JlYXRlIjoyNDAwMDAwMDAwMDAsImRlbGV0ZSI6MjQwMDAwMDAwMDAwLCJ1cGRhdGUiOjI0MDAwMDAwMDAwMH19",
          "dependencies": [
            "google_storage_bucket.tenant_buckets"
          ]
        },
        {
          "index_key": "europe-west2-tenants-tenant-003-data-",
          "schema_version": 0,
          "attributes": {
            "bucket": "terraops-europe-west2-tenant-data",
            "cache_control": "",
            "content": "# Global multi-tenant folder structure maintained across all regions for scalable data processing",
            "content_disposition": "",
            "content_encoding": "",
            "content_language": "",
            "content_type": "text/plain; charset=utf-8",
            "crc32c": "mfVRCg==",
            "customer_encryption": [],
            "detect_md5hash": "ZJ7TKDq2HXPnW2iZ7cAH/A==",
            "event_based_hold": false,
            "force_empty_content_type": null,
            "generation": 1756421176564984,
            "id": "terraops-europe-west2-tenant-data-tenants/tenant-003/data/.gitkeep",
            "kms_key_name": "",
            "md5hash": "ZJ7TKDq2HXPnW2iZ7cAH/A==",
            "md5hexhash": "649ed3283ab61d73e75b6899edc007fc",
            "media_link": "https://storage.googleapis.com/download/storage/v1/b/terraops-europe-west2-tenant-data/o/tenants%2Ftenant-003%2Fdata%2F.gitkeep?generation=1756421176564984\u0026alt=media",
            "metadata": null,
            "name": "tenants/tenant-003/data/.gitkeep",
            "output_name": "tenants/tenant-003/data/.gitkeep",
            "retention": [],
            "self_link": "https://www.googleapis.com/storage/v1/b/terraops-europe-west2-tenant-data/o/tenants%2Ftenant-003%2Fdata%2F.gitkeep",
            "source": null,
            "source_md5hash": "",
            "storage_class": "NEARLINE",
            "temporary_hold": false,
            "timeouts": null
          },
          "sensitive_attributes": [
            [
              {
                "type": "get_attr",
                "value": "content"
              }
            ]
          ],
          "private": "eyJlMmJmYjczMC1lY2FhLTExZTYtOGY4OC0zNDM2M2JjN2M0YzAiOnsiY3JlYXRlIjoyNDAwMDAwMDAwMDAsImRlbGV0ZSI6MjQwMDAwMDAwMDAwLCJ1cGRhdGUiOjI0MDAwMDAwMDAwMH19",
          "dependencies": [
            "google_storage_bucket.tenant_buckets"
          ]
        },
        {
          "index_key": "europe-west2-tenants-tenant-003-data-bad-records-",
          "schema_version": 0,
          "attributes": {
            "bucket": "terraops-europe-west2-tenant-data",
            "cache_control": "",
            "content": "# Global multi-tenant folder structure maintained across all regions for scalable data processing",
            "content_disposition": "",
            "content_encoding": "",
            "content_language": "",
            "content_type": "text/plain; charset=utf-8",
            "crc32c": "mfVRCg==",
            "customer_encryption": [],
            "detect_md5hash": "ZJ7TKDq2HXPnW2iZ7cAH/A==",
            "event_based_hold": false,
            "force_empty_content_type": null,
            "generation": 1756421194951776,
            "id": "terraops-europe-west2-tenant-data-tenants/tenant-003/data/bad-records/.gitkeep",
            "kms_key_name": "",
            "md5hash": "ZJ7TKDq2HXPnW2iZ7cAH/A==",
            "md5hexhash": "649ed3283ab61d73e75b6899edc007fc",
            "media_link": "https://storage.googleapis.com/download/storage/v1/b/terraops-europe-west2-tenant-data/o/tenants%2Ftenant-003%2Fdata%2Fbad-records%2F.gitkeep?generation=1756421194951776\u0026alt=media",
            "metadata": null,
            "name": "tenants/tenant-003/data/bad-records/.gitkeep",
            "output_name": "tenants/tenant-003/data/bad-records/.gitkeep",
            "retention": [],
            "self_link": "https://www.googleapis.com/storage/v1/b/terraops-europe-west2-tenant-data/o/tenants%2Ftenant-003%2Fdata%2Fbad-records%2F.gitkeep",
            "source": null,
            "source_md5hash": "",
            "storage_class": "NEARLINE",
            "temporary_hold": false,
            "timeouts": null
          },
          "sensitive_attributes": [
            [
              {
                "type": "get_attr",
                "value": "content"
              }
            ]
          ],
          "private": "eyJlMmJmYjczMC1lY2FhLTExZTYtOGY4OC0zNDM2M2JjN2M0YzAiOnsiY3JlYXRlIjoyNDAwMDAwMDAwMDAsImRlbGV0ZSI6MjQwMDAwMDAwMDAwLCJ1cGRhdGUiOjI0MDAwMDAwMDAwMH19",
          "dependencies": [
            "google_storage_bucket.tenant_buckets"
          ]
        },
        {
          "index_key": "europe-west2-tenants-tenant-003-data-processed-",
          "schema_version": 0,
          "attributes": {
            "bucket": "terraops-europe-west2-tenant-data",
            "cache_control": "",
            "content": "# Global multi-tenant folder structure maintained across all regions for scalable data processing",
            "content_disposition": "",
            "content_encoding": "",
            "content_language": "",
            "content_type": "text/plain; charset=utf-8",
            "crc32c": "mfVRCg==",
            "customer_encryption": [],
            "detect_md5hash": "ZJ7TKDq2HXPnW2iZ7cAH/A==",
            "event_based_hold": false,
            "force_empty_content_type": null,
            "generation": 1756421171646113,
            "id": "terraops-europe-west2-tenant-data-tenants/tenant-003/data/processed/.gitkeep",
            "kms_key_name": "",
            "md5hash": "ZJ7TKDq2HXPnW2iZ7cAH/A==",
            "md5hexhash": "649ed3283ab61d73e75b6899edc007fc",
            "media_link": "https://storage.googleapis.com/download/storage/v1/b/terraops-europe-west2-tenant-data/o/tenants%2Ftenant-003%2Fdata%2Fprocessed%2F.gitkeep?generation=1756421171646113\u0026alt=media",
            "metadata": null,
            "name": "tenants/tenant-003/data/processed/.gitkeep",
            "output_name": "tenants/tenant-003/data/processed/.gitkeep",
            "retention": [],
            "self_link": "https://www.googleapis.com/storage/v1/b/terraops-europe-west2-tenant-data/o/tenants%2Ftenant-003%2Fdata%2Fprocessed%2F.gitkeep",
            "source": null,
            "source_md5hash": "",
            "storage_class": "NEARLINE",
            "temporary_hold": false,
            "timeouts": null
          },
          "sensitive_attributes": [
            [
              {
                "type": "get_attr",
                "value": "content"
              }
            ]
          ],
          "private": "eyJlMmJmYjczMC1lY2FhLTExZTYtOGY4OC0zNDM2M2JjN2M0YzAiOnsiY3JlYXRlIjoyNDAwMDAwMDAwMDAsImRlbGV0ZSI6MjQwMDAwMDAwMDAwLCJ1cGRhdGUiOjI0MDAwMDAwMDAwMH19",
          "dependencies": [
            "google_storage_bucket.tenant_buckets"
          ]
        },
        {
          "index_key": "europe-west2-tenants-tenant-003-data-raw-",
          "schema_version": 0,
          "attributes": {
            "bucket": "terraops-europe-west2-tenant-data",
            "cache_control": "",
            "content": "# Global multi-tenant folder structure maintained across all regions for scalable data processing",
            "content_disposition": "",
            "content_encoding": "",
            "content_language": "",
            "content_type": "text/plain; charset=utf-8",
            "crc32c": "mfVRCg==",
            "customer_encryption": [],
            "detect_md5hash": "ZJ7TKDq2HXPnW2iZ7cAH/A==",
            "event_based_hold": false,
            "force_empty_content_type": null,
            "generation": 1756421190482248,
            "id": "terraops-europe-west2-tenant-data-tenants/tenant-003/data/raw/.gitkeep",
            "kms_key_name": "",
            "md5hash": "ZJ7TKDq2HXPnW2iZ7cAH/A==",
            "md5hexhash": "649ed3283ab61d73e75b6899edc007fc",
            "media_link": "https://storage.googleapis.com/download/storage/v1/b/terraops-europe-west2-tenant-data/o/tenants%2Ftenant-003%2Fdata%2Fraw%2F.gitkeep?generation=1756421190482248\u0026alt=media",
            "metadata": null,
            "name": "tenants/tenant-003/data/raw/.gitkeep",
            "output_name": "tenants/tenant-003/data/raw/.gitkeep",
            "retention": [],
            "self_link": "https://www.googleapis.com/storage/v1/b/terraops-europe-west2-tenant-data/o/tenants%2Ftenant-003%2Fdata%2Fraw%2F.gitkeep",
            "source": null,
            "source_md5hash": "",
            "storage_class": "NEARLINE",
            "temporary_hold": false,
            "timeouts": null
          },
          "sensitive_attributes": [
            [
              {
                "type": "get_attr",
                "value": "content"
              }
            ]
          ],
          "private": "eyJlMmJmYjczMC1lY2FhLTExZTYtOGY4OC0zNDM2M2JjN2M0YzAiOnsiY3JlYXRlIjoyNDAwMDAwMDAwMDAsImRlbGV0ZSI6MjQwMDAwMDAwMDAwLCJ1cGRhdGUiOjI0MDAwMDAwMDAwMH19",
          "dependencies": [
            "google_storage_bucket.tenant_buckets"
          ]
        },
        {
          "index_key": "europe-west3-shared-",
          "schema_version": 0,
          "attributes": {
            "bucket": "terraops-europe-west3-tenant-data",
            "cache_control": "",
            "content": "# Global multi-tenant folder structure maintained across all regions for scalable data processing",
            "content_disposition": "",
            "content_encoding": "",
            "content_language": "",
            "content_type": "text/plain; charset=utf-8",
            "crc32c": "mfVRCg==",
            "customer_encryption": [],
            "detect_md5hash": "ZJ7TKDq2HXPnW2iZ7cAH/A==",
            "event_based_hold": false,
            "force_empty_content_type": null,
            "generation": 1756421197327227,
            "id": "terraops-europe-west3-tenant-data-shared/.gitkeep",
            "kms_key_name": "",
            "md5hash": "ZJ7TKDq2HXPnW2iZ7cAH/A==",
            "md5hexhash": "649ed3283ab61d73e75b6899edc007fc",
            "media_link": "https://storage.googleapis.com/download/storage/v1/b/terraops-europe-west3-tenant-data/o/shared%2F.gitkeep?generation=1756421197327227\u0026alt=media",
            "metadata": null,
            "name": "shared/.gitkeep",
            "output_name": "shared/.gitkeep",
            "retention": [],
            "self_link": "https://www.googleapis.com/storage/v1/b/terraops-europe-west3-tenant-data/o/shared%2F.gitkeep",
            "source": null,
            "source_md5hash": "",
            "storage_class": "NEARLINE",
            "temporary_hold": false,
            "timeouts": null
          },
          "sensitive_attributes": [
            [
              {
                "type": "get_attr",
                "value": "content"
              }
            ]
          ],
          "private": "eyJlMmJmYjczMC1lY2FhLTExZTYtOGY4OC0zNDM2M2JjN2M0YzAiOnsiY3JlYXRlIjoyNDAwMDAwMDAwMDAsImRlbGV0ZSI6MjQwMDAwMDAwMDAwLCJ1cGRhdGUiOjI0MDAwMDAwMDAwMH19",
          "dependencies": [
            "google_storage_bucket.tenant_buckets"
          ]
        },
        {
          "index_key": "europe-west3-shared-ml-models-",
          "schema_version": 0,
          "attributes": {
            "bucket": "terraops-europe-west3-tenant-data",
            "cache_control": "",
            "content": "# Global multi-tenant folder structure maintained across all regions for scalable data processing",
            "content_disposition": "",
            "content_encoding": "",
            "content_language": "",
            "content_type": "text/plain; charset=utf-8",
            "crc32c": "mfVRCg==",
            "customer_encryption": [],
            "detect_md5hash": "ZJ7TKDq2HXPnW2iZ7cAH/A==",
            "event_based_hold": false,
            "force_empty_content_type": null,
            "generation": 1756421192387075,
            "id": "terraops-europe-west3-tenant-data-shared/ml-models/.gitkeep",
            "kms_key_name": "",
            "md5hash": "ZJ7TKDq2HXPnW2iZ7cAH/A==",
            "md5hexhash": "649ed3283ab61d73e75b6899edc007fc",
            "media_link": "https://storage.googleapis.com/download/storage/v1/b/terraops-europe-west3-tenant-data/o/shared%2Fml-models%2F.gitkeep?generation=1756421192387075\u0026alt=media",
            "metadata": null,
            "name": "shared/ml-models/.gitkeep",
            "output_name": "shared/ml-models/.gitkeep",
            "retention": [],
            "self_link": "https://www.googleapis.com/storage/v1/b/terraops-europe-west3-tenant-data/o/shared%2Fml-models%2F.gitkeep",
            "source": null,
            "source_md5hash": "",
            "storage_class": "NEARLINE",
            "temporary_hold": false,
            "timeouts": null
          },
          "sensitive_attributes": [
            [
              {
                "type": "get_attr",
                "value": "content"
              }
            ]
          ],
          "private": "eyJlMmJmYjczMC1lY2FhLTExZTYtOGY4OC0zNDM2M2JjN2M0YzAiOnsiY3JlYXRlIjoyNDAwMDAwMDAwMDAsImRlbGV0ZSI6MjQwMDAwMDAwMDAwLCJ1cGRhdGUiOjI0MDAwMDAwMDAwMH19",
          "dependencies": [
            "google_storage_bucket.tenant_buckets"
          ]
        },
        {
          "index_key": "europe-west3-shared-reference-data-",
          "schema_version": 0,
          "attributes": {
            "bucket": "terraops-europe-west3-tenant-data",
            "cache_control": "",
            "content": "# Global multi-tenant folder structure maintained across all regions for scalable data processing",
            "content_disposition": "",
            "content_encoding": "",
            "content_language": "",
            "content_type": "text/plain; charset=utf-8",
            "crc32c": "mfVRCg==",
            "customer_encryption": [],
            "detect_md5hash": "ZJ7TKDq2HXPnW2iZ7cAH/A==",
            "event_based_hold": false,
            "force_empty_content_type": null,
            "generation": 1756421193546221,
            "id": "terraops-europe-west3-tenant-data-shared/reference-data/.gitkeep",
            "kms_key_name": "",
            "md5hash": "ZJ7TKDq2HXPnW2iZ7cAH/A==",
            "md5hexhash": "649ed3283ab61d73e75b6899edc007fc",
            "media_link": "https://storage.googleapis.com/download/storage/v1/b/terraops-europe-west3-tenant-data/o/shared%2Freference-data%2F.gitkeep?generation=1756421193546221\u0026alt=media",
            "metadata": null,
            "name": "shared/reference-data/.gitkeep",
            "output_name": "shared/reference-data/.gitkeep",
            "retention": [],
            "self_link": "https://www.googleapis.com/storage/v1/b/terraops-europe-west3-tenant-data/o/shared%2Freference-data%2F.gitkeep",
            "source": null,
            "source_md5hash": "",
            "storage_class": "NEARLINE",
            "temporary_hold": false,
            "timeouts": null
          },
          "sensitive_attributes": [
            [
              {
                "type": "get_attr",
                "value": "content"
              }
            ]
          ],
          "private": "eyJlMmJmYjczMC1lY2FhLTExZTYtOGY4OC0zNDM2M2JjN2M0YzAiOnsiY3JlYXRlIjoyNDAwMDAwMDAwMDAsImRlbGV0ZSI6MjQwMDAwMDAwMDAwLCJ1cGRhdGUiOjI0MDAwMDAwMDAwMH19",
          "dependencies": [
            "google_storage_bucket.tenant_buckets"
          ]
        },
        {
          "index_key": "europe-west3-shared-reference-data-countries-",
          "schema_version": 0,
          "attributes": {
            "bucket": "terraops-europe-west3-tenant-data",
            "cache_control": "",
            "content": "# Global multi-tenant folder structure maintained across all regions for scalable data processing",
            "content_disposition": "",
            "content_encoding": "",
            "content_language": "",
            "content_type": "text/plain; charset=utf-8",
            "crc32c": "mfVRCg==",
            "customer_encryption": [],
            "detect_md5hash": "ZJ7TKDq2HXPnW2iZ7cAH/A==",
            "event_based_hold": false,
            "force_empty_content_type": null,
            "generation": 1756421185941758,
            "id": "terraops-europe-west3-tenant-data-shared/reference-data/countries/.gitkeep",
            "kms_key_name": "",
            "md5hash": "ZJ7TKDq2HXPnW2iZ7cAH/A==",
            "md5hexhash": "649ed3283ab61d73e75b6899edc007fc",
            "media_link": "https://storage.googleapis.com/download/storage/v1/b/terraops-europe-west3-tenant-data/o/shared%2Freference-data%2Fcountries%2F.gitkeep?generation=1756421185941758\u0026alt=media",
            "metadata": null,
            "name": "shared/reference-data/countries/.gitkeep",
            "output_name": "shared/reference-data/countries/.gitkeep",
            "retention": [],
            "self_link": "https://www.googleapis.com/storage/v1/b/terraops-europe-west3-tenant-data/o/shared%2Freference-data%2Fcountries%2F.gitkeep",
            "source": null,
            "source_md5hash": "",
            "storage_class": "NEARLINE",
            "temporary_hold": false,
            "timeouts": null
          },
          "sensitive_attributes": [
            [
              {
                "type": "get_attr",
                "value": "content"
              }
            ]
          ],
          "private": "eyJlMmJmYjczMC1lY2FhLTExZTYtOGY4OC0zNDM2M2JjN2M0YzAiOnsiY3JlYXRlIjoyNDAwMDAwMDAwMDAsImRlbGV0ZSI6MjQwMDAwMDAwMDAwLCJ1cGRhdGUiOjI0MDAwMDAwMDAwMH19",
          "dependencies": [
            "google_storage_bucket.tenant_buckets"
          ]
        },
        {
          "index_key": "europe-west3-shared-reference-data-currencies-",
          "schema_version": 0,
          "attributes": {
            "bucket": "terraops-europe-west3-tenant-data",
            "cache_control": "",
            "content": "# Global multi-tenant folder structure maintained across all regions for scalable data processing",
            "content_disposition": "",
            "content_encoding": "",
            "content_language": "",
            "content_type": "text/plain; charset=utf-8",
            "crc32c": "mfVRCg==",
            "customer_encryption": [],
            "detect_md5hash": "ZJ7TKDq2HXPnW2iZ7cAH/A==",
            "event_based_hold": false,
            "force_empty_content_type": null,
            "generation": 1756421191984371,
            "id": "terraops-europe-west3-tenant-data-shared/reference-data/currencies/.gitkeep",
            "kms_key_name": "",
            "md5hash": "ZJ7TKDq2HXPnW2iZ7cAH/A==",
            "md5hexhash": "649ed3283ab61d73e75b6899edc007fc",
            "media_link": "https://storage.googleapis.com/download/storage/v1/b/terraops-europe-west3-tenant-data/o/shared%2Freference-data%2Fcurrencies%2F.gitkeep?generation=1756421191984371\u0026alt=media",
            "metadata": null,
            "name": "shared/reference-data/currencies/.gitkeep",
            "output_name": "shared/reference-data/currencies/.gitkeep",
            "retention": [],
            "self_link": "https://www.googleapis.com/storage/v1/b/terraops-europe-west3-tenant-data/o/shared%2Freference-data%2Fcurrencies%2F.gitkeep",
            "source": null,
            "source_md5hash": "",
            "storage_class": "NEARLINE",
            "temporary_hold": false,
            "timeouts": null
          },
          "sensitive_attributes": [
            [
              {
                "type": "get_attr",
                "value": "content"
              }
            ]
          ],
          "private": "eyJlMmJmYjczMC1lY2FhLTExZTYtOGY4OC0zNDM2M2JjN2M0YzAiOnsiY3JlYXRlIjoyNDAwMDAwMDAwMDAsImRlbGV0ZSI6MjQwMDAwMDAwMDAwLCJ1cGRhdGUiOjI0MDAwMDAwMDAwMH19",
          "dependencies": [
            "google_storage_bucket.tenant_buckets"
          ]
        },
        {
          "index_key": "europe-west3-shared-reference-data-exchange-rates-",
          "schema_version": 0,
          "attributes": {
            "bucket": "terraops-europe-west3-tenant-data",
            "cache_control": "",
            "content": "# Global multi-tenant folder structure maintained across all regions for scalable data processing",
            "content_disposition": "",
            "content_encoding": "",
            "content_language": "",
            "content_type": "text/plain; charset=utf-8",
            "crc32c": "mfVRCg==",
            "customer_encryption": [],
            "detect_md5hash": "ZJ7TKDq2HXPnW2iZ7cAH/A==",
            "event_based_hold": false,
            "force_empty_content_type": null,
            "generation": 1756421177292616,
            "id": "terraops-europe-west3-tenant-data-shared/reference-data/exchange-rates/.gitkeep",
            "kms_key_name": "",
            "md5hash": "ZJ7TKDq2HXPnW2iZ7cAH/A==",
            "md5hexhash": "649ed3283ab61d73e75b6899edc007fc",
            "media_link": "https://storage.googleapis.com/download/storage/v1/b/terraops-europe-west3-tenant-data/o/shared%2Freference-data%2Fexchange-rates%2F.gitkeep?generation=1756421177292616\u0026alt=media",
            "metadata": null,
            "name": "shared/reference-data/exchange-rates/.gitkeep",
            "output_name": "shared/reference-data/exchange-rates/.gitkeep",
            "retention": [],
            "self_link": "https://www.googleapis.com/storage/v1/b/terraops-europe-west3-tenant-data/o/shared%2Freference-data%2Fexchange-rates%2F.gitkeep",
            "source": null,
            "source_md5hash": "",
            "storage_class": "NEARLINE",
            "temporary_hold": false,
            "timeouts": null
          },
          "sensitive_attributes": [
            [
              {
                "type": "get_attr",
                "value": "content"
              }
            ]
          ],
          "private": "eyJlMmJmYjczMC1lY2FhLTExZTYtOGY4OC0zNDM2M2JjN2M0YzAiOnsiY3JlYXRlIjoyNDAwMDAwMDAwMDAsImRlbGV0ZSI6MjQwMDAwMDAwMDAwLCJ1cGRhdGUiOjI0MDAwMDAwMDAwMH19",
          "dependencies": [
            "google_storage_bucket.tenant_buckets"
          ]
        },
        {
          "index_key": "europe-west3-tenants-",
          "schema_version": 0,
          "attributes": {
            "bucket": "terraops-europe-west3-tenant-data",
            "cache_control": "",
            "content": "# Global multi-tenant folder structure maintained across all regions for scalable data processing",
            "content_disposition": "",
            "content_encoding": "",
            "content_language": "",
            "content_type": "text/plain; charset=utf-8",
            "crc32c": "mfVRCg==",
            "customer_encryption": [],
            "detect_md5hash": "ZJ7TKDq2HXPnW2iZ7cAH/A==",
            "event_based_hold": false,
            "force_empty_content_type": null,
            "generation": 1756421192962536,
            "id": "terraops-europe-west3-tenant-data-tenants/.gitkeep",
            "kms_key_name": "",
            "md5hash": "ZJ7TKDq2HXPnW2iZ7cAH/A==",
            "md5hexhash": "649ed3283ab61d73e75b6899edc007fc",
            "media_link": "https://storage.googleapis.com/download/storage/v1/b/terraops-europe-west3-tenant-data/o/tenants%2F.gitkeep?generation=1756421192962536\u0026alt=media",
            "metadata": null,
            "name": "tenants/.gitkeep",
            "output_name": "tenants/.gitkeep",
            "retention": [],
            "self_link": "https://www.googleapis.com/storage/v1/b/terraops-europe-west3-tenant-data/o/tenants%2F.gitkeep",
            "source": null,
            "source_md5hash": "",
            "storage_class": "NEARLINE",
            "temporary_hold": false,
            "timeouts": null
          },
          "sensitive_attributes": [
            [
              {
                "type": "get_attr",
                "value": "content"
              }
            ]
          ],
          "private": "eyJlMmJmYjczMC1lY2FhLTExZTYtOGY4OC0zNDM2M2JjN2M0YzAiOnsiY3JlYXRlIjoyNDAwMDAwMDAwMDAsImRlbGV0ZSI6MjQwMDAwMDAwMDAwLCJ1cGRhdGUiOjI0MDAwMDAwMDAwMH19",
          "dependencies": [
            "google_storage_bucket.tenant_buckets"
          ]
        },
        {
          "index_key": "europe-west3-tenants-business-domains-",
          "schema_version": 0,
          "attributes": {
            "bucket": "terraops-europe-west3-tenant-data",
            "cache_control": "",
            "content": "# Global multi-tenant folder structure maintained across all regions for scalable data processing",
            "content_disposition": "",
            "content_encoding": "",
            "content_language": "",
            "content_type": "text/plain; charset=utf-8",
            "crc32c": "mfVRCg==",
            "customer_encryption": [],
            "detect_md5hash": "ZJ7TKDq2HXPnW2iZ7cAH/A==",
            "event_based_hold": false,
            "force_empty_content_type": null,
            "generation": 1756421195960320,
            "id": "terraops-europe-west3-tenant-data-tenants/business-domains/.gitkeep",
            "kms_key_name": "",
            "md5hash": "ZJ7TKDq2HXPnW2iZ7cAH/A==",
            "md5hexhash": "649ed3283ab61d73e75b6899edc007fc",
            "media_link": "https://storage.googleapis.com/download/storage/v1/b/terraops-europe-west3-tenant-data/o/tenants%2Fbusiness-domains%2F.gitkeep?generation=1756421195960320\u0026alt=media",
            "metadata": null,
            "name": "tenants/business-domains/.gitkeep",
            "output_name": "tenants/business-domains/.gitkeep",
            "retention": [],
            "self_link": "https://www.googleapis.com/storage/v1/b/terraops-europe-west3-tenant-data/o/tenants%2Fbusiness-domains%2F.gitkeep",
            "source": null,
            "source_md5hash": "",
            "storage_class": "NEARLINE",
            "temporary_hold": false,
            "timeouts": null
          },
          "sensitive_attributes": [
            [
              {
                "type": "get_attr",
                "value": "content"
              }
            ]
          ],
          "private": "eyJlMmJmYjczMC1lY2FhLTExZTYtOGY4OC0zNDM2M2JjN2M0YzAiOnsiY3JlYXRlIjoyNDAwMDAwMDAwMDAsImRlbGV0ZSI6MjQwMDAwMDAwMDAwLCJ1cGRhdGUiOjI0MDAwMDAwMDAwMH19",
          "dependencies": [
            "google_storage_bucket.tenant_buckets"
          ]
        },
        {
          "index_key": "europe-west3-tenants-tenant-001-",
          "schema_version": 0,
          "attributes": {
            "bucket": "terraops-europe-west3-tenant-data",
            "cache_control": "",
            "content": "# Global multi-tenant folder structure maintained across all regions for scalable data processing",
            "content_disposition": "",
            "content_encoding": "",
            "content_language": "",
            "content_type": "text/plain; charset=utf-8",
            "crc32c": "mfVRCg==",
            "customer_encryption": [],
            "detect_md5hash": "ZJ7TKDq2HXPnW2iZ7cAH/A==",
            "event_based_hold": false,
            "force_empty_content_type": null,
            "generation": 1756421188145335,
            "id": "terraops-europe-west3-tenant-data-tenants/tenant-001/.gitkeep",
            "kms_key_name": "",
            "md5hash": "ZJ7TKDq2HXPnW2iZ7cAH/A==",
            "md5hexhash": "649ed3283ab61d73e75b6899edc007fc",
            "media_link": "https://storage.googleapis.com/download/storage/v1/b/terraops-europe-west3-tenant-data/o/tenants%2Ftenant-001%2F.gitkeep?generation=1756421188145335\u0026alt=media",
            "metadata": null,
            "name": "tenants/tenant-001/.gitkeep",
            "output_name": "tenants/tenant-001/.gitkeep",
            "retention": [],
            "self_link": "https://www.googleapis.com/storage/v1/b/terraops-europe-west3-tenant-data/o/tenants%2Ftenant-001%2F.gitkeep",
            "source": null,
            "source_md5hash": "",
            "storage_class": "NEARLINE",
            "temporary_hold": false,
            "timeouts": null
          },
          "sensitive_attributes": [
            [
              {
                "type": "get_attr",
                "value": "content"
              }
            ]
          ],
          "private": "eyJlMmJmYjczMC1lY2FhLTExZTYtOGY4OC0zNDM2M2JjN2M0YzAiOnsiY3JlYXRlIjoyNDAwMDAwMDAwMDAsImRlbGV0ZSI6MjQwMDAwMDAwMDAwLCJ1cGRhdGUiOjI0MDAwMDAwMDAwMH19",
          "dependencies": [
            "google_storage_bucket.tenant_buckets"
          ]
        },
        {
          "index_key": "europe-west3-tenants-tenant-001-data-",
          "schema_version": 0,
          "attributes": {
            "bucket": "terraops-europe-west3-tenant-data",
            "cache_control": "",
            "content": "# Global multi-tenant folder structure maintained across all regions for scalable data processing",
            "content_disposition": "",
            "content_encoding": "",
            "content_language": "",
            "content_type": "text/plain; charset=utf-8",
            "crc32c": "mfVRCg==",
            "customer_encryption": [],
            "detect_md5hash": "ZJ7TKDq2HXPnW2iZ7cAH/A==",
            "event_based_hold": false,
            "force_empty_content_type": null,
            "generation": 1756421193762826,
            "id": "terraops-europe-west3-tenant-data-tenants/tenant-001/data/.gitkeep",
            "kms_key_name": "",
            "md5hash": "ZJ7TKDq2HXPnW2iZ7cAH/A==",
            "md5hexhash": "649ed3283ab61d73e75b6899edc007fc",
            "media_link": "https://storage.googleapis.com/download/storage/v1/b/terraops-europe-west3-tenant-data/o/tenants%2Ftenant-001%2Fdata%2F.gitkeep?generation=1756421193762826\u0026alt=media",
            "metadata": null,
            "name": "tenants/tenant-001/data/.gitkeep",
            "output_name": "tenants/tenant-001/data/.gitkeep",
            "retention": [],
            "self_link": "https://www.googleapis.com/storage/v1/b/terraops-europe-west3-tenant-data/o/tenants%2Ftenant-001%2Fdata%2F.gitkeep",
            "source": null,
            "source_md5hash": "",
            "storage_class": "NEARLINE",
            "temporary_hold": false,
            "timeouts": null
          },
          "sensitive_attributes": [
            [
              {
                "type": "get_attr",
                "value": "content"
              }
            ]
          ],
          "private": "eyJlMmJmYjczMC1lY2FhLTExZTYtOGY4OC0zNDM2M2JjN2M0YzAiOnsiY3JlYXRlIjoyNDAwMDAwMDAwMDAsImRlbGV0ZSI6MjQwMDAwMDAwMDAwLCJ1cGRhdGUiOjI0MDAwMDAwMDAwMH19",
          "dependencies": [
            "google_storage_bucket.tenant_buckets"
          ]
        },
        {
          "index_key": "europe-west3-tenants-tenant-001-data-bad-records-",
          "schema_version": 0,
          "attributes": {
            "bucket": "terraops-europe-west3-tenant-data",
            "cache_control": "",
            "content": "# Global multi-tenant folder structure maintained across all regions for scalable data processing",
            "content_disposition": "",
            "content_encoding": "",
            "content_language": "",
            "content_type": "text/plain; charset=utf-8",
            "crc32c": "mfVRCg==",
            "customer_encryption": [],
            "detect_md5hash": "ZJ7TKDq2HXPnW2iZ7cAH/A==",
            "event_based_hold": false,
            "force_empty_content_type": null,
            "generation": 1756421197894105,
            "id": "terraops-europe-west3-tenant-data-tenants/tenant-001/data/bad-records/.gitkeep",
            "kms_key_name": "",
            "md5hash": "ZJ7TKDq2HXPnW2iZ7cAH/A==",
            "md5hexhash": "649ed3283ab61d73e75b6899edc007fc",
            "media_link": "https://storage.googleapis.com/download/storage/v1/b/terraops-europe-west3-tenant-data/o/tenants%2Ftenant-001%2Fdata%2Fbad-records%2F.gitkeep?generation=1756421197894105\u0026alt=media",
            "metadata": null,
            "name": "tenants/tenant-001/data/bad-records/.gitkeep",
            "output_name": "tenants/tenant-001/data/bad-records/.gitkeep",
            "retention": [],
            "self_link": "https://www.googleapis.com/storage/v1/b/terraops-europe-west3-tenant-data/o/tenants%2Ftenant-001%2Fdata%2Fbad-records%2F.gitkeep",
            "source": null,
            "source_md5hash": "",
            "storage_class": "NEARLINE",
            "temporary_hold": false,
            "timeouts": null
          },
          "sensitive_attributes": [
            [
              {
                "type": "get_attr",
                "value": "content"
              }
            ]
          ],
          "private": "eyJlMmJmYjczMC1lY2FhLTExZTYtOGY4OC0zNDM2M2JjN2M0YzAiOnsiY3JlYXRlIjoyNDAwMDAwMDAwMDAsImRlbGV0ZSI6MjQwMDAwMDAwMDAwLCJ1cGRhdGUiOjI0MDAwMDAwMDAwMH19",
          "dependencies": [
            "google_storage_bucket.tenant_buckets"
          ]
        },
        {
          "index_key": "europe-west3-tenants-tenant-001-data-processed-",
          "schema_version": 0,
          "attributes": {
            "bucket": "terraops-europe-west3-tenant-data",
            "cache_control": "",
            "content": "# Global multi-tenant folder structure maintained across all regions for scalable data processing",
            "content_disposition": "",
            "content_encoding": "",
            "content_language": "",
            "content_type": "text/plain; charset=utf-8",
            "crc32c": "mfVRCg==",
            "customer_encryption": [],
            "detect_md5hash": "ZJ7TKDq2HXPnW2iZ7cAH/A==",
            "event_based_hold": false,
            "force_empty_content_type": null,
            "generation": 1756421180425057,
            "id": "terraops-europe-west3-tenant-data-tenants/tenant-001/data/processed/.gitkeep",
            "kms_key_name": "",
            "md5hash": "ZJ7TKDq2HXPnW2iZ7cAH/A==",
            "md5hexhash": "649ed3283ab61d73e75b6899edc007fc",
            "media_link": "https://storage.googleapis.com/download/storage/v1/b/terraops-europe-west3-tenant-data/o/tenants%2Ftenant-001%2Fdata%2Fprocessed%2F.gitkeep?generation=1756421180425057\u0026alt=media",
            "metadata": null,
            "name": "tenants/tenant-001/data/processed/.gitkeep",
            "output_name": "tenants/tenant-001/data/processed/.gitkeep",
            "retention": [],
            "self_link": "https://www.googleapis.com/storage/v1/b/terraops-europe-west3-tenant-data/o/tenants%2Ftenant-001%2Fdata%2Fprocessed%2F.gitkeep",
            "source": null,
            "source_md5hash": "",
            "storage_class": "NEARLINE",
            "temporary_hold": false,
            "timeouts": null
          },
          "sensitive_attributes": [
            [
              {
                "type": "get_attr",
                "value": "content"
              }
            ]
          ],
          "private": "eyJlMmJmYjczMC1lY2FhLTExZTYtOGY4OC0zNDM2M2JjN2M0YzAiOnsiY3JlYXRlIjoyNDAwMDAwMDAwMDAsImRlbGV0ZSI6MjQwMDAwMDAwMDAwLCJ1cGRhdGUiOjI0MDAwMDAwMDAwMH19",
          "dependencies": [
            "google_storage_bucket.tenant_buckets"
          ]
        },
        {
          "index_key": "europe-west3-tenants-tenant-001-data-raw-",
          "schema_version": 0,
          "attributes": {
            "bucket": "terraops-europe-west3-tenant-data",
            "cache_control": "",
            "content": "# Global multi-tenant folder structure maintained across all regions for scalable data processing",
            "content_disposition": "",
            "content_encoding": "",
            "content_language": "",
            "content_type": "text/plain; charset=utf-8",
            "crc32c": "mfVRCg==",
            "customer_encryption": [],
            "detect_md5hash": "ZJ7TKDq2HXPnW2iZ7cAH/A==",
            "event_based_hold": false,
            "force_empty_content_type": null,
            "generation": 1756421187461087,
            "id": "terraops-europe-west3-tenant-data-tenants/tenant-001/data/raw/.gitkeep",
            "kms_key_name": "",
            "md5hash": "ZJ7TKDq2HXPnW2iZ7cAH/A==",
            "md5hexhash": "649ed3283ab61d73e75b6899edc007fc",
            "media_link": "https://storage.googleapis.com/download/storage/v1/b/terraops-europe-west3-tenant-data/o/tenants%2Ftenant-001%2Fdata%2Fraw%2F.gitkeep?generation=1756421187461087\u0026alt=media",
            "metadata": null,
            "name": "tenants/tenant-001/data/raw/.gitkeep",
            "output_name": "tenants/tenant-001/data/raw/.gitkeep",
            "retention": [],
            "self_link": "https://www.googleapis.com/storage/v1/b/terraops-europe-west3-tenant-data/o/tenants%2Ftenant-001%2Fdata%2Fraw%2F.gitkeep",
            "source": null,
            "source_md5hash": "",
            "storage_class": "NEARLINE",
            "temporary_hold": false,
            "timeouts": null
          },
          "sensitive_attributes": [
            [
              {
                "type": "get_attr",
                "value": "content"
              }
            ]
          ],
          "private": "eyJlMmJmYjczMC1lY2FhLTExZTYtOGY4OC0zNDM2M2JjN2M0YzAiOnsiY3JlYXRlIjoyNDAwMDAwMDAwMDAsImRlbGV0ZSI6MjQwMDAwMDAwMDAwLCJ1cGRhdGUiOjI0MDAwMDAwMDAwMH19",
          "dependencies": [
            "google_storage_bucket.tenant_buckets"
          ]
        },
        {
          "index_key": "europe-west3-tenants-tenant-002-",
          "schema_version": 0,
          "attributes": {
            "bucket": "terraops-europe-west3-tenant-data",
            "cache_control": "",
            "content": "# Global multi-tenant folder structure maintained across all regions for scalable data processing",
            "content_disposition": "",
            "content_encoding": "",
            "content_language": "",
            "content_type": "text/plain; charset=utf-8",
            "crc32c": "mfVRCg==",
            "customer_encryption": [],
            "detect_md5hash": "ZJ7TKDq2HXPnW2iZ7cAH/A==",
            "event_based_hold": false,
            "force_empty_content_type": null,
            "generation": 1756421199503014,
            "id": "terraops-europe-west3-tenant-data-tenants/tenant-002/.gitkeep",
            "kms_key_name": "",
            "md5hash": "ZJ7TKDq2HXPnW2iZ7cAH/A==",
            "md5hexhash": "649ed3283ab61d73e75b6899edc007fc",
            "media_link": "https://storage.googleapis.com/download/storage/v1/b/terraops-europe-west3-tenant-data/o/tenants%2Ftenant-002%2F.gitkeep?generation=1756421199503014\u0026alt=media",
            "metadata": null,
            "name": "tenants/tenant-002/.gitkeep",
            "output_name": "tenants/tenant-002/.gitkeep",
            "retention": [],
            "self_link": "https://www.googleapis.com/storage/v1/b/terraops-europe-west3-tenant-data/o/tenants%2Ftenant-002%2F.gitkeep",
            "source": null,
            "source_md5hash": "",
            "storage_class": "NEARLINE",
            "temporary_hold": false,
            "timeouts": null
          },
          "sensitive_attributes": [
            [
              {
                "type": "get_attr",
                "value": "content"
              }
            ]
          ],
          "private": "eyJlMmJmYjczMC1lY2FhLTExZTYtOGY4OC0zNDM2M2JjN2M0YzAiOnsiY3JlYXRlIjoyNDAwMDAwMDAwMDAsImRlbGV0ZSI6MjQwMDAwMDAwMDAwLCJ1cGRhdGUiOjI0MDAwMDAwMDAwMH19",
          "dependencies": [
            "google_storage_bucket.tenant_buckets"
          ]
        },
        {
          "index_key": "europe-west3-tenants-tenant-002-data-",
          "schema_version": 0,
          "attributes": {
            "bucket": "terraops-europe-west3-tenant-data",
            "cache_control": "",
            "content": "# Global multi-tenant folder structure maintained across all regions for scalable data processing",
            "content_disposition": "",
            "content_encoding": "",
            "content_language": "",
            "content_type": "text/plain; charset=utf-8",
            "crc32c": "mfVRCg==",
            "customer_encryption": [],
            "detect_md5hash": "ZJ7TKDq2HXPnW2iZ7cAH/A==",
            "event_based_hold": false,
            "force_empty_content_type": null,
            "generation": 1756421184787988,
            "id": "terraops-europe-west3-tenant-data-tenants/tenant-002/data/.gitkeep",
            "kms_key_name": "",
            "md5hash": "ZJ7TKDq2HXPnW2iZ7cAH/A==",
            "md5hexhash": "649ed3283ab61d73e75b6899edc007fc",
            "media_link": "https://storage.googleapis.com/download/storage/v1/b/terraops-europe-west3-tenant-data/o/tenants%2Ftenant-002%2Fdata%2F.gitkeep?generation=1756421184787988\u0026alt=media",
            "metadata": null,
            "name": "tenants/tenant-002/data/.gitkeep",
            "output_name": "tenants/tenant-002/data/.gitkeep",
            "retention": [],
            "self_link": "https://www.googleapis.com/storage/v1/b/terraops-europe-west3-tenant-data/o/tenants%2Ftenant-002%2Fdata%2F.gitkeep",
            "source": null,
            "source_md5hash": "",
            "storage_class": "NEARLINE",
            "temporary_hold": false,
            "timeouts": null
          },
          "sensitive_attributes": [
            [
              {
                "type": "get_attr",
                "value": "content"
              }
            ]
          ],
          "private": "eyJlMmJmYjczMC1lY2FhLTExZTYtOGY4OC0zNDM2M2JjN2M0YzAiOnsiY3JlYXRlIjoyNDAwMDAwMDAwMDAsImRlbGV0ZSI6MjQwMDAwMDAwMDAwLCJ1cGRhdGUiOjI0MDAwMDAwMDAwMH19",
          "dependencies": [
            "google_storage_bucket.tenant_buckets"
          ]
        },
        {
          "index_key": "europe-west3-tenants-tenant-002-data-bad-records-",
          "schema_version": 0,
          "attributes": {
            "bucket": "terraops-europe-west3-tenant-data",
            "cache_control": "",
            "content": "# Global multi-tenant folder structure maintained across all regions for scalable data processing",
            "content_disposition": "",
            "content_encoding": "",
            "content_language": "",
            "content_type": "text/plain; charset=utf-8",
            "crc32c": "mfVRCg==",
            "customer_encryption": [],
            "detect_md5hash": "ZJ7TKDq2HXPnW2iZ7cAH/A==",
            "event_based_hold": false,
            "force_empty_content_type": null,
            "generation": 1756421198924015,
            "id": "terraops-europe-west3-tenant-data-tenants/tenant-002/data/bad-records/.gitkeep",
            "kms_key_name": "",
            "md5hash": "ZJ7TKDq2HXPnW2iZ7cAH/A==",
            "md5hexhash": "649ed3283ab61d73e75b6899edc007fc",
            "media_link": "https://storage.googleapis.com/download/storage/v1/b/terraops-europe-west3-tenant-data/o/tenants%2Ftenant-002%2Fdata%2Fbad-records%2F.gitkeep?generation=1756421198924015\u0026alt=media",
            "metadata": null,
            "name": "tenants/tenant-002/data/bad-records/.gitkeep",
            "output_name": "tenants/tenant-002/data/bad-records/.gitkeep",
            "retention": [],
            "self_link": "https://www.googleapis.com/storage/v1/b/terraops-europe-west3-tenant-data/o/tenants%2Ftenant-002%2Fdata%2Fbad-records%2F.gitkeep",
            "source": null,
            "source_md5hash": "",
            "storage_class": "NEARLINE",
            "temporary_hold": false,
            "timeouts": null
          },
          "sensitive_attributes": [
            [
              {
                "type": "get_attr",
                "value": "content"
              }
            ]
          ],
          "private": "eyJlMmJmYjczMC1lY2FhLTExZTYtOGY4OC0zNDM2M2JjN2M0YzAiOnsiY3JlYXRlIjoyNDAwMDAwMDAwMDAsImRlbGV0ZSI6MjQwMDAwMDAwMDAwLCJ1cGRhdGUiOjI0MDAwMDAwMDAwMH19",
          "dependencies": [
            "google_storage_bucket.tenant_buckets"
          ]
        },
        {
          "index_key": "europe-west3-tenants-tenant-002-data-processed-",
          "schema_version": 0,
          "attributes": {
            "bucket": "terraops-europe-west3-tenant-data",
            "cache_control": "",
            "content": "# Global multi-tenant folder structure maintained across all regions for scalable data processing",
            "content_disposition": "",
            "content_encoding": "",
            "content_language": "",
            "content_type": "text/plain; charset=utf-8",
            "crc32c": "mfVRCg==",
            "customer_encryption": [],
            "detect_md5hash": "ZJ7TKDq2HXPnW2iZ7cAH/A==",
            "event_based_hold": false,
            "force_empty_content_type": null,
            "generation": 1756421179837910,
            "id": "terraops-europe-west3-tenant-data-tenants/tenant-002/data/processed/.gitkeep",
            "kms_key_name": "",
            "md5hash": "ZJ7TKDq2HXPnW2iZ7cAH/A==",
            "md5hexhash": "649ed3283ab61d73e75b6899edc007fc",
            "media_link": "https://storage.googleapis.com/download/storage/v1/b/terraops-europe-west3-tenant-data/o/tenants%2Ftenant-002%2Fdata%2Fprocessed%2F.gitkeep?generation=1756421179837910\u0026alt=media",
            "metadata": null,
            "name": "tenants/tenant-002/data/processed/.gitkeep",
            "output_name": "tenants/tenant-002/data/processed/.gitkeep",
            "retention": [],
            "self_link": "https://www.googleapis.com/storage/v1/b/terraops-europe-west3-tenant-data/o/tenants%2Ftenant-002%2Fdata%2Fprocessed%2F.gitkeep",
            "source": null,
            "source_md5hash": "",
            "storage_class": "NEARLINE",
            "temporary_hold": false,
            "timeouts": null
          },
          "sensitive_attributes": [
            [
              {
                "type": "get_attr",
                "value": "content"
              }
            ]
          ],
          "private": "eyJlMmJmYjczMC1lY2FhLTExZTYtOGY4OC0zNDM2M2JjN2M0YzAiOnsiY3JlYXRlIjoyNDAwMDAwMDAwMDAsImRlbGV0ZSI6MjQwMDAwMDAwMDAwLCJ1cGRhdGUiOjI0MDAwMDAwMDAwMH19",
          "dependencies": [
            "google_storage_bucket.tenant_buckets"
          ]
        },
        {
          "index_key": "europe-west3-tenants-tenant-002-data-raw-",
          "schema_version": 0,
          "attributes": {
            "bucket": "terraops-europe-west3-tenant-data",
            "cache_control": "",
            "content": "# Global multi-tenant folder structure maintained across all regions for scalable data processing",
            "content_disposition": "",
            "content_encoding": "",
            "content_language": "",
            "content_type": "text/plain; charset=utf-8",
            "crc32c": "mfVRCg==",
            "customer_encryption": [],
            "detect_md5hash": "ZJ7TKDq2HXPnW2iZ7cAH/A==",
            "event_based_hold": false,
            "force_empty_content_type": null,
            "generation": 1756421183071508,
            "id": "terraops-europe-west3-tenant-data-tenants/tenant-002/data/raw/.gitkeep",
            "kms_key_name": "",
            "md5hash": "ZJ7TKDq2HXPnW2iZ7cAH/A==",
            "md5hexhash": "649ed3283ab61d73e75b6899edc007fc",
            "media_link": "https://storage.googleapis.com/download/storage/v1/b/terraops-europe-west3-tenant-data/o/tenants%2Ftenant-002%2Fdata%2Fraw%2F.gitkeep?generation=1756421183071508\u0026alt=media",
            "metadata": null,
            "name": "tenants/tenant-002/data/raw/.gitkeep",
            "output_name": "tenants/tenant-002/data/raw/.gitkeep",
            "retention": [],
            "self_link": "https://www.googleapis.com/storage/v1/b/terraops-europe-west3-tenant-data/o/tenants%2Ftenant-002%2Fdata%2Fraw%2F.gitkeep",
            "source": null,
            "source_md5hash": "",
            "storage_class": "NEARLINE",
            "temporary_hold": false,
            "timeouts": null
          },
          "sensitive_attributes": [
            [
              {
                "type": "get_attr",
                "value": "content"
              }
            ]
          ],
          "private": "eyJlMmJmYjczMC1lY2FhLTExZTYtOGY4OC0zNDM2M2JjN2M0YzAiOnsiY3JlYXRlIjoyNDAwMDAwMDAwMDAsImRlbGV0ZSI6MjQwMDAwMDAwMDAwLCJ1cGRhdGUiOjI0MDAwMDAwMDAwMH19",
          "dependencies": [
            "google_storage_bucket.tenant_buckets"
          ]
        },
        {
          "index_key": "europe-west3-tenants-tenant-003-",
          "schema_version": 0,
          "attributes": {
            "bucket": "terraops-europe-west3-tenant-data",
            "cache_control": "",
            "content": "# Global multi-tenant folder structure maintained across all regions for scalable data processing",
            "content_disposition": "",
            "content_encoding": "",
            "content_language": "",
            "content_type": "text/plain; charset=utf-8",
            "crc32c": "mfVRCg==",
            "customer_encryption": [],
            "detect_md5hash": "ZJ7TKDq2HXPnW2iZ7cAH/A==",
            "event_based_hold": false,
            "force_empty_content_type": null,
            "generation": 1756421175935297,
            "id": "terraops-europe-west3-tenant-data-tenants/tenant-003/.gitkeep",
            "kms_key_name": "",
            "md5hash": "ZJ7TKDq2HXPnW2iZ7cAH/A==",
            "md5hexhash": "649ed3283ab61d73e75b6899edc007fc",
            "media_link": "https://storage.googleapis.com/download/storage/v1/b/terraops-europe-west3-tenant-data/o/tenants%2Ftenant-003%2F.gitkeep?generation=1756421175935297\u0026alt=media",
            "metadata": null,
            "name": "tenants/tenant-003/.gitkeep",
            "output_name": "tenants/tenant-003/.gitkeep",
            "retention": [],
            "self_link": "https://www.googleapis.com/storage/v1/b/terraops-europe-west3-tenant-data/o/tenants%2Ftenant-003%2F.gitkeep",
            "source": null,
            "source_md5hash": "",
            "storage_class": "NEARLINE",
            "temporary_hold": false,
            "timeouts": null
          },
          "sensitive_attributes": [
            [
              {
                "type": "get_attr",
                "value": "content"
              }
            ]
          ],
          "private": "eyJlMmJmYjczMC1lY2FhLTExZTYtOGY4OC0zNDM2M2JjN2M0YzAiOnsiY3JlYXRlIjoyNDAwMDAwMDAwMDAsImRlbGV0ZSI6MjQwMDAwMDAwMDAwLCJ1cGRhdGUiOjI0MDAwMDAwMDAwMH19",
          "dependencies": [
            "google_storage_bucket.tenant_buckets"
          ]
        },
        {
          "index_key": "europe-west3-tenants-tenant-003-data-",
          "schema_version": 0,
          "attributes": {
            "bucket": "terraops-europe-west3-tenant-data",
            "cache_control": "",
            "content": "# Global multi-tenant folder structure maintained across all regions for scalable data processing",
            "content_disposition": "",
            "content_encoding": "",
            "content_language": "",
            "content_type": "text/plain; charset=utf-8",
            "crc32c": "mfVRCg==",
            "customer_encryption": [],
            "detect_md5hash": "ZJ7TKDq2HXPnW2iZ7cAH/A==",
            "event_based_hold": false,
            "force_empty_content_type": null,
            "generation": 1756421194342881,
            "id": "terraops-europe-west3-tenant-data-tenants/tenant-003/data/.gitkeep",
            "kms_key_name": "",
            "md5hash": "ZJ7TKDq2HXPnW2iZ7cAH/A==",
            "md5hexhash": "649ed3283ab61d73e75b6899edc007fc",
            "media_link": "https://storage.googleapis.com/download/storage/v1/b/terraops-europe-west3-tenant-data/o/tenants%2Ftenant-003%2Fdata%2F.gitkeep?generation=1756421194342881\u0026alt=media",
            "metadata": null,
            "name": "tenants/tenant-003/data/.gitkeep",
            "output_name": "tenants/tenant-003/data/.gitkeep",
            "retention": [],
            "self_link": "https://www.googleapis.com/storage/v1/b/terraops-europe-west3-tenant-data/o/tenants%2Ftenant-003%2Fdata%2F.gitkeep",
            "source": null,
            "source_md5hash": "",
            "storage_class": "NEARLINE",
            "temporary_hold": false,
            "timeouts": null
          },
          "sensitive_attributes": [
            [
              {
                "type": "get_attr",
                "value": "content"
              }
            ]
          ],
          "private": "eyJlMmJmYjczMC1lY2FhLTExZTYtOGY4OC0zNDM2M2JjN2M0YzAiOnsiY3JlYXRlIjoyNDAwMDAwMDAwMDAsImRlbGV0ZSI6MjQwMDAwMDAwMDAwLCJ1cGRhdGUiOjI0MDAwMDAwMDAwMH19",
          "dependencies": [
            "google_storage_bucket.tenant_buckets"
          ]
        },
        {
          "index_key": "europe-west3-tenants-tenant-003-data-bad-records-",
          "schema_version": 0,
          "attributes": {
            "bucket": "terraops-europe-west3-tenant-data",
            "cache_control": "",
            "content": "# Global multi-tenant folder structure maintained across all regions for scalable data processing",
            "content_disposition": "",
            "content_encoding": "",
            "content_language": "",
            "content_type": "text/plain; charset=utf-8",
            "crc32c": "mfVRCg==",
            "customer_encryption": [],
            "detect_md5hash": "ZJ7TKDq2HXPnW2iZ7cAH/A==",
            "event_based_hold": false,
            "force_empty_content_type": null,
            "generation": 1756421189975542,
            "id": "terraops-europe-west3-tenant-data-tenants/tenant-003/data/bad-records/.gitkeep",
            "kms_key_name": "",
            "md5hash": "ZJ7TKDq2HXPnW2iZ7cAH/A==",
            "md5hexhash": "649ed3283ab61d73e75b6899edc007fc",
            "media_link": "https://storage.googleapis.com/download/storage/v1/b/terraops-europe-west3-tenant-data/o/tenants%2Ftenant-003%2Fdata%2Fbad-records%2F.gitkeep?generation=1756421189975542\u0026alt=media",
            "metadata": null,
            "name": "tenants/tenant-003/data/bad-records/.gitkeep",
            "output_name": "tenants/tenant-003/data/bad-records/.gitkeep",
            "retention": [],
            "self_link": "https://www.googleapis.com/storage/v1/b/terraops-europe-west3-tenant-data/o/tenants%2Ftenant-003%2Fdata%2Fbad-records%2F.gitkeep",
            "source": null,
            "source_md5hash": "",
            "storage_class": "NEARLINE",
            "temporary_hold": false,
            "timeouts": null
          },
          "sensitive_attributes": [
            [
              {
                "type": "get_attr",
                "value": "content"
              }
            ]
          ],
          "private": "eyJlMmJmYjczMC1lY2FhLTExZTYtOGY4OC0zNDM2M2JjN2M0YzAiOnsiY3JlYXRlIjoyNDAwMDAwMDAwMDAsImRlbGV0ZSI6MjQwMDAwMDAwMDAwLCJ1cGRhdGUiOjI0MDAwMDAwMDAwMH19",
          "dependencies": [
            "google_storage_bucket.tenant_buckets"
          ]
        },
        {
          "index_key": "europe-west3-tenants-tenant-003-data-processed-",
          "schema_version": 0,
          "attributes": {
            "bucket": "terraops-europe-west3-tenant-data",
            "cache_control": "",
            "content": "# Global multi-tenant folder structure maintained across all regions for scalable data processing",
            "content_disposition": "",
            "content_encoding": "",
            "content_language": "",
            "content_type": "text/plain; charset=utf-8",
            "crc32c": "mfVRCg==",
            "customer_encryption": [],
            "detect_md5hash": "ZJ7TKDq2HXPnW2iZ7cAH/A==",
            "event_based_hold": false,
            "force_empty_content_type": null,
            "generation": 1756421185374396,
            "id": "terraops-europe-west3-tenant-data-tenants/tenant-003/data/processed/.gitkeep",
            "kms_key_name": "",
            "md5hash": "ZJ7TKDq2HXPnW2iZ7cAH/A==",
            "md5hexhash": "649ed3283ab61d73e75b6899edc007fc",
            "media_link": "https://storage.googleapis.com/download/storage/v1/b/terraops-europe-west3-tenant-data/o/tenants%2Ftenant-003%2Fdata%2Fprocessed%2F.gitkeep?generation=1756421185374396\u0026alt=media",
            "metadata": null,
            "name": "tenants/tenant-003/data/processed/.gitkeep",
            "output_name": "tenants/tenant-003/data/processed/.gitkeep",
            "retention": [],
            "self_link": "https://www.googleapis.com/storage/v1/b/terraops-europe-west3-tenant-data/o/tenants%2Ftenant-003%2Fdata%2Fprocessed%2F.gitkeep",
            "source": null,
            "source_md5hash": "",
            "storage_class": "NEARLINE",
            "temporary_hold": false,
            "timeouts": null
          },
          "sensitive_attributes": [
            [
              {
                "type": "get_attr",
                "value": "content"
              }
            ]
          ],
          "private": "eyJlMmJmYjczMC1lY2FhLTExZTYtOGY4OC0zNDM2M2JjN2M0YzAiOnsiY3JlYXRlIjoyNDAwMDAwMDAwMDAsImRlbGV0ZSI6MjQwMDAwMDAwMDAwLCJ1cGRhdGUiOjI0MDAwMDAwMDAwMH19",
          "dependencies": [
            "google_storage_bucket.tenant_buckets"
          ]
        },
        {
          "index_key": "europe-west3-tenants-tenant-003-data-raw-",
          "schema_version": 0,
          "attributes": {
            "bucket": "terraops-europe-west3-tenant-data",
            "cache_control": "",
            "content": "# Global multi-tenant folder structure maintained across all regions for scalable data processing",
            "content_disposition": "",
            "content_encoding": "",
            "content_language": "",
            "content_type": "text/plain; charset=utf-8",
            "crc32c": "mfVRCg==",
            "customer_encryption": [],
            "detect_md5hash": "ZJ7TKDq2HXPnW2iZ7cAH/A==",
            "event_based_hold": false,
            "force_empty_content_type": null,
            "generation": 1756421195555418,
            "id": "terraops-europe-west3-tenant-data-tenants/tenant-003/data/raw/.gitkeep",
            "kms_key_name": "",
            "md5hash": "ZJ7TKDq2HXPnW2iZ7cAH/A==",
            "md5hexhash": "649ed3283ab61d73e75b6899edc007fc",
            "media_link": "https://storage.googleapis.com/download/storage/v1/b/terraops-europe-west3-tenant-data/o/tenants%2Ftenant-003%2Fdata%2Fraw%2F.gitkeep?generation=1756421195555418\u0026alt=media",
            "metadata": null,
            "name": "tenants/tenant-003/data/raw/.gitkeep",
            "output_name": "tenants/tenant-003/data/raw/.gitkeep",
            "retention": [],
            "self_link": "https://www.googleapis.com/storage/v1/b/terraops-europe-west3-tenant-data/o/tenants%2Ftenant-003%2Fdata%2Fraw%2F.gitkeep",
            "source": null,
            "source_md5hash": "",
            "storage_class": "NEARLINE",
            "temporary_hold": false,
            "timeouts": null
          },
          "sensitive_attributes": [
            [
              {
                "type": "get_attr",
                "value": "content"
              }
            ]
          ],
          "private": "eyJlMmJmYjczMC1lY2FhLTExZTYtOGY4OC0zNDM2M2JjN2M0YzAiOnsiY3JlYXRlIjoyNDAwMDAwMDAwMDAsImRlbGV0ZSI6MjQwMDAwMDAwMDAwLCJ1cGRhdGUiOjI0MDAwMDAwMDAwMH19",
          "dependencies": [
            "google_storage_bucket.tenant_buckets"
          ]
        },
        {
          "index_key": "europe-west4-shared-",
          "schema_version": 0,
          "attributes": {
            "bucket": "terraops-europe-west4-tenant-data",
            "cache_control": "",
            "content": "# Global multi-tenant folder structure maintained across all regions for scalable data processing",
            "content_disposition": "",
            "content_encoding": "",
            "content_language": "",
            "content_type": "text/plain; charset=utf-8",
            "crc32c": "mfVRCg==",
            "customer_encryption": [],
            "detect_md5hash": "ZJ7TKDq2HXPnW2iZ7cAH/A==",
            "event_based_hold": false,
            "force_empty_content_type": null,
            "generation": 1756421190232460,
            "id": "terraops-europe-west4-tenant-data-shared/.gitkeep",
            "kms_key_name": "",
            "md5hash": "ZJ7TKDq2HXPnW2iZ7cAH/A==",
            "md5hexhash": "649ed3283ab61d73e75b6899edc007fc",
            "media_link": "https://storage.googleapis.com/download/storage/v1/b/terraops-europe-west4-tenant-data/o/shared%2F.gitkeep?generation=1756421190232460\u0026alt=media",
            "metadata": null,
            "name": "shared/.gitkeep",
            "output_name": "shared/.gitkeep",
            "retention": [],
            "self_link": "https://www.googleapis.com/storage/v1/b/terraops-europe-west4-tenant-data/o/shared%2F.gitkeep",
            "source": null,
            "source_md5hash": "",
            "storage_class": "NEARLINE",
            "temporary_hold": false,
            "timeouts": null
          },
          "sensitive_attributes": [
            [
              {
                "type": "get_attr",
                "value": "content"
              }
            ]
          ],
          "private": "eyJlMmJmYjczMC1lY2FhLTExZTYtOGY4OC0zNDM2M2JjN2M0YzAiOnsiY3JlYXRlIjoyNDAwMDAwMDAwMDAsImRlbGV0ZSI6MjQwMDAwMDAwMDAwLCJ1cGRhdGUiOjI0MDAwMDAwMDAwMH19",
          "dependencies": [
            "google_storage_bucket.tenant_buckets"
          ]
        },
        {
          "index_key": "europe-west4-shared-ml-models-",
          "schema_version": 0,
          "attributes": {
            "bucket": "terraops-europe-west4-tenant-data",
            "cache_control": "",
            "content": "# Global multi-tenant folder structure maintained across all regions for scalable data processing",
            "content_disposition": "",
            "content_encoding": "",
            "content_language": "",
            "content_type": "text/plain; charset=utf-8",
            "crc32c": "mfVRCg==",
            "customer_encryption": [],
            "detect_md5hash": "ZJ7TKDq2HXPnW2iZ7cAH/A==",
            "event_based_hold": false,
            "force_empty_content_type": null,
            "generation": 1756421193755223,
            "id": "terraops-europe-west4-tenant-data-shared/ml-models/.gitkeep",
            "kms_key_name": "",
            "md5hash": "ZJ7TKDq2HXPnW2iZ7cAH/A==",
            "md5hexhash": "649ed3283ab61d73e75b6899edc007fc",
            "media_link": "https://storage.googleapis.com/download/storage/v1/b/terraops-europe-west4-tenant-data/o/shared%2Fml-models%2F.gitkeep?generation=1756421193755223\u0026alt=media",
            "metadata": null,
            "name": "shared/ml-models/.gitkeep",
            "output_name": "shared/ml-models/.gitkeep",
            "retention": [],
            "self_link": "https://www.googleapis.com/storage/v1/b/terraops-europe-west4-tenant-data/o/shared%2Fml-models%2F.gitkeep",
            "source": null,
            "source_md5hash": "",
            "storage_class": "NEARLINE",
            "temporary_hold": false,
            "timeouts": null
          },
          "sensitive_attributes": [
            [
              {
                "type": "get_attr",
                "value": "content"
              }
            ]
          ],
          "private": "eyJlMmJmYjczMC1lY2FhLTExZTYtOGY4OC0zNDM2M2JjN2M0YzAiOnsiY3JlYXRlIjoyNDAwMDAwMDAwMDAsImRlbGV0ZSI6MjQwMDAwMDAwMDAwLCJ1cGRhdGUiOjI0MDAwMDAwMDAwMH19",
          "dependencies": [
            "google_storage_bucket.tenant_buckets"
          ]
        },
        {
          "index_key": "europe-west4-shared-reference-data-",
          "schema_version": 0,
          "attributes": {
            "bucket": "terraops-europe-west4-tenant-data",
            "cache_control": "",
            "content": "# Global multi-tenant folder structure maintained across all regions for scalable data processing",
            "content_disposition": "",
            "content_encoding": "",
            "content_language": "",
            "content_type": "text/plain; charset=utf-8",
            "crc32c": "mfVRCg==",
            "customer_encryption": [],
            "detect_md5hash": "ZJ7TKDq2HXPnW2iZ7cAH/A==",
            "event_based_hold": false,
            "force_empty_content_type": null,
            "generation": 1756421187038114,
            "id": "terraops-europe-west4-tenant-data-shared/reference-data/.gitkeep",
            "kms_key_name": "",
            "md5hash": "ZJ7TKDq2HXPnW2iZ7cAH/A==",
            "md5hexhash": "649ed3283ab61d73e75b6899edc007fc",
            "media_link": "https://storage.googleapis.com/download/storage/v1/b/terraops-europe-west4-tenant-data/o/shared%2Freference-data%2F.gitkeep?generation=1756421187038114\u0026alt=media",
            "metadata": null,
            "name": "shared/reference-data/.gitkeep",
            "output_name": "shared/reference-data/.gitkeep",
            "retention": [],
            "self_link": "https://www.googleapis.com/storage/v1/b/terraops-europe-west4-tenant-data/o/shared%2Freference-data%2F.gitkeep",
            "source": null,
            "source_md5hash": "",
            "storage_class": "NEARLINE",
            "temporary_hold": false,
            "timeouts": null
          },
          "sensitive_attributes": [
            [
              {
                "type": "get_attr",
                "value": "content"
              }
            ]
          ],
          "private": "eyJlMmJmYjczMC1lY2FhLTExZTYtOGY4OC0zNDM2M2JjN2M0YzAiOnsiY3JlYXRlIjoyNDAwMDAwMDAwMDAsImRlbGV0ZSI6MjQwMDAwMDAwMDAwLCJ1cGRhdGUiOjI0MDAwMDAwMDAwMH19",
          "dependencies": [
            "google_storage_bucket.tenant_buckets"
          ]
        },
        {
          "index_key": "europe-west4-shared-reference-data-countries-",
          "schema_version": 0,
          "attributes": {
            "bucket": "terraops-europe-west4-tenant-data",
            "cache_control": "",
            "content": "# Global multi-tenant folder structure maintained across all regions for scalable data processing",
            "content_disposition": "",
            "content_encoding": "",
            "content_language": "",
            "content_type": "text/plain; charset=utf-8",
            "crc32c": "mfVRCg==",
            "customer_encryption": [],
            "detect_md5hash": "ZJ7TKDq2HXPnW2iZ7cAH/A==",
            "event_based_hold": false,
            "force_empty_content_type": null,
            "generation": 1756421191179995,
            "id": "terraops-europe-west4-tenant-data-shared/reference-data/countries/.gitkeep",
            "kms_key_name": "",
            "md5hash": "ZJ7TKDq2HXPnW2iZ7cAH/A==",
            "md5hexhash": "649ed3283ab61d73e75b6899edc007fc",
            "media_link": "https://storage.googleapis.com/download/storage/v1/b/terraops-europe-west4-tenant-data/o/shared%2Freference-data%2Fcountries%2F.gitkeep?generation=1756421191179995\u0026alt=media",
            "metadata": null,
            "name": "shared/reference-data/countries/.gitkeep",
            "output_name": "shared/reference-data/countries/.gitkeep",
            "retention": [],
            "self_link": "https://www.googleapis.com/storage/v1/b/terraops-europe-west4-tenant-data/o/shared%2Freference-data%2Fcountries%2F.gitkeep",
            "source": null,
            "source_md5hash": "",
            "storage_class": "NEARLINE",
            "temporary_hold": false,
            "timeouts": null
          },
          "sensitive_attributes": [
            [
              {
                "type": "get_attr",
                "value": "content"
              }
            ]
          ],
          "private": "eyJlMmJmYjczMC1lY2FhLTExZTYtOGY4OC0zNDM2M2JjN2M0YzAiOnsiY3JlYXRlIjoyNDAwMDAwMDAwMDAsImRlbGV0ZSI6MjQwMDAwMDAwMDAwLCJ1cGRhdGUiOjI0MDAwMDAwMDAwMH19",
          "dependencies": [
            "google_storage_bucket.tenant_buckets"
          ]
        },
        {
          "index_key": "europe-west4-shared-reference-data-currencies-",
          "schema_version": 0,
          "attributes": {
            "bucket": "terraops-europe-west4-tenant-data",
            "cache_control": "",
            "content": "# Global multi-tenant folder structure maintained across all regions for scalable data processing",
            "content_disposition": "",
            "content_encoding": "",
            "content_language": "",
            "content_type": "text/plain; charset=utf-8",
            "crc32c": "mfVRCg==",
            "customer_encryption": [],
            "detect_md5hash": "ZJ7TKDq2HXPnW2iZ7cAH/A==",
            "event_based_hold": false,
            "force_empty_content_type": null,
            "generation": 1756421191335449,
            "id": "terraops-europe-west4-tenant-data-shared/reference-data/currencies/.gitkeep",
            "kms_key_name": "",
            "md5hash": "ZJ7TKDq2HXPnW2iZ7cAH/A==",
            "md5hexhash": "649ed3283ab61d73e75b6899edc007fc",
            "media_link": "https://storage.googleapis.com/download/storage/v1/b/terraops-europe-west4-tenant-data/o/shared%2Freference-data%2Fcurrencies%2F.gitkeep?generation=1756421191335449\u0026alt=media",
            "metadata": null,
            "name": "shared/reference-data/currencies/.gitkeep",
            "output_name": "shared/reference-data/currencies/.gitkeep",
            "retention": [],
            "self_link": "https://www.googleapis.com/storage/v1/b/terraops-europe-west4-tenant-data/o/shared%2Freference-data%2Fcurrencies%2F.gitkeep",
            "source": null,
            "source_md5hash": "",
            "storage_class": "NEARLINE",
            "temporary_hold": false,
            "timeouts": null
          },
          "sensitive_attributes": [
            [
              {
                "type": "get_attr",
                "value": "content"
              }
            ]
          ],
          "private": "eyJlMmJmYjczMC1lY2FhLTExZTYtOGY4OC0zNDM2M2JjN2M0YzAiOnsiY3JlYXRlIjoyNDAwMDAwMDAwMDAsImRlbGV0ZSI6MjQwMDAwMDAwMDAwLCJ1cGRhdGUiOjI0MDAwMDAwMDAwMH19",
          "dependencies": [
            "google_storage_bucket.tenant_buckets"
          ]
        },
        {
          "index_key": "europe-west4-shared-reference-data-exchange-rates-",
          "schema_version": 0,
          "attributes": {
            "bucket": "terraops-europe-west4-tenant-data",
            "cache_control": "",
            "content": "# Global multi-tenant folder structure maintained across all regions for scalable data processing",
            "content_disposition": "",
            "content_encoding": "",
            "content_language": "",
            "content_type": "text/plain; charset=utf-8",
            "crc32c": "mfVRCg==",
            "customer_encryption": [],
            "detect_md5hash": "ZJ7TKDq2HXPnW2iZ7cAH/A==",
            "event_based_hold": false,
            "force_empty_content_type": null,
            "generation": 1756421188745214,
            "id": "terraops-europe-west4-tenant-data-shared/reference-data/exchange-rates/.gitkeep",
            "kms_key_name": "",
            "md5hash": "ZJ7TKDq2HXPnW2iZ7cAH/A==",
            "md5hexhash": "649ed3283ab61d73e75b6899edc007fc",
            "media_link": "https://storage.googleapis.com/download/storage/v1/b/terraops-europe-west4-tenant-data/o/shared%2Freference-data%2Fexchange-rates%2F.gitkeep?generation=1756421188745214\u0026alt=media",
            "metadata": null,
            "name": "shared/reference-data/exchange-rates/.gitkeep",
            "output_name": "shared/reference-data/exchange-rates/.gitkeep",
            "retention": [],
            "self_link": "https://www.googleapis.com/storage/v1/b/terraops-europe-west4-tenant-data/o/shared%2Freference-data%2Fexchange-rates%2F.gitkeep",
            "source": null,
            "source_md5hash": "",
            "storage_class": "NEARLINE",
            "temporary_hold": false,
            "timeouts": null
          },
          "sensitive_attributes": [
            [
              {
                "type": "get_attr",
                "value": "content"
              }
            ]
          ],
          "private": "eyJlMmJmYjczMC1lY2FhLTExZTYtOGY4OC0zNDM2M2JjN2M0YzAiOnsiY3JlYXRlIjoyNDAwMDAwMDAwMDAsImRlbGV0ZSI6MjQwMDAwMDAwMDAwLCJ1cGRhdGUiOjI0MDAwMDAwMDAwMH19",
          "dependencies": [
            "google_storage_bucket.tenant_buckets"
          ]
        },
        {
          "index_key": "europe-west4-tenants-",
          "schema_version": 0,
          "attributes": {
            "bucket": "terraops-europe-west4-tenant-data",
            "cache_control": "",
            "content": "# Global multi-tenant folder structure maintained across all regions for scalable data processing",
            "content_disposition": "",
            "content_encoding": "",
            "content_language": "",
            "content_type": "text/plain; charset=utf-8",
            "crc32c": "mfVRCg==",
            "customer_encryption": [],
            "detect_md5hash": "ZJ7TKDq2HXPnW2iZ7cAH/A==",
            "event_based_hold": false,
            "force_empty_content_type": null,
            "generation": 1756421178775764,
            "id": "terraops-europe-west4-tenant-data-tenants/.gitkeep",
            "kms_key_name": "",
            "md5hash": "ZJ7TKDq2HXPnW2iZ7cAH/A==",
            "md5hexhash": "649ed3283ab61d73e75b6899edc007fc",
            "media_link": "https://storage.googleapis.com/download/storage/v1/b/terraops-europe-west4-tenant-data/o/tenants%2F.gitkeep?generation=1756421178775764\u0026alt=media",
            "metadata": null,
            "name": "tenants/.gitkeep",
            "output_name": "tenants/.gitkeep",
            "retention": [],
            "self_link": "https://www.googleapis.com/storage/v1/b/terraops-europe-west4-tenant-data/o/tenants%2F.gitkeep",
            "source": null,
            "source_md5hash": "",
            "storage_class": "NEARLINE",
            "temporary_hold": false,
            "timeouts": null
          },
          "sensitive_attributes": [
            [
              {
                "type": "get_attr",
                "value": "content"
              }
            ]
          ],
          "private": "eyJlMmJmYjczMC1lY2FhLTExZTYtOGY4OC0zNDM2M2JjN2M0YzAiOnsiY3JlYXRlIjoyNDAwMDAwMDAwMDAsImRlbGV0ZSI6MjQwMDAwMDAwMDAwLCJ1cGRhdGUiOjI0MDAwMDAwMDAwMH19",
          "dependencies": [
            "google_storage_bucket.tenant_buckets"
          ]
        },
        {
          "index_key": "europe-west4-tenants-business-domains-",
          "schema_version": 0,
          "attributes": {
            "bucket": "terraops-europe-west4-tenant-data",
            "cache_control": "",
            "content": "# Global multi-tenant folder structure maintained across all regions for scalable data processing",
            "content_disposition": "",
            "content_encoding": "",
            "content_language": "",
            "content_type": "text/plain; charset=utf-8",
            "crc32c": "mfVRCg==",
            "customer_encryption": [],
            "detect_md5hash": "ZJ7TKDq2HXPnW2iZ7cAH/A==",
            "event_based_hold": false,
            "force_empty_content_type": null,
            "generation": 1756421197658085,
            "id": "terraops-europe-west4-tenant-data-tenants/business-domains/.gitkeep",
            "kms_key_name": "",
            "md5hash": "ZJ7TKDq2HXPnW2iZ7cAH/A==",
            "md5hexhash": "649ed3283ab61d73e75b6899edc007fc",
            "media_link": "https://storage.googleapis.com/download/storage/v1/b/terraops-europe-west4-tenant-data/o/tenants%2Fbusiness-domains%2F.gitkeep?generation=1756421197658085\u0026alt=media",
            "metadata": null,
            "name": "tenants/business-domains/.gitkeep",
            "output_name": "tenants/business-domains/.gitkeep",
            "retention": [],
            "self_link": "https://www.googleapis.com/storage/v1/b/terraops-europe-west4-tenant-data/o/tenants%2Fbusiness-domains%2F.gitkeep",
            "source": null,
            "source_md5hash": "",
            "storage_class": "NEARLINE",
            "temporary_hold": false,
            "timeouts": null
          },
          "sensitive_attributes": [
            [
              {
                "type": "get_attr",
                "value": "content"
              }
            ]
          ],
          "private": "eyJlMmJmYjczMC1lY2FhLTExZTYtOGY4OC0zNDM2M2JjN2M0YzAiOnsiY3JlYXRlIjoyNDAwMDAwMDAwMDAsImRlbGV0ZSI6MjQwMDAwMDAwMDAwLCJ1cGRhdGUiOjI0MDAwMDAwMDAwMH19",
          "dependencies": [
            "google_storage_bucket.tenant_buckets"
          ]
        },
        {
          "index_key": "europe-west4-tenants-tenant-001-",
          "schema_version": 0,
          "attributes": {
            "bucket": "terraops-europe-west4-tenant-data",
            "cache_control": "",
            "content": "# Global multi-tenant folder structure maintained across all regions for scalable data processing",
            "content_disposition": "",
            "content_encoding": "",
            "content_language": "",
            "content_type": "text/plain; charset=utf-8",
            "crc32c": "mfVRCg==",
            "customer_encryption": [],
            "detect_md5hash": "ZJ7TKDq2HXPnW2iZ7cAH/A==",
            "event_based_hold": false,
            "force_empty_content_type": null,
            "generation": 1756421186465969,
            "id": "terraops-europe-west4-tenant-data-tenants/tenant-001/.gitkeep",
            "kms_key_name": "",
            "md5hash": "ZJ7TKDq2HXPnW2iZ7cAH/A==",
            "md5hexhash": "649ed3283ab61d73e75b6899edc007fc",
            "media_link": "https://storage.googleapis.com/download/storage/v1/b/terraops-europe-west4-tenant-data/o/tenants%2Ftenant-001%2F.gitkeep?generation=1756421186465969\u0026alt=media",
            "metadata": null,
            "name": "tenants/tenant-001/.gitkeep",
            "output_name": "tenants/tenant-001/.gitkeep",
            "retention": [],
            "self_link": "https://www.googleapis.com/storage/v1/b/terraops-europe-west4-tenant-data/o/tenants%2Ftenant-001%2F.gitkeep",
            "source": null,
            "source_md5hash": "",
            "storage_class": "NEARLINE",
            "temporary_hold": false,
            "timeouts": null
          },
          "sensitive_attributes": [
            [
              {
                "type": "get_attr",
                "value": "content"
              }
            ]
          ],
          "private": "eyJlMmJmYjczMC1lY2FhLTExZTYtOGY4OC0zNDM2M2JjN2M0YzAiOnsiY3JlYXRlIjoyNDAwMDAwMDAwMDAsImRlbGV0ZSI6MjQwMDAwMDAwMDAwLCJ1cGRhdGUiOjI0MDAwMDAwMDAwMH19",
          "dependencies": [
            "google_storage_bucket.tenant_buckets"
          ]
        },
        {
          "index_key": "europe-west4-tenants-tenant-001-data-",
          "schema_version": 0,
          "attributes": {
            "bucket": "terraops-europe-west4-tenant-data",
            "cache_control": "",
            "content": "# Global multi-tenant folder structure maintained across all regions for scalable data processing",
            "content_disposition": "",
            "content_encoding": "",
            "content_language": "",
            "content_type": "text/plain; charset=utf-8",
            "crc32c": "mfVRCg==",
            "customer_encryption": [],
            "detect_md5hash": "ZJ7TKDq2HXPnW2iZ7cAH/A==",
            "event_based_hold": false,
            "force_empty_content_type": null,
            "generation": 1756421183624833,
            "id": "terraops-europe-west4-tenant-data-tenants/tenant-001/data/.gitkeep",
            "kms_key_name": "",
            "md5hash": "ZJ7TKDq2HXPnW2iZ7cAH/A==",
            "md5hexhash": "649ed3283ab61d73e75b6899edc007fc",
            "media_link": "https://storage.googleapis.com/download/storage/v1/b/terraops-europe-west4-tenant-data/o/tenants%2Ftenant-001%2Fdata%2F.gitkeep?generation=1756421183624833\u0026alt=media",
            "metadata": null,
            "name": "tenants/tenant-001/data/.gitkeep",
            "output_name": "tenants/tenant-001/data/.gitkeep",
            "retention": [],
            "self_link": "https://www.googleapis.com/storage/v1/b/terraops-europe-west4-tenant-data/o/tenants%2Ftenant-001%2Fdata%2F.gitkeep",
            "source": null,
            "source_md5hash": "",
            "storage_class": "NEARLINE",
            "temporary_hold": false,
            "timeouts": null
          },
          "sensitive_attributes": [
            [
              {
                "type": "get_attr",
                "value": "content"
              }
            ]
          ],
          "private": "eyJlMmJmYjczMC1lY2FhLTExZTYtOGY4OC0zNDM2M2JjN2M0YzAiOnsiY3JlYXRlIjoyNDAwMDAwMDAwMDAsImRlbGV0ZSI6MjQwMDAwMDAwMDAwLCJ1cGRhdGUiOjI0MDAwMDAwMDAwMH19",
          "dependencies": [
            "google_storage_bucket.tenant_buckets"
          ]
        },
        {
          "index_key": "europe-west4-tenants-tenant-001-data-bad-records-",
          "schema_version": 0,
          "attributes": {
            "bucket": "terraops-europe-west4-tenant-data",
            "cache_control": "",
            "content": "# Global multi-tenant folder structure maintained across all regions for scalable data processing",
            "content_disposition": "",
            "content_encoding": "",
            "content_language": "",
            "content_type": "text/plain; charset=utf-8",
            "crc32c": "mfVRCg==",
            "customer_encryption": [],
            "detect_md5hash": "ZJ7TKDq2HXPnW2iZ7cAH/A==",
            "event_based_hold": false,
            "force_empty_content_type": null,
            "generation": 1756421182464221,
            "id": "terraops-europe-west4-tenant-data-tenants/tenant-001/data/bad-records/.gitkeep",
            "kms_key_name": "",
            "md5hash": "ZJ7TKDq2HXPnW2iZ7cAH/A==",
            "md5hexhash": "649ed3283ab61d73e75b6899edc007fc",
            "media_link": "https://storage.googleapis.com/download/storage/v1/b/terraops-europe-west4-tenant-data/o/tenants%2Ftenant-001%2Fdata%2Fbad-records%2F.gitkeep?generation=1756421182464221\u0026alt=media",
            "metadata": null,
            "name": "tenants/tenant-001/data/bad-records/.gitkeep",
            "output_name": "tenants/tenant-001/data/bad-records/.gitkeep",
            "retention": [],
            "self_link": "https://www.googleapis.com/storage/v1/b/terraops-europe-west4-tenant-data/o/tenants%2Ftenant-001%2Fdata%2Fbad-records%2F.gitkeep",
            "source": null,
            "source_md5hash": "",
            "storage_class": "NEARLINE",
            "temporary_hold": false,
            "timeouts": null
          },
          "sensitive_attributes": [
            [
              {
                "type": "get_attr",
                "value": "content"
              }
            ]
          ],
          "private": "eyJlMmJmYjczMC1lY2FhLTExZTYtOGY4OC0zNDM2M2JjN2M0YzAiOnsiY3JlYXRlIjoyNDAwMDAwMDAwMDAsImRlbGV0ZSI6MjQwMDAwMDAwMDAwLCJ1cGRhdGUiOjI0MDAwMDAwMDAwMH19",
          "dependencies": [
            "google_storage_bucket.tenant_buckets"
          ]
        },
        {
          "index_key": "europe-west4-tenants-tenant-001-data-processed-",
          "schema_version": 0,
          "attributes": {
            "bucket": "terraops-europe-west4-tenant-data",
            "cache_control": "",
            "content": "# Global multi-tenant folder structure maintained across all regions for scalable data processing",
            "content_disposition": "",
            "content_encoding": "",
            "content_language": "",
            "content_type": "text/plain; charset=utf-8",
            "crc32c": "mfVRCg==",
            "customer_encryption": [],
            "detect_md5hash": "ZJ7TKDq2HXPnW2iZ7cAH/A==",
            "event_based_hold": false,
            "force_empty_content_type": null,
            "generation": 1756421188121408,
            "id": "terraops-europe-west4-tenant-data-tenants/tenant-001/data/processed/.gitkeep",
            "kms_key_name": "",
            "md5hash": "ZJ7TKDq2HXPnW2iZ7cAH/A==",
            "md5hexhash": "649ed3283ab61d73e75b6899edc007fc",
            "media_link": "https://storage.googleapis.com/download/storage/v1/b/terraops-europe-west4-tenant-data/o/tenants%2Ftenant-001%2Fdata%2Fprocessed%2F.gitkeep?generation=1756421188121408\u0026alt=media",
            "metadata": null,
            "name": "tenants/tenant-001/data/processed/.gitkeep",
            "output_name": "tenants/tenant-001/data/processed/.gitkeep",
            "retention": [],
            "self_link": "https://www.googleapis.com/storage/v1/b/terraops-europe-west4-tenant-data/o/tenants%2Ftenant-001%2Fdata%2Fprocessed%2F.gitkeep",
            "source": null,
            "source_md5hash": "",
            "storage_class": "NEARLINE",
            "temporary_hold": false,
            "timeouts": null
          },
          "sensitive_attributes": [
            [
              {
                "type": "get_attr",
                "value": "content"
              }
            ]
          ],
          "private": "eyJlMmJmYjczMC1lY2FhLTExZTYtOGY4OC0zNDM2M2JjN2M0YzAiOnsiY3JlYXRlIjoyNDAwMDAwMDAwMDAsImRlbGV0ZSI6MjQwMDAwMDAwMDAwLCJ1cGRhdGUiOjI0MDAwMDAwMDAwMH19",
          "dependencies": [
            "google_storage_bucket.tenant_buckets"
          ]
        },
        {
          "index_key": "europe-west4-tenants-tenant-001-data-raw-",
          "schema_version": 0,
          "attributes": {
            "bucket": "terraops-europe-west4-tenant-data",
            "cache_control": "",
            "content": "# Global multi-tenant folder structure maintained across all regions for scalable data processing",
            "content_disposition": "",
            "content_encoding": "",
            "content_language": "",
            "content_type": "text/plain; charset=utf-8",
            "crc32c": "mfVRCg==",
            "customer_encryption": [],
            "detect_md5hash": "ZJ7TKDq2HXPnW2iZ7cAH/A==",
            "event_based_hold": false,
            "force_empty_content_type": null,
            "generation": 1756421194882160,
            "id": "terraops-europe-west4-tenant-data-tenants/tenant-001/data/raw/.gitkeep",
            "kms_key_name": "",
            "md5hash": "ZJ7TKDq2HXPnW2iZ7cAH/A==",
            "md5hexhash": "649ed3283ab61d73e75b6899edc007fc",
            "media_link": "https://storage.googleapis.com/download/storage/v1/b/terraops-europe-west4-tenant-data/o/tenants%2Ftenant-001%2Fdata%2Fraw%2F.gitkeep?generation=1756421194882160\u0026alt=media",
            "metadata": null,
            "name": "tenants/tenant-001/data/raw/.gitkeep",
            "output_name": "tenants/tenant-001/data/raw/.gitkeep",
            "retention": [],
            "self_link": "https://www.googleapis.com/storage/v1/b/terraops-europe-west4-tenant-data/o/tenants%2Ftenant-001%2Fdata%2Fraw%2F.gitkeep",
            "source": null,
            "source_md5hash": "",
            "storage_class": "NEARLINE",
            "temporary_hold": false,
            "timeouts": null
          },
          "sensitive_attributes": [
            [
              {
                "type": "get_attr",
                "value": "content"
              }
            ]
          ],
          "private": "eyJlMmJmYjczMC1lY2FhLTExZTYtOGY4OC0zNDM2M2JjN2M0YzAiOnsiY3JlYXRlIjoyNDAwMDAwMDAwMDAsImRlbGV0ZSI6MjQwMDAwMDAwMDAwLCJ1cGRhdGUiOjI0MDAwMDAwMDAwMH19",
          "dependencies": [
            "google_storage_bucket.tenant_buckets"
          ]
        },
        {
          "index_key": "europe-west4-tenants-tenant-002-",
          "schema_version": 0,
          "attributes": {
            "bucket": "terraops-europe-west4-tenant-data",
            "cache_control": "",
            "content": "# Global multi-tenant folder structure maintained across all regions for scalable data processing",
            "content_disposition": "",
            "content_encoding": "",
            "content_language": "",
            "content_type": "text/plain; charset=utf-8",
            "crc32c": "mfVRCg==",
            "customer_encryption": [],
            "detect_md5hash": "ZJ7TKDq2HXPnW2iZ7cAH/A==",
            "event_based_hold": false,
            "force_empty_content_type": null,
            "generation": 1756421181879371,
            "id": "terraops-europe-west4-tenant-data-tenants/tenant-002/.gitkeep",
            "kms_key_name": "",
            "md5hash": "ZJ7TKDq2HXPnW2iZ7cAH/A==",
            "md5hexhash": "649ed3283ab61d73e75b6899edc007fc",
            "media_link": "https://storage.googleapis.com/download/storage/v1/b/terraops-europe-west4-tenant-data/o/tenants%2Ftenant-002%2F.gitkeep?generation=1756421181879371\u0026alt=media",
            "metadata": null,
            "name": "tenants/tenant-002/.gitkeep",
            "output_name": "tenants/tenant-002/.gitkeep",
            "retention": [],
            "self_link": "https://www.googleapis.com/storage/v1/b/terraops-europe-west4-tenant-data/o/tenants%2Ftenant-002%2F.gitkeep",
            "source": null,
            "source_md5hash": "",
            "storage_class": "NEARLINE",
            "temporary_hold": false,
            "timeouts": null
          },
          "sensitive_attributes": [
            [
              {
                "type": "get_attr",
                "value": "content"
              }
            ]
          ],
          "private": "eyJlMmJmYjczMC1lY2FhLTExZTYtOGY4OC0zNDM2M2JjN2M0YzAiOnsiY3JlYXRlIjoyNDAwMDAwMDAwMDAsImRlbGV0ZSI6MjQwMDAwMDAwMDAwLCJ1cGRhdGUiOjI0MDAwMDAwMDAwMH19",
          "dependencies": [
            "google_storage_bucket.tenant_buckets"
          ]
        },
        {
          "index_key": "europe-west4-tenants-tenant-002-data-",
          "schema_version": 0,
          "attributes": {
            "bucket": "terraops-europe-west4-tenant-data",
            "cache_control": "",
            "content": "# Global multi-tenant folder structure maintained across all regions for scalable data processing",
            "content_disposition": "",
            "content_encoding": "",
            "content_language": "",
            "content_type": "text/plain; charset=utf-8",
            "crc32c": "mfVRCg==",
            "customer_encryption": [],
            "detect_md5hash": "ZJ7TKDq2HXPnW2iZ7cAH/A==",
            "event_based_hold": false,
            "force_empty_content_type": null,
            "generation": 1756421197098956,
            "id": "terraops-europe-west4-tenant-data-tenants/tenant-002/data/.gitkeep",
            "kms_key_name": "",
            "md5hash": "ZJ7TKDq2HXPnW2iZ7cAH/A==",
            "md5hexhash": "649ed3283ab61d73e75b6899edc007fc",
            "media_link": "https://storage.googleapis.com/download/storage/v1/b/terraops-europe-west4-tenant-data/o/tenants%2Ftenant-002%2Fdata%2F.gitkeep?generation=1756421197098956\u0026alt=media",
            "metadata": null,
            "name": "tenants/tenant-002/data/.gitkeep",
            "output_name": "tenants/tenant-002/data/.gitkeep",
            "retention": [],
            "self_link": "https://www.googleapis.com/storage/v1/b/terraops-europe-west4-tenant-data/o/tenants%2Ftenant-002%2Fdata%2F.gitkeep",
            "source": null,
            "source_md5hash": "",
            "storage_class": "NEARLINE",
            "temporary_hold": false,
            "timeouts": null
          },
          "sensitive_attributes": [
            [
              {
                "type": "get_attr",
                "value": "content"
              }
            ]
          ],
          "private": "eyJlMmJmYjczMC1lY2FhLTExZTYtOGY4OC0zNDM2M2JjN2M0YzAiOnsiY3JlYXRlIjoyNDAwMDAwMDAwMDAsImRlbGV0ZSI6MjQwMDAwMDAwMDAwLCJ1cGRhdGUiOjI0MDAwMDAwMDAwMH19",
          "dependencies": [
            "google_storage_bucket.tenant_buckets"
          ]
        },
        {
          "index_key": "europe-west4-tenants-tenant-002-data-bad-records-",
          "schema_version": 0,
          "attributes": {
            "bucket": "terraops-europe-west4-tenant-data",
            "cache_control": "",
            "content": "# Global multi-tenant folder structure maintained across all regions for scalable data processing",
            "content_disposition": "",
            "content_encoding": "",
            "content_language": "",
            "content_type": "text/plain; charset=utf-8",
            "crc32c": "mfVRCg==",
            "customer_encryption": [],
            "detect_md5hash": "ZJ7TKDq2HXPnW2iZ7cAH/A==",
            "event_based_hold": false,
            "force_empty_content_type": null,
            "generation": 1756421180629153,
            "id": "terraops-europe-west4-tenant-data-tenants/tenant-002/data/bad-records/.gitkeep",
            "kms_key_name": "",
            "md5hash": "ZJ7TKDq2HXPnW2iZ7cAH/A==",
            "md5hexhash": "649ed3283ab61d73e75b6899edc007fc",
            "media_link": "https://storage.googleapis.com/download/storage/v1/b/terraops-europe-west4-tenant-data/o/tenants%2Ftenant-002%2Fdata%2Fbad-records%2F.gitkeep?generation=1756421180629153\u0026alt=media",
            "metadata": null,
            "name": "tenants/tenant-002/data/bad-records/.gitkeep",
            "output_name": "tenants/tenant-002/data/bad-records/.gitkeep",
            "retention": [],
            "self_link": "https://www.googleapis.com/storage/v1/b/terraops-europe-west4-tenant-data/o/tenants%2Ftenant-002%2Fdata%2Fbad-records%2F.gitkeep",
            "source": null,
            "source_md5hash": "",
            "storage_class": "NEARLINE",
            "temporary_hold": false,
            "timeouts": null
          },
          "sensitive_attributes": [
            [
              {
                "type": "get_attr",
                "value": "content"
              }
            ]
          ],
          "private": "eyJlMmJmYjczMC1lY2FhLTExZTYtOGY4OC0zNDM2M2JjN2M0YzAiOnsiY3JlYXRlIjoyNDAwMDAwMDAwMDAsImRlbGV0ZSI6MjQwMDAwMDAwMDAwLCJ1cGRhdGUiOjI0MDAwMDAwMDAwMH19",
          "dependencies": [
            "google_storage_bucket.tenant_buckets"
          ]
        },
        {
          "index_key": "europe-west4-tenants-tenant-002-data-processed-",
          "schema_version": 0,
          "attributes": {
            "bucket": "terraops-europe-west4-tenant-data",
            "cache_control": "",
            "content": "# Global multi-tenant folder structure maintained across all regions for scalable data processing",
            "content_disposition": "",
            "content_encoding": "",
            "content_language": "",
            "content_type": "text/plain; charset=utf-8",
            "crc32c": "mfVRCg==",
            "customer_encryption": [],
            "detect_md5hash": "ZJ7TKDq2HXPnW2iZ7cAH/A==",
            "event_based_hold": false,
            "force_empty_content_type": null,
            "generation": 1756421191319999,
            "id": "terraops-europe-west4-tenant-data-tenants/tenant-002/data/processed/.gitkeep",
            "kms_key_name": "",
            "md5hash": "ZJ7TKDq2HXPnW2iZ7cAH/A==",
            "md5hexhash": "649ed3283ab61d73e75b6899edc007fc",
            "media_link": "https://storage.googleapis.com/download/storage/v1/b/terraops-europe-west4-tenant-data/o/tenants%2Ftenant-002%2Fdata%2Fprocessed%2F.gitkeep?generation=1756421191319999\u0026alt=media",
            "metadata": null,
            "name": "tenants/tenant-002/data/processed/.gitkeep",
            "output_name": "tenants/tenant-002/data/processed/.gitkeep",
            "retention": [],
            "self_link": "https://www.googleapis.com/storage/v1/b/terraops-europe-west4-tenant-data/o/tenants%2Ftenant-002%2Fdata%2Fprocessed%2F.gitkeep",
            "source": null,
            "source_md5hash": "",
            "storage_class": "NEARLINE",
            "temporary_hold": false,
            "timeouts": null
          },
          "sensitive_attributes": [
            [
              {
                "type": "get_attr",
                "value": "content"
              }
            ]
          ],
          "private": "eyJlMmJmYjczMC1lY2FhLTExZTYtOGY4OC0zNDM2M2JjN2M0YzAiOnsiY3JlYXRlIjoyNDAwMDAwMDAwMDAsImRlbGV0ZSI6MjQwMDAwMDAwMDAwLCJ1cGRhdGUiOjI0MDAwMDAwMDAwMH19",
          "dependencies": [
            "google_storage_bucket.tenant_buckets"
          ]
        },
        {
          "index_key": "europe-west4-tenants-tenant-002-data-raw-",
          "schema_version": 0,
          "attributes": {
            "bucket": "terraops-europe-west4-tenant-data",
            "cache_control": "",
            "content": "# Global multi-tenant folder structure maintained across all regions for scalable data processing",
            "content_disposition": "",
            "content_encoding": "",
            "content_language": "",
            "content_type": "text/plain; charset=utf-8",
            "crc32c": "mfVRCg==",
            "customer_encryption": [],
            "detect_md5hash": "ZJ7TKDq2HXPnW2iZ7cAH/A==",
            "event_based_hold": false,
            "force_empty_content_type": null,
            "generation": 1756421199292478,
            "id": "terraops-europe-west4-tenant-data-tenants/tenant-002/data/raw/.gitkeep",
            "kms_key_name": "",
            "md5hash": "ZJ7TKDq2HXPnW2iZ7cAH/A==",
            "md5hexhash": "649ed3283ab61d73e75b6899edc007fc",
            "media_link": "https://storage.googleapis.com/download/storage/v1/b/terraops-europe-west4-tenant-data/o/tenants%2Ftenant-002%2Fdata%2Fraw%2F.gitkeep?generation=1756421199292478\u0026alt=media",
            "metadata": null,
            "name": "tenants/tenant-002/data/raw/.gitkeep",
            "output_name": "tenants/tenant-002/data/raw/.gitkeep",
            "retention": [],
            "self_link": "https://www.googleapis.com/storage/v1/b/terraops-europe-west4-tenant-data/o/tenants%2Ftenant-002%2Fdata%2Fraw%2F.gitkeep",
            "source": null,
            "source_md5hash": "",
            "storage_class": "NEARLINE",
            "temporary_hold": false,
            "timeouts": null
          },
          "sensitive_attributes": [
            [
              {
                "type": "get_attr",
                "value": "content"
              }
            ]
          ],
          "private": "eyJlMmJmYjczMC1lY2FhLTExZTYtOGY4OC0zNDM2M2JjN2M0YzAiOnsiY3JlYXRlIjoyNDAwMDAwMDAwMDAsImRlbGV0ZSI6MjQwMDAwMDAwMDAwLCJ1cGRhdGUiOjI0MDAwMDAwMDAwMH19",
          "dependencies": [
            "google_storage_bucket.tenant_buckets"
          ]
        },
        {
          "index_key": "europe-west4-tenants-tenant-003-",
          "schema_version": 0,
          "attributes": {
            "bucket": "terraops-europe-west4-tenant-data",
            "cache_control": "",
            "content": "# Global multi-tenant folder structure maintained across all regions for scalable data processing",
            "content_disposition": "",
            "content_encoding": "",
            "content_language": "",
            "content_type": "text/plain; charset=utf-8",
            "crc32c": "mfVRCg==",
            "customer_encryption": [],
            "detect_md5hash": "ZJ7TKDq2HXPnW2iZ7cAH/A==",
            "event_based_hold": false,
            "force_empty_content_type": null,
            "generation": 1756421192588261,
            "id": "terraops-europe-west4-tenant-data-tenants/tenant-003/.gitkeep",
            "kms_key_name": "",
            "md5hash": "ZJ7TKDq2HXPnW2iZ7cAH/A==",
            "md5hexhash": "649ed3283ab61d73e75b6899edc007fc",
            "media_link": "https://storage.googleapis.com/download/storage/v1/b/terraops-europe-west4-tenant-data/o/tenants%2Ftenant-003%2F.gitkeep?generation=1756421192588261\u0026alt=media",
            "metadata": null,
            "name": "tenants/tenant-003/.gitkeep",
            "output_name": "tenants/tenant-003/.gitkeep",
            "retention": [],
            "self_link": "https://www.googleapis.com/storage/v1/b/terraops-europe-west4-tenant-data/o/tenants%2Ftenant-003%2F.gitkeep",
            "source": null,
            "source_md5hash": "",
            "storage_class": "NEARLINE",
            "temporary_hold": false,
            "timeouts": null
          },
          "sensitive_attributes": [
            [
              {
                "type": "get_attr",
                "value": "content"
              }
            ]
          ],
          "private": "eyJlMmJmYjczMC1lY2FhLTExZTYtOGY4OC0zNDM2M2JjN2M0YzAiOnsiY3JlYXRlIjoyNDAwMDAwMDAwMDAsImRlbGV0ZSI6MjQwMDAwMDAwMDAwLCJ1cGRhdGUiOjI0MDAwMDAwMDAwMH19",
          "dependencies": [
            "google_storage_bucket.tenant_buckets"
          ]
        },
        {
          "index_key": "europe-west4-tenants-tenant-003-data-",
          "schema_version": 0,
          "attributes": {
            "bucket": "terraops-europe-west4-tenant-data",
            "cache_control": "",
            "content": "# Global multi-tenant folder structure maintained across all regions for scalable data processing",
            "content_disposition": "",
            "content_encoding": "",
            "content_language": "",
            "content_type": "text/plain; charset=utf-8",
            "crc32c": "mfVRCg==",
            "customer_encryption": [],
            "detect_md5hash": "ZJ7TKDq2HXPnW2iZ7cAH/A==",
            "event_based_hold": false,
            "force_empty_content_type": null,
            "generation": 1756421194312790,
            "id": "terraops-europe-west4-tenant-data-tenants/tenant-003/data/.gitkeep",
            "kms_key_name": "",
            "md5hash": "ZJ7TKDq2HXPnW2iZ7cAH/A==",
            "md5hexhash": "649ed3283ab61d73e75b6899edc007fc",
            "media_link": "https://storage.googleapis.com/download/storage/v1/b/terraops-europe-west4-tenant-data/o/tenants%2Ftenant-003%2Fdata%2F.gitkeep?generation=1756421194312790\u0026alt=media",
            "metadata": null,
            "name": "tenants/tenant-003/data/.gitkeep",
            "output_name": "tenants/tenant-003/data/.gitkeep",
            "retention": [],
            "self_link": "https://www.googleapis.com/storage/v1/b/terraops-europe-west4-tenant-data/o/tenants%2Ftenant-003%2Fdata%2F.gitkeep",
            "source": null,
            "source_md5hash": "",
            "storage_class": "NEARLINE",
            "temporary_hold": false,
            "timeouts": null
          },
          "sensitive_attributes": [
            [
              {
                "type": "get_attr",
                "value": "content"
              }
            ]
          ],
          "private": "eyJlMmJmYjczMC1lY2FhLTExZTYtOGY4OC0zNDM2M2JjN2M0YzAiOnsiY3JlYXRlIjoyNDAwMDAwMDAwMDAsImRlbGV0ZSI6MjQwMDAwMDAwMDAwLCJ1cGRhdGUiOjI0MDAwMDAwMDAwMH19",
          "dependencies": [
            "google_storage_bucket.tenant_buckets"
          ]
        },
        {
          "index_key": "europe-west4-tenants-tenant-003-data-bad-records-",
          "schema_version": 0,
          "attributes": {
            "bucket": "terraops-europe-west4-tenant-data",
            "cache_control": "",
            "content": "# Global multi-tenant folder structure maintained across all regions for scalable data processing",
            "content_disposition": "",
            "content_encoding": "",
            "content_language": "",
            "content_type": "text/plain; charset=utf-8",
            "crc32c": "mfVRCg==",
            "customer_encryption": [],
            "detect_md5hash": "ZJ7TKDq2HXPnW2iZ7cAH/A==",
            "event_based_hold": false,
            "force_empty_content_type": null,
            "generation": 1756421190619786,
            "id": "terraops-europe-west4-tenant-data-tenants/tenant-003/data/bad-records/.gitkeep",
            "kms_key_name": "",
            "md5hash": "ZJ7TKDq2HXPnW2iZ7cAH/A==",
            "md5hexhash": "649ed3283ab61d73e75b6899edc007fc",
            "media_link": "https://storage.googleapis.com/download/storage/v1/b/terraops-europe-west4-tenant-data/o/tenants%2Ftenant-003%2Fdata%2Fbad-records%2F.gitkeep?generation=1756421190619786\u0026alt=media",
            "metadata": null,
            "name": "tenants/tenant-003/data/bad-records/.gitkeep",
            "output_name": "tenants/tenant-003/data/bad-records/.gitkeep",
            "retention": [],
            "self_link": "https://www.googleapis.com/storage/v1/b/terraops-europe-west4-tenant-data/o/tenants%2Ftenant-003%2Fdata%2Fbad-records%2F.gitkeep",
            "source": null,
            "source_md5hash": "",
            "storage_class": "NEARLINE",
            "temporary_hold": false,
            "timeouts": null
          },
          "sensitive_attributes": [
            [
              {
                "type": "get_attr",
                "value": "content"
              }
            ]
          ],
          "private": "eyJlMmJmYjczMC1lY2FhLTExZTYtOGY4OC0zNDM2M2JjN2M0YzAiOnsiY3JlYXRlIjoyNDAwMDAwMDAwMDAsImRlbGV0ZSI6MjQwMDAwMDAwMDAwLCJ1cGRhdGUiOjI0MDAwMDAwMDAwMH19",
          "dependencies": [
            "google_storage_bucket.tenant_buckets"
          ]
        },
        {
          "index_key": "europe-west4-tenants-tenant-003-data-processed-",
          "schema_version": 0,
          "attributes": {
            "bucket": "terraops-europe-west4-tenant-data",
            "cache_control": "",
            "content": "# Global multi-tenant folder structure maintained across all regions for scalable data processing",
            "content_disposition": "",
            "content_encoding": "",
            "content_language": "",
            "content_type": "text/plain; charset=utf-8",
            "crc32c": "mfVRCg==",
            "customer_encryption": [],
            "detect_md5hash": "ZJ7TKDq2HXPnW2iZ7cAH/A==",
            "event_based_hold": false,
            "force_empty_content_type": null,
            "generation": 1756421185314679,
            "id": "terraops-europe-west4-tenant-data-tenants/tenant-003/data/processed/.gitkeep",
            "kms_key_name": "",
            "md5hash": "ZJ7TKDq2HXPnW2iZ7cAH/A==",
            "md5hexhash": "649ed3283ab61d73e75b6899edc007fc",
            "media_link": "https://storage.googleapis.com/download/storage/v1/b/terraops-europe-west4-tenant-data/o/tenants%2Ftenant-003%2Fdata%2Fprocessed%2F.gitkeep?generation=1756421185314679\u0026alt=media",
            "metadata": null,
            "name": "tenants/tenant-003/data/processed/.gitkeep",
            "output_name": "tenants/tenant-003/data/processed/.gitkeep",
            "retention": [],
            "self_link": "https://www.googleapis.com/storage/v1/b/terraops-europe-west4-tenant-data/o/tenants%2Ftenant-003%2Fdata%2Fprocessed%2F.gitkeep",
            "source": null,
            "source_md5hash": "",
            "storage_class": "NEARLINE",
            "temporary_hold": false,
            "timeouts": null
          },
          "sensitive_attributes": [
            [
              {
                "type": "get_attr",
                "value": "content"
              }
            ]
          ],
          "private": "eyJlMmJmYjczMC1lY2FhLTExZTYtOGY4OC0zNDM2M2JjN2M0YzAiOnsiY3JlYXRlIjoyNDAwMDAwMDAwMDAsImRlbGV0ZSI6MjQwMDAwMDAwMDAwLCJ1cGRhdGUiOjI0MDAwMDAwMDAwMH19",
          "dependencies": [
            "google_storage_bucket.tenant_buckets"
          ]
        },
        {
          "index_key": "europe-west4-tenants-tenant-003-data-raw-",
          "schema_version": 0,
          "attributes": {
            "bucket": "terraops-europe-west4-tenant-data",
            "cache_control": "",
            "content": "# Global multi-tenant folder structure maintained across all regions for scalable data processing",
            "content_disposition": "",
            "content_encoding": "",
            "content_language": "",
            "content_type": "text/plain; charset=utf-8",
            "crc32c": "mfVRCg==",
            "customer_encryption": [],
            "detect_md5hash": "ZJ7TKDq2HXPnW2iZ7cAH/A==",
            "event_based_hold": false,
            "force_empty_content_type": null,
            "generation": 1756421182521553,
            "id": "terraops-europe-west4-tenant-data-tenants/tenant-003/data/raw/.gitkeep",
            "kms_key_name": "",
            "md5hash": "ZJ7TKDq2HXPnW2iZ7cAH/A==",
            "md5hexhash": "649ed3283ab61d73e75b6899edc007fc",
            "media_link": "https://storage.googleapis.com/download/storage/v1/b/terraops-europe-west4-tenant-data/o/tenants%2Ftenant-003%2Fdata%2Fraw%2F.gitkeep?generation=1756421182521553\u0026alt=media",
            "metadata": null,
            "name": "tenants/tenant-003/data/raw/.gitkeep",
            "output_name": "tenants/tenant-003/data/raw/.gitkeep",
            "retention": [],
            "self_link": "https://www.googleapis.com/storage/v1/b/terraops-europe-west4-tenant-data/o/tenants%2Ftenant-003%2Fdata%2Fraw%2F.gitkeep",
            "source": null,
            "source_md5hash": "",
            "storage_class": "NEARLINE",
            "temporary_hold": false,
            "timeouts": null
          },
          "sensitive_attributes": [
            [
              {
                "type": "get_attr",
                "value": "content"
              }
            ]
          ],
          "private": "eyJlMmJmYjczMC1lY2FhLTExZTYtOGY4OC0zNDM2M2JjN2M0YzAiOnsiY3JlYXRlIjoyNDAwMDAwMDAwMDAsImRlbGV0ZSI6MjQwMDAwMDAwMDAwLCJ1cGRhdGUiOjI0MDAwMDAwMDAwMH19",
          "dependencies": [
            "google_storage_bucket.tenant_buckets"
          ]
        },
        {
          "index_key": "europe-west9-shared-",
          "schema_version": 0,
          "attributes": {
            "bucket": "terraops-europe-west9-tenant-data",
            "cache_control": "",
            "content": "# Global multi-tenant folder structure maintained across all regions for scalable data processing",
            "content_disposition": "",
            "content_encoding": "",
            "content_language": "",
            "content_type": "text/plain; charset=utf-8",
            "crc32c": "mfVRCg==",
            "customer_encryption": [],
            "detect_md5hash": "ZJ7TKDq2HXPnW2iZ7cAH/A==",
            "event_based_hold": false,
            "force_empty_content_type": null,
            "generation": 1756421195047077,
            "id": "terraops-europe-west9-tenant-data-shared/.gitkeep",
            "kms_key_name": "",
            "md5hash": "ZJ7TKDq2HXPnW2iZ7cAH/A==",
            "md5hexhash": "649ed3283ab61d73e75b6899edc007fc",
            "media_link": "https://storage.googleapis.com/download/storage/v1/b/terraops-europe-west9-tenant-data/o/shared%2F.gitkeep?generation=1756421195047077\u0026alt=media",
            "metadata": null,
            "name": "shared/.gitkeep",
            "output_name": "shared/.gitkeep",
            "retention": [],
            "self_link": "https://www.googleapis.com/storage/v1/b/terraops-europe-west9-tenant-data/o/shared%2F.gitkeep",
            "source": null,
            "source_md5hash": "",
            "storage_class": "NEARLINE",
            "temporary_hold": false,
            "timeouts": null
          },
          "sensitive_attributes": [
            [
              {
                "type": "get_attr",
                "value": "content"
              }
            ]
          ],
          "private": "eyJlMmJmYjczMC1lY2FhLTExZTYtOGY4OC0zNDM2M2JjN2M0YzAiOnsiY3JlYXRlIjoyNDAwMDAwMDAwMDAsImRlbGV0ZSI6MjQwMDAwMDAwMDAwLCJ1cGRhdGUiOjI0MDAwMDAwMDAwMH19",
          "dependencies": [
            "google_storage_bucket.tenant_buckets"
          ]
        },
        {
          "index_key": "europe-west9-shared-ml-models-",
          "schema_version": 0,
          "attributes": {
            "bucket": "terraops-europe-west9-tenant-data",
            "cache_control": "",
            "content": "# Global multi-tenant folder structure maintained across all regions for scalable data processing",
            "content_disposition": "",
            "content_encoding": "",
            "content_language": "",
            "content_type": "text/plain; charset=utf-8",
            "crc32c": "mfVRCg==",
            "customer_encryption": [],
            "detect_md5hash": "ZJ7TKDq2HXPnW2iZ7cAH/A==",
            "event_based_hold": false,
            "force_empty_content_type": null,
            "generation": 1756421184207701,
            "id": "terraops-europe-west9-tenant-data-shared/ml-models/.gitkeep",
            "kms_key_name": "",
            "md5hash": "ZJ7TKDq2HXPnW2iZ7cAH/A==",
            "md5hexhash": "649ed3283ab61d73e75b6899edc007fc",
            "media_link": "https://storage.googleapis.com/download/storage/v1/b/terraops-europe-west9-tenant-data/o/shared%2Fml-models%2F.gitkeep?generation=1756421184207701\u0026alt=media",
            "metadata": null,
            "name": "shared/ml-models/.gitkeep",
            "output_name": "shared/ml-models/.gitkeep",
            "retention": [],
            "self_link": "https://www.googleapis.com/storage/v1/b/terraops-europe-west9-tenant-data/o/shared%2Fml-models%2F.gitkeep",
            "source": null,
            "source_md5hash": "",
            "storage_class": "NEARLINE",
            "temporary_hold": false,
            "timeouts": null
          },
          "sensitive_attributes": [
            [
              {
                "type": "get_attr",
                "value": "content"
              }
            ]
          ],
          "private": "eyJlMmJmYjczMC1lY2FhLTExZTYtOGY4OC0zNDM2M2JjN2M0YzAiOnsiY3JlYXRlIjoyNDAwMDAwMDAwMDAsImRlbGV0ZSI6MjQwMDAwMDAwMDAwLCJ1cGRhdGUiOjI0MDAwMDAwMDAwMH19",
          "dependencies": [
            "google_storage_bucket.tenant_buckets"
          ]
        },
        {
          "index_key": "europe-west9-shared-reference-data-",
          "schema_version": 0,
          "attributes": {
            "bucket": "terraops-europe-west9-tenant-data",
            "cache_control": "",
            "content": "# Global multi-tenant folder structure maintained across all regions for scalable data processing",
            "content_disposition": "",
            "content_encoding": "",
            "content_language": "",
            "content_type": "text/plain; charset=utf-8",
            "crc32c": "mfVRCg==",
            "customer_encryption": [],
            "detect_md5hash": "ZJ7TKDq2HXPnW2iZ7cAH/A==",
            "event_based_hold": false,
            "force_empty_content_type": null,
            "generation": 1756421185989456,
            "id": "terraops-europe-west9-tenant-data-shared/reference-data/.gitkeep",
            "kms_key_name": "",
            "md5hash": "ZJ7TKDq2HXPnW2iZ7cAH/A==",
            "md5hexhash": "649ed3283ab61d73e75b6899edc007fc",
            "media_link": "https://storage.googleapis.com/download/storage/v1/b/terraops-europe-west9-tenant-data/o/shared%2Freference-data%2F.gitkeep?generation=1756421185989456\u0026alt=media",
            "metadata": null,
            "name": "shared/reference-data/.gitkeep",
            "output_name": "shared/reference-data/.gitkeep",
            "retention": [],
            "self_link": "https://www.googleapis.com/storage/v1/b/terraops-europe-west9-tenant-data/o/shared%2Freference-data%2F.gitkeep",
            "source": null,
            "source_md5hash": "",
            "storage_class": "NEARLINE",
            "temporary_hold": false,
            "timeouts": null
          },
          "sensitive_attributes": [
            [
              {
                "type": "get_attr",
                "value": "content"
              }
            ]
          ],
          "private": "eyJlMmJmYjczMC1lY2FhLTExZTYtOGY4OC0zNDM2M2JjN2M0YzAiOnsiY3JlYXRlIjoyNDAwMDAwMDAwMDAsImRlbGV0ZSI6MjQwMDAwMDAwMDAwLCJ1cGRhdGUiOjI0MDAwMDAwMDAwMH19",
          "dependencies": [
            "google_storage_bucket.tenant_buckets"
          ]
        },
        {
          "index_key": "europe-west9-shared-reference-data-countries-",
          "schema_version": 0,
          "attributes": {
            "bucket": "terraops-europe-west9-tenant-data",
            "cache_control": "",
            "content": "# Global multi-tenant folder structure maintained across all regions for scalable data processing",
            "content_disposition": "",
            "content_encoding": "",
            "content_language": "",
            "content_type": "text/plain; charset=utf-8",
            "crc32c": "mfVRCg==",
            "customer_encryption": [],
            "detect_md5hash": "ZJ7TKDq2HXPnW2iZ7cAH/A==",
            "event_based_hold": false,
            "force_empty_content_type": null,
            "generation": 1756421196244236,
            "id": "terraops-europe-west9-tenant-data-shared/reference-data/countries/.gitkeep",
            "kms_key_name": "",
            "md5hash": "ZJ7TKDq2HXPnW2iZ7cAH/A==",
            "md5hexhash": "649ed3283ab61d73e75b6899edc007fc",
            "media_link": "https://storage.googleapis.com/download/storage/v1/b/terraops-europe-west9-tenant-data/o/shared%2Freference-data%2Fcountries%2F.gitkeep?generation=1756421196244236\u0026alt=media",
            "metadata": null,
            "name": "shared/reference-data/countries/.gitkeep",
            "output_name": "shared/reference-data/countries/.gitkeep",
            "retention": [],
            "self_link": "https://www.googleapis.com/storage/v1/b/terraops-europe-west9-tenant-data/o/shared%2Freference-data%2Fcountries%2F.gitkeep",
            "source": null,
            "source_md5hash": "",
            "storage_class": "NEARLINE",
            "temporary_hold": false,
            "timeouts": null
          },
          "sensitive_attributes": [
            [
              {
                "type": "get_attr",
                "value": "content"
              }
            ]
          ],
          "private": "eyJlMmJmYjczMC1lY2FhLTExZTYtOGY4OC0zNDM2M2JjN2M0YzAiOnsiY3JlYXRlIjoyNDAwMDAwMDAwMDAsImRlbGV0ZSI6MjQwMDAwMDAwMDAwLCJ1cGRhdGUiOjI0MDAwMDAwMDAwMH19",
          "dependencies": [
            "google_storage_bucket.tenant_buckets"
          ]
        },
        {
          "index_key": "europe-west9-shared-reference-data-currencies-",
          "schema_version": 0,
          "attributes": {
            "bucket": "terraops-europe-west9-tenant-data",
            "cache_control": "",
            "content": "# Global multi-tenant folder structure maintained across all regions for scalable data processing",
            "content_disposition": "",
            "content_encoding": "",
            "content_language": "",
            "content_type": "text/plain; charset=utf-8",
            "crc32c": "mfVRCg==",
            "customer_encryption": [],
            "detect_md5hash": "ZJ7TKDq2HXPnW2iZ7cAH/A==",
            "event_based_hold": false,
            "force_empty_content_type": null,
            "generation": 1756421182981385,
            "id": "terraops-europe-west9-tenant-data-shared/reference-data/currencies/.gitkeep",
            "kms_key_name": "",
            "md5hash": "ZJ7TKDq2HXPnW2iZ7cAH/A==",
            "md5hexhash": "649ed3283ab61d73e75b6899edc007fc",
            "media_link": "https://storage.googleapis.com/download/storage/v1/b/terraops-europe-west9-tenant-data/o/shared%2Freference-data%2Fcurrencies%2F.gitkeep?generation=1756421182981385\u0026alt=media",
            "metadata": null,
            "name": "shared/reference-data/currencies/.gitkeep",
            "output_name": "shared/reference-data/currencies/.gitkeep",
            "retention": [],
            "self_link": "https://www.googleapis.com/storage/v1/b/terraops-europe-west9-tenant-data/o/shared%2Freference-data%2Fcurrencies%2F.gitkeep",
            "source": null,
            "source_md5hash": "",
            "storage_class": "NEARLINE",
            "temporary_hold": false,
            "timeouts": null
          },
          "sensitive_attributes": [
            [
              {
                "type": "get_attr",
                "value": "content"
              }
            ]
          ],
          "private": "eyJlMmJmYjczMC1lY2FhLTExZTYtOGY4OC0zNDM2M2JjN2M0YzAiOnsiY3JlYXRlIjoyNDAwMDAwMDAwMDAsImRlbGV0ZSI6MjQwMDAwMDAwMDAwLCJ1cGRhdGUiOjI0MDAwMDAwMDAwMH19",
          "dependencies": [
            "google_storage_bucket.tenant_buckets"
          ]
        },
        {
          "index_key": "europe-west9-shared-reference-data-exchange-rates-",
          "schema_version": 0,
          "attributes": {
            "bucket": "terraops-europe-west9-tenant-data",
            "cache_control": "",
            "content": "# Global multi-tenant folder structure maintained across all regions for scalable data processing",
            "content_disposition": "",
            "content_encoding": "",
            "content_language": "",
            "content_type": "text/plain; charset=utf-8",
            "crc32c": "mfVRCg==",
            "customer_encryption": [],
            "detect_md5hash": "ZJ7TKDq2HXPnW2iZ7cAH/A==",
            "event_based_hold": false,
            "force_empty_content_type": null,
            "generation": 1756421194501435,
            "id": "terraops-europe-west9-tenant-data-shared/reference-data/exchange-rates/.gitkeep",
            "kms_key_name": "",
            "md5hash": "ZJ7TKDq2HXPnW2iZ7cAH/A==",
            "md5hexhash": "649ed3283ab61d73e75b6899edc007fc",
            "media_link": "https://storage.googleapis.com/download/storage/v1/b/terraops-europe-west9-tenant-data/o/shared%2Freference-data%2Fexchange-rates%2F.gitkeep?generation=1756421194501435\u0026alt=media",
            "metadata": null,
            "name": "shared/reference-data/exchange-rates/.gitkeep",
            "output_name": "shared/reference-data/exchange-rates/.gitkeep",
            "retention": [],
            "self_link": "https://www.googleapis.com/storage/v1/b/terraops-europe-west9-tenant-data/o/shared%2Freference-data%2Fexchange-rates%2F.gitkeep",
            "source": null,
            "source_md5hash": "",
            "storage_class": "NEARLINE",
            "temporary_hold": false,
            "timeouts": null
          },
          "sensitive_attributes": [
            [
              {
                "type": "get_attr",
                "value": "content"
              }
            ]
          ],
          "private": "eyJlMmJmYjczMC1lY2FhLTExZTYtOGY4OC0zNDM2M2JjN2M0YzAiOnsiY3JlYXRlIjoyNDAwMDAwMDAwMDAsImRlbGV0ZSI6MjQwMDAwMDAwMDAwLCJ1cGRhdGUiOjI0MDAwMDAwMDAwMH19",
          "dependencies": [
            "google_storage_bucket.tenant_buckets"
          ]
        },
        {
          "index_key": "europe-west9-tenants-",
          "schema_version": 0,
          "attributes": {
            "bucket": "terraops-europe-west9-tenant-data",
            "cache_control": "",
            "content": "# Global multi-tenant folder structure maintained across all regions for scalable data processing",
            "content_disposition": "",
            "content_encoding": "",
            "content_language": "",
            "content_type": "text/plain; charset=utf-8",
            "crc32c": "mfVRCg==",
            "customer_encryption": [],
            "detect_md5hash": "ZJ7TKDq2HXPnW2iZ7cAH/A==",
            "event_based_hold": false,
            "force_empty_content_type": null,
            "generation": 1756421189291290,
            "id": "terraops-europe-west9-tenant-data-tenants/.gitkeep",
            "kms_key_name": "",
            "md5hash": "ZJ7TKDq2HXPnW2iZ7cAH/A==",
            "md5hexhash": "649ed3283ab61d73e75b6899edc007fc",
            "media_link": "https://storage.googleapis.com/download/storage/v1/b/terraops-europe-west9-tenant-data/o/tenants%2F.gitkeep?generation=1756421189291290\u0026alt=media",
            "metadata": null,
            "name": "tenants/.gitkeep",
            "output_name": "tenants/.gitkeep",
            "retention": [],
            "self_link": "https://www.googleapis.com/storage/v1/b/terraops-europe-west9-tenant-data/o/tenants%2F.gitkeep",
            "source": null,
            "source_md5hash": "",
            "storage_class": "NEARLINE",
            "temporary_hold": false,
            "timeouts": null
          },
          "sensitive_attributes": [
            [
              {
                "type": "get_attr",
                "value": "content"
              }
            ]
          ],
          "private": "eyJlMmJmYjczMC1lY2FhLTExZTYtOGY4OC0zNDM2M2JjN2M0YzAiOnsiY3JlYXRlIjoyNDAwMDAwMDAwMDAsImRlbGV0ZSI6MjQwMDAwMDAwMDAwLCJ1cGRhdGUiOjI0MDAwMDAwMDAwMH19",
          "dependencies": [
            "google_storage_bucket.tenant_buckets"
          ]
        },
        {
          "index_key": "europe-west9-tenants-business-domains-",
          "schema_version": 0,
          "attributes": {
            "bucket": "terraops-europe-west9-tenant-data",
            "cache_control": "",
            "content": "# Global multi-tenant folder structure maintained across all regions for scalable data processing",
            "content_disposition": "",
            "content_encoding": "",
            "content_language": "",
            "content_type": "text/plain; charset=utf-8",
            "crc32c": "mfVRCg==",
            "customer_encryption": [],
            "detect_md5hash": "ZJ7TKDq2HXPnW2iZ7cAH/A==",
            "event_based_hold": false,
            "force_empty_content_type": null,
            "generation": 1756421180785939,
            "id": "terraops-europe-west9-tenant-data-tenants/business-domains/.gitkeep",
            "kms_key_name": "",
            "md5hash": "ZJ7TKDq2HXPnW2iZ7cAH/A==",
            "md5hexhash": "649ed3283ab61d73e75b6899edc007fc",
            "media_link": "https://storage.googleapis.com/download/storage/v1/b/terraops-europe-west9-tenant-data/o/tenants%2Fbusiness-domains%2F.gitkeep?generation=1756421180785939\u0026alt=media",
            "metadata": null,
            "name": "tenants/business-domains/.gitkeep",
            "output_name": "tenants/business-domains/.gitkeep",
            "retention": [],
            "self_link": "https://www.googleapis.com/storage/v1/b/terraops-europe-west9-tenant-data/o/tenants%2Fbusiness-domains%2F.gitkeep",
            "source": null,
            "source_md5hash": "",
            "storage_class": "NEARLINE",
            "temporary_hold": false,
            "timeouts": null
          },
          "sensitive_attributes": [
            [
              {
                "type": "get_attr",
                "value": "content"
              }
            ]
          ],
          "private": "eyJlMmJmYjczMC1lY2FhLTExZTYtOGY4OC0zNDM2M2JjN2M0YzAiOnsiY3JlYXRlIjoyNDAwMDAwMDAwMDAsImRlbGV0ZSI6MjQwMDAwMDAwMDAwLCJ1cGRhdGUiOjI0MDAwMDAwMDAwMH19",
          "dependencies": [
            "google_storage_bucket.tenant_buckets"
          ]
        },
        {
          "index_key": "europe-west9-tenants-tenant-001-",
          "schema_version": 0,
          "attributes": {
            "bucket": "terraops-europe-west9-tenant-data",
            "cache_control": "",
            "content": "# Global multi-tenant folder structure maintained across all regions for scalable data processing",
            "content_disposition": "",
            "content_encoding": "",
            "content_language": "",
            "content_type": "text/plain; charset=utf-8",
            "crc32c": "mfVRCg==",
            "customer_encryption": [],
            "detect_md5hash": "ZJ7TKDq2HXPnW2iZ7cAH/A==",
            "event_based_hold": false,
            "force_empty_content_type": null,
            "generation": 1756421191294983,
            "id": "terraops-europe-west9-tenant-data-tenants/tenant-001/.gitkeep",
            "kms_key_name": "",
            "md5hash": "ZJ7TKDq2HXPnW2iZ7cAH/A==",
            "md5hexhash": "649ed3283ab61d73e75b6899edc007fc",
            "media_link": "https://storage.googleapis.com/download/storage/v1/b/terraops-europe-west9-tenant-data/o/tenants%2Ftenant-001%2F.gitkeep?generation=1756421191294983\u0026alt=media",
            "metadata": null,
            "name": "tenants/tenant-001/.gitkeep",
            "output_name": "tenants/tenant-001/.gitkeep",
            "retention": [],
            "self_link": "https://www.googleapis.com/storage/v1/b/terraops-europe-west9-tenant-data/o/tenants%2Ftenant-001%2F.gitkeep",
            "source": null,
            "source_md5hash": "",
            "storage_class": "NEARLINE",
            "temporary_hold": false,
            "timeouts": null
          },
          "sensitive_attributes": [
            [
              {
                "type": "get_attr",
                "value": "content"
              }
            ]
          ],
          "private": "eyJlMmJmYjczMC1lY2FhLTExZTYtOGY4OC0zNDM2M2JjN2M0YzAiOnsiY3JlYXRlIjoyNDAwMDAwMDAwMDAsImRlbGV0ZSI6MjQwMDAwMDAwMDAwLCJ1cGRhdGUiOjI0MDAwMDAwMDAwMH19",
          "dependencies": [
            "google_storage_bucket.tenant_buckets"
          ]
        },
        {
          "index_key": "europe-west9-tenants-tenant-001-data-",
          "schema_version": 0,
          "attributes": {
            "bucket": "terraops-europe-west9-tenant-data",
            "cache_control": "",
            "content": "# Global multi-tenant folder structure maintained across all regions for scalable data processing",
            "content_disposition": "",
            "content_encoding": "",
            "content_language": "",
            "content_type": "text/plain; charset=utf-8",
            "crc32c": "mfVRCg==",
            "customer_encryption": [],
            "detect_md5hash": "ZJ7TKDq2HXPnW2iZ7cAH/A==",
            "event_based_hold": false,
            "force_empty_content_type": null,
            "generation": 1756421186364409,
            "id": "terraops-europe-west9-tenant-data-tenants/tenant-001/data/.gitkeep",
            "kms_key_name": "",
            "md5hash": "ZJ7TKDq2HXPnW2iZ7cAH/A==",
            "md5hexhash": "649ed3283ab61d73e75b6899edc007fc",
            "media_link": "https://storage.googleapis.com/download/storage/v1/b/terraops-europe-west9-tenant-data/o/tenants%2Ftenant-001%2Fdata%2F.gitkeep?generation=1756421186364409\u0026alt=media",
            "metadata": null,
            "name": "tenants/tenant-001/data/.gitkeep",
            "output_name": "tenants/tenant-001/data/.gitkeep",
            "retention": [],
            "self_link": "https://www.googleapis.com/storage/v1/b/terraops-europe-west9-tenant-data/o/tenants%2Ftenant-001%2Fdata%2F.gitkeep",
            "source": null,
            "source_md5hash": "",
            "storage_class": "NEARLINE",
            "temporary_hold": false,
            "timeouts": null
          },
          "sensitive_attributes": [
            [
              {
                "type": "get_attr",
                "value": "content"
              }
            ]
          ],
          "private": "eyJlMmJmYjczMC1lY2FhLTExZTYtOGY4OC0zNDM2M2JjN2M0YzAiOnsiY3JlYXRlIjoyNDAwMDAwMDAwMDAsImRlbGV0ZSI6MjQwMDAwMDAwMDAwLCJ1cGRhdGUiOjI0MDAwMDAwMDAwMH19",
          "dependencies": [
            "google_storage_bucket.tenant_buckets"
          ]
        },
        {
          "index_key": "europe-west9-tenants-tenant-001-data-bad-records-",
          "schema_version": 0,
          "attributes": {
            "bucket": "terraops-europe-west9-tenant-data",
            "cache_control": "",
            "content": "# Global multi-tenant folder structure maintained across all regions for scalable data processing",
            "content_disposition": "",
            "content_encoding": "",
            "content_language": "",
            "content_type": "text/plain; charset=utf-8",
            "crc32c": "mfVRCg==",
            "customer_encryption": [],
            "detect_md5hash": "ZJ7TKDq2HXPnW2iZ7cAH/A==",
            "event_based_hold": false,
            "force_empty_content_type": null,
            "generation": 1756421188129504,
            "id": "terraops-europe-west9-tenant-data-tenants/tenant-001/data/bad-records/.gitkeep",
            "kms_key_name": "",
            "md5hash": "ZJ7TKDq2HXPnW2iZ7cAH/A==",
            "md5hexhash": "649ed3283ab61d73e75b6899edc007fc",
            "media_link": "https://storage.googleapis.com/download/storage/v1/b/terraops-europe-west9-tenant-data/o/tenants%2Ftenant-001%2Fdata%2Fbad-records%2F.gitkeep?generation=1756421188129504\u0026alt=media",
            "metadata": null,
            "name": "tenants/tenant-001/data/bad-records/.gitkeep",
            "output_name": "tenants/tenant-001/data/bad-records/.gitkeep",
            "retention": [],
            "self_link": "https://www.googleapis.com/storage/v1/b/terraops-europe-west9-tenant-data/o/tenants%2Ftenant-001%2Fdata%2Fbad-records%2F.gitkeep",
            "source": null,
            "source_md5hash": "",
            "storage_class": "NEARLINE",
            "temporary_hold": false,
            "timeouts": null
          },
          "sensitive_attributes": [
            [
              {
                "type": "get_attr",
                "value": "content"
              }
            ]
          ],
          "private": "eyJlMmJmYjczMC1lY2FhLTExZTYtOGY4OC0zNDM2M2JjN2M0YzAiOnsiY3JlYXRlIjoyNDAwMDAwMDAwMDAsImRlbGV0ZSI6MjQwMDAwMDAwMDAwLCJ1cGRhdGUiOjI0MDAwMDAwMDAwMH19",
          "dependencies": [
            "google_storage_bucket.tenant_buckets"
          ]
        },
        {
          "index_key": "europe-west9-tenants-tenant-001-data-processed-",
          "schema_version": 0,
          "attributes": {
            "bucket": "terraops-europe-west9-tenant-data",
            "cache_control": "",
            "content": "# Global multi-tenant folder structure maintained across all regions for scalable data processing",
            "content_disposition": "",
            "content_encoding": "",
            "content_language": "",
            "content_type": "text/plain; charset=utf-8",
            "crc32c": "mfVRCg==",
            "customer_encryption": [],
            "detect_md5hash": "ZJ7TKDq2HXPnW2iZ7cAH/A==",
            "event_based_hold": false,
            "force_empty_content_type": null,
            "generation": 1756421197920413,
            "id": "terraops-europe-west9-tenant-data-tenants/tenant-001/data/processed/.gitkeep",
            "kms_key_name": "",
            "md5hash": "ZJ7TKDq2HXPnW2iZ7cAH/A==",
            "md5hexhash": "649ed3283ab61d73e75b6899edc007fc",
            "media_link": "https://storage.googleapis.com/download/storage/v1/b/terraops-europe-west9-tenant-data/o/tenants%2Ftenant-001%2Fdata%2Fprocessed%2F.gitkeep?generation=1756421197920413\u0026alt=media",
            "metadata": null,
            "name": "tenants/tenant-001/data/processed/.gitkeep",
            "output_name": "tenants/tenant-001/data/processed/.gitkeep",
            "retention": [],
            "self_link": "https://www.googleapis.com/storage/v1/b/terraops-europe-west9-tenant-data/o/tenants%2Ftenant-001%2Fdata%2Fprocessed%2F.gitkeep",
            "source": null,
            "source_md5hash": "",
            "storage_class": "NEARLINE",
            "temporary_hold": false,
            "timeouts": null
          },
          "sensitive_attributes": [
            [
              {
                "type": "get_attr",
                "value": "content"
              }
            ]
          ],
          "private": "eyJlMmJmYjczMC1lY2FhLTExZTYtOGY4OC0zNDM2M2JjN2M0YzAiOnsiY3JlYXRlIjoyNDAwMDAwMDAwMDAsImRlbGV0ZSI6MjQwMDAwMDAwMDAwLCJ1cGRhdGUiOjI0MDAwMDAwMDAwMH19",
          "dependencies": [
            "google_storage_bucket.tenant_buckets"
          ]
        },
        {
          "index_key": "europe-west9-tenants-tenant-001-data-raw-",
          "schema_version": 0,
          "attributes": {
            "bucket": "terraops-europe-west9-tenant-data",
            "cache_control": "",
            "content": "# Global multi-tenant folder structure maintained across all regions for scalable data processing",
            "content_disposition": "",
            "content_encoding": "",
            "content_language": "",
            "content_type": "text/plain; charset=utf-8",
            "crc32c": "mfVRCg==",
            "customer_encryption": [],
            "detect_md5hash": "ZJ7TKDq2HXPnW2iZ7cAH/A==",
            "event_based_hold": false,
            "force_empty_content_type": null,
            "generation": 1756421193960630,
            "id": "terraops-europe-west9-tenant-data-tenants/tenant-001/data/raw/.gitkeep",
            "kms_key_name": "",
            "md5hash": "ZJ7TKDq2HXPnW2iZ7cAH/A==",
            "md5hexhash": "649ed3283ab61d73e75b6899edc007fc",
            "media_link": "https://storage.googleapis.com/download/storage/v1/b/terraops-europe-west9-tenant-data/o/tenants%2Ftenant-001%2Fdata%2Fraw%2F.gitkeep?generation=1756421193960630\u0026alt=media",
            "metadata": null,
            "name": "tenants/tenant-001/data/raw/.gitkeep",
            "output_name": "tenants/tenant-001/data/raw/.gitkeep",
            "retention": [],
            "self_link": "https://www.googleapis.com/storage/v1/b/terraops-europe-west9-tenant-data/o/tenants%2Ftenant-001%2Fdata%2Fraw%2F.gitkeep",
            "source": null,
            "source_md5hash": "",
            "storage_class": "NEARLINE",
            "temporary_hold": false,
            "timeouts": null
          },
          "sensitive_attributes": [
            [
              {
                "type": "get_attr",
                "value": "content"
              }
            ]
          ],
          "private": "eyJlMmJmYjczMC1lY2FhLTExZTYtOGY4OC0zNDM2M2JjN2M0YzAiOnsiY3JlYXRlIjoyNDAwMDAwMDAwMDAsImRlbGV0ZSI6MjQwMDAwMDAwMDAwLCJ1cGRhdGUiOjI0MDAwMDAwMDAwMH19",
          "dependencies": [
            "google_storage_bucket.tenant_buckets"
          ]
        },
        {
          "index_key": "europe-west9-tenants-tenant-002-",
          "schema_version": 0,
          "attributes": {
            "bucket": "terraops-europe-west9-tenant-data",
            "cache_control": "",
            "content": "# Global multi-tenant folder structure maintained across all regions for scalable data processing",
            "content_disposition": "",
            "content_encoding": "",
            "content_language": "",
            "content_type": "text/plain; charset=utf-8",
            "crc32c": "mfVRCg==",
            "customer_encryption": [],
            "detect_md5hash": "ZJ7TKDq2HXPnW2iZ7cAH/A==",
            "event_based_hold": false,
            "force_empty_content_type": null,
            "generation": 1756421186907426,
            "id": "terraops-europe-west9-tenant-data-tenants/tenant-002/.gitkeep",
            "kms_key_name": "",
            "md5hash": "ZJ7TKDq2HXPnW2iZ7cAH/A==",
            "md5hexhash": "649ed3283ab61d73e75b6899edc007fc",
            "media_link": "https://storage.googleapis.com/download/storage/v1/b/terraops-europe-west9-tenant-data/o/tenants%2Ftenant-002%2F.gitkeep?generation=1756421186907426\u0026alt=media",
            "metadata": null,
            "name": "tenants/tenant-002/.gitkeep",
            "output_name": "tenants/tenant-002/.gitkeep",
            "retention": [],
            "self_link": "https://www.googleapis.com/storage/v1/b/terraops-europe-west9-tenant-data/o/tenants%2Ftenant-002%2F.gitkeep",
            "source": null,
            "source_md5hash": "",
            "storage_class": "NEARLINE",
            "temporary_hold": false,
            "timeouts": null
          },
          "sensitive_attributes": [
            [
              {
                "type": "get_attr",
                "value": "content"
              }
            ]
          ],
          "private": "eyJlMmJmYjczMC1lY2FhLTExZTYtOGY4OC0zNDM2M2JjN2M0YzAiOnsiY3JlYXRlIjoyNDAwMDAwMDAwMDAsImRlbGV0ZSI6MjQwMDAwMDAwMDAwLCJ1cGRhdGUiOjI0MDAwMDAwMDAwMH19",
          "dependencies": [
            "google_storage_bucket.tenant_buckets"
          ]
        },
        {
          "index_key": "europe-west9-tenants-tenant-002-data-",
          "schema_version": 0,
          "attributes": {
            "bucket": "terraops-europe-west9-tenant-data",
            "cache_control": "",
            "content": "# Global multi-tenant folder structure maintained across all regions for scalable data processing",
            "content_disposition": "",
            "content_encoding": "",
            "content_language": "",
            "content_type": "text/plain; charset=utf-8",
            "crc32c": "mfVRCg==",
            "customer_encryption": [],
            "detect_md5hash": "ZJ7TKDq2HXPnW2iZ7cAH/A==",
            "event_based_hold": false,
            "force_empty_content_type": null,
            "generation": 1756421197391875,
            "id": "terraops-europe-west9-tenant-data-tenants/tenant-002/data/.gitkeep",
            "kms_key_name": "",
            "md5hash": "ZJ7TKDq2HXPnW2iZ7cAH/A==",
            "md5hexhash": "649ed3283ab61d73e75b6899edc007fc",
            "media_link": "https://storage.googleapis.com/download/storage/v1/b/terraops-europe-west9-tenant-data/o/tenants%2Ftenant-002%2Fdata%2F.gitkeep?generation=1756421197391875\u0026alt=media",
            "metadata": null,
            "name": "tenants/tenant-002/data/.gitkeep",
            "output_name": "tenants/tenant-002/data/.gitkeep",
            "retention": [],
            "self_link": "https://www.googleapis.com/storage/v1/b/terraops-europe-west9-tenant-data/o/tenants%2Ftenant-002%2Fdata%2F.gitkeep",
            "source": null,
            "source_md5hash": "",
            "storage_class": "NEARLINE",
            "temporary_hold": false,
            "timeouts": null
          },
          "sensitive_attributes": [
            [
              {
                "type": "get_attr",
                "value": "content"
              }
            ]
          ],
          "private": "eyJlMmJmYjczMC1lY2FhLTExZTYtOGY4OC0zNDM2M2JjN2M0YzAiOnsiY3JlYXRlIjoyNDAwMDAwMDAwMDAsImRlbGV0ZSI6MjQwMDAwMDAwMDAwLCJ1cGRhdGUiOjI0MDAwMDAwMDAwMH19",
          "dependencies": [
            "google_storage_bucket.tenant_buckets"
          ]
        },
        {
          "index_key": "europe-west9-tenants-tenant-002-data-bad-records-",
          "schema_version": 0,
          "attributes": {
            "bucket": "terraops-europe-west9-tenant-data",
            "cache_control": "",
            "content": "# Global multi-tenant folder structure maintained across all regions for scalable data processing",
            "content_disposition": "",
            "content_encoding": "",
            "content_language": "",
            "content_type": "text/plain; charset=utf-8",
            "crc32c": "mfVRCg==",
            "customer_encryption": [],
            "detect_md5hash": "ZJ7TKDq2HXPnW2iZ7cAH/A==",
            "event_based_hold": false,
            "force_empty_content_type": null,
            "generation": 1756421193490504,
            "id": "terraops-europe-west9-tenant-data-tenants/tenant-002/data/bad-records/.gitkeep",
            "kms_key_name": "",
            "md5hash": "ZJ7TKDq2HXPnW2iZ7cAH/A==",
            "md5hexhash": "649ed3283ab61d73e75b6899edc007fc",
            "media_link": "https://storage.googleapis.com/download/storage/v1/b/terraops-europe-west9-tenant-data/o/tenants%2Ftenant-002%2Fdata%2Fbad-records%2F.gitkeep?generation=1756421193490504\u0026alt=media",
            "metadata": null,
            "name": "tenants/tenant-002/data/bad-records/.gitkeep",
            "output_name": "tenants/tenant-002/data/bad-records/.gitkeep",
            "retention": [],
            "self_link": "https://www.googleapis.com/storage/v1/b/terraops-europe-west9-tenant-data/o/tenants%2Ftenant-002%2Fdata%2Fbad-records%2F.gitkeep",
            "source": null,
            "source_md5hash": "",
            "storage_class": "NEARLINE",
            "temporary_hold": false,
            "timeouts": null
          },
          "sensitive_attributes": [
            [
              {
                "type": "get_attr",
                "value": "content"
              }
            ]
          ],
          "private": "eyJlMmJmYjczMC1lY2FhLTExZTYtOGY4OC0zNDM2M2JjN2M0YzAiOnsiY3JlYXRlIjoyNDAwMDAwMDAwMDAsImRlbGV0ZSI6MjQwMDAwMDAwMDAwLCJ1cGRhdGUiOjI0MDAwMDAwMDAwMH19",
          "dependencies": [
            "google_storage_bucket.tenant_buckets"
          ]
        },
        {
          "index_key": "europe-west9-tenants-tenant-002-data-processed-",
          "schema_version": 0,
          "attributes": {
            "bucket": "terraops-europe-west9-tenant-data",
            "cache_control": "",
            "content": "# Global multi-tenant folder structure maintained across all regions for scalable data processing",
            "content_disposition": "",
            "content_encoding": "",
            "content_language": "",
            "content_type": "text/plain; charset=utf-8",
            "crc32c": "mfVRCg==",
            "customer_encryption": [],
            "detect_md5hash": "ZJ7TKDq2HXPnW2iZ7cAH/A==",
            "event_based_hold": false,
            "force_empty_content_type": null,
            "generation": 1756421184756435,
            "id": "terraops-europe-west9-tenant-data-tenants/tenant-002/data/processed/.gitkeep",
            "kms_key_name": "",
            "md5hash": "ZJ7TKDq2HXPnW2iZ7cAH/A==",
            "md5hexhash": "649ed3283ab61d73e75b6899edc007fc",
            "media_link": "https://storage.googleapis.com/download/storage/v1/b/terraops-europe-west9-tenant-data/o/tenants%2Ftenant-002%2Fdata%2Fprocessed%2F.gitkeep?generation=1756421184756435\u0026alt=media",
            "metadata": null,
            "name": "tenants/tenant-002/data/processed/.gitkeep",
            "output_name": "tenants/tenant-002/data/processed/.gitkeep",
            "retention": [],
            "self_link": "https://www.googleapis.com/storage/v1/b/terraops-europe-west9-tenant-data/o/tenants%2Ftenant-002%2Fdata%2Fprocessed%2F.gitkeep",
            "source": null,
            "source_md5hash": "",
            "storage_class": "NEARLINE",
            "temporary_hold": false,
            "timeouts": null
          },
          "sensitive_attributes": [
            [
              {
                "type": "get_attr",
                "value": "content"
              }
            ]
          ],
          "private": "eyJlMmJmYjczMC1lY2FhLTExZTYtOGY4OC0zNDM2M2JjN2M0YzAiOnsiY3JlYXRlIjoyNDAwMDAwMDAwMDAsImRlbGV0ZSI6MjQwMDAwMDAwMDAwLCJ1cGRhdGUiOjI0MDAwMDAwMDAwMH19",
          "dependencies": [
            "google_storage_bucket.tenant_buckets"
          ]
        },
        {
          "index_key": "europe-west9-tenants-tenant-002-data-raw-",
          "schema_version": 0,
          "attributes": {
            "bucket": "terraops-europe-west9-tenant-data",
            "cache_control": "",
            "content": "# Global multi-tenant folder structure maintained across all regions for scalable data processing",
            "content_disposition": "",
            "content_encoding": "",
            "content_language": "",
            "content_type": "text/plain; charset=utf-8",
            "crc32c": "mfVRCg==",
            "customer_encryption": [],
            "detect_md5hash": "ZJ7TKDq2HXPnW2iZ7cAH/A==",
            "event_based_hold": false,
            "force_empty_content_type": null,
            "generation": 1756421184050357,
            "id": "terraops-europe-west9-tenant-data-tenants/tenant-002/data/raw/.gitkeep",
            "kms_key_name": "",
            "md5hash": "ZJ7TKDq2HXPnW2iZ7cAH/A==",
            "md5hexhash": "649ed3283ab61d73e75b6899edc007fc",
            "media_link": "https://storage.googleapis.com/download/storage/v1/b/terraops-europe-west9-tenant-data/o/tenants%2Ftenant-002%2Fdata%2Fraw%2F.gitkeep?generation=1756421184050357\u0026alt=media",
            "metadata": null,
            "name": "tenants/tenant-002/data/raw/.gitkeep",
            "output_name": "tenants/tenant-002/data/raw/.gitkeep",
            "retention": [],
            "self_link": "https://www.googleapis.com/storage/v1/b/terraops-europe-west9-tenant-data/o/tenants%2Ftenant-002%2Fdata%2Fraw%2F.gitkeep",
            "source": null,
            "source_md5hash": "",
            "storage_class": "NEARLINE",
            "temporary_hold": false,
            "timeouts": null
          },
          "sensitive_attributes": [
            [
              {
                "type": "get_attr",
                "value": "content"
              }
            ]
          ],
          "private": "eyJlMmJmYjczMC1lY2FhLTExZTYtOGY4OC0zNDM2M2JjN2M0YzAiOnsiY3JlYXRlIjoyNDAwMDAwMDAwMDAsImRlbGV0ZSI6MjQwMDAwMDAwMDAwLCJ1cGRhdGUiOjI0MDAwMDAwMDAwMH19",
          "dependencies": [
            "google_storage_bucket.tenant_buckets"
          ]
        },
        {
          "index_key": "europe-west9-tenants-tenant-003-",
          "schema_version": 0,
          "attributes": {
            "bucket": "terraops-europe-west9-tenant-data",
            "cache_control": "",
            "content": "# Global multi-tenant folder structure maintained across all regions for scalable data processing",
            "content_disposition": "",
            "content_encoding": "",
            "content_language": "",
            "content_type": "text/plain; charset=utf-8",
            "crc32c": "mfVRCg==",
            "customer_encryption": [],
            "detect_md5hash": "ZJ7TKDq2HXPnW2iZ7cAH/A==",
            "event_based_hold": false,
            "force_empty_content_type": null,
            "generation": 1756421190574200,
            "id": "terraops-europe-west9-tenant-data-tenants/tenant-003/.gitkeep",
            "kms_key_name": "",
            "md5hash": "ZJ7TKDq2HXPnW2iZ7cAH/A==",
            "md5hexhash": "649ed3283ab61d73e75b6899edc007fc",
            "media_link": "https://storage.googleapis.com/download/storage/v1/b/terraops-europe-west9-tenant-data/o/tenants%2Ftenant-003%2F.gitkeep?generation=1756421190574200\u0026alt=media",
            "metadata": null,
            "name": "tenants/tenant-003/.gitkeep",
            "output_name": "tenants/tenant-003/.gitkeep",
            "retention": [],
            "self_link": "https://www.googleapis.com/storage/v1/b/terraops-europe-west9-tenant-data/o/tenants%2Ftenant-003%2F.gitkeep",
            "source": null,
            "source_md5hash": "",
            "storage_class": "NEARLINE",
            "temporary_hold": false,
            "timeouts": null
          },
          "sensitive_attributes": [
            [
              {
                "type": "get_attr",
                "value": "content"
              }
            ]
          ],
          "private": "eyJlMmJmYjczMC1lY2FhLTExZTYtOGY4OC0zNDM2M2JjN2M0YzAiOnsiY3JlYXRlIjoyNDAwMDAwMDAwMDAsImRlbGV0ZSI6MjQwMDAwMDAwMDAwLCJ1cGRhdGUiOjI0MDAwMDAwMDAwMH19",
          "dependencies": [
            "google_storage_bucket.tenant_buckets"
          ]
        },
        {
          "index_key": "europe-west9-tenants-tenant-003-data-",
          "schema_version": 0,
          "attributes": {
            "bucket": "terraops-europe-west9-tenant-data",
            "cache_control": "",
            "content": "# Global multi-tenant folder structure maintained across all regions for scalable data processing",
            "content_disposition": "",
            "content_encoding": "",
            "content_language": "",
            "content_type": "text/plain; charset=utf-8",
            "crc32c": "mfVRCg==",
            "customer_encryption": [],
            "detect_md5hash": "ZJ7TKDq2HXPnW2iZ7cAH/A==",
            "event_based_hold": false,
            "force_empty_content_type": null,
            "generation": 1756421195309145,
            "id": "terraops-europe-west9-tenant-data-tenants/tenant-003/data/.gitkeep",
            "kms_key_name": "",
            "md5hash": "ZJ7TKDq2HXPnW2iZ7cAH/A==",
            "md5hexhash": "649ed3283ab61d73e75b6899edc007fc",
            "media_link": "https://storage.googleapis.com/download/storage/v1/b/terraops-europe-west9-tenant-data/o/tenants%2Ftenant-003%2Fdata%2F.gitkeep?generation=1756421195309145\u0026alt=media",
            "metadata": null,
            "name": "tenants/tenant-003/data/.gitkeep",
            "output_name": "tenants/tenant-003/data/.gitkeep",
            "retention": [],
            "self_link": "https://www.googleapis.com/storage/v1/b/terraops-europe-west9-tenant-data/o/tenants%2Ftenant-003%2Fdata%2F.gitkeep",
            "source": null,
            "source_md5hash": "",
            "storage_class": "NEARLINE",
            "temporary_hold": false,
            "timeouts": null
          },
          "sensitive_attributes": [
            [
              {
                "type": "get_attr",
                "value": "content"
              }
            ]
          ],
          "private": "eyJlMmJmYjczMC1lY2FhLTExZTYtOGY4OC0zNDM2M2JjN2M0YzAiOnsiY3JlYXRlIjoyNDAwMDAwMDAwMDAsImRlbGV0ZSI6MjQwMDAwMDAwMDAwLCJ1cGRhdGUiOjI0MDAwMDAwMDAwMH19",
          "dependencies": [
            "google_storage_bucket.tenant_buckets"
          ]
        },
        {
          "index_key": "europe-west9-tenants-tenant-003-data-bad-records-",
          "schema_version": 0,
          "attributes": {
            "bucket": "terraops-europe-west9-tenant-data",
            "cache_control": "",
            "content": "# Global multi-tenant folder structure maintained across all regions for scalable data processing",
            "content_disposition": "",
            "content_encoding": "",
            "content_language": "",
            "content_type": "text/plain; charset=utf-8",
            "crc32c": "mfVRCg==",
            "customer_encryption": [],
            "detect_md5hash": "ZJ7TKDq2HXPnW2iZ7cAH/A==",
            "event_based_hold": false,
            "force_empty_content_type": null,
            "generation": 1756421182349789,
            "id": "terraops-europe-west9-tenant-data-tenants/tenant-003/data/bad-records/.gitkeep",
            "kms_key_name": "",
            "md5hash": "ZJ7TKDq2HXPnW2iZ7cAH/A==",
            "md5hexhash": "649ed3283ab61d73e75b6899edc007fc",
            "media_link": "https://storage.googleapis.com/download/storage/v1/b/terraops-europe-west9-tenant-data/o/tenants%2Ftenant-003%2Fdata%2Fbad-records%2F.gitkeep?generation=1756421182349789\u0026alt=media",
            "metadata": null,
            "name": "tenants/tenant-003/data/bad-records/.gitkeep",
            "output_name": "tenants/tenant-003/data/bad-records/.gitkeep",
            "retention": [],
            "self_link": "https://www.googleapis.com/storage/v1/b/terraops-europe-west9-tenant-data/o/tenants%2Ftenant-003%2Fdata%2Fbad-records%2F.gitkeep",
            "source": null,
            "source_md5hash": "",
            "storage_class": "NEARLINE",
            "temporary_hold": false,
            "timeouts": null
          },
          "sensitive_attributes": [
            [
              {
                "type": "get_attr",
                "value": "content"
              }
            ]
          ],
          "private": "eyJlMmJmYjczMC1lY2FhLTExZTYtOGY4OC0zNDM2M2JjN2M0YzAiOnsiY3JlYXRlIjoyNDAwMDAwMDAwMDAsImRlbGV0ZSI6MjQwMDAwMDAwMDAwLCJ1cGRhdGUiOjI0MDAwMDAwMDAwMH19",
          "dependencies": [
            "google_storage_bucket.tenant_buckets"
          ]
        },
        {
          "index_key": "europe-west9-tenants-tenant-003-data-processed-",
          "schema_version": 0,
          "attributes": {
            "bucket": "terraops-europe-west9-tenant-data",
            "cache_control": "",
            "content": "# Global multi-tenant folder structure maintained across all regions for scalable data processing",
            "content_disposition": "",
            "content_encoding": "",
            "content_language": "",
            "content_type": "text/plain; charset=utf-8",
            "crc32c": "mfVRCg==",
            "customer_encryption": [],
            "detect_md5hash": "ZJ7TKDq2HXPnW2iZ7cAH/A==",
            "event_based_hold": false,
            "force_empty_content_type": null,
            "generation": 1756421193584668,
            "id": "terraops-europe-west9-tenant-data-tenants/tenant-003/data/processed/.gitkeep",
            "kms_key_name": "",
            "md5hash": "ZJ7TKDq2HXPnW2iZ7cAH/A==",
            "md5hexhash": "649ed3283ab61d73e75b6899edc007fc",
            "media_link": "https://storage.googleapis.com/download/storage/v1/b/terraops-europe-west9-tenant-data/o/tenants%2Ftenant-003%2Fdata%2Fprocessed%2F.gitkeep?generation=1756421193584668\u0026alt=media",
            "metadata": null,
            "name": "tenants/tenant-003/data/processed/.gitkeep",
            "output_name": "tenants/tenant-003/data/processed/.gitkeep",
            "retention": [],
            "self_link": "https://www.googleapis.com/storage/v1/b/terraops-europe-west9-tenant-data/o/tenants%2Ftenant-003%2Fdata%2Fprocessed%2F.gitkeep",
            "source": null,
            "source_md5hash": "",
            "storage_class": "NEARLINE",
            "temporary_hold": false,
            "timeouts": null
          },
          "sensitive_attributes": [
            [
              {
                "type": "get_attr",
                "value": "content"
              }
            ]
          ],
          "private": "eyJlMmJmYjczMC1lY2FhLTExZTYtOGY4OC0zNDM2M2JjN2M0YzAiOnsiY3JlYXRlIjoyNDAwMDAwMDAwMDAsImRlbGV0ZSI6MjQwMDAwMDAwMDAwLCJ1cGRhdGUiOjI0MDAwMDAwMDAwMH19",
          "dependencies": [
            "google_storage_bucket.tenant_buckets"
          ]
        },
        {
          "index_key": "europe-west9-tenants-tenant-003-data-raw-",
          "schema_version": 0,
          "attributes": {
            "bucket": "terraops-europe-west9-tenant-data",
            "cache_control": "",
            "content": "# Global multi-tenant folder structure maintained across all regions for scalable data processing",
            "content_disposition": "",
            "content_encoding": "",
            "content_language": "",
            "content_type": "text/plain; charset=utf-8",
            "crc32c": "mfVRCg==",
            "customer_encryption": [],
            "detect_md5hash": "ZJ7TKDq2HXPnW2iZ7cAH/A==",
            "event_based_hold": false,
            "force_empty_content_type": null,
            "generation": 1756421183673961,
            "id": "terraops-europe-west9-tenant-data-tenants/tenant-003/data/raw/.gitkeep",
            "kms_key_name": "",
            "md5hash": "ZJ7TKDq2HXPnW2iZ7cAH/A==",
            "md5hexhash": "649ed3283ab61d73e75b6899edc007fc",
            "media_link": "https://storage.googleapis.com/download/storage/v1/b/terraops-europe-west9-tenant-data/o/tenants%2Ftenant-003%2Fdata%2Fraw%2F.gitkeep?generation=1756421183673961\u0026alt=media",
            "metadata": null,
            "name": "tenants/tenant-003/data/raw/.gitkeep",
            "output_name": "tenants/tenant-003/data/raw/.gitkeep",
            "retention": [],
            "self_link": "https://www.googleapis.com/storage/v1/b/terraops-europe-west9-tenant-data/o/tenants%2Ftenant-003%2Fdata%2Fraw%2F.gitkeep",
            "source": null,
            "source_md5hash": "",
            "storage_class": "NEARLINE",
            "temporary_hold": false,
            "timeouts": null
          },
          "sensitive_attributes": [
            [
              {
                "type": "get_attr",
                "value": "content"
              }
            ]
          ],
          "private": "eyJlMmJmYjczMC1lY2FhLTExZTYtOGY4OC0zNDM2M2JjN2M0YzAiOnsiY3JlYXRlIjoyNDAwMDAwMDAwMDAsImRlbGV0ZSI6MjQwMDAwMDAwMDAwLCJ1cGRhdGUiOjI0MDAwMDAwMDAwMH19",
          "dependencies": [
            "google_storage_bucket.tenant_buckets"
          ]
        },
        {
          "index_key": "northamerica-northeast1-shared-",
          "schema_version": 0,
          "attributes": {
            "bucket": "terraops-northamerica-northeast1-tenant-data",
            "cache_control": "",
            "content": "# Global multi-tenant folder structure maintained across all regions for scalable data processing",
            "content_disposition": "",
            "content_encoding": "",
            "content_language": "",
            "content_type": "text/plain; charset=utf-8",
            "crc32c": "mfVRCg==",
            "customer_encryption": [],
            "detect_md5hash": "ZJ7TKDq2HXPnW2iZ7cAH/A==",
            "event_based_hold": false,
            "force_empty_content_type": null,
            "generation": 1756421194232758,
            "id": "terraops-northamerica-northeast1-tenant-data-shared/.gitkeep",
            "kms_key_name": "",
            "md5hash": "ZJ7TKDq2HXPnW2iZ7cAH/A==",
            "md5hexhash": "649ed3283ab61d73e75b6899edc007fc",
            "media_link": "https://storage.googleapis.com/download/storage/v1/b/terraops-northamerica-northeast1-tenant-data/o/shared%2F.gitkeep?generation=1756421194232758\u0026alt=media",
            "metadata": null,
            "name": "shared/.gitkeep",
            "output_name": "shared/.gitkeep",
            "retention": [],
            "self_link": "https://www.googleapis.com/storage/v1/b/terraops-northamerica-northeast1-tenant-data/o/shared%2F.gitkeep",
            "source": null,
            "source_md5hash": "",
            "storage_class": "NEARLINE",
            "temporary_hold": false,
            "timeouts": null
          },
          "sensitive_attributes": [
            [
              {
                "type": "get_attr",
                "value": "content"
              }
            ]
          ],
          "private": "eyJlMmJmYjczMC1lY2FhLTExZTYtOGY4OC0zNDM2M2JjN2M0YzAiOnsiY3JlYXRlIjoyNDAwMDAwMDAwMDAsImRlbGV0ZSI6MjQwMDAwMDAwMDAwLCJ1cGRhdGUiOjI0MDAwMDAwMDAwMH19",
          "dependencies": [
            "google_storage_bucket.tenant_buckets"
          ]
        },
        {
          "index_key": "northamerica-northeast1-shared-ml-models-",
          "schema_version": 0,
          "attributes": {
            "bucket": "terraops-northamerica-northeast1-tenant-data",
            "cache_control": "",
            "content": "# Global multi-tenant folder structure maintained across all regions for scalable data processing",
            "content_disposition": "",
            "content_encoding": "",
            "content_language": "",
            "content_type": "text/plain; charset=utf-8",
            "crc32c": "mfVRCg==",
            "customer_encryption": [],
            "detect_md5hash": "ZJ7TKDq2HXPnW2iZ7cAH/A==",
            "event_based_hold": false,
            "force_empty_content_type": null,
            "generation": 1756421192716069,
            "id": "terraops-northamerica-northeast1-tenant-data-shared/ml-models/.gitkeep",
            "kms_key_name": "",
            "md5hash": "ZJ7TKDq2HXPnW2iZ7cAH/A==",
            "md5hexhash": "649ed3283ab61d73e75b6899edc007fc",
            "media_link": "https://storage.googleapis.com/download/storage/v1/b/terraops-northamerica-northeast1-tenant-data/o/shared%2Fml-models%2F.gitkeep?generation=1756421192716069\u0026alt=media",
            "metadata": null,
            "name": "shared/ml-models/.gitkeep",
            "output_name": "shared/ml-models/.gitkeep",
            "retention": [],
            "self_link": "https://www.googleapis.com/storage/v1/b/terraops-northamerica-northeast1-tenant-data/o/shared%2Fml-models%2F.gitkeep",
            "source": null,
            "source_md5hash": "",
            "storage_class": "NEARLINE",
            "temporary_hold": false,
            "timeouts": null
          },
          "sensitive_attributes": [
            [
              {
                "type": "get_attr",
                "value": "content"
              }
            ]
          ],
          "private": "eyJlMmJmYjczMC1lY2FhLTExZTYtOGY4OC0zNDM2M2JjN2M0YzAiOnsiY3JlYXRlIjoyNDAwMDAwMDAwMDAsImRlbGV0ZSI6MjQwMDAwMDAwMDAwLCJ1cGRhdGUiOjI0MDAwMDAwMDAwMH19",
          "dependencies": [
            "google_storage_bucket.tenant_buckets"
          ]
        },
        {
          "index_key": "northamerica-northeast1-shared-reference-data-",
          "schema_version": 0,
          "attributes": {
            "bucket": "terraops-northamerica-northeast1-tenant-data",
            "cache_control": "",
            "content": "# Global multi-tenant folder structure maintained across all regions for scalable data processing",
            "content_disposition": "",
            "content_encoding": "",
            "content_language": "",
            "content_type": "text/plain; charset=utf-8",
            "crc32c": "mfVRCg==",
            "customer_encryption": [],
            "detect_md5hash": "ZJ7TKDq2HXPnW2iZ7cAH/A==",
            "event_based_hold": false,
            "force_empty_content_type": null,
            "generation": 1756421175907433,
            "id": "terraops-northamerica-northeast1-tenant-data-shared/reference-data/.gitkeep",
            "kms_key_name": "",
            "md5hash": "ZJ7TKDq2HXPnW2iZ7cAH/A==",
            "md5hexhash": "649ed3283ab61d73e75b6899edc007fc",
            "media_link": "https://storage.googleapis.com/download/storage/v1/b/terraops-northamerica-northeast1-tenant-data/o/shared%2Freference-data%2F.gitkeep?generation=1756421175907433\u0026alt=media",
            "metadata": null,
            "name": "shared/reference-data/.gitkeep",
            "output_name": "shared/reference-data/.gitkeep",
            "retention": [],
            "self_link": "https://www.googleapis.com/storage/v1/b/terraops-northamerica-northeast1-tenant-data/o/shared%2Freference-data%2F.gitkeep",
            "source": null,
            "source_md5hash": "",
            "storage_class": "NEARLINE",
            "temporary_hold": false,
            "timeouts": null
          },
          "sensitive_attributes": [
            [
              {
                "type": "get_attr",
                "value": "content"
              }
            ]
          ],
          "private": "eyJlMmJmYjczMC1lY2FhLTExZTYtOGY4OC0zNDM2M2JjN2M0YzAiOnsiY3JlYXRlIjoyNDAwMDAwMDAwMDAsImRlbGV0ZSI6MjQwMDAwMDAwMDAwLCJ1cGRhdGUiOjI0MDAwMDAwMDAwMH19",
          "dependencies": [
            "google_storage_bucket.tenant_buckets"
          ]
        },
        {
          "index_key": "northamerica-northeast1-shared-reference-data-countries-",
          "schema_version": 0,
          "attributes": {
            "bucket": "terraops-northamerica-northeast1-tenant-data",
            "cache_control": "",
            "content": "# Global multi-tenant folder structure maintained across all regions for scalable data processing",
            "content_disposition": "",
            "content_encoding": "",
            "content_language": "",
            "content_type": "text/plain; charset=utf-8",
            "crc32c": "mfVRCg==",
            "customer_encryption": [],
            "detect_md5hash": "ZJ7TKDq2HXPnW2iZ7cAH/A==",
            "event_based_hold": false,
            "force_empty_content_type": null,
            "generation": 1756421198683758,
            "id": "terraops-northamerica-northeast1-tenant-data-shared/reference-data/countries/.gitkeep",
            "kms_key_name": "",
            "md5hash": "ZJ7TKDq2HXPnW2iZ7cAH/A==",
            "md5hexhash": "649ed3283ab61d73e75b6899edc007fc",
            "media_link": "https://storage.googleapis.com/download/storage/v1/b/terraops-northamerica-northeast1-tenant-data/o/shared%2Freference-data%2Fcountries%2F.gitkeep?generation=1756421198683758\u0026alt=media",
            "metadata": null,
            "name": "shared/reference-data/countries/.gitkeep",
            "output_name": "shared/reference-data/countries/.gitkeep",
            "retention": [],
            "self_link": "https://www.googleapis.com/storage/v1/b/terraops-northamerica-northeast1-tenant-data/o/shared%2Freference-data%2Fcountries%2F.gitkeep",
            "source": null,
            "source_md5hash": "",
            "storage_class": "NEARLINE",
            "temporary_hold": false,
            "timeouts": null
          },
          "sensitive_attributes": [
            [
              {
                "type": "get_attr",
                "value": "content"
              }
            ]
          ],
          "private": "eyJlMmJmYjczMC1lY2FhLTExZTYtOGY4OC0zNDM2M2JjN2M0YzAiOnsiY3JlYXRlIjoyNDAwMDAwMDAwMDAsImRlbGV0ZSI6MjQwMDAwMDAwMDAwLCJ1cGRhdGUiOjI0MDAwMDAwMDAwMH19",
          "dependencies": [
            "google_storage_bucket.tenant_buckets"
          ]
        },
        {
          "index_key": "northamerica-northeast1-shared-reference-data-currencies-",
          "schema_version": 0,
          "attributes": {
            "bucket": "terraops-northamerica-northeast1-tenant-data",
            "cache_control": "",
            "content": "# Global multi-tenant folder structure maintained across all regions for scalable data processing",
            "content_disposition": "",
            "content_encoding": "",
            "content_language": "",
            "content_type": "text/plain; charset=utf-8",
            "crc32c": "mfVRCg==",
            "customer_encryption": [],
            "detect_md5hash": "ZJ7TKDq2HXPnW2iZ7cAH/A==",
            "event_based_hold": false,
            "force_empty_content_type": null,
            "generation": 1756421185664043,
            "id": "terraops-northamerica-northeast1-tenant-data-shared/reference-data/currencies/.gitkeep",
            "kms_key_name": "",
            "md5hash": "ZJ7TKDq2HXPnW2iZ7cAH/A==",
            "md5hexhash": "649ed3283ab61d73e75b6899edc007fc",
            "media_link": "https://storage.googleapis.com/download/storage/v1/b/terraops-northamerica-northeast1-tenant-data/o/shared%2Freference-data%2Fcurrencies%2F.gitkeep?generation=1756421185664043\u0026alt=media",
            "metadata": null,
            "name": "shared/reference-data/currencies/.gitkeep",
            "output_name": "shared/reference-data/currencies/.gitkeep",
            "retention": [],
            "self_link": "https://www.googleapis.com/storage/v1/b/terraops-northamerica-northeast1-tenant-data/o/shared%2Freference-data%2Fcurrencies%2F.gitkeep",
            "source": null,
            "source_md5hash": "",
            "storage_class": "NEARLINE",
            "temporary_hold": false,
            "timeouts": null
          },
          "sensitive_attributes": [
            [
              {
                "type": "get_attr",
                "value": "content"
              }
            ]
          ],
          "private": "eyJlMmJmYjczMC1lY2FhLTExZTYtOGY4OC0zNDM2M2JjN2M0YzAiOnsiY3JlYXRlIjoyNDAwMDAwMDAwMDAsImRlbGV0ZSI6MjQwMDAwMDAwMDAwLCJ1cGRhdGUiOjI0MDAwMDAwMDAwMH19",
          "dependencies": [
            "google_storage_bucket.tenant_buckets"
          ]
        },
        {
          "index_key": "northamerica-northeast1-shared-reference-data-exchange-rates-",
          "schema_version": 0,
          "attributes": {
            "bucket": "terraops-northamerica-northeast1-tenant-data",
            "cache_control": "",
            "content": "# Global multi-tenant folder structure maintained across all regions for scalable data processing",
            "content_disposition": "",
            "content_encoding": "",
            "content_language": "",
            "content_type": "text/plain; charset=utf-8",
            "crc32c": "mfVRCg==",
            "customer_encryption": [],
            "detect_md5hash": "ZJ7TKDq2HXPnW2iZ7cAH/A==",
            "event_based_hold": false,
            "force_empty_content_type": null,
            "generation": 1756421186186386,
            "id": "terraops-northamerica-northeast1-tenant-data-shared/reference-data/exchange-rates/.gitkeep",
            "kms_key_name": "",
            "md5hash": "ZJ7TKDq2HXPnW2iZ7cAH/A==",
            "md5hexhash": "649ed3283ab61d73e75b6899edc007fc",
            "media_link": "https://storage.googleapis.com/download/storage/v1/b/terraops-northamerica-northeast1-tenant-data/o/shared%2Freference-data%2Fexchange-rates%2F.gitkeep?generation=1756421186186386\u0026alt=media",
            "metadata": null,
            "name": "shared/reference-data/exchange-rates/.gitkeep",
            "output_name": "shared/reference-data/exchange-rates/.gitkeep",
            "retention": [],
            "self_link": "https://www.googleapis.com/storage/v1/b/terraops-northamerica-northeast1-tenant-data/o/shared%2Freference-data%2Fexchange-rates%2F.gitkeep",
            "source": null,
            "source_md5hash": "",
            "storage_class": "NEARLINE",
            "temporary_hold": false,
            "timeouts": null
          },
          "sensitive_attributes": [
            [
              {
                "type": "get_attr",
                "value": "content"
              }
            ]
          ],
          "private": "eyJlMmJmYjczMC1lY2FhLTExZTYtOGY4OC0zNDM2M2JjN2M0YzAiOnsiY3JlYXRlIjoyNDAwMDAwMDAwMDAsImRlbGV0ZSI6MjQwMDAwMDAwMDAwLCJ1cGRhdGUiOjI0MDAwMDAwMDAwMH19",
          "dependencies": [
            "google_storage_bucket.tenant_buckets"
          ]
        },
        {
          "index_key": "northamerica-northeast1-tenants-",
          "schema_version": 0,
          "attributes": {
            "bucket": "terraops-northamerica-northeast1-tenant-data",
            "cache_control": "",
            "content": "# Global multi-tenant folder structure maintained across all regions for scalable data processing",
            "content_disposition": "",
            "content_encoding": "",
            "content_language": "",
            "content_type": "text/plain; charset=utf-8",
            "crc32c": "mfVRCg==",
            "customer_encryption": [],
            "detect_md5hash": "ZJ7TKDq2HXPnW2iZ7cAH/A==",
            "event_based_hold": false,
            "force_empty_content_type": null,
            "generation": 1756421196967899,
            "id": "terraops-northamerica-northeast1-tenant-data-tenants/.gitkeep",
            "kms_key_name": "",
            "md5hash": "ZJ7TKDq2HXPnW2iZ7cAH/A==",
            "md5hexhash": "649ed3283ab61d73e75b6899edc007fc",
            "media_link": "https://storage.googleapis.com/download/storage/v1/b/terraops-northamerica-northeast1-tenant-data/o/tenants%2F.gitkeep?generation=1756421196967899\u0026alt=media",
            "metadata": null,
            "name": "tenants/.gitkeep",
            "output_name": "tenants/.gitkeep",
            "retention": [],
            "self_link": "https://www.googleapis.com/storage/v1/b/terraops-northamerica-northeast1-tenant-data/o/tenants%2F.gitkeep",
            "source": null,
            "source_md5hash": "",
            "storage_class": "NEARLINE",
            "temporary_hold": false,
            "timeouts": null
          },
          "sensitive_attributes": [
            [
              {
                "type": "get_attr",
                "value": "content"
              }
            ]
          ],
          "private": "eyJlMmJmYjczMC1lY2FhLTExZTYtOGY4OC0zNDM2M2JjN2M0YzAiOnsiY3JlYXRlIjoyNDAwMDAwMDAwMDAsImRlbGV0ZSI6MjQwMDAwMDAwMDAwLCJ1cGRhdGUiOjI0MDAwMDAwMDAwMH19",
          "dependencies": [
            "google_storage_bucket.tenant_buckets"
          ]
        },
        {
          "index_key": "northamerica-northeast1-tenants-business-domains-",
          "schema_version": 0,
          "attributes": {
            "bucket": "terraops-northamerica-northeast1-tenant-data",
            "cache_control": "",
            "content": "# Global multi-tenant folder structure maintained across all regions for scalable data processing",
            "content_disposition": "",
            "content_encoding": "",
            "content_language": "",
            "content_type": "text/plain; charset=utf-8",
            "crc32c": "mfVRCg==",
            "customer_encryption": [],
            "detect_md5hash": "ZJ7TKDq2HXPnW2iZ7cAH/A==",
            "event_based_hold": false,
            "force_empty_content_type": null,
            "generation": 1756421183896240,
            "id": "terraops-northamerica-northeast1-tenant-data-tenants/business-domains/.gitkeep",
            "kms_key_name": "",
            "md5hash": "ZJ7TKDq2HXPnW2iZ7cAH/A==",
            "md5hexhash": "649ed3283ab61d73e75b6899edc007fc",
            "media_link": "https://storage.googleapis.com/download/storage/v1/b/terraops-northamerica-northeast1-tenant-data/o/tenants%2Fbusiness-domains%2F.gitkeep?generation=1756421183896240\u0026alt=media",
            "metadata": null,
            "name": "tenants/business-domains/.gitkeep",
            "output_name": "tenants/business-domains/.gitkeep",
            "retention": [],
            "self_link": "https://www.googleapis.com/storage/v1/b/terraops-northamerica-northeast1-tenant-data/o/tenants%2Fbusiness-domains%2F.gitkeep",
            "source": null,
            "source_md5hash": "",
            "storage_class": "NEARLINE",
            "temporary_hold": false,
            "timeouts": null
          },
          "sensitive_attributes": [
            [
              {
                "type": "get_attr",
                "value": "content"
              }
            ]
          ],
          "private": "eyJlMmJmYjczMC1lY2FhLTExZTYtOGY4OC0zNDM2M2JjN2M0YzAiOnsiY3JlYXRlIjoyNDAwMDAwMDAwMDAsImRlbGV0ZSI6MjQwMDAwMDAwMDAwLCJ1cGRhdGUiOjI0MDAwMDAwMDAwMH19",
          "dependencies": [
            "google_storage_bucket.tenant_buckets"
          ]
        },
        {
          "index_key": "northamerica-northeast1-tenants-tenant-001-",
          "schema_version": 0,
          "attributes": {
            "bucket": "terraops-northamerica-northeast1-tenant-data",
            "cache_control": "",
            "content": "# Global multi-tenant folder structure maintained across all regions for scalable data processing",
            "content_disposition": "",
            "content_encoding": "",
            "content_language": "",
            "content_type": "text/plain; charset=utf-8",
            "crc32c": "mfVRCg==",
            "customer_encryption": [],
            "detect_md5hash": "ZJ7TKDq2HXPnW2iZ7cAH/A==",
            "event_based_hold": false,
            "force_empty_content_type": null,
            "generation": 1756421184437508,
            "id": "terraops-northamerica-northeast1-tenant-data-tenants/tenant-001/.gitkeep",
            "kms_key_name": "",
            "md5hash": "ZJ7TKDq2HXPnW2iZ7cAH/A==",
            "md5hexhash": "649ed3283ab61d73e75b6899edc007fc",
            "media_link": "https://storage.googleapis.com/download/storage/v1/b/terraops-northamerica-northeast1-tenant-data/o/tenants%2Ftenant-001%2F.gitkeep?generation=1756421184437508\u0026alt=media",
            "metadata": null,
            "name": "tenants/tenant-001/.gitkeep",
            "output_name": "tenants/tenant-001/.gitkeep",
            "retention": [],
            "self_link": "https://www.googleapis.com/storage/v1/b/terraops-northamerica-northeast1-tenant-data/o/tenants%2Ftenant-001%2F.gitkeep",
            "source": null,
            "source_md5hash": "",
            "storage_class": "NEARLINE",
            "temporary_hold": false,
            "timeouts": null
          },
          "sensitive_attributes": [
            [
              {
                "type": "get_attr",
                "value": "content"
              }
            ]
          ],
          "private": "eyJlMmJmYjczMC1lY2FhLTExZTYtOGY4OC0zNDM2M2JjN2M0YzAiOnsiY3JlYXRlIjoyNDAwMDAwMDAwMDAsImRlbGV0ZSI6MjQwMDAwMDAwMDAwLCJ1cGRhdGUiOjI0MDAwMDAwMDAwMH19",
          "dependencies": [
            "google_storage_bucket.tenant_buckets"
          ]
        },
        {
          "index_key": "northamerica-northeast1-tenants-tenant-001-data-",
          "schema_version": 0,
          "attributes": {
            "bucket": "terraops-northamerica-northeast1-tenant-data",
            "cache_control": "",
            "content": "# Global multi-tenant folder structure maintained across all regions for scalable data processing",
            "content_disposition": "",
            "content_encoding": "",
            "content_language": "",
            "content_type": "text/plain; charset=utf-8",
            "crc32c": "mfVRCg==",
            "customer_encryption": [],
            "detect_md5hash": "ZJ7TKDq2HXPnW2iZ7cAH/A==",
            "event_based_hold": false,
            "force_empty_content_type": null,
            "generation": 1756421183599773,
            "id": "terraops-northamerica-northeast1-tenant-data-tenants/tenant-001/data/.gitkeep",
            "kms_key_name": "",
            "md5hash": "ZJ7TKDq2HXPnW2iZ7cAH/A==",
            "md5hexhash": "649ed3283ab61d73e75b6899edc007fc",
            "media_link": "https://storage.googleapis.com/download/storage/v1/b/terraops-northamerica-northeast1-tenant-data/o/tenants%2Ftenant-001%2Fdata%2F.gitkeep?generation=1756421183599773\u0026alt=media",
            "metadata": null,
            "name": "tenants/tenant-001/data/.gitkeep",
            "output_name": "tenants/tenant-001/data/.gitkeep",
            "retention": [],
            "self_link": "https://www.googleapis.com/storage/v1/b/terraops-northamerica-northeast1-tenant-data/o/tenants%2Ftenant-001%2Fdata%2F.gitkeep",
            "source": null,
            "source_md5hash": "",
            "storage_class": "NEARLINE",
            "temporary_hold": false,
            "timeouts": null
          },
          "sensitive_attributes": [
            [
              {
                "type": "get_attr",
                "value": "content"
              }
            ]
          ],
          "private": "eyJlMmJmYjczMC1lY2FhLTExZTYtOGY4OC0zNDM2M2JjN2M0YzAiOnsiY3JlYXRlIjoyNDAwMDAwMDAwMDAsImRlbGV0ZSI6MjQwMDAwMDAwMDAwLCJ1cGRhdGUiOjI0MDAwMDAwMDAwMH19",
          "dependencies": [
            "google_storage_bucket.tenant_buckets"
          ]
        },
        {
          "index_key": "northamerica-northeast1-tenants-tenant-001-data-bad-records-",
          "schema_version": 0,
          "attributes": {
            "bucket": "terraops-northamerica-northeast1-tenant-data",
            "cache_control": "",
            "content": "# Global multi-tenant folder structure maintained across all regions for scalable data processing",
            "content_disposition": "",
            "content_encoding": "",
            "content_language": "",
            "content_type": "text/plain; charset=utf-8",
            "crc32c": "mfVRCg==",
            "customer_encryption": [],
            "detect_md5hash": "ZJ7TKDq2HXPnW2iZ7cAH/A==",
            "event_based_hold": false,
            "force_empty_content_type": null,
            "generation": 1756421198537194,
            "id": "terraops-northamerica-northeast1-tenant-data-tenants/tenant-001/data/bad-records/.gitkeep",
            "kms_key_name": "",
            "md5hash": "ZJ7TKDq2HXPnW2iZ7cAH/A==",
            "md5hexhash": "649ed3283ab61d73e75b6899edc007fc",
            "media_link": "https://storage.googleapis.com/download/storage/v1/b/terraops-northamerica-northeast1-tenant-data/o/tenants%2Ftenant-001%2Fdata%2Fbad-records%2F.gitkeep?generation=1756421198537194\u0026alt=media",
            "metadata": null,
            "name": "tenants/tenant-001/data/bad-records/.gitkeep",
            "output_name": "tenants/tenant-001/data/bad-records/.gitkeep",
            "retention": [],
            "self_link": "https://www.googleapis.com/storage/v1/b/terraops-northamerica-northeast1-tenant-data/o/tenants%2Ftenant-001%2Fdata%2Fbad-records%2F.gitkeep",
            "source": null,
            "source_md5hash": "",
            "storage_class": "NEARLINE",
            "temporary_hold": false,
            "timeouts": null
          },
          "sensitive_attributes": [
            [
              {
                "type": "get_attr",
                "value": "content"
              }
            ]
          ],
          "private": "eyJlMmJmYjczMC1lY2FhLTExZTYtOGY4OC0zNDM2M2JjN2M0YzAiOnsiY3JlYXRlIjoyNDAwMDAwMDAwMDAsImRlbGV0ZSI6MjQwMDAwMDAwMDAwLCJ1cGRhdGUiOjI0MDAwMDAwMDAwMH19",
          "dependencies": [
            "google_storage_bucket.tenant_buckets"
          ]
        },
        {
          "index_key": "northamerica-northeast1-tenants-tenant-001-data-processed-",
          "schema_version": 0,
          "attributes": {
            "bucket": "terraops-northamerica-northeast1-tenant-data",
            "cache_control": "",
            "content": "# Global multi-tenant folder structure maintained across all regions for scalable data processing",
            "content_disposition": "",
            "content_encoding": "",
            "content_language": "",
            "content_type": "text/plain; charset=utf-8",
            "crc32c": "mfVRCg==",
            "customer_encryption": [],
            "detect_md5hash": "ZJ7TKDq2HXPnW2iZ7cAH/A==",
            "event_based_hold": false,
            "force_empty_content_type": null,
            "generation": 1756421197936765,
            "id": "terraops-northamerica-northeast1-tenant-data-tenants/tenant-001/data/processed/.gitkeep",
            "kms_key_name": "",
            "md5hash": "ZJ7TKDq2HXPnW2iZ7cAH/A==",
            "md5hexhash": "649ed3283ab61d73e75b6899edc007fc",
            "media_link": "https://storage.googleapis.com/download/storage/v1/b/terraops-northamerica-northeast1-tenant-data/o/tenants%2Ftenant-001%2Fdata%2Fprocessed%2F.gitkeep?generation=1756421197936765\u0026alt=media",
            "metadata": null,
            "name": "tenants/tenant-001/data/processed/.gitkeep",
            "output_name": "tenants/tenant-001/data/processed/.gitkeep",
            "retention": [],
            "self_link": "https://www.googleapis.com/storage/v1/b/terraops-northamerica-northeast1-tenant-data/o/tenants%2Ftenant-001%2Fdata%2Fprocessed%2F.gitkeep",
            "source": null,
            "source_md5hash": "",
            "storage_class": "NEARLINE",
            "temporary_hold": false,
            "timeouts": null
          },
          "sensitive_attributes": [
            [
              {
                "type": "get_attr",
                "value": "content"
              }
            ]
          ],
          "private": "eyJlMmJmYjczMC1lY2FhLTExZTYtOGY4OC0zNDM2M2JjN2M0YzAiOnsiY3JlYXRlIjoyNDAwMDAwMDAwMDAsImRlbGV0ZSI6MjQwMDAwMDAwMDAwLCJ1cGRhdGUiOjI0MDAwMDAwMDAwMH19",
          "dependencies": [
            "google_storage_bucket.tenant_buckets"
          ]
        },
        {
          "index_key": "northamerica-northeast1-tenants-tenant-001-data-raw-",
          "schema_version": 0,
          "attributes": {
            "bucket": "terraops-northamerica-northeast1-tenant-data",
            "cache_control": "",
            "content": "# Global multi-tenant folder structure maintained across all regions for scalable data processing",
            "content_disposition": "",
            "content_encoding": "",
            "content_language": "",
            "content_type": "text/plain; charset=utf-8",
            "crc32c": "mfVRCg==",
            "customer_encryption": [],
            "detect_md5hash": "ZJ7TKDq2HXPnW2iZ7cAH/A==",
            "event_based_hold": false,
            "force_empty_content_type": null,
            "generation": 1756421183334720,
            "id": "terraops-northamerica-northeast1-tenant-data-tenants/tenant-001/data/raw/.gitkeep",
            "kms_key_name": "",
            "md5hash": "ZJ7TKDq2HXPnW2iZ7cAH/A==",
            "md5hexhash": "649ed3283ab61d73e75b6899edc007fc",
            "media_link": "https://storage.googleapis.com/download/storage/v1/b/terraops-northamerica-northeast1-tenant-data/o/tenants%2Ftenant-001%2Fdata%2Fraw%2F.gitkeep?generation=1756421183334720\u0026alt=media",
            "metadata": null,
            "name": "tenants/tenant-001/data/raw/.gitkeep",
            "output_name": "tenants/tenant-001/data/raw/.gitkeep",
            "retention": [],
            "self_link": "https://www.googleapis.com/storage/v1/b/terraops-northamerica-northeast1-tenant-data/o/tenants%2Ftenant-001%2Fdata%2Fraw%2F.gitkeep",
            "source": null,
            "source_md5hash": "",
            "storage_class": "NEARLINE",
            "temporary_hold": false,
            "timeouts": null
          },
          "sensitive_attributes": [
            [
              {
                "type": "get_attr",
                "value": "content"
              }
            ]
          ],
          "private": "eyJlMmJmYjczMC1lY2FhLTExZTYtOGY4OC0zNDM2M2JjN2M0YzAiOnsiY3JlYXRlIjoyNDAwMDAwMDAwMDAsImRlbGV0ZSI6MjQwMDAwMDAwMDAwLCJ1cGRhdGUiOjI0MDAwMDAwMDAwMH19",
          "dependencies": [
            "google_storage_bucket.tenant_buckets"
          ]
        },
        {
          "index_key": "northamerica-northeast1-tenants-tenant-002-",
          "schema_version": 0,
          "attributes": {
            "bucket": "terraops-northamerica-northeast1-tenant-data",
            "cache_control": "",
            "content": "# Global multi-tenant folder structure maintained across all regions for scalable data processing",
            "content_disposition": "",
            "content_encoding": "",
            "content_language": "",
            "content_type": "text/plain; charset=utf-8",
            "crc32c": "mfVRCg==",
            "customer_encryption": [],
            "detect_md5hash": "ZJ7TKDq2HXPnW2iZ7cAH/A==",
            "event_based_hold": false,
            "force_empty_content_type": null,
            "generation": 1756421196307776,
            "id": "terraops-northamerica-northeast1-tenant-data-tenants/tenant-002/.gitkeep",
            "kms_key_name": "",
            "md5hash": "ZJ7TKDq2HXPnW2iZ7cAH/A==",
            "md5hexhash": "649ed3283ab61d73e75b6899edc007fc",
            "media_link": "https://storage.googleapis.com/download/storage/v1/b/terraops-northamerica-northeast1-tenant-data/o/tenants%2Ftenant-002%2F.gitkeep?generation=1756421196307776\u0026alt=media",
            "metadata": null,
            "name": "tenants/tenant-002/.gitkeep",
            "output_name": "tenants/tenant-002/.gitkeep",
            "retention": [],
            "self_link": "https://www.googleapis.com/storage/v1/b/terraops-northamerica-northeast1-tenant-data/o/tenants%2Ftenant-002%2F.gitkeep",
            "source": null,
            "source_md5hash": "",
            "storage_class": "NEARLINE",
            "temporary_hold": false,
            "timeouts": null
          },
          "sensitive_attributes": [
            [
              {
                "type": "get_attr",
                "value": "content"
              }
            ]
          ],
          "private": "eyJlMmJmYjczMC1lY2FhLTExZTYtOGY4OC0zNDM2M2JjN2M0YzAiOnsiY3JlYXRlIjoyNDAwMDAwMDAwMDAsImRlbGV0ZSI6MjQwMDAwMDAwMDAwLCJ1cGRhdGUiOjI0MDAwMDAwMDAwMH19",
          "dependencies": [
            "google_storage_bucket.tenant_buckets"
          ]
        },
        {
          "index_key": "northamerica-northeast1-tenants-tenant-002-data-",
          "schema_version": 0,
          "attributes": {
            "bucket": "terraops-northamerica-northeast1-tenant-data",
            "cache_control": "",
            "content": "# Global multi-tenant folder structure maintained across all regions for scalable data processing",
            "content_disposition": "",
            "content_encoding": "",
            "content_language": "",
            "content_type": "text/plain; charset=utf-8",
            "crc32c": "mfVRCg==",
            "customer_encryption": [],
            "detect_md5hash": "ZJ7TKDq2HXPnW2iZ7cAH/A==",
            "event_based_hold": false,
            "force_empty_content_type": null,
            "generation": 1756421185620642,
            "id": "terraops-northamerica-northeast1-tenant-data-tenants/tenant-002/data/.gitkeep",
            "kms_key_name": "",
            "md5hash": "ZJ7TKDq2HXPnW2iZ7cAH/A==",
            "md5hexhash": "649ed3283ab61d73e75b6899edc007fc",
            "media_link": "https://storage.googleapis.com/download/storage/v1/b/terraops-northamerica-northeast1-tenant-data/o/tenants%2Ftenant-002%2Fdata%2F.gitkeep?generation=1756421185620642\u0026alt=media",
            "metadata": null,
            "name": "tenants/tenant-002/data/.gitkeep",
            "output_name": "tenants/tenant-002/data/.gitkeep",
            "retention": [],
            "self_link": "https://www.googleapis.com/storage/v1/b/terraops-northamerica-northeast1-tenant-data/o/tenants%2Ftenant-002%2Fdata%2F.gitkeep",
            "source": null,
            "source_md5hash": "",
            "storage_class": "NEARLINE",
            "temporary_hold": false,
            "timeouts": null
          },
          "sensitive_attributes": [
            [
              {
                "type": "get_attr",
                "value": "content"
              }
            ]
          ],
          "private": "eyJlMmJmYjczMC1lY2FhLTExZTYtOGY4OC0zNDM2M2JjN2M0YzAiOnsiY3JlYXRlIjoyNDAwMDAwMDAwMDAsImRlbGV0ZSI6MjQwMDAwMDAwMDAwLCJ1cGRhdGUiOjI0MDAwMDAwMDAwMH19",
          "dependencies": [
            "google_storage_bucket.tenant_buckets"
          ]
        },
        {
          "index_key": "northamerica-northeast1-tenants-tenant-002-data-bad-records-",
          "schema_version": 0,
          "attributes": {
            "bucket": "terraops-northamerica-northeast1-tenant-data",
            "cache_control": "",
            "content": "# Global multi-tenant folder structure maintained across all regions for scalable data processing",
            "content_disposition": "",
            "content_encoding": "",
            "content_language": "",
            "content_type": "text/plain; charset=utf-8",
            "crc32c": "mfVRCg==",
            "customer_encryption": [],
            "detect_md5hash": "ZJ7TKDq2HXPnW2iZ7cAH/A==",
            "event_based_hold": false,
            "force_empty_content_type": null,
            "generation": 1756421185686114,
            "id": "terraops-northamerica-northeast1-tenant-data-tenants/tenant-002/data/bad-records/.gitkeep",
            "kms_key_name": "",
            "md5hash": "ZJ7TKDq2HXPnW2iZ7cAH/A==",
            "md5hexhash": "649ed3283ab61d73e75b6899edc007fc",
            "media_link": "https://storage.googleapis.com/download/storage/v1/b/terraops-northamerica-northeast1-tenant-data/o/tenants%2Ftenant-002%2Fdata%2Fbad-records%2F.gitkeep?generation=1756421185686114\u0026alt=media",
            "metadata": null,
            "name": "tenants/tenant-002/data/bad-records/.gitkeep",
            "output_name": "tenants/tenant-002/data/bad-records/.gitkeep",
            "retention": [],
            "self_link": "https://www.googleapis.com/storage/v1/b/terraops-northamerica-northeast1-tenant-data/o/tenants%2Ftenant-002%2Fdata%2Fbad-records%2F.gitkeep",
            "source": null,
            "source_md5hash": "",
            "storage_class": "NEARLINE",
            "temporary_hold": false,
            "timeouts": null
          },
          "sensitive_attributes": [
            [
              {
                "type": "get_attr",
                "value": "content"
              }
            ]
          ],
          "private": "eyJlMmJmYjczMC1lY2FhLTExZTYtOGY4OC0zNDM2M2JjN2M0YzAiOnsiY3JlYXRlIjoyNDAwMDAwMDAwMDAsImRlbGV0ZSI6MjQwMDAwMDAwMDAwLCJ1cGRhdGUiOjI0MDAwMDAwMDAwMH19",
          "dependencies": [
            "google_storage_bucket.tenant_buckets"
          ]
        },
        {
          "index_key": "northamerica-northeast1-tenants-tenant-002-data-processed-",
          "schema_version": 0,
          "attributes": {
            "bucket": "terraops-northamerica-northeast1-tenant-data",
            "cache_control": "",
            "content": "# Global multi-tenant folder structure maintained across all regions for scalable data processing",
            "content_disposition": "",
            "content_encoding": "",
            "content_language": "",
            "content_type": "text/plain; charset=utf-8",
            "crc32c": "mfVRCg==",
            "customer_encryption": [],
            "detect_md5hash": "ZJ7TKDq2HXPnW2iZ7cAH/A==",
            "event_based_hold": false,
            "force_empty_content_type": null,
            "generation": 1756421187895146,
            "id": "terraops-northamerica-northeast1-tenant-data-tenants/tenant-002/data/processed/.gitkeep",
            "kms_key_name": "",
            "md5hash": "ZJ7TKDq2HXPnW2iZ7cAH/A==",
            "md5hexhash": "649ed3283ab61d73e75b6899edc007fc",
            "media_link": "https://storage.googleapis.com/download/storage/v1/b/terraops-northamerica-northeast1-tenant-data/o/tenants%2Ftenant-002%2Fdata%2Fprocessed%2F.gitkeep?generation=1756421187895146\u0026alt=media",
            "metadata": null,
            "name": "tenants/tenant-002/data/processed/.gitkeep",
            "output_name": "tenants/tenant-002/data/processed/.gitkeep",
            "retention": [],
            "self_link": "https://www.googleapis.com/storage/v1/b/terraops-northamerica-northeast1-tenant-data/o/tenants%2Ftenant-002%2Fdata%2Fprocessed%2F.gitkeep",
            "source": null,
            "source_md5hash": "",
            "storage_class": "NEARLINE",
            "temporary_hold": false,
            "timeouts": null
          },
          "sensitive_attributes": [
            [
              {
                "type": "get_attr",
                "value": "content"
              }
            ]
          ],
          "private": "eyJlMmJmYjczMC1lY2FhLTExZTYtOGY4OC0zNDM2M2JjN2M0YzAiOnsiY3JlYXRlIjoyNDAwMDAwMDAwMDAsImRlbGV0ZSI6MjQwMDAwMDAwMDAwLCJ1cGRhdGUiOjI0MDAwMDAwMDAwMH19",
          "dependencies": [
            "google_storage_bucket.tenant_buckets"
          ]
        },
        {
          "index_key": "northamerica-northeast1-tenants-tenant-002-data-raw-",
          "schema_version": 0,
          "attributes": {
            "bucket": "terraops-northamerica-northeast1-tenant-data",
            "cache_control": "",
            "content": "# Global multi-tenant folder structure maintained across all regions for scalable data processing",
            "content_disposition": "",
            "content_encoding": "",
            "content_language": "",
            "content_type": "text/plain; charset=utf-8",
            "crc32c": "mfVRCg==",
            "customer_encryption": [],
            "detect_md5hash": "ZJ7TKDq2HXPnW2iZ7cAH/A==",
            "event_based_hold": false,
            "force_empty_content_type": null,
            "generation": 1756421179919468,
            "id": "terraops-northamerica-northeast1-tenant-data-tenants/tenant-002/data/raw/.gitkeep",
            "kms_key_name": "",
            "md5hash": "ZJ7TKDq2HXPnW2iZ7cAH/A==",
            "md5hexhash": "649ed3283ab61d73e75b6899edc007fc",
            "media_link": "https://storage.googleapis.com/download/storage/v1/b/terraops-northamerica-northeast1-tenant-data/o/tenants%2Ftenant-002%2Fdata%2Fraw%2F.gitkeep?generation=1756421179919468\u0026alt=media",
            "metadata": null,
            "name": "tenants/tenant-002/data/raw/.gitkeep",
            "output_name": "tenants/tenant-002/data/raw/.gitkeep",
            "retention": [],
            "self_link": "https://www.googleapis.com/storage/v1/b/terraops-northamerica-northeast1-tenant-data/o/tenants%2Ftenant-002%2Fdata%2Fraw%2F.gitkeep",
            "source": null,
            "source_md5hash": "",
            "storage_class": "NEARLINE",
            "temporary_hold": false,
            "timeouts": null
          },
          "sensitive_attributes": [
            [
              {
                "type": "get_attr",
                "value": "content"
              }
            ]
          ],
          "private": "eyJlMmJmYjczMC1lY2FhLTExZTYtOGY4OC0zNDM2M2JjN2M0YzAiOnsiY3JlYXRlIjoyNDAwMDAwMDAwMDAsImRlbGV0ZSI6MjQwMDAwMDAwMDAwLCJ1cGRhdGUiOjI0MDAwMDAwMDAwMH19",
          "dependencies": [
            "google_storage_bucket.tenant_buckets"
          ]
        },
        {
          "index_key": "northamerica-northeast1-tenants-tenant-003-",
          "schema_version": 0,
          "attributes": {
            "bucket": "terraops-northamerica-northeast1-tenant-data",
            "cache_control": "",
            "content": "# Global multi-tenant folder structure maintained across all regions for scalable data processing",
            "content_disposition": "",
            "content_encoding": "",
            "content_language": "",
            "content_type": "text/plain; charset=utf-8",
            "crc32c": "mfVRCg==",
            "customer_encryption": [],
            "detect_md5hash": "ZJ7TKDq2HXPnW2iZ7cAH/A==",
            "event_based_hold": false,
            "force_empty_content_type": null,
            "generation": 1756421175669680,
            "id": "terraops-northamerica-northeast1-tenant-data-tenants/tenant-003/.gitkeep",
            "kms_key_name": "",
            "md5hash": "ZJ7TKDq2HXPnW2iZ7cAH/A==",
            "md5hexhash": "649ed3283ab61d73e75b6899edc007fc",
            "media_link": "https://storage.googleapis.com/download/storage/v1/b/terraops-northamerica-northeast1-tenant-data/o/tenants%2Ftenant-003%2F.gitkeep?generation=1756421175669680\u0026alt=media",
            "metadata": null,
            "name": "tenants/tenant-003/.gitkeep",
            "output_name": "tenants/tenant-003/.gitkeep",
            "retention": [],
            "self_link": "https://www.googleapis.com/storage/v1/b/terraops-northamerica-northeast1-tenant-data/o/tenants%2Ftenant-003%2F.gitkeep",
            "source": null,
            "source_md5hash": "",
            "storage_class": "NEARLINE",
            "temporary_hold": false,
            "timeouts": null
          },
          "sensitive_attributes": [
            [
              {
                "type": "get_attr",
                "value": "content"
              }
            ]
          ],
          "private": "eyJlMmJmYjczMC1lY2FhLTExZTYtOGY4OC0zNDM2M2JjN2M0YzAiOnsiY3JlYXRlIjoyNDAwMDAwMDAwMDAsImRlbGV0ZSI6MjQwMDAwMDAwMDAwLCJ1cGRhdGUiOjI0MDAwMDAwMDAwMH19",
          "dependencies": [
            "google_storage_bucket.tenant_buckets"
          ]
        },
        {
          "index_key": "northamerica-northeast1-tenants-tenant-003-data-",
          "schema_version": 0,
          "attributes": {
            "bucket": "terraops-northamerica-northeast1-tenant-data",
            "cache_control": "",
            "content": "# Global multi-tenant folder structure maintained across all regions for scalable data processing",
            "content_disposition": "",
            "content_encoding": "",
            "content_language": "",
            "content_type": "text/plain; charset=utf-8",
            "crc32c": "mfVRCg==",
            "customer_encryption": [],
            "detect_md5hash": "ZJ7TKDq2HXPnW2iZ7cAH/A==",
            "event_based_hold": false,
            "force_empty_content_type": null,
            "generation": 1756421183534605,
            "id": "terraops-northamerica-northeast1-tenant-data-tenants/tenant-003/data/.gitkeep",
            "kms_key_name": "",
            "md5hash": "ZJ7TKDq2HXPnW2iZ7cAH/A==",
            "md5hexhash": "649ed3283ab61d73e75b6899edc007fc",
            "media_link": "https://storage.googleapis.com/download/storage/v1/b/terraops-northamerica-northeast1-tenant-data/o/tenants%2Ftenant-003%2Fdata%2F.gitkeep?generation=1756421183534605\u0026alt=media",
            "metadata": null,
            "name": "tenants/tenant-003/data/.gitkeep",
            "output_name": "tenants/tenant-003/data/.gitkeep",
            "retention": [],
            "self_link": "https://www.googleapis.com/storage/v1/b/terraops-northamerica-northeast1-tenant-data/o/tenants%2Ftenant-003%2Fdata%2F.gitkeep",
            "source": null,
            "source_md5hash": "",
            "storage_class": "NEARLINE",
            "temporary_hold": false,
            "timeouts": null
          },
          "sensitive_attributes": [
            [
              {
                "type": "get_attr",
                "value": "content"
              }
            ]
          ],
          "private": "eyJlMmJmYjczMC1lY2FhLTExZTYtOGY4OC0zNDM2M2JjN2M0YzAiOnsiY3JlYXRlIjoyNDAwMDAwMDAwMDAsImRlbGV0ZSI6MjQwMDAwMDAwMDAwLCJ1cGRhdGUiOjI0MDAwMDAwMDAwMH19",
          "dependencies": [
            "google_storage_bucket.tenant_buckets"
          ]
        },
        {
          "index_key": "northamerica-northeast1-tenants-tenant-003-data-bad-records-",
          "schema_version": 0,
          "attributes": {
            "bucket": "terraops-northamerica-northeast1-tenant-data",
            "cache_control": "",
            "content": "# Global multi-tenant folder structure maintained across all regions for scalable data processing",
            "content_disposition": "",
            "content_encoding": "",
            "content_language": "",
            "content_type": "text/plain; charset=utf-8",
            "crc32c": "mfVRCg==",
            "customer_encryption": [],
            "detect_md5hash": "ZJ7TKDq2HXPnW2iZ7cAH/A==",
            "event_based_hold": false,
            "force_empty_content_type": null,
            "generation": 1756421185413176,
            "id": "terraops-northamerica-northeast1-tenant-data-tenants/tenant-003/data/bad-records/.gitkeep",
            "kms_key_name": "",
            "md5hash": "ZJ7TKDq2HXPnW2iZ7cAH/A==",
            "md5hexhash": "649ed3283ab61d73e75b6899edc007fc",
            "media_link": "https://storage.googleapis.com/download/storage/v1/b/terraops-northamerica-northeast1-tenant-data/o/tenants%2Ftenant-003%2Fdata%2Fbad-records%2F.gitkeep?generation=1756421185413176\u0026alt=media",
            "metadata": null,
            "name": "tenants/tenant-003/data/bad-records/.gitkeep",
            "output_name": "tenants/tenant-003/data/bad-records/.gitkeep",
            "retention": [],
            "self_link": "https://www.googleapis.com/storage/v1/b/terraops-northamerica-northeast1-tenant-data/o/tenants%2Ftenant-003%2Fdata%2Fbad-records%2F.gitkeep",
            "source": null,
            "source_md5hash": "",
            "storage_class": "NEARLINE",
            "temporary_hold": false,
            "timeouts": null
          },
          "sensitive_attributes": [
            [
              {
                "type": "get_attr",
                "value": "content"
              }
            ]
          ],
          "private": "eyJlMmJmYjczMC1lY2FhLTExZTYtOGY4OC0zNDM2M2JjN2M0YzAiOnsiY3JlYXRlIjoyNDAwMDAwMDAwMDAsImRlbGV0ZSI6MjQwMDAwMDAwMDAwLCJ1cGRhdGUiOjI0MDAwMDAwMDAwMH19",
          "dependencies": [
            "google_storage_bucket.tenant_buckets"
          ]
        },
        {
          "index_key": "northamerica-northeast1-tenants-tenant-003-data-processed-",
          "schema_version": 0,
          "attributes": {
            "bucket": "terraops-northamerica-northeast1-tenant-data",
            "cache_control": "",
            "content": "# Global multi-tenant folder structure maintained across all regions for scalable data processing",
            "content_disposition": "",
            "content_encoding": "",
            "content_language": "",
            "content_type": "text/plain; charset=utf-8",
            "crc32c": "mfVRCg==",
            "customer_encryption": [],
            "detect_md5hash": "ZJ7TKDq2HXPnW2iZ7cAH/A==",
            "event_based_hold": false,
            "force_empty_content_type": null,
            "generation": 1756421183936451,
            "id": "terraops-northamerica-northeast1-tenant-data-tenants/tenant-003/data/processed/.gitkeep",
            "kms_key_name": "",
            "md5hash": "ZJ7TKDq2HXPnW2iZ7cAH/A==",
            "md5hexhash": "649ed3283ab61d73e75b6899edc007fc",
            "media_link": "https://storage.googleapis.com/download/storage/v1/b/terraops-northamerica-northeast1-tenant-data/o/tenants%2Ftenant-003%2Fdata%2Fprocessed%2F.gitkeep?generation=1756421183936451\u0026alt=media",
            "metadata": null,
            "name": "tenants/tenant-003/data/processed/.gitkeep",
            "output_name": "tenants/tenant-003/data/processed/.gitkeep",
            "retention": [],
            "self_link": "https://www.googleapis.com/storage/v1/b/terraops-northamerica-northeast1-tenant-data/o/tenants%2Ftenant-003%2Fdata%2Fprocessed%2F.gitkeep",
            "source": null,
            "source_md5hash": "",
            "storage_class": "NEARLINE",
            "temporary_hold": false,
            "timeouts": null
          },
          "sensitive_attributes": [
            [
              {
                "type": "get_attr",
                "value": "content"
              }
            ]
          ],
          "private": "eyJlMmJmYjczMC1lY2FhLTExZTYtOGY4OC0zNDM2M2JjN2M0YzAiOnsiY3JlYXRlIjoyNDAwMDAwMDAwMDAsImRlbGV0ZSI6MjQwMDAwMDAwMDAwLCJ1cGRhdGUiOjI0MDAwMDAwMDAwMH19",
          "dependencies": [
            "google_storage_bucket.tenant_buckets"
          ]
        },
        {
          "index_key": "northamerica-northeast1-tenants-tenant-003-data-raw-",
          "schema_version": 0,
          "attributes": {
            "bucket": "terraops-northamerica-northeast1-tenant-data",
            "cache_control": "",
            "content": "# Global multi-tenant folder structure maintained across all regions for scalable data processing",
            "content_disposition": "",
            "content_encoding": "",
            "content_language": "",
            "content_type": "text/plain; charset=utf-8",
            "crc32c": "mfVRCg==",
            "customer_encryption": [],
            "detect_md5hash": "ZJ7TKDq2HXPnW2iZ7cAH/A==",
            "event_based_hold": false,
            "force_empty_content_type": null,
            "generation": 1756421191992080,
            "id": "terraops-northamerica-northeast1-tenant-data-tenants/tenant-003/data/raw/.gitkeep",
            "kms_key_name": "",
            "md5hash": "ZJ7TKDq2HXPnW2iZ7cAH/A==",
            "md5hexhash": "649ed3283ab61d73e75b6899edc007fc",
            "media_link": "https://storage.googleapis.com/download/storage/v1/b/terraops-northamerica-northeast1-tenant-data/o/tenants%2Ftenant-003%2Fdata%2Fraw%2F.gitkeep?generation=1756421191992080\u0026alt=media",
            "metadata": null,
            "name": "tenants/tenant-003/data/raw/.gitkeep",
            "output_name": "tenants/tenant-003/data/raw/.gitkeep",
            "retention": [],
            "self_link": "https://www.googleapis.com/storage/v1/b/terraops-northamerica-northeast1-tenant-data/o/tenants%2Ftenant-003%2Fdata%2Fraw%2F.gitkeep",
            "source": null,
            "source_md5hash": "",
            "storage_class": "NEARLINE",
            "temporary_hold": false,
            "timeouts": null
          },
          "sensitive_attributes": [
            [
              {
                "type": "get_attr",
                "value": "content"
              }
            ]
          ],
          "private": "eyJlMmJmYjczMC1lY2FhLTExZTYtOGY4OC0zNDM2M2JjN2M0YzAiOnsiY3JlYXRlIjoyNDAwMDAwMDAwMDAsImRlbGV0ZSI6MjQwMDAwMDAwMDAwLCJ1cGRhdGUiOjI0MDAwMDAwMDAwMH19",
          "dependencies": [
            "google_storage_bucket.tenant_buckets"
          ]
        },
        {
          "index_key": "us-central1-shared-",
          "schema_version": 0,
          "attributes": {
            "bucket": "terraops-us-central1-tenant-data",
            "cache_control": "",
            "content": "# Global multi-tenant folder structure maintained across all regions for scalable data processing",
            "content_disposition": "",
            "content_encoding": "",
            "content_language": "",
            "content_type": "text/plain; charset=utf-8",
            "crc32c": "mfVRCg==",
            "customer_encryption": [],
            "detect_md5hash": "ZJ7TKDq2HXPnW2iZ7cAH/A==",
            "event_based_hold": false,
            "force_empty_content_type": null,
            "generation": 1756421198992244,
            "id": "terraops-us-central1-tenant-data-shared/.gitkeep",
            "kms_key_name": "",
            "md5hash": "ZJ7TKDq2HXPnW2iZ7cAH/A==",
            "md5hexhash": "649ed3283ab61d73e75b6899edc007fc",
            "media_link": "https://storage.googleapis.com/download/storage/v1/b/terraops-us-central1-tenant-data/o/shared%2F.gitkeep?generation=1756421198992244\u0026alt=media",
            "metadata": null,
            "name": "shared/.gitkeep",
            "output_name": "shared/.gitkeep",
            "retention": [],
            "self_link": "https://www.googleapis.com/storage/v1/b/terraops-us-central1-tenant-data/o/shared%2F.gitkeep",
            "source": null,
            "source_md5hash": "",
            "storage_class": "NEARLINE",
            "temporary_hold": false,
            "timeouts": null
          },
          "sensitive_attributes": [
            [
              {
                "type": "get_attr",
                "value": "content"
              }
            ]
          ],
          "private": "eyJlMmJmYjczMC1lY2FhLTExZTYtOGY4OC0zNDM2M2JjN2M0YzAiOnsiY3JlYXRlIjoyNDAwMDAwMDAwMDAsImRlbGV0ZSI6MjQwMDAwMDAwMDAwLCJ1cGRhdGUiOjI0MDAwMDAwMDAwMH19",
          "dependencies": [
            "google_storage_bucket.tenant_buckets"
          ]
        },
        {
          "index_key": "us-central1-shared-ml-models-",
          "schema_version": 0,
          "attributes": {
            "bucket": "terraops-us-central1-tenant-data",
            "cache_control": "",
            "content": "# Global multi-tenant folder structure maintained across all regions for scalable data processing",
            "content_disposition": "",
            "content_encoding": "",
            "content_language": "",
            "content_type": "text/plain; charset=utf-8",
            "crc32c": "mfVRCg==",
            "customer_encryption": [],
            "detect_md5hash": "ZJ7TKDq2HXPnW2iZ7cAH/A==",
            "event_based_hold": false,
            "force_empty_content_type": null,
            "generation": 1756421196936934,
            "id": "terraops-us-central1-tenant-data-shared/ml-models/.gitkeep",
            "kms_key_name": "",
            "md5hash": "ZJ7TKDq2HXPnW2iZ7cAH/A==",
            "md5hexhash": "649ed3283ab61d73e75b6899edc007fc",
            "media_link": "https://storage.googleapis.com/download/storage/v1/b/terraops-us-central1-tenant-data/o/shared%2Fml-models%2F.gitkeep?generation=1756421196936934\u0026alt=media",
            "metadata": null,
            "name": "shared/ml-models/.gitkeep",
            "output_name": "shared/ml-models/.gitkeep",
            "retention": [],
            "self_link": "https://www.googleapis.com/storage/v1/b/terraops-us-central1-tenant-data/o/shared%2Fml-models%2F.gitkeep",
            "source": null,
            "source_md5hash": "",
            "storage_class": "NEARLINE",
            "temporary_hold": false,
            "timeouts": null
          },
          "sensitive_attributes": [
            [
              {
                "type": "get_attr",
                "value": "content"
              }
            ]
          ],
          "private": "eyJlMmJmYjczMC1lY2FhLTExZTYtOGY4OC0zNDM2M2JjN2M0YzAiOnsiY3JlYXRlIjoyNDAwMDAwMDAwMDAsImRlbGV0ZSI6MjQwMDAwMDAwMDAwLCJ1cGRhdGUiOjI0MDAwMDAwMDAwMH19",
          "dependencies": [
            "google_storage_bucket.tenant_buckets"
          ]
        },
        {
          "index_key": "us-central1-shared-reference-data-",
          "schema_version": 0,
          "attributes": {
            "bucket": "terraops-us-central1-tenant-data",
            "cache_control": "",
            "content": "# Global multi-tenant folder structure maintained across all regions for scalable data processing",
            "content_disposition": "",
            "content_encoding": "",
            "content_language": "",
            "content_type": "text/plain; charset=utf-8",
            "crc32c": "mfVRCg==",
            "customer_encryption": [],
            "detect_md5hash": "ZJ7TKDq2HXPnW2iZ7cAH/A==",
            "event_based_hold": false,
            "force_empty_content_type": null,
            "generation": 1756421198759122,
            "id": "terraops-us-central1-tenant-data-shared/reference-data/.gitkeep",
            "kms_key_name": "",
            "md5hash": "ZJ7TKDq2HXPnW2iZ7cAH/A==",
            "md5hexhash": "649ed3283ab61d73e75b6899edc007fc",
            "media_link": "https://storage.googleapis.com/download/storage/v1/b/terraops-us-central1-tenant-data/o/shared%2Freference-data%2F.gitkeep?generation=1756421198759122\u0026alt=media",
            "metadata": null,
            "name": "shared/reference-data/.gitkeep",
            "output_name": "shared/reference-data/.gitkeep",
            "retention": [],
            "self_link": "https://www.googleapis.com/storage/v1/b/terraops-us-central1-tenant-data/o/shared%2Freference-data%2F.gitkeep",
            "source": null,
            "source_md5hash": "",
            "storage_class": "NEARLINE",
            "temporary_hold": false,
            "timeouts": null
          },
          "sensitive_attributes": [
            [
              {
                "type": "get_attr",
                "value": "content"
              }
            ]
          ],
          "private": "eyJlMmJmYjczMC1lY2FhLTExZTYtOGY4OC0zNDM2M2JjN2M0YzAiOnsiY3JlYXRlIjoyNDAwMDAwMDAwMDAsImRlbGV0ZSI6MjQwMDAwMDAwMDAwLCJ1cGRhdGUiOjI0MDAwMDAwMDAwMH19",
          "dependencies": [
            "google_storage_bucket.tenant_buckets"
          ]
        },
        {
          "index_key": "us-central1-shared-reference-data-countries-",
          "schema_version": 0,
          "attributes": {
            "bucket": "terraops-us-central1-tenant-data",
            "cache_control": "",
            "content": "# Global multi-tenant folder structure maintained across all regions for scalable data processing",
            "content_disposition": "",
            "content_encoding": "",
            "content_language": "",
            "content_type": "text/plain; charset=utf-8",
            "crc32c": "mfVRCg==",
            "customer_encryption": [],
            "detect_md5hash": "ZJ7TKDq2HXPnW2iZ7cAH/A==",
            "event_based_hold": false,
            "force_empty_content_type": null,
            "generation": 1756421173772421,
            "id": "terraops-us-central1-tenant-data-shared/reference-data/countries/.gitkeep",
            "kms_key_name": "",
            "md5hash": "ZJ7TKDq2HXPnW2iZ7cAH/A==",
            "md5hexhash": "649ed3283ab61d73e75b6899edc007fc",
            "media_link": "https://storage.googleapis.com/download/storage/v1/b/terraops-us-central1-tenant-data/o/shared%2Freference-data%2Fcountries%2F.gitkeep?generation=1756421173772421\u0026alt=media",
            "metadata": null,
            "name": "shared/reference-data/countries/.gitkeep",
            "output_name": "shared/reference-data/countries/.gitkeep",
            "retention": [],
            "self_link": "https://www.googleapis.com/storage/v1/b/terraops-us-central1-tenant-data/o/shared%2Freference-data%2Fcountries%2F.gitkeep",
            "source": null,
            "source_md5hash": "",
            "storage_class": "NEARLINE",
            "temporary_hold": false,
            "timeouts": null
          },
          "sensitive_attributes": [
            [
              {
                "type": "get_attr",
                "value": "content"
              }
            ]
          ],
          "private": "eyJlMmJmYjczMC1lY2FhLTExZTYtOGY4OC0zNDM2M2JjN2M0YzAiOnsiY3JlYXRlIjoyNDAwMDAwMDAwMDAsImRlbGV0ZSI6MjQwMDAwMDAwMDAwLCJ1cGRhdGUiOjI0MDAwMDAwMDAwMH19",
          "dependencies": [
            "google_storage_bucket.tenant_buckets"
          ]
        },
        {
          "index_key": "us-central1-shared-reference-data-currencies-",
          "schema_version": 0,
          "attributes": {
            "bucket": "terraops-us-central1-tenant-data",
            "cache_control": "",
            "content": "# Global multi-tenant folder structure maintained across all regions for scalable data processing",
            "content_disposition": "",
            "content_encoding": "",
            "content_language": "",
            "content_type": "text/plain; charset=utf-8",
            "crc32c": "mfVRCg==",
            "customer_encryption": [],
            "detect_md5hash": "ZJ7TKDq2HXPnW2iZ7cAH/A==",
            "event_based_hold": false,
            "force_empty_content_type": null,
            "generation": 1756421192257170,
            "id": "terraops-us-central1-tenant-data-shared/reference-data/currencies/.gitkeep",
            "kms_key_name": "",
            "md5hash": "ZJ7TKDq2HXPnW2iZ7cAH/A==",
            "md5hexhash": "649ed3283ab61d73e75b6899edc007fc",
            "media_link": "https://storage.googleapis.com/download/storage/v1/b/terraops-us-central1-tenant-data/o/shared%2Freference-data%2Fcurrencies%2F.gitkeep?generation=1756421192257170\u0026alt=media",
            "metadata": null,
            "name": "shared/reference-data/currencies/.gitkeep",
            "output_name": "shared/reference-data/currencies/.gitkeep",
            "retention": [],
            "self_link": "https://www.googleapis.com/storage/v1/b/terraops-us-central1-tenant-data/o/shared%2Freference-data%2Fcurrencies%2F.gitkeep",
            "source": null,
            "source_md5hash": "",
            "storage_class": "NEARLINE",
            "temporary_hold": false,
            "timeouts": null
          },
          "sensitive_attributes": [
            [
              {
                "type": "get_attr",
                "value": "content"
              }
            ]
          ],
          "private": "eyJlMmJmYjczMC1lY2FhLTExZTYtOGY4OC0zNDM2M2JjN2M0YzAiOnsiY3JlYXRlIjoyNDAwMDAwMDAwMDAsImRlbGV0ZSI6MjQwMDAwMDAwMDAwLCJ1cGRhdGUiOjI0MDAwMDAwMDAwMH19",
          "dependencies": [
            "google_storage_bucket.tenant_buckets"
          ]
        },
        {
          "index_key": "us-central1-shared-reference-data-exchange-rates-",
          "schema_version": 0,
          "attributes": {
            "bucket": "terraops-us-central1-tenant-data",
            "cache_control": "",
            "content": "# Global multi-tenant folder structure maintained across all regions for scalable data processing",
            "content_disposition": "",
            "content_encoding": "",
            "content_language": "",
            "content_type": "text/plain; charset=utf-8",
            "crc32c": "mfVRCg==",
            "customer_encryption": [],
            "detect_md5hash": "ZJ7TKDq2HXPnW2iZ7cAH/A==",
            "event_based_hold": false,
            "force_empty_content_type": null,
            "generation": 1756421184781771,
            "id": "terraops-us-central1-tenant-data-shared/reference-data/exchange-rates/.gitkeep",
            "kms_key_name": "",
            "md5hash": "ZJ7TKDq2HXPnW2iZ7cAH/A==",
            "md5hexhash": "649ed3283ab61d73e75b6899edc007fc",
            "media_link": "https://storage.googleapis.com/download/storage/v1/b/terraops-us-central1-tenant-data/o/shared%2Freference-data%2Fexchange-rates%2F.gitkeep?generation=1756421184781771\u0026alt=media",
            "metadata": null,
            "name": "shared/reference-data/exchange-rates/.gitkeep",
            "output_name": "shared/reference-data/exchange-rates/.gitkeep",
            "retention": [],
            "self_link": "https://www.googleapis.com/storage/v1/b/terraops-us-central1-tenant-data/o/shared%2Freference-data%2Fexchange-rates%2F.gitkeep",
            "source": null,
            "source_md5hash": "",
            "storage_class": "NEARLINE",
            "temporary_hold": false,
            "timeouts": null
          },
          "sensitive_attributes": [
            [
              {
                "type": "get_attr",
                "value": "content"
              }
            ]
          ],
          "private": "eyJlMmJmYjczMC1lY2FhLTExZTYtOGY4OC0zNDM2M2JjN2M0YzAiOnsiY3JlYXRlIjoyNDAwMDAwMDAwMDAsImRlbGV0ZSI6MjQwMDAwMDAwMDAwLCJ1cGRhdGUiOjI0MDAwMDAwMDAwMH19",
          "dependencies": [
            "google_storage_bucket.tenant_buckets"
          ]
        },
        {
          "index_key": "us-central1-tenants-",
          "schema_version": 0,
          "attributes": {
            "bucket": "terraops-us-central1-tenant-data",
            "cache_control": "",
            "content": "# Global multi-tenant folder structure maintained across all regions for scalable data processing",
            "content_disposition": "",
            "content_encoding": "",
            "content_language": "",
            "content_type": "text/plain; charset=utf-8",
            "crc32c": "mfVRCg==",
            "customer_encryption": [],
            "detect_md5hash": "ZJ7TKDq2HXPnW2iZ7cAH/A==",
            "event_based_hold": false,
            "force_empty_content_type": null,
            "generation": 1756421180039745,
            "id": "terraops-us-central1-tenant-data-tenants/.gitkeep",
            "kms_key_name": "",
            "md5hash": "ZJ7TKDq2HXPnW2iZ7cAH/A==",
            "md5hexhash": "649ed3283ab61d73e75b6899edc007fc",
            "media_link": "https://storage.googleapis.com/download/storage/v1/b/terraops-us-central1-tenant-data/o/tenants%2F.gitkeep?generation=1756421180039745\u0026alt=media",
            "metadata": null,
            "name": "tenants/.gitkeep",
            "output_name": "tenants/.gitkeep",
            "retention": [],
            "self_link": "https://www.googleapis.com/storage/v1/b/terraops-us-central1-tenant-data/o/tenants%2F.gitkeep",
            "source": null,
            "source_md5hash": "",
            "storage_class": "NEARLINE",
            "temporary_hold": false,
            "timeouts": null
          },
          "sensitive_attributes": [
            [
              {
                "type": "get_attr",
                "value": "content"
              }
            ]
          ],
          "private": "eyJlMmJmYjczMC1lY2FhLTExZTYtOGY4OC0zNDM2M2JjN2M0YzAiOnsiY3JlYXRlIjoyNDAwMDAwMDAwMDAsImRlbGV0ZSI6MjQwMDAwMDAwMDAwLCJ1cGRhdGUiOjI0MDAwMDAwMDAwMH19",
          "dependencies": [
            "google_storage_bucket.tenant_buckets"
          ]
        },
        {
          "index_key": "us-central1-tenants-business-domains-",
          "schema_version": 0,
          "attributes": {
            "bucket": "terraops-us-central1-tenant-data",
            "cache_control": "",
            "content": "# Global multi-tenant folder structure maintained across all regions for scalable data processing",
            "content_disposition": "",
            "content_encoding": "",
            "content_language": "",
            "content_type": "text/plain; charset=utf-8",
            "crc32c": "mfVRCg==",
            "customer_encryption": [],
            "detect_md5hash": "ZJ7TKDq2HXPnW2iZ7cAH/A==",
            "event_based_hold": false,
            "force_empty_content_type": null,
            "generation": 1756421181711533,
            "id": "terraops-us-central1-tenant-data-tenants/business-domains/.gitkeep",
            "kms_key_name": "",
            "md5hash": "ZJ7TKDq2HXPnW2iZ7cAH/A==",
            "md5hexhash": "649ed3283ab61d73e75b6899edc007fc",
            "media_link": "https://storage.googleapis.com/download/storage/v1/b/terraops-us-central1-tenant-data/o/tenants%2Fbusiness-domains%2F.gitkeep?generation=1756421181711533\u0026alt=media",
            "metadata": null,
            "name": "tenants/business-domains/.gitkeep",
            "output_name": "tenants/business-domains/.gitkeep",
            "retention": [],
            "self_link": "https://www.googleapis.com/storage/v1/b/terraops-us-central1-tenant-data/o/tenants%2Fbusiness-domains%2F.gitkeep",
            "source": null,
            "source_md5hash": "",
            "storage_class": "NEARLINE",
            "temporary_hold": false,
            "timeouts": null
          },
          "sensitive_attributes": [
            [
              {
                "type": "get_attr",
                "value": "content"
              }
            ]
          ],
          "private": "eyJlMmJmYjczMC1lY2FhLTExZTYtOGY4OC0zNDM2M2JjN2M0YzAiOnsiY3JlYXRlIjoyNDAwMDAwMDAwMDAsImRlbGV0ZSI6MjQwMDAwMDAwMDAwLCJ1cGRhdGUiOjI0MDAwMDAwMDAwMH19",
          "dependencies": [
            "google_storage_bucket.tenant_buckets"
          ]
        },
        {
          "index_key": "us-central1-tenants-tenant-001-",
          "schema_version": 0,
          "attributes": {
            "bucket": "terraops-us-central1-tenant-data",
            "cache_control": "",
            "content": "# Global multi-tenant folder structure maintained across all regions for scalable data processing",
            "content_disposition": "",
            "content_encoding": "",
            "content_language": "",
            "content_type": "text/plain; charset=utf-8",
            "crc32c": "mfVRCg==",
            "customer_encryption": [],
            "detect_md5hash": "ZJ7TKDq2HXPnW2iZ7cAH/A==",
            "event_based_hold": false,
            "force_empty_content_type": null,
            "generation": 1756421196253235,
            "id": "terraops-us-central1-tenant-data-tenants/tenant-001/.gitkeep",
            "kms_key_name": "",
            "md5hash": "ZJ7TKDq2HXPnW2iZ7cAH/A==",
            "md5hexhash": "649ed3283ab61d73e75b6899edc007fc",
            "media_link": "https://storage.googleapis.com/download/storage/v1/b/terraops-us-central1-tenant-data/o/tenants%2Ftenant-001%2F.gitkeep?generation=1756421196253235\u0026alt=media",
            "metadata": null,
            "name": "tenants/tenant-001/.gitkeep",
            "output_name": "tenants/tenant-001/.gitkeep",
            "retention": [],
            "self_link": "https://www.googleapis.com/storage/v1/b/terraops-us-central1-tenant-data/o/tenants%2Ftenant-001%2F.gitkeep",
            "source": null,
            "source_md5hash": "",
            "storage_class": "NEARLINE",
            "temporary_hold": false,
            "timeouts": null
          },
          "sensitive_attributes": [
            [
              {
                "type": "get_attr",
                "value": "content"
              }
            ]
          ],
          "private": "eyJlMmJmYjczMC1lY2FhLTExZTYtOGY4OC0zNDM2M2JjN2M0YzAiOnsiY3JlYXRlIjoyNDAwMDAwMDAwMDAsImRlbGV0ZSI6MjQwMDAwMDAwMDAwLCJ1cGRhdGUiOjI0MDAwMDAwMDAwMH19",
          "dependencies": [
            "google_storage_bucket.tenant_buckets"
          ]
        },
        {
          "index_key": "us-central1-tenants-tenant-001-data-",
          "schema_version": 0,
          "attributes": {
            "bucket": "terraops-us-central1-tenant-data",
            "cache_control": "",
            "content": "# Global multi-tenant folder structure maintained across all regions for scalable data processing",
            "content_disposition": "",
            "content_encoding": "",
            "content_language": "",
            "content_type": "text/plain; charset=utf-8",
            "crc32c": "mfVRCg==",
            "customer_encryption": [],
            "detect_md5hash": "ZJ7TKDq2HXPnW2iZ7cAH/A==",
            "event_based_hold": false,
            "force_empty_content_type": null,
            "generation": 1756421198060701,
            "id": "terraops-us-central1-tenant-data-tenants/tenant-001/data/.gitkeep",
            "kms_key_name": "",
            "md5hash": "ZJ7TKDq2HXPnW2iZ7cAH/A==",
            "md5hexhash": "649ed3283ab61d73e75b6899edc007fc",
            "media_link": "https://storage.googleapis.com/download/storage/v1/b/terraops-us-central1-tenant-data/o/tenants%2Ftenant-001%2Fdata%2F.gitkeep?generation=1756421198060701\u0026alt=media",
            "metadata": null,
            "name": "tenants/tenant-001/data/.gitkeep",
            "output_name": "tenants/tenant-001/data/.gitkeep",
            "retention": [],
            "self_link": "https://www.googleapis.com/storage/v1/b/terraops-us-central1-tenant-data/o/tenants%2Ftenant-001%2Fdata%2F.gitkeep",
            "source": null,
            "source_md5hash": "",
            "storage_class": "NEARLINE",
            "temporary_hold": false,
            "timeouts": null
          },
          "sensitive_attributes": [
            [
              {
                "type": "get_attr",
                "value": "content"
              }
            ]
          ],
          "private": "eyJlMmJmYjczMC1lY2FhLTExZTYtOGY4OC0zNDM2M2JjN2M0YzAiOnsiY3JlYXRlIjoyNDAwMDAwMDAwMDAsImRlbGV0ZSI6MjQwMDAwMDAwMDAwLCJ1cGRhdGUiOjI0MDAwMDAwMDAwMH19",
          "dependencies": [
            "google_storage_bucket.tenant_buckets"
          ]
        },
        {
          "index_key": "us-central1-tenants-tenant-001-data-bad-records-",
          "schema_version": 0,
          "attributes": {
            "bucket": "terraops-us-central1-tenant-data",
            "cache_control": "",
            "content": "# Global multi-tenant folder structure maintained across all regions for scalable data processing",
            "content_disposition": "",
            "content_encoding": "",
            "content_language": "",
            "content_type": "text/plain; charset=utf-8",
            "crc32c": "mfVRCg==",
            "customer_encryption": [],
            "detect_md5hash": "ZJ7TKDq2HXPnW2iZ7cAH/A==",
            "event_based_hold": false,
            "force_empty_content_type": null,
            "generation": 1756421190482390,
            "id": "terraops-us-central1-tenant-data-tenants/tenant-001/data/bad-records/.gitkeep",
            "kms_key_name": "",
            "md5hash": "ZJ7TKDq2HXPnW2iZ7cAH/A==",
            "md5hexhash": "649ed3283ab61d73e75b6899edc007fc",
            "media_link": "https://storage.googleapis.com/download/storage/v1/b/terraops-us-central1-tenant-data/o/tenants%2Ftenant-001%2Fdata%2Fbad-records%2F.gitkeep?generation=1756421190482390\u0026alt=media",
            "metadata": null,
            "name": "tenants/tenant-001/data/bad-records/.gitkeep",
            "output_name": "tenants/tenant-001/data/bad-records/.gitkeep",
            "retention": [],
            "self_link": "https://www.googleapis.com/storage/v1/b/terraops-us-central1-tenant-data/o/tenants%2Ftenant-001%2Fdata%2Fbad-records%2F.gitkeep",
            "source": null,
            "source_md5hash": "",
            "storage_class": "NEARLINE",
            "temporary_hold": false,
            "timeouts": null
          },
          "sensitive_attributes": [
            [
              {
                "type": "get_attr",
                "value": "content"
              }
            ]
          ],
          "private": "eyJlMmJmYjczMC1lY2FhLTExZTYtOGY4OC0zNDM2M2JjN2M0YzAiOnsiY3JlYXRlIjoyNDAwMDAwMDAwMDAsImRlbGV0ZSI6MjQwMDAwMDAwMDAwLCJ1cGRhdGUiOjI0MDAwMDAwMDAwMH19",
          "dependencies": [
            "google_storage_bucket.tenant_buckets"
          ]
        },
        {
          "index_key": "us-central1-tenants-tenant-001-data-processed-",
          "schema_version": 0,
          "attributes": {
            "bucket": "terraops-us-central1-tenant-data",
            "cache_control": "",
            "content": "# Global multi-tenant folder structure maintained across all regions for scalable data processing",
            "content_disposition": "",
            "content_encoding": "",
            "content_language": "",
            "content_type": "text/plain; charset=utf-8",
            "crc32c": "mfVRCg==",
            "customer_encryption": [],
            "detect_md5hash": "ZJ7TKDq2HXPnW2iZ7cAH/A==",
            "event_based_hold": false,
            "force_empty_content_type": null,
            "generation": 1756421184350825,
            "id": "terraops-us-central1-tenant-data-tenants/tenant-001/data/processed/.gitkeep",
            "kms_key_name": "",
            "md5hash": "ZJ7TKDq2HXPnW2iZ7cAH/A==",
            "md5hexhash": "649ed3283ab61d73e75b6899edc007fc",
            "media_link": "https://storage.googleapis.com/download/storage/v1/b/terraops-us-central1-tenant-data/o/tenants%2Ftenant-001%2Fdata%2Fprocessed%2F.gitkeep?generation=1756421184350825\u0026alt=media",
            "metadata": null,
            "name": "tenants/tenant-001/data/processed/.gitkeep",
            "output_name": "tenants/tenant-001/data/processed/.gitkeep",
            "retention": [],
            "self_link": "https://www.googleapis.com/storage/v1/b/terraops-us-central1-tenant-data/o/tenants%2Ftenant-001%2Fdata%2Fprocessed%2F.gitkeep",
            "source": null,
            "source_md5hash": "",
            "storage_class": "NEARLINE",
            "temporary_hold": false,
            "timeouts": null
          },
          "sensitive_attributes": [
            [
              {
                "type": "get_attr",
                "value": "content"
              }
            ]
          ],
          "private": "eyJlMmJmYjczMC1lY2FhLTExZTYtOGY4OC0zNDM2M2JjN2M0YzAiOnsiY3JlYXRlIjoyNDAwMDAwMDAwMDAsImRlbGV0ZSI6MjQwMDAwMDAwMDAwLCJ1cGRhdGUiOjI0MDAwMDAwMDAwMH19",
          "dependencies": [
            "google_storage_bucket.tenant_buckets"
          ]
        },
        {
          "index_key": "us-central1-tenants-tenant-001-data-raw-",
          "schema_version": 0,
          "attributes": {
            "bucket": "terraops-us-central1-tenant-data",
            "cache_control": "",
            "content": "# Global multi-tenant folder structure maintained across all regions for scalable data processing",
            "content_disposition": "",
            "content_encoding": "",
            "content_language": "",
            "content_type": "text/plain; charset=utf-8",
            "crc32c": "mfVRCg==",
            "customer_encryption": [],
            "detect_md5hash": "ZJ7TKDq2HXPnW2iZ7cAH/A==",
            "event_based_hold": false,
            "force_empty_content_type": null,
            "generation": 1756421183656328,
            "id": "terraops-us-central1-tenant-data-tenants/tenant-001/data/raw/.gitkeep",
            "kms_key_name": "",
            "md5hash": "ZJ7TKDq2HXPnW2iZ7cAH/A==",
            "md5hexhash": "649ed3283ab61d73e75b6899edc007fc",
            "media_link": "https://storage.googleapis.com/download/storage/v1/b/terraops-us-central1-tenant-data/o/tenants%2Ftenant-001%2Fdata%2Fraw%2F.gitkeep?generation=1756421183656328\u0026alt=media",
            "metadata": null,
            "name": "tenants/tenant-001/data/raw/.gitkeep",
            "output_name": "tenants/tenant-001/data/raw/.gitkeep",
            "retention": [],
            "self_link": "https://www.googleapis.com/storage/v1/b/terraops-us-central1-tenant-data/o/tenants%2Ftenant-001%2Fdata%2Fraw%2F.gitkeep",
            "source": null,
            "source_md5hash": "",
            "storage_class": "NEARLINE",
            "temporary_hold": false,
            "timeouts": null
          },
          "sensitive_attributes": [
            [
              {
                "type": "get_attr",
                "value": "content"
              }
            ]
          ],
          "private": "eyJlMmJmYjczMC1lY2FhLTExZTYtOGY4OC0zNDM2M2JjN2M0YzAiOnsiY3JlYXRlIjoyNDAwMDAwMDAwMDAsImRlbGV0ZSI6MjQwMDAwMDAwMDAwLCJ1cGRhdGUiOjI0MDAwMDAwMDAwMH19",
          "dependencies": [
            "google_storage_bucket.tenant_buckets"
          ]
        },
        {
          "index_key": "us-central1-tenants-tenant-002-",
          "schema_version": 0,
          "attributes": {
            "bucket": "terraops-us-central1-tenant-data",
            "cache_control": "",
            "content": "# Global multi-tenant folder structure maintained across all regions for scalable data processing",
            "content_disposition": "",
            "content_encoding": "",
            "content_language": "",
            "content_type": "text/plain; charset=utf-8",
            "crc32c": "mfVRCg==",
            "customer_encryption": [],
            "detect_md5hash": "ZJ7TKDq2HXPnW2iZ7cAH/A==",
            "event_based_hold": false,
            "force_empty_content_type": null,
            "generation": 1756421189772699,
            "id": "terraops-us-central1-tenant-data-tenants/tenant-002/.gitkeep",
            "kms_key_name": "",
            "md5hash": "ZJ7TKDq2HXPnW2iZ7cAH/A==",
            "md5hexhash": "649ed3283ab61d73e75b6899edc007fc",
            "media_link": "https://storage.googleapis.com/download/storage/v1/b/terraops-us-central1-tenant-data/o/tenants%2Ftenant-002%2F.gitkeep?generation=1756421189772699\u0026alt=media",
            "metadata": null,
            "name": "tenants/tenant-002/.gitkeep",
            "output_name": "tenants/tenant-002/.gitkeep",
            "retention": [],
            "self_link": "https://www.googleapis.com/storage/v1/b/terraops-us-central1-tenant-data/o/tenants%2Ftenant-002%2F.gitkeep",
            "source": null,
            "source_md5hash": "",
            "storage_class": "NEARLINE",
            "temporary_hold": false,
            "timeouts": null
          },
          "sensitive_attributes": [
            [
              {
                "type": "get_attr",
                "value": "content"
              }
            ]
          ],
          "private": "eyJlMmJmYjczMC1lY2FhLTExZTYtOGY4OC0zNDM2M2JjN2M0YzAiOnsiY3JlYXRlIjoyNDAwMDAwMDAwMDAsImRlbGV0ZSI6MjQwMDAwMDAwMDAwLCJ1cGRhdGUiOjI0MDAwMDAwMDAwMH19",
          "dependencies": [
            "google_storage_bucket.tenant_buckets"
          ]
        },
        {
          "index_key": "us-central1-tenants-tenant-002-data-",
          "schema_version": 0,
          "attributes": {
            "bucket": "terraops-us-central1-tenant-data",
            "cache_control": "",
            "content": "# Global multi-tenant folder structure maintained across all regions for scalable data processing",
            "content_disposition": "",
            "content_encoding": "",
            "content_language": "",
            "content_type": "text/plain; charset=utf-8",
            "crc32c": "mfVRCg==",
            "customer_encryption": [],
            "detect_md5hash": "ZJ7TKDq2HXPnW2iZ7cAH/A==",
            "event_based_hold": false,
            "force_empty_content_type": null,
            "generation": 1756421195049349,
            "id": "terraops-us-central1-tenant-data-tenants/tenant-002/data/.gitkeep",
            "kms_key_name": "",
            "md5hash": "ZJ7TKDq2HXPnW2iZ7cAH/A==",
            "md5hexhash": "649ed3283ab61d73e75b6899edc007fc",
            "media_link": "https://storage.googleapis.com/download/storage/v1/b/terraops-us-central1-tenant-data/o/tenants%2Ftenant-002%2Fdata%2F.gitkeep?generation=1756421195049349\u0026alt=media",
            "metadata": null,
            "name": "tenants/tenant-002/data/.gitkeep",
            "output_name": "tenants/tenant-002/data/.gitkeep",
            "retention": [],
            "self_link": "https://www.googleapis.com/storage/v1/b/terraops-us-central1-tenant-data/o/tenants%2Ftenant-002%2Fdata%2F.gitkeep",
            "source": null,
            "source_md5hash": "",
            "storage_class": "NEARLINE",
            "temporary_hold": false,
            "timeouts": null
          },
          "sensitive_attributes": [
            [
              {
                "type": "get_attr",
                "value": "content"
              }
            ]
          ],
          "private": "eyJlMmJmYjczMC1lY2FhLTExZTYtOGY4OC0zNDM2M2JjN2M0YzAiOnsiY3JlYXRlIjoyNDAwMDAwMDAwMDAsImRlbGV0ZSI6MjQwMDAwMDAwMDAwLCJ1cGRhdGUiOjI0MDAwMDAwMDAwMH19",
          "dependencies": [
            "google_storage_bucket.tenant_buckets"
          ]
        },
        {
          "index_key": "us-central1-tenants-tenant-002-data-bad-records-",
          "schema_version": 0,
          "attributes": {
            "bucket": "terraops-us-central1-tenant-data",
            "cache_control": "",
            "content": "# Global multi-tenant folder structure maintained across all regions for scalable data processing",
            "content_disposition": "",
            "content_encoding": "",
            "content_language": "",
            "content_type": "text/plain; charset=utf-8",
            "crc32c": "mfVRCg==",
            "customer_encryption": [],
            "detect_md5hash": "ZJ7TKDq2HXPnW2iZ7cAH/A==",
            "event_based_hold": false,
            "force_empty_content_type": null,
            "generation": 1756421194929177,
            "id": "terraops-us-central1-tenant-data-tenants/tenant-002/data/bad-records/.gitkeep",
            "kms_key_name": "",
            "md5hash": "ZJ7TKDq2HXPnW2iZ7cAH/A==",
            "md5hexhash": "649ed3283ab61d73e75b6899edc007fc",
            "media_link": "https://storage.googleapis.com/download/storage/v1/b/terraops-us-central1-tenant-data/o/tenants%2Ftenant-002%2Fdata%2Fbad-records%2F.gitkeep?generation=1756421194929177\u0026alt=media",
            "metadata": null,
            "name": "tenants/tenant-002/data/bad-records/.gitkeep",
            "output_name": "tenants/tenant-002/data/bad-records/.gitkeep",
            "retention": [],
            "self_link": "https://www.googleapis.com/storage/v1/b/terraops-us-central1-tenant-data/o/tenants%2Ftenant-002%2Fdata%2Fbad-records%2F.gitkeep",
            "source": null,
            "source_md5hash": "",
            "storage_class": "NEARLINE",
            "temporary_hold": false,
            "timeouts": null
          },
          "sensitive_attributes": [
            [
              {
                "type": "get_attr",
                "value": "content"
              }
            ]
          ],
          "private": "eyJlMmJmYjczMC1lY2FhLTExZTYtOGY4OC0zNDM2M2JjN2M0YzAiOnsiY3JlYXRlIjoyNDAwMDAwMDAwMDAsImRlbGV0ZSI6MjQwMDAwMDAwMDAwLCJ1cGRhdGUiOjI0MDAwMDAwMDAwMH19",
          "dependencies": [
            "google_storage_bucket.tenant_buckets"
          ]
        },
        {
          "index_key": "us-central1-tenants-tenant-002-data-processed-",
          "schema_version": 0,
          "attributes": {
            "bucket": "terraops-us-central1-tenant-data",
            "cache_control": "",
            "content": "# Global multi-tenant folder structure maintained across all regions for scalable data processing",
            "content_disposition": "",
            "content_encoding": "",
            "content_language": "",
            "content_type": "text/plain; charset=utf-8",
            "crc32c": "mfVRCg==",
            "customer_encryption": [],
            "detect_md5hash": "ZJ7TKDq2HXPnW2iZ7cAH/A==",
            "event_based_hold": false,
            "force_empty_content_type": null,
            "generation": 1756421185156100,
            "id": "terraops-us-central1-tenant-data-tenants/tenant-002/data/processed/.gitkeep",
            "kms_key_name": "",
            "md5hash": "ZJ7TKDq2HXPnW2iZ7cAH/A==",
            "md5hexhash": "649ed3283ab61d73e75b6899edc007fc",
            "media_link": "https://storage.googleapis.com/download/storage/v1/b/terraops-us-central1-tenant-data/o/tenants%2Ftenant-002%2Fdata%2Fprocessed%2F.gitkeep?generation=1756421185156100\u0026alt=media",
            "metadata": null,
            "name": "tenants/tenant-002/data/processed/.gitkeep",
            "output_name": "tenants/tenant-002/data/processed/.gitkeep",
            "retention": [],
            "self_link": "https://www.googleapis.com/storage/v1/b/terraops-us-central1-tenant-data/o/tenants%2Ftenant-002%2Fdata%2Fprocessed%2F.gitkeep",
            "source": null,
            "source_md5hash": "",
            "storage_class": "NEARLINE",
            "temporary_hold": false,
            "timeouts": null
          },
          "sensitive_attributes": [
            [
              {
                "type": "get_attr",
                "value": "content"
              }
            ]
          ],
          "private": "eyJlMmJmYjczMC1lY2FhLTExZTYtOGY4OC0zNDM2M2JjN2M0YzAiOnsiY3JlYXRlIjoyNDAwMDAwMDAwMDAsImRlbGV0ZSI6MjQwMDAwMDAwMDAwLCJ1cGRhdGUiOjI0MDAwMDAwMDAwMH19",
          "dependencies": [
            "google_storage_bucket.tenant_buckets"
          ]
        },
        {
          "index_key": "us-central1-tenants-tenant-002-data-raw-",
          "schema_version": 0,
          "attributes": {
            "bucket": "terraops-us-central1-tenant-data",
            "cache_control": "",
            "content": "# Global multi-tenant folder structure maintained across all regions for scalable data processing",
            "content_disposition": "",
            "content_encoding": "",
            "content_language": "",
            "content_type": "text/plain; charset=utf-8",
            "crc32c": "mfVRCg==",
            "customer_encryption": [],
            "detect_md5hash": "ZJ7TKDq2HXPnW2iZ7cAH/A==",
            "event_based_hold": false,
            "force_empty_content_type": null,
            "generation": 1756421196690183,
            "id": "terraops-us-central1-tenant-data-tenants/tenant-002/data/raw/.gitkeep",
            "kms_key_name": "",
            "md5hash": "ZJ7TKDq2HXPnW2iZ7cAH/A==",
            "md5hexhash": "649ed3283ab61d73e75b6899edc007fc",
            "media_link": "https://storage.googleapis.com/download/storage/v1/b/terraops-us-central1-tenant-data/o/tenants%2Ftenant-002%2Fdata%2Fraw%2F.gitkeep?generation=1756421196690183\u0026alt=media",
            "metadata": null,
            "name": "tenants/tenant-002/data/raw/.gitkeep",
            "output_name": "tenants/tenant-002/data/raw/.gitkeep",
            "retention": [],
            "self_link": "https://www.googleapis.com/storage/v1/b/terraops-us-central1-tenant-data/o/tenants%2Ftenant-002%2Fdata%2Fraw%2F.gitkeep",
            "source": null,
            "source_md5hash": "",
            "storage_class": "NEARLINE",
            "temporary_hold": false,
            "timeouts": null
          },
          "sensitive_attributes": [
            [
              {
                "type": "get_attr",
                "value": "content"
              }
            ]
          ],
          "private": "eyJlMmJmYjczMC1lY2FhLTExZTYtOGY4OC0zNDM2M2JjN2M0YzAiOnsiY3JlYXRlIjoyNDAwMDAwMDAwMDAsImRlbGV0ZSI6MjQwMDAwMDAwMDAwLCJ1cGRhdGUiOjI0MDAwMDAwMDAwMH19",
          "dependencies": [
            "google_storage_bucket.tenant_buckets"
          ]
        },
        {
          "index_key": "us-central1-tenants-tenant-003-",
          "schema_version": 0,
          "attributes": {
            "bucket": "terraops-us-central1-tenant-data",
            "cache_control": "",
            "content": "# Global multi-tenant folder structure maintained across all regions for scalable data processing",
            "content_disposition": "",
            "content_encoding": "",
            "content_language": "",
            "content_type": "text/plain; charset=utf-8",
            "crc32c": "mfVRCg==",
            "customer_encryption": [],
            "detect_md5hash": "ZJ7TKDq2HXPnW2iZ7cAH/A==",
            "event_based_hold": false,
            "force_empty_content_type": null,
            "generation": 1756421186314652,
            "id": "terraops-us-central1-tenant-data-tenants/tenant-003/.gitkeep",
            "kms_key_name": "",
            "md5hash": "ZJ7TKDq2HXPnW2iZ7cAH/A==",
            "md5hexhash": "649ed3283ab61d73e75b6899edc007fc",
            "media_link": "https://storage.googleapis.com/download/storage/v1/b/terraops-us-central1-tenant-data/o/tenants%2Ftenant-003%2F.gitkeep?generation=1756421186314652\u0026alt=media",
            "metadata": null,
            "name": "tenants/tenant-003/.gitkeep",
            "output_name": "tenants/tenant-003/.gitkeep",
            "retention": [],
            "self_link": "https://www.googleapis.com/storage/v1/b/terraops-us-central1-tenant-data/o/tenants%2Ftenant-003%2F.gitkeep",
            "source": null,
            "source_md5hash": "",
            "storage_class": "NEARLINE",
            "temporary_hold": false,
            "timeouts": null
          },
          "sensitive_attributes": [
            [
              {
                "type": "get_attr",
                "value": "content"
              }
            ]
          ],
          "private": "eyJlMmJmYjczMC1lY2FhLTExZTYtOGY4OC0zNDM2M2JjN2M0YzAiOnsiY3JlYXRlIjoyNDAwMDAwMDAwMDAsImRlbGV0ZSI6MjQwMDAwMDAwMDAwLCJ1cGRhdGUiOjI0MDAwMDAwMDAwMH19",
          "dependencies": [
            "google_storage_bucket.tenant_buckets"
          ]
        },
        {
          "index_key": "us-central1-tenants-tenant-003-data-",
          "schema_version": 0,
          "attributes": {
            "bucket": "terraops-us-central1-tenant-data",
            "cache_control": "",
            "content": "# Global multi-tenant folder structure maintained across all regions for scalable data processing",
            "content_disposition": "",
            "content_encoding": "",
            "content_language": "",
            "content_type": "text/plain; charset=utf-8",
            "crc32c": "mfVRCg==",
            "customer_encryption": [],
            "detect_md5hash": "ZJ7TKDq2HXPnW2iZ7cAH/A==",
            "event_based_hold": false,
            "force_empty_content_type": null,
            "generation": 1756421183917341,
            "id": "terraops-us-central1-tenant-data-tenants/tenant-003/data/.gitkeep",
            "kms_key_name": "",
            "md5hash": "ZJ7TKDq2HXPnW2iZ7cAH/A==",
            "md5hexhash": "649ed3283ab61d73e75b6899edc007fc",
            "media_link": "https://storage.googleapis.com/download/storage/v1/b/terraops-us-central1-tenant-data/o/tenants%2Ftenant-003%2Fdata%2F.gitkeep?generation=1756421183917341\u0026alt=media",
            "metadata": null,
            "name": "tenants/tenant-003/data/.gitkeep",
            "output_name": "tenants/tenant-003/data/.gitkeep",
            "retention": [],
            "self_link": "https://www.googleapis.com/storage/v1/b/terraops-us-central1-tenant-data/o/tenants%2Ftenant-003%2Fdata%2F.gitkeep",
            "source": null,
            "source_md5hash": "",
            "storage_class": "NEARLINE",
            "temporary_hold": false,
            "timeouts": null
          },
          "sensitive_attributes": [
            [
              {
                "type": "get_attr",
                "value": "content"
              }
            ]
          ],
          "private": "eyJlMmJmYjczMC1lY2FhLTExZTYtOGY4OC0zNDM2M2JjN2M0YzAiOnsiY3JlYXRlIjoyNDAwMDAwMDAwMDAsImRlbGV0ZSI6MjQwMDAwMDAwMDAwLCJ1cGRhdGUiOjI0MDAwMDAwMDAwMH19",
          "dependencies": [
            "google_storage_bucket.tenant_buckets"
          ]
        },
        {
          "index_key": "us-central1-tenants-tenant-003-data-bad-records-",
          "schema_version": 0,
          "attributes": {
            "bucket": "terraops-us-central1-tenant-data",
            "cache_control": "",
            "content": "# Global multi-tenant folder structure maintained across all regions for scalable data processing",
            "content_disposition": "",
            "content_encoding": "",
            "content_language": "",
            "content_type": "text/plain; charset=utf-8",
            "crc32c": "mfVRCg==",
            "customer_encryption": [],
            "detect_md5hash": "ZJ7TKDq2HXPnW2iZ7cAH/A==",
            "event_based_hold": false,
            "force_empty_content_type": null,
            "generation": 1756421196619802,
            "id": "terraops-us-central1-tenant-data-tenants/tenant-003/data/bad-records/.gitkeep",
            "kms_key_name": "",
            "md5hash": "ZJ7TKDq2HXPnW2iZ7cAH/A==",
            "md5hexhash": "649ed3283ab61d73e75b6899edc007fc",
            "media_link": "https://storage.googleapis.com/download/storage/v1/b/terraops-us-central1-tenant-data/o/tenants%2Ftenant-003%2Fdata%2Fbad-records%2F.gitkeep?generation=1756421196619802\u0026alt=media",
            "metadata": null,
            "name": "tenants/tenant-003/data/bad-records/.gitkeep",
            "output_name": "tenants/tenant-003/data/bad-records/.gitkeep",
            "retention": [],
            "self_link": "https://www.googleapis.com/storage/v1/b/terraops-us-central1-tenant-data/o/tenants%2Ftenant-003%2Fdata%2Fbad-records%2F.gitkeep",
            "source": null,
            "source_md5hash": "",
            "storage_class": "NEARLINE",
            "temporary_hold": false,
            "timeouts": null
          },
          "sensitive_attributes": [
            [
              {
                "type": "get_attr",
                "value": "content"
              }
            ]
          ],
          "private": "eyJlMmJmYjczMC1lY2FhLTExZTYtOGY4OC0zNDM2M2JjN2M0YzAiOnsiY3JlYXRlIjoyNDAwMDAwMDAwMDAsImRlbGV0ZSI6MjQwMDAwMDAwMDAwLCJ1cGRhdGUiOjI0MDAwMDAwMDAwMH19",
          "dependencies": [
            "google_storage_bucket.tenant_buckets"
          ]
        },
        {
          "index_key": "us-central1-tenants-tenant-003-data-processed-",
          "schema_version": 0,
          "attributes": {
            "bucket": "terraops-us-central1-tenant-data",
            "cache_control": "",
            "content": "# Global multi-tenant folder structure maintained across all regions for scalable data processing",
            "content_disposition": "",
            "content_encoding": "",
            "content_language": "",
            "content_type": "text/plain; charset=utf-8",
            "crc32c": "mfVRCg==",
            "customer_encryption": [],
            "detect_md5hash": "ZJ7TKDq2HXPnW2iZ7cAH/A==",
            "event_based_hold": false,
            "force_empty_content_type": null,
            "generation": 1756421193071999,
            "id": "terraops-us-central1-tenant-data-tenants/tenant-003/data/processed/.gitkeep",
            "kms_key_name": "",
            "md5hash": "ZJ7TKDq2HXPnW2iZ7cAH/A==",
            "md5hexhash": "649ed3283ab61d73e75b6899edc007fc",
            "media_link": "https://storage.googleapis.com/download/storage/v1/b/terraops-us-central1-tenant-data/o/tenants%2Ftenant-003%2Fdata%2Fprocessed%2F.gitkeep?generation=1756421193071999\u0026alt=media",
            "metadata": null,
            "name": "tenants/tenant-003/data/processed/.gitkeep",
            "output_name": "tenants/tenant-003/data/processed/.gitkeep",
            "retention": [],
            "self_link": "https://www.googleapis.com/storage/v1/b/terraops-us-central1-tenant-data/o/tenants%2Ftenant-003%2Fdata%2Fprocessed%2F.gitkeep",
            "source": null,
            "source_md5hash": "",
            "storage_class": "NEARLINE",
            "temporary_hold": false,
            "timeouts": null
          },
          "sensitive_attributes": [
            [
              {
                "type": "get_attr",
                "value": "content"
              }
            ]
          ],
          "private": "eyJlMmJmYjczMC1lY2FhLTExZTYtOGY4OC0zNDM2M2JjN2M0YzAiOnsiY3JlYXRlIjoyNDAwMDAwMDAwMDAsImRlbGV0ZSI6MjQwMDAwMDAwMDAwLCJ1cGRhdGUiOjI0MDAwMDAwMDAwMH19",
          "dependencies": [
            "google_storage_bucket.tenant_buckets"
          ]
        },
        {
          "index_key": "us-central1-tenants-tenant-003-data-raw-",
          "schema_version": 0,
          "attributes": {
            "bucket": "terraops-us-central1-tenant-data",
            "cache_control": "",
            "content": "# Global multi-tenant folder structure maintained across all regions for scalable data processing",
            "content_disposition": "",
            "content_encoding": "",
            "content_language": "",
            "content_type": "text/plain; charset=utf-8",
            "crc32c": "mfVRCg==",
            "customer_encryption": [],
            "detect_md5hash": "ZJ7TKDq2HXPnW2iZ7cAH/A==",
            "event_based_hold": false,
            "force_empty_content_type": null,
            "generation": 1756421198465959,
            "id": "terraops-us-central1-tenant-data-tenants/tenant-003/data/raw/.gitkeep",
            "kms_key_name": "",
            "md5hash": "ZJ7TKDq2HXPnW2iZ7cAH/A==",
            "md5hexhash": "649ed3283ab61d73e75b6899edc007fc",
            "media_link": "https://storage.googleapis.com/download/storage/v1/b/terraops-us-central1-tenant-data/o/tenants%2Ftenant-003%2Fdata%2Fraw%2F.gitkeep?generation=1756421198465959\u0026alt=media",
            "metadata": null,
            "name": "tenants/tenant-003/data/raw/.gitkeep",
            "output_name": "tenants/tenant-003/data/raw/.gitkeep",
            "retention": [],
            "self_link": "https://www.googleapis.com/storage/v1/b/terraops-us-central1-tenant-data/o/tenants%2Ftenant-003%2Fdata%2Fraw%2F.gitkeep",
            "source": null,
            "source_md5hash": "",
            "storage_class": "NEARLINE",
            "temporary_hold": false,
            "timeouts": null
          },
          "sensitive_attributes": [
            [
              {
                "type": "get_attr",
                "value": "content"
              }
            ]
          ],
          "private": "eyJlMmJmYjczMC1lY2FhLTExZTYtOGY4OC0zNDM2M2JjN2M0YzAiOnsiY3JlYXRlIjoyNDAwMDAwMDAwMDAsImRlbGV0ZSI6MjQwMDAwMDAwMDAwLCJ1cGRhdGUiOjI0MDAwMDAwMDAwMH19",
          "dependencies": [
            "google_storage_bucket.tenant_buckets"
          ]
        },
        {
          "index_key": "us-east1-shared-",
          "schema_version": 0,
          "attributes": {
            "bucket": "terraops-us-east1-tenant-data",
            "cache_control": "",
            "content": "# Global multi-tenant folder structure maintained across all regions for scalable data processing",
            "content_disposition": "",
            "content_encoding": "",
            "content_language": "",
            "content_type": "text/plain; charset=utf-8",
            "crc32c": "mfVRCg==",
            "customer_encryption": [],
            "detect_md5hash": "ZJ7TKDq2HXPnW2iZ7cAH/A==",
            "event_based_hold": false,
            "force_empty_content_type": null,
            "generation": 1756421191298442,
            "id": "terraops-us-east1-tenant-data-shared/.gitkeep",
            "kms_key_name": "",
            "md5hash": "ZJ7TKDq2HXPnW2iZ7cAH/A==",
            "md5hexhash": "649ed3283ab61d73e75b6899edc007fc",
            "media_link": "https://storage.googleapis.com/download/storage/v1/b/terraops-us-east1-tenant-data/o/shared%2F.gitkeep?generation=1756421191298442\u0026alt=media",
            "metadata": null,
            "name": "shared/.gitkeep",
            "output_name": "shared/.gitkeep",
            "retention": [],
            "self_link": "https://www.googleapis.com/storage/v1/b/terraops-us-east1-tenant-data/o/shared%2F.gitkeep",
            "source": null,
            "source_md5hash": "",
            "storage_class": "NEARLINE",
            "temporary_hold": false,
            "timeouts": null
          },
          "sensitive_attributes": [
            [
              {
                "type": "get_attr",
                "value": "content"
              }
            ]
          ],
          "private": "eyJlMmJmYjczMC1lY2FhLTExZTYtOGY4OC0zNDM2M2JjN2M0YzAiOnsiY3JlYXRlIjoyNDAwMDAwMDAwMDAsImRlbGV0ZSI6MjQwMDAwMDAwMDAwLCJ1cGRhdGUiOjI0MDAwMDAwMDAwMH19",
          "dependencies": [
            "google_storage_bucket.tenant_buckets"
          ]
        },
        {
          "index_key": "us-east1-shared-ml-models-",
          "schema_version": 0,
          "attributes": {
            "bucket": "terraops-us-east1-tenant-data",
            "cache_control": "",
            "content": "# Global multi-tenant folder structure maintained across all regions for scalable data processing",
            "content_disposition": "",
            "content_encoding": "",
            "content_language": "",
            "content_type": "text/plain; charset=utf-8",
            "crc32c": "mfVRCg==",
            "customer_encryption": [],
            "detect_md5hash": "ZJ7TKDq2HXPnW2iZ7cAH/A==",
            "event_based_hold": false,
            "force_empty_content_type": null,
            "generation": 1756421182442626,
            "id": "terraops-us-east1-tenant-data-shared/ml-models/.gitkeep",
            "kms_key_name": "",
            "md5hash": "ZJ7TKDq2HXPnW2iZ7cAH/A==",
            "md5hexhash": "649ed3283ab61d73e75b6899edc007fc",
            "media_link": "https://storage.googleapis.com/download/storage/v1/b/terraops-us-east1-tenant-data/o/shared%2Fml-models%2F.gitkeep?generation=1756421182442626\u0026alt=media",
            "metadata": null,
            "name": "shared/ml-models/.gitkeep",
            "output_name": "shared/ml-models/.gitkeep",
            "retention": [],
            "self_link": "https://www.googleapis.com/storage/v1/b/terraops-us-east1-tenant-data/o/shared%2Fml-models%2F.gitkeep",
            "source": null,
            "source_md5hash": "",
            "storage_class": "NEARLINE",
            "temporary_hold": false,
            "timeouts": null
          },
          "sensitive_attributes": [
            [
              {
                "type": "get_attr",
                "value": "content"
              }
            ]
          ],
          "private": "eyJlMmJmYjczMC1lY2FhLTExZTYtOGY4OC0zNDM2M2JjN2M0YzAiOnsiY3JlYXRlIjoyNDAwMDAwMDAwMDAsImRlbGV0ZSI6MjQwMDAwMDAwMDAwLCJ1cGRhdGUiOjI0MDAwMDAwMDAwMH19",
          "dependencies": [
            "google_storage_bucket.tenant_buckets"
          ]
        },
        {
          "index_key": "us-east1-shared-reference-data-",
          "schema_version": 0,
          "attributes": {
            "bucket": "terraops-us-east1-tenant-data",
            "cache_control": "",
            "content": "# Global multi-tenant folder structure maintained across all regions for scalable data processing",
            "content_disposition": "",
            "content_encoding": "",
            "content_language": "",
            "content_type": "text/plain; charset=utf-8",
            "crc32c": "mfVRCg==",
            "customer_encryption": [],
            "detect_md5hash": "ZJ7TKDq2HXPnW2iZ7cAH/A==",
            "event_based_hold": false,
            "force_empty_content_type": null,
            "generation": 1756421186626451,
            "id": "terraops-us-east1-tenant-data-shared/reference-data/.gitkeep",
            "kms_key_name": "",
            "md5hash": "ZJ7TKDq2HXPnW2iZ7cAH/A==",
            "md5hexhash": "649ed3283ab61d73e75b6899edc007fc",
            "media_link": "https://storage.googleapis.com/download/storage/v1/b/terraops-us-east1-tenant-data/o/shared%2Freference-data%2F.gitkeep?generation=1756421186626451\u0026alt=media",
            "metadata": null,
            "name": "shared/reference-data/.gitkeep",
            "output_name": "shared/reference-data/.gitkeep",
            "retention": [],
            "self_link": "https://www.googleapis.com/storage/v1/b/terraops-us-east1-tenant-data/o/shared%2Freference-data%2F.gitkeep",
            "source": null,
            "source_md5hash": "",
            "storage_class": "NEARLINE",
            "temporary_hold": false,
            "timeouts": null
          },
          "sensitive_attributes": [
            [
              {
                "type": "get_attr",
                "value": "content"
              }
            ]
          ],
          "private": "eyJlMmJmYjczMC1lY2FhLTExZTYtOGY4OC0zNDM2M2JjN2M0YzAiOnsiY3JlYXRlIjoyNDAwMDAwMDAwMDAsImRlbGV0ZSI6MjQwMDAwMDAwMDAwLCJ1cGRhdGUiOjI0MDAwMDAwMDAwMH19",
          "dependencies": [
            "google_storage_bucket.tenant_buckets"
          ]
        },
        {
          "index_key": "us-east1-shared-reference-data-countries-",
          "schema_version": 0,
          "attributes": {
            "bucket": "terraops-us-east1-tenant-data",
            "cache_control": "",
            "content": "# Global multi-tenant folder structure maintained across all regions for scalable data processing",
            "content_disposition": "",
            "content_encoding": "",
            "content_language": "",
            "content_type": "text/plain; charset=utf-8",
            "crc32c": "mfVRCg==",
            "customer_encryption": [],
            "detect_md5hash": "ZJ7TKDq2HXPnW2iZ7cAH/A==",
            "event_based_hold": false,
            "force_empty_content_type": null,
            "generation": 1756421176774354,
            "id": "terraops-us-east1-tenant-data-shared/reference-data/countries/.gitkeep",
            "kms_key_name": "",
            "md5hash": "ZJ7TKDq2HXPnW2iZ7cAH/A==",
            "md5hexhash": "649ed3283ab61d73e75b6899edc007fc",
            "media_link": "https://storage.googleapis.com/download/storage/v1/b/terraops-us-east1-tenant-data/o/shared%2Freference-data%2Fcountries%2F.gitkeep?generation=1756421176774354\u0026alt=media",
            "metadata": null,
            "name": "shared/reference-data/countries/.gitkeep",
            "output_name": "shared/reference-data/countries/.gitkeep",
            "retention": [],
            "self_link": "https://www.googleapis.com/storage/v1/b/terraops-us-east1-tenant-data/o/shared%2Freference-data%2Fcountries%2F.gitkeep",
            "source": null,
            "source_md5hash": "",
            "storage_class": "NEARLINE",
            "temporary_hold": false,
            "timeouts": null
          },
          "sensitive_attributes": [
            [
              {
                "type": "get_attr",
                "value": "content"
              }
            ]
          ],
          "private": "eyJlMmJmYjczMC1lY2FhLTExZTYtOGY4OC0zNDM2M2JjN2M0YzAiOnsiY3JlYXRlIjoyNDAwMDAwMDAwMDAsImRlbGV0ZSI6MjQwMDAwMDAwMDAwLCJ1cGRhdGUiOjI0MDAwMDAwMDAwMH19",
          "dependencies": [
            "google_storage_bucket.tenant_buckets"
          ]
        },
        {
          "index_key": "us-east1-shared-reference-data-currencies-",
          "schema_version": 0,
          "attributes": {
            "bucket": "terraops-us-east1-tenant-data",
            "cache_control": "",
            "content": "# Global multi-tenant folder structure maintained across all regions for scalable data processing",
            "content_disposition": "",
            "content_encoding": "",
            "content_language": "",
            "content_type": "text/plain; charset=utf-8",
            "crc32c": "mfVRCg==",
            "customer_encryption": [],
            "detect_md5hash": "ZJ7TKDq2HXPnW2iZ7cAH/A==",
            "event_based_hold": false,
            "force_empty_content_type": null,
            "generation": 1756421184660722,
            "id": "terraops-us-east1-tenant-data-shared/reference-data/currencies/.gitkeep",
            "kms_key_name": "",
            "md5hash": "ZJ7TKDq2HXPnW2iZ7cAH/A==",
            "md5hexhash": "649ed3283ab61d73e75b6899edc007fc",
            "media_link": "https://storage.googleapis.com/download/storage/v1/b/terraops-us-east1-tenant-data/o/shared%2Freference-data%2Fcurrencies%2F.gitkeep?generation=1756421184660722\u0026alt=media",
            "metadata": null,
            "name": "shared/reference-data/currencies/.gitkeep",
            "output_name": "shared/reference-data/currencies/.gitkeep",
            "retention": [],
            "self_link": "https://www.googleapis.com/storage/v1/b/terraops-us-east1-tenant-data/o/shared%2Freference-data%2Fcurrencies%2F.gitkeep",
            "source": null,
            "source_md5hash": "",
            "storage_class": "NEARLINE",
            "temporary_hold": false,
            "timeouts": null
          },
          "sensitive_attributes": [
            [
              {
                "type": "get_attr",
                "value": "content"
              }
            ]
          ],
          "private": "eyJlMmJmYjczMC1lY2FhLTExZTYtOGY4OC0zNDM2M2JjN2M0YzAiOnsiY3JlYXRlIjoyNDAwMDAwMDAwMDAsImRlbGV0ZSI6MjQwMDAwMDAwMDAwLCJ1cGRhdGUiOjI0MDAwMDAwMDAwMH19",
          "dependencies": [
            "google_storage_bucket.tenant_buckets"
          ]
        },
        {
          "index_key": "us-east1-shared-reference-data-exchange-rates-",
          "schema_version": 0,
          "attributes": {
            "bucket": "terraops-us-east1-tenant-data",
            "cache_control": "",
            "content": "# Global multi-tenant folder structure maintained across all regions for scalable data processing",
            "content_disposition": "",
            "content_encoding": "",
            "content_language": "",
            "content_type": "text/plain; charset=utf-8",
            "crc32c": "mfVRCg==",
            "customer_encryption": [],
            "detect_md5hash": "ZJ7TKDq2HXPnW2iZ7cAH/A==",
            "event_based_hold": false,
            "force_empty_content_type": null,
            "generation": 1756421187621732,
            "id": "terraops-us-east1-tenant-data-shared/reference-data/exchange-rates/.gitkeep",
            "kms_key_name": "",
            "md5hash": "ZJ7TKDq2HXPnW2iZ7cAH/A==",
            "md5hexhash": "649ed3283ab61d73e75b6899edc007fc",
            "media_link": "https://storage.googleapis.com/download/storage/v1/b/terraops-us-east1-tenant-data/o/shared%2Freference-data%2Fexchange-rates%2F.gitkeep?generation=1756421187621732\u0026alt=media",
            "metadata": null,
            "name": "shared/reference-data/exchange-rates/.gitkeep",
            "output_name": "shared/reference-data/exchange-rates/.gitkeep",
            "retention": [],
            "self_link": "https://www.googleapis.com/storage/v1/b/terraops-us-east1-tenant-data/o/shared%2Freference-data%2Fexchange-rates%2F.gitkeep",
            "source": null,
            "source_md5hash": "",
            "storage_class": "NEARLINE",
            "temporary_hold": false,
            "timeouts": null
          },
          "sensitive_attributes": [
            [
              {
                "type": "get_attr",
                "value": "content"
              }
            ]
          ],
          "private": "eyJlMmJmYjczMC1lY2FhLTExZTYtOGY4OC0zNDM2M2JjN2M0YzAiOnsiY3JlYXRlIjoyNDAwMDAwMDAwMDAsImRlbGV0ZSI6MjQwMDAwMDAwMDAwLCJ1cGRhdGUiOjI0MDAwMDAwMDAwMH19",
          "dependencies": [
            "google_storage_bucket.tenant_buckets"
          ]
        },
        {
          "index_key": "us-east1-tenants-",
          "schema_version": 0,
          "attributes": {
            "bucket": "terraops-us-east1-tenant-data",
            "cache_control": "",
            "content": "# Global multi-tenant folder structure maintained across all regions for scalable data processing",
            "content_disposition": "",
            "content_encoding": "",
            "content_language": "",
            "content_type": "text/plain; charset=utf-8",
            "crc32c": "mfVRCg==",
            "customer_encryption": [],
            "detect_md5hash": "ZJ7TKDq2HXPnW2iZ7cAH/A==",
            "event_based_hold": false,
            "force_empty_content_type": null,
            "generation": 1756421177523878,
            "id": "terraops-us-east1-tenant-data-tenants/.gitkeep",
            "kms_key_name": "",
            "md5hash": "ZJ7TKDq2HXPnW2iZ7cAH/A==",
            "md5hexhash": "649ed3283ab61d73e75b6899edc007fc",
            "media_link": "https://storage.googleapis.com/download/storage/v1/b/terraops-us-east1-tenant-data/o/tenants%2F.gitkeep?generation=1756421177523878\u0026alt=media",
            "metadata": null,
            "name": "tenants/.gitkeep",
            "output_name": "tenants/.gitkeep",
            "retention": [],
            "self_link": "https://www.googleapis.com/storage/v1/b/terraops-us-east1-tenant-data/o/tenants%2F.gitkeep",
            "source": null,
            "source_md5hash": "",
            "storage_class": "NEARLINE",
            "temporary_hold": false,
            "timeouts": null
          },
          "sensitive_attributes": [
            [
              {
                "type": "get_attr",
                "value": "content"
              }
            ]
          ],
          "private": "eyJlMmJmYjczMC1lY2FhLTExZTYtOGY4OC0zNDM2M2JjN2M0YzAiOnsiY3JlYXRlIjoyNDAwMDAwMDAwMDAsImRlbGV0ZSI6MjQwMDAwMDAwMDAwLCJ1cGRhdGUiOjI0MDAwMDAwMDAwMH19",
          "dependencies": [
            "google_storage_bucket.tenant_buckets"
          ]
        },
        {
          "index_key": "us-east1-tenants-business-domains-",
          "schema_version": 0,
          "attributes": {
            "bucket": "terraops-us-east1-tenant-data",
            "cache_control": "",
            "content": "# Global multi-tenant folder structure maintained across all regions for scalable data processing",
            "content_disposition": "",
            "content_encoding": "",
            "content_language": "",
            "content_type": "text/plain; charset=utf-8",
            "crc32c": "mfVRCg==",
            "customer_encryption": [],
            "detect_md5hash": "ZJ7TKDq2HXPnW2iZ7cAH/A==",
            "event_based_hold": false,
            "force_empty_content_type": null,
            "generation": 1756421190082863,
            "id": "terraops-us-east1-tenant-data-tenants/business-domains/.gitkeep",
            "kms_key_name": "",
            "md5hash": "ZJ7TKDq2HXPnW2iZ7cAH/A==",
            "md5hexhash": "649ed3283ab61d73e75b6899edc007fc",
            "media_link": "https://storage.googleapis.com/download/storage/v1/b/terraops-us-east1-tenant-data/o/tenants%2Fbusiness-domains%2F.gitkeep?generation=1756421190082863\u0026alt=media",
            "metadata": null,
            "name": "tenants/business-domains/.gitkeep",
            "output_name": "tenants/business-domains/.gitkeep",
            "retention": [],
            "self_link": "https://www.googleapis.com/storage/v1/b/terraops-us-east1-tenant-data/o/tenants%2Fbusiness-domains%2F.gitkeep",
            "source": null,
            "source_md5hash": "",
            "storage_class": "NEARLINE",
            "temporary_hold": false,
            "timeouts": null
          },
          "sensitive_attributes": [
            [
              {
                "type": "get_attr",
                "value": "content"
              }
            ]
          ],
          "private": "eyJlMmJmYjczMC1lY2FhLTExZTYtOGY4OC0zNDM2M2JjN2M0YzAiOnsiY3JlYXRlIjoyNDAwMDAwMDAwMDAsImRlbGV0ZSI6MjQwMDAwMDAwMDAwLCJ1cGRhdGUiOjI0MDAwMDAwMDAwMH19",
          "dependencies": [
            "google_storage_bucket.tenant_buckets"
          ]
        },
        {
          "index_key": "us-east1-tenants-tenant-001-",
          "schema_version": 0,
          "attributes": {
            "bucket": "terraops-us-east1-tenant-data",
            "cache_control": "",
            "content": "# Global multi-tenant folder structure maintained across all regions for scalable data processing",
            "content_disposition": "",
            "content_encoding": "",
            "content_language": "",
            "content_type": "text/plain; charset=utf-8",
            "crc32c": "mfVRCg==",
            "customer_encryption": [],
            "detect_md5hash": "ZJ7TKDq2HXPnW2iZ7cAH/A==",
            "event_based_hold": false,
            "force_empty_content_type": null,
            "generation": 1756421192065191,
            "id": "terraops-us-east1-tenant-data-tenants/tenant-001/.gitkeep",
            "kms_key_name": "",
            "md5hash": "ZJ7TKDq2HXPnW2iZ7cAH/A==",
            "md5hexhash": "649ed3283ab61d73e75b6899edc007fc",
            "media_link": "https://storage.googleapis.com/download/storage/v1/b/terraops-us-east1-tenant-data/o/tenants%2Ftenant-001%2F.gitkeep?generation=1756421192065191\u0026alt=media",
            "metadata": null,
            "name": "tenants/tenant-001/.gitkeep",
            "output_name": "tenants/tenant-001/.gitkeep",
            "retention": [],
            "self_link": "https://www.googleapis.com/storage/v1/b/terraops-us-east1-tenant-data/o/tenants%2Ftenant-001%2F.gitkeep",
            "source": null,
            "source_md5hash": "",
            "storage_class": "NEARLINE",
            "temporary_hold": false,
            "timeouts": null
          },
          "sensitive_attributes": [
            [
              {
                "type": "get_attr",
                "value": "content"
              }
            ]
          ],
          "private": "eyJlMmJmYjczMC1lY2FhLTExZTYtOGY4OC0zNDM2M2JjN2M0YzAiOnsiY3JlYXRlIjoyNDAwMDAwMDAwMDAsImRlbGV0ZSI6MjQwMDAwMDAwMDAwLCJ1cGRhdGUiOjI0MDAwMDAwMDAwMH19",
          "dependencies": [
            "google_storage_bucket.tenant_buckets"
          ]
        },
        {
          "index_key": "us-east1-tenants-tenant-001-data-",
          "schema_version": 0,
          "attributes": {
            "bucket": "terraops-us-east1-tenant-data",
            "cache_control": "",
            "content": "# Global multi-tenant folder structure maintained across all regions for scalable data processing",
            "content_disposition": "",
            "content_encoding": "",
            "content_language": "",
            "content_type": "text/plain; charset=utf-8",
            "crc32c": "mfVRCg==",
            "customer_encryption": [],
            "detect_md5hash": "ZJ7TKDq2HXPnW2iZ7cAH/A==",
            "event_based_hold": false,
            "force_empty_content_type": null,
            "generation": 1756421195553047,
            "id": "terraops-us-east1-tenant-data-tenants/tenant-001/data/.gitkeep",
            "kms_key_name": "",
            "md5hash": "ZJ7TKDq2HXPnW2iZ7cAH/A==",
            "md5hexhash": "649ed3283ab61d73e75b6899edc007fc",
            "media_link": "https://storage.googleapis.com/download/storage/v1/b/terraops-us-east1-tenant-data/o/tenants%2Ftenant-001%2Fdata%2F.gitkeep?generation=1756421195553047\u0026alt=media",
            "metadata": null,
            "name": "tenants/tenant-001/data/.gitkeep",
            "output_name": "tenants/tenant-001/data/.gitkeep",
            "retention": [],
            "self_link": "https://www.googleapis.com/storage/v1/b/terraops-us-east1-tenant-data/o/tenants%2Ftenant-001%2Fdata%2F.gitkeep",
            "source": null,
            "source_md5hash": "",
            "storage_class": "NEARLINE",
            "temporary_hold": false,
            "timeouts": null
          },
          "sensitive_attributes": [
            [
              {
                "type": "get_attr",
                "value": "content"
              }
            ]
          ],
          "private": "eyJlMmJmYjczMC1lY2FhLTExZTYtOGY4OC0zNDM2M2JjN2M0YzAiOnsiY3JlYXRlIjoyNDAwMDAwMDAwMDAsImRlbGV0ZSI6MjQwMDAwMDAwMDAwLCJ1cGRhdGUiOjI0MDAwMDAwMDAwMH19",
          "dependencies": [
            "google_storage_bucket.tenant_buckets"
          ]
        },
        {
          "index_key": "us-east1-tenants-tenant-001-data-bad-records-",
          "schema_version": 0,
          "attributes": {
            "bucket": "terraops-us-east1-tenant-data",
            "cache_control": "",
            "content": "# Global multi-tenant folder structure maintained across all regions for scalable data processing",
            "content_disposition": "",
            "content_encoding": "",
            "content_language": "",
            "content_type": "text/plain; charset=utf-8",
            "crc32c": "mfVRCg==",
            "customer_encryption": [],
            "detect_md5hash": "ZJ7TKDq2HXPnW2iZ7cAH/A==",
            "event_based_hold": false,
            "force_empty_content_type": null,
            "generation": 1756421193047631,
            "id": "terraops-us-east1-tenant-data-tenants/tenant-001/data/bad-records/.gitkeep",
            "kms_key_name": "",
            "md5hash": "ZJ7TKDq2HXPnW2iZ7cAH/A==",
            "md5hexhash": "649ed3283ab61d73e75b6899edc007fc",
            "media_link": "https://storage.googleapis.com/download/storage/v1/b/terraops-us-east1-tenant-data/o/tenants%2Ftenant-001%2Fdata%2Fbad-records%2F.gitkeep?generation=1756421193047631\u0026alt=media",
            "metadata": null,
            "name": "tenants/tenant-001/data/bad-records/.gitkeep",
            "output_name": "tenants/tenant-001/data/bad-records/.gitkeep",
            "retention": [],
            "self_link": "https://www.googleapis.com/storage/v1/b/terraops-us-east1-tenant-data/o/tenants%2Ftenant-001%2Fdata%2Fbad-records%2F.gitkeep",
            "source": null,
            "source_md5hash": "",
            "storage_class": "NEARLINE",
            "temporary_hold": false,
            "timeouts": null
          },
          "sensitive_attributes": [
            [
              {
                "type": "get_attr",
                "value": "content"
              }
            ]
          ],
          "private": "eyJlMmJmYjczMC1lY2FhLTExZTYtOGY4OC0zNDM2M2JjN2M0YzAiOnsiY3JlYXRlIjoyNDAwMDAwMDAwMDAsImRlbGV0ZSI6MjQwMDAwMDAwMDAwLCJ1cGRhdGUiOjI0MDAwMDAwMDAwMH19",
          "dependencies": [
            "google_storage_bucket.tenant_buckets"
          ]
        },
        {
          "index_key": "us-east1-tenants-tenant-001-data-processed-",
          "schema_version": 0,
          "attributes": {
            "bucket": "terraops-us-east1-tenant-data",
            "cache_control": "",
            "content": "# Global multi-tenant folder structure maintained across all regions for scalable data processing",
            "content_disposition": "",
            "content_encoding": "",
            "content_language": "",
            "content_type": "text/plain; charset=utf-8",
            "crc32c": "mfVRCg==",
            "customer_encryption": [],
            "detect_md5hash": "ZJ7TKDq2HXPnW2iZ7cAH/A==",
            "event_based_hold": false,
            "force_empty_content_type": null,
            "generation": 1756421198351412,
            "id": "terraops-us-east1-tenant-data-tenants/tenant-001/data/processed/.gitkeep",
            "kms_key_name": "",
            "md5hash": "ZJ7TKDq2HXPnW2iZ7cAH/A==",
            "md5hexhash": "649ed3283ab61d73e75b6899edc007fc",
            "media_link": "https://storage.googleapis.com/download/storage/v1/b/terraops-us-east1-tenant-data/o/tenants%2Ftenant-001%2Fdata%2Fprocessed%2F.gitkeep?generation=1756421198351412\u0026alt=media",
            "metadata": null,
            "name": "tenants/tenant-001/data/processed/.gitkeep",
            "output_name": "tenants/tenant-001/data/processed/.gitkeep",
            "retention": [],
            "self_link": "https://www.googleapis.com/storage/v1/b/terraops-us-east1-tenant-data/o/tenants%2Ftenant-001%2Fdata%2Fprocessed%2F.gitkeep",
            "source": null,
            "source_md5hash": "",
            "storage_class": "NEARLINE",
            "temporary_hold": false,
            "timeouts": null
          },
          "sensitive_attributes": [
            [
              {
                "type": "get_attr",
                "value": "content"
              }
            ]
          ],
          "private": "eyJlMmJmYjczMC1lY2FhLTExZTYtOGY4OC0zNDM2M2JjN2M0YzAiOnsiY3JlYXRlIjoyNDAwMDAwMDAwMDAsImRlbGV0ZSI6MjQwMDAwMDAwMDAwLCJ1cGRhdGUiOjI0MDAwMDAwMDAwMH19",
          "dependencies": [
            "google_storage_bucket.tenant_buckets"
          ]
        },
        {
          "index_key": "us-east1-tenants-tenant-001-data-raw-",
          "schema_version": 0,
          "attributes": {
            "bucket": "terraops-us-east1-tenant-data",
            "cache_control": "",
            "content": "# Global multi-tenant folder structure maintained across all regions for scalable data processing",
            "content_disposition": "",
            "content_encoding": "",
            "content_language": "",
            "content_type": "text/plain; charset=utf-8",
            "crc32c": "mfVRCg==",
            "customer_encryption": [],
            "detect_md5hash": "ZJ7TKDq2HXPnW2iZ7cAH/A==",
            "event_based_hold": false,
            "force_empty_content_type": null,
            "generation": 1756421194466699,
            "id": "terraops-us-east1-tenant-data-tenants/tenant-001/data/raw/.gitkeep",
            "kms_key_name": "",
            "md5hash": "ZJ7TKDq2HXPnW2iZ7cAH/A==",
            "md5hexhash": "649ed3283ab61d73e75b6899edc007fc",
            "media_link": "https://storage.googleapis.com/download/storage/v1/b/terraops-us-east1-tenant-data/o/tenants%2Ftenant-001%2Fdata%2Fraw%2F.gitkeep?generation=1756421194466699\u0026alt=media",
            "metadata": null,
            "name": "tenants/tenant-001/data/raw/.gitkeep",
            "output_name": "tenants/tenant-001/data/raw/.gitkeep",
            "retention": [],
            "self_link": "https://www.googleapis.com/storage/v1/b/terraops-us-east1-tenant-data/o/tenants%2Ftenant-001%2Fdata%2Fraw%2F.gitkeep",
            "source": null,
            "source_md5hash": "",
            "storage_class": "NEARLINE",
            "temporary_hold": false,
            "timeouts": null
          },
          "sensitive_attributes": [
            [
              {
                "type": "get_attr",
                "value": "content"
              }
            ]
          ],
          "private": "eyJlMmJmYjczMC1lY2FhLTExZTYtOGY4OC0zNDM2M2JjN2M0YzAiOnsiY3JlYXRlIjoyNDAwMDAwMDAwMDAsImRlbGV0ZSI6MjQwMDAwMDAwMDAwLCJ1cGRhdGUiOjI0MDAwMDAwMDAwMH19",
          "dependencies": [
            "google_storage_bucket.tenant_buckets"
          ]
        },
        {
          "index_key": "us-east1-tenants-tenant-002-",
          "schema_version": 0,
          "attributes": {
            "bucket": "terraops-us-east1-tenant-data",
            "cache_control": "",
            "content": "# Global multi-tenant folder structure maintained across all regions for scalable data processing",
            "content_disposition": "",
            "content_encoding": "",
            "content_language": "",
            "content_type": "text/plain; charset=utf-8",
            "crc32c": "mfVRCg==",
            "customer_encryption": [],
            "detect_md5hash": "ZJ7TKDq2HXPnW2iZ7cAH/A==",
            "event_based_hold": false,
            "force_empty_content_type": null,
            "generation": 1756421186627360,
            "id": "terraops-us-east1-tenant-data-tenants/tenant-002/.gitkeep",
            "kms_key_name": "",
            "md5hash": "ZJ7TKDq2HXPnW2iZ7cAH/A==",
            "md5hexhash": "649ed3283ab61d73e75b6899edc007fc",
            "media_link": "https://storage.googleapis.com/download/storage/v1/b/terraops-us-east1-tenant-data/o/tenants%2Ftenant-002%2F.gitkeep?generation=1756421186627360\u0026alt=media",
            "metadata": null,
            "name": "tenants/tenant-002/.gitkeep",
            "output_name": "tenants/tenant-002/.gitkeep",
            "retention": [],
            "self_link": "https://www.googleapis.com/storage/v1/b/terraops-us-east1-tenant-data/o/tenants%2Ftenant-002%2F.gitkeep",
            "source": null,
            "source_md5hash": "",
            "storage_class": "NEARLINE",
            "temporary_hold": false,
            "timeouts": null
          },
          "sensitive_attributes": [
            [
              {
                "type": "get_attr",
                "value": "content"
              }
            ]
          ],
          "private": "eyJlMmJmYjczMC1lY2FhLTExZTYtOGY4OC0zNDM2M2JjN2M0YzAiOnsiY3JlYXRlIjoyNDAwMDAwMDAwMDAsImRlbGV0ZSI6MjQwMDAwMDAwMDAwLCJ1cGRhdGUiOjI0MDAwMDAwMDAwMH19",
          "dependencies": [
            "google_storage_bucket.tenant_buckets"
          ]
        },
        {
          "index_key": "us-east1-tenants-tenant-002-data-",
          "schema_version": 0,
          "attributes": {
            "bucket": "terraops-us-east1-tenant-data",
            "cache_control": "",
            "content": "# Global multi-tenant folder structure maintained across all regions for scalable data processing",
            "content_disposition": "",
            "content_encoding": "",
            "content_language": "",
            "content_type": "text/plain; charset=utf-8",
            "crc32c": "mfVRCg==",
            "customer_encryption": [],
            "detect_md5hash": "ZJ7TKDq2HXPnW2iZ7cAH/A==",
            "event_based_hold": false,
            "force_empty_content_type": null,
            "generation": 1756421181092374,
            "id": "terraops-us-east1-tenant-data-tenants/tenant-002/data/.gitkeep",
            "kms_key_name": "",
            "md5hash": "ZJ7TKDq2HXPnW2iZ7cAH/A==",
            "md5hexhash": "649ed3283ab61d73e75b6899edc007fc",
            "media_link": "https://storage.googleapis.com/download/storage/v1/b/terraops-us-east1-tenant-data/o/tenants%2Ftenant-002%2Fdata%2F.gitkeep?generation=1756421181092374\u0026alt=media",
            "metadata": null,
            "name": "tenants/tenant-002/data/.gitkeep",
            "output_name": "tenants/tenant-002/data/.gitkeep",
            "retention": [],
            "self_link": "https://www.googleapis.com/storage/v1/b/terraops-us-east1-tenant-data/o/tenants%2Ftenant-002%2Fdata%2F.gitkeep",
            "source": null,
            "source_md5hash": "",
            "storage_class": "NEARLINE",
            "temporary_hold": false,
            "timeouts": null
          },
          "sensitive_attributes": [
            [
              {
                "type": "get_attr",
                "value": "content"
              }
            ]
          ],
          "private": "eyJlMmJmYjczMC1lY2FhLTExZTYtOGY4OC0zNDM2M2JjN2M0YzAiOnsiY3JlYXRlIjoyNDAwMDAwMDAwMDAsImRlbGV0ZSI6MjQwMDAwMDAwMDAwLCJ1cGRhdGUiOjI0MDAwMDAwMDAwMH19",
          "dependencies": [
            "google_storage_bucket.tenant_buckets"
          ]
        },
        {
          "index_key": "us-east1-tenants-tenant-002-data-bad-records-",
          "schema_version": 0,
          "attributes": {
            "bucket": "terraops-us-east1-tenant-data",
            "cache_control": "",
            "content": "# Global multi-tenant folder structure maintained across all regions for scalable data processing",
            "content_disposition": "",
            "content_encoding": "",
            "content_language": "",
            "content_type": "text/plain; charset=utf-8",
            "crc32c": "mfVRCg==",
            "customer_encryption": [],
            "detect_md5hash": "ZJ7TKDq2HXPnW2iZ7cAH/A==",
            "event_based_hold": false,
            "force_empty_content_type": null,
            "generation": 1756421177021744,
            "id": "terraops-us-east1-tenant-data-tenants/tenant-002/data/bad-records/.gitkeep",
            "kms_key_name": "",
            "md5hash": "ZJ7TKDq2HXPnW2iZ7cAH/A==",
            "md5hexhash": "649ed3283ab61d73e75b6899edc007fc",
            "media_link": "https://storage.googleapis.com/download/storage/v1/b/terraops-us-east1-tenant-data/o/tenants%2Ftenant-002%2Fdata%2Fbad-records%2F.gitkeep?generation=1756421177021744\u0026alt=media",
            "metadata": null,
            "name": "tenants/tenant-002/data/bad-records/.gitkeep",
            "output_name": "tenants/tenant-002/data/bad-records/.gitkeep",
            "retention": [],
            "self_link": "https://www.googleapis.com/storage/v1/b/terraops-us-east1-tenant-data/o/tenants%2Ftenant-002%2Fdata%2Fbad-records%2F.gitkeep",
            "source": null,
            "source_md5hash": "",
            "storage_class": "NEARLINE",
            "temporary_hold": false,
            "timeouts": null
          },
          "sensitive_attributes": [
            [
              {
                "type": "get_attr",
                "value": "content"
              }
            ]
          ],
          "private": "eyJlMmJmYjczMC1lY2FhLTExZTYtOGY4OC0zNDM2M2JjN2M0YzAiOnsiY3JlYXRlIjoyNDAwMDAwMDAwMDAsImRlbGV0ZSI6MjQwMDAwMDAwMDAwLCJ1cGRhdGUiOjI0MDAwMDAwMDAwMH19",
          "dependencies": [
            "google_storage_bucket.tenant_buckets"
          ]
        },
        {
          "index_key": "us-east1-tenants-tenant-002-data-processed-",
          "schema_version": 0,
          "attributes": {
            "bucket": "terraops-us-east1-tenant-data",
            "cache_control": "",
            "content": "# Global multi-tenant folder structure maintained across all regions for scalable data processing",
            "content_disposition": "",
            "content_encoding": "",
            "content_language": "",
            "content_type": "text/plain; charset=utf-8",
            "crc32c": "mfVRCg==",
            "customer_encryption": [],
            "detect_md5hash": "ZJ7TKDq2HXPnW2iZ7cAH/A==",
            "event_based_hold": false,
            "force_empty_content_type": null,
            "generation": 1756421198087709,
            "id": "terraops-us-east1-tenant-data-tenants/tenant-002/data/processed/.gitkeep",
            "kms_key_name": "",
            "md5hash": "ZJ7TKDq2HXPnW2iZ7cAH/A==",
            "md5hexhash": "649ed3283ab61d73e75b6899edc007fc",
            "media_link": "https://storage.googleapis.com/download/storage/v1/b/terraops-us-east1-tenant-data/o/tenants%2Ftenant-002%2Fdata%2Fprocessed%2F.gitkeep?generation=1756421198087709\u0026alt=media",
            "metadata": null,
            "name": "tenants/tenant-002/data/processed/.gitkeep",
            "output_name": "tenants/tenant-002/data/processed/.gitkeep",
            "retention": [],
            "self_link": "https://www.googleapis.com/storage/v1/b/terraops-us-east1-tenant-data/o/tenants%2Ftenant-002%2Fdata%2Fprocessed%2F.gitkeep",
            "source": null,
            "source_md5hash": "",
            "storage_class": "NEARLINE",
            "temporary_hold": false,
            "timeouts": null
          },
          "sensitive_attributes": [
            [
              {
                "type": "get_attr",
                "value": "content"
              }
            ]
          ],
          "private": "eyJlMmJmYjczMC1lY2FhLTExZTYtOGY4OC0zNDM2M2JjN2M0YzAiOnsiY3JlYXRlIjoyNDAwMDAwMDAwMDAsImRlbGV0ZSI6MjQwMDAwMDAwMDAwLCJ1cGRhdGUiOjI0MDAwMDAwMDAwMH19",
          "dependencies": [
            "google_storage_bucket.tenant_buckets"
          ]
        },
        {
          "index_key": "us-east1-tenants-tenant-002-data-raw-",
          "schema_version": 0,
          "attributes": {
            "bucket": "terraops-us-east1-tenant-data",
            "cache_control": "",
            "content": "# Global multi-tenant folder structure maintained across all regions for scalable data processing",
            "content_disposition": "",
            "content_encoding": "",
            "content_language": "",
            "content_type": "text/plain; charset=utf-8",
            "crc32c": "mfVRCg==",
            "customer_encryption": [],
            "detect_md5hash": "ZJ7TKDq2HXPnW2iZ7cAH/A==",
            "event_based_hold": false,
            "force_empty_content_type": null,
            "generation": 1756421184889550,
            "id": "terraops-us-east1-tenant-data-tenants/tenant-002/data/raw/.gitkeep",
            "kms_key_name": "",
            "md5hash": "ZJ7TKDq2HXPnW2iZ7cAH/A==",
            "md5hexhash": "649ed3283ab61d73e75b6899edc007fc",
            "media_link": "https://storage.googleapis.com/download/storage/v1/b/terraops-us-east1-tenant-data/o/tenants%2Ftenant-002%2Fdata%2Fraw%2F.gitkeep?generation=1756421184889550\u0026alt=media",
            "metadata": null,
            "name": "tenants/tenant-002/data/raw/.gitkeep",
            "output_name": "tenants/tenant-002/data/raw/.gitkeep",
            "retention": [],
            "self_link": "https://www.googleapis.com/storage/v1/b/terraops-us-east1-tenant-data/o/tenants%2Ftenant-002%2Fdata%2Fraw%2F.gitkeep",
            "source": null,
            "source_md5hash": "",
            "storage_class": "NEARLINE",
            "temporary_hold": false,
            "timeouts": null
          },
          "sensitive_attributes": [
            [
              {
                "type": "get_attr",
                "value": "content"
              }
            ]
          ],
          "private": "eyJlMmJmYjczMC1lY2FhLTExZTYtOGY4OC0zNDM2M2JjN2M0YzAiOnsiY3JlYXRlIjoyNDAwMDAwMDAwMDAsImRlbGV0ZSI6MjQwMDAwMDAwMDAwLCJ1cGRhdGUiOjI0MDAwMDAwMDAwMH19",
          "dependencies": [
            "google_storage_bucket.tenant_buckets"
          ]
        },
        {
          "index_key": "us-east1-tenants-tenant-003-",
          "schema_version": 0,
          "attributes": {
            "bucket": "terraops-us-east1-tenant-data",
            "cache_control": "",
            "content": "# Global multi-tenant folder structure maintained across all regions for scalable data processing",
            "content_disposition": "",
            "content_encoding": "",
            "content_language": "",
            "content_type": "text/plain; charset=utf-8",
            "crc32c": "mfVRCg==",
            "customer_encryption": [],
            "detect_md5hash": "ZJ7TKDq2HXPnW2iZ7cAH/A==",
            "event_based_hold": false,
            "force_empty_content_type": null,
            "generation": 1756421197095837,
            "id": "terraops-us-east1-tenant-data-tenants/tenant-003/.gitkeep",
            "kms_key_name": "",
            "md5hash": "ZJ7TKDq2HXPnW2iZ7cAH/A==",
            "md5hexhash": "649ed3283ab61d73e75b6899edc007fc",
            "media_link": "https://storage.googleapis.com/download/storage/v1/b/terraops-us-east1-tenant-data/o/tenants%2Ftenant-003%2F.gitkeep?generation=1756421197095837\u0026alt=media",
            "metadata": null,
            "name": "tenants/tenant-003/.gitkeep",
            "output_name": "tenants/tenant-003/.gitkeep",
            "retention": [],
            "self_link": "https://www.googleapis.com/storage/v1/b/terraops-us-east1-tenant-data/o/tenants%2Ftenant-003%2F.gitkeep",
            "source": null,
            "source_md5hash": "",
            "storage_class": "NEARLINE",
            "temporary_hold": false,
            "timeouts": null
          },
          "sensitive_attributes": [
            [
              {
                "type": "get_attr",
                "value": "content"
              }
            ]
          ],
          "private": "eyJlMmJmYjczMC1lY2FhLTExZTYtOGY4OC0zNDM2M2JjN2M0YzAiOnsiY3JlYXRlIjoyNDAwMDAwMDAwMDAsImRlbGV0ZSI6MjQwMDAwMDAwMDAwLCJ1cGRhdGUiOjI0MDAwMDAwMDAwMH19",
          "dependencies": [
            "google_storage_bucket.tenant_buckets"
          ]
        },
        {
          "index_key": "us-east1-tenants-tenant-003-data-",
          "schema_version": 0,
          "attributes": {
            "bucket": "terraops-us-east1-tenant-data",
            "cache_control": "",
            "content": "# Global multi-tenant folder structure maintained across all regions for scalable data processing",
            "content_disposition": "",
            "content_encoding": "",
            "content_language": "",
            "content_type": "text/plain; charset=utf-8",
            "crc32c": "mfVRCg==",
            "customer_encryption": [],
            "detect_md5hash": "ZJ7TKDq2HXPnW2iZ7cAH/A==",
            "event_based_hold": false,
            "force_empty_content_type": null,
            "generation": 1756421183577383,
            "id": "terraops-us-east1-tenant-data-tenants/tenant-003/data/.gitkeep",
            "kms_key_name": "",
            "md5hash": "ZJ7TKDq2HXPnW2iZ7cAH/A==",
            "md5hexhash": "649ed3283ab61d73e75b6899edc007fc",
            "media_link": "https://storage.googleapis.com/download/storage/v1/b/terraops-us-east1-tenant-data/o/tenants%2Ftenant-003%2Fdata%2F.gitkeep?generation=1756421183577383\u0026alt=media",
            "metadata": null,
            "name": "tenants/tenant-003/data/.gitkeep",
            "output_name": "tenants/tenant-003/data/.gitkeep",
            "retention": [],
            "self_link": "https://www.googleapis.com/storage/v1/b/terraops-us-east1-tenant-data/o/tenants%2Ftenant-003%2Fdata%2F.gitkeep",
            "source": null,
            "source_md5hash": "",
            "storage_class": "NEARLINE",
            "temporary_hold": false,
            "timeouts": null
          },
          "sensitive_attributes": [
            [
              {
                "type": "get_attr",
                "value": "content"
              }
            ]
          ],
          "private": "eyJlMmJmYjczMC1lY2FhLTExZTYtOGY4OC0zNDM2M2JjN2M0YzAiOnsiY3JlYXRlIjoyNDAwMDAwMDAwMDAsImRlbGV0ZSI6MjQwMDAwMDAwMDAwLCJ1cGRhdGUiOjI0MDAwMDAwMDAwMH19",
          "dependencies": [
            "google_storage_bucket.tenant_buckets"
          ]
        },
        {
          "index_key": "us-east1-tenants-tenant-003-data-bad-records-",
          "schema_version": 0,
          "attributes": {
            "bucket": "terraops-us-east1-tenant-data",
            "cache_control": "",
            "content": "# Global multi-tenant folder structure maintained across all regions for scalable data processing",
            "content_disposition": "",
            "content_encoding": "",
            "content_language": "",
            "content_type": "text/plain; charset=utf-8",
            "crc32c": "mfVRCg==",
            "customer_encryption": [],
            "detect_md5hash": "ZJ7TKDq2HXPnW2iZ7cAH/A==",
            "event_based_hold": false,
            "force_empty_content_type": null,
            "generation": 1756421192214999,
            "id": "terraops-us-east1-tenant-data-tenants/tenant-003/data/bad-records/.gitkeep",
            "kms_key_name": "",
            "md5hash": "ZJ7TKDq2HXPnW2iZ7cAH/A==",
            "md5hexhash": "649ed3283ab61d73e75b6899edc007fc",
            "media_link": "https://storage.googleapis.com/download/storage/v1/b/terraops-us-east1-tenant-data/o/tenants%2Ftenant-003%2Fdata%2Fbad-records%2F.gitkeep?generation=1756421192214999\u0026alt=media",
            "metadata": null,
            "name": "tenants/tenant-003/data/bad-records/.gitkeep",
            "output_name": "tenants/tenant-003/data/bad-records/.gitkeep",
            "retention": [],
            "self_link": "https://www.googleapis.com/storage/v1/b/terraops-us-east1-tenant-data/o/tenants%2Ftenant-003%2Fdata%2Fbad-records%2F.gitkeep",
            "source": null,
            "source_md5hash": "",
            "storage_class": "NEARLINE",
            "temporary_hold": false,
            "timeouts": null
          },
          "sensitive_attributes": [
            [
              {
                "type": "get_attr",
                "value": "content"
              }
            ]
          ],
          "private": "eyJlMmJmYjczMC1lY2FhLTExZTYtOGY4OC0zNDM2M2JjN2M0YzAiOnsiY3JlYXRlIjoyNDAwMDAwMDAwMDAsImRlbGV0ZSI6MjQwMDAwMDAwMDAwLCJ1cGRhdGUiOjI0MDAwMDAwMDAwMH19",
          "dependencies": [
            "google_storage_bucket.tenant_buckets"
          ]
        },
        {
          "index_key": "us-east1-tenants-tenant-003-data-processed-",
          "schema_version": 0,
          "attributes": {
            "bucket": "terraops-us-east1-tenant-data",
            "cache_control": "",
            "content": "# Global multi-tenant folder structure maintained across all regions for scalable data processing",
            "content_disposition": "",
            "content_encoding": "",
            "content_language": "",
            "content_type": "text/plain; charset=utf-8",
            "crc32c": "mfVRCg==",
            "customer_encryption": [],
            "detect_md5hash": "ZJ7TKDq2HXPnW2iZ7cAH/A==",
            "event_based_hold": false,
            "force_empty_content_type": null,
            "generation": 1756421188267354,
            "id": "terraops-us-east1-tenant-data-tenants/tenant-003/data/processed/.gitkeep",
            "kms_key_name": "",
            "md5hash": "ZJ7TKDq2HXPnW2iZ7cAH/A==",
            "md5hexhash": "649ed3283ab61d73e75b6899edc007fc",
            "media_link": "https://storage.googleapis.com/download/storage/v1/b/terraops-us-east1-tenant-data/o/tenants%2Ftenant-003%2Fdata%2Fprocessed%2F.gitkeep?generation=1756421188267354\u0026alt=media",
            "metadata": null,
            "name": "tenants/tenant-003/data/processed/.gitkeep",
            "output_name": "tenants/tenant-003/data/processed/.gitkeep",
            "retention": [],
            "self_link": "https://www.googleapis.com/storage/v1/b/terraops-us-east1-tenant-data/o/tenants%2Ftenant-003%2Fdata%2Fprocessed%2F.gitkeep",
            "source": null,
            "source_md5hash": "",
            "storage_class": "NEARLINE",
            "temporary_hold": false,
            "timeouts": null
          },
          "sensitive_attributes": [
            [
              {
                "type": "get_attr",
                "value": "content"
              }
            ]
          ],
          "private": "eyJlMmJmYjczMC1lY2FhLTExZTYtOGY4OC0zNDM2M2JjN2M0YzAiOnsiY3JlYXRlIjoyNDAwMDAwMDAwMDAsImRlbGV0ZSI6MjQwMDAwMDAwMDAwLCJ1cGRhdGUiOjI0MDAwMDAwMDAwMH19",
          "dependencies": [
            "google_storage_bucket.tenant_buckets"
          ]
        },
        {
          "index_key": "us-east1-tenants-tenant-003-data-raw-",
          "schema_version": 0,
          "attributes": {
            "bucket": "terraops-us-east1-tenant-data",
            "cache_control": "",
            "content": "# Global multi-tenant folder structure maintained across all regions for scalable data processing",
            "content_disposition": "",
            "content_encoding": "",
            "content_language": "",
            "content_type": "text/plain; charset=utf-8",
            "crc32c": "mfVRCg==",
            "customer_encryption": [],
            "detect_md5hash": "ZJ7TKDq2HXPnW2iZ7cAH/A==",
            "event_based_hold": false,
            "force_empty_content_type": null,
            "generation": 1756421196426668,
            "id": "terraops-us-east1-tenant-data-tenants/tenant-003/data/raw/.gitkeep",
            "kms_key_name": "",
            "md5hash": "ZJ7TKDq2HXPnW2iZ7cAH/A==",
            "md5hexhash": "649ed3283ab61d73e75b6899edc007fc",
            "media_link": "https://storage.googleapis.com/download/storage/v1/b/terraops-us-east1-tenant-data/o/tenants%2Ftenant-003%2Fdata%2Fraw%2F.gitkeep?generation=1756421196426668\u0026alt=media",
            "metadata": null,
            "name": "tenants/tenant-003/data/raw/.gitkeep",
            "output_name": "tenants/tenant-003/data/raw/.gitkeep",
            "retention": [],
            "self_link": "https://www.googleapis.com/storage/v1/b/terraops-us-east1-tenant-data/o/tenants%2Ftenant-003%2Fdata%2Fraw%2F.gitkeep",
            "source": null,
            "source_md5hash": "",
            "storage_class": "NEARLINE",
            "temporary_hold": false,
            "timeouts": null
          },
          "sensitive_attributes": [
            [
              {
                "type": "get_attr",
                "value": "content"
              }
            ]
          ],
          "private": "eyJlMmJmYjczMC1lY2FhLTExZTYtOGY4OC0zNDM2M2JjN2M0YzAiOnsiY3JlYXRlIjoyNDAwMDAwMDAwMDAsImRlbGV0ZSI6MjQwMDAwMDAwMDAwLCJ1cGRhdGUiOjI0MDAwMDAwMDAwMH19",
          "dependencies": [
            "google_storage_bucket.tenant_buckets"
          ]
        },
        {
          "index_key": "us-east4-shared-",
          "schema_version": 0,
          "attributes": {
            "bucket": "terraops-us-east4-tenant-data",
            "cache_control": "",
            "content": "# Global multi-tenant folder structure maintained across all regions for scalable data processing",
            "content_disposition": "",
            "content_encoding": "",
            "content_language": "",
            "content_type": "text/plain; charset=utf-8",
            "crc32c": "mfVRCg==",
            "customer_encryption": [],
            "detect_md5hash": "ZJ7TKDq2HXPnW2iZ7cAH/A==",
            "event_based_hold": false,
            "force_empty_content_type": null,
            "generation": 1756421194789743,
            "id": "terraops-us-east4-tenant-data-shared/.gitkeep",
            "kms_key_name": "",
            "md5hash": "ZJ7TKDq2HXPnW2iZ7cAH/A==",
            "md5hexhash": "649ed3283ab61d73e75b6899edc007fc",
            "media_link": "https://storage.googleapis.com/download/storage/v1/b/terraops-us-east4-tenant-data/o/shared%2F.gitkeep?generation=1756421194789743\u0026alt=media",
            "metadata": null,
            "name": "shared/.gitkeep",
            "output_name": "shared/.gitkeep",
            "retention": [],
            "self_link": "https://www.googleapis.com/storage/v1/b/terraops-us-east4-tenant-data/o/shared%2F.gitkeep",
            "source": null,
            "source_md5hash": "",
            "storage_class": "NEARLINE",
            "temporary_hold": false,
            "timeouts": null
          },
          "sensitive_attributes": [
            [
              {
                "type": "get_attr",
                "value": "content"
              }
            ]
          ],
          "private": "eyJlMmJmYjczMC1lY2FhLTExZTYtOGY4OC0zNDM2M2JjN2M0YzAiOnsiY3JlYXRlIjoyNDAwMDAwMDAwMDAsImRlbGV0ZSI6MjQwMDAwMDAwMDAwLCJ1cGRhdGUiOjI0MDAwMDAwMDAwMH19",
          "dependencies": [
            "google_storage_bucket.tenant_buckets"
          ]
        },
        {
          "index_key": "us-east4-shared-ml-models-",
          "schema_version": 0,
          "attributes": {
            "bucket": "terraops-us-east4-tenant-data",
            "cache_control": "",
            "content": "# Global multi-tenant folder structure maintained across all regions for scalable data processing",
            "content_disposition": "",
            "content_encoding": "",
            "content_language": "",
            "content_type": "text/plain; charset=utf-8",
            "crc32c": "mfVRCg==",
            "customer_encryption": [],
            "detect_md5hash": "ZJ7TKDq2HXPnW2iZ7cAH/A==",
            "event_based_hold": false,
            "force_empty_content_type": null,
            "generation": 1756421180391185,
            "id": "terraops-us-east4-tenant-data-shared/ml-models/.gitkeep",
            "kms_key_name": "",
            "md5hash": "ZJ7TKDq2HXPnW2iZ7cAH/A==",
            "md5hexhash": "649ed3283ab61d73e75b6899edc007fc",
            "media_link": "https://storage.googleapis.com/download/storage/v1/b/terraops-us-east4-tenant-data/o/shared%2Fml-models%2F.gitkeep?generation=1756421180391185\u0026alt=media",
            "metadata": null,
            "name": "shared/ml-models/.gitkeep",
            "output_name": "shared/ml-models/.gitkeep",
            "retention": [],
            "self_link": "https://www.googleapis.com/storage/v1/b/terraops-us-east4-tenant-data/o/shared%2Fml-models%2F.gitkeep",
            "source": null,
            "source_md5hash": "",
            "storage_class": "NEARLINE",
            "temporary_hold": false,
            "timeouts": null
          },
          "sensitive_attributes": [
            [
              {
                "type": "get_attr",
                "value": "content"
              }
            ]
          ],
          "private": "eyJlMmJmYjczMC1lY2FhLTExZTYtOGY4OC0zNDM2M2JjN2M0YzAiOnsiY3JlYXRlIjoyNDAwMDAwMDAwMDAsImRlbGV0ZSI6MjQwMDAwMDAwMDAwLCJ1cGRhdGUiOjI0MDAwMDAwMDAwMH19",
          "dependencies": [
            "google_storage_bucket.tenant_buckets"
          ]
        },
        {
          "index_key": "us-east4-shared-reference-data-",
          "schema_version": 0,
          "attributes": {
            "bucket": "terraops-us-east4-tenant-data",
            "cache_control": "",
            "content": "# Global multi-tenant folder structure maintained across all regions for scalable data processing",
            "content_disposition": "",
            "content_encoding": "",
            "content_language": "",
            "content_type": "text/plain; charset=utf-8",
            "crc32c": "mfVRCg==",
            "customer_encryption": [],
            "detect_md5hash": "ZJ7TKDq2HXPnW2iZ7cAH/A==",
            "event_based_hold": false,
            "force_empty_content_type": null,
            "generation": 1756421187477441,
            "id": "terraops-us-east4-tenant-data-shared/reference-data/.gitkeep",
            "kms_key_name": "",
            "md5hash": "ZJ7TKDq2HXPnW2iZ7cAH/A==",
            "md5hexhash": "649ed3283ab61d73e75b6899edc007fc",
            "media_link": "https://storage.googleapis.com/download/storage/v1/b/terraops-us-east4-tenant-data/o/shared%2Freference-data%2F.gitkeep?generation=1756421187477441\u0026alt=media",
            "metadata": null,
            "name": "shared/reference-data/.gitkeep",
            "output_name": "shared/reference-data/.gitkeep",
            "retention": [],
            "self_link": "https://www.googleapis.com/storage/v1/b/terraops-us-east4-tenant-data/o/shared%2Freference-data%2F.gitkeep",
            "source": null,
            "source_md5hash": "",
            "storage_class": "NEARLINE",
            "temporary_hold": false,
            "timeouts": null
          },
          "sensitive_attributes": [
            [
              {
                "type": "get_attr",
                "value": "content"
              }
            ]
          ],
          "private": "eyJlMmJmYjczMC1lY2FhLTExZTYtOGY4OC0zNDM2M2JjN2M0YzAiOnsiY3JlYXRlIjoyNDAwMDAwMDAwMDAsImRlbGV0ZSI6MjQwMDAwMDAwMDAwLCJ1cGRhdGUiOjI0MDAwMDAwMDAwMH19",
          "dependencies": [
            "google_storage_bucket.tenant_buckets"
          ]
        },
        {
          "index_key": "us-east4-shared-reference-data-countries-",
          "schema_version": 0,
          "attributes": {
            "bucket": "terraops-us-east4-tenant-data",
            "cache_control": "",
            "content": "# Global multi-tenant folder structure maintained across all regions for scalable data processing",
            "content_disposition": "",
            "content_encoding": "",
            "content_language": "",
            "content_type": "text/plain; charset=utf-8",
            "crc32c": "mfVRCg==",
            "customer_encryption": [],
            "detect_md5hash": "ZJ7TKDq2HXPnW2iZ7cAH/A==",
            "event_based_hold": false,
            "force_empty_content_type": null,
            "generation": 1756421197736041,
            "id": "terraops-us-east4-tenant-data-shared/reference-data/countries/.gitkeep",
            "kms_key_name": "",
            "md5hash": "ZJ7TKDq2HXPnW2iZ7cAH/A==",
            "md5hexhash": "649ed3283ab61d73e75b6899edc007fc",
            "media_link": "https://storage.googleapis.com/download/storage/v1/b/terraops-us-east4-tenant-data/o/shared%2Freference-data%2Fcountries%2F.gitkeep?generation=1756421197736041\u0026alt=media",
            "metadata": null,
            "name": "shared/reference-data/countries/.gitkeep",
            "output_name": "shared/reference-data/countries/.gitkeep",
            "retention": [],
            "self_link": "https://www.googleapis.com/storage/v1/b/terraops-us-east4-tenant-data/o/shared%2Freference-data%2Fcountries%2F.gitkeep",
            "source": null,
            "source_md5hash": "",
            "storage_class": "NEARLINE",
            "temporary_hold": false,
            "timeouts": null
          },
          "sensitive_attributes": [
            [
              {
                "type": "get_attr",
                "value": "content"
              }
            ]
          ],
          "private": "eyJlMmJmYjczMC1lY2FhLTExZTYtOGY4OC0zNDM2M2JjN2M0YzAiOnsiY3JlYXRlIjoyNDAwMDAwMDAwMDAsImRlbGV0ZSI6MjQwMDAwMDAwMDAwLCJ1cGRhdGUiOjI0MDAwMDAwMDAwMH19",
          "dependencies": [
            "google_storage_bucket.tenant_buckets"
          ]
        },
        {
          "index_key": "us-east4-shared-reference-data-currencies-",
          "schema_version": 0,
          "attributes": {
            "bucket": "terraops-us-east4-tenant-data",
            "cache_control": "",
            "content": "# Global multi-tenant folder structure maintained across all regions for scalable data processing",
            "content_disposition": "",
            "content_encoding": "",
            "content_language": "",
            "content_type": "text/plain; charset=utf-8",
            "crc32c": "mfVRCg==",
            "customer_encryption": [],
            "detect_md5hash": "ZJ7TKDq2HXPnW2iZ7cAH/A==",
            "event_based_hold": false,
            "force_empty_content_type": null,
            "generation": 1756421177862607,
            "id": "terraops-us-east4-tenant-data-shared/reference-data/currencies/.gitkeep",
            "kms_key_name": "",
            "md5hash": "ZJ7TKDq2HXPnW2iZ7cAH/A==",
            "md5hexhash": "649ed3283ab61d73e75b6899edc007fc",
            "media_link": "https://storage.googleapis.com/download/storage/v1/b/terraops-us-east4-tenant-data/o/shared%2Freference-data%2Fcurrencies%2F.gitkeep?generation=1756421177862607\u0026alt=media",
            "metadata": null,
            "name": "shared/reference-data/currencies/.gitkeep",
            "output_name": "shared/reference-data/currencies/.gitkeep",
            "retention": [],
            "self_link": "https://www.googleapis.com/storage/v1/b/terraops-us-east4-tenant-data/o/shared%2Freference-data%2Fcurrencies%2F.gitkeep",
            "source": null,
            "source_md5hash": "",
            "storage_class": "NEARLINE",
            "temporary_hold": false,
            "timeouts": null
          },
          "sensitive_attributes": [
            [
              {
                "type": "get_attr",
                "value": "content"
              }
            ]
          ],
          "private": "eyJlMmJmYjczMC1lY2FhLTExZTYtOGY4OC0zNDM2M2JjN2M0YzAiOnsiY3JlYXRlIjoyNDAwMDAwMDAwMDAsImRlbGV0ZSI6MjQwMDAwMDAwMDAwLCJ1cGRhdGUiOjI0MDAwMDAwMDAwMH19",
          "dependencies": [
            "google_storage_bucket.tenant_buckets"
          ]
        },
        {
          "index_key": "us-east4-shared-reference-data-exchange-rates-",
          "schema_version": 0,
          "attributes": {
            "bucket": "terraops-us-east4-tenant-data",
            "cache_control": "",
            "content": "# Global multi-tenant folder structure maintained across all regions for scalable data processing",
            "content_disposition": "",
            "content_encoding": "",
            "content_language": "",
            "content_type": "text/plain; charset=utf-8",
            "crc32c": "mfVRCg==",
            "customer_encryption": [],
            "detect_md5hash": "ZJ7TKDq2HXPnW2iZ7cAH/A==",
            "event_based_hold": false,
            "force_empty_content_type": null,
            "generation": 1756421192635221,
            "id": "terraops-us-east4-tenant-data-shared/reference-data/exchange-rates/.gitkeep",
            "kms_key_name": "",
            "md5hash": "ZJ7TKDq2HXPnW2iZ7cAH/A==",
            "md5hexhash": "649ed3283ab61d73e75b6899edc007fc",
            "media_link": "https://storage.googleapis.com/download/storage/v1/b/terraops-us-east4-tenant-data/o/shared%2Freference-data%2Fexchange-rates%2F.gitkeep?generation=1756421192635221\u0026alt=media",
            "metadata": null,
            "name": "shared/reference-data/exchange-rates/.gitkeep",
            "output_name": "shared/reference-data/exchange-rates/.gitkeep",
            "retention": [],
            "self_link": "https://www.googleapis.com/storage/v1/b/terraops-us-east4-tenant-data/o/shared%2Freference-data%2Fexchange-rates%2F.gitkeep",
            "source": null,
            "source_md5hash": "",
            "storage_class": "NEARLINE",
            "temporary_hold": false,
            "timeouts": null
          },
          "sensitive_attributes": [
            [
              {
                "type": "get_attr",
                "value": "content"
              }
            ]
          ],
          "private": "eyJlMmJmYjczMC1lY2FhLTExZTYtOGY4OC0zNDM2M2JjN2M0YzAiOnsiY3JlYXRlIjoyNDAwMDAwMDAwMDAsImRlbGV0ZSI6MjQwMDAwMDAwMDAwLCJ1cGRhdGUiOjI0MDAwMDAwMDAwMH19",
          "dependencies": [
            "google_storage_bucket.tenant_buckets"
          ]
        },
        {
          "index_key": "us-east4-tenants-",
          "schema_version": 0,
          "attributes": {
            "bucket": "terraops-us-east4-tenant-data",
            "cache_control": "",
            "content": "# Global multi-tenant folder structure maintained across all regions for scalable data processing",
            "content_disposition": "",
            "content_encoding": "",
            "content_language": "",
            "content_type": "text/plain; charset=utf-8",
            "crc32c": "mfVRCg==",
            "customer_encryption": [],
            "detect_md5hash": "ZJ7TKDq2HXPnW2iZ7cAH/A==",
            "event_based_hold": false,
            "force_empty_content_type": null,
            "generation": 1756421175654569,
            "id": "terraops-us-east4-tenant-data-tenants/.gitkeep",
            "kms_key_name": "",
            "md5hash": "ZJ7TKDq2HXPnW2iZ7cAH/A==",
            "md5hexhash": "649ed3283ab61d73e75b6899edc007fc",
            "media_link": "https://storage.googleapis.com/download/storage/v1/b/terraops-us-east4-tenant-data/o/tenants%2F.gitkeep?generation=1756421175654569\u0026alt=media",
            "metadata": null,
            "name": "tenants/.gitkeep",
            "output_name": "tenants/.gitkeep",
            "retention": [],
            "self_link": "https://www.googleapis.com/storage/v1/b/terraops-us-east4-tenant-data/o/tenants%2F.gitkeep",
            "source": null,
            "source_md5hash": "",
            "storage_class": "NEARLINE",
            "temporary_hold": false,
            "timeouts": null
          },
          "sensitive_attributes": [
            [
              {
                "type": "get_attr",
                "value": "content"
              }
            ]
          ],
          "private": "eyJlMmJmYjczMC1lY2FhLTExZTYtOGY4OC0zNDM2M2JjN2M0YzAiOnsiY3JlYXRlIjoyNDAwMDAwMDAwMDAsImRlbGV0ZSI6MjQwMDAwMDAwMDAwLCJ1cGRhdGUiOjI0MDAwMDAwMDAwMH19",
          "dependencies": [
            "google_storage_bucket.tenant_buckets"
          ]
        },
        {
          "index_key": "us-east4-tenants-business-domains-",
          "schema_version": 0,
          "attributes": {
            "bucket": "terraops-us-east4-tenant-data",
            "cache_control": "",
            "content": "# Global multi-tenant folder structure maintained across all regions for scalable data processing",
            "content_disposition": "",
            "content_encoding": "",
            "content_language": "",
            "content_type": "text/plain; charset=utf-8",
            "crc32c": "mfVRCg==",
            "customer_encryption": [],
            "detect_md5hash": "ZJ7TKDq2HXPnW2iZ7cAH/A==",
            "event_based_hold": false,
            "force_empty_content_type": null,
            "generation": 1756421185364382,
            "id": "terraops-us-east4-tenant-data-tenants/business-domains/.gitkeep",
            "kms_key_name": "",
            "md5hash": "ZJ7TKDq2HXPnW2iZ7cAH/A==",
            "md5hexhash": "649ed3283ab61d73e75b6899edc007fc",
            "media_link": "https://storage.googleapis.com/download/storage/v1/b/terraops-us-east4-tenant-data/o/tenants%2Fbusiness-domains%2F.gitkeep?generation=1756421185364382\u0026alt=media",
            "metadata": null,
            "name": "tenants/business-domains/.gitkeep",
            "output_name": "tenants/business-domains/.gitkeep",
            "retention": [],
            "self_link": "https://www.googleapis.com/storage/v1/b/terraops-us-east4-tenant-data/o/tenants%2Fbusiness-domains%2F.gitkeep",
            "source": null,
            "source_md5hash": "",
            "storage_class": "NEARLINE",
            "temporary_hold": false,
            "timeouts": null
          },
          "sensitive_attributes": [
            [
              {
                "type": "get_attr",
                "value": "content"
              }
            ]
          ],
          "private": "eyJlMmJmYjczMC1lY2FhLTExZTYtOGY4OC0zNDM2M2JjN2M0YzAiOnsiY3JlYXRlIjoyNDAwMDAwMDAwMDAsImRlbGV0ZSI6MjQwMDAwMDAwMDAwLCJ1cGRhdGUiOjI0MDAwMDAwMDAwMH19",
          "dependencies": [
            "google_storage_bucket.tenant_buckets"
          ]
        },
        {
          "index_key": "us-east4-tenants-tenant-001-",
          "schema_version": 0,
          "attributes": {
            "bucket": "terraops-us-east4-tenant-data",
            "cache_control": "",
            "content": "# Global multi-tenant folder structure maintained across all regions for scalable data processing",
            "content_disposition": "",
            "content_encoding": "",
            "content_language": "",
            "content_type": "text/plain; charset=utf-8",
            "crc32c": "mfVRCg==",
            "customer_encryption": [],
            "detect_md5hash": "ZJ7TKDq2HXPnW2iZ7cAH/A==",
            "event_based_hold": false,
            "force_empty_content_type": null,
            "generation": 1756421172140795,
            "id": "terraops-us-east4-tenant-data-tenants/tenant-001/.gitkeep",
            "kms_key_name": "",
            "md5hash": "ZJ7TKDq2HXPnW2iZ7cAH/A==",
            "md5hexhash": "649ed3283ab61d73e75b6899edc007fc",
            "media_link": "https://storage.googleapis.com/download/storage/v1/b/terraops-us-east4-tenant-data/o/tenants%2Ftenant-001%2F.gitkeep?generation=1756421172140795\u0026alt=media",
            "metadata": null,
            "name": "tenants/tenant-001/.gitkeep",
            "output_name": "tenants/tenant-001/.gitkeep",
            "retention": [],
            "self_link": "https://www.googleapis.com/storage/v1/b/terraops-us-east4-tenant-data/o/tenants%2Ftenant-001%2F.gitkeep",
            "source": null,
            "source_md5hash": "",
            "storage_class": "NEARLINE",
            "temporary_hold": false,
            "timeouts": null
          },
          "sensitive_attributes": [
            [
              {
                "type": "get_attr",
                "value": "content"
              }
            ]
          ],
          "private": "eyJlMmJmYjczMC1lY2FhLTExZTYtOGY4OC0zNDM2M2JjN2M0YzAiOnsiY3JlYXRlIjoyNDAwMDAwMDAwMDAsImRlbGV0ZSI6MjQwMDAwMDAwMDAwLCJ1cGRhdGUiOjI0MDAwMDAwMDAwMH19",
          "dependencies": [
            "google_storage_bucket.tenant_buckets"
          ]
        },
        {
          "index_key": "us-east4-tenants-tenant-001-data-",
          "schema_version": 0,
          "attributes": {
            "bucket": "terraops-us-east4-tenant-data",
            "cache_control": "",
            "content": "# Global multi-tenant folder structure maintained across all regions for scalable data processing",
            "content_disposition": "",
            "content_encoding": "",
            "content_language": "",
            "content_type": "text/plain; charset=utf-8",
            "crc32c": "mfVRCg==",
            "customer_encryption": [],
            "detect_md5hash": "ZJ7TKDq2HXPnW2iZ7cAH/A==",
            "event_based_hold": false,
            "force_empty_content_type": null,
            "generation": 1756421189069836,
            "id": "terraops-us-east4-tenant-data-tenants/tenant-001/data/.gitkeep",
            "kms_key_name": "",
            "md5hash": "ZJ7TKDq2HXPnW2iZ7cAH/A==",
            "md5hexhash": "649ed3283ab61d73e75b6899edc007fc",
            "media_link": "https://storage.googleapis.com/download/storage/v1/b/terraops-us-east4-tenant-data/o/tenants%2Ftenant-001%2Fdata%2F.gitkeep?generation=1756421189069836\u0026alt=media",
            "metadata": null,
            "name": "tenants/tenant-001/data/.gitkeep",
            "output_name": "tenants/tenant-001/data/.gitkeep",
            "retention": [],
            "self_link": "https://www.googleapis.com/storage/v1/b/terraops-us-east4-tenant-data/o/tenants%2Ftenant-001%2Fdata%2F.gitkeep",
            "source": null,
            "source_md5hash": "",
            "storage_class": "NEARLINE",
            "temporary_hold": false,
            "timeouts": null
          },
          "sensitive_attributes": [
            [
              {
                "type": "get_attr",
                "value": "content"
              }
            ]
          ],
          "private": "eyJlMmJmYjczMC1lY2FhLTExZTYtOGY4OC0zNDM2M2JjN2M0YzAiOnsiY3JlYXRlIjoyNDAwMDAwMDAwMDAsImRlbGV0ZSI6MjQwMDAwMDAwMDAwLCJ1cGRhdGUiOjI0MDAwMDAwMDAwMH19",
          "dependencies": [
            "google_storage_bucket.tenant_buckets"
          ]
        },
        {
          "index_key": "us-east4-tenants-tenant-001-data-bad-records-",
          "schema_version": 0,
          "attributes": {
            "bucket": "terraops-us-east4-tenant-data",
            "cache_control": "",
            "content": "# Global multi-tenant folder structure maintained across all regions for scalable data processing",
            "content_disposition": "",
            "content_encoding": "",
            "content_language": "",
            "content_type": "text/plain; charset=utf-8",
            "crc32c": "mfVRCg==",
            "customer_encryption": [],
            "detect_md5hash": "ZJ7TKDq2HXPnW2iZ7cAH/A==",
            "event_based_hold": false,
            "force_empty_content_type": null,
            "generation": 1756421194482742,
            "id": "terraops-us-east4-tenant-data-tenants/tenant-001/data/bad-records/.gitkeep",
            "kms_key_name": "",
            "md5hash": "ZJ7TKDq2HXPnW2iZ7cAH/A==",
            "md5hexhash": "649ed3283ab61d73e75b6899edc007fc",
            "media_link": "https://storage.googleapis.com/download/storage/v1/b/terraops-us-east4-tenant-data/o/tenants%2Ftenant-001%2Fdata%2Fbad-records%2F.gitkeep?generation=1756421194482742\u0026alt=media",
            "metadata": null,
            "name": "tenants/tenant-001/data/bad-records/.gitkeep",
            "output_name": "tenants/tenant-001/data/bad-records/.gitkeep",
            "retention": [],
            "self_link": "https://www.googleapis.com/storage/v1/b/terraops-us-east4-tenant-data/o/tenants%2Ftenant-001%2Fdata%2Fbad-records%2F.gitkeep",
            "source": null,
            "source_md5hash": "",
            "storage_class": "NEARLINE",
            "temporary_hold": false,
            "timeouts": null
          },
          "sensitive_attributes": [
            [
              {
                "type": "get_attr",
                "value": "content"
              }
            ]
          ],
          "private": "eyJlMmJmYjczMC1lY2FhLTExZTYtOGY4OC0zNDM2M2JjN2M0YzAiOnsiY3JlYXRlIjoyNDAwMDAwMDAwMDAsImRlbGV0ZSI6MjQwMDAwMDAwMDAwLCJ1cGRhdGUiOjI0MDAwMDAwMDAwMH19",
          "dependencies": [
            "google_storage_bucket.tenant_buckets"
          ]
        },
        {
          "index_key": "us-east4-tenants-tenant-001-data-processed-",
          "schema_version": 0,
          "attributes": {
            "bucket": "terraops-us-east4-tenant-data",
            "cache_control": "",
            "content": "# Global multi-tenant folder structure maintained across all regions for scalable data processing",
            "content_disposition": "",
            "content_encoding": "",
            "content_language": "",
            "content_type": "text/plain; charset=utf-8",
            "crc32c": "mfVRCg==",
            "customer_encryption": [],
            "detect_md5hash": "ZJ7TKDq2HXPnW2iZ7cAH/A==",
            "event_based_hold": false,
            "force_empty_content_type": null,
            "generation": 1756421199132560,
            "id": "terraops-us-east4-tenant-data-tenants/tenant-001/data/processed/.gitkeep",
            "kms_key_name": "",
            "md5hash": "ZJ7TKDq2HXPnW2iZ7cAH/A==",
            "md5hexhash": "649ed3283ab61d73e75b6899edc007fc",
            "media_link": "https://storage.googleapis.com/download/storage/v1/b/terraops-us-east4-tenant-data/o/tenants%2Ftenant-001%2Fdata%2Fprocessed%2F.gitkeep?generation=1756421199132560\u0026alt=media",
            "metadata": null,
            "name": "tenants/tenant-001/data/processed/.gitkeep",
            "output_name": "tenants/tenant-001/data/processed/.gitkeep",
            "retention": [],
            "self_link": "https://www.googleapis.com/storage/v1/b/terraops-us-east4-tenant-data/o/tenants%2Ftenant-001%2Fdata%2Fprocessed%2F.gitkeep",
            "source": null,
            "source_md5hash": "",
            "storage_class": "NEARLINE",
            "temporary_hold": false,
            "timeouts": null
          },
          "sensitive_attributes": [
            [
              {
                "type": "get_attr",
                "value": "content"
              }
            ]
          ],
          "private": "eyJlMmJmYjczMC1lY2FhLTExZTYtOGY4OC0zNDM2M2JjN2M0YzAiOnsiY3JlYXRlIjoyNDAwMDAwMDAwMDAsImRlbGV0ZSI6MjQwMDAwMDAwMDAwLCJ1cGRhdGUiOjI0MDAwMDAwMDAwMH19",
          "dependencies": [
            "google_storage_bucket.tenant_buckets"
          ]
        },
        {
          "index_key": "us-east4-tenants-tenant-001-data-raw-",
          "schema_version": 0,
          "attributes": {
            "bucket": "terraops-us-east4-tenant-data",
            "cache_control": "",
            "content": "# Global multi-tenant folder structure maintained across all regions for scalable data processing",
            "content_disposition": "",
            "content_encoding": "",
            "content_language": "",
            "content_type": "text/plain; charset=utf-8",
            "crc32c": "mfVRCg==",
            "customer_encryption": [],
            "detect_md5hash": "ZJ7TKDq2HXPnW2iZ7cAH/A==",
            "event_based_hold": false,
            "force_empty_content_type": null,
            "generation": 1756421179573042,
            "id": "terraops-us-east4-tenant-data-tenants/tenant-001/data/raw/.gitkeep",
            "kms_key_name": "",
            "md5hash": "ZJ7TKDq2HXPnW2iZ7cAH/A==",
            "md5hexhash": "649ed3283ab61d73e75b6899edc007fc",
            "media_link": "https://storage.googleapis.com/download/storage/v1/b/terraops-us-east4-tenant-data/o/tenants%2Ftenant-001%2Fdata%2Fraw%2F.gitkeep?generation=1756421179573042\u0026alt=media",
            "metadata": null,
            "name": "tenants/tenant-001/data/raw/.gitkeep",
            "output_name": "tenants/tenant-001/data/raw/.gitkeep",
            "retention": [],
            "self_link": "https://www.googleapis.com/storage/v1/b/terraops-us-east4-tenant-data/o/tenants%2Ftenant-001%2Fdata%2Fraw%2F.gitkeep",
            "source": null,
            "source_md5hash": "",
            "storage_class": "NEARLINE",
            "temporary_hold": false,
            "timeouts": null
          },
          "sensitive_attributes": [
            [
              {
                "type": "get_attr",
                "value": "content"
              }
            ]
          ],
          "private": "eyJlMmJmYjczMC1lY2FhLTExZTYtOGY4OC0zNDM2M2JjN2M0YzAiOnsiY3JlYXRlIjoyNDAwMDAwMDAwMDAsImRlbGV0ZSI6MjQwMDAwMDAwMDAwLCJ1cGRhdGUiOjI0MDAwMDAwMDAwMH19",
          "dependencies": [
            "google_storage_bucket.tenant_buckets"
          ]
        },
        {
          "index_key": "us-east4-tenants-tenant-002-",
          "schema_version": 0,
          "attributes": {
            "bucket": "terraops-us-east4-tenant-data",
            "cache_control": "",
            "content": "# Global multi-tenant folder structure maintained across all regions for scalable data processing",
            "content_disposition": "",
            "content_encoding": "",
            "content_language": "",
            "content_type": "text/plain; charset=utf-8",
            "crc32c": "mfVRCg==",
            "customer_encryption": [],
            "detect_md5hash": "ZJ7TKDq2HXPnW2iZ7cAH/A==",
            "event_based_hold": false,
            "force_empty_content_type": null,
            "generation": 1756421184426709,
            "id": "terraops-us-east4-tenant-data-tenants/tenant-002/.gitkeep",
            "kms_key_name": "",
            "md5hash": "ZJ7TKDq2HXPnW2iZ7cAH/A==",
            "md5hexhash": "649ed3283ab61d73e75b6899edc007fc",
            "media_link": "https://storage.googleapis.com/download/storage/v1/b/terraops-us-east4-tenant-data/o/tenants%2Ftenant-002%2F.gitkeep?generation=1756421184426709\u0026alt=media",
            "metadata": null,
            "name": "tenants/tenant-002/.gitkeep",
            "output_name": "tenants/tenant-002/.gitkeep",
            "retention": [],
            "self_link": "https://www.googleapis.com/storage/v1/b/terraops-us-east4-tenant-data/o/tenants%2Ftenant-002%2F.gitkeep",
            "source": null,
            "source_md5hash": "",
            "storage_class": "NEARLINE",
            "temporary_hold": false,
            "timeouts": null
          },
          "sensitive_attributes": [
            [
              {
                "type": "get_attr",
                "value": "content"
              }
            ]
          ],
          "private": "eyJlMmJmYjczMC1lY2FhLTExZTYtOGY4OC0zNDM2M2JjN2M0YzAiOnsiY3JlYXRlIjoyNDAwMDAwMDAwMDAsImRlbGV0ZSI6MjQwMDAwMDAwMDAwLCJ1cGRhdGUiOjI0MDAwMDAwMDAwMH19",
          "dependencies": [
            "google_storage_bucket.tenant_buckets"
          ]
        },
        {
          "index_key": "us-east4-tenants-tenant-002-data-",
          "schema_version": 0,
          "attributes": {
            "bucket": "terraops-us-east4-tenant-data",
            "cache_control": "",
            "content": "# Global multi-tenant folder structure maintained across all regions for scalable data processing",
            "content_disposition": "",
            "content_encoding": "",
            "content_language": "",
            "content_type": "text/plain; charset=utf-8",
            "crc32c": "mfVRCg==",
            "customer_encryption": [],
            "detect_md5hash": "ZJ7TKDq2HXPnW2iZ7cAH/A==",
            "event_based_hold": false,
            "force_empty_content_type": null,
            "generation": 1756421191002009,
            "id": "terraops-us-east4-tenant-data-tenants/tenant-002/data/.gitkeep",
            "kms_key_name": "",
            "md5hash": "ZJ7TKDq2HXPnW2iZ7cAH/A==",
            "md5hexhash": "649ed3283ab61d73e75b6899edc007fc",
            "media_link": "https://storage.googleapis.com/download/storage/v1/b/terraops-us-east4-tenant-data/o/tenants%2Ftenant-002%2Fdata%2F.gitkeep?generation=1756421191002009\u0026alt=media",
            "metadata": null,
            "name": "tenants/tenant-002/data/.gitkeep",
            "output_name": "tenants/tenant-002/data/.gitkeep",
            "retention": [],
            "self_link": "https://www.googleapis.com/storage/v1/b/terraops-us-east4-tenant-data/o/tenants%2Ftenant-002%2Fdata%2F.gitkeep",
            "source": null,
            "source_md5hash": "",
            "storage_class": "NEARLINE",
            "temporary_hold": false,
            "timeouts": null
          },
          "sensitive_attributes": [
            [
              {
                "type": "get_attr",
                "value": "content"
              }
            ]
          ],
          "private": "eyJlMmJmYjczMC1lY2FhLTExZTYtOGY4OC0zNDM2M2JjN2M0YzAiOnsiY3JlYXRlIjoyNDAwMDAwMDAwMDAsImRlbGV0ZSI6MjQwMDAwMDAwMDAwLCJ1cGRhdGUiOjI0MDAwMDAwMDAwMH19",
          "dependencies": [
            "google_storage_bucket.tenant_buckets"
          ]
        },
        {
          "index_key": "us-east4-tenants-tenant-002-data-bad-records-",
          "schema_version": 0,
          "attributes": {
            "bucket": "terraops-us-east4-tenant-data",
            "cache_control": "",
            "content": "# Global multi-tenant folder structure maintained across all regions for scalable data processing",
            "content_disposition": "",
            "content_encoding": "",
            "content_language": "",
            "content_type": "text/plain; charset=utf-8",
            "crc32c": "mfVRCg==",
            "customer_encryption": [],
            "detect_md5hash": "ZJ7TKDq2HXPnW2iZ7cAH/A==",
            "event_based_hold": false,
            "force_empty_content_type": null,
            "generation": 1756421195049711,
            "id": "terraops-us-east4-tenant-data-tenants/tenant-002/data/bad-records/.gitkeep",
            "kms_key_name": "",
            "md5hash": "ZJ7TKDq2HXPnW2iZ7cAH/A==",
            "md5hexhash": "649ed3283ab61d73e75b6899edc007fc",
            "media_link": "https://storage.googleapis.com/download/storage/v1/b/terraops-us-east4-tenant-data/o/tenants%2Ftenant-002%2Fdata%2Fbad-records%2F.gitkeep?generation=1756421195049711\u0026alt=media",
            "metadata": null,
            "name": "tenants/tenant-002/data/bad-records/.gitkeep",
            "output_name": "tenants/tenant-002/data/bad-records/.gitkeep",
            "retention": [],
            "self_link": "https://www.googleapis.com/storage/v1/b/terraops-us-east4-tenant-data/o/tenants%2Ftenant-002%2Fdata%2Fbad-records%2F.gitkeep",
            "source": null,
            "source_md5hash": "",
            "storage_class": "NEARLINE",
            "temporary_hold": false,
            "timeouts": null
          },
          "sensitive_attributes": [
            [
              {
                "type": "get_attr",
                "value": "content"
              }
            ]
          ],
          "private": "eyJlMmJmYjczMC1lY2FhLTExZTYtOGY4OC0zNDM2M2JjN2M0YzAiOnsiY3JlYXRlIjoyNDAwMDAwMDAwMDAsImRlbGV0ZSI6MjQwMDAwMDAwMDAwLCJ1cGRhdGUiOjI0MDAwMDAwMDAwMH19",
          "dependencies": [
            "google_storage_bucket.tenant_buckets"
          ]
        },
        {
          "index_key": "us-east4-tenants-tenant-002-data-processed-",
          "schema_version": 0,
          "attributes": {
            "bucket": "terraops-us-east4-tenant-data",
            "cache_control": "",
            "content": "# Global multi-tenant folder structure maintained across all regions for scalable data processing",
            "content_disposition": "",
            "content_encoding": "",
            "content_language": "",
            "content_type": "text/plain; charset=utf-8",
            "crc32c": "mfVRCg==",
            "customer_encryption": [],
            "detect_md5hash": "ZJ7TKDq2HXPnW2iZ7cAH/A==",
            "event_based_hold": false,
            "force_empty_content_type": null,
            "generation": 1756421174577968,
            "id": "terraops-us-east4-tenant-data-tenants/tenant-002/data/processed/.gitkeep",
            "kms_key_name": "",
            "md5hash": "ZJ7TKDq2HXPnW2iZ7cAH/A==",
            "md5hexhash": "649ed3283ab61d73e75b6899edc007fc",
            "media_link": "https://storage.googleapis.com/download/storage/v1/b/terraops-us-east4-tenant-data/o/tenants%2Ftenant-002%2Fdata%2Fprocessed%2F.gitkeep?generation=1756421174577968\u0026alt=media",
            "metadata": null,
            "name": "tenants/tenant-002/data/processed/.gitkeep",
            "output_name": "tenants/tenant-002/data/processed/.gitkeep",
            "retention": [],
            "self_link": "https://www.googleapis.com/storage/v1/b/terraops-us-east4-tenant-data/o/tenants%2Ftenant-002%2Fdata%2Fprocessed%2F.gitkeep",
            "source": null,
            "source_md5hash": "",
            "storage_class": "NEARLINE",
            "temporary_hold": false,
            "timeouts": null
          },
          "sensitive_attributes": [
            [
              {
                "type": "get_attr",
                "value": "content"
              }
            ]
          ],
          "private": "eyJlMmJmYjczMC1lY2FhLTExZTYtOGY4OC0zNDM2M2JjN2M0YzAiOnsiY3JlYXRlIjoyNDAwMDAwMDAwMDAsImRlbGV0ZSI6MjQwMDAwMDAwMDAwLCJ1cGRhdGUiOjI0MDAwMDAwMDAwMH19",
          "dependencies": [
            "google_storage_bucket.tenant_buckets"
          ]
        },
        {
          "index_key": "us-east4-tenants-tenant-002-data-raw-",
          "schema_version": 0,
          "attributes": {
            "bucket": "terraops-us-east4-tenant-data",
            "cache_control": "",
            "content": "# Global multi-tenant folder structure maintained across all regions for scalable data processing",
            "content_disposition": "",
            "content_encoding": "",
            "content_language": "",
            "content_type": "text/plain; charset=utf-8",
            "crc32c": "mfVRCg==",
            "customer_encryption": [],
            "detect_md5hash": "ZJ7TKDq2HXPnW2iZ7cAH/A==",
            "event_based_hold": false,
            "force_empty_content_type": null,
            "generation": 1756421182777056,
            "id": "terraops-us-east4-tenant-data-tenants/tenant-002/data/raw/.gitkeep",
            "kms_key_name": "",
            "md5hash": "ZJ7TKDq2HXPnW2iZ7cAH/A==",
            "md5hexhash": "649ed3283ab61d73e75b6899edc007fc",
            "media_link": "https://storage.googleapis.com/download/storage/v1/b/terraops-us-east4-tenant-data/o/tenants%2Ftenant-002%2Fdata%2Fraw%2F.gitkeep?generation=1756421182777056\u0026alt=media",
            "metadata": null,
            "name": "tenants/tenant-002/data/raw/.gitkeep",
            "output_name": "tenants/tenant-002/data/raw/.gitkeep",
            "retention": [],
            "self_link": "https://www.googleapis.com/storage/v1/b/terraops-us-east4-tenant-data/o/tenants%2Ftenant-002%2Fdata%2Fraw%2F.gitkeep",
            "source": null,
            "source_md5hash": "",
            "storage_class": "NEARLINE",
            "temporary_hold": false,
            "timeouts": null
          },
          "sensitive_attributes": [
            [
              {
                "type": "get_attr",
                "value": "content"
              }
            ]
          ],
          "private": "eyJlMmJmYjczMC1lY2FhLTExZTYtOGY4OC0zNDM2M2JjN2M0YzAiOnsiY3JlYXRlIjoyNDAwMDAwMDAwMDAsImRlbGV0ZSI6MjQwMDAwMDAwMDAwLCJ1cGRhdGUiOjI0MDAwMDAwMDAwMH19",
          "dependencies": [
            "google_storage_bucket.tenant_buckets"
          ]
        },
        {
          "index_key": "us-east4-tenants-tenant-003-",
          "schema_version": 0,
          "attributes": {
            "bucket": "terraops-us-east4-tenant-data",
            "cache_control": "",
            "content": "# Global multi-tenant folder structure maintained across all regions for scalable data processing",
            "content_disposition": "",
            "content_encoding": "",
            "content_language": "",
            "content_type": "text/plain; charset=utf-8",
            "crc32c": "mfVRCg==",
            "customer_encryption": [],
            "detect_md5hash": "ZJ7TKDq2HXPnW2iZ7cAH/A==",
            "event_based_hold": false,
            "force_empty_content_type": null,
            "generation": 1756421174819690,
            "id": "terraops-us-east4-tenant-data-tenants/tenant-003/.gitkeep",
            "kms_key_name": "",
            "md5hash": "ZJ7TKDq2HXPnW2iZ7cAH/A==",
            "md5hexhash": "649ed3283ab61d73e75b6899edc007fc",
            "media_link": "https://storage.googleapis.com/download/storage/v1/b/terraops-us-east4-tenant-data/o/tenants%2Ftenant-003%2F.gitkeep?generation=1756421174819690\u0026alt=media",
            "metadata": null,
            "name": "tenants/tenant-003/.gitkeep",
            "output_name": "tenants/tenant-003/.gitkeep",
            "retention": [],
            "self_link": "https://www.googleapis.com/storage/v1/b/terraops-us-east4-tenant-data/o/tenants%2Ftenant-003%2F.gitkeep",
            "source": null,
            "source_md5hash": "",
            "storage_class": "NEARLINE",
            "temporary_hold": false,
            "timeouts": null
          },
          "sensitive_attributes": [
            [
              {
                "type": "get_attr",
                "value": "content"
              }
            ]
          ],
          "private": "eyJlMmJmYjczMC1lY2FhLTExZTYtOGY4OC0zNDM2M2JjN2M0YzAiOnsiY3JlYXRlIjoyNDAwMDAwMDAwMDAsImRlbGV0ZSI6MjQwMDAwMDAwMDAwLCJ1cGRhdGUiOjI0MDAwMDAwMDAwMH19",
          "dependencies": [
            "google_storage_bucket.tenant_buckets"
          ]
        },
        {
          "index_key": "us-east4-tenants-tenant-003-data-",
          "schema_version": 0,
          "attributes": {
            "bucket": "terraops-us-east4-tenant-data",
            "cache_control": "",
            "content": "# Global multi-tenant folder structure maintained across all regions for scalable data processing",
            "content_disposition": "",
            "content_encoding": "",
            "content_language": "",
            "content_type": "text/plain; charset=utf-8",
            "crc32c": "mfVRCg==",
            "customer_encryption": [],
            "detect_md5hash": "ZJ7TKDq2HXPnW2iZ7cAH/A==",
            "event_based_hold": false,
            "force_empty_content_type": null,
            "generation": 1756421189899169,
            "id": "terraops-us-east4-tenant-data-tenants/tenant-003/data/.gitkeep",
            "kms_key_name": "",
            "md5hash": "ZJ7TKDq2HXPnW2iZ7cAH/A==",
            "md5hexhash": "649ed3283ab61d73e75b6899edc007fc",
            "media_link": "https://storage.googleapis.com/download/storage/v1/b/terraops-us-east4-tenant-data/o/tenants%2Ftenant-003%2Fdata%2F.gitkeep?generation=1756421189899169\u0026alt=media",
            "metadata": null,
            "name": "tenants/tenant-003/data/.gitkeep",
            "output_name": "tenants/tenant-003/data/.gitkeep",
            "retention": [],
            "self_link": "https://www.googleapis.com/storage/v1/b/terraops-us-east4-tenant-data/o/tenants%2Ftenant-003%2Fdata%2F.gitkeep",
            "source": null,
            "source_md5hash": "",
            "storage_class": "NEARLINE",
            "temporary_hold": false,
            "timeouts": null
          },
          "sensitive_attributes": [
            [
              {
                "type": "get_attr",
                "value": "content"
              }
            ]
          ],
          "private": "eyJlMmJmYjczMC1lY2FhLTExZTYtOGY4OC0zNDM2M2JjN2M0YzAiOnsiY3JlYXRlIjoyNDAwMDAwMDAwMDAsImRlbGV0ZSI6MjQwMDAwMDAwMDAwLCJ1cGRhdGUiOjI0MDAwMDAwMDAwMH19",
          "dependencies": [
            "google_storage_bucket.tenant_buckets"
          ]
        },
        {
          "index_key": "us-east4-tenants-tenant-003-data-bad-records-",
          "schema_version": 0,
          "attributes": {
            "bucket": "terraops-us-east4-tenant-data",
            "cache_control": "",
            "content": "# Global multi-tenant folder structure maintained across all regions for scalable data processing",
            "content_disposition": "",
            "content_encoding": "",
            "content_language": "",
            "content_type": "text/plain; charset=utf-8",
            "crc32c": "mfVRCg==",
            "customer_encryption": [],
            "detect_md5hash": "ZJ7TKDq2HXPnW2iZ7cAH/A==",
            "event_based_hold": false,
            "force_empty_content_type": null,
            "generation": 1756421186243865,
            "id": "terraops-us-east4-tenant-data-tenants/tenant-003/data/bad-records/.gitkeep",
            "kms_key_name": "",
            "md5hash": "ZJ7TKDq2HXPnW2iZ7cAH/A==",
            "md5hexhash": "649ed3283ab61d73e75b6899edc007fc",
            "media_link": "https://storage.googleapis.com/download/storage/v1/b/terraops-us-east4-tenant-data/o/tenants%2Ftenant-003%2Fdata%2Fbad-records%2F.gitkeep?generation=1756421186243865\u0026alt=media",
            "metadata": null,
            "name": "tenants/tenant-003/data/bad-records/.gitkeep",
            "output_name": "tenants/tenant-003/data/bad-records/.gitkeep",
            "retention": [],
            "self_link": "https://www.googleapis.com/storage/v1/b/terraops-us-east4-tenant-data/o/tenants%2Ftenant-003%2Fdata%2Fbad-records%2F.gitkeep",
            "source": null,
            "source_md5hash": "",
            "storage_class": "NEARLINE",
            "temporary_hold": false,
            "timeouts": null
          },
          "sensitive_attributes": [
            [
              {
                "type": "get_attr",
                "value": "content"
              }
            ]
          ],
          "private": "eyJlMmJmYjczMC1lY2FhLTExZTYtOGY4OC0zNDM2M2JjN2M0YzAiOnsiY3JlYXRlIjoyNDAwMDAwMDAwMDAsImRlbGV0ZSI6MjQwMDAwMDAwMDAwLCJ1cGRhdGUiOjI0MDAwMDAwMDAwMH19",
          "dependencies": [
            "google_storage_bucket.tenant_buckets"
          ]
        },
        {
          "index_key": "us-east4-tenants-tenant-003-data-processed-",
          "schema_version": 0,
          "attributes": {
            "bucket": "terraops-us-east4-tenant-data",
            "cache_control": "",
            "content": "# Global multi-tenant folder structure maintained across all regions for scalable data processing",
            "content_disposition": "",
            "content_encoding": "",
            "content_language": "",
            "content_type": "text/plain; charset=utf-8",
            "crc32c": "mfVRCg==",
            "customer_encryption": [],
            "detect_md5hash": "ZJ7TKDq2HXPnW2iZ7cAH/A==",
            "event_based_hold": false,
            "force_empty_content_type": null,
            "generation": 1756421185969305,
            "id": "terraops-us-east4-tenant-data-tenants/tenant-003/data/processed/.gitkeep",
            "kms_key_name": "",
            "md5hash": "ZJ7TKDq2HXPnW2iZ7cAH/A==",
            "md5hexhash": "649ed3283ab61d73e75b6899edc007fc",
            "media_link": "https://storage.googleapis.com/download/storage/v1/b/terraops-us-east4-tenant-data/o/tenants%2Ftenant-003%2Fdata%2Fprocessed%2F.gitkeep?generation=1756421185969305\u0026alt=media",
            "metadata": null,
            "name": "tenants/tenant-003/data/processed/.gitkeep",
            "output_name": "tenants/tenant-003/data/processed/.gitkeep",
            "retention": [],
            "self_link": "https://www.googleapis.com/storage/v1/b/terraops-us-east4-tenant-data/o/tenants%2Ftenant-003%2Fdata%2Fprocessed%2F.gitkeep",
            "source": null,
            "source_md5hash": "",
            "storage_class": "NEARLINE",
            "temporary_hold": false,
            "timeouts": null
          },
          "sensitive_attributes": [
            [
              {
                "type": "get_attr",
                "value": "content"
              }
            ]
          ],
          "private": "eyJlMmJmYjczMC1lY2FhLTExZTYtOGY4OC0zNDM2M2JjN2M0YzAiOnsiY3JlYXRlIjoyNDAwMDAwMDAwMDAsImRlbGV0ZSI6MjQwMDAwMDAwMDAwLCJ1cGRhdGUiOjI0MDAwMDAwMDAwMH19",
          "dependencies": [
            "google_storage_bucket.tenant_buckets"
          ]
        },
        {
          "index_key": "us-east4-tenants-tenant-003-data-raw-",
          "schema_version": 0,
          "attributes": {
            "bucket": "terraops-us-east4-tenant-data",
            "cache_control": "",
            "content": "# Global multi-tenant folder structure maintained across all regions for scalable data processing",
            "content_disposition": "",
            "content_encoding": "",
            "content_language": "",
            "content_type": "text/plain; charset=utf-8",
            "crc32c": "mfVRCg==",
            "customer_encryption": [],
            "detect_md5hash": "ZJ7TKDq2HXPnW2iZ7cAH/A==",
            "event_based_hold": false,
            "force_empty_content_type": null,
            "generation": 1756421185937882,
            "id": "terraops-us-east4-tenant-data-tenants/tenant-003/data/raw/.gitkeep",
            "kms_key_name": "",
            "md5hash": "ZJ7TKDq2HXPnW2iZ7cAH/A==",
            "md5hexhash": "649ed3283ab61d73e75b6899edc007fc",
            "media_link": "https://storage.googleapis.com/download/storage/v1/b/terraops-us-east4-tenant-data/o/tenants%2Ftenant-003%2Fdata%2Fraw%2F.gitkeep?generation=1756421185937882\u0026alt=media",
            "metadata": null,
            "name": "tenants/tenant-003/data/raw/.gitkeep",
            "output_name": "tenants/tenant-003/data/raw/.gitkeep",
            "retention": [],
            "self_link": "https://www.googleapis.com/storage/v1/b/terraops-us-east4-tenant-data/o/tenants%2Ftenant-003%2Fdata%2Fraw%2F.gitkeep",
            "source": null,
            "source_md5hash": "",
            "storage_class": "NEARLINE",
            "temporary_hold": false,
            "timeouts": null
          },
          "sensitive_attributes": [
            [
              {
                "type": "get_attr",
                "value": "content"
              }
            ]
          ],
          "private": "eyJlMmJmYjczMC1lY2FhLTExZTYtOGY4OC0zNDM2M2JjN2M0YzAiOnsiY3JlYXRlIjoyNDAwMDAwMDAwMDAsImRlbGV0ZSI6MjQwMDAwMDAwMDAwLCJ1cGRhdGUiOjI0MDAwMDAwMDAwMH19",
          "dependencies": [
            "google_storage_bucket.tenant_buckets"
          ]
        },
        {
          "index_key": "us-west1-shared-",
          "schema_version": 0,
          "attributes": {
            "bucket": "terraops-us-west1-tenant-data",
            "cache_control": "",
            "content": "# Global multi-tenant folder structure maintained across all regions for scalable data processing",
            "content_disposition": "",
            "content_encoding": "",
            "content_language": "",
            "content_type": "text/plain; charset=utf-8",
            "crc32c": "mfVRCg==",
            "customer_encryption": [],
            "detect_md5hash": "ZJ7TKDq2HXPnW2iZ7cAH/A==",
            "event_based_hold": false,
            "force_empty_content_type": null,
            "generation": 1756421192273183,
            "id": "terraops-us-west1-tenant-data-shared/.gitkeep",
            "kms_key_name": "",
            "md5hash": "ZJ7TKDq2HXPnW2iZ7cAH/A==",
            "md5hexhash": "649ed3283ab61d73e75b6899edc007fc",
            "media_link": "https://storage.googleapis.com/download/storage/v1/b/terraops-us-west1-tenant-data/o/shared%2F.gitkeep?generation=1756421192273183\u0026alt=media",
            "metadata": null,
            "name": "shared/.gitkeep",
            "output_name": "shared/.gitkeep",
            "retention": [],
            "self_link": "https://www.googleapis.com/storage/v1/b/terraops-us-west1-tenant-data/o/shared%2F.gitkeep",
            "source": null,
            "source_md5hash": "",
            "storage_class": "NEARLINE",
            "temporary_hold": false,
            "timeouts": null
          },
          "sensitive_attributes": [
            [
              {
                "type": "get_attr",
                "value": "content"
              }
            ]
          ],
          "private": "eyJlMmJmYjczMC1lY2FhLTExZTYtOGY4OC0zNDM2M2JjN2M0YzAiOnsiY3JlYXRlIjoyNDAwMDAwMDAwMDAsImRlbGV0ZSI6MjQwMDAwMDAwMDAwLCJ1cGRhdGUiOjI0MDAwMDAwMDAwMH19",
          "dependencies": [
            "google_storage_bucket.tenant_buckets"
          ]
        },
        {
          "index_key": "us-west1-shared-ml-models-",
          "schema_version": 0,
          "attributes": {
            "bucket": "terraops-us-west1-tenant-data",
            "cache_control": "",
            "content": "# Global multi-tenant folder structure maintained across all regions for scalable data processing",
            "content_disposition": "",
            "content_encoding": "",
            "content_language": "",
            "content_type": "text/plain; charset=utf-8",
            "crc32c": "mfVRCg==",
            "customer_encryption": [],
            "detect_md5hash": "ZJ7TKDq2HXPnW2iZ7cAH/A==",
            "event_based_hold": false,
            "force_empty_content_type": null,
            "generation": 1756421187049382,
            "id": "terraops-us-west1-tenant-data-shared/ml-models/.gitkeep",
            "kms_key_name": "",
            "md5hash": "ZJ7TKDq2HXPnW2iZ7cAH/A==",
            "md5hexhash": "649ed3283ab61d73e75b6899edc007fc",
            "media_link": "https://storage.googleapis.com/download/storage/v1/b/terraops-us-west1-tenant-data/o/shared%2Fml-models%2F.gitkeep?generation=1756421187049382\u0026alt=media",
            "metadata": null,
            "name": "shared/ml-models/.gitkeep",
            "output_name": "shared/ml-models/.gitkeep",
            "retention": [],
            "self_link": "https://www.googleapis.com/storage/v1/b/terraops-us-west1-tenant-data/o/shared%2Fml-models%2F.gitkeep",
            "source": null,
            "source_md5hash": "",
            "storage_class": "NEARLINE",
            "temporary_hold": false,
            "timeouts": null
          },
          "sensitive_attributes": [
            [
              {
                "type": "get_attr",
                "value": "content"
              }
            ]
          ],
          "private": "eyJlMmJmYjczMC1lY2FhLTExZTYtOGY4OC0zNDM2M2JjN2M0YzAiOnsiY3JlYXRlIjoyNDAwMDAwMDAwMDAsImRlbGV0ZSI6MjQwMDAwMDAwMDAwLCJ1cGRhdGUiOjI0MDAwMDAwMDAwMH19",
          "dependencies": [
            "google_storage_bucket.tenant_buckets"
          ]
        },
        {
          "index_key": "us-west1-shared-reference-data-",
          "schema_version": 0,
          "attributes": {
            "bucket": "terraops-us-west1-tenant-data",
            "cache_control": "",
            "content": "# Global multi-tenant folder structure maintained across all regions for scalable data processing",
            "content_disposition": "",
            "content_encoding": "",
            "content_language": "",
            "content_type": "text/plain; charset=utf-8",
            "crc32c": "mfVRCg==",
            "customer_encryption": [],
            "detect_md5hash": "ZJ7TKDq2HXPnW2iZ7cAH/A==",
            "event_based_hold": false,
            "force_empty_content_type": null,
            "generation": 1756421191573196,
            "id": "terraops-us-west1-tenant-data-shared/reference-data/.gitkeep",
            "kms_key_name": "",
            "md5hash": "ZJ7TKDq2HXPnW2iZ7cAH/A==",
            "md5hexhash": "649ed3283ab61d73e75b6899edc007fc",
            "media_link": "https://storage.googleapis.com/download/storage/v1/b/terraops-us-west1-tenant-data/o/shared%2Freference-data%2F.gitkeep?generation=1756421191573196\u0026alt=media",
            "metadata": null,
            "name": "shared/reference-data/.gitkeep",
            "output_name": "shared/reference-data/.gitkeep",
            "retention": [],
            "self_link": "https://www.googleapis.com/storage/v1/b/terraops-us-west1-tenant-data/o/shared%2Freference-data%2F.gitkeep",
            "source": null,
            "source_md5hash": "",
            "storage_class": "NEARLINE",
            "temporary_hold": false,
            "timeouts": null
          },
          "sensitive_attributes": [
            [
              {
                "type": "get_attr",
                "value": "content"
              }
            ]
          ],
          "private": "eyJlMmJmYjczMC1lY2FhLTExZTYtOGY4OC0zNDM2M2JjN2M0YzAiOnsiY3JlYXRlIjoyNDAwMDAwMDAwMDAsImRlbGV0ZSI6MjQwMDAwMDAwMDAwLCJ1cGRhdGUiOjI0MDAwMDAwMDAwMH19",
          "dependencies": [
            "google_storage_bucket.tenant_buckets"
          ]
        },
        {
          "index_key": "us-west1-shared-reference-data-countries-",
          "schema_version": 0,
          "attributes": {
            "bucket": "terraops-us-west1-tenant-data",
            "cache_control": "",
            "content": "# Global multi-tenant folder structure maintained across all regions for scalable data processing",
            "content_disposition": "",
            "content_encoding": "",
            "content_language": "",
            "content_type": "text/plain; charset=utf-8",
            "crc32c": "mfVRCg==",
            "customer_encryption": [],
            "detect_md5hash": "ZJ7TKDq2HXPnW2iZ7cAH/A==",
            "event_based_hold": false,
            "force_empty_content_type": null,
            "generation": 1756421198740779,
            "id": "terraops-us-west1-tenant-data-shared/reference-data/countries/.gitkeep",
            "kms_key_name": "",
            "md5hash": "ZJ7TKDq2HXPnW2iZ7cAH/A==",
            "md5hexhash": "649ed3283ab61d73e75b6899edc007fc",
            "media_link": "https://storage.googleapis.com/download/storage/v1/b/terraops-us-west1-tenant-data/o/shared%2Freference-data%2Fcountries%2F.gitkeep?generation=1756421198740779\u0026alt=media",
            "metadata": null,
            "name": "shared/reference-data/countries/.gitkeep",
            "output_name": "shared/reference-data/countries/.gitkeep",
            "retention": [],
            "self_link": "https://www.googleapis.com/storage/v1/b/terraops-us-west1-tenant-data/o/shared%2Freference-data%2Fcountries%2F.gitkeep",
            "source": null,
            "source_md5hash": "",
            "storage_class": "NEARLINE",
            "temporary_hold": false,
            "timeouts": null
          },
          "sensitive_attributes": [
            [
              {
                "type": "get_attr",
                "value": "content"
              }
            ]
          ],
          "private": "eyJlMmJmYjczMC1lY2FhLTExZTYtOGY4OC0zNDM2M2JjN2M0YzAiOnsiY3JlYXRlIjoyNDAwMDAwMDAwMDAsImRlbGV0ZSI6MjQwMDAwMDAwMDAwLCJ1cGRhdGUiOjI0MDAwMDAwMDAwMH19",
          "dependencies": [
            "google_storage_bucket.tenant_buckets"
          ]
        },
        {
          "index_key": "us-west1-shared-reference-data-currencies-",
          "schema_version": 0,
          "attributes": {
            "bucket": "terraops-us-west1-tenant-data",
            "cache_control": "",
            "content": "# Global multi-tenant folder structure maintained across all regions for scalable data processing",
            "content_disposition": "",
            "content_encoding": "",
            "content_language": "",
            "content_type": "text/plain; charset=utf-8",
            "crc32c": "mfVRCg==",
            "customer_encryption": [],
            "detect_md5hash": "ZJ7TKDq2HXPnW2iZ7cAH/A==",
            "event_based_hold": false,
            "force_empty_content_type": null,
            "generation": 1756421181369558,
            "id": "terraops-us-west1-tenant-data-shared/reference-data/currencies/.gitkeep",
            "kms_key_name": "",
            "md5hash": "ZJ7TKDq2HXPnW2iZ7cAH/A==",
            "md5hexhash": "649ed3283ab61d73e75b6899edc007fc",
            "media_link": "https://storage.googleapis.com/download/storage/v1/b/terraops-us-west1-tenant-data/o/shared%2Freference-data%2Fcurrencies%2F.gitkeep?generation=1756421181369558\u0026alt=media",
            "metadata": null,
            "name": "shared/reference-data/currencies/.gitkeep",
            "output_name": "shared/reference-data/currencies/.gitkeep",
            "retention": [],
            "self_link": "https://www.googleapis.com/storage/v1/b/terraops-us-west1-tenant-data/o/shared%2Freference-data%2Fcurrencies%2F.gitkeep",
            "source": null,
            "source_md5hash": "",
            "storage_class": "NEARLINE",
            "temporary_hold": false,
            "timeouts": null
          },
          "sensitive_attributes": [
            [
              {
                "type": "get_attr",
                "value": "content"
              }
            ]
          ],
          "private": "eyJlMmJmYjczMC1lY2FhLTExZTYtOGY4OC0zNDM2M2JjN2M0YzAiOnsiY3JlYXRlIjoyNDAwMDAwMDAwMDAsImRlbGV0ZSI6MjQwMDAwMDAwMDAwLCJ1cGRhdGUiOjI0MDAwMDAwMDAwMH19",
          "dependencies": [
            "google_storage_bucket.tenant_buckets"
          ]
        },
        {
          "index_key": "us-west1-shared-reference-data-exchange-rates-",
          "schema_version": 0,
          "attributes": {
            "bucket": "terraops-us-west1-tenant-data",
            "cache_control": "",
            "content": "# Global multi-tenant folder structure maintained across all regions for scalable data processing",
            "content_disposition": "",
            "content_encoding": "",
            "content_language": "",
            "content_type": "text/plain; charset=utf-8",
            "crc32c": "mfVRCg==",
            "customer_encryption": [],
            "detect_md5hash": "ZJ7TKDq2HXPnW2iZ7cAH/A==",
            "event_based_hold": false,
            "force_empty_content_type": null,
            "generation": 1756421175065325,
            "id": "terraops-us-west1-tenant-data-shared/reference-data/exchange-rates/.gitkeep",
            "kms_key_name": "",
            "md5hash": "ZJ7TKDq2HXPnW2iZ7cAH/A==",
            "md5hexhash": "649ed3283ab61d73e75b6899edc007fc",
            "media_link": "https://storage.googleapis.com/download/storage/v1/b/terraops-us-west1-tenant-data/o/shared%2Freference-data%2Fexchange-rates%2F.gitkeep?generation=1756421175065325\u0026alt=media",
            "metadata": null,
            "name": "shared/reference-data/exchange-rates/.gitkeep",
            "output_name": "shared/reference-data/exchange-rates/.gitkeep",
            "retention": [],
            "self_link": "https://www.googleapis.com/storage/v1/b/terraops-us-west1-tenant-data/o/shared%2Freference-data%2Fexchange-rates%2F.gitkeep",
            "source": null,
            "source_md5hash": "",
            "storage_class": "NEARLINE",
            "temporary_hold": false,
            "timeouts": null
          },
          "sensitive_attributes": [
            [
              {
                "type": "get_attr",
                "value": "content"
              }
            ]
          ],
          "private": "eyJlMmJmYjczMC1lY2FhLTExZTYtOGY4OC0zNDM2M2JjN2M0YzAiOnsiY3JlYXRlIjoyNDAwMDAwMDAwMDAsImRlbGV0ZSI6MjQwMDAwMDAwMDAwLCJ1cGRhdGUiOjI0MDAwMDAwMDAwMH19",
          "dependencies": [
            "google_storage_bucket.tenant_buckets"
          ]
        },
        {
          "index_key": "us-west1-tenants-",
          "schema_version": 0,
          "attributes": {
            "bucket": "terraops-us-west1-tenant-data",
            "cache_control": "",
            "content": "# Global multi-tenant folder structure maintained across all regions for scalable data processing",
            "content_disposition": "",
            "content_encoding": "",
            "content_language": "",
            "content_type": "text/plain; charset=utf-8",
            "crc32c": "mfVRCg==",
            "customer_encryption": [],
            "detect_md5hash": "ZJ7TKDq2HXPnW2iZ7cAH/A==",
            "event_based_hold": false,
            "force_empty_content_type": null,
            "generation": 1756421190860456,
            "id": "terraops-us-west1-tenant-data-tenants/.gitkeep",
            "kms_key_name": "",
            "md5hash": "ZJ7TKDq2HXPnW2iZ7cAH/A==",
            "md5hexhash": "649ed3283ab61d73e75b6899edc007fc",
            "media_link": "https://storage.googleapis.com/download/storage/v1/b/terraops-us-west1-tenant-data/o/tenants%2F.gitkeep?generation=1756421190860456\u0026alt=media",
            "metadata": {},
            "name": "tenants/.gitkeep",
            "output_name": "tenants/.gitkeep",
            "retention": [],
            "self_link": "https://www.googleapis.com/storage/v1/b/terraops-us-west1-tenant-data/o/tenants%2F.gitkeep",
            "source": null,
            "source_md5hash": "",
            "storage_class": "NEARLINE",
            "temporary_hold": false,
            "timeouts": null
          },
          "sensitive_attributes": [
            [
              {
                "type": "get_attr",
                "value": "content"
              }
            ]
          ],
          "private": "eyJlMmJmYjczMC1lY2FhLTExZTYtOGY4OC0zNDM2M2JjN2M0YzAiOnsiY3JlYXRlIjoyNDAwMDAwMDAwMDAsImRlbGV0ZSI6MjQwMDAwMDAwMDAwLCJ1cGRhdGUiOjI0MDAwMDAwMDAwMH19",
          "dependencies": [
            "google_storage_bucket.tenant_buckets"
          ]
        },
        {
          "index_key": "us-west1-tenants-business-domains-",
          "schema_version": 0,
          "attributes": {
            "bucket": "terraops-us-west1-tenant-data",
            "cache_control": "",
            "content": "# Global multi-tenant folder structure maintained across all regions for scalable data processing",
            "content_disposition": "",
            "content_encoding": "",
            "content_language": "",
            "content_type": "text/plain; charset=utf-8",
            "crc32c": "mfVRCg==",
            "customer_encryption": [],
            "detect_md5hash": "ZJ7TKDq2HXPnW2iZ7cAH/A==",
            "event_based_hold": false,
            "force_empty_content_type": null,
            "generation": 1756421179140830,
            "id": "terraops-us-west1-tenant-data-tenants/business-domains/.gitkeep",
            "kms_key_name": "",
            "md5hash": "ZJ7TKDq2HXPnW2iZ7cAH/A==",
            "md5hexhash": "649ed3283ab61d73e75b6899edc007fc",
            "media_link": "https://storage.googleapis.com/download/storage/v1/b/terraops-us-west1-tenant-data/o/tenants%2Fbusiness-domains%2F.gitkeep?generation=1756421179140830\u0026alt=media",
            "metadata": null,
            "name": "tenants/business-domains/.gitkeep",
            "output_name": "tenants/business-domains/.gitkeep",
            "retention": [],
            "self_link": "https://www.googleapis.com/storage/v1/b/terraops-us-west1-tenant-data/o/tenants%2Fbusiness-domains%2F.gitkeep",
            "source": null,
            "source_md5hash": "",
            "storage_class": "NEARLINE",
            "temporary_hold": false,
            "timeouts": null
          },
          "sensitive_attributes": [
            [
              {
                "type": "get_attr",
                "value": "content"
              }
            ]
          ],
          "private": "eyJlMmJmYjczMC1lY2FhLTExZTYtOGY4OC0zNDM2M2JjN2M0YzAiOnsiY3JlYXRlIjoyNDAwMDAwMDAwMDAsImRlbGV0ZSI6MjQwMDAwMDAwMDAwLCJ1cGRhdGUiOjI0MDAwMDAwMDAwMH19",
          "dependencies": [
            "google_storage_bucket.tenant_buckets"
          ]
        },
        {
          "index_key": "us-west1-tenants-tenant-001-",
          "schema_version": 0,
          "attributes": {
            "bucket": "terraops-us-west1-tenant-data",
            "cache_control": "",
            "content": "# Global multi-tenant folder structure maintained across all regions for scalable data processing",
            "content_disposition": "",
            "content_encoding": "",
            "content_language": "",
            "content_type": "text/plain; charset=utf-8",
            "crc32c": "mfVRCg==",
            "customer_encryption": [],
            "detect_md5hash": "ZJ7TKDq2HXPnW2iZ7cAH/A==",
            "event_based_hold": false,
            "force_empty_content_type": null,
            "generation": 1756421187749086,
            "id": "terraops-us-west1-tenant-data-tenants/tenant-001/.gitkeep",
            "kms_key_name": "",
            "md5hash": "ZJ7TKDq2HXPnW2iZ7cAH/A==",
            "md5hexhash": "649ed3283ab61d73e75b6899edc007fc",
            "media_link": "https://storage.googleapis.com/download/storage/v1/b/terraops-us-west1-tenant-data/o/tenants%2Ftenant-001%2F.gitkeep?generation=1756421187749086\u0026alt=media",
            "metadata": {},
            "name": "tenants/tenant-001/.gitkeep",
            "output_name": "tenants/tenant-001/.gitkeep",
            "retention": [],
            "self_link": "https://www.googleapis.com/storage/v1/b/terraops-us-west1-tenant-data/o/tenants%2Ftenant-001%2F.gitkeep",
            "source": null,
            "source_md5hash": "",
            "storage_class": "NEARLINE",
            "temporary_hold": false,
            "timeouts": null
          },
          "sensitive_attributes": [
            [
              {
                "type": "get_attr",
                "value": "content"
              }
            ]
          ],
          "private": "eyJlMmJmYjczMC1lY2FhLTExZTYtOGY4OC0zNDM2M2JjN2M0YzAiOnsiY3JlYXRlIjoyNDAwMDAwMDAwMDAsImRlbGV0ZSI6MjQwMDAwMDAwMDAwLCJ1cGRhdGUiOjI0MDAwMDAwMDAwMH19",
          "dependencies": [
            "google_storage_bucket.tenant_buckets"
          ]
        },
        {
          "index_key": "us-west1-tenants-tenant-001-data-",
          "schema_version": 0,
          "attributes": {
            "bucket": "terraops-us-west1-tenant-data",
            "cache_control": "",
            "content": "# Global multi-tenant folder structure maintained across all regions for scalable data processing",
            "content_disposition": "",
            "content_encoding": "",
            "content_language": "",
            "content_type": "text/plain; charset=utf-8",
            "crc32c": "mfVRCg==",
            "customer_encryption": [],
            "detect_md5hash": "ZJ7TKDq2HXPnW2iZ7cAH/A==",
            "event_based_hold": false,
            "force_empty_content_type": null,
            "generation": 1756421174089245,
            "id": "terraops-us-west1-tenant-data-tenants/tenant-001/data/.gitkeep",
            "kms_key_name": "",
            "md5hash": "ZJ7TKDq2HXPnW2iZ7cAH/A==",
            "md5hexhash": "649ed3283ab61d73e75b6899edc007fc",
            "media_link": "https://storage.googleapis.com/download/storage/v1/b/terraops-us-west1-tenant-data/o/tenants%2Ftenant-001%2Fdata%2F.gitkeep?generation=1756421174089245\u0026alt=media",
            "metadata": {},
            "name": "tenants/tenant-001/data/.gitkeep",
            "output_name": "tenants/tenant-001/data/.gitkeep",
            "retention": [],
            "self_link": "https://www.googleapis.com/storage/v1/b/terraops-us-west1-tenant-data/o/tenants%2Ftenant-001%2Fdata%2F.gitkeep",
            "source": null,
            "source_md5hash": "",
            "storage_class": "NEARLINE",
            "temporary_hold": false,
            "timeouts": null
          },
          "sensitive_attributes": [
            [
              {
                "type": "get_attr",
                "value": "content"
              }
            ]
          ],
          "private": "eyJlMmJmYjczMC1lY2FhLTExZTYtOGY4OC0zNDM2M2JjN2M0YzAiOnsiY3JlYXRlIjoyNDAwMDAwMDAwMDAsImRlbGV0ZSI6MjQwMDAwMDAwMDAwLCJ1cGRhdGUiOjI0MDAwMDAwMDAwMH19",
          "dependencies": [
            "google_storage_bucket.tenant_buckets"
          ]
        },
        {
          "index_key": "us-west1-tenants-tenant-001-data-bad-records-",
          "schema_version": 0,
          "attributes": {
            "bucket": "terraops-us-west1-tenant-data",
            "cache_control": "",
            "content": "# Global multi-tenant folder structure maintained across all regions for scalable data processing",
            "content_disposition": "",
            "content_encoding": "",
            "content_language": "",
            "content_type": "text/plain; charset=utf-8",
            "crc32c": "mfVRCg==",
            "customer_encryption": [],
            "detect_md5hash": "ZJ7TKDq2HXPnW2iZ7cAH/A==",
            "event_based_hold": false,
            "force_empty_content_type": null,
            "generation": 1756421182004215,
            "id": "terraops-us-west1-tenant-data-tenants/tenant-001/data/bad-records/.gitkeep",
            "kms_key_name": "",
            "md5hash": "ZJ7TKDq2HXPnW2iZ7cAH/A==",
            "md5hexhash": "649ed3283ab61d73e75b6899edc007fc",
            "media_link": "https://storage.googleapis.com/download/storage/v1/b/terraops-us-west1-tenant-data/o/tenants%2Ftenant-001%2Fdata%2Fbad-records%2F.gitkeep?generation=1756421182004215\u0026alt=media",
            "metadata": null,
            "name": "tenants/tenant-001/data/bad-records/.gitkeep",
            "output_name": "tenants/tenant-001/data/bad-records/.gitkeep",
            "retention": [],
            "self_link": "https://www.googleapis.com/storage/v1/b/terraops-us-west1-tenant-data/o/tenants%2Ftenant-001%2Fdata%2Fbad-records%2F.gitkeep",
            "source": null,
            "source_md5hash": "",
            "storage_class": "NEARLINE",
            "temporary_hold": false,
            "timeouts": null
          },
          "sensitive_attributes": [
            [
              {
                "type": "get_attr",
                "value": "content"
              }
            ]
          ],
          "private": "eyJlMmJmYjczMC1lY2FhLTExZTYtOGY4OC0zNDM2M2JjN2M0YzAiOnsiY3JlYXRlIjoyNDAwMDAwMDAwMDAsImRlbGV0ZSI6MjQwMDAwMDAwMDAwLCJ1cGRhdGUiOjI0MDAwMDAwMDAwMH19",
          "dependencies": [
            "google_storage_bucket.tenant_buckets"
          ]
        },
        {
          "index_key": "us-west1-tenants-tenant-001-data-processed-",
          "schema_version": 0,
          "attributes": {
            "bucket": "terraops-us-west1-tenant-data",
            "cache_control": "",
            "content": "# Global multi-tenant folder structure maintained across all regions for scalable data processing",
            "content_disposition": "",
            "content_encoding": "",
            "content_language": "",
            "content_type": "text/plain; charset=utf-8",
            "crc32c": "mfVRCg==",
            "customer_encryption": [],
            "detect_md5hash": "ZJ7TKDq2HXPnW2iZ7cAH/A==",
            "event_based_hold": false,
            "force_empty_content_type": null,
            "generation": 1756421197394410,
            "id": "terraops-us-west1-tenant-data-tenants/tenant-001/data/processed/.gitkeep",
            "kms_key_name": "",
            "md5hash": "ZJ7TKDq2HXPnW2iZ7cAH/A==",
            "md5hexhash": "649ed3283ab61d73e75b6899edc007fc",
            "media_link": "https://storage.googleapis.com/download/storage/v1/b/terraops-us-west1-tenant-data/o/tenants%2Ftenant-001%2Fdata%2Fprocessed%2F.gitkeep?generation=1756421197394410\u0026alt=media",
            "metadata": {},
            "name": "tenants/tenant-001/data/processed/.gitkeep",
            "output_name": "tenants/tenant-001/data/processed/.gitkeep",
            "retention": [],
            "self_link": "https://www.googleapis.com/storage/v1/b/terraops-us-west1-tenant-data/o/tenants%2Ftenant-001%2Fdata%2Fprocessed%2F.gitkeep",
            "source": null,
            "source_md5hash": "",
            "storage_class": "NEARLINE",
            "temporary_hold": false,
            "timeouts": null
          },
          "sensitive_attributes": [
            [
              {
                "type": "get_attr",
                "value": "content"
              }
            ]
          ],
          "private": "eyJlMmJmYjczMC1lY2FhLTExZTYtOGY4OC0zNDM2M2JjN2M0YzAiOnsiY3JlYXRlIjoyNDAwMDAwMDAwMDAsImRlbGV0ZSI6MjQwMDAwMDAwMDAwLCJ1cGRhdGUiOjI0MDAwMDAwMDAwMH19",
          "dependencies": [
            "google_storage_bucket.tenant_buckets"
          ]
        },
        {
          "index_key": "us-west1-tenants-tenant-001-data-raw-",
          "schema_version": 0,
          "attributes": {
            "bucket": "terraops-us-west1-tenant-data",
            "cache_control": "",
            "content": "# Global multi-tenant folder structure maintained across all regions for scalable data processing",
            "content_disposition": "",
            "content_encoding": "",
            "content_language": "",
            "content_type": "text/plain; charset=utf-8",
            "crc32c": "mfVRCg==",
            "customer_encryption": [],
            "detect_md5hash": "ZJ7TKDq2HXPnW2iZ7cAH/A==",
            "event_based_hold": false,
            "force_empty_content_type": null,
            "generation": 1756421190009917,
            "id": "terraops-us-west1-tenant-data-tenants/tenant-001/data/raw/.gitkeep",
            "kms_key_name": "",
            "md5hash": "ZJ7TKDq2HXPnW2iZ7cAH/A==",
            "md5hexhash": "649ed3283ab61d73e75b6899edc007fc",
            "media_link": "https://storage.googleapis.com/download/storage/v1/b/terraops-us-west1-tenant-data/o/tenants%2Ftenant-001%2Fdata%2Fraw%2F.gitkeep?generation=1756421190009917\u0026alt=media",
            "metadata": {},
            "name": "tenants/tenant-001/data/raw/.gitkeep",
            "output_name": "tenants/tenant-001/data/raw/.gitkeep",
            "retention": [],
            "self_link": "https://www.googleapis.com/storage/v1/b/terraops-us-west1-tenant-data/o/tenants%2Ftenant-001%2Fdata%2Fraw%2F.gitkeep",
            "source": null,
            "source_md5hash": "",
            "storage_class": "NEARLINE",
            "temporary_hold": false,
            "timeouts": null
          },
          "sensitive_attributes": [
            [
              {
                "type": "get_attr",
                "value": "content"
              }
            ]
          ],
          "private": "eyJlMmJmYjczMC1lY2FhLTExZTYtOGY4OC0zNDM2M2JjN2M0YzAiOnsiY3JlYXRlIjoyNDAwMDAwMDAwMDAsImRlbGV0ZSI6MjQwMDAwMDAwMDAwLCJ1cGRhdGUiOjI0MDAwMDAwMDAwMH19",
          "dependencies": [
            "google_storage_bucket.tenant_buckets"
          ]
        },
        {
          "index_key": "us-west1-tenants-tenant-002-",
          "schema_version": 0,
          "attributes": {
            "bucket": "terraops-us-west1-tenant-data",
            "cache_control": "",
            "content": "# Global multi-tenant folder structure maintained across all regions for scalable data processing",
            "content_disposition": "",
            "content_encoding": "",
            "content_language": "",
            "content_type": "text/plain; charset=utf-8",
            "crc32c": "mfVRCg==",
            "customer_encryption": [],
            "detect_md5hash": "ZJ7TKDq2HXPnW2iZ7cAH/A==",
            "event_based_hold": false,
            "force_empty_content_type": null,
            "generation": 1756421188738860,
            "id": "terraops-us-west1-tenant-data-tenants/tenant-002/.gitkeep",
            "kms_key_name": "",
            "md5hash": "ZJ7TKDq2HXPnW2iZ7cAH/A==",
            "md5hexhash": "649ed3283ab61d73e75b6899edc007fc",
            "media_link": "https://storage.googleapis.com/download/storage/v1/b/terraops-us-west1-tenant-data/o/tenants%2Ftenant-002%2F.gitkeep?generation=1756421188738860\u0026alt=media",
            "metadata": null,
            "name": "tenants/tenant-002/.gitkeep",
            "output_name": "tenants/tenant-002/.gitkeep",
            "retention": [],
            "self_link": "https://www.googleapis.com/storage/v1/b/terraops-us-west1-tenant-data/o/tenants%2Ftenant-002%2F.gitkeep",
            "source": null,
            "source_md5hash": "",
            "storage_class": "NEARLINE",
            "temporary_hold": false,
            "timeouts": null
          },
          "sensitive_attributes": [
            [
              {
                "type": "get_attr",
                "value": "content"
              }
            ]
          ],
          "private": "eyJlMmJmYjczMC1lY2FhLTExZTYtOGY4OC0zNDM2M2JjN2M0YzAiOnsiY3JlYXRlIjoyNDAwMDAwMDAwMDAsImRlbGV0ZSI6MjQwMDAwMDAwMDAwLCJ1cGRhdGUiOjI0MDAwMDAwMDAwMH19",
          "dependencies": [
            "google_storage_bucket.tenant_buckets"
          ]
        },
        {
          "index_key": "us-west1-tenants-tenant-002-data-",
          "schema_version": 0,
          "attributes": {
            "bucket": "terraops-us-west1-tenant-data",
            "cache_control": "",
            "content": "# Global multi-tenant folder structure maintained across all regions for scalable data processing",
            "content_disposition": "",
            "content_encoding": "",
            "content_language": "",
            "content_type": "text/plain; charset=utf-8",
            "crc32c": "mfVRCg==",
            "customer_encryption": [],
            "detect_md5hash": "ZJ7TKDq2HXPnW2iZ7cAH/A==",
            "event_based_hold": false,
            "force_empty_content_type": null,
            "generation": 1756421192177475,
            "id": "terraops-us-west1-tenant-data-tenants/tenant-002/data/.gitkeep",
            "kms_key_name": "",
            "md5hash": "ZJ7TKDq2HXPnW2iZ7cAH/A==",
            "md5hexhash": "649ed3283ab61d73e75b6899edc007fc",
            "media_link": "https://storage.googleapis.com/download/storage/v1/b/terraops-us-west1-tenant-data/o/tenants%2Ftenant-002%2Fdata%2F.gitkeep?generation=1756421192177475\u0026alt=media",
            "metadata": null,
            "name": "tenants/tenant-002/data/.gitkeep",
            "output_name": "tenants/tenant-002/data/.gitkeep",
            "retention": [],
            "self_link": "https://www.googleapis.com/storage/v1/b/terraops-us-west1-tenant-data/o/tenants%2Ftenant-002%2Fdata%2F.gitkeep",
            "source": null,
            "source_md5hash": "",
            "storage_class": "NEARLINE",
            "temporary_hold": false,
            "timeouts": null
          },
          "sensitive_attributes": [
            [
              {
                "type": "get_attr",
                "value": "content"
              }
            ]
          ],
          "private": "eyJlMmJmYjczMC1lY2FhLTExZTYtOGY4OC0zNDM2M2JjN2M0YzAiOnsiY3JlYXRlIjoyNDAwMDAwMDAwMDAsImRlbGV0ZSI6MjQwMDAwMDAwMDAwLCJ1cGRhdGUiOjI0MDAwMDAwMDAwMH19",
          "dependencies": [
            "google_storage_bucket.tenant_buckets"
          ]
        },
        {
          "index_key": "us-west1-tenants-tenant-002-data-bad-records-",
          "schema_version": 0,
          "attributes": {
            "bucket": "terraops-us-west1-tenant-data",
            "cache_control": "",
            "content": "# Global multi-tenant folder structure maintained across all regions for scalable data processing",
            "content_disposition": "",
            "content_encoding": "",
            "content_language": "",
            "content_type": "text/plain; charset=utf-8",
            "crc32c": "mfVRCg==",
            "customer_encryption": [],
            "detect_md5hash": "ZJ7TKDq2HXPnW2iZ7cAH/A==",
            "event_based_hold": false,
            "force_empty_content_type": null,
            "generation": 1756421178700720,
            "id": "terraops-us-west1-tenant-data-tenants/tenant-002/data/bad-records/.gitkeep",
            "kms_key_name": "",
            "md5hash": "ZJ7TKDq2HXPnW2iZ7cAH/A==",
            "md5hexhash": "649ed3283ab61d73e75b6899edc007fc",
            "media_link": "https://storage.googleapis.com/download/storage/v1/b/terraops-us-west1-tenant-data/o/tenants%2Ftenant-002%2Fdata%2Fbad-records%2F.gitkeep?generation=1756421178700720\u0026alt=media",
            "metadata": null,
            "name": "tenants/tenant-002/data/bad-records/.gitkeep",
            "output_name": "tenants/tenant-002/data/bad-records/.gitkeep",
            "retention": [],
            "self_link": "https://www.googleapis.com/storage/v1/b/terraops-us-west1-tenant-data/o/tenants%2Ftenant-002%2Fdata%2Fbad-records%2F.gitkeep",
            "source": null,
            "source_md5hash": "",
            "storage_class": "NEARLINE",
            "temporary_hold": false,
            "timeouts": null
          },
          "sensitive_attributes": [
            [
              {
                "type": "get_attr",
                "value": "content"
              }
            ]
          ],
          "private": "eyJlMmJmYjczMC1lY2FhLTExZTYtOGY4OC0zNDM2M2JjN2M0YzAiOnsiY3JlYXRlIjoyNDAwMDAwMDAwMDAsImRlbGV0ZSI6MjQwMDAwMDAwMDAwLCJ1cGRhdGUiOjI0MDAwMDAwMDAwMH19",
          "dependencies": [
            "google_storage_bucket.tenant_buckets"
          ]
        },
        {
          "index_key": "us-west1-tenants-tenant-002-data-processed-",
          "schema_version": 0,
          "attributes": {
            "bucket": "terraops-us-west1-tenant-data",
            "cache_control": "",
            "content": "# Global multi-tenant folder structure maintained across all regions for scalable data processing",
            "content_disposition": "",
            "content_encoding": "",
            "content_language": "",
            "content_type": "text/plain; charset=utf-8",
            "crc32c": "mfVRCg==",
            "customer_encryption": [],
            "detect_md5hash": "ZJ7TKDq2HXPnW2iZ7cAH/A==",
            "event_based_hold": false,
            "force_empty_content_type": null,
            "generation": 1756421184158015,
            "id": "terraops-us-west1-tenant-data-tenants/tenant-002/data/processed/.gitkeep",
            "kms_key_name": "",
            "md5hash": "ZJ7TKDq2HXPnW2iZ7cAH/A==",
            "md5hexhash": "649ed3283ab61d73e75b6899edc007fc",
            "media_link": "https://storage.googleapis.com/download/storage/v1/b/terraops-us-west1-tenant-data/o/tenants%2Ftenant-002%2Fdata%2Fprocessed%2F.gitkeep?generation=1756421184158015\u0026alt=media",
            "metadata": null,
            "name": "tenants/tenant-002/data/processed/.gitkeep",
            "output_name": "tenants/tenant-002/data/processed/.gitkeep",
            "retention": [],
            "self_link": "https://www.googleapis.com/storage/v1/b/terraops-us-west1-tenant-data/o/tenants%2Ftenant-002%2Fdata%2Fprocessed%2F.gitkeep",
            "source": null,
            "source_md5hash": "",
            "storage_class": "NEARLINE",
            "temporary_hold": false,
            "timeouts": null
          },
          "sensitive_attributes": [
            [
              {
                "type": "get_attr",
                "value": "content"
              }
            ]
          ],
          "private": "eyJlMmJmYjczMC1lY2FhLTExZTYtOGY4OC0zNDM2M2JjN2M0YzAiOnsiY3JlYXRlIjoyNDAwMDAwMDAwMDAsImRlbGV0ZSI6MjQwMDAwMDAwMDAwLCJ1cGRhdGUiOjI0MDAwMDAwMDAwMH19",
          "dependencies": [
            "google_storage_bucket.tenant_buckets"
          ]
        },
        {
          "index_key": "us-west1-tenants-tenant-002-data-raw-",
          "schema_version": 0,
          "attributes": {
            "bucket": "terraops-us-west1-tenant-data",
            "cache_control": "",
            "content": "# Global multi-tenant folder structure maintained across all regions for scalable data processing",
            "content_disposition": "",
            "content_encoding": "",
            "content_language": "",
            "content_type": "text/plain; charset=utf-8",
            "crc32c": "mfVRCg==",
            "customer_encryption": [],
            "detect_md5hash": "ZJ7TKDq2HXPnW2iZ7cAH/A==",
            "event_based_hold": false,
            "force_empty_content_type": null,
            "generation": 1756421188148665,
            "id": "terraops-us-west1-tenant-data-tenants/tenant-002/data/raw/.gitkeep",
            "kms_key_name": "",
            "md5hash": "ZJ7TKDq2HXPnW2iZ7cAH/A==",
            "md5hexhash": "649ed3283ab61d73e75b6899edc007fc",
            "media_link": "https://storage.googleapis.com/download/storage/v1/b/terraops-us-west1-tenant-data/o/tenants%2Ftenant-002%2Fdata%2Fraw%2F.gitkeep?generation=1756421188148665\u0026alt=media",
            "metadata": null,
            "name": "tenants/tenant-002/data/raw/.gitkeep",
            "output_name": "tenants/tenant-002/data/raw/.gitkeep",
            "retention": [],
            "self_link": "https://www.googleapis.com/storage/v1/b/terraops-us-west1-tenant-data/o/tenants%2Ftenant-002%2Fdata%2Fraw%2F.gitkeep",
            "source": null,
            "source_md5hash": "",
            "storage_class": "NEARLINE",
            "temporary_hold": false,
            "timeouts": null
          },
          "sensitive_attributes": [
            [
              {
                "type": "get_attr",
                "value": "content"
              }
            ]
          ],
          "private": "eyJlMmJmYjczMC1lY2FhLTExZTYtOGY4OC0zNDM2M2JjN2M0YzAiOnsiY3JlYXRlIjoyNDAwMDAwMDAwMDAsImRlbGV0ZSI6MjQwMDAwMDAwMDAwLCJ1cGRhdGUiOjI0MDAwMDAwMDAwMH19",
          "dependencies": [
            "google_storage_bucket.tenant_buckets"
          ]
        },
        {
          "index_key": "us-west1-tenants-tenant-003-",
          "schema_version": 0,
          "attributes": {
            "bucket": "terraops-us-west1-tenant-data",
            "cache_control": "",
            "content": "# Global multi-tenant folder structure maintained across all regions for scalable data processing",
            "content_disposition": "",
            "content_encoding": "",
            "content_language": "",
            "content_type": "text/plain; charset=utf-8",
            "crc32c": "mfVRCg==",
            "customer_encryption": [],
            "detect_md5hash": "ZJ7TKDq2HXPnW2iZ7cAH/A==",
            "event_based_hold": false,
            "force_empty_content_type": null,
            "generation": 1756421198114640,
            "id": "terraops-us-west1-tenant-data-tenants/tenant-003/.gitkeep",
            "kms_key_name": "",
            "md5hash": "ZJ7TKDq2HXPnW2iZ7cAH/A==",
            "md5hexhash": "649ed3283ab61d73e75b6899edc007fc",
            "media_link": "https://storage.googleapis.com/download/storage/v1/b/terraops-us-west1-tenant-data/o/tenants%2Ftenant-003%2F.gitkeep?generation=1756421198114640\u0026alt=media",
            "metadata": null,
            "name": "tenants/tenant-003/.gitkeep",
            "output_name": "tenants/tenant-003/.gitkeep",
            "retention": [],
            "self_link": "https://www.googleapis.com/storage/v1/b/terraops-us-west1-tenant-data/o/tenants%2Ftenant-003%2F.gitkeep",
            "source": null,
            "source_md5hash": "",
            "storage_class": "NEARLINE",
            "temporary_hold": false,
            "timeouts": null
          },
          "sensitive_attributes": [
            [
              {
                "type": "get_attr",
                "value": "content"
              }
            ]
          ],
          "private": "eyJlMmJmYjczMC1lY2FhLTExZTYtOGY4OC0zNDM2M2JjN2M0YzAiOnsiY3JlYXRlIjoyNDAwMDAwMDAwMDAsImRlbGV0ZSI6MjQwMDAwMDAwMDAwLCJ1cGRhdGUiOjI0MDAwMDAwMDAwMH19",
          "dependencies": [
            "google_storage_bucket.tenant_buckets"
          ]
        },
        {
          "index_key": "us-west1-tenants-tenant-003-data-",
          "schema_version": 0,
          "attributes": {
            "bucket": "terraops-us-west1-tenant-data",
            "cache_control": "",
            "content": "# Global multi-tenant folder structure maintained across all regions for scalable data processing",
            "content_disposition": "",
            "content_encoding": "",
            "content_language": "",
            "content_type": "text/plain; charset=utf-8",
            "crc32c": "mfVRCg==",
            "customer_encryption": [],
            "detect_md5hash": "ZJ7TKDq2HXPnW2iZ7cAH/A==",
            "event_based_hold": false,
            "force_empty_content_type": null,
            "generation": 1756421189560204,
            "id": "terraops-us-west1-tenant-data-tenants/tenant-003/data/.gitkeep",
            "kms_key_name": "",
            "md5hash": "ZJ7TKDq2HXPnW2iZ7cAH/A==",
            "md5hexhash": "649ed3283ab61d73e75b6899edc007fc",
            "media_link": "https://storage.googleapis.com/download/storage/v1/b/terraops-us-west1-tenant-data/o/tenants%2Ftenant-003%2Fdata%2F.gitkeep?generation=1756421189560204\u0026alt=media",
            "metadata": null,
            "name": "tenants/tenant-003/data/.gitkeep",
            "output_name": "tenants/tenant-003/data/.gitkeep",
            "retention": [],
            "self_link": "https://www.googleapis.com/storage/v1/b/terraops-us-west1-tenant-data/o/tenants%2Ftenant-003%2Fdata%2F.gitkeep",
            "source": null,
            "source_md5hash": "",
            "storage_class": "NEARLINE",
            "temporary_hold": false,
            "timeouts": null
          },
          "sensitive_attributes": [
            [
              {
                "type": "get_attr",
                "value": "content"
              }
            ]
          ],
          "private": "eyJlMmJmYjczMC1lY2FhLTExZTYtOGY4OC0zNDM2M2JjN2M0YzAiOnsiY3JlYXRlIjoyNDAwMDAwMDAwMDAsImRlbGV0ZSI6MjQwMDAwMDAwMDAwLCJ1cGRhdGUiOjI0MDAwMDAwMDAwMH19",
          "dependencies": [
            "google_storage_bucket.tenant_buckets"
          ]
        },
        {
          "index_key": "us-west1-tenants-tenant-003-data-bad-records-",
          "schema_version": 0,
          "attributes": {
            "bucket": "terraops-us-west1-tenant-data",
            "cache_control": "",
            "content": "# Global multi-tenant folder structure maintained across all regions for scalable data processing",
            "content_disposition": "",
            "content_encoding": "",
            "content_language": "",
            "content_type": "text/plain; charset=utf-8",
            "crc32c": "mfVRCg==",
            "customer_encryption": [],
            "detect_md5hash": "ZJ7TKDq2HXPnW2iZ7cAH/A==",
            "event_based_hold": false,
            "force_empty_content_type": null,
            "generation": 1756421194498492,
            "id": "terraops-us-west1-tenant-data-tenants/tenant-003/data/bad-records/.gitkeep",
            "kms_key_name": "",
            "md5hash": "ZJ7TKDq2HXPnW2iZ7cAH/A==",
            "md5hexhash": "649ed3283ab61d73e75b6899edc007fc",
            "media_link": "https://storage.googleapis.com/download/storage/v1/b/terraops-us-west1-tenant-data/o/tenants%2Ftenant-003%2Fdata%2Fbad-records%2F.gitkeep?generation=1756421194498492\u0026alt=media",
            "metadata": null,
            "name": "tenants/tenant-003/data/bad-records/.gitkeep",
            "output_name": "tenants/tenant-003/data/bad-records/.gitkeep",
            "retention": [],
            "self_link": "https://www.googleapis.com/storage/v1/b/terraops-us-west1-tenant-data/o/tenants%2Ftenant-003%2Fdata%2Fbad-records%2F.gitkeep",
            "source": null,
            "source_md5hash": "",
            "storage_class": "NEARLINE",
            "temporary_hold": false,
            "timeouts": null
          },
          "sensitive_attributes": [
            [
              {
                "type": "get_attr",
                "value": "content"
              }
            ]
          ],
          "private": "eyJlMmJmYjczMC1lY2FhLTExZTYtOGY4OC0zNDM2M2JjN2M0YzAiOnsiY3JlYXRlIjoyNDAwMDAwMDAwMDAsImRlbGV0ZSI6MjQwMDAwMDAwMDAwLCJ1cGRhdGUiOjI0MDAwMDAwMDAwMH19",
          "dependencies": [
            "google_storage_bucket.tenant_buckets"
          ]
        },
        {
          "index_key": "us-west1-tenants-tenant-003-data-processed-",
          "schema_version": 0,
          "attributes": {
            "bucket": "terraops-us-west1-tenant-data",
            "cache_control": "",
            "content": "# Global multi-tenant folder structure maintained across all regions for scalable data processing",
            "content_disposition": "",
            "content_encoding": "",
            "content_language": "",
            "content_type": "text/plain; charset=utf-8",
            "crc32c": "mfVRCg==",
            "customer_encryption": [],
            "detect_md5hash": "ZJ7TKDq2HXPnW2iZ7cAH/A==",
            "event_based_hold": false,
            "force_empty_content_type": null,
            "generation": 1756421188525956,
            "id": "terraops-us-west1-tenant-data-tenants/tenant-003/data/processed/.gitkeep",
            "kms_key_name": "",
            "md5hash": "ZJ7TKDq2HXPnW2iZ7cAH/A==",
            "md5hexhash": "649ed3283ab61d73e75b6899edc007fc",
            "media_link": "https://storage.googleapis.com/download/storage/v1/b/terraops-us-west1-tenant-data/o/tenants%2Ftenant-003%2Fdata%2Fprocessed%2F.gitkeep?generation=1756421188525956\u0026alt=media",
            "metadata": null,
            "name": "tenants/tenant-003/data/processed/.gitkeep",
            "output_name": "tenants/tenant-003/data/processed/.gitkeep",
            "retention": [],
            "self_link": "https://www.googleapis.com/storage/v1/b/terraops-us-west1-tenant-data/o/tenants%2Ftenant-003%2Fdata%2Fprocessed%2F.gitkeep",
            "source": null,
            "source_md5hash": "",
            "storage_class": "NEARLINE",
            "temporary_hold": false,
            "timeouts": null
          },
          "sensitive_attributes": [
            [
              {
                "type": "get_attr",
                "value": "content"
              }
            ]
          ],
          "private": "eyJlMmJmYjczMC1lY2FhLTExZTYtOGY4OC0zNDM2M2JjN2M0YzAiOnsiY3JlYXRlIjoyNDAwMDAwMDAwMDAsImRlbGV0ZSI6MjQwMDAwMDAwMDAwLCJ1cGRhdGUiOjI0MDAwMDAwMDAwMH19",
          "dependencies": [
            "google_storage_bucket.tenant_buckets"
          ]
        },
        {
          "index_key": "us-west1-tenants-tenant-003-data-raw-",
          "schema_version": 0,
          "attributes": {
            "bucket": "terraops-us-west1-tenant-data",
            "cache_control": "",
            "content": "# Global multi-tenant folder structure maintained across all regions for scalable data processing",
            "content_disposition": "",
            "content_encoding": "",
            "content_language": "",
            "content_type": "text/plain; charset=utf-8",
            "crc32c": "mfVRCg==",
            "customer_encryption": [],
            "detect_md5hash": "ZJ7TKDq2HXPnW2iZ7cAH/A==",
            "event_based_hold": false,
            "force_empty_content_type": null,
            "generation": 1756421198076161,
            "id": "terraops-us-west1-tenant-data-tenants/tenant-003/data/raw/.gitkeep",
            "kms_key_name": "",
            "md5hash": "ZJ7TKDq2HXPnW2iZ7cAH/A==",
            "md5hexhash": "649ed3283ab61d73e75b6899edc007fc",
            "media_link": "https://storage.googleapis.com/download/storage/v1/b/terraops-us-west1-tenant-data/o/tenants%2Ftenant-003%2Fdata%2Fraw%2F.gitkeep?generation=1756421198076161\u0026alt=media",
            "metadata": null,
            "name": "tenants/tenant-003/data/raw/.gitkeep",
            "output_name": "tenants/tenant-003/data/raw/.gitkeep",
            "retention": [],
            "self_link": "https://www.googleapis.com/storage/v1/b/terraops-us-west1-tenant-data/o/tenants%2Ftenant-003%2Fdata%2Fraw%2F.gitkeep",
            "source": null,
            "source_md5hash": "",
            "storage_class": "NEARLINE",
            "temporary_hold": false,
            "timeouts": null
          },
          "sensitive_attributes": [
            [
              {
                "type": "get_attr",
                "value": "content"
              }
            ]
          ],
          "private": "eyJlMmJmYjczMC1lY2FhLTExZTYtOGY4OC0zNDM2M2JjN2M0YzAiOnsiY3JlYXRlIjoyNDAwMDAwMDAwMDAsImRlbGV0ZSI6MjQwMDAwMDAwMDAwLCJ1cGRhdGUiOjI0MDAwMDAwMDAwMH19",
          "dependencies": [
            "google_storage_bucket.tenant_buckets"
          ]
        },
        {
          "index_key": "us-west2-shared-",
          "schema_version": 0,
          "attributes": {
            "bucket": "terraops-us-west2-tenant-data",
            "cache_control": "",
            "content": "# Global multi-tenant folder structure maintained across all regions for scalable data processing",
            "content_disposition": "",
            "content_encoding": "",
            "content_language": "",
            "content_type": "text/plain; charset=utf-8",
            "crc32c": "mfVRCg==",
            "customer_encryption": [],
            "detect_md5hash": "ZJ7TKDq2HXPnW2iZ7cAH/A==",
            "event_based_hold": false,
            "force_empty_content_type": null,
            "generation": 1756421196548863,
            "id": "terraops-us-west2-tenant-data-shared/.gitkeep",
            "kms_key_name": "",
            "md5hash": "ZJ7TKDq2HXPnW2iZ7cAH/A==",
            "md5hexhash": "649ed3283ab61d73e75b6899edc007fc",
            "media_link": "https://storage.googleapis.com/download/storage/v1/b/terraops-us-west2-tenant-data/o/shared%2F.gitkeep?generation=1756421196548863\u0026alt=media",
            "metadata": null,
            "name": "shared/.gitkeep",
            "output_name": "shared/.gitkeep",
            "retention": [],
            "self_link": "https://www.googleapis.com/storage/v1/b/terraops-us-west2-tenant-data/o/shared%2F.gitkeep",
            "source": null,
            "source_md5hash": "",
            "storage_class": "NEARLINE",
            "temporary_hold": false,
            "timeouts": null
          },
          "sensitive_attributes": [
            [
              {
                "type": "get_attr",
                "value": "content"
              }
            ]
          ],
          "private": "eyJlMmJmYjczMC1lY2FhLTExZTYtOGY4OC0zNDM2M2JjN2M0YzAiOnsiY3JlYXRlIjoyNDAwMDAwMDAwMDAsImRlbGV0ZSI6MjQwMDAwMDAwMDAwLCJ1cGRhdGUiOjI0MDAwMDAwMDAwMH19",
          "dependencies": [
            "google_storage_bucket.tenant_buckets"
          ]
        },
        {
          "index_key": "us-west2-shared-ml-models-",
          "schema_version": 0,
          "attributes": {
            "bucket": "terraops-us-west2-tenant-data",
            "cache_control": "",
            "content": "# Global multi-tenant folder structure maintained across all regions for scalable data processing",
            "content_disposition": "",
            "content_encoding": "",
            "content_language": "",
            "content_type": "text/plain; charset=utf-8",
            "crc32c": "mfVRCg==",
            "customer_encryption": [],
            "detect_md5hash": "ZJ7TKDq2HXPnW2iZ7cAH/A==",
            "event_based_hold": false,
            "force_empty_content_type": null,
            "generation": 1756421185309311,
            "id": "terraops-us-west2-tenant-data-shared/ml-models/.gitkeep",
            "kms_key_name": "",
            "md5hash": "ZJ7TKDq2HXPnW2iZ7cAH/A==",
            "md5hexhash": "649ed3283ab61d73e75b6899edc007fc",
            "media_link": "https://storage.googleapis.com/download/storage/v1/b/terraops-us-west2-tenant-data/o/shared%2Fml-models%2F.gitkeep?generation=1756421185309311\u0026alt=media",
            "metadata": null,
            "name": "shared/ml-models/.gitkeep",
            "output_name": "shared/ml-models/.gitkeep",
            "retention": [],
            "self_link": "https://www.googleapis.com/storage/v1/b/terraops-us-west2-tenant-data/o/shared%2Fml-models%2F.gitkeep",
            "source": null,
            "source_md5hash": "",
            "storage_class": "NEARLINE",
            "temporary_hold": false,
            "timeouts": null
          },
          "sensitive_attributes": [
            [
              {
                "type": "get_attr",
                "value": "content"
              }
            ]
          ],
          "private": "eyJlMmJmYjczMC1lY2FhLTExZTYtOGY4OC0zNDM2M2JjN2M0YzAiOnsiY3JlYXRlIjoyNDAwMDAwMDAwMDAsImRlbGV0ZSI6MjQwMDAwMDAwMDAwLCJ1cGRhdGUiOjI0MDAwMDAwMDAwMH19",
          "dependencies": [
            "google_storage_bucket.tenant_buckets"
          ]
        },
        {
          "index_key": "us-west2-shared-reference-data-",
          "schema_version": 0,
          "attributes": {
            "bucket": "terraops-us-west2-tenant-data",
            "cache_control": "",
            "content": "# Global multi-tenant folder structure maintained across all regions for scalable data processing",
            "content_disposition": "",
            "content_encoding": "",
            "content_language": "",
            "content_type": "text/plain; charset=utf-8",
            "crc32c": "mfVRCg==",
            "customer_encryption": [],
            "detect_md5hash": "ZJ7TKDq2HXPnW2iZ7cAH/A==",
            "event_based_hold": false,
            "force_empty_content_type": null,
            "generation": 1756421193512243,
            "id": "terraops-us-west2-tenant-data-shared/reference-data/.gitkeep",
            "kms_key_name": "",
            "md5hash": "ZJ7TKDq2HXPnW2iZ7cAH/A==",
            "md5hexhash": "649ed3283ab61d73e75b6899edc007fc",
            "media_link": "https://storage.googleapis.com/download/storage/v1/b/terraops-us-west2-tenant-data/o/shared%2Freference-data%2F.gitkeep?generation=1756421193512243\u0026alt=media",
            "metadata": null,
            "name": "shared/reference-data/.gitkeep",
            "output_name": "shared/reference-data/.gitkeep",
            "retention": [],
            "self_link": "https://www.googleapis.com/storage/v1/b/terraops-us-west2-tenant-data/o/shared%2Freference-data%2F.gitkeep",
            "source": null,
            "source_md5hash": "",
            "storage_class": "NEARLINE",
            "temporary_hold": false,
            "timeouts": null
          },
          "sensitive_attributes": [
            [
              {
                "type": "get_attr",
                "value": "content"
              }
            ]
          ],
          "private": "eyJlMmJmYjczMC1lY2FhLTExZTYtOGY4OC0zNDM2M2JjN2M0YzAiOnsiY3JlYXRlIjoyNDAwMDAwMDAwMDAsImRlbGV0ZSI6MjQwMDAwMDAwMDAwLCJ1cGRhdGUiOjI0MDAwMDAwMDAwMH19",
          "dependencies": [
            "google_storage_bucket.tenant_buckets"
          ]
        },
        {
          "index_key": "us-west2-shared-reference-data-countries-",
          "schema_version": 0,
          "attributes": {
            "bucket": "terraops-us-west2-tenant-data",
            "cache_control": "",
            "content": "# Global multi-tenant folder structure maintained across all regions for scalable data processing",
            "content_disposition": "",
            "content_encoding": "",
            "content_language": "",
            "content_type": "text/plain; charset=utf-8",
            "crc32c": "mfVRCg==",
            "customer_encryption": [],
            "detect_md5hash": "ZJ7TKDq2HXPnW2iZ7cAH/A==",
            "event_based_hold": false,
            "force_empty_content_type": null,
            "generation": 1756421197231201,
            "id": "terraops-us-west2-tenant-data-shared/reference-data/countries/.gitkeep",
            "kms_key_name": "",
            "md5hash": "ZJ7TKDq2HXPnW2iZ7cAH/A==",
            "md5hexhash": "649ed3283ab61d73e75b6899edc007fc",
            "media_link": "https://storage.googleapis.com/download/storage/v1/b/terraops-us-west2-tenant-data/o/shared%2Freference-data%2Fcountries%2F.gitkeep?generation=1756421197231201\u0026alt=media",
            "metadata": null,
            "name": "shared/reference-data/countries/.gitkeep",
            "output_name": "shared/reference-data/countries/.gitkeep",
            "retention": [],
            "self_link": "https://www.googleapis.com/storage/v1/b/terraops-us-west2-tenant-data/o/shared%2Freference-data%2Fcountries%2F.gitkeep",
            "source": null,
            "source_md5hash": "",
            "storage_class": "NEARLINE",
            "temporary_hold": false,
            "timeouts": null
          },
          "sensitive_attributes": [
            [
              {
                "type": "get_attr",
                "value": "content"
              }
            ]
          ],
          "private": "eyJlMmJmYjczMC1lY2FhLTExZTYtOGY4OC0zNDM2M2JjN2M0YzAiOnsiY3JlYXRlIjoyNDAwMDAwMDAwMDAsImRlbGV0ZSI6MjQwMDAwMDAwMDAwLCJ1cGRhdGUiOjI0MDAwMDAwMDAwMH19",
          "dependencies": [
            "google_storage_bucket.tenant_buckets"
          ]
        },
        {
          "index_key": "us-west2-shared-reference-data-currencies-",
          "schema_version": 0,
          "attributes": {
            "bucket": "terraops-us-west2-tenant-data",
            "cache_control": "",
            "content": "# Global multi-tenant folder structure maintained across all regions for scalable data processing",
            "content_disposition": "",
            "content_encoding": "",
            "content_language": "",
            "content_type": "text/plain; charset=utf-8",
            "crc32c": "mfVRCg==",
            "customer_encryption": [],
            "detect_md5hash": "ZJ7TKDq2HXPnW2iZ7cAH/A==",
            "event_based_hold": false,
            "force_empty_content_type": null,
            "generation": 1756421193503791,
            "id": "terraops-us-west2-tenant-data-shared/reference-data/currencies/.gitkeep",
            "kms_key_name": "",
            "md5hash": "ZJ7TKDq2HXPnW2iZ7cAH/A==",
            "md5hexhash": "649ed3283ab61d73e75b6899edc007fc",
            "media_link": "https://storage.googleapis.com/download/storage/v1/b/terraops-us-west2-tenant-data/o/shared%2Freference-data%2Fcurrencies%2F.gitkeep?generation=1756421193503791\u0026alt=media",
            "metadata": null,
            "name": "shared/reference-data/currencies/.gitkeep",
            "output_name": "shared/reference-data/currencies/.gitkeep",
            "retention": [],
            "self_link": "https://www.googleapis.com/storage/v1/b/terraops-us-west2-tenant-data/o/shared%2Freference-data%2Fcurrencies%2F.gitkeep",
            "source": null,
            "source_md5hash": "",
            "storage_class": "NEARLINE",
            "temporary_hold": false,
            "timeouts": null
          },
          "sensitive_attributes": [
            [
              {
                "type": "get_attr",
                "value": "content"
              }
            ]
          ],
          "private": "eyJlMmJmYjczMC1lY2FhLTExZTYtOGY4OC0zNDM2M2JjN2M0YzAiOnsiY3JlYXRlIjoyNDAwMDAwMDAwMDAsImRlbGV0ZSI6MjQwMDAwMDAwMDAwLCJ1cGRhdGUiOjI0MDAwMDAwMDAwMH19",
          "dependencies": [
            "google_storage_bucket.tenant_buckets"
          ]
        },
        {
          "index_key": "us-west2-shared-reference-data-exchange-rates-",
          "schema_version": 0,
          "attributes": {
            "bucket": "terraops-us-west2-tenant-data",
            "cache_control": "",
            "content": "# Global multi-tenant folder structure maintained across all regions for scalable data processing",
            "content_disposition": "",
            "content_encoding": "",
            "content_language": "",
            "content_type": "text/plain; charset=utf-8",
            "crc32c": "mfVRCg==",
            "customer_encryption": [],
            "detect_md5hash": "ZJ7TKDq2HXPnW2iZ7cAH/A==",
            "event_based_hold": false,
            "force_empty_content_type": null,
            "generation": 1756421182989167,
            "id": "terraops-us-west2-tenant-data-shared/reference-data/exchange-rates/.gitkeep",
            "kms_key_name": "",
            "md5hash": "ZJ7TKDq2HXPnW2iZ7cAH/A==",
            "md5hexhash": "649ed3283ab61d73e75b6899edc007fc",
            "media_link": "https://storage.googleapis.com/download/storage/v1/b/terraops-us-west2-tenant-data/o/shared%2Freference-data%2Fexchange-rates%2F.gitkeep?generation=1756421182989167\u0026alt=media",
            "metadata": null,
            "name": "shared/reference-data/exchange-rates/.gitkeep",
            "output_name": "shared/reference-data/exchange-rates/.gitkeep",
            "retention": [],
            "self_link": "https://www.googleapis.com/storage/v1/b/terraops-us-west2-tenant-data/o/shared%2Freference-data%2Fexchange-rates%2F.gitkeep",
            "source": null,
            "source_md5hash": "",
            "storage_class": "NEARLINE",
            "temporary_hold": false,
            "timeouts": null
          },
          "sensitive_attributes": [
            [
              {
                "type": "get_attr",
                "value": "content"
              }
            ]
          ],
          "private": "eyJlMmJmYjczMC1lY2FhLTExZTYtOGY4OC0zNDM2M2JjN2M0YzAiOnsiY3JlYXRlIjoyNDAwMDAwMDAwMDAsImRlbGV0ZSI6MjQwMDAwMDAwMDAwLCJ1cGRhdGUiOjI0MDAwMDAwMDAwMH19",
          "dependencies": [
            "google_storage_bucket.tenant_buckets"
          ]
        },
        {
          "index_key": "us-west2-tenants-",
          "schema_version": 0,
          "attributes": {
            "bucket": "terraops-us-west2-tenant-data",
            "cache_control": "",
            "content": "# Global multi-tenant folder structure maintained across all regions for scalable data processing",
            "content_disposition": "",
            "content_encoding": "",
            "content_language": "",
            "content_type": "text/plain; charset=utf-8",
            "crc32c": "mfVRCg==",
            "customer_encryption": [],
            "detect_md5hash": "ZJ7TKDq2HXPnW2iZ7cAH/A==",
            "event_based_hold": false,
            "force_empty_content_type": null,
            "generation": 1756421189325158,
            "id": "terraops-us-west2-tenant-data-tenants/.gitkeep",
            "kms_key_name": "",
            "md5hash": "ZJ7TKDq2HXPnW2iZ7cAH/A==",
            "md5hexhash": "649ed3283ab61d73e75b6899edc007fc",
            "media_link": "https://storage.googleapis.com/download/storage/v1/b/terraops-us-west2-tenant-data/o/tenants%2F.gitkeep?generation=1756421189325158\u0026alt=media",
            "metadata": null,
            "name": "tenants/.gitkeep",
            "output_name": "tenants/.gitkeep",
            "retention": [],
            "self_link": "https://www.googleapis.com/storage/v1/b/terraops-us-west2-tenant-data/o/tenants%2F.gitkeep",
            "source": null,
            "source_md5hash": "",
            "storage_class": "NEARLINE",
            "temporary_hold": false,
            "timeouts": null
          },
          "sensitive_attributes": [
            [
              {
                "type": "get_attr",
                "value": "content"
              }
            ]
          ],
          "private": "eyJlMmJmYjczMC1lY2FhLTExZTYtOGY4OC0zNDM2M2JjN2M0YzAiOnsiY3JlYXRlIjoyNDAwMDAwMDAwMDAsImRlbGV0ZSI6MjQwMDAwMDAwMDAwLCJ1cGRhdGUiOjI0MDAwMDAwMDAwMH19",
          "dependencies": [
            "google_storage_bucket.tenant_buckets"
          ]
        },
        {
          "index_key": "us-west2-tenants-business-domains-",
          "schema_version": 0,
          "attributes": {
            "bucket": "terraops-us-west2-tenant-data",
            "cache_control": "",
            "content": "# Global multi-tenant folder structure maintained across all regions for scalable data processing",
            "content_disposition": "",
            "content_encoding": "",
            "content_language": "",
            "content_type": "text/plain; charset=utf-8",
            "crc32c": "mfVRCg==",
            "customer_encryption": [],
            "detect_md5hash": "ZJ7TKDq2HXPnW2iZ7cAH/A==",
            "event_based_hold": false,
            "force_empty_content_type": null,
            "generation": 1756421184437511,
            "id": "terraops-us-west2-tenant-data-tenants/business-domains/.gitkeep",
            "kms_key_name": "",
            "md5hash": "ZJ7TKDq2HXPnW2iZ7cAH/A==",
            "md5hexhash": "649ed3283ab61d73e75b6899edc007fc",
            "media_link": "https://storage.googleapis.com/download/storage/v1/b/terraops-us-west2-tenant-data/o/tenants%2Fbusiness-domains%2F.gitkeep?generation=1756421184437511\u0026alt=media",
            "metadata": null,
            "name": "tenants/business-domains/.gitkeep",
            "output_name": "tenants/business-domains/.gitkeep",
            "retention": [],
            "self_link": "https://www.googleapis.com/storage/v1/b/terraops-us-west2-tenant-data/o/tenants%2Fbusiness-domains%2F.gitkeep",
            "source": null,
            "source_md5hash": "",
            "storage_class": "NEARLINE",
            "temporary_hold": false,
            "timeouts": null
          },
          "sensitive_attributes": [
            [
              {
                "type": "get_attr",
                "value": "content"
              }
            ]
          ],
          "private": "eyJlMmJmYjczMC1lY2FhLTExZTYtOGY4OC0zNDM2M2JjN2M0YzAiOnsiY3JlYXRlIjoyNDAwMDAwMDAwMDAsImRlbGV0ZSI6MjQwMDAwMDAwMDAwLCJ1cGRhdGUiOjI0MDAwMDAwMDAwMH19",
          "dependencies": [
            "google_storage_bucket.tenant_buckets"
          ]
        },
        {
          "index_key": "us-west2-tenants-tenant-001-",
          "schema_version": 0,
          "attributes": {
            "bucket": "terraops-us-west2-tenant-data",
            "cache_control": "",
            "content": "# Global multi-tenant folder structure maintained across all regions for scalable data processing",
            "content_disposition": "",
            "content_encoding": "",
            "content_language": "",
            "content_type": "text/plain; charset=utf-8",
            "crc32c": "mfVRCg==",
            "customer_encryption": [],
            "detect_md5hash": "ZJ7TKDq2HXPnW2iZ7cAH/A==",
            "event_based_hold": false,
            "force_empty_content_type": null,
            "generation": 1756421199147309,
            "id": "terraops-us-west2-tenant-data-tenants/tenant-001/.gitkeep",
            "kms_key_name": "",
            "md5hash": "ZJ7TKDq2HXPnW2iZ7cAH/A==",
            "md5hexhash": "649ed3283ab61d73e75b6899edc007fc",
            "media_link": "https://storage.googleapis.com/download/storage/v1/b/terraops-us-west2-tenant-data/o/tenants%2Ftenant-001%2F.gitkeep?generation=1756421199147309\u0026alt=media",
            "metadata": null,
            "name": "tenants/tenant-001/.gitkeep",
            "output_name": "tenants/tenant-001/.gitkeep",
            "retention": [],
            "self_link": "https://www.googleapis.com/storage/v1/b/terraops-us-west2-tenant-data/o/tenants%2Ftenant-001%2F.gitkeep",
            "source": null,
            "source_md5hash": "",
            "storage_class": "NEARLINE",
            "temporary_hold": false,
            "timeouts": null
          },
          "sensitive_attributes": [
            [
              {
                "type": "get_attr",
                "value": "content"
              }
            ]
          ],
          "private": "eyJlMmJmYjczMC1lY2FhLTExZTYtOGY4OC0zNDM2M2JjN2M0YzAiOnsiY3JlYXRlIjoyNDAwMDAwMDAwMDAsImRlbGV0ZSI6MjQwMDAwMDAwMDAwLCJ1cGRhdGUiOjI0MDAwMDAwMDAwMH19",
          "dependencies": [
            "google_storage_bucket.tenant_buckets"
          ]
        },
        {
          "index_key": "us-west2-tenants-tenant-001-data-",
          "schema_version": 0,
          "attributes": {
            "bucket": "terraops-us-west2-tenant-data",
            "cache_control": "",
            "content": "# Global multi-tenant folder structure maintained across all regions for scalable data processing",
            "content_disposition": "",
            "content_encoding": "",
            "content_language": "",
            "content_type": "text/plain; charset=utf-8",
            "crc32c": "mfVRCg==",
            "customer_encryption": [],
            "detect_md5hash": "ZJ7TKDq2HXPnW2iZ7cAH/A==",
            "event_based_hold": false,
            "force_empty_content_type": null,
            "generation": 1756421196058725,
            "id": "terraops-us-west2-tenant-data-tenants/tenant-001/data/.gitkeep",
            "kms_key_name": "",
            "md5hash": "ZJ7TKDq2HXPnW2iZ7cAH/A==",
            "md5hexhash": "649ed3283ab61d73e75b6899edc007fc",
            "media_link": "https://storage.googleapis.com/download/storage/v1/b/terraops-us-west2-tenant-data/o/tenants%2Ftenant-001%2Fdata%2F.gitkeep?generation=1756421196058725\u0026alt=media",
            "metadata": null,
            "name": "tenants/tenant-001/data/.gitkeep",
            "output_name": "tenants/tenant-001/data/.gitkeep",
            "retention": [],
            "self_link": "https://www.googleapis.com/storage/v1/b/terraops-us-west2-tenant-data/o/tenants%2Ftenant-001%2Fdata%2F.gitkeep",
            "source": null,
            "source_md5hash": "",
            "storage_class": "NEARLINE",
            "temporary_hold": false,
            "timeouts": null
          },
          "sensitive_attributes": [
            [
              {
                "type": "get_attr",
                "value": "content"
              }
            ]
          ],
          "private": "eyJlMmJmYjczMC1lY2FhLTExZTYtOGY4OC0zNDM2M2JjN2M0YzAiOnsiY3JlYXRlIjoyNDAwMDAwMDAwMDAsImRlbGV0ZSI6MjQwMDAwMDAwMDAwLCJ1cGRhdGUiOjI0MDAwMDAwMDAwMH19",
          "dependencies": [
            "google_storage_bucket.tenant_buckets"
          ]
        },
        {
          "index_key": "us-west2-tenants-tenant-001-data-bad-records-",
          "schema_version": 0,
          "attributes": {
            "bucket": "terraops-us-west2-tenant-data",
            "cache_control": "",
            "content": "# Global multi-tenant folder structure maintained across all regions for scalable data processing",
            "content_disposition": "",
            "content_encoding": "",
            "content_language": "",
            "content_type": "text/plain; charset=utf-8",
            "crc32c": "mfVRCg==",
            "customer_encryption": [],
            "detect_md5hash": "ZJ7TKDq2HXPnW2iZ7cAH/A==",
            "event_based_hold": false,
            "force_empty_content_type": null,
            "generation": 1756421181281975,
            "id": "terraops-us-west2-tenant-data-tenants/tenant-001/data/bad-records/.gitkeep",
            "kms_key_name": "",
            "md5hash": "ZJ7TKDq2HXPnW2iZ7cAH/A==",
            "md5hexhash": "649ed3283ab61d73e75b6899edc007fc",
            "media_link": "https://storage.googleapis.com/download/storage/v1/b/terraops-us-west2-tenant-data/o/tenants%2Ftenant-001%2Fdata%2Fbad-records%2F.gitkeep?generation=1756421181281975\u0026alt=media",
            "metadata": null,
            "name": "tenants/tenant-001/data/bad-records/.gitkeep",
            "output_name": "tenants/tenant-001/data/bad-records/.gitkeep",
            "retention": [],
            "self_link": "https://www.googleapis.com/storage/v1/b/terraops-us-west2-tenant-data/o/tenants%2Ftenant-001%2Fdata%2Fbad-records%2F.gitkeep",
            "source": null,
            "source_md5hash": "",
            "storage_class": "NEARLINE",
            "temporary_hold": false,
            "timeouts": null
          },
          "sensitive_attributes": [
            [
              {
                "type": "get_attr",
                "value": "content"
              }
            ]
          ],
          "private": "eyJlMmJmYjczMC1lY2FhLTExZTYtOGY4OC0zNDM2M2JjN2M0YzAiOnsiY3JlYXRlIjoyNDAwMDAwMDAwMDAsImRlbGV0ZSI6MjQwMDAwMDAwMDAwLCJ1cGRhdGUiOjI0MDAwMDAwMDAwMH19",
          "dependencies": [
            "google_storage_bucket.tenant_buckets"
          ]
        },
        {
          "index_key": "us-west2-tenants-tenant-001-data-processed-",
          "schema_version": 0,
          "attributes": {
            "bucket": "terraops-us-west2-tenant-data",
            "cache_control": "",
            "content": "# Global multi-tenant folder structure maintained across all regions for scalable data processing",
            "content_disposition": "",
            "content_encoding": "",
            "content_language": "",
            "content_type": "text/plain; charset=utf-8",
            "crc32c": "mfVRCg==",
            "customer_encryption": [],
            "detect_md5hash": "ZJ7TKDq2HXPnW2iZ7cAH/A==",
            "event_based_hold": false,
            "force_empty_content_type": null,
            "generation": 1756421189664859,
            "id": "terraops-us-west2-tenant-data-tenants/tenant-001/data/processed/.gitkeep",
            "kms_key_name": "",
            "md5hash": "ZJ7TKDq2HXPnW2iZ7cAH/A==",
            "md5hexhash": "649ed3283ab61d73e75b6899edc007fc",
            "media_link": "https://storage.googleapis.com/download/storage/v1/b/terraops-us-west2-tenant-data/o/tenants%2Ftenant-001%2Fdata%2Fprocessed%2F.gitkeep?generation=1756421189664859\u0026alt=media",
            "metadata": null,
            "name": "tenants/tenant-001/data/processed/.gitkeep",
            "output_name": "tenants/tenant-001/data/processed/.gitkeep",
            "retention": [],
            "self_link": "https://www.googleapis.com/storage/v1/b/terraops-us-west2-tenant-data/o/tenants%2Ftenant-001%2Fdata%2Fprocessed%2F.gitkeep",
            "source": null,
            "source_md5hash": "",
            "storage_class": "NEARLINE",
            "temporary_hold": false,
            "timeouts": null
          },
          "sensitive_attributes": [
            [
              {
                "type": "get_attr",
                "value": "content"
              }
            ]
          ],
          "private": "eyJlMmJmYjczMC1lY2FhLTExZTYtOGY4OC0zNDM2M2JjN2M0YzAiOnsiY3JlYXRlIjoyNDAwMDAwMDAwMDAsImRlbGV0ZSI6MjQwMDAwMDAwMDAwLCJ1cGRhdGUiOjI0MDAwMDAwMDAwMH19",
          "dependencies": [
            "google_storage_bucket.tenant_buckets"
          ]
        },
        {
          "index_key": "us-west2-tenants-tenant-001-data-raw-",
          "schema_version": 0,
          "attributes": {
            "bucket": "terraops-us-west2-tenant-data",
            "cache_control": "",
            "content": "# Global multi-tenant folder structure maintained across all regions for scalable data processing",
            "content_disposition": "",
            "content_encoding": "",
            "content_language": "",
            "content_type": "text/plain; charset=utf-8",
            "crc32c": "mfVRCg==",
            "customer_encryption": [],
            "detect_md5hash": "ZJ7TKDq2HXPnW2iZ7cAH/A==",
            "event_based_hold": false,
            "force_empty_content_type": null,
            "generation": 1756421194774425,
            "id": "terraops-us-west2-tenant-data-tenants/tenant-001/data/raw/.gitkeep",
            "kms_key_name": "",
            "md5hash": "ZJ7TKDq2HXPnW2iZ7cAH/A==",
            "md5hexhash": "649ed3283ab61d73e75b6899edc007fc",
            "media_link": "https://storage.googleapis.com/download/storage/v1/b/terraops-us-west2-tenant-data/o/tenants%2Ftenant-001%2Fdata%2Fraw%2F.gitkeep?generation=1756421194774425\u0026alt=media",
            "metadata": null,
            "name": "tenants/tenant-001/data/raw/.gitkeep",
            "output_name": "tenants/tenant-001/data/raw/.gitkeep",
            "retention": [],
            "self_link": "https://www.googleapis.com/storage/v1/b/terraops-us-west2-tenant-data/o/tenants%2Ftenant-001%2Fdata%2Fraw%2F.gitkeep",
            "source": null,
            "source_md5hash": "",
            "storage_class": "NEARLINE",
            "temporary_hold": false,
            "timeouts": null
          },
          "sensitive_attributes": [
            [
              {
                "type": "get_attr",
                "value": "content"
              }
            ]
          ],
          "private": "eyJlMmJmYjczMC1lY2FhLTExZTYtOGY4OC0zNDM2M2JjN2M0YzAiOnsiY3JlYXRlIjoyNDAwMDAwMDAwMDAsImRlbGV0ZSI6MjQwMDAwMDAwMDAwLCJ1cGRhdGUiOjI0MDAwMDAwMDAwMH19",
          "dependencies": [
            "google_storage_bucket.tenant_buckets"
          ]
        },
        {
          "index_key": "us-west2-tenants-tenant-002-",
          "schema_version": 0,
          "attributes": {
            "bucket": "terraops-us-west2-tenant-data",
            "cache_control": "",
            "content": "# Global multi-tenant folder structure maintained across all regions for scalable data processing",
            "content_disposition": "",
            "content_encoding": "",
            "content_language": "",
            "content_type": "text/plain; charset=utf-8",
            "crc32c": "mfVRCg==",
            "customer_encryption": [],
            "detect_md5hash": "ZJ7TKDq2HXPnW2iZ7cAH/A==",
            "event_based_hold": false,
            "force_empty_content_type": null,
            "generation": 1756421187213496,
            "id": "terraops-us-west2-tenant-data-tenants/tenant-002/.gitkeep",
            "kms_key_name": "",
            "md5hash": "ZJ7TKDq2HXPnW2iZ7cAH/A==",
            "md5hexhash": "649ed3283ab61d73e75b6899edc007fc",
            "media_link": "https://storage.googleapis.com/download/storage/v1/b/terraops-us-west2-tenant-data/o/tenants%2Ftenant-002%2F.gitkeep?generation=1756421187213496\u0026alt=media",
            "metadata": null,
            "name": "tenants/tenant-002/.gitkeep",
            "output_name": "tenants/tenant-002/.gitkeep",
            "retention": [],
            "self_link": "https://www.googleapis.com/storage/v1/b/terraops-us-west2-tenant-data/o/tenants%2Ftenant-002%2F.gitkeep",
            "source": null,
            "source_md5hash": "",
            "storage_class": "NEARLINE",
            "temporary_hold": false,
            "timeouts": null
          },
          "sensitive_attributes": [
            [
              {
                "type": "get_attr",
                "value": "content"
              }
            ]
          ],
          "private": "eyJlMmJmYjczMC1lY2FhLTExZTYtOGY4OC0zNDM2M2JjN2M0YzAiOnsiY3JlYXRlIjoyNDAwMDAwMDAwMDAsImRlbGV0ZSI6MjQwMDAwMDAwMDAwLCJ1cGRhdGUiOjI0MDAwMDAwMDAwMH19",
          "dependencies": [
            "google_storage_bucket.tenant_buckets"
          ]
        },
        {
          "index_key": "us-west2-tenants-tenant-002-data-",
          "schema_version": 0,
          "attributes": {
            "bucket": "terraops-us-west2-tenant-data",
            "cache_control": "",
            "content": "# Global multi-tenant folder structure maintained across all regions for scalable data processing",
            "content_disposition": "",
            "content_encoding": "",
            "content_language": "",
            "content_type": "text/plain; charset=utf-8",
            "crc32c": "mfVRCg==",
            "customer_encryption": [],
            "detect_md5hash": "ZJ7TKDq2HXPnW2iZ7cAH/A==",
            "event_based_hold": false,
            "force_empty_content_type": null,
            "generation": 1756421181751425,
            "id": "terraops-us-west2-tenant-data-tenants/tenant-002/data/.gitkeep",
            "kms_key_name": "",
            "md5hash": "ZJ7TKDq2HXPnW2iZ7cAH/A==",
            "md5hexhash": "649ed3283ab61d73e75b6899edc007fc",
            "media_link": "https://storage.googleapis.com/download/storage/v1/b/terraops-us-west2-tenant-data/o/tenants%2Ftenant-002%2Fdata%2F.gitkeep?generation=1756421181751425\u0026alt=media",
            "metadata": null,
            "name": "tenants/tenant-002/data/.gitkeep",
            "output_name": "tenants/tenant-002/data/.gitkeep",
            "retention": [],
            "self_link": "https://www.googleapis.com/storage/v1/b/terraops-us-west2-tenant-data/o/tenants%2Ftenant-002%2Fdata%2F.gitkeep",
            "source": null,
            "source_md5hash": "",
            "storage_class": "NEARLINE",
            "temporary_hold": false,
            "timeouts": null
          },
          "sensitive_attributes": [
            [
              {
                "type": "get_attr",
                "value": "content"
              }
            ]
          ],
          "private": "eyJlMmJmYjczMC1lY2FhLTExZTYtOGY4OC0zNDM2M2JjN2M0YzAiOnsiY3JlYXRlIjoyNDAwMDAwMDAwMDAsImRlbGV0ZSI6MjQwMDAwMDAwMDAwLCJ1cGRhdGUiOjI0MDAwMDAwMDAwMH19",
          "dependencies": [
            "google_storage_bucket.tenant_buckets"
          ]
        },
        {
          "index_key": "us-west2-tenants-tenant-002-data-bad-records-",
          "schema_version": 0,
          "attributes": {
            "bucket": "terraops-us-west2-tenant-data",
            "cache_control": "",
            "content": "# Global multi-tenant folder structure maintained across all regions for scalable data processing",
            "content_disposition": "",
            "content_encoding": "",
            "content_language": "",
            "content_type": "text/plain; charset=utf-8",
            "crc32c": "mfVRCg==",
            "customer_encryption": [],
            "detect_md5hash": "ZJ7TKDq2HXPnW2iZ7cAH/A==",
            "event_based_hold": false,
            "force_empty_content_type": null,
            "generation": 1756421177055027,
            "id": "terraops-us-west2-tenant-data-tenants/tenant-002/data/bad-records/.gitkeep",
            "kms_key_name": "",
            "md5hash": "ZJ7TKDq2HXPnW2iZ7cAH/A==",
            "md5hexhash": "649ed3283ab61d73e75b6899edc007fc",
            "media_link": "https://storage.googleapis.com/download/storage/v1/b/terraops-us-west2-tenant-data/o/tenants%2Ftenant-002%2Fdata%2Fbad-records%2F.gitkeep?generation=1756421177055027\u0026alt=media",
            "metadata": null,
            "name": "tenants/tenant-002/data/bad-records/.gitkeep",
            "output_name": "tenants/tenant-002/data/bad-records/.gitkeep",
            "retention": [],
            "self_link": "https://www.googleapis.com/storage/v1/b/terraops-us-west2-tenant-data/o/tenants%2Ftenant-002%2Fdata%2Fbad-records%2F.gitkeep",
            "source": null,
            "source_md5hash": "",
            "storage_class": "NEARLINE",
            "temporary_hold": false,
            "timeouts": null
          },
          "sensitive_attributes": [
            [
              {
                "type": "get_attr",
                "value": "content"
              }
            ]
          ],
          "private": "eyJlMmJmYjczMC1lY2FhLTExZTYtOGY4OC0zNDM2M2JjN2M0YzAiOnsiY3JlYXRlIjoyNDAwMDAwMDAwMDAsImRlbGV0ZSI6MjQwMDAwMDAwMDAwLCJ1cGRhdGUiOjI0MDAwMDAwMDAwMH19",
          "dependencies": [
            "google_storage_bucket.tenant_buckets"
          ]
        },
        {
          "index_key": "us-west2-tenants-tenant-002-data-processed-",
          "schema_version": 0,
          "attributes": {
            "bucket": "terraops-us-west2-tenant-data",
            "cache_control": "",
            "content": "# Global multi-tenant folder structure maintained across all regions for scalable data processing",
            "content_disposition": "",
            "content_encoding": "",
            "content_language": "",
            "content_type": "text/plain; charset=utf-8",
            "crc32c": "mfVRCg==",
            "customer_encryption": [],
            "detect_md5hash": "ZJ7TKDq2HXPnW2iZ7cAH/A==",
            "event_based_hold": false,
            "force_empty_content_type": null,
            "generation": 1756421182256490,
            "id": "terraops-us-west2-tenant-data-tenants/tenant-002/data/processed/.gitkeep",
            "kms_key_name": "",
            "md5hash": "ZJ7TKDq2HXPnW2iZ7cAH/A==",
            "md5hexhash": "649ed3283ab61d73e75b6899edc007fc",
            "media_link": "https://storage.googleapis.com/download/storage/v1/b/terraops-us-west2-tenant-data/o/tenants%2Ftenant-002%2Fdata%2Fprocessed%2F.gitkeep?generation=1756421182256490\u0026alt=media",
            "metadata": null,
            "name": "tenants/tenant-002/data/processed/.gitkeep",
            "output_name": "tenants/tenant-002/data/processed/.gitkeep",
            "retention": [],
            "self_link": "https://www.googleapis.com/storage/v1/b/terraops-us-west2-tenant-data/o/tenants%2Ftenant-002%2Fdata%2Fprocessed%2F.gitkeep",
            "source": null,
            "source_md5hash": "",
            "storage_class": "NEARLINE",
            "temporary_hold": false,
            "timeouts": null
          },
          "sensitive_attributes": [
            [
              {
                "type": "get_attr",
                "value": "content"
              }
            ]
          ],
          "private": "eyJlMmJmYjczMC1lY2FhLTExZTYtOGY4OC0zNDM2M2JjN2M0YzAiOnsiY3JlYXRlIjoyNDAwMDAwMDAwMDAsImRlbGV0ZSI6MjQwMDAwMDAwMDAwLCJ1cGRhdGUiOjI0MDAwMDAwMDAwMH19",
          "dependencies": [
            "google_storage_bucket.tenant_buckets"
          ]
        },
        {
          "index_key": "us-west2-tenants-tenant-002-data-raw-",
          "schema_version": 0,
          "attributes": {
            "bucket": "terraops-us-west2-tenant-data",
            "cache_control": "",
            "content": "# Global multi-tenant folder structure maintained across all regions for scalable data processing",
            "content_disposition": "",
            "content_encoding": "",
            "content_language": "",
            "content_type": "text/plain; charset=utf-8",
            "crc32c": "mfVRCg==",
            "customer_encryption": [],
            "detect_md5hash": "ZJ7TKDq2HXPnW2iZ7cAH/A==",
            "event_based_hold": false,
            "force_empty_content_type": null,
            "generation": 1756421197283412,
            "id": "terraops-us-west2-tenant-data-tenants/tenant-002/data/raw/.gitkeep",
            "kms_key_name": "",
            "md5hash": "ZJ7TKDq2HXPnW2iZ7cAH/A==",
            "md5hexhash": "649ed3283ab61d73e75b6899edc007fc",
            "media_link": "https://storage.googleapis.com/download/storage/v1/b/terraops-us-west2-tenant-data/o/tenants%2Ftenant-002%2Fdata%2Fraw%2F.gitkeep?generation=1756421197283412\u0026alt=media",
            "metadata": null,
            "name": "tenants/tenant-002/data/raw/.gitkeep",
            "output_name": "tenants/tenant-002/data/raw/.gitkeep",
            "retention": [],
            "self_link": "https://www.googleapis.com/storage/v1/b/terraops-us-west2-tenant-data/o/tenants%2Ftenant-002%2Fdata%2Fraw%2F.gitkeep",
            "source": null,
            "source_md5hash": "",
            "storage_class": "NEARLINE",
            "temporary_hold": false,
            "timeouts": null
          },
          "sensitive_attributes": [
            [
              {
                "type": "get_attr",
                "value": "content"
              }
            ]
          ],
          "private": "eyJlMmJmYjczMC1lY2FhLTExZTYtOGY4OC0zNDM2M2JjN2M0YzAiOnsiY3JlYXRlIjoyNDAwMDAwMDAwMDAsImRlbGV0ZSI6MjQwMDAwMDAwMDAwLCJ1cGRhdGUiOjI0MDAwMDAwMDAwMH19",
          "dependencies": [
            "google_storage_bucket.tenant_buckets"
          ]
        },
        {
          "index_key": "us-west2-tenants-tenant-003-",
          "schema_version": 0,
          "attributes": {
            "bucket": "terraops-us-west2-tenant-data",
            "cache_control": "",
            "content": "# Global multi-tenant folder structure maintained across all regions for scalable data processing",
            "content_disposition": "",
            "content_encoding": "",
            "content_language": "",
            "content_type": "text/plain; charset=utf-8",
            "crc32c": "mfVRCg==",
            "customer_encryption": [],
            "detect_md5hash": "ZJ7TKDq2HXPnW2iZ7cAH/A==",
            "event_based_hold": false,
            "force_empty_content_type": null,
            "generation": 1756421193014348,
            "id": "terraops-us-west2-tenant-data-tenants/tenant-003/.gitkeep",
            "kms_key_name": "",
            "md5hash": "ZJ7TKDq2HXPnW2iZ7cAH/A==",
            "md5hexhash": "649ed3283ab61d73e75b6899edc007fc",
            "media_link": "https://storage.googleapis.com/download/storage/v1/b/terraops-us-west2-tenant-data/o/tenants%2Ftenant-003%2F.gitkeep?generation=1756421193014348\u0026alt=media",
            "metadata": null,
            "name": "tenants/tenant-003/.gitkeep",
            "output_name": "tenants/tenant-003/.gitkeep",
            "retention": [],
            "self_link": "https://www.googleapis.com/storage/v1/b/terraops-us-west2-tenant-data/o/tenants%2Ftenant-003%2F.gitkeep",
            "source": null,
            "source_md5hash": "",
            "storage_class": "NEARLINE",
            "temporary_hold": false,
            "timeouts": null
          },
          "sensitive_attributes": [
            [
              {
                "type": "get_attr",
                "value": "content"
              }
            ]
          ],
          "private": "eyJlMmJmYjczMC1lY2FhLTExZTYtOGY4OC0zNDM2M2JjN2M0YzAiOnsiY3JlYXRlIjoyNDAwMDAwMDAwMDAsImRlbGV0ZSI6MjQwMDAwMDAwMDAwLCJ1cGRhdGUiOjI0MDAwMDAwMDAwMH19",
          "dependencies": [
            "google_storage_bucket.tenant_buckets"
          ]
        },
        {
          "index_key": "us-west2-tenants-tenant-003-data-",
          "schema_version": 0,
          "attributes": {
            "bucket": "terraops-us-west2-tenant-data",
            "cache_control": "",
            "content": "# Global multi-tenant folder structure maintained across all regions for scalable data processing",
            "content_disposition": "",
            "content_encoding": "",
            "content_language": "",
            "content_type": "text/plain; charset=utf-8",
            "crc32c": "mfVRCg==",
            "customer_encryption": [],
            "detect_md5hash": "ZJ7TKDq2HXPnW2iZ7cAH/A==",
            "event_based_hold": false,
            "force_empty_content_type": null,
            "generation": 1756421180779977,
            "id": "terraops-us-west2-tenant-data-tenants/tenant-003/data/.gitkeep",
            "kms_key_name": "",
            "md5hash": "ZJ7TKDq2HXPnW2iZ7cAH/A==",
            "md5hexhash": "649ed3283ab61d73e75b6899edc007fc",
            "media_link": "https://storage.googleapis.com/download/storage/v1/b/terraops-us-west2-tenant-data/o/tenants%2Ftenant-003%2Fdata%2F.gitkeep?generation=1756421180779977\u0026alt=media",
            "metadata": null,
            "name": "tenants/tenant-003/data/.gitkeep",
            "output_name": "tenants/tenant-003/data/.gitkeep",
            "retention": [],
            "self_link": "https://www.googleapis.com/storage/v1/b/terraops-us-west2-tenant-data/o/tenants%2Ftenant-003%2Fdata%2F.gitkeep",
            "source": null,
            "source_md5hash": "",
            "storage_class": "NEARLINE",
            "temporary_hold": false,
            "timeouts": null
          },
          "sensitive_attributes": [
            [
              {
                "type": "get_attr",
                "value": "content"
              }
            ]
          ],
          "private": "eyJlMmJmYjczMC1lY2FhLTExZTYtOGY4OC0zNDM2M2JjN2M0YzAiOnsiY3JlYXRlIjoyNDAwMDAwMDAwMDAsImRlbGV0ZSI6MjQwMDAwMDAwMDAwLCJ1cGRhdGUiOjI0MDAwMDAwMDAwMH19",
          "dependencies": [
            "google_storage_bucket.tenant_buckets"
          ]
        },
        {
          "index_key": "us-west2-tenants-tenant-003-data-bad-records-",
          "schema_version": 0,
          "attributes": {
            "bucket": "terraops-us-west2-tenant-data",
            "cache_control": "",
            "content": "# Global multi-tenant folder structure maintained across all regions for scalable data processing",
            "content_disposition": "",
            "content_encoding": "",
            "content_language": "",
            "content_type": "text/plain; charset=utf-8",
            "crc32c": "mfVRCg==",
            "customer_encryption": [],
            "detect_md5hash": "ZJ7TKDq2HXPnW2iZ7cAH/A==",
            "event_based_hold": false,
            "force_empty_content_type": null,
            "generation": 1756421198653467,
            "id": "terraops-us-west2-tenant-data-tenants/tenant-003/data/bad-records/.gitkeep",
            "kms_key_name": "",
            "md5hash": "ZJ7TKDq2HXPnW2iZ7cAH/A==",
            "md5hexhash": "649ed3283ab61d73e75b6899edc007fc",
            "media_link": "https://storage.googleapis.com/download/storage/v1/b/terraops-us-west2-tenant-data/o/tenants%2Ftenant-003%2Fdata%2Fbad-records%2F.gitkeep?generation=1756421198653467\u0026alt=media",
            "metadata": null,
            "name": "tenants/tenant-003/data/bad-records/.gitkeep",
            "output_name": "tenants/tenant-003/data/bad-records/.gitkeep",
            "retention": [],
            "self_link": "https://www.googleapis.com/storage/v1/b/terraops-us-west2-tenant-data/o/tenants%2Ftenant-003%2Fdata%2Fbad-records%2F.gitkeep",
            "source": null,
            "source_md5hash": "",
            "storage_class": "NEARLINE",
            "temporary_hold": false,
            "timeouts": null
          },
          "sensitive_attributes": [
            [
              {
                "type": "get_attr",
                "value": "content"
              }
            ]
          ],
          "private": "eyJlMmJmYjczMC1lY2FhLTExZTYtOGY4OC0zNDM2M2JjN2M0YzAiOnsiY3JlYXRlIjoyNDAwMDAwMDAwMDAsImRlbGV0ZSI6MjQwMDAwMDAwMDAwLCJ1cGRhdGUiOjI0MDAwMDAwMDAwMH19",
          "dependencies": [
            "google_storage_bucket.tenant_buckets"
          ]
        },
        {
          "index_key": "us-west2-tenants-tenant-003-data-processed-",
          "schema_version": 0,
          "attributes": {
            "bucket": "terraops-us-west2-tenant-data",
            "cache_control": "",
            "content": "# Global multi-tenant folder structure maintained across all regions for scalable data processing",
            "content_disposition": "",
            "content_encoding": "",
            "content_language": "",
            "content_type": "text/plain; charset=utf-8",
            "crc32c": "mfVRCg==",
            "customer_encryption": [],
            "detect_md5hash": "ZJ7TKDq2HXPnW2iZ7cAH/A==",
            "event_based_hold": false,
            "force_empty_content_type": null,
            "generation": 1756421188183396,
            "id": "terraops-us-west2-tenant-data-tenants/tenant-003/data/processed/.gitkeep",
            "kms_key_name": "",
            "md5hash": "ZJ7TKDq2HXPnW2iZ7cAH/A==",
            "md5hexhash": "649ed3283ab61d73e75b6899edc007fc",
            "media_link": "https://storage.googleapis.com/download/storage/v1/b/terraops-us-west2-tenant-data/o/tenants%2Ftenant-003%2Fdata%2Fprocessed%2F.gitkeep?generation=1756421188183396\u0026alt=media",
            "metadata": null,
            "name": "tenants/tenant-003/data/processed/.gitkeep",
            "output_name": "tenants/tenant-003/data/processed/.gitkeep",
            "retention": [],
            "self_link": "https://www.googleapis.com/storage/v1/b/terraops-us-west2-tenant-data/o/tenants%2Ftenant-003%2Fdata%2Fprocessed%2F.gitkeep",
            "source": null,
            "source_md5hash": "",
            "storage_class": "NEARLINE",
            "temporary_hold": false,
            "timeouts": null
          },
          "sensitive_attributes": [
            [
              {
                "type": "get_attr",
                "value": "content"
              }
            ]
          ],
          "private": "eyJlMmJmYjczMC1lY2FhLTExZTYtOGY4OC0zNDM2M2JjN2M0YzAiOnsiY3JlYXRlIjoyNDAwMDAwMDAwMDAsImRlbGV0ZSI6MjQwMDAwMDAwMDAwLCJ1cGRhdGUiOjI0MDAwMDAwMDAwMH19",
          "dependencies": [
            "google_storage_bucket.tenant_buckets"
          ]
        },
        {
          "index_key": "us-west2-tenants-tenant-003-data-raw-",
          "schema_version": 0,
          "attributes": {
            "bucket": "terraops-us-west2-tenant-data",
            "cache_control": "",
            "content": "# Global multi-tenant folder structure maintained across all regions for scalable data processing",
            "content_disposition": "",
            "content_encoding": "",
            "content_language": "",
            "content_type": "text/plain; charset=utf-8",
            "crc32c": "mfVRCg==",
            "customer_encryption": [],
            "detect_md5hash": "ZJ7TKDq2HXPnW2iZ7cAH/A==",
            "event_based_hold": false,
            "force_empty_content_type": null,
            "generation": 1756421182569299,
            "id": "terraops-us-west2-tenant-data-tenants/tenant-003/data/raw/.gitkeep",
            "kms_key_name": "",
            "md5hash": "ZJ7TKDq2HXPnW2iZ7cAH/A==",
            "md5hexhash": "649ed3283ab61d73e75b6899edc007fc",
            "media_link": "https://storage.googleapis.com/download/storage/v1/b/terraops-us-west2-tenant-data/o/tenants%2Ftenant-003%2Fdata%2Fraw%2F.gitkeep?generation=1756421182569299\u0026alt=media",
            "metadata": null,
            "name": "tenants/tenant-003/data/raw/.gitkeep",
            "output_name": "tenants/tenant-003/data/raw/.gitkeep",
            "retention": [],
            "self_link": "https://www.googleapis.com/storage/v1/b/terraops-us-west2-tenant-data/o/tenants%2Ftenant-003%2Fdata%2Fraw%2F.gitkeep",
            "source": null,
            "source_md5hash": "",
            "storage_class": "NEARLINE",
            "temporary_hold": false,
            "timeouts": null
          },
          "sensitive_attributes": [
            [
              {
                "type": "get_attr",
                "value": "content"
              }
            ]
          ],
          "private": "eyJlMmJmYjczMC1lY2FhLTExZTYtOGY4OC0zNDM2M2JjN2M0YzAiOnsiY3JlYXRlIjoyNDAwMDAwMDAwMDAsImRlbGV0ZSI6MjQwMDAwMDAwMDAwLCJ1cGRhdGUiOjI0MDAwMDAwMDAwMH19",
          "dependencies": [
            "google_storage_bucket.tenant_buckets"
          ]
        }
      ]
    }
  ],
  "check_results": null
}
