{
  "version": 4,
  "terraform_version": "1.10.5",
  "serial": 46,
  "lineage": "9cd485a7-cc04-baf8-e178-2661fe0dfabe",
  "outputs": {
    "active_regions": {
      "value": [
        "us-west1"
      ],
      "type": [
        "tuple",
        [
          "string"
        ]
      ]
    },
    "all_available_regions": {
      "value": [
        "us-west1",
        "europe-west1",
        "northamerica-northeast1",
        "asia-southeast1",
        "southamerica-east1"
      ],
      "type": [
        "tuple",
        [
          "string",
          "string",
          "string",
          "string",
          "string"
        ]
      ]
    },
    "application_integration": {
      "value": {
        "folder_patterns": {
          "reference_bad_records": "reference-data/bad_records/",
          "reference_data": "reference-data/{data_type}/",
          "tenant_bad_records": "tenants/{tenant_id}/data/bad_records/",
          "tenant_data": "tenants/{tenant_id}/data/{data_type}/",
          "tenant_domain_data": "tenants/{tenant_id}/ecommerce/{data_type}/",
          "tenant_models": "tenants/{tenant_id}/data/models/",
          "tenant_processed_data": "tenants/{tenant_id}/data/processed/",
          "tenant_raw_data": "tenants/{tenant_id}/data/raw/"
        },
        "primary_region": "us-west1",
        "shared_bucket_template": "terraops-{region}-shared",
        "storage_settings": {
          "default_class": "NEARLINE",
          "lifecycle_enabled": true,
          "versioning": false
        },
        "tenant_bucket_template": "terraops-{region}-tenant-data"
      },
      "type": [
        "object",
        {
          "folder_patterns": [
            "object",
            {
              "reference_bad_records": "string",
              "reference_data": "string",
              "tenant_bad_records": "string",
              "tenant_data": "string",
              "tenant_domain_data": "string",
              "tenant_models": "string",
              "tenant_processed_data": "string",
              "tenant_raw_data": "string"
            }
          ],
          "primary_region": "string",
          "shared_bucket_template": "string",
          "storage_settings": [
            "object",
            {
              "default_class": "string",
              "lifecycle_enabled": "bool",
              "versioning": "bool"
            }
          ],
          "tenant_bucket_template": "string"
        }
      ]
    },
    "cost_optimization_summary": {
      "value": {
        "current_savings": {
          "lifecycle_savings": "70-80% for data \u003e90 days old",
          "regional_savings": "80% (1/5 regions active)",
          "storage_class_savings": "50% (NEARLINE vs STANDARD)",
          "versioning_savings": "30-50% (disabled)"
        },
        "estimated_costs": {
          "current_configuration": "$5-20/month",
          "enterprise_full": "$100-500/month",
          "if_all_regions": "$25-100/month",
          "if_standard_storage": "$50-200/month",
          "if_versioning_enabled": "$75-300/month"
        },
        "lifecycle_rules": {
          "coldline_to_archive": "365 days",
          "nearline_to_coldline": "90 days",
          "shared_data_faster": "60 days to COLDLINE, 180 days to ARCHIVE"
        }
      },
      "type": [
        "object",
        {
          "current_savings": [
            "object",
            {
              "lifecycle_savings": "string",
              "regional_savings": "string",
              "storage_class_savings": "string",
              "versioning_savings": "string"
            }
          ],
          "estimated_costs": [
            "object",
            {
              "current_configuration": "string",
              "enterprise_full": "string",
              "if_all_regions": "string",
              "if_standard_storage": "string",
              "if_versioning_enabled": "string"
            }
          ],
          "lifecycle_rules": [
            "object",
            {
              "coldline_to_archive": "string",
              "nearline_to_coldline": "string",
              "shared_data_faster": "string"
            }
          ]
        }
      ]
    },
    "scaling_instructions": {
      "value": {
        "phase_1_startup": {
          "active_regions": 1,
          "description": "Current phase - optimized for minimal costs",
          "features": [
            "NEARLINE storage",
            "No versioning",
            "Lifecycle rules",
            "Single region"
          ],
          "monthly_cost": "$5-20"
        },
        "phase_2_early_customers": {
          "action": "Uncomment europe-west1 in active_regions list, run terraform apply",
          "description": "Add second region when you get international customers",
          "features": [
            "2 regions",
            "NEARLINE storage",
            "Consider enabling versioning"
          ],
          "monthly_cost": "$15-40"
        },
        "phase_3_growth": {
          "action": "Uncomment additional regions, change storage_class to STANDARD for active data",
          "description": "Scale to multiple regions as customer base grows",
          "features": [
            "3+ regions",
            "Mixed storage classes",
            "Versioning enabled"
          ],
          "monthly_cost": "$50-150"
        },
        "phase_4_enterprise": {
          "action": "Enable all regions, STANDARD storage, versioning, add monitoring",
          "description": "Full enterprise features when you have steady revenue",
          "features": [
            "All regions",
            "STANDARD storage",
            "Full versioning",
            "Advanced monitoring"
          ],
          "monthly_cost": "$100-500+"
        },
        "quick_expansion_commands": [
          "# Add Europe: Uncomment 'europe-west1' in active_regions",
          "# Add Asia: Uncomment 'asia-southeast1' in active_regions",
          "# Enable versioning: Set versioning_enabled = true",
          "# Faster storage: Change storage_class to 'STANDARD'",
          "# Then run: terraform plan \u0026\u0026 terraform apply"
        ]
      },
      "type": [
        "object",
        {
          "phase_1_startup": [
            "object",
            {
              "active_regions": "number",
              "description": "string",
              "features": [
                "tuple",
                [
                  "string",
                  "string",
                  "string",
                  "string"
                ]
              ],
              "monthly_cost": "string"
            }
          ],
          "phase_2_early_customers": [
            "object",
            {
              "action": "string",
              "description": "string",
              "features": [
                "tuple",
                [
                  "string",
                  "string",
                  "string"
                ]
              ],
              "monthly_cost": "string"
            }
          ],
          "phase_3_growth": [
            "object",
            {
              "action": "string",
              "description": "string",
              "features": [
                "tuple",
                [
                  "string",
                  "string",
                  "string"
                ]
              ],
              "monthly_cost": "string"
            }
          ],
          "phase_4_enterprise": [
            "object",
            {
              "action": "string",
              "description": "string",
              "features": [
                "tuple",
                [
                  "string",
                  "string",
                  "string",
                  "string"
                ]
              ],
              "monthly_cost": "string"
            }
          ],
          "quick_expansion_commands": [
            "tuple",
            [
              "string",
              "string",
              "string",
              "string",
              "string"
            ]
          ]
        }
      ]
    },
    "shared_bucket_names": {
      "value": {
        "us-west1": "terraops-us-west1-shared"
      },
      "type": [
        "object",
        {
          "us-west1": "string"
        }
      ]
    },
    "shared_bucket_urls": {
      "value": {
        "us-west1": "gs://terraops-us-west1-shared"
      },
      "type": [
        "object",
        {
          "us-west1": "string"
        }
      ]
    },
    "startup_bucket_details": {
      "value": {
        "active_buckets": {
          "shared_buckets": {
            "us-west1": {
              "location": "US-WEST1",
              "name": "terraops-us-west1-shared",
              "storage_class": "NEARLINE",
              "url": "gs://terraops-us-west1-shared"
            }
          },
          "tenant_buckets": {
            "us-west1": {
              "location": "US-WEST1",
              "name": "terraops-us-west1-tenant-data",
              "storage_class": "NEARLINE",
              "url": "gs://terraops-us-west1-tenant-data"
            }
          }
        },
        "configuration": {
          "lifecycle_rules": "Enabled - auto-move to cheaper storage",
          "storage_class": "NEARLINE",
          "uniform_access": true,
          "versioning_enabled": false
        },
        "cost_optimization": {
          "lifecycle_savings": "Additional 70-80% for old data",
          "storage_savings": "50% vs STANDARD storage class",
          "total_savings": "70-80% vs full enterprise configuration",
          "versioning_savings": "30-50% (versioning disabled)"
        }
      },
      "type": [
        "object",
        {
          "active_buckets": [
            "object",
            {
              "shared_buckets": [
                "object",
                {
                  "us-west1": [
                    "object",
                    {
                      "location": "string",
                      "name": "string",
                      "storage_class": "string",
                      "url": "string"
                    }
                  ]
                }
              ],
              "tenant_buckets": [
                "object",
                {
                  "us-west1": [
                    "object",
                    {
                      "location": "string",
                      "name": "string",
                      "storage_class": "string",
                      "url": "string"
                    }
                  ]
                }
              ]
            }
          ],
          "configuration": [
            "object",
            {
              "lifecycle_rules": "string",
              "storage_class": "string",
              "uniform_access": "bool",
              "versioning_enabled": "bool"
            }
          ],
          "cost_optimization": [
            "object",
            {
              "lifecycle_savings": "string",
              "storage_savings": "string",
              "total_savings": "string",
              "versioning_savings": "string"
            }
          ]
        }
      ]
    },
    "startup_configuration_summary": {
      "value": {
        "active_regions": [
          "us-west1"
        ],
        "active_regions_count": 1,
        "estimated_monthly_cost": "$5-20 (vs $100-200 with all regions + STANDARD + versioning)",
        "inactive_regions": [
          "asia-southeast1",
          "europe-west1",
          "northamerica-northeast1",
          "southamerica-east1"
        ],
        "storage_class": "NEARLINE",
        "total_regions_configured": 5,
        "versioning_enabled": false
      },
      "type": [
        "object",
        {
          "active_regions": [
            "tuple",
            [
              "string"
            ]
          ],
          "active_regions_count": "number",
          "estimated_monthly_cost": "string",
          "inactive_regions": [
            "set",
            "string"
          ],
          "storage_class": "string",
          "total_regions_configured": "number",
          "versioning_enabled": "bool"
        }
      ]
    },
    "startup_usage_examples": {
      "value": {
        "demo_bad_records": "gs://terraops-us-west1-tenant-data/tenants/demo/data/bad_records/corrupted-data-2024-07-21.json",
        "demo_ecommerce_bad": "gs://terraops-us-west1-tenant-data/tenants/demo/ecommerce/bad_records/invalid-orders.csv",
        "demo_ecommerce_orders": "gs://terraops-us-west1-tenant-data/tenants/demo/ecommerce/orders/sample-orders.csv",
        "demo_models": "gs://terraops-us-west1-tenant-data/tenants/demo/data/models/customer-prediction-v1.pkl",
        "demo_processed_data": "gs://terraops-us-west1-tenant-data/tenants/demo/data/processed/ml-features-2024.parquet",
        "demo_raw_data": "gs://terraops-us-west1-tenant-data/tenants/demo/data/raw/customer-data-2024-07-21.csv",
        "failed_ml_artifacts": "gs://terraops-us-west1-shared/ml-models/bad_records/corrupted-model.pkl",
        "reference_bad_data": "gs://terraops-us-west1-shared/reference-data/bad_records/invalid-currency-data.json",
        "reference_countries": "gs://terraops-us-west1-shared/reference-data/countries/countries.json",
        "shared_ml_models": "gs://terraops-us-west1-shared/ml-models/shared/sentiment-analysis-v2.pkl",
        "tenant_bad_records": "gs://terraops-us-west1-tenant-data/tenants/tenant-001/data/bad_records/failed-processing.csv",
        "tenant_models": "gs://terraops-us-west1-tenant-data/tenants/tenant-001/data/models/revenue-forecast-v2.pkl",
        "tenant_processed_data": "gs://terraops-us-west1-tenant-data/tenants/tenant-001/data/processed/analytics-ready.parquet",
        "tenant_raw_data": "gs://terraops-us-west1-tenant-data/tenants/tenant-001/data/raw/sales-data-2024-07-21.csv"
      },
      "type": [
        "map",
        "string"
      ]
    },
    "tenant_bucket_names": {
      "value": {
        "us-west1": "terraops-us-west1-tenant-data"
      },
      "type": [
        "object",
        {
          "us-west1": "string"
        }
      ]
    },
    "tenant_bucket_urls": {
      "value": {
        "us-west1": "gs://terraops-us-west1-tenant-data"
      },
      "type": [
        "object",
        {
          "us-west1": "string"
        }
      ]
    }
  },
  "resources": [
    {
      "mode": "managed",
      "type": "google_storage_bucket",
      "name": "shared_buckets",
      "provider": "provider[\"registry.terraform.io/hashicorp/google\"]",
      "instances": [
        {
          "index_key": "us-west1",
          "schema_version": 2,
          "attributes": {
            "autoclass": [],
            "cors": [],
            "custom_placement_config": [],
            "default_event_based_hold": false,
            "effective_labels": {
              "cost_tier": "startup_optimized",
              "created_by": "terraform",
              "environment": "prod",
              "region": "us_west1",
              "type": "shared"
            },
            "enable_object_retention": false,
            "encryption": [],
            "force_destroy": false,
            "id": "terraops-us-west1-shared",
            "labels": {
              "cost_tier": "startup_optimized",
              "created_by": "terraform",
              "environment": "prod",
              "region": "us_west1",
              "type": "shared"
            },
            "lifecycle_rule": [
              {
                "action": [
                  {
                    "storage_class": "COLDLINE",
                    "type": "SetStorageClass"
                  }
                ],
                "condition": [
                  {
                    "age": 60,
                    "created_before": "",
                    "custom_time_before": "",
                    "days_since_custom_time": 0,
                    "days_since_noncurrent_time": 0,
                    "matches_prefix": [],
                    "matches_storage_class": [],
                    "matches_suffix": [],
                    "no_age": false,
                    "noncurrent_time_before": "",
                    "num_newer_versions": 0,
                    "send_age_if_zero": true,
                    "send_days_since_custom_time_if_zero": false,
                    "send_days_since_noncurrent_time_if_zero": false,
                    "send_num_newer_versions_if_zero": false,
                    "with_state": "ANY"
                  }
                ]
              },
              {
                "action": [
                  {
                    "storage_class": "ARCHIVE",
                    "type": "SetStorageClass"
                  }
                ],
                "condition": [
                  {
                    "age": 180,
                    "created_before": "",
                    "custom_time_before": "",
                    "days_since_custom_time": 0,
                    "days_since_noncurrent_time": 0,
                    "matches_prefix": [],
                    "matches_storage_class": [],
                    "matches_suffix": [],
                    "no_age": false,
                    "noncurrent_time_before": "",
                    "num_newer_versions": 0,
                    "send_age_if_zero": true,
                    "send_days_since_custom_time_if_zero": false,
                    "send_days_since_noncurrent_time_if_zero": false,
                    "send_num_newer_versions_if_zero": false,
                    "with_state": "ANY"
                  }
                ]
              },
              {
                "action": [
                  {
                    "storage_class": "COLDLINE",
                    "type": "SetStorageClass"
                  }
                ],
                "condition": [
                  {
                    "age": 7,
                    "created_before": "",
                    "custom_time_before": "",
                    "days_since_custom_time": 0,
                    "days_since_noncurrent_time": 0,
                    "matches_prefix": [
                      "reference-data/bad_records/",
                      "ml-models/bad_records/"
                    ],
                    "matches_storage_class": [],
                    "matches_suffix": [],
                    "no_age": false,
                    "noncurrent_time_before": "",
                    "num_newer_versions": 0,
                    "send_age_if_zero": true,
                    "send_days_since_custom_time_if_zero": false,
                    "send_days_since_noncurrent_time_if_zero": false,
                    "send_num_newer_versions_if_zero": false,
                    "with_state": "ANY"
                  }
                ]
              }
            ],
            "location": "US-WEST1",
            "logging": [],
            "name": "terraops-us-west1-shared",
            "project": "data-pipeline-project-450922",
            "project_number": 253940201126,
            "public_access_prevention": "inherited",
            "requester_pays": false,
            "retention_policy": [],
            "rpo": null,
            "self_link": "https://www.googleapis.com/storage/v1/b/terraops-us-west1-shared",
            "soft_delete_policy": [
              {
                "effective_time": "2025-07-21T16:18:08.848Z",
                "retention_duration_seconds": 604800
              }
            ],
            "storage_class": "NEARLINE",
            "terraform_labels": {
              "cost_tier": "startup_optimized",
              "created_by": "terraform",
              "environment": "prod",
              "region": "us_west1",
              "type": "shared"
            },
            "timeouts": null,
            "uniform_bucket_level_access": true,
            "url": "gs://terraops-us-west1-shared",
            "versioning": [
              {
                "enabled": false
              }
            ],
            "website": []
          },
          "sensitive_attributes": [],
          "private": "eyJlMmJmYjczMC1lY2FhLTExZTYtOGY4OC0zNDM2M2JjN2M0YzAiOnsiY3JlYXRlIjo2MDAwMDAwMDAwMDAsInJlYWQiOjI0MDAwMDAwMDAwMCwidXBkYXRlIjoyNDAwMDAwMDAwMDB9LCJzY2hlbWFfdmVyc2lvbiI6IjIifQ=="
        }
      ]
    },
    {
      "mode": "managed",
      "type": "google_storage_bucket",
      "name": "tenant_buckets",
      "provider": "provider[\"registry.terraform.io/hashicorp/google\"]",
      "instances": [
        {
          "index_key": "us-west1",
          "schema_version": 2,
          "attributes": {
            "autoclass": [],
            "cors": [],
            "custom_placement_config": [],
            "default_event_based_hold": false,
            "effective_labels": {
              "cost_tier": "startup_optimized",
              "created_by": "terraform",
              "environment": "prod",
              "region": "us_west1",
              "type": "tenant"
            },
            "enable_object_retention": false,
            "encryption": [],
            "force_destroy": false,
            "id": "terraops-us-west1-tenant-data",
            "labels": {
              "cost_tier": "startup_optimized",
              "created_by": "terraform",
              "environment": "prod",
              "region": "us_west1",
              "type": "tenant"
            },
            "lifecycle_rule": [
              {
                "action": [
                  {
                    "storage_class": "COLDLINE",
                    "type": "SetStorageClass"
                  }
                ],
                "condition": [
                  {
                    "age": 90,
                    "created_before": "",
                    "custom_time_before": "",
                    "days_since_custom_time": 0,
                    "days_since_noncurrent_time": 0,
                    "matches_prefix": [],
                    "matches_storage_class": [],
                    "matches_suffix": [],
                    "no_age": false,
                    "noncurrent_time_before": "",
                    "num_newer_versions": 0,
                    "send_age_if_zero": true,
                    "send_days_since_custom_time_if_zero": false,
                    "send_days_since_noncurrent_time_if_zero": false,
                    "send_num_newer_versions_if_zero": false,
                    "with_state": "ANY"
                  }
                ]
              },
              {
                "action": [
                  {
                    "storage_class": "ARCHIVE",
                    "type": "SetStorageClass"
                  }
                ],
                "condition": [
                  {
                    "age": 365,
                    "created_before": "",
                    "custom_time_before": "",
                    "days_since_custom_time": 0,
                    "days_since_noncurrent_time": 0,
                    "matches_prefix": [],
                    "matches_storage_class": [],
                    "matches_suffix": [],
                    "no_age": false,
                    "noncurrent_time_before": "",
                    "num_newer_versions": 0,
                    "send_age_if_zero": true,
                    "send_days_since_custom_time_if_zero": false,
                    "send_days_since_noncurrent_time_if_zero": false,
                    "send_num_newer_versions_if_zero": false,
                    "with_state": "ANY"
                  }
                ]
              },
              {
                "action": [
                  {
                    "storage_class": "COLDLINE",
                    "type": "SetStorageClass"
                  }
                ],
                "condition": [
                  {
                    "age": 7,
                    "created_before": "",
                    "custom_time_before": "",
                    "days_since_custom_time": 0,
                    "days_since_noncurrent_time": 0,
                    "matches_prefix": [
                      "tenants/"
                    ],
                    "matches_storage_class": [],
                    "matches_suffix": [
                      "/bad_records/"
                    ],
                    "no_age": false,
                    "noncurrent_time_before": "",
                    "num_newer_versions": 0,
                    "send_age_if_zero": true,
                    "send_days_since_custom_time_if_zero": false,
                    "send_days_since_noncurrent_time_if_zero": false,
                    "send_num_newer_versions_if_zero": false,
                    "with_state": ""
                  }
                ]
              },
              {
                "action": [
                  {
                    "storage_class": "ARCHIVE",
                    "type": "SetStorageClass"
                  }
                ],
                "condition": [
                  {
                    "age": 30,
                    "created_before": "",
                    "custom_time_before": "",
                    "days_since_custom_time": 0,
                    "days_since_noncurrent_time": 0,
                    "matches_prefix": [
                      "tenants/"
                    ],
                    "matches_storage_class": [],
                    "matches_suffix": [
                      "/bad_records/"
                    ],
                    "no_age": false,
                    "noncurrent_time_before": "",
                    "num_newer_versions": 0,
                    "send_age_if_zero": true,
                    "send_days_since_custom_time_if_zero": false,
                    "send_days_since_noncurrent_time_if_zero": false,
                    "send_num_newer_versions_if_zero": false,
                    "with_state": ""
                  }
                ]
              }
            ],
            "location": "US-WEST1",
            "logging": [],
            "name": "terraops-us-west1-tenant-data",
            "project": "data-pipeline-project-450922",
            "project_number": 253940201126,
            "public_access_prevention": "inherited",
            "requester_pays": false,
            "retention_policy": [],
            "rpo": null,
            "self_link": "https://www.googleapis.com/storage/v1/b/terraops-us-west1-tenant-data",
            "soft_delete_policy": [
              {
                "effective_time": "2025-07-21T16:18:08.412Z",
                "retention_duration_seconds": 604800
              }
            ],
            "storage_class": "NEARLINE",
            "terraform_labels": {
              "cost_tier": "startup_optimized",
              "created_by": "terraform",
              "environment": "prod",
              "region": "us_west1",
              "type": "tenant"
            },
            "timeouts": null,
            "uniform_bucket_level_access": true,
            "url": "gs://terraops-us-west1-tenant-data",
            "versioning": [
              {
                "enabled": false
              }
            ],
            "website": []
          },
          "sensitive_attributes": [],
          "private": "eyJlMmJmYjczMC1lY2FhLTExZTYtOGY4OC0zNDM2M2JjN2M0YzAiOnsiY3JlYXRlIjo2MDAwMDAwMDAwMDAsInJlYWQiOjI0MDAwMDAwMDAwMCwidXBkYXRlIjoyNDAwMDAwMDAwMDB9LCJzY2hlbWFfdmVyc2lvbiI6IjIifQ=="
        }
      ]
    },
    {
      "mode": "managed",
      "type": "google_storage_bucket_object",
      "name": "shared_folder_structure",
      "provider": "provider[\"registry.terraform.io/hashicorp/google\"]",
      "instances": [
        {
          "index_key": "us-west1-ml-models-",
          "schema_version": 0,
          "attributes": {
            "bucket": "terraops-us-west1-shared",
            "cache_control": "",
            "content": "# Shared folder structure for reference data and ML models",
            "content_disposition": "",
            "content_encoding": "",
            "content_language": "",
            "content_type": "text/plain; charset=utf-8",
            "crc32c": "KFC1AQ==",
            "customer_encryption": [],
            "detect_md5hash": "Y1ka1M9JmU9bPCJ+q6TXtw==",
            "event_based_hold": false,
            "generation": 1753114690003938,
            "id": "terraops-us-west1-shared-ml-models/.gitkeep",
            "kms_key_name": "",
            "md5hash": "Y1ka1M9JmU9bPCJ+q6TXtw==",
            "media_link": "https://storage.googleapis.com/download/storage/v1/b/terraops-us-west1-shared/o/ml-models%2F.gitkeep?generation=1753114690003938\u0026alt=media",
            "metadata": {},
            "name": "ml-models/.gitkeep",
            "output_name": "ml-models/.gitkeep",
            "retention": [],
            "self_link": "https://www.googleapis.com/storage/v1/b/terraops-us-west1-shared/o/ml-models%2F.gitkeep",
            "source": null,
            "storage_class": "NEARLINE",
            "temporary_hold": false,
            "timeouts": null
          },
          "sensitive_attributes": [
            [
              {
                "type": "get_attr",
                "value": "content"
              }
            ]
          ],
          "private": "eyJlMmJmYjczMC1lY2FhLTExZTYtOGY4OC0zNDM2M2JjN2M0YzAiOnsiY3JlYXRlIjoyNDAwMDAwMDAwMDAsImRlbGV0ZSI6MjQwMDAwMDAwMDAwLCJ1cGRhdGUiOjI0MDAwMDAwMDAwMH19",
          "dependencies": [
            "google_storage_bucket.shared_buckets"
          ]
        },
        {
          "index_key": "us-west1-ml-models-bad_records-",
          "schema_version": 0,
          "attributes": {
            "bucket": "terraops-us-west1-shared",
            "cache_control": "",
            "content": "# Shared folder structure for reference data and ML models",
            "content_disposition": "",
            "content_encoding": "",
            "content_language": "",
            "content_type": "text/plain; charset=utf-8",
            "crc32c": "KFC1AQ==",
            "customer_encryption": [],
            "detect_md5hash": "Y1ka1M9JmU9bPCJ+q6TXtw==",
            "event_based_hold": false,
            "generation": 1753115130883235,
            "id": "terraops-us-west1-shared-ml-models/bad_records/.gitkeep",
            "kms_key_name": "",
            "md5hash": "Y1ka1M9JmU9bPCJ+q6TXtw==",
            "media_link": "https://storage.googleapis.com/download/storage/v1/b/terraops-us-west1-shared/o/ml-models%2Fbad_records%2F.gitkeep?generation=1753115130883235\u0026alt=media",
            "metadata": {},
            "name": "ml-models/bad_records/.gitkeep",
            "output_name": "ml-models/bad_records/.gitkeep",
            "retention": [],
            "self_link": "https://www.googleapis.com/storage/v1/b/terraops-us-west1-shared/o/ml-models%2Fbad_records%2F.gitkeep",
            "source": null,
            "storage_class": "NEARLINE",
            "temporary_hold": false,
            "timeouts": null
          },
          "sensitive_attributes": [
            [
              {
                "type": "get_attr",
                "value": "content"
              }
            ]
          ],
          "private": "eyJlMmJmYjczMC1lY2FhLTExZTYtOGY4OC0zNDM2M2JjN2M0YzAiOnsiY3JlYXRlIjoyNDAwMDAwMDAwMDAsImRlbGV0ZSI6MjQwMDAwMDAwMDAwLCJ1cGRhdGUiOjI0MDAwMDAwMDAwMH19",
          "dependencies": [
            "google_storage_bucket.shared_buckets"
          ]
        },
        {
          "index_key": "us-west1-ml-models-shared-",
          "schema_version": 0,
          "attributes": {
            "bucket": "terraops-us-west1-shared",
            "cache_control": "",
            "content": "# Shared folder structure for reference data and ML models",
            "content_disposition": "",
            "content_encoding": "",
            "content_language": "",
            "content_type": "text/plain; charset=utf-8",
            "crc32c": "KFC1AQ==",
            "customer_encryption": [],
            "detect_md5hash": "Y1ka1M9JmU9bPCJ+q6TXtw==",
            "event_based_hold": false,
            "generation": 1753114690343895,
            "id": "terraops-us-west1-shared-ml-models/shared/.gitkeep",
            "kms_key_name": "",
            "md5hash": "Y1ka1M9JmU9bPCJ+q6TXtw==",
            "media_link": "https://storage.googleapis.com/download/storage/v1/b/terraops-us-west1-shared/o/ml-models%2Fshared%2F.gitkeep?generation=1753114690343895\u0026alt=media",
            "metadata": {},
            "name": "ml-models/shared/.gitkeep",
            "output_name": "ml-models/shared/.gitkeep",
            "retention": [],
            "self_link": "https://www.googleapis.com/storage/v1/b/terraops-us-west1-shared/o/ml-models%2Fshared%2F.gitkeep",
            "source": null,
            "storage_class": "NEARLINE",
            "temporary_hold": false,
            "timeouts": null
          },
          "sensitive_attributes": [
            [
              {
                "type": "get_attr",
                "value": "content"
              }
            ]
          ],
          "private": "eyJlMmJmYjczMC1lY2FhLTExZTYtOGY4OC0zNDM2M2JjN2M0YzAiOnsiY3JlYXRlIjoyNDAwMDAwMDAwMDAsImRlbGV0ZSI6MjQwMDAwMDAwMDAwLCJ1cGRhdGUiOjI0MDAwMDAwMDAwMH19",
          "dependencies": [
            "google_storage_bucket.shared_buckets"
          ]
        },
        {
          "index_key": "us-west1-reference-data-",
          "schema_version": 0,
          "attributes": {
            "bucket": "terraops-us-west1-shared",
            "cache_control": "",
            "content": "# Shared folder structure for reference data and ML models",
            "content_disposition": "",
            "content_encoding": "",
            "content_language": "",
            "content_type": "text/plain; charset=utf-8",
            "crc32c": "KFC1AQ==",
            "customer_encryption": [],
            "detect_md5hash": "Y1ka1M9JmU9bPCJ+q6TXtw==",
            "event_based_hold": false,
            "generation": 1753114690283059,
            "id": "terraops-us-west1-shared-reference-data/.gitkeep",
            "kms_key_name": "",
            "md5hash": "Y1ka1M9JmU9bPCJ+q6TXtw==",
            "media_link": "https://storage.googleapis.com/download/storage/v1/b/terraops-us-west1-shared/o/reference-data%2F.gitkeep?generation=1753114690283059\u0026alt=media",
            "metadata": {},
            "name": "reference-data/.gitkeep",
            "output_name": "reference-data/.gitkeep",
            "retention": [],
            "self_link": "https://www.googleapis.com/storage/v1/b/terraops-us-west1-shared/o/reference-data%2F.gitkeep",
            "source": null,
            "storage_class": "NEARLINE",
            "temporary_hold": false,
            "timeouts": null
          },
          "sensitive_attributes": [
            [
              {
                "type": "get_attr",
                "value": "content"
              }
            ]
          ],
          "private": "eyJlMmJmYjczMC1lY2FhLTExZTYtOGY4OC0zNDM2M2JjN2M0YzAiOnsiY3JlYXRlIjoyNDAwMDAwMDAwMDAsImRlbGV0ZSI6MjQwMDAwMDAwMDAwLCJ1cGRhdGUiOjI0MDAwMDAwMDAwMH19",
          "dependencies": [
            "google_storage_bucket.shared_buckets"
          ]
        },
        {
          "index_key": "us-west1-reference-data-bad_records-",
          "schema_version": 0,
          "attributes": {
            "bucket": "terraops-us-west1-shared",
            "cache_control": "",
            "content": "# Shared folder structure for reference data and ML models",
            "content_disposition": "",
            "content_encoding": "",
            "content_language": "",
            "content_type": "text/plain; charset=utf-8",
            "crc32c": "KFC1AQ==",
            "customer_encryption": [],
            "detect_md5hash": "Y1ka1M9JmU9bPCJ+q6TXtw==",
            "event_based_hold": false,
            "generation": 1753115130896502,
            "id": "terraops-us-west1-shared-reference-data/bad_records/.gitkeep",
            "kms_key_name": "",
            "md5hash": "Y1ka1M9JmU9bPCJ+q6TXtw==",
            "media_link": "https://storage.googleapis.com/download/storage/v1/b/terraops-us-west1-shared/o/reference-data%2Fbad_records%2F.gitkeep?generation=1753115130896502\u0026alt=media",
            "metadata": {},
            "name": "reference-data/bad_records/.gitkeep",
            "output_name": "reference-data/bad_records/.gitkeep",
            "retention": [],
            "self_link": "https://www.googleapis.com/storage/v1/b/terraops-us-west1-shared/o/reference-data%2Fbad_records%2F.gitkeep",
            "source": null,
            "storage_class": "NEARLINE",
            "temporary_hold": false,
            "timeouts": null
          },
          "sensitive_attributes": [
            [
              {
                "type": "get_attr",
                "value": "content"
              }
            ]
          ],
          "private": "eyJlMmJmYjczMC1lY2FhLTExZTYtOGY4OC0zNDM2M2JjN2M0YzAiOnsiY3JlYXRlIjoyNDAwMDAwMDAwMDAsImRlbGV0ZSI6MjQwMDAwMDAwMDAwLCJ1cGRhdGUiOjI0MDAwMDAwMDAwMH19",
          "dependencies": [
            "google_storage_bucket.shared_buckets"
          ]
        },
        {
          "index_key": "us-west1-reference-data-countries-",
          "schema_version": 0,
          "attributes": {
            "bucket": "terraops-us-west1-shared",
            "cache_control": "",
            "content": "# Shared folder structure for reference data and ML models",
            "content_disposition": "",
            "content_encoding": "",
            "content_language": "",
            "content_type": "text/plain; charset=utf-8",
            "crc32c": "KFC1AQ==",
            "customer_encryption": [],
            "detect_md5hash": "Y1ka1M9JmU9bPCJ+q6TXtw==",
            "event_based_hold": false,
            "generation": 1753114690321298,
            "id": "terraops-us-west1-shared-reference-data/countries/.gitkeep",
            "kms_key_name": "",
            "md5hash": "Y1ka1M9JmU9bPCJ+q6TXtw==",
            "media_link": "https://storage.googleapis.com/download/storage/v1/b/terraops-us-west1-shared/o/reference-data%2Fcountries%2F.gitkeep?generation=1753114690321298\u0026alt=media",
            "metadata": {},
            "name": "reference-data/countries/.gitkeep",
            "output_name": "reference-data/countries/.gitkeep",
            "retention": [],
            "self_link": "https://www.googleapis.com/storage/v1/b/terraops-us-west1-shared/o/reference-data%2Fcountries%2F.gitkeep",
            "source": null,
            "storage_class": "NEARLINE",
            "temporary_hold": false,
            "timeouts": null
          },
          "sensitive_attributes": [
            [
              {
                "type": "get_attr",
                "value": "content"
              }
            ]
          ],
          "private": "eyJlMmJmYjczMC1lY2FhLTExZTYtOGY4OC0zNDM2M2JjN2M0YzAiOnsiY3JlYXRlIjoyNDAwMDAwMDAwMDAsImRlbGV0ZSI6MjQwMDAwMDAwMDAwLCJ1cGRhdGUiOjI0MDAwMDAwMDAwMH19",
          "dependencies": [
            "google_storage_bucket.shared_buckets"
          ]
        },
        {
          "index_key": "us-west1-reference-data-currencies-",
          "schema_version": 0,
          "attributes": {
            "bucket": "terraops-us-west1-shared",
            "cache_control": "",
            "content": "# Shared folder structure for reference data and ML models",
            "content_disposition": "",
            "content_encoding": "",
            "content_language": "",
            "content_type": "text/plain; charset=utf-8",
            "crc32c": "KFC1AQ==",
            "customer_encryption": [],
            "detect_md5hash": "Y1ka1M9JmU9bPCJ+q6TXtw==",
            "event_based_hold": false,
            "generation": 1753114690340735,
            "id": "terraops-us-west1-shared-reference-data/currencies/.gitkeep",
            "kms_key_name": "",
            "md5hash": "Y1ka1M9JmU9bPCJ+q6TXtw==",
            "media_link": "https://storage.googleapis.com/download/storage/v1/b/terraops-us-west1-shared/o/reference-data%2Fcurrencies%2F.gitkeep?generation=1753114690340735\u0026alt=media",
            "metadata": {},
            "name": "reference-data/currencies/.gitkeep",
            "output_name": "reference-data/currencies/.gitkeep",
            "retention": [],
            "self_link": "https://www.googleapis.com/storage/v1/b/terraops-us-west1-shared/o/reference-data%2Fcurrencies%2F.gitkeep",
            "source": null,
            "storage_class": "NEARLINE",
            "temporary_hold": false,
            "timeouts": null
          },
          "sensitive_attributes": [
            [
              {
                "type": "get_attr",
                "value": "content"
              }
            ]
          ],
          "private": "eyJlMmJmYjczMC1lY2FhLTExZTYtOGY4OC0zNDM2M2JjN2M0YzAiOnsiY3JlYXRlIjoyNDAwMDAwMDAwMDAsImRlbGV0ZSI6MjQwMDAwMDAwMDAwLCJ1cGRhdGUiOjI0MDAwMDAwMDAwMH19",
          "dependencies": [
            "google_storage_bucket.shared_buckets"
          ]
        },
        {
          "index_key": "us-west1-reference-data-exchange-rates-",
          "schema_version": 0,
          "attributes": {
            "bucket": "terraops-us-west1-shared",
            "cache_control": "",
            "content": "# Shared folder structure for reference data and ML models",
            "content_disposition": "",
            "content_encoding": "",
            "content_language": "",
            "content_type": "text/plain; charset=utf-8",
            "crc32c": "KFC1AQ==",
            "customer_encryption": [],
            "detect_md5hash": "Y1ka1M9JmU9bPCJ+q6TXtw==",
            "event_based_hold": false,
            "generation": 1753114690313791,
            "id": "terraops-us-west1-shared-reference-data/exchange-rates/.gitkeep",
            "kms_key_name": "",
            "md5hash": "Y1ka1M9JmU9bPCJ+q6TXtw==",
            "media_link": "https://storage.googleapis.com/download/storage/v1/b/terraops-us-west1-shared/o/reference-data%2Fexchange-rates%2F.gitkeep?generation=1753114690313791\u0026alt=media",
            "metadata": {},
            "name": "reference-data/exchange-rates/.gitkeep",
            "output_name": "reference-data/exchange-rates/.gitkeep",
            "retention": [],
            "self_link": "https://www.googleapis.com/storage/v1/b/terraops-us-west1-shared/o/reference-data%2Fexchange-rates%2F.gitkeep",
            "source": null,
            "storage_class": "NEARLINE",
            "temporary_hold": false,
            "timeouts": null
          },
          "sensitive_attributes": [
            [
              {
                "type": "get_attr",
                "value": "content"
              }
            ]
          ],
          "private": "eyJlMmJmYjczMC1lY2FhLTExZTYtOGY4OC0zNDM2M2JjN2M0YzAiOnsiY3JlYXRlIjoyNDAwMDAwMDAwMDAsImRlbGV0ZSI6MjQwMDAwMDAwMDAwLCJ1cGRhdGUiOjI0MDAwMDAwMDAwMH19",
          "dependencies": [
            "google_storage_bucket.shared_buckets"
          ]
        }
      ]
    },
    {
      "mode": "managed",
      "type": "google_storage_bucket_object",
      "name": "tenant_folder_structure",
      "provider": "provider[\"registry.terraform.io/hashicorp/google\"]",
      "instances": [
        {
          "index_key": "us-west1-tenants-",
          "schema_version": 0,
          "attributes": {
            "bucket": "terraops-us-west1-tenant-data",
            "cache_control": "",
            "content": "# Folder structure maintained for startup-optimized multi-tenant architecture",
            "content_disposition": "",
            "content_encoding": "",
            "content_language": "",
            "content_type": "text/plain; charset=utf-8",
            "crc32c": "fmZIPQ==",
            "customer_encryption": [],
            "detect_md5hash": "vUV7RBImg2EYg5qDmucORw==",
            "event_based_hold": false,
            "generation": 1753114689417156,
            "id": "terraops-us-west1-tenant-data-tenants/.gitkeep",
            "kms_key_name": "",
            "md5hash": "vUV7RBImg2EYg5qDmucORw==",
            "media_link": "https://storage.googleapis.com/download/storage/v1/b/terraops-us-west1-tenant-data/o/tenants%2F.gitkeep?generation=1753114689417156\u0026alt=media",
            "metadata": {},
            "name": "tenants/.gitkeep",
            "output_name": "tenants/.gitkeep",
            "retention": [],
            "self_link": "https://www.googleapis.com/storage/v1/b/terraops-us-west1-tenant-data/o/tenants%2F.gitkeep",
            "source": null,
            "storage_class": "NEARLINE",
            "temporary_hold": false,
            "timeouts": null
          },
          "sensitive_attributes": [
            [
              {
                "type": "get_attr",
                "value": "content"
              }
            ]
          ],
          "private": "eyJlMmJmYjczMC1lY2FhLTExZTYtOGY4OC0zNDM2M2JjN2M0YzAiOnsiY3JlYXRlIjoyNDAwMDAwMDAwMDAsImRlbGV0ZSI6MjQwMDAwMDAwMDAwLCJ1cGRhdGUiOjI0MDAwMDAwMDAwMH19",
          "dependencies": [
            "google_storage_bucket.tenant_buckets"
          ]
        },
        {
          "index_key": "us-west1-tenants-demo-",
          "schema_version": 0,
          "attributes": {
            "bucket": "terraops-us-west1-tenant-data",
            "cache_control": "",
            "content": "# Folder structure maintained for startup-optimized multi-tenant architecture",
            "content_disposition": "",
            "content_encoding": "",
            "content_language": "",
            "content_type": "text/plain; charset=utf-8",
            "crc32c": "fmZIPQ==",
            "customer_encryption": [],
            "detect_md5hash": "vUV7RBImg2EYg5qDmucORw==",
            "event_based_hold": false,
            "generation": 1753114689420088,
            "id": "terraops-us-west1-tenant-data-tenants/demo/.gitkeep",
            "kms_key_name": "",
            "md5hash": "vUV7RBImg2EYg5qDmucORw==",
            "media_link": "https://storage.googleapis.com/download/storage/v1/b/terraops-us-west1-tenant-data/o/tenants%2Fdemo%2F.gitkeep?generation=1753114689420088\u0026alt=media",
            "metadata": {},
            "name": "tenants/demo/.gitkeep",
            "output_name": "tenants/demo/.gitkeep",
            "retention": [],
            "self_link": "https://www.googleapis.com/storage/v1/b/terraops-us-west1-tenant-data/o/tenants%2Fdemo%2F.gitkeep",
            "source": null,
            "storage_class": "NEARLINE",
            "temporary_hold": false,
            "timeouts": null
          },
          "sensitive_attributes": [
            [
              {
                "type": "get_attr",
                "value": "content"
              }
            ]
          ],
          "private": "eyJlMmJmYjczMC1lY2FhLTExZTYtOGY4OC0zNDM2M2JjN2M0YzAiOnsiY3JlYXRlIjoyNDAwMDAwMDAwMDAsImRlbGV0ZSI6MjQwMDAwMDAwMDAwLCJ1cGRhdGUiOjI0MDAwMDAwMDAwMH19",
          "dependencies": [
            "google_storage_bucket.tenant_buckets"
          ]
        },
        {
          "index_key": "us-west1-tenants-demo-data-",
          "schema_version": 0,
          "attributes": {
            "bucket": "terraops-us-west1-tenant-data",
            "cache_control": "",
            "content": "# Folder structure maintained for startup-optimized multi-tenant architecture",
            "content_disposition": "",
            "content_encoding": "",
            "content_language": "",
            "content_type": "text/plain; charset=utf-8",
            "crc32c": "fmZIPQ==",
            "customer_encryption": [],
            "detect_md5hash": "vUV7RBImg2EYg5qDmucORw==",
            "event_based_hold": false,
            "generation": 1753131646638142,
            "id": "terraops-us-west1-tenant-data-tenants/demo/data/.gitkeep",
            "kms_key_name": "",
            "md5hash": "vUV7RBImg2EYg5qDmucORw==",
            "media_link": "https://storage.googleapis.com/download/storage/v1/b/terraops-us-west1-tenant-data/o/tenants%2Fdemo%2Fdata%2F.gitkeep?generation=1753131646638142\u0026alt=media",
            "metadata": null,
            "name": "tenants/demo/data/.gitkeep",
            "output_name": "tenants/demo/data/.gitkeep",
            "retention": [],
            "self_link": "https://www.googleapis.com/storage/v1/b/terraops-us-west1-tenant-data/o/tenants%2Fdemo%2Fdata%2F.gitkeep",
            "source": null,
            "storage_class": "NEARLINE",
            "temporary_hold": false,
            "timeouts": null
          },
          "sensitive_attributes": [
            [
              {
                "type": "get_attr",
                "value": "content"
              }
            ]
          ],
          "private": "eyJlMmJmYjczMC1lY2FhLTExZTYtOGY4OC0zNDM2M2JjN2M0YzAiOnsiY3JlYXRlIjoyNDAwMDAwMDAwMDAsImRlbGV0ZSI6MjQwMDAwMDAwMDAwLCJ1cGRhdGUiOjI0MDAwMDAwMDAwMH19",
          "dependencies": [
            "google_storage_bucket.tenant_buckets"
          ]
        },
        {
          "index_key": "us-west1-tenants-demo-data-bad_records-",
          "schema_version": 0,
          "attributes": {
            "bucket": "terraops-us-west1-tenant-data",
            "cache_control": "",
            "content": "# Folder structure maintained for startup-optimized multi-tenant architecture",
            "content_disposition": "",
            "content_encoding": "",
            "content_language": "",
            "content_type": "text/plain; charset=utf-8",
            "crc32c": "fmZIPQ==",
            "customer_encryption": [],
            "detect_md5hash": "vUV7RBImg2EYg5qDmucORw==",
            "event_based_hold": false,
            "generation": 1753131646657905,
            "id": "terraops-us-west1-tenant-data-tenants/demo/data/bad_records/.gitkeep",
            "kms_key_name": "",
            "md5hash": "vUV7RBImg2EYg5qDmucORw==",
            "media_link": "https://storage.googleapis.com/download/storage/v1/b/terraops-us-west1-tenant-data/o/tenants%2Fdemo%2Fdata%2Fbad_records%2F.gitkeep?generation=1753131646657905\u0026alt=media",
            "metadata": null,
            "name": "tenants/demo/data/bad_records/.gitkeep",
            "output_name": "tenants/demo/data/bad_records/.gitkeep",
            "retention": [],
            "self_link": "https://www.googleapis.com/storage/v1/b/terraops-us-west1-tenant-data/o/tenants%2Fdemo%2Fdata%2Fbad_records%2F.gitkeep",
            "source": null,
            "storage_class": "NEARLINE",
            "temporary_hold": false,
            "timeouts": null
          },
          "sensitive_attributes": [
            [
              {
                "type": "get_attr",
                "value": "content"
              }
            ]
          ],
          "private": "eyJlMmJmYjczMC1lY2FhLTExZTYtOGY4OC0zNDM2M2JjN2M0YzAiOnsiY3JlYXRlIjoyNDAwMDAwMDAwMDAsImRlbGV0ZSI6MjQwMDAwMDAwMDAwLCJ1cGRhdGUiOjI0MDAwMDAwMDAwMH19",
          "dependencies": [
            "google_storage_bucket.tenant_buckets"
          ]
        },
        {
          "index_key": "us-west1-tenants-demo-data-models-",
          "schema_version": 0,
          "attributes": {
            "bucket": "terraops-us-west1-tenant-data",
            "cache_control": "",
            "content": "# Folder structure maintained for startup-optimized multi-tenant architecture",
            "content_disposition": "",
            "content_encoding": "",
            "content_language": "",
            "content_type": "text/plain; charset=utf-8",
            "crc32c": "fmZIPQ==",
            "customer_encryption": [],
            "detect_md5hash": "vUV7RBImg2EYg5qDmucORw==",
            "event_based_hold": false,
            "generation": 1753131646356484,
            "id": "terraops-us-west1-tenant-data-tenants/demo/data/models/.gitkeep",
            "kms_key_name": "",
            "md5hash": "vUV7RBImg2EYg5qDmucORw==",
            "media_link": "https://storage.googleapis.com/download/storage/v1/b/terraops-us-west1-tenant-data/o/tenants%2Fdemo%2Fdata%2Fmodels%2F.gitkeep?generation=1753131646356484\u0026alt=media",
            "metadata": null,
            "name": "tenants/demo/data/models/.gitkeep",
            "output_name": "tenants/demo/data/models/.gitkeep",
            "retention": [],
            "self_link": "https://www.googleapis.com/storage/v1/b/terraops-us-west1-tenant-data/o/tenants%2Fdemo%2Fdata%2Fmodels%2F.gitkeep",
            "source": null,
            "storage_class": "NEARLINE",
            "temporary_hold": false,
            "timeouts": null
          },
          "sensitive_attributes": [
            [
              {
                "type": "get_attr",
                "value": "content"
              }
            ]
          ],
          "private": "eyJlMmJmYjczMC1lY2FhLTExZTYtOGY4OC0zNDM2M2JjN2M0YzAiOnsiY3JlYXRlIjoyNDAwMDAwMDAwMDAsImRlbGV0ZSI6MjQwMDAwMDAwMDAwLCJ1cGRhdGUiOjI0MDAwMDAwMDAwMH19",
          "dependencies": [
            "google_storage_bucket.tenant_buckets"
          ]
        },
        {
          "index_key": "us-west1-tenants-demo-data-processed-",
          "schema_version": 0,
          "attributes": {
            "bucket": "terraops-us-west1-tenant-data",
            "cache_control": "",
            "content": "# Folder structure maintained for startup-optimized multi-tenant architecture",
            "content_disposition": "",
            "content_encoding": "",
            "content_language": "",
            "content_type": "text/plain; charset=utf-8",
            "crc32c": "fmZIPQ==",
            "customer_encryption": [],
            "detect_md5hash": "vUV7RBImg2EYg5qDmucORw==",
            "event_based_hold": false,
            "generation": 1753131646642719,
            "id": "terraops-us-west1-tenant-data-tenants/demo/data/processed/.gitkeep",
            "kms_key_name": "",
            "md5hash": "vUV7RBImg2EYg5qDmucORw==",
            "media_link": "https://storage.googleapis.com/download/storage/v1/b/terraops-us-west1-tenant-data/o/tenants%2Fdemo%2Fdata%2Fprocessed%2F.gitkeep?generation=1753131646642719\u0026alt=media",
            "metadata": null,
            "name": "tenants/demo/data/processed/.gitkeep",
            "output_name": "tenants/demo/data/processed/.gitkeep",
            "retention": [],
            "self_link": "https://www.googleapis.com/storage/v1/b/terraops-us-west1-tenant-data/o/tenants%2Fdemo%2Fdata%2Fprocessed%2F.gitkeep",
            "source": null,
            "storage_class": "NEARLINE",
            "temporary_hold": false,
            "timeouts": null
          },
          "sensitive_attributes": [
            [
              {
                "type": "get_attr",
                "value": "content"
              }
            ]
          ],
          "private": "eyJlMmJmYjczMC1lY2FhLTExZTYtOGY4OC0zNDM2M2JjN2M0YzAiOnsiY3JlYXRlIjoyNDAwMDAwMDAwMDAsImRlbGV0ZSI6MjQwMDAwMDAwMDAwLCJ1cGRhdGUiOjI0MDAwMDAwMDAwMH19",
          "dependencies": [
            "google_storage_bucket.tenant_buckets"
          ]
        },
        {
          "index_key": "us-west1-tenants-demo-data-raw-",
          "schema_version": 0,
          "attributes": {
            "bucket": "terraops-us-west1-tenant-data",
            "cache_control": "",
            "content": "# Folder structure maintained for startup-optimized multi-tenant architecture",
            "content_disposition": "",
            "content_encoding": "",
            "content_language": "",
            "content_type": "text/plain; charset=utf-8",
            "crc32c": "fmZIPQ==",
            "customer_encryption": [],
            "detect_md5hash": "vUV7RBImg2EYg5qDmucORw==",
            "event_based_hold": false,
            "generation": 1753131646650090,
            "id": "terraops-us-west1-tenant-data-tenants/demo/data/raw/.gitkeep",
            "kms_key_name": "",
            "md5hash": "vUV7RBImg2EYg5qDmucORw==",
            "media_link": "https://storage.googleapis.com/download/storage/v1/b/terraops-us-west1-tenant-data/o/tenants%2Fdemo%2Fdata%2Fraw%2F.gitkeep?generation=1753131646650090\u0026alt=media",
            "metadata": null,
            "name": "tenants/demo/data/raw/.gitkeep",
            "output_name": "tenants/demo/data/raw/.gitkeep",
            "retention": [],
            "self_link": "https://www.googleapis.com/storage/v1/b/terraops-us-west1-tenant-data/o/tenants%2Fdemo%2Fdata%2Fraw%2F.gitkeep",
            "source": null,
            "storage_class": "NEARLINE",
            "temporary_hold": false,
            "timeouts": null
          },
          "sensitive_attributes": [
            [
              {
                "type": "get_attr",
                "value": "content"
              }
            ]
          ],
          "private": "eyJlMmJmYjczMC1lY2FhLTExZTYtOGY4OC0zNDM2M2JjN2M0YzAiOnsiY3JlYXRlIjoyNDAwMDAwMDAwMDAsImRlbGV0ZSI6MjQwMDAwMDAwMDAwLCJ1cGRhdGUiOjI0MDAwMDAwMDAwMH19",
          "dependencies": [
            "google_storage_bucket.tenant_buckets"
          ]
        },
        {
          "index_key": "us-west1-tenants-demo-ecommerce-",
          "schema_version": 0,
          "attributes": {
            "bucket": "terraops-us-west1-tenant-data",
            "cache_control": "",
            "content": "# Folder structure maintained for startup-optimized multi-tenant architecture",
            "content_disposition": "",
            "content_encoding": "",
            "content_language": "",
            "content_type": "text/plain; charset=utf-8",
            "crc32c": "fmZIPQ==",
            "customer_encryption": [],
            "detect_md5hash": "vUV7RBImg2EYg5qDmucORw==",
            "event_based_hold": false,
            "generation": 1753114689900672,
            "id": "terraops-us-west1-tenant-data-tenants/demo/ecommerce/.gitkeep",
            "kms_key_name": "",
            "md5hash": "vUV7RBImg2EYg5qDmucORw==",
            "media_link": "https://storage.googleapis.com/download/storage/v1/b/terraops-us-west1-tenant-data/o/tenants%2Fdemo%2Fecommerce%2F.gitkeep?generation=1753114689900672\u0026alt=media",
            "metadata": {},
            "name": "tenants/demo/ecommerce/.gitkeep",
            "output_name": "tenants/demo/ecommerce/.gitkeep",
            "retention": [],
            "self_link": "https://www.googleapis.com/storage/v1/b/terraops-us-west1-tenant-data/o/tenants%2Fdemo%2Fecommerce%2F.gitkeep",
            "source": null,
            "storage_class": "NEARLINE",
            "temporary_hold": false,
            "timeouts": null
          },
          "sensitive_attributes": [
            [
              {
                "type": "get_attr",
                "value": "content"
              }
            ]
          ],
          "private": "eyJlMmJmYjczMC1lY2FhLTExZTYtOGY4OC0zNDM2M2JjN2M0YzAiOnsiY3JlYXRlIjoyNDAwMDAwMDAwMDAsImRlbGV0ZSI6MjQwMDAwMDAwMDAwLCJ1cGRhdGUiOjI0MDAwMDAwMDAwMH19",
          "dependencies": [
            "google_storage_bucket.tenant_buckets"
          ]
        },
        {
          "index_key": "us-west1-tenants-demo-ecommerce-bad_records-",
          "schema_version": 0,
          "attributes": {
            "bucket": "terraops-us-west1-tenant-data",
            "cache_control": "",
            "content": "# Folder structure maintained for startup-optimized multi-tenant architecture",
            "content_disposition": "",
            "content_encoding": "",
            "content_language": "",
            "content_type": "text/plain; charset=utf-8",
            "crc32c": "fmZIPQ==",
            "customer_encryption": [],
            "detect_md5hash": "vUV7RBImg2EYg5qDmucORw==",
            "event_based_hold": false,
            "generation": 1753115131053369,
            "id": "terraops-us-west1-tenant-data-tenants/demo/ecommerce/bad_records/.gitkeep",
            "kms_key_name": "",
            "md5hash": "vUV7RBImg2EYg5qDmucORw==",
            "media_link": "https://storage.googleapis.com/download/storage/v1/b/terraops-us-west1-tenant-data/o/tenants%2Fdemo%2Fecommerce%2Fbad_records%2F.gitkeep?generation=1753115131053369\u0026alt=media",
            "metadata": {},
            "name": "tenants/demo/ecommerce/bad_records/.gitkeep",
            "output_name": "tenants/demo/ecommerce/bad_records/.gitkeep",
            "retention": [],
            "self_link": "https://www.googleapis.com/storage/v1/b/terraops-us-west1-tenant-data/o/tenants%2Fdemo%2Fecommerce%2Fbad_records%2F.gitkeep",
            "source": null,
            "storage_class": "NEARLINE",
            "temporary_hold": false,
            "timeouts": null
          },
          "sensitive_attributes": [
            [
              {
                "type": "get_attr",
                "value": "content"
              }
            ]
          ],
          "private": "eyJlMmJmYjczMC1lY2FhLTExZTYtOGY4OC0zNDM2M2JjN2M0YzAiOnsiY3JlYXRlIjoyNDAwMDAwMDAwMDAsImRlbGV0ZSI6MjQwMDAwMDAwMDAwLCJ1cGRhdGUiOjI0MDAwMDAwMDAwMH19",
          "dependencies": [
            "google_storage_bucket.tenant_buckets"
          ]
        },
        {
          "index_key": "us-west1-tenants-demo-ecommerce-orders-",
          "schema_version": 0,
          "attributes": {
            "bucket": "terraops-us-west1-tenant-data",
            "cache_control": "",
            "content": "# Folder structure maintained for startup-optimized multi-tenant architecture",
            "content_disposition": "",
            "content_encoding": "",
            "content_language": "",
            "content_type": "text/plain; charset=utf-8",
            "crc32c": "fmZIPQ==",
            "customer_encryption": [],
            "detect_md5hash": "vUV7RBImg2EYg5qDmucORw==",
            "event_based_hold": false,
            "generation": 1753114689422692,
            "id": "terraops-us-west1-tenant-data-tenants/demo/ecommerce/orders/.gitkeep",
            "kms_key_name": "",
            "md5hash": "vUV7RBImg2EYg5qDmucORw==",
            "media_link": "https://storage.googleapis.com/download/storage/v1/b/terraops-us-west1-tenant-data/o/tenants%2Fdemo%2Fecommerce%2Forders%2F.gitkeep?generation=1753114689422692\u0026alt=media",
            "metadata": {},
            "name": "tenants/demo/ecommerce/orders/.gitkeep",
            "output_name": "tenants/demo/ecommerce/orders/.gitkeep",
            "retention": [],
            "self_link": "https://www.googleapis.com/storage/v1/b/terraops-us-west1-tenant-data/o/tenants%2Fdemo%2Fecommerce%2Forders%2F.gitkeep",
            "source": null,
            "storage_class": "NEARLINE",
            "temporary_hold": false,
            "timeouts": null
          },
          "sensitive_attributes": [
            [
              {
                "type": "get_attr",
                "value": "content"
              }
            ]
          ],
          "private": "eyJlMmJmYjczMC1lY2FhLTExZTYtOGY4OC0zNDM2M2JjN2M0YzAiOnsiY3JlYXRlIjoyNDAwMDAwMDAwMDAsImRlbGV0ZSI6MjQwMDAwMDAwMDAwLCJ1cGRhdGUiOjI0MDAwMDAwMDAwMH19",
          "dependencies": [
            "google_storage_bucket.tenant_buckets"
          ]
        },
        {
          "index_key": "us-west1-tenants-demo-ecommerce-products-",
          "schema_version": 0,
          "attributes": {
            "bucket": "terraops-us-west1-tenant-data",
            "cache_control": "",
            "content": "# Folder structure maintained for startup-optimized multi-tenant architecture",
            "content_disposition": "",
            "content_encoding": "",
            "content_language": "",
            "content_type": "text/plain; charset=utf-8",
            "crc32c": "fmZIPQ==",
            "customer_encryption": [],
            "detect_md5hash": "vUV7RBImg2EYg5qDmucORw==",
            "event_based_hold": false,
            "generation": 1753114689434909,
            "id": "terraops-us-west1-tenant-data-tenants/demo/ecommerce/products/.gitkeep",
            "kms_key_name": "",
            "md5hash": "vUV7RBImg2EYg5qDmucORw==",
            "media_link": "https://storage.googleapis.com/download/storage/v1/b/terraops-us-west1-tenant-data/o/tenants%2Fdemo%2Fecommerce%2Fproducts%2F.gitkeep?generation=1753114689434909\u0026alt=media",
            "metadata": {},
            "name": "tenants/demo/ecommerce/products/.gitkeep",
            "output_name": "tenants/demo/ecommerce/products/.gitkeep",
            "retention": [],
            "self_link": "https://www.googleapis.com/storage/v1/b/terraops-us-west1-tenant-data/o/tenants%2Fdemo%2Fecommerce%2Fproducts%2F.gitkeep",
            "source": null,
            "storage_class": "NEARLINE",
            "temporary_hold": false,
            "timeouts": null
          },
          "sensitive_attributes": [
            [
              {
                "type": "get_attr",
                "value": "content"
              }
            ]
          ],
          "private": "eyJlMmJmYjczMC1lY2FhLTExZTYtOGY4OC0zNDM2M2JjN2M0YzAiOnsiY3JlYXRlIjoyNDAwMDAwMDAwMDAsImRlbGV0ZSI6MjQwMDAwMDAwMDAwLCJ1cGRhdGUiOjI0MDAwMDAwMDAwMH19",
          "dependencies": [
            "google_storage_bucket.tenant_buckets"
          ]
        },
        {
          "index_key": "us-west1-tenants-demo-healthcare-",
          "schema_version": 0,
          "attributes": {
            "bucket": "terraops-us-west1-tenant-data",
            "cache_control": "",
            "content": "# Folder structure maintained for startup-optimized multi-tenant architecture",
            "content_disposition": "",
            "content_encoding": "",
            "content_language": "",
            "content_type": "text/plain; charset=utf-8",
            "crc32c": "fmZIPQ==",
            "customer_encryption": [],
            "detect_md5hash": "vUV7RBImg2EYg5qDmucORw==",
            "event_based_hold": false,
            "generation": 1753114689425038,
            "id": "terraops-us-west1-tenant-data-tenants/demo/healthcare/.gitkeep",
            "kms_key_name": "",
            "md5hash": "vUV7RBImg2EYg5qDmucORw==",
            "media_link": "https://storage.googleapis.com/download/storage/v1/b/terraops-us-west1-tenant-data/o/tenants%2Fdemo%2Fhealthcare%2F.gitkeep?generation=1753114689425038\u0026alt=media",
            "metadata": {},
            "name": "tenants/demo/healthcare/.gitkeep",
            "output_name": "tenants/demo/healthcare/.gitkeep",
            "retention": [],
            "self_link": "https://www.googleapis.com/storage/v1/b/terraops-us-west1-tenant-data/o/tenants%2Fdemo%2Fhealthcare%2F.gitkeep",
            "source": null,
            "storage_class": "NEARLINE",
            "temporary_hold": false,
            "timeouts": null
          },
          "sensitive_attributes": [
            [
              {
                "type": "get_attr",
                "value": "content"
              }
            ]
          ],
          "private": "eyJlMmJmYjczMC1lY2FhLTExZTYtOGY4OC0zNDM2M2JjN2M0YzAiOnsiY3JlYXRlIjoyNDAwMDAwMDAwMDAsImRlbGV0ZSI6MjQwMDAwMDAwMDAwLCJ1cGRhdGUiOjI0MDAwMDAwMDAwMH19",
          "dependencies": [
            "google_storage_bucket.tenant_buckets"
          ]
        },
        {
          "index_key": "us-west1-tenants-demo-healthcare-bad_records-",
          "schema_version": 0,
          "attributes": {
            "bucket": "terraops-us-west1-tenant-data",
            "cache_control": "",
            "content": "# Folder structure maintained for startup-optimized multi-tenant architecture",
            "content_disposition": "",
            "content_encoding": "",
            "content_language": "",
            "content_type": "text/plain; charset=utf-8",
            "crc32c": "fmZIPQ==",
            "customer_encryption": [],
            "detect_md5hash": "vUV7RBImg2EYg5qDmucORw==",
            "event_based_hold": false,
            "generation": 1753115130905966,
            "id": "terraops-us-west1-tenant-data-tenants/demo/healthcare/bad_records/.gitkeep",
            "kms_key_name": "",
            "md5hash": "vUV7RBImg2EYg5qDmucORw==",
            "media_link": "https://storage.googleapis.com/download/storage/v1/b/terraops-us-west1-tenant-data/o/tenants%2Fdemo%2Fhealthcare%2Fbad_records%2F.gitkeep?generation=1753115130905966\u0026alt=media",
            "metadata": {},
            "name": "tenants/demo/healthcare/bad_records/.gitkeep",
            "output_name": "tenants/demo/healthcare/bad_records/.gitkeep",
            "retention": [],
            "self_link": "https://www.googleapis.com/storage/v1/b/terraops-us-west1-tenant-data/o/tenants%2Fdemo%2Fhealthcare%2Fbad_records%2F.gitkeep",
            "source": null,
            "storage_class": "NEARLINE",
            "temporary_hold": false,
            "timeouts": null
          },
          "sensitive_attributes": [
            [
              {
                "type": "get_attr",
                "value": "content"
              }
            ]
          ],
          "private": "eyJlMmJmYjczMC1lY2FhLTExZTYtOGY4OC0zNDM2M2JjN2M0YzAiOnsiY3JlYXRlIjoyNDAwMDAwMDAwMDAsImRlbGV0ZSI6MjQwMDAwMDAwMDAwLCJ1cGRhdGUiOjI0MDAwMDAwMDAwMH19",
          "dependencies": [
            "google_storage_bucket.tenant_buckets"
          ]
        },
        {
          "index_key": "us-west1-tenants-tenant-001-",
          "schema_version": 0,
          "attributes": {
            "bucket": "terraops-us-west1-tenant-data",
            "cache_control": "",
            "content": "# Folder structure maintained for startup-optimized multi-tenant architecture",
            "content_disposition": "",
            "content_encoding": "",
            "content_language": "",
            "content_type": "text/plain; charset=utf-8",
            "crc32c": "fmZIPQ==",
            "customer_encryption": [],
            "detect_md5hash": "vUV7RBImg2EYg5qDmucORw==",
            "event_based_hold": false,
            "generation": 1753114689427352,
            "id": "terraops-us-west1-tenant-data-tenants/tenant-001/.gitkeep",
            "kms_key_name": "",
            "md5hash": "vUV7RBImg2EYg5qDmucORw==",
            "media_link": "https://storage.googleapis.com/download/storage/v1/b/terraops-us-west1-tenant-data/o/tenants%2Ftenant-001%2F.gitkeep?generation=1753114689427352\u0026alt=media",
            "metadata": {},
            "name": "tenants/tenant-001/.gitkeep",
            "output_name": "tenants/tenant-001/.gitkeep",
            "retention": [],
            "self_link": "https://www.googleapis.com/storage/v1/b/terraops-us-west1-tenant-data/o/tenants%2Ftenant-001%2F.gitkeep",
            "source": null,
            "storage_class": "NEARLINE",
            "temporary_hold": false,
            "timeouts": null
          },
          "sensitive_attributes": [
            [
              {
                "type": "get_attr",
                "value": "content"
              }
            ]
          ],
          "private": "eyJlMmJmYjczMC1lY2FhLTExZTYtOGY4OC0zNDM2M2JjN2M0YzAiOnsiY3JlYXRlIjoyNDAwMDAwMDAwMDAsImRlbGV0ZSI6MjQwMDAwMDAwMDAwLCJ1cGRhdGUiOjI0MDAwMDAwMDAwMH19",
          "dependencies": [
            "google_storage_bucket.tenant_buckets"
          ]
        },
        {
          "index_key": "us-west1-tenants-tenant-001-bad_records-",
          "schema_version": 0,
          "attributes": {
            "bucket": "terraops-us-west1-tenant-data",
            "cache_control": "",
            "content": "# Folder structure maintained for startup-optimized multi-tenant architecture",
            "content_disposition": "",
            "content_encoding": "",
            "content_language": "",
            "content_type": "text/plain; charset=utf-8",
            "crc32c": "fmZIPQ==",
            "customer_encryption": [],
            "detect_md5hash": "vUV7RBImg2EYg5qDmucORw==",
            "event_based_hold": false,
            "generation": 1753115131057369,
            "id": "terraops-us-west1-tenant-data-tenants/tenant-001/bad_records/.gitkeep",
            "kms_key_name": "",
            "md5hash": "vUV7RBImg2EYg5qDmucORw==",
            "media_link": "https://storage.googleapis.com/download/storage/v1/b/terraops-us-west1-tenant-data/o/tenants%2Ftenant-001%2Fbad_records%2F.gitkeep?generation=1753115131057369\u0026alt=media",
            "metadata": {},
            "name": "tenants/tenant-001/bad_records/.gitkeep",
            "output_name": "tenants/tenant-001/bad_records/.gitkeep",
            "retention": [],
            "self_link": "https://www.googleapis.com/storage/v1/b/terraops-us-west1-tenant-data/o/tenants%2Ftenant-001%2Fbad_records%2F.gitkeep",
            "source": null,
            "storage_class": "NEARLINE",
            "temporary_hold": false,
            "timeouts": null
          },
          "sensitive_attributes": [
            [
              {
                "type": "get_attr",
                "value": "content"
              }
            ]
          ],
          "private": "eyJlMmJmYjczMC1lY2FhLTExZTYtOGY4OC0zNDM2M2JjN2M0YzAiOnsiY3JlYXRlIjoyNDAwMDAwMDAwMDAsImRlbGV0ZSI6MjQwMDAwMDAwMDAwLCJ1cGRhdGUiOjI0MDAwMDAwMDAwMH19",
          "dependencies": [
            "google_storage_bucket.tenant_buckets"
          ]
        },
        {
          "index_key": "us-west1-tenants-tenant-001-data-",
          "schema_version": 0,
          "attributes": {
            "bucket": "terraops-us-west1-tenant-data",
            "cache_control": "",
            "content": "# Folder structure maintained for startup-optimized multi-tenant architecture",
            "content_disposition": "",
            "content_encoding": "",
            "content_language": "",
            "content_type": "text/plain; charset=utf-8",
            "crc32c": "fmZIPQ==",
            "customer_encryption": [],
            "detect_md5hash": "vUV7RBImg2EYg5qDmucORw==",
            "event_based_hold": false,
            "generation": 1753131646673683,
            "id": "terraops-us-west1-tenant-data-tenants/tenant-001/data/.gitkeep",
            "kms_key_name": "",
            "md5hash": "vUV7RBImg2EYg5qDmucORw==",
            "media_link": "https://storage.googleapis.com/download/storage/v1/b/terraops-us-west1-tenant-data/o/tenants%2Ftenant-001%2Fdata%2F.gitkeep?generation=1753131646673683\u0026alt=media",
            "metadata": null,
            "name": "tenants/tenant-001/data/.gitkeep",
            "output_name": "tenants/tenant-001/data/.gitkeep",
            "retention": [],
            "self_link": "https://www.googleapis.com/storage/v1/b/terraops-us-west1-tenant-data/o/tenants%2Ftenant-001%2Fdata%2F.gitkeep",
            "source": null,
            "storage_class": "NEARLINE",
            "temporary_hold": false,
            "timeouts": null
          },
          "sensitive_attributes": [
            [
              {
                "type": "get_attr",
                "value": "content"
              }
            ]
          ],
          "private": "eyJlMmJmYjczMC1lY2FhLTExZTYtOGY4OC0zNDM2M2JjN2M0YzAiOnsiY3JlYXRlIjoyNDAwMDAwMDAwMDAsImRlbGV0ZSI6MjQwMDAwMDAwMDAwLCJ1cGRhdGUiOjI0MDAwMDAwMDAwMH19",
          "dependencies": [
            "google_storage_bucket.tenant_buckets"
          ]
        },
        {
          "index_key": "us-west1-tenants-tenant-001-data-bad_records-",
          "schema_version": 0,
          "attributes": {
            "bucket": "terraops-us-west1-tenant-data",
            "cache_control": "",
            "content": "# Folder structure maintained for startup-optimized multi-tenant architecture",
            "content_disposition": "",
            "content_encoding": "",
            "content_language": "",
            "content_type": "text/plain; charset=utf-8",
            "crc32c": "fmZIPQ==",
            "customer_encryption": [],
            "detect_md5hash": "vUV7RBImg2EYg5qDmucORw==",
            "event_based_hold": false,
            "generation": 1753131646661731,
            "id": "terraops-us-west1-tenant-data-tenants/tenant-001/data/bad_records/.gitkeep",
            "kms_key_name": "",
            "md5hash": "vUV7RBImg2EYg5qDmucORw==",
            "media_link": "https://storage.googleapis.com/download/storage/v1/b/terraops-us-west1-tenant-data/o/tenants%2Ftenant-001%2Fdata%2Fbad_records%2F.gitkeep?generation=1753131646661731\u0026alt=media",
            "metadata": null,
            "name": "tenants/tenant-001/data/bad_records/.gitkeep",
            "output_name": "tenants/tenant-001/data/bad_records/.gitkeep",
            "retention": [],
            "self_link": "https://www.googleapis.com/storage/v1/b/terraops-us-west1-tenant-data/o/tenants%2Ftenant-001%2Fdata%2Fbad_records%2F.gitkeep",
            "source": null,
            "storage_class": "NEARLINE",
            "temporary_hold": false,
            "timeouts": null
          },
          "sensitive_attributes": [
            [
              {
                "type": "get_attr",
                "value": "content"
              }
            ]
          ],
          "private": "eyJlMmJmYjczMC1lY2FhLTExZTYtOGY4OC0zNDM2M2JjN2M0YzAiOnsiY3JlYXRlIjoyNDAwMDAwMDAwMDAsImRlbGV0ZSI6MjQwMDAwMDAwMDAwLCJ1cGRhdGUiOjI0MDAwMDAwMDAwMH19",
          "dependencies": [
            "google_storage_bucket.tenant_buckets"
          ]
        },
        {
          "index_key": "us-west1-tenants-tenant-001-data-models-",
          "schema_version": 0,
          "attributes": {
            "bucket": "terraops-us-west1-tenant-data",
            "cache_control": "",
            "content": "# Folder structure maintained for startup-optimized multi-tenant architecture",
            "content_disposition": "",
            "content_encoding": "",
            "content_language": "",
            "content_type": "text/plain; charset=utf-8",
            "crc32c": "fmZIPQ==",
            "customer_encryption": [],
            "detect_md5hash": "vUV7RBImg2EYg5qDmucORw==",
            "event_based_hold": false,
            "generation": 1753131646649180,
            "id": "terraops-us-west1-tenant-data-tenants/tenant-001/data/models/.gitkeep",
            "kms_key_name": "",
            "md5hash": "vUV7RBImg2EYg5qDmucORw==",
            "media_link": "https://storage.googleapis.com/download/storage/v1/b/terraops-us-west1-tenant-data/o/tenants%2Ftenant-001%2Fdata%2Fmodels%2F.gitkeep?generation=1753131646649180\u0026alt=media",
            "metadata": null,
            "name": "tenants/tenant-001/data/models/.gitkeep",
            "output_name": "tenants/tenant-001/data/models/.gitkeep",
            "retention": [],
            "self_link": "https://www.googleapis.com/storage/v1/b/terraops-us-west1-tenant-data/o/tenants%2Ftenant-001%2Fdata%2Fmodels%2F.gitkeep",
            "source": null,
            "storage_class": "NEARLINE",
            "temporary_hold": false,
            "timeouts": null
          },
          "sensitive_attributes": [
            [
              {
                "type": "get_attr",
                "value": "content"
              }
            ]
          ],
          "private": "eyJlMmJmYjczMC1lY2FhLTExZTYtOGY4OC0zNDM2M2JjN2M0YzAiOnsiY3JlYXRlIjoyNDAwMDAwMDAwMDAsImRlbGV0ZSI6MjQwMDAwMDAwMDAwLCJ1cGRhdGUiOjI0MDAwMDAwMDAwMH19",
          "dependencies": [
            "google_storage_bucket.tenant_buckets"
          ]
        },
        {
          "index_key": "us-west1-tenants-tenant-001-data-processed-",
          "schema_version": 0,
          "attributes": {
            "bucket": "terraops-us-west1-tenant-data",
            "cache_control": "",
            "content": "# Folder structure maintained for startup-optimized multi-tenant architecture",
            "content_disposition": "",
            "content_encoding": "",
            "content_language": "",
            "content_type": "text/plain; charset=utf-8",
            "crc32c": "fmZIPQ==",
            "customer_encryption": [],
            "detect_md5hash": "vUV7RBImg2EYg5qDmucORw==",
            "event_based_hold": false,
            "generation": 1753131646665308,
            "id": "terraops-us-west1-tenant-data-tenants/tenant-001/data/processed/.gitkeep",
            "kms_key_name": "",
            "md5hash": "vUV7RBImg2EYg5qDmucORw==",
            "media_link": "https://storage.googleapis.com/download/storage/v1/b/terraops-us-west1-tenant-data/o/tenants%2Ftenant-001%2Fdata%2Fprocessed%2F.gitkeep?generation=1753131646665308\u0026alt=media",
            "metadata": null,
            "name": "tenants/tenant-001/data/processed/.gitkeep",
            "output_name": "tenants/tenant-001/data/processed/.gitkeep",
            "retention": [],
            "self_link": "https://www.googleapis.com/storage/v1/b/terraops-us-west1-tenant-data/o/tenants%2Ftenant-001%2Fdata%2Fprocessed%2F.gitkeep",
            "source": null,
            "storage_class": "NEARLINE",
            "temporary_hold": false,
            "timeouts": null
          },
          "sensitive_attributes": [
            [
              {
                "type": "get_attr",
                "value": "content"
              }
            ]
          ],
          "private": "eyJlMmJmYjczMC1lY2FhLTExZTYtOGY4OC0zNDM2M2JjN2M0YzAiOnsiY3JlYXRlIjoyNDAwMDAwMDAwMDAsImRlbGV0ZSI6MjQwMDAwMDAwMDAwLCJ1cGRhdGUiOjI0MDAwMDAwMDAwMH19",
          "dependencies": [
            "google_storage_bucket.tenant_buckets"
          ]
        },
        {
          "index_key": "us-west1-tenants-tenant-001-data-raw-",
          "schema_version": 0,
          "attributes": {
            "bucket": "terraops-us-west1-tenant-data",
            "cache_control": "",
            "content": "# Folder structure maintained for startup-optimized multi-tenant architecture",
            "content_disposition": "",
            "content_encoding": "",
            "content_language": "",
            "content_type": "text/plain; charset=utf-8",
            "crc32c": "fmZIPQ==",
            "customer_encryption": [],
            "detect_md5hash": "vUV7RBImg2EYg5qDmucORw==",
            "event_based_hold": false,
            "generation": 1753131646643051,
            "id": "terraops-us-west1-tenant-data-tenants/tenant-001/data/raw/.gitkeep",
            "kms_key_name": "",
            "md5hash": "vUV7RBImg2EYg5qDmucORw==",
            "media_link": "https://storage.googleapis.com/download/storage/v1/b/terraops-us-west1-tenant-data/o/tenants%2Ftenant-001%2Fdata%2Fraw%2F.gitkeep?generation=1753131646643051\u0026alt=media",
            "metadata": null,
            "name": "tenants/tenant-001/data/raw/.gitkeep",
            "output_name": "tenants/tenant-001/data/raw/.gitkeep",
            "retention": [],
            "self_link": "https://www.googleapis.com/storage/v1/b/terraops-us-west1-tenant-data/o/tenants%2Ftenant-001%2Fdata%2Fraw%2F.gitkeep",
            "source": null,
            "storage_class": "NEARLINE",
            "temporary_hold": false,
            "timeouts": null
          },
          "sensitive_attributes": [
            [
              {
                "type": "get_attr",
                "value": "content"
              }
            ]
          ],
          "private": "eyJlMmJmYjczMC1lY2FhLTExZTYtOGY4OC0zNDM2M2JjN2M0YzAiOnsiY3JlYXRlIjoyNDAwMDAwMDAwMDAsImRlbGV0ZSI6MjQwMDAwMDAwMDAwLCJ1cGRhdGUiOjI0MDAwMDAwMDAwMH19",
          "dependencies": [
            "google_storage_bucket.tenant_buckets"
          ]
        }
      ]
    }
  ],
  "check_results": null
}
